{
  "version": 4,
  "terraform_version": "1.5.3",
  "serial": 324,
  "lineage": "952f5c96-fcb9-a762-7223-548793c59172",
  "outputs": {},
  "resources": [
    {
      "mode": "managed",
      "type": "github_repository",
      "name": "Antiarchitect__asdf_helm",
      "provider": "provider[\"registry.terraform.io/integrations/github\"]",
      "instances": [
        {
          "schema_version": 1,
          "attributes": {
            "allow_auto_merge": false,
            "allow_merge_commit": true,
            "allow_rebase_merge": true,
            "allow_squash_merge": true,
            "allow_update_branch": false,
            "archive_on_destroy": null,
            "archived": false,
            "auto_init": false,
            "default_branch": "main",
            "delete_branch_on_merge": false,
            "description": "Not supported",
            "etag": "W/\"e6de6859331a5800da021fd6941f8a778c0c741481113a1ad26fe577d7845115\"",
            "full_name": "asdf-vm-hyperupcall/asdf-helm",
            "git_clone_url": "git://github.com/asdf-vm-hyperupcall/asdf-helm.git",
            "gitignore_template": null,
            "has_discussions": false,
            "has_downloads": false,
            "has_issues": false,
            "has_projects": false,
            "has_wiki": false,
            "homepage_url": "",
            "html_url": "https://github.com/asdf-vm-hyperupcall/asdf-helm",
            "http_clone_url": "https://github.com/asdf-vm-hyperupcall/asdf-helm.git",
            "id": "asdf-helm",
            "ignore_vulnerability_alerts_during_read": null,
            "is_template": false,
            "license_template": null,
            "merge_commit_message": "PR_TITLE",
            "merge_commit_title": "MERGE_MESSAGE",
            "name": "asdf-helm",
            "node_id": "R_kgDOJ7R1aw",
            "pages": [],
            "private": false,
            "repo_id": 666137963,
            "security_and_analysis": [
              {
                "advanced_security": [],
                "secret_scanning": [
                  {
                    "status": "disabled"
                  }
                ],
                "secret_scanning_push_protection": [
                  {
                    "status": "disabled"
                  }
                ]
              }
            ],
            "squash_merge_commit_message": "COMMIT_MESSAGES",
            "squash_merge_commit_title": "COMMIT_OR_PR_TITLE",
            "ssh_clone_url": "git@github.com:asdf-vm-hyperupcall/asdf-helm.git",
            "svn_url": "https://github.com/asdf-vm-hyperupcall/asdf-helm",
            "template": [],
            "topics": null,
            "visibility": "public",
            "vulnerability_alerts": false
          },
          "sensitive_attributes": [],
          "private": "eyJzY2hlbWFfdmVyc2lvbiI6IjEifQ=="
        }
      ]
    },
    {
      "mode": "managed",
      "type": "github_repository",
      "name": "Antiarchitect__asdf_helm-cr",
      "provider": "provider[\"registry.terraform.io/integrations/github\"]",
      "instances": [
        {
          "schema_version": 1,
          "attributes": {
            "allow_auto_merge": false,
            "allow_merge_commit": true,
            "allow_rebase_merge": true,
            "allow_squash_merge": true,
            "allow_update_branch": false,
            "archive_on_destroy": null,
            "archived": false,
            "auto_init": false,
            "default_branch": "main",
            "delete_branch_on_merge": false,
            "description": "Not supported",
            "etag": "W/\"598b9a5cb298c21c78469cca90d21c8d9ea51e49e8526cb47e671a0867f71f37\"",
            "full_name": "asdf-vm-hyperupcall/asdf-helm-cr",
            "git_clone_url": "git://github.com/asdf-vm-hyperupcall/asdf-helm-cr.git",
            "gitignore_template": null,
            "has_discussions": false,
            "has_downloads": false,
            "has_issues": false,
            "has_projects": false,
            "has_wiki": false,
            "homepage_url": "",
            "html_url": "https://github.com/asdf-vm-hyperupcall/asdf-helm-cr",
            "http_clone_url": "https://github.com/asdf-vm-hyperupcall/asdf-helm-cr.git",
            "id": "asdf-helm-cr",
            "ignore_vulnerability_alerts_during_read": null,
            "is_template": false,
            "license_template": null,
            "merge_commit_message": "PR_TITLE",
            "merge_commit_title": "MERGE_MESSAGE",
            "name": "asdf-helm-cr",
            "node_id": "R_kgDOJ7Q-HQ",
            "pages": [],
            "private": false,
            "repo_id": 666123805,
            "security_and_analysis": [
              {
                "advanced_security": [],
                "secret_scanning": [
                  {
                    "status": "disabled"
                  }
                ],
                "secret_scanning_push_protection": [
                  {
                    "status": "disabled"
                  }
                ]
              }
            ],
            "squash_merge_commit_message": "COMMIT_MESSAGES",
            "squash_merge_commit_title": "COMMIT_OR_PR_TITLE",
            "ssh_clone_url": "git@github.com:asdf-vm-hyperupcall/asdf-helm-cr.git",
            "svn_url": "https://github.com/asdf-vm-hyperupcall/asdf-helm-cr",
            "template": [],
            "topics": null,
            "visibility": "public",
            "vulnerability_alerts": false
          },
          "sensitive_attributes": [],
          "private": "eyJzY2hlbWFfdmVyc2lvbiI6IjEifQ=="
        }
      ]
    },
    {
      "mode": "managed",
      "type": "github_repository",
      "name": "Antiarchitect__asdf_kops",
      "provider": "provider[\"registry.terraform.io/integrations/github\"]",
      "instances": []
    },
    {
      "mode": "managed",
      "type": "github_repository",
      "name": "Azuki_bar__asdf-rye",
      "provider": "provider[\"registry.terraform.io/integrations/github\"]",
      "instances": [
        {
          "schema_version": 1,
          "attributes": {
            "allow_auto_merge": false,
            "allow_merge_commit": true,
            "allow_rebase_merge": true,
            "allow_squash_merge": true,
            "allow_update_branch": false,
            "archive_on_destroy": null,
            "archived": false,
            "auto_init": false,
            "default_branch": "main",
            "delete_branch_on_merge": false,
            "description": "Not supported",
            "etag": "W/\"d37179c612f966fb83c0b3a971f66db00a2703fed03d77d750779e2421c85101\"",
            "full_name": "asdf-vm-hyperupcall/asdf-rye",
            "git_clone_url": "git://github.com/asdf-vm-hyperupcall/asdf-rye.git",
            "gitignore_template": null,
            "has_discussions": false,
            "has_downloads": false,
            "has_issues": false,
            "has_projects": false,
            "has_wiki": false,
            "homepage_url": "",
            "html_url": "https://github.com/asdf-vm-hyperupcall/asdf-rye",
            "http_clone_url": "https://github.com/asdf-vm-hyperupcall/asdf-rye.git",
            "id": "asdf-rye",
            "ignore_vulnerability_alerts_during_read": null,
            "is_template": false,
            "license_template": null,
            "merge_commit_message": "PR_TITLE",
            "merge_commit_title": "MERGE_MESSAGE",
            "name": "asdf-rye",
            "node_id": "R_kgDOJ7R2Zw",
            "pages": [],
            "private": false,
            "repo_id": 666138215,
            "security_and_analysis": [
              {
                "advanced_security": [],
                "secret_scanning": [
                  {
                    "status": "disabled"
                  }
                ],
                "secret_scanning_push_protection": [
                  {
                    "status": "disabled"
                  }
                ]
              }
            ],
            "squash_merge_commit_message": "COMMIT_MESSAGES",
            "squash_merge_commit_title": "COMMIT_OR_PR_TITLE",
            "ssh_clone_url": "git@github.com:asdf-vm-hyperupcall/asdf-rye.git",
            "svn_url": "https://github.com/asdf-vm-hyperupcall/asdf-rye",
            "template": [],
            "topics": null,
            "visibility": "public",
            "vulnerability_alerts": false
          },
          "sensitive_attributes": [],
          "private": "eyJzY2hlbWFfdmVyc2lvbiI6IjEifQ=="
        }
      ]
    },
    {
      "mode": "managed",
      "type": "github_repository",
      "name": "Banno__asdf_jsonnet",
      "provider": "provider[\"registry.terraform.io/integrations/github\"]",
      "instances": [
        {
          "schema_version": 1,
          "attributes": {
            "allow_auto_merge": false,
            "allow_merge_commit": true,
            "allow_rebase_merge": true,
            "allow_squash_merge": true,
            "allow_update_branch": false,
            "archive_on_destroy": null,
            "archived": false,
            "auto_init": false,
            "default_branch": "main",
            "delete_branch_on_merge": false,
            "description": "Not supported",
            "etag": "W/\"14b5923252af9a5f09f60b472fc9b1b16ab13c79bc213d9cff8db7bec7682fde\"",
            "full_name": "asdf-vm-hyperupcall/asdf-jsonnet",
            "git_clone_url": "git://github.com/asdf-vm-hyperupcall/asdf-jsonnet.git",
            "gitignore_template": null,
            "has_discussions": false,
            "has_downloads": false,
            "has_issues": false,
            "has_projects": false,
            "has_wiki": false,
            "homepage_url": "",
            "html_url": "https://github.com/asdf-vm-hyperupcall/asdf-jsonnet",
            "http_clone_url": "https://github.com/asdf-vm-hyperupcall/asdf-jsonnet.git",
            "id": "asdf-jsonnet",
            "ignore_vulnerability_alerts_during_read": null,
            "is_template": false,
            "license_template": null,
            "merge_commit_message": "PR_TITLE",
            "merge_commit_title": "MERGE_MESSAGE",
            "name": "asdf-jsonnet",
            "node_id": "R_kgDOJ7RvGA",
            "pages": [],
            "private": false,
            "repo_id": 666136344,
            "security_and_analysis": [
              {
                "advanced_security": [],
                "secret_scanning": [
                  {
                    "status": "disabled"
                  }
                ],
                "secret_scanning_push_protection": [
                  {
                    "status": "disabled"
                  }
                ]
              }
            ],
            "squash_merge_commit_message": "COMMIT_MESSAGES",
            "squash_merge_commit_title": "COMMIT_OR_PR_TITLE",
            "ssh_clone_url": "git@github.com:asdf-vm-hyperupcall/asdf-jsonnet.git",
            "svn_url": "https://github.com/asdf-vm-hyperupcall/asdf-jsonnet",
            "template": [],
            "topics": null,
            "visibility": "public",
            "vulnerability_alerts": false
          },
          "sensitive_attributes": [],
          "private": "eyJzY2hlbWFfdmVyc2lvbiI6IjEifQ=="
        }
      ]
    },
    {
      "mode": "managed",
      "type": "github_repository",
      "name": "Banno__asdf_ksonnet",
      "provider": "provider[\"registry.terraform.io/integrations/github\"]",
      "instances": [
        {
          "schema_version": 1,
          "attributes": {
            "allow_auto_merge": false,
            "allow_merge_commit": true,
            "allow_rebase_merge": true,
            "allow_squash_merge": true,
            "allow_update_branch": false,
            "archive_on_destroy": null,
            "archived": false,
            "auto_init": false,
            "default_branch": "main",
            "delete_branch_on_merge": false,
            "description": "Not supported",
            "etag": "W/\"d8091fb2efc673a8ad741ed7d8f76f63a1a2cb38bc35c66045d6fda972caf09e\"",
            "full_name": "asdf-vm-hyperupcall/asdf-ksonnet",
            "git_clone_url": "git://github.com/asdf-vm-hyperupcall/asdf-ksonnet.git",
            "gitignore_template": null,
            "has_discussions": false,
            "has_downloads": false,
            "has_issues": false,
            "has_projects": false,
            "has_wiki": false,
            "homepage_url": "",
            "html_url": "https://github.com/asdf-vm-hyperupcall/asdf-ksonnet",
            "http_clone_url": "https://github.com/asdf-vm-hyperupcall/asdf-ksonnet.git",
            "id": "asdf-ksonnet",
            "ignore_vulnerability_alerts_during_read": null,
            "is_template": false,
            "license_template": null,
            "merge_commit_message": "PR_TITLE",
            "merge_commit_title": "MERGE_MESSAGE",
            "name": "asdf-ksonnet",
            "node_id": "R_kgDOJ7R2KA",
            "pages": [],
            "private": false,
            "repo_id": 666138152,
            "security_and_analysis": [
              {
                "advanced_security": [],
                "secret_scanning": [
                  {
                    "status": "disabled"
                  }
                ],
                "secret_scanning_push_protection": [
                  {
                    "status": "disabled"
                  }
                ]
              }
            ],
            "squash_merge_commit_message": "COMMIT_MESSAGES",
            "squash_merge_commit_title": "COMMIT_OR_PR_TITLE",
            "ssh_clone_url": "git@github.com:asdf-vm-hyperupcall/asdf-ksonnet.git",
            "svn_url": "https://github.com/asdf-vm-hyperupcall/asdf-ksonnet",
            "template": [],
            "topics": null,
            "visibility": "public",
            "vulnerability_alerts": false
          },
          "sensitive_attributes": [],
          "private": "eyJzY2hlbWFfdmVyc2lvbiI6IjEifQ=="
        }
      ]
    },
    {
      "mode": "managed",
      "type": "github_repository",
      "name": "Banno__asdf_kustomize",
      "provider": "provider[\"registry.terraform.io/integrations/github\"]",
      "instances": []
    },
    {
      "mode": "managed",
      "type": "github_repository",
      "name": "BradenM__asdf_okteto",
      "provider": "provider[\"registry.terraform.io/integrations/github\"]",
      "instances": []
    },
    {
      "mode": "managed",
      "type": "github_repository",
      "name": "Claywd__asdf_kubefirst",
      "provider": "provider[\"registry.terraform.io/integrations/github\"]",
      "instances": []
    },
    {
      "mode": "managed",
      "type": "github_repository",
      "name": "CrouchingMuppet__asdf_colima",
      "provider": "provider[\"registry.terraform.io/integrations/github\"]",
      "instances": []
    },
    {
      "mode": "managed",
      "type": "github_repository",
      "name": "CrouchingMuppet__asdf_lima",
      "provider": "provider[\"registry.terraform.io/integrations/github\"]",
      "instances": [
        {
          "schema_version": 1,
          "attributes": {
            "allow_auto_merge": false,
            "allow_merge_commit": true,
            "allow_rebase_merge": true,
            "allow_squash_merge": true,
            "allow_update_branch": false,
            "archive_on_destroy": null,
            "archived": false,
            "auto_init": false,
            "default_branch": "main",
            "delete_branch_on_merge": false,
            "description": "Not supported",
            "etag": "W/\"a3b171781f119ad9828ce458ebe1ef5cff2e447ff286eef93131abcb85085f52\"",
            "full_name": "asdf-vm-hyperupcall/asdf-lima",
            "git_clone_url": "git://github.com/asdf-vm-hyperupcall/asdf-lima.git",
            "gitignore_template": null,
            "has_discussions": false,
            "has_downloads": false,
            "has_issues": false,
            "has_projects": false,
            "has_wiki": false,
            "homepage_url": "",
            "html_url": "https://github.com/asdf-vm-hyperupcall/asdf-lima",
            "http_clone_url": "https://github.com/asdf-vm-hyperupcall/asdf-lima.git",
            "id": "asdf-lima",
            "ignore_vulnerability_alerts_during_read": null,
            "is_template": false,
            "license_template": null,
            "merge_commit_message": "PR_TITLE",
            "merge_commit_title": "MERGE_MESSAGE",
            "name": "asdf-lima",
            "node_id": "R_kgDOJ7Q75A",
            "pages": [],
            "private": false,
            "repo_id": 666123236,
            "security_and_analysis": [
              {
                "advanced_security": [],
                "secret_scanning": [
                  {
                    "status": "disabled"
                  }
                ],
                "secret_scanning_push_protection": [
                  {
                    "status": "disabled"
                  }
                ]
              }
            ],
            "squash_merge_commit_message": "COMMIT_MESSAGES",
            "squash_merge_commit_title": "COMMIT_OR_PR_TITLE",
            "ssh_clone_url": "git@github.com:asdf-vm-hyperupcall/asdf-lima.git",
            "svn_url": "https://github.com/asdf-vm-hyperupcall/asdf-lima",
            "template": [],
            "topics": null,
            "visibility": "public",
            "vulnerability_alerts": false
          },
          "sensitive_attributes": [],
          "private": "eyJzY2hlbWFfdmVyc2lvbiI6IjEifQ=="
        }
      ]
    },
    {
      "mode": "managed",
      "type": "github_repository",
      "name": "Dpbm__asdf_nasm",
      "provider": "provider[\"registry.terraform.io/integrations/github\"]",
      "instances": []
    },
    {
      "mode": "managed",
      "type": "github_repository",
      "name": "EcoMind__asdf_azure-cli",
      "provider": "provider[\"registry.terraform.io/integrations/github\"]",
      "instances": [
        {
          "schema_version": 1,
          "attributes": {
            "allow_auto_merge": false,
            "allow_merge_commit": true,
            "allow_rebase_merge": true,
            "allow_squash_merge": true,
            "allow_update_branch": false,
            "archive_on_destroy": null,
            "archived": false,
            "auto_init": false,
            "default_branch": "main",
            "delete_branch_on_merge": false,
            "description": "Not supported",
            "etag": "W/\"59ddabaf84a0147d1994cc96d9c75c667d9418d14c079212379d8f2a51d1f3ff\"",
            "full_name": "asdf-vm-hyperupcall/asdf-azure-cli",
            "git_clone_url": "git://github.com/asdf-vm-hyperupcall/asdf-azure-cli.git",
            "gitignore_template": null,
            "has_discussions": false,
            "has_downloads": false,
            "has_issues": false,
            "has_projects": false,
            "has_wiki": false,
            "homepage_url": "",
            "html_url": "https://github.com/asdf-vm-hyperupcall/asdf-azure-cli",
            "http_clone_url": "https://github.com/asdf-vm-hyperupcall/asdf-azure-cli.git",
            "id": "asdf-azure-cli",
            "ignore_vulnerability_alerts_during_read": null,
            "is_template": false,
            "license_template": null,
            "merge_commit_message": "PR_TITLE",
            "merge_commit_title": "MERGE_MESSAGE",
            "name": "asdf-azure-cli",
            "node_id": "R_kgDOJ7R5pw",
            "pages": [],
            "private": false,
            "repo_id": 666139047,
            "security_and_analysis": [
              {
                "advanced_security": [],
                "secret_scanning": [
                  {
                    "status": "disabled"
                  }
                ],
                "secret_scanning_push_protection": [
                  {
                    "status": "disabled"
                  }
                ]
              }
            ],
            "squash_merge_commit_message": "COMMIT_MESSAGES",
            "squash_merge_commit_title": "COMMIT_OR_PR_TITLE",
            "ssh_clone_url": "git@github.com:asdf-vm-hyperupcall/asdf-azure-cli.git",
            "svn_url": "https://github.com/asdf-vm-hyperupcall/asdf-azure-cli",
            "template": [],
            "topics": null,
            "visibility": "public",
            "vulnerability_alerts": false
          },
          "sensitive_attributes": [],
          "private": "eyJzY2hlbWFfdmVyc2lvbiI6IjEifQ=="
        }
      ]
    },
    {
      "mode": "managed",
      "type": "github_repository",
      "name": "FairwindsOps__asdf_calicoctl",
      "provider": "provider[\"registry.terraform.io/integrations/github\"]",
      "instances": []
    },
    {
      "mode": "managed",
      "type": "github_repository",
      "name": "FairwindsOps__asdf_crictl",
      "provider": "provider[\"registry.terraform.io/integrations/github\"]",
      "instances": []
    },
    {
      "mode": "managed",
      "type": "github_repository",
      "name": "FairwindsOps__asdf_pluto",
      "provider": "provider[\"registry.terraform.io/integrations/github\"]",
      "instances": [
        {
          "schema_version": 1,
          "attributes": {
            "allow_auto_merge": false,
            "allow_merge_commit": true,
            "allow_rebase_merge": true,
            "allow_squash_merge": true,
            "allow_update_branch": false,
            "archive_on_destroy": null,
            "archived": false,
            "auto_init": false,
            "default_branch": "main",
            "delete_branch_on_merge": false,
            "description": "Not supported",
            "etag": "W/\"db69ad2218e83a4914813f45481cf5c342a9bdf57a2f1973ccc596c0c1884bdf\"",
            "full_name": "asdf-vm-hyperupcall/asdf-pluto",
            "git_clone_url": "git://github.com/asdf-vm-hyperupcall/asdf-pluto.git",
            "gitignore_template": null,
            "has_discussions": false,
            "has_downloads": false,
            "has_issues": false,
            "has_projects": false,
            "has_wiki": false,
            "homepage_url": "",
            "html_url": "https://github.com/asdf-vm-hyperupcall/asdf-pluto",
            "http_clone_url": "https://github.com/asdf-vm-hyperupcall/asdf-pluto.git",
            "id": "asdf-pluto",
            "ignore_vulnerability_alerts_during_read": null,
            "is_template": false,
            "license_template": null,
            "merge_commit_message": "PR_TITLE",
            "merge_commit_title": "MERGE_MESSAGE",
            "name": "asdf-pluto",
            "node_id": "R_kgDOJ7Q7yA",
            "pages": [],
            "private": false,
            "repo_id": 666123208,
            "security_and_analysis": [
              {
                "advanced_security": [],
                "secret_scanning": [
                  {
                    "status": "disabled"
                  }
                ],
                "secret_scanning_push_protection": [
                  {
                    "status": "disabled"
                  }
                ]
              }
            ],
            "squash_merge_commit_message": "COMMIT_MESSAGES",
            "squash_merge_commit_title": "COMMIT_OR_PR_TITLE",
            "ssh_clone_url": "git@github.com:asdf-vm-hyperupcall/asdf-pluto.git",
            "svn_url": "https://github.com/asdf-vm-hyperupcall/asdf-pluto",
            "template": [],
            "topics": null,
            "visibility": "public",
            "vulnerability_alerts": false
          },
          "sensitive_attributes": [],
          "private": "eyJzY2hlbWFfdmVyc2lvbiI6IjEifQ=="
        }
      ]
    },
    {
      "mode": "managed",
      "type": "github_repository",
      "name": "FairwindsOps__asdf_reckoner",
      "provider": "provider[\"registry.terraform.io/integrations/github\"]",
      "instances": [
        {
          "schema_version": 1,
          "attributes": {
            "allow_auto_merge": false,
            "allow_merge_commit": true,
            "allow_rebase_merge": true,
            "allow_squash_merge": true,
            "allow_update_branch": false,
            "archive_on_destroy": null,
            "archived": false,
            "auto_init": false,
            "default_branch": "main",
            "delete_branch_on_merge": false,
            "description": "Not supported",
            "etag": "W/\"7b5e84ad87738de80ec54cb21367296c3ae9ada467b7b3b18cc364a1d7c8b307\"",
            "full_name": "asdf-vm-hyperupcall/asdf-reckoner",
            "git_clone_url": "git://github.com/asdf-vm-hyperupcall/asdf-reckoner.git",
            "gitignore_template": null,
            "has_discussions": false,
            "has_downloads": false,
            "has_issues": false,
            "has_projects": false,
            "has_wiki": false,
            "homepage_url": "",
            "html_url": "https://github.com/asdf-vm-hyperupcall/asdf-reckoner",
            "http_clone_url": "https://github.com/asdf-vm-hyperupcall/asdf-reckoner.git",
            "id": "asdf-reckoner",
            "ignore_vulnerability_alerts_during_read": null,
            "is_template": false,
            "license_template": null,
            "merge_commit_message": "PR_TITLE",
            "merge_commit_title": "MERGE_MESSAGE",
            "name": "asdf-reckoner",
            "node_id": "R_kgDOJ7R3oA",
            "pages": [],
            "private": false,
            "repo_id": 666138528,
            "security_and_analysis": [
              {
                "advanced_security": [],
                "secret_scanning": [
                  {
                    "status": "disabled"
                  }
                ],
                "secret_scanning_push_protection": [
                  {
                    "status": "disabled"
                  }
                ]
              }
            ],
            "squash_merge_commit_message": "COMMIT_MESSAGES",
            "squash_merge_commit_title": "COMMIT_OR_PR_TITLE",
            "ssh_clone_url": "git@github.com:asdf-vm-hyperupcall/asdf-reckoner.git",
            "svn_url": "https://github.com/asdf-vm-hyperupcall/asdf-reckoner",
            "template": [],
            "topics": null,
            "visibility": "public",
            "vulnerability_alerts": false
          },
          "sensitive_attributes": [],
          "private": "eyJzY2hlbWFfdmVyc2lvbiI6IjEifQ=="
        }
      ]
    },
    {
      "mode": "managed",
      "type": "github_repository",
      "name": "GoNZooo__asdf_purerl",
      "provider": "provider[\"registry.terraform.io/integrations/github\"]",
      "instances": []
    },
    {
      "mode": "managed",
      "type": "github_repository",
      "name": "GoodwayGroup__asdf_git-chglog",
      "provider": "provider[\"registry.terraform.io/integrations/github\"]",
      "instances": []
    },
    {
      "mode": "managed",
      "type": "github_repository",
      "name": "GoodwayGroup__asdf_gwvault",
      "provider": "provider[\"registry.terraform.io/integrations/github\"]",
      "instances": []
    },
    {
      "mode": "managed",
      "type": "github_repository",
      "name": "Honeypot95__asdf_ghidra",
      "provider": "provider[\"registry.terraform.io/integrations/github\"]",
      "instances": []
    },
    {
      "mode": "managed",
      "type": "github_repository",
      "name": "Ibotta__asdf_brig",
      "provider": "provider[\"registry.terraform.io/integrations/github\"]",
      "instances": [
        {
          "schema_version": 1,
          "attributes": {
            "allow_auto_merge": false,
            "allow_merge_commit": true,
            "allow_rebase_merge": true,
            "allow_squash_merge": true,
            "allow_update_branch": false,
            "archive_on_destroy": null,
            "archived": false,
            "auto_init": false,
            "default_branch": "main",
            "delete_branch_on_merge": false,
            "description": "Not supported",
            "etag": "W/\"79659e063b3ff2e4e63f781347f0f052ae259390c4cd93bcfaa06ef16f345158\"",
            "full_name": "asdf-vm-hyperupcall/asdf-brig",
            "git_clone_url": "git://github.com/asdf-vm-hyperupcall/asdf-brig.git",
            "gitignore_template": null,
            "has_discussions": false,
            "has_downloads": false,
            "has_issues": false,
            "has_projects": false,
            "has_wiki": false,
            "homepage_url": "",
            "html_url": "https://github.com/asdf-vm-hyperupcall/asdf-brig",
            "http_clone_url": "https://github.com/asdf-vm-hyperupcall/asdf-brig.git",
            "id": "asdf-brig",
            "ignore_vulnerability_alerts_during_read": null,
            "is_template": false,
            "license_template": null,
            "merge_commit_message": "PR_TITLE",
            "merge_commit_title": "MERGE_MESSAGE",
            "name": "asdf-brig",
            "node_id": "R_kgDOJ7RxHg",
            "pages": [],
            "private": false,
            "repo_id": 666136862,
            "security_and_analysis": [
              {
                "advanced_security": [],
                "secret_scanning": [
                  {
                    "status": "disabled"
                  }
                ],
                "secret_scanning_push_protection": [
                  {
                    "status": "disabled"
                  }
                ]
              }
            ],
            "squash_merge_commit_message": "COMMIT_MESSAGES",
            "squash_merge_commit_title": "COMMIT_OR_PR_TITLE",
            "ssh_clone_url": "git@github.com:asdf-vm-hyperupcall/asdf-brig.git",
            "svn_url": "https://github.com/asdf-vm-hyperupcall/asdf-brig",
            "template": [],
            "topics": null,
            "visibility": "public",
            "vulnerability_alerts": false
          },
          "sensitive_attributes": [],
          "private": "eyJzY2hlbWFfdmVyc2lvbiI6IjEifQ=="
        }
      ]
    },
    {
      "mode": "managed",
      "type": "github_repository",
      "name": "Its_Alex__asdf-plugin-k0sctl",
      "provider": "provider[\"registry.terraform.io/integrations/github\"]",
      "instances": [
        {
          "schema_version": 1,
          "attributes": {
            "allow_auto_merge": false,
            "allow_merge_commit": true,
            "allow_rebase_merge": true,
            "allow_squash_merge": true,
            "allow_update_branch": false,
            "archive_on_destroy": null,
            "archived": false,
            "auto_init": false,
            "default_branch": "main",
            "delete_branch_on_merge": false,
            "description": "Not supported",
            "etag": "W/\"afb1b4212c46512fcde9d9f65256ecd8eed7d458a0e53390e3a62b783edb8c45\"",
            "full_name": "asdf-vm-hyperupcall/asdf-plugin-k0sctl",
            "git_clone_url": "git://github.com/asdf-vm-hyperupcall/asdf-plugin-k0sctl.git",
            "gitignore_template": null,
            "has_discussions": false,
            "has_downloads": false,
            "has_issues": false,
            "has_projects": false,
            "has_wiki": false,
            "homepage_url": "",
            "html_url": "https://github.com/asdf-vm-hyperupcall/asdf-plugin-k0sctl",
            "http_clone_url": "https://github.com/asdf-vm-hyperupcall/asdf-plugin-k0sctl.git",
            "id": "asdf-plugin-k0sctl",
            "ignore_vulnerability_alerts_during_read": null,
            "is_template": false,
            "license_template": null,
            "merge_commit_message": "PR_TITLE",
            "merge_commit_title": "MERGE_MESSAGE",
            "name": "asdf-plugin-k0sctl",
            "node_id": "R_kgDOJ7R5Zg",
            "pages": [],
            "private": false,
            "repo_id": 666138982,
            "security_and_analysis": [
              {
                "advanced_security": [],
                "secret_scanning": [
                  {
                    "status": "disabled"
                  }
                ],
                "secret_scanning_push_protection": [
                  {
                    "status": "disabled"
                  }
                ]
              }
            ],
            "squash_merge_commit_message": "COMMIT_MESSAGES",
            "squash_merge_commit_title": "COMMIT_OR_PR_TITLE",
            "ssh_clone_url": "git@github.com:asdf-vm-hyperupcall/asdf-plugin-k0sctl.git",
            "svn_url": "https://github.com/asdf-vm-hyperupcall/asdf-plugin-k0sctl",
            "template": [],
            "topics": null,
            "visibility": "public",
            "vulnerability_alerts": false
          },
          "sensitive_attributes": [],
          "private": "eyJzY2hlbWFfdmVyc2lvbiI6IjEifQ=="
        }
      ]
    },
    {
      "mode": "managed",
      "type": "github_repository",
      "name": "Jakski__asdf_janet",
      "provider": "provider[\"registry.terraform.io/integrations/github\"]",
      "instances": [
        {
          "schema_version": 1,
          "attributes": {
            "allow_auto_merge": false,
            "allow_merge_commit": true,
            "allow_rebase_merge": true,
            "allow_squash_merge": true,
            "allow_update_branch": false,
            "archive_on_destroy": null,
            "archived": false,
            "auto_init": false,
            "default_branch": "main",
            "delete_branch_on_merge": false,
            "description": "Not supported",
            "etag": "W/\"7a2d7b67c3ee2a972ea175cabe16757df8fd4f136f5bec57486067305b48fd38\"",
            "full_name": "asdf-vm-hyperupcall/asdf-janet",
            "git_clone_url": "git://github.com/asdf-vm-hyperupcall/asdf-janet.git",
            "gitignore_template": null,
            "has_discussions": false,
            "has_downloads": false,
            "has_issues": false,
            "has_projects": false,
            "has_wiki": false,
            "homepage_url": "",
            "html_url": "https://github.com/asdf-vm-hyperupcall/asdf-janet",
            "http_clone_url": "https://github.com/asdf-vm-hyperupcall/asdf-janet.git",
            "id": "asdf-janet",
            "ignore_vulnerability_alerts_during_read": null,
            "is_template": false,
            "license_template": null,
            "merge_commit_message": "PR_TITLE",
            "merge_commit_title": "MERGE_MESSAGE",
            "name": "asdf-janet",
            "node_id": "R_kgDOJ7Rr4A",
            "pages": [],
            "private": false,
            "repo_id": 666135520,
            "security_and_analysis": [
              {
                "advanced_security": [],
                "secret_scanning": [
                  {
                    "status": "disabled"
                  }
                ],
                "secret_scanning_push_protection": [
                  {
                    "status": "disabled"
                  }
                ]
              }
            ],
            "squash_merge_commit_message": "COMMIT_MESSAGES",
            "squash_merge_commit_title": "COMMIT_OR_PR_TITLE",
            "ssh_clone_url": "git@github.com:asdf-vm-hyperupcall/asdf-janet.git",
            "svn_url": "https://github.com/asdf-vm-hyperupcall/asdf-janet",
            "template": [],
            "topics": null,
            "visibility": "public",
            "vulnerability_alerts": false
          },
          "sensitive_attributes": [],
          "private": "eyJzY2hlbWFfdmVyc2lvbiI6IjEifQ=="
        }
      ]
    },
    {
      "mode": "managed",
      "type": "github_repository",
      "name": "LogtalkDotOrg__asdf_logtalk",
      "provider": "provider[\"registry.terraform.io/integrations/github\"]",
      "instances": []
    },
    {
      "mode": "managed",
      "type": "github_repository",
      "name": "LozanoMatheus__asdf_aws-amplify-cli",
      "provider": "provider[\"registry.terraform.io/integrations/github\"]",
      "instances": [
        {
          "schema_version": 1,
          "attributes": {
            "allow_auto_merge": false,
            "allow_merge_commit": true,
            "allow_rebase_merge": true,
            "allow_squash_merge": true,
            "allow_update_branch": false,
            "archive_on_destroy": null,
            "archived": false,
            "auto_init": false,
            "default_branch": "main",
            "delete_branch_on_merge": false,
            "description": "Not supported",
            "etag": "W/\"db2eb0184d6ec63f3e6e603340285ae3116f4ec902a9c96d65be8a75a0314b1b\"",
            "full_name": "asdf-vm-hyperupcall/asdf-aws-amplify-cli",
            "git_clone_url": "git://github.com/asdf-vm-hyperupcall/asdf-aws-amplify-cli.git",
            "gitignore_template": null,
            "has_discussions": false,
            "has_downloads": false,
            "has_issues": false,
            "has_projects": false,
            "has_wiki": false,
            "homepage_url": "",
            "html_url": "https://github.com/asdf-vm-hyperupcall/asdf-aws-amplify-cli",
            "http_clone_url": "https://github.com/asdf-vm-hyperupcall/asdf-aws-amplify-cli.git",
            "id": "asdf-aws-amplify-cli",
            "ignore_vulnerability_alerts_during_read": null,
            "is_template": false,
            "license_template": null,
            "merge_commit_message": "PR_TITLE",
            "merge_commit_title": "MERGE_MESSAGE",
            "name": "asdf-aws-amplify-cli",
            "node_id": "R_kgDOJ7RuJQ",
            "pages": [],
            "private": false,
            "repo_id": 666136101,
            "security_and_analysis": [
              {
                "advanced_security": [],
                "secret_scanning": [
                  {
                    "status": "disabled"
                  }
                ],
                "secret_scanning_push_protection": [
                  {
                    "status": "disabled"
                  }
                ]
              }
            ],
            "squash_merge_commit_message": "COMMIT_MESSAGES",
            "squash_merge_commit_title": "COMMIT_OR_PR_TITLE",
            "ssh_clone_url": "git@github.com:asdf-vm-hyperupcall/asdf-aws-amplify-cli.git",
            "svn_url": "https://github.com/asdf-vm-hyperupcall/asdf-aws-amplify-cli",
            "template": [],
            "topics": null,
            "visibility": "public",
            "vulnerability_alerts": false
          },
          "sensitive_attributes": [],
          "private": "eyJzY2hlbWFfdmVyc2lvbiI6IjEifQ=="
        }
      ]
    },
    {
      "mode": "managed",
      "type": "github_repository",
      "name": "MaloPolese__asdf_teleport-community",
      "provider": "provider[\"registry.terraform.io/integrations/github\"]",
      "instances": [
        {
          "schema_version": 1,
          "attributes": {
            "allow_auto_merge": false,
            "allow_merge_commit": true,
            "allow_rebase_merge": true,
            "allow_squash_merge": true,
            "allow_update_branch": false,
            "archive_on_destroy": null,
            "archived": false,
            "auto_init": false,
            "default_branch": "main",
            "delete_branch_on_merge": false,
            "description": "Not supported",
            "etag": "W/\"74e6bdeffcae84a69379419adb34ea2a964614a9bd768af737fbafff4482a6e8\"",
            "full_name": "asdf-vm-hyperupcall/asdf-teleport-community",
            "git_clone_url": "git://github.com/asdf-vm-hyperupcall/asdf-teleport-community.git",
            "gitignore_template": null,
            "has_discussions": false,
            "has_downloads": false,
            "has_issues": false,
            "has_projects": false,
            "has_wiki": false,
            "homepage_url": "",
            "html_url": "https://github.com/asdf-vm-hyperupcall/asdf-teleport-community",
            "http_clone_url": "https://github.com/asdf-vm-hyperupcall/asdf-teleport-community.git",
            "id": "asdf-teleport-community",
            "ignore_vulnerability_alerts_during_read": null,
            "is_template": false,
            "license_template": null,
            "merge_commit_message": "PR_TITLE",
            "merge_commit_title": "MERGE_MESSAGE",
            "name": "asdf-teleport-community",
            "node_id": "R_kgDOJ7Q-0A",
            "pages": [],
            "private": false,
            "repo_id": 666123984,
            "security_and_analysis": [
              {
                "advanced_security": [],
                "secret_scanning": [
                  {
                    "status": "disabled"
                  }
                ],
                "secret_scanning_push_protection": [
                  {
                    "status": "disabled"
                  }
                ]
              }
            ],
            "squash_merge_commit_message": "COMMIT_MESSAGES",
            "squash_merge_commit_title": "COMMIT_OR_PR_TITLE",
            "ssh_clone_url": "git@github.com:asdf-vm-hyperupcall/asdf-teleport-community.git",
            "svn_url": "https://github.com/asdf-vm-hyperupcall/asdf-teleport-community",
            "template": [],
            "topics": null,
            "visibility": "public",
            "vulnerability_alerts": false
          },
          "sensitive_attributes": [],
          "private": "eyJzY2hlbWFfdmVyc2lvbiI6IjEifQ=="
        }
      ]
    },
    {
      "mode": "managed",
      "type": "github_repository",
      "name": "Medium__asdf_operator-sdk",
      "provider": "provider[\"registry.terraform.io/integrations/github\"]",
      "instances": []
    },
    {
      "mode": "managed",
      "type": "github_repository",
      "name": "MetricMike__asdf_awscli",
      "provider": "provider[\"registry.terraform.io/integrations/github\"]",
      "instances": [
        {
          "schema_version": 1,
          "attributes": {
            "allow_auto_merge": false,
            "allow_merge_commit": true,
            "allow_rebase_merge": true,
            "allow_squash_merge": true,
            "allow_update_branch": false,
            "archive_on_destroy": null,
            "archived": false,
            "auto_init": false,
            "default_branch": "main",
            "delete_branch_on_merge": false,
            "description": "Not supported",
            "etag": "W/\"3d989e2133c2a2fa6f3adc4d4f8b75eee6d767e08f11a978661ffe5aef48b8e3\"",
            "full_name": "asdf-vm-hyperupcall/asdf-awscli",
            "git_clone_url": "git://github.com/asdf-vm-hyperupcall/asdf-awscli.git",
            "gitignore_template": null,
            "has_discussions": false,
            "has_downloads": false,
            "has_issues": false,
            "has_projects": false,
            "has_wiki": false,
            "homepage_url": "",
            "html_url": "https://github.com/asdf-vm-hyperupcall/asdf-awscli",
            "http_clone_url": "https://github.com/asdf-vm-hyperupcall/asdf-awscli.git",
            "id": "asdf-awscli",
            "ignore_vulnerability_alerts_during_read": null,
            "is_template": false,
            "license_template": null,
            "merge_commit_message": "PR_TITLE",
            "merge_commit_title": "MERGE_MESSAGE",
            "name": "asdf-awscli",
            "node_id": "R_kgDOJ7RsuQ",
            "pages": [],
            "private": false,
            "repo_id": 666135737,
            "security_and_analysis": [
              {
                "advanced_security": [],
                "secret_scanning": [
                  {
                    "status": "disabled"
                  }
                ],
                "secret_scanning_push_protection": [
                  {
                    "status": "disabled"
                  }
                ]
              }
            ],
            "squash_merge_commit_message": "COMMIT_MESSAGES",
            "squash_merge_commit_title": "COMMIT_OR_PR_TITLE",
            "ssh_clone_url": "git@github.com:asdf-vm-hyperupcall/asdf-awscli.git",
            "svn_url": "https://github.com/asdf-vm-hyperupcall/asdf-awscli",
            "template": [],
            "topics": null,
            "visibility": "public",
            "vulnerability_alerts": false
          },
          "sensitive_attributes": [],
          "private": "eyJzY2hlbWFfdmVyc2lvbiI6IjEifQ=="
        }
      ]
    },
    {
      "mode": "managed",
      "type": "github_repository",
      "name": "MxNxPx__asdf_gator",
      "provider": "provider[\"registry.terraform.io/integrations/github\"]",
      "instances": [
        {
          "schema_version": 1,
          "attributes": {
            "allow_auto_merge": false,
            "allow_merge_commit": true,
            "allow_rebase_merge": true,
            "allow_squash_merge": true,
            "allow_update_branch": false,
            "archive_on_destroy": null,
            "archived": false,
            "auto_init": false,
            "default_branch": "main",
            "delete_branch_on_merge": false,
            "description": "Not supported",
            "etag": "W/\"560683c1824eabea78a58757117142719d647e0c7915031bcb3f229b4e70002b\"",
            "full_name": "asdf-vm-hyperupcall/asdf-gator",
            "git_clone_url": "git://github.com/asdf-vm-hyperupcall/asdf-gator.git",
            "gitignore_template": null,
            "has_discussions": false,
            "has_downloads": false,
            "has_issues": false,
            "has_projects": false,
            "has_wiki": false,
            "homepage_url": "",
            "html_url": "https://github.com/asdf-vm-hyperupcall/asdf-gator",
            "http_clone_url": "https://github.com/asdf-vm-hyperupcall/asdf-gator.git",
            "id": "asdf-gator",
            "ignore_vulnerability_alerts_during_read": null,
            "is_template": false,
            "license_template": null,
            "merge_commit_message": "PR_TITLE",
            "merge_commit_title": "MERGE_MESSAGE",
            "name": "asdf-gator",
            "node_id": "R_kgDOJ7Rr-A",
            "pages": [],
            "private": false,
            "repo_id": 666135544,
            "security_and_analysis": [
              {
                "advanced_security": [],
                "secret_scanning": [
                  {
                    "status": "disabled"
                  }
                ],
                "secret_scanning_push_protection": [
                  {
                    "status": "disabled"
                  }
                ]
              }
            ],
            "squash_merge_commit_message": "COMMIT_MESSAGES",
            "squash_merge_commit_title": "COMMIT_OR_PR_TITLE",
            "ssh_clone_url": "git@github.com:asdf-vm-hyperupcall/asdf-gator.git",
            "svn_url": "https://github.com/asdf-vm-hyperupcall/asdf-gator",
            "template": [],
            "topics": null,
            "visibility": "public",
            "vulnerability_alerts": false
          },
          "sensitive_attributes": [],
          "private": "eyJzY2hlbWFfdmVyc2lvbiI6IjEifQ=="
        }
      ]
    },
    {
      "mode": "managed",
      "type": "github_repository",
      "name": "NeoHsu__asdf_1password-cli",
      "provider": "provider[\"registry.terraform.io/integrations/github\"]",
      "instances": []
    },
    {
      "mode": "managed",
      "type": "github_repository",
      "name": "NeoHsu__asdf_bombardier",
      "provider": "provider[\"registry.terraform.io/integrations/github\"]",
      "instances": [
        {
          "schema_version": 1,
          "attributes": {
            "allow_auto_merge": false,
            "allow_merge_commit": true,
            "allow_rebase_merge": true,
            "allow_squash_merge": true,
            "allow_update_branch": false,
            "archive_on_destroy": null,
            "archived": false,
            "auto_init": false,
            "default_branch": "main",
            "delete_branch_on_merge": false,
            "description": "Not supported",
            "etag": "W/\"76d5d9718aa3552b5f15a2c52e7943c4578650c199525ebf3d349c860ebac9c0\"",
            "full_name": "asdf-vm-hyperupcall/asdf-bombardier",
            "git_clone_url": "git://github.com/asdf-vm-hyperupcall/asdf-bombardier.git",
            "gitignore_template": null,
            "has_discussions": false,
            "has_downloads": false,
            "has_issues": false,
            "has_projects": false,
            "has_wiki": false,
            "homepage_url": "",
            "html_url": "https://github.com/asdf-vm-hyperupcall/asdf-bombardier",
            "http_clone_url": "https://github.com/asdf-vm-hyperupcall/asdf-bombardier.git",
            "id": "asdf-bombardier",
            "ignore_vulnerability_alerts_during_read": null,
            "is_template": false,
            "license_template": null,
            "merge_commit_message": "PR_TITLE",
            "merge_commit_title": "MERGE_MESSAGE",
            "name": "asdf-bombardier",
            "node_id": "R_kgDOJ7R4pQ",
            "pages": [],
            "private": false,
            "repo_id": 666138789,
            "security_and_analysis": [
              {
                "advanced_security": [],
                "secret_scanning": [
                  {
                    "status": "disabled"
                  }
                ],
                "secret_scanning_push_protection": [
                  {
                    "status": "disabled"
                  }
                ]
              }
            ],
            "squash_merge_commit_message": "COMMIT_MESSAGES",
            "squash_merge_commit_title": "COMMIT_OR_PR_TITLE",
            "ssh_clone_url": "git@github.com:asdf-vm-hyperupcall/asdf-bombardier.git",
            "svn_url": "https://github.com/asdf-vm-hyperupcall/asdf-bombardier",
            "template": [],
            "topics": null,
            "visibility": "public",
            "vulnerability_alerts": false
          },
          "sensitive_attributes": [],
          "private": "eyJzY2hlbWFfdmVyc2lvbiI6IjEifQ=="
        }
      ]
    },
    {
      "mode": "managed",
      "type": "github_repository",
      "name": "NeoHsu__asdf_copilot",
      "provider": "provider[\"registry.terraform.io/integrations/github\"]",
      "instances": []
    },
    {
      "mode": "managed",
      "type": "github_repository",
      "name": "NeoHsu__asdf_ctop",
      "provider": "provider[\"registry.terraform.io/integrations/github\"]",
      "instances": [
        {
          "schema_version": 1,
          "attributes": {
            "allow_auto_merge": false,
            "allow_merge_commit": true,
            "allow_rebase_merge": true,
            "allow_squash_merge": true,
            "allow_update_branch": false,
            "archive_on_destroy": null,
            "archived": false,
            "auto_init": false,
            "default_branch": "main",
            "delete_branch_on_merge": false,
            "description": "Not supported",
            "etag": "W/\"1e4e0837ab15f1622da29aa1e4187814dc2fa85c114b6511e1f7c2cec7cd27a2\"",
            "full_name": "asdf-vm-hyperupcall/asdf-ctop",
            "git_clone_url": "git://github.com/asdf-vm-hyperupcall/asdf-ctop.git",
            "gitignore_template": null,
            "has_discussions": false,
            "has_downloads": false,
            "has_issues": false,
            "has_projects": false,
            "has_wiki": false,
            "homepage_url": "",
            "html_url": "https://github.com/asdf-vm-hyperupcall/asdf-ctop",
            "http_clone_url": "https://github.com/asdf-vm-hyperupcall/asdf-ctop.git",
            "id": "asdf-ctop",
            "ignore_vulnerability_alerts_during_read": null,
            "is_template": false,
            "license_template": null,
            "merge_commit_message": "PR_TITLE",
            "merge_commit_title": "MERGE_MESSAGE",
            "name": "asdf-ctop",
            "node_id": "R_kgDOJ7Ry9g",
            "pages": [],
            "private": false,
            "repo_id": 666137334,
            "security_and_analysis": [
              {
                "advanced_security": [],
                "secret_scanning": [
                  {
                    "status": "disabled"
                  }
                ],
                "secret_scanning_push_protection": [
                  {
                    "status": "disabled"
                  }
                ]
              }
            ],
            "squash_merge_commit_message": "COMMIT_MESSAGES",
            "squash_merge_commit_title": "COMMIT_OR_PR_TITLE",
            "ssh_clone_url": "git@github.com:asdf-vm-hyperupcall/asdf-ctop.git",
            "svn_url": "https://github.com/asdf-vm-hyperupcall/asdf-ctop",
            "template": [],
            "topics": null,
            "visibility": "public",
            "vulnerability_alerts": false
          },
          "sensitive_attributes": [],
          "private": "eyJzY2hlbWFfdmVyc2lvbiI6IjEifQ=="
        }
      ]
    },
    {
      "mode": "managed",
      "type": "github_repository",
      "name": "NeoHsu__asdf_devspace",
      "provider": "provider[\"registry.terraform.io/integrations/github\"]",
      "instances": [
        {
          "schema_version": 1,
          "attributes": {
            "allow_auto_merge": false,
            "allow_merge_commit": true,
            "allow_rebase_merge": true,
            "allow_squash_merge": true,
            "allow_update_branch": false,
            "archive_on_destroy": null,
            "archived": false,
            "auto_init": false,
            "default_branch": "main",
            "delete_branch_on_merge": false,
            "description": "Not supported",
            "etag": "W/\"bd0eebe8178a43607a10809027420c17463393943e8c679e277c41a0803d73dd\"",
            "full_name": "asdf-vm-hyperupcall/asdf-devspace",
            "git_clone_url": "git://github.com/asdf-vm-hyperupcall/asdf-devspace.git",
            "gitignore_template": null,
            "has_discussions": false,
            "has_downloads": false,
            "has_issues": false,
            "has_projects": false,
            "has_wiki": false,
            "homepage_url": "",
            "html_url": "https://github.com/asdf-vm-hyperupcall/asdf-devspace",
            "http_clone_url": "https://github.com/asdf-vm-hyperupcall/asdf-devspace.git",
            "id": "asdf-devspace",
            "ignore_vulnerability_alerts_during_read": null,
            "is_template": false,
            "license_template": null,
            "merge_commit_message": "PR_TITLE",
            "merge_commit_title": "MERGE_MESSAGE",
            "name": "asdf-devspace",
            "node_id": "R_kgDOJ7Rs4w",
            "pages": [],
            "private": false,
            "repo_id": 666135779,
            "security_and_analysis": [
              {
                "advanced_security": [],
                "secret_scanning": [
                  {
                    "status": "disabled"
                  }
                ],
                "secret_scanning_push_protection": [
                  {
                    "status": "disabled"
                  }
                ]
              }
            ],
            "squash_merge_commit_message": "COMMIT_MESSAGES",
            "squash_merge_commit_title": "COMMIT_OR_PR_TITLE",
            "ssh_clone_url": "git@github.com:asdf-vm-hyperupcall/asdf-devspace.git",
            "svn_url": "https://github.com/asdf-vm-hyperupcall/asdf-devspace",
            "template": [],
            "topics": null,
            "visibility": "public",
            "vulnerability_alerts": false
          },
          "sensitive_attributes": [],
          "private": "eyJzY2hlbWFfdmVyc2lvbiI6IjEifQ=="
        }
      ]
    },
    {
      "mode": "managed",
      "type": "github_repository",
      "name": "NeoHsu__asdf_duf",
      "provider": "provider[\"registry.terraform.io/integrations/github\"]",
      "instances": [
        {
          "schema_version": 1,
          "attributes": {
            "allow_auto_merge": false,
            "allow_merge_commit": true,
            "allow_rebase_merge": true,
            "allow_squash_merge": true,
            "allow_update_branch": false,
            "archive_on_destroy": null,
            "archived": false,
            "auto_init": false,
            "default_branch": "main",
            "delete_branch_on_merge": false,
            "description": "Not supported",
            "etag": "W/\"e559b4d71063eb8c236c5ab5b12a0a44955c742848be9e2d79516c002b1f5af9\"",
            "full_name": "asdf-vm-hyperupcall/asdf-duf",
            "git_clone_url": "git://github.com/asdf-vm-hyperupcall/asdf-duf.git",
            "gitignore_template": null,
            "has_discussions": false,
            "has_downloads": false,
            "has_issues": false,
            "has_projects": false,
            "has_wiki": false,
            "homepage_url": "",
            "html_url": "https://github.com/asdf-vm-hyperupcall/asdf-duf",
            "http_clone_url": "https://github.com/asdf-vm-hyperupcall/asdf-duf.git",
            "id": "asdf-duf",
            "ignore_vulnerability_alerts_during_read": null,
            "is_template": false,
            "license_template": null,
            "merge_commit_message": "PR_TITLE",
            "merge_commit_title": "MERGE_MESSAGE",
            "name": "asdf-duf",
            "node_id": "R_kgDOJ7Q2nQ",
            "pages": [],
            "private": false,
            "repo_id": 666121885,
            "security_and_analysis": [
              {
                "advanced_security": [],
                "secret_scanning": [
                  {
                    "status": "disabled"
                  }
                ],
                "secret_scanning_push_protection": [
                  {
                    "status": "disabled"
                  }
                ]
              }
            ],
            "squash_merge_commit_message": "COMMIT_MESSAGES",
            "squash_merge_commit_title": "COMMIT_OR_PR_TITLE",
            "ssh_clone_url": "git@github.com:asdf-vm-hyperupcall/asdf-duf.git",
            "svn_url": "https://github.com/asdf-vm-hyperupcall/asdf-duf",
            "template": [],
            "topics": null,
            "visibility": "public",
            "vulnerability_alerts": false
          },
          "sensitive_attributes": [],
          "private": "eyJzY2hlbWFfdmVyc2lvbiI6IjEifQ=="
        }
      ]
    },
    {
      "mode": "managed",
      "type": "github_repository",
      "name": "NeoHsu__asdf_kubergrunt",
      "provider": "provider[\"registry.terraform.io/integrations/github\"]",
      "instances": []
    },
    {
      "mode": "managed",
      "type": "github_repository",
      "name": "NeoHsu__asdf_mitmproxy",
      "provider": "provider[\"registry.terraform.io/integrations/github\"]",
      "instances": [
        {
          "schema_version": 1,
          "attributes": {
            "allow_auto_merge": false,
            "allow_merge_commit": true,
            "allow_rebase_merge": true,
            "allow_squash_merge": true,
            "allow_update_branch": false,
            "archive_on_destroy": null,
            "archived": false,
            "auto_init": false,
            "default_branch": "main",
            "delete_branch_on_merge": false,
            "description": "Not supported",
            "etag": "W/\"1ea5eed961bd5cbe15368067b4fd52cfcecdb548e0e5f7b39fe4646c0dedbe12\"",
            "full_name": "asdf-vm-hyperupcall/asdf-mitmproxy",
            "git_clone_url": "git://github.com/asdf-vm-hyperupcall/asdf-mitmproxy.git",
            "gitignore_template": null,
            "has_discussions": false,
            "has_downloads": false,
            "has_issues": false,
            "has_projects": false,
            "has_wiki": false,
            "homepage_url": "",
            "html_url": "https://github.com/asdf-vm-hyperupcall/asdf-mitmproxy",
            "http_clone_url": "https://github.com/asdf-vm-hyperupcall/asdf-mitmproxy.git",
            "id": "asdf-mitmproxy",
            "ignore_vulnerability_alerts_during_read": null,
            "is_template": false,
            "license_template": null,
            "merge_commit_message": "PR_TITLE",
            "merge_commit_title": "MERGE_MESSAGE",
            "name": "asdf-mitmproxy",
            "node_id": "R_kgDOJ7RBhQ",
            "pages": [],
            "private": false,
            "repo_id": 666124677,
            "security_and_analysis": [
              {
                "advanced_security": [],
                "secret_scanning": [
                  {
                    "status": "disabled"
                  }
                ],
                "secret_scanning_push_protection": [
                  {
                    "status": "disabled"
                  }
                ]
              }
            ],
            "squash_merge_commit_message": "COMMIT_MESSAGES",
            "squash_merge_commit_title": "COMMIT_OR_PR_TITLE",
            "ssh_clone_url": "git@github.com:asdf-vm-hyperupcall/asdf-mitmproxy.git",
            "svn_url": "https://github.com/asdf-vm-hyperupcall/asdf-mitmproxy",
            "template": [],
            "topics": null,
            "visibility": "public",
            "vulnerability_alerts": false
          },
          "sensitive_attributes": [],
          "private": "eyJzY2hlbWFfdmVyc2lvbiI6IjEifQ=="
        }
      ]
    },
    {
      "mode": "managed",
      "type": "github_repository",
      "name": "NeoHsu__asdf_newrelic-cli",
      "provider": "provider[\"registry.terraform.io/integrations/github\"]",
      "instances": [
        {
          "schema_version": 1,
          "attributes": {
            "allow_auto_merge": false,
            "allow_merge_commit": true,
            "allow_rebase_merge": true,
            "allow_squash_merge": true,
            "allow_update_branch": false,
            "archive_on_destroy": null,
            "archived": false,
            "auto_init": false,
            "default_branch": "main",
            "delete_branch_on_merge": false,
            "description": "Not supported",
            "etag": "W/\"6c138809598eec9d541235c1c61ce412934a42a0515a6a38013102ed1858ba1c\"",
            "full_name": "asdf-vm-hyperupcall/asdf-newrelic-cli",
            "git_clone_url": "git://github.com/asdf-vm-hyperupcall/asdf-newrelic-cli.git",
            "gitignore_template": null,
            "has_discussions": false,
            "has_downloads": false,
            "has_issues": false,
            "has_projects": false,
            "has_wiki": false,
            "homepage_url": "",
            "html_url": "https://github.com/asdf-vm-hyperupcall/asdf-newrelic-cli",
            "http_clone_url": "https://github.com/asdf-vm-hyperupcall/asdf-newrelic-cli.git",
            "id": "asdf-newrelic-cli",
            "ignore_vulnerability_alerts_during_read": null,
            "is_template": false,
            "license_template": null,
            "merge_commit_message": "PR_TITLE",
            "merge_commit_title": "MERGE_MESSAGE",
            "name": "asdf-newrelic-cli",
            "node_id": "R_kgDOJ7Rx9w",
            "pages": [],
            "private": false,
            "repo_id": 666137079,
            "security_and_analysis": [
              {
                "advanced_security": [],
                "secret_scanning": [
                  {
                    "status": "disabled"
                  }
                ],
                "secret_scanning_push_protection": [
                  {
                    "status": "disabled"
                  }
                ]
              }
            ],
            "squash_merge_commit_message": "COMMIT_MESSAGES",
            "squash_merge_commit_title": "COMMIT_OR_PR_TITLE",
            "ssh_clone_url": "git@github.com:asdf-vm-hyperupcall/asdf-newrelic-cli.git",
            "svn_url": "https://github.com/asdf-vm-hyperupcall/asdf-newrelic-cli",
            "template": [],
            "topics": null,
            "visibility": "public",
            "vulnerability_alerts": false
          },
          "sensitive_attributes": [],
          "private": "eyJzY2hlbWFfdmVyc2lvbiI6IjEifQ=="
        }
      ]
    },
    {
      "mode": "managed",
      "type": "github_repository",
      "name": "NeoHsu__asdf_redis-cli",
      "provider": "provider[\"registry.terraform.io/integrations/github\"]",
      "instances": []
    },
    {
      "mode": "managed",
      "type": "github_repository",
      "name": "NeoHsu__asdf_wtfutil",
      "provider": "provider[\"registry.terraform.io/integrations/github\"]",
      "instances": []
    },
    {
      "mode": "managed",
      "type": "github_repository",
      "name": "NeoHsu__asdf_xh",
      "provider": "provider[\"registry.terraform.io/integrations/github\"]",
      "instances": []
    },
    {
      "mode": "managed",
      "type": "github_repository",
      "name": "NitriKx__asdf_cilium-hubble",
      "provider": "provider[\"registry.terraform.io/integrations/github\"]",
      "instances": [
        {
          "schema_version": 1,
          "attributes": {
            "allow_auto_merge": false,
            "allow_merge_commit": true,
            "allow_rebase_merge": true,
            "allow_squash_merge": true,
            "allow_update_branch": false,
            "archive_on_destroy": null,
            "archived": false,
            "auto_init": false,
            "default_branch": "main",
            "delete_branch_on_merge": false,
            "description": "Not supported",
            "etag": "W/\"fc5db5282348b4544debf5a388ab2c5656848348c877db283e251cff4dfeb075\"",
            "full_name": "asdf-vm-hyperupcall/asdf-cilium-hubble",
            "git_clone_url": "git://github.com/asdf-vm-hyperupcall/asdf-cilium-hubble.git",
            "gitignore_template": null,
            "has_discussions": false,
            "has_downloads": false,
            "has_issues": false,
            "has_projects": false,
            "has_wiki": false,
            "homepage_url": "",
            "html_url": "https://github.com/asdf-vm-hyperupcall/asdf-cilium-hubble",
            "http_clone_url": "https://github.com/asdf-vm-hyperupcall/asdf-cilium-hubble.git",
            "id": "asdf-cilium-hubble",
            "ignore_vulnerability_alerts_during_read": null,
            "is_template": false,
            "license_template": null,
            "merge_commit_message": "PR_TITLE",
            "merge_commit_title": "MERGE_MESSAGE",
            "name": "asdf-cilium-hubble",
            "node_id": "R_kgDOJ7R3eQ",
            "pages": [],
            "private": false,
            "repo_id": 666138489,
            "security_and_analysis": [
              {
                "advanced_security": [],
                "secret_scanning": [
                  {
                    "status": "disabled"
                  }
                ],
                "secret_scanning_push_protection": [
                  {
                    "status": "disabled"
                  }
                ]
              }
            ],
            "squash_merge_commit_message": "COMMIT_MESSAGES",
            "squash_merge_commit_title": "COMMIT_OR_PR_TITLE",
            "ssh_clone_url": "git@github.com:asdf-vm-hyperupcall/asdf-cilium-hubble.git",
            "svn_url": "https://github.com/asdf-vm-hyperupcall/asdf-cilium-hubble",
            "template": [],
            "topics": null,
            "visibility": "public",
            "vulnerability_alerts": false
          },
          "sensitive_attributes": [],
          "private": "eyJzY2hlbWFfdmVyc2lvbiI6IjEifQ=="
        }
      ]
    },
    {
      "mode": "managed",
      "type": "github_repository",
      "name": "ORCID__asdf_arc",
      "provider": "provider[\"registry.terraform.io/integrations/github\"]",
      "instances": [
        {
          "schema_version": 1,
          "attributes": {
            "allow_auto_merge": false,
            "allow_merge_commit": true,
            "allow_rebase_merge": true,
            "allow_squash_merge": true,
            "allow_update_branch": false,
            "archive_on_destroy": null,
            "archived": false,
            "auto_init": false,
            "default_branch": "main",
            "delete_branch_on_merge": false,
            "description": "Not supported",
            "etag": "W/\"447eef1979529dc2fc57734c15e6aff806081b4dd71d1c78f73e318cc4126bfb\"",
            "full_name": "asdf-vm-hyperupcall/asdf-arc",
            "git_clone_url": "git://github.com/asdf-vm-hyperupcall/asdf-arc.git",
            "gitignore_template": null,
            "has_discussions": false,
            "has_downloads": false,
            "has_issues": false,
            "has_projects": false,
            "has_wiki": false,
            "homepage_url": "",
            "html_url": "https://github.com/asdf-vm-hyperupcall/asdf-arc",
            "http_clone_url": "https://github.com/asdf-vm-hyperupcall/asdf-arc.git",
            "id": "asdf-arc",
            "ignore_vulnerability_alerts_during_read": null,
            "is_template": false,
            "license_template": null,
            "merge_commit_message": "PR_TITLE",
            "merge_commit_title": "MERGE_MESSAGE",
            "name": "asdf-arc",
            "node_id": "R_kgDOJ7R1gQ",
            "pages": [],
            "private": false,
            "repo_id": 666137985,
            "security_and_analysis": [
              {
                "advanced_security": [],
                "secret_scanning": [
                  {
                    "status": "disabled"
                  }
                ],
                "secret_scanning_push_protection": [
                  {
                    "status": "disabled"
                  }
                ]
              }
            ],
            "squash_merge_commit_message": "COMMIT_MESSAGES",
            "squash_merge_commit_title": "COMMIT_OR_PR_TITLE",
            "ssh_clone_url": "git@github.com:asdf-vm-hyperupcall/asdf-arc.git",
            "svn_url": "https://github.com/asdf-vm-hyperupcall/asdf-arc",
            "template": [],
            "topics": null,
            "visibility": "public",
            "vulnerability_alerts": false
          },
          "sensitive_attributes": [],
          "private": "eyJzY2hlbWFfdmVyc2lvbiI6IjEifQ=="
        }
      ]
    },
    {
      "mode": "managed",
      "type": "github_repository",
      "name": "ORCID__asdf_cidr-merger",
      "provider": "provider[\"registry.terraform.io/integrations/github\"]",
      "instances": [
        {
          "schema_version": 1,
          "attributes": {
            "allow_auto_merge": false,
            "allow_merge_commit": true,
            "allow_rebase_merge": true,
            "allow_squash_merge": true,
            "allow_update_branch": false,
            "archive_on_destroy": null,
            "archived": false,
            "auto_init": false,
            "default_branch": "main",
            "delete_branch_on_merge": false,
            "description": "Not supported",
            "etag": "W/\"e9025b3ba7fad44a344c6f9aa298881659530aa27703677d2975e7b09fbd4a92\"",
            "full_name": "asdf-vm-hyperupcall/asdf-cidr-merger",
            "git_clone_url": "git://github.com/asdf-vm-hyperupcall/asdf-cidr-merger.git",
            "gitignore_template": null,
            "has_discussions": false,
            "has_downloads": false,
            "has_issues": false,
            "has_projects": false,
            "has_wiki": false,
            "homepage_url": "",
            "html_url": "https://github.com/asdf-vm-hyperupcall/asdf-cidr-merger",
            "http_clone_url": "https://github.com/asdf-vm-hyperupcall/asdf-cidr-merger.git",
            "id": "asdf-cidr-merger",
            "ignore_vulnerability_alerts_during_read": null,
            "is_template": false,
            "license_template": null,
            "merge_commit_message": "PR_TITLE",
            "merge_commit_title": "MERGE_MESSAGE",
            "name": "asdf-cidr-merger",
            "node_id": "R_kgDOJ7Rs8A",
            "pages": [],
            "private": false,
            "repo_id": 666135792,
            "security_and_analysis": [
              {
                "advanced_security": [],
                "secret_scanning": [
                  {
                    "status": "disabled"
                  }
                ],
                "secret_scanning_push_protection": [
                  {
                    "status": "disabled"
                  }
                ]
              }
            ],
            "squash_merge_commit_message": "COMMIT_MESSAGES",
            "squash_merge_commit_title": "COMMIT_OR_PR_TITLE",
            "ssh_clone_url": "git@github.com:asdf-vm-hyperupcall/asdf-cidr-merger.git",
            "svn_url": "https://github.com/asdf-vm-hyperupcall/asdf-cidr-merger",
            "template": [],
            "topics": null,
            "visibility": "public",
            "vulnerability_alerts": false
          },
          "sensitive_attributes": [],
          "private": "eyJzY2hlbWFfdmVyc2lvbiI6IjEifQ=="
        }
      ]
    },
    {
      "mode": "managed",
      "type": "github_repository",
      "name": "ORCID__asdf_cidrchk",
      "provider": "provider[\"registry.terraform.io/integrations/github\"]",
      "instances": [
        {
          "schema_version": 1,
          "attributes": {
            "allow_auto_merge": false,
            "allow_merge_commit": true,
            "allow_rebase_merge": true,
            "allow_squash_merge": true,
            "allow_update_branch": false,
            "archive_on_destroy": null,
            "archived": false,
            "auto_init": false,
            "default_branch": "main",
            "delete_branch_on_merge": false,
            "description": "Not supported",
            "etag": "W/\"a7dbe0794b5728b16fb20e03a0e1e39c4ec772a295a5ecf4de85d8579bf35c54\"",
            "full_name": "asdf-vm-hyperupcall/asdf-cidrchk",
            "git_clone_url": "git://github.com/asdf-vm-hyperupcall/asdf-cidrchk.git",
            "gitignore_template": null,
            "has_discussions": false,
            "has_downloads": false,
            "has_issues": false,
            "has_projects": false,
            "has_wiki": false,
            "homepage_url": "",
            "html_url": "https://github.com/asdf-vm-hyperupcall/asdf-cidrchk",
            "http_clone_url": "https://github.com/asdf-vm-hyperupcall/asdf-cidrchk.git",
            "id": "asdf-cidrchk",
            "ignore_vulnerability_alerts_during_read": null,
            "is_template": false,
            "license_template": null,
            "merge_commit_message": "PR_TITLE",
            "merge_commit_title": "MERGE_MESSAGE",
            "name": "asdf-cidrchk",
            "node_id": "R_kgDOJ7R5mQ",
            "pages": [],
            "private": false,
            "repo_id": 666139033,
            "security_and_analysis": [
              {
                "advanced_security": [],
                "secret_scanning": [
                  {
                    "status": "disabled"
                  }
                ],
                "secret_scanning_push_protection": [
                  {
                    "status": "disabled"
                  }
                ]
              }
            ],
            "squash_merge_commit_message": "COMMIT_MESSAGES",
            "squash_merge_commit_title": "COMMIT_OR_PR_TITLE",
            "ssh_clone_url": "git@github.com:asdf-vm-hyperupcall/asdf-cidrchk.git",
            "svn_url": "https://github.com/asdf-vm-hyperupcall/asdf-cidrchk",
            "template": [],
            "topics": null,
            "visibility": "public",
            "vulnerability_alerts": false
          },
          "sensitive_attributes": [],
          "private": "eyJzY2hlbWFfdmVyc2lvbiI6IjEifQ=="
        }
      ]
    },
    {
      "mode": "managed",
      "type": "github_repository",
      "name": "ORCID__asdf_flarectl",
      "provider": "provider[\"registry.terraform.io/integrations/github\"]",
      "instances": []
    },
    {
      "mode": "managed",
      "type": "github_repository",
      "name": "ORCID__asdf_nfpm",
      "provider": "provider[\"registry.terraform.io/integrations/github\"]",
      "instances": [
        {
          "schema_version": 1,
          "attributes": {
            "allow_auto_merge": false,
            "allow_merge_commit": true,
            "allow_rebase_merge": true,
            "allow_squash_merge": true,
            "allow_update_branch": false,
            "archive_on_destroy": null,
            "archived": false,
            "auto_init": false,
            "default_branch": "main",
            "delete_branch_on_merge": false,
            "description": "Not supported",
            "etag": "W/\"927f5189c37e1a4b2193333df0831b21a9a1f63b47865d350d14a138bc4f49e2\"",
            "full_name": "asdf-vm-hyperupcall/asdf-nfpm",
            "git_clone_url": "git://github.com/asdf-vm-hyperupcall/asdf-nfpm.git",
            "gitignore_template": null,
            "has_discussions": false,
            "has_downloads": false,
            "has_issues": false,
            "has_projects": false,
            "has_wiki": false,
            "homepage_url": "",
            "html_url": "https://github.com/asdf-vm-hyperupcall/asdf-nfpm",
            "http_clone_url": "https://github.com/asdf-vm-hyperupcall/asdf-nfpm.git",
            "id": "asdf-nfpm",
            "ignore_vulnerability_alerts_during_read": null,
            "is_template": false,
            "license_template": null,
            "merge_commit_message": "PR_TITLE",
            "merge_commit_title": "MERGE_MESSAGE",
            "name": "asdf-nfpm",
            "node_id": "R_kgDOJ7RDnA",
            "pages": [],
            "private": false,
            "repo_id": 666125212,
            "security_and_analysis": [
              {
                "advanced_security": [],
                "secret_scanning": [
                  {
                    "status": "disabled"
                  }
                ],
                "secret_scanning_push_protection": [
                  {
                    "status": "disabled"
                  }
                ]
              }
            ],
            "squash_merge_commit_message": "COMMIT_MESSAGES",
            "squash_merge_commit_title": "COMMIT_OR_PR_TITLE",
            "ssh_clone_url": "git@github.com:asdf-vm-hyperupcall/asdf-nfpm.git",
            "svn_url": "https://github.com/asdf-vm-hyperupcall/asdf-nfpm",
            "template": [],
            "topics": null,
            "visibility": "public",
            "vulnerability_alerts": false
          },
          "sensitive_attributes": [],
          "private": "eyJzY2hlbWFfdmVyc2lvbiI6IjEifQ=="
        }
      ]
    },
    {
      "mode": "managed",
      "type": "github_repository",
      "name": "ORCID__asdf_opsgenie-lamp",
      "provider": "provider[\"registry.terraform.io/integrations/github\"]",
      "instances": [
        {
          "schema_version": 1,
          "attributes": {
            "allow_auto_merge": false,
            "allow_merge_commit": true,
            "allow_rebase_merge": true,
            "allow_squash_merge": true,
            "allow_update_branch": false,
            "archive_on_destroy": null,
            "archived": false,
            "auto_init": false,
            "default_branch": "main",
            "delete_branch_on_merge": false,
            "description": "Not supported",
            "etag": "W/\"ef7e450e767508132ea2a8689f43c892fe0128ef35022a7cc94c1281a8fd3395\"",
            "full_name": "asdf-vm-hyperupcall/asdf-opsgenie-lamp",
            "git_clone_url": "git://github.com/asdf-vm-hyperupcall/asdf-opsgenie-lamp.git",
            "gitignore_template": null,
            "has_discussions": false,
            "has_downloads": false,
            "has_issues": false,
            "has_projects": false,
            "has_wiki": false,
            "homepage_url": "",
            "html_url": "https://github.com/asdf-vm-hyperupcall/asdf-opsgenie-lamp",
            "http_clone_url": "https://github.com/asdf-vm-hyperupcall/asdf-opsgenie-lamp.git",
            "id": "asdf-opsgenie-lamp",
            "ignore_vulnerability_alerts_during_read": null,
            "is_template": false,
            "license_template": null,
            "merge_commit_message": "PR_TITLE",
            "merge_commit_title": "MERGE_MESSAGE",
            "name": "asdf-opsgenie-lamp",
            "node_id": "R_kgDOJ7Q85Q",
            "pages": [],
            "private": false,
            "repo_id": 666123493,
            "security_and_analysis": [
              {
                "advanced_security": [],
                "secret_scanning": [
                  {
                    "status": "disabled"
                  }
                ],
                "secret_scanning_push_protection": [
                  {
                    "status": "disabled"
                  }
                ]
              }
            ],
            "squash_merge_commit_message": "COMMIT_MESSAGES",
            "squash_merge_commit_title": "COMMIT_OR_PR_TITLE",
            "ssh_clone_url": "git@github.com:asdf-vm-hyperupcall/asdf-opsgenie-lamp.git",
            "svn_url": "https://github.com/asdf-vm-hyperupcall/asdf-opsgenie-lamp",
            "template": [],
            "topics": null,
            "visibility": "public",
            "vulnerability_alerts": false
          },
          "sensitive_attributes": [],
          "private": "eyJzY2hlbWFfdmVyc2lvbiI6IjEifQ=="
        }
      ]
    },
    {
      "mode": "managed",
      "type": "github_repository",
      "name": "ORCID__asdf_regctl",
      "provider": "provider[\"registry.terraform.io/integrations/github\"]",
      "instances": []
    },
    {
      "mode": "managed",
      "type": "github_repository",
      "name": "ORCID__asdf_shell2http",
      "provider": "provider[\"registry.terraform.io/integrations/github\"]",
      "instances": []
    },
    {
      "mode": "managed",
      "type": "github_repository",
      "name": "ORCID__asdf_transifex",
      "provider": "provider[\"registry.terraform.io/integrations/github\"]",
      "instances": [
        {
          "schema_version": 1,
          "attributes": {
            "allow_auto_merge": false,
            "allow_merge_commit": true,
            "allow_rebase_merge": true,
            "allow_squash_merge": true,
            "allow_update_branch": false,
            "archive_on_destroy": null,
            "archived": false,
            "auto_init": false,
            "default_branch": "main",
            "delete_branch_on_merge": false,
            "description": "Not supported",
            "etag": "W/\"23dc65b1cc518aaa126643b3b8d10fe2c7703389c70e722476d65ebf524403d5\"",
            "full_name": "asdf-vm-hyperupcall/asdf-transifex",
            "git_clone_url": "git://github.com/asdf-vm-hyperupcall/asdf-transifex.git",
            "gitignore_template": null,
            "has_discussions": false,
            "has_downloads": false,
            "has_issues": false,
            "has_projects": false,
            "has_wiki": false,
            "homepage_url": "",
            "html_url": "https://github.com/asdf-vm-hyperupcall/asdf-transifex",
            "http_clone_url": "https://github.com/asdf-vm-hyperupcall/asdf-transifex.git",
            "id": "asdf-transifex",
            "ignore_vulnerability_alerts_during_read": null,
            "is_template": false,
            "license_template": null,
            "merge_commit_message": "PR_TITLE",
            "merge_commit_title": "MERGE_MESSAGE",
            "name": "asdf-transifex",
            "node_id": "R_kgDOJ7R0SQ",
            "pages": [],
            "private": false,
            "repo_id": 666137673,
            "security_and_analysis": [
              {
                "advanced_security": [],
                "secret_scanning": [
                  {
                    "status": "disabled"
                  }
                ],
                "secret_scanning_push_protection": [
                  {
                    "status": "disabled"
                  }
                ]
              }
            ],
            "squash_merge_commit_message": "COMMIT_MESSAGES",
            "squash_merge_commit_title": "COMMIT_OR_PR_TITLE",
            "ssh_clone_url": "git@github.com:asdf-vm-hyperupcall/asdf-transifex.git",
            "svn_url": "https://github.com/asdf-vm-hyperupcall/asdf-transifex",
            "template": [],
            "topics": null,
            "visibility": "public",
            "vulnerability_alerts": false
          },
          "sensitive_attributes": [],
          "private": "eyJzY2hlbWFfdmVyc2lvbiI6IjEifQ=="
        }
      ]
    },
    {
      "mode": "managed",
      "type": "github_repository",
      "name": "ORCID__asdf_upt",
      "provider": "provider[\"registry.terraform.io/integrations/github\"]",
      "instances": [
        {
          "schema_version": 1,
          "attributes": {
            "allow_auto_merge": false,
            "allow_merge_commit": true,
            "allow_rebase_merge": true,
            "allow_squash_merge": true,
            "allow_update_branch": false,
            "archive_on_destroy": null,
            "archived": false,
            "auto_init": false,
            "default_branch": "main",
            "delete_branch_on_merge": false,
            "description": "Not supported",
            "etag": "W/\"39e191aa5bd2f3a4253ecf0f8e9c8b1983138549e1230a8ec77848fd89146e66\"",
            "full_name": "asdf-vm-hyperupcall/asdf-upt",
            "git_clone_url": "git://github.com/asdf-vm-hyperupcall/asdf-upt.git",
            "gitignore_template": null,
            "has_discussions": false,
            "has_downloads": false,
            "has_issues": false,
            "has_projects": false,
            "has_wiki": false,
            "homepage_url": "",
            "html_url": "https://github.com/asdf-vm-hyperupcall/asdf-upt",
            "http_clone_url": "https://github.com/asdf-vm-hyperupcall/asdf-upt.git",
            "id": "asdf-upt",
            "ignore_vulnerability_alerts_during_read": null,
            "is_template": false,
            "license_template": null,
            "merge_commit_message": "PR_TITLE",
            "merge_commit_title": "MERGE_MESSAGE",
            "name": "asdf-upt",
            "node_id": "R_kgDOJ7RDpA",
            "pages": [],
            "private": false,
            "repo_id": 666125220,
            "security_and_analysis": [
              {
                "advanced_security": [],
                "secret_scanning": [
                  {
                    "status": "disabled"
                  }
                ],
                "secret_scanning_push_protection": [
                  {
                    "status": "disabled"
                  }
                ]
              }
            ],
            "squash_merge_commit_message": "COMMIT_MESSAGES",
            "squash_merge_commit_title": "COMMIT_OR_PR_TITLE",
            "ssh_clone_url": "git@github.com:asdf-vm-hyperupcall/asdf-upt.git",
            "svn_url": "https://github.com/asdf-vm-hyperupcall/asdf-upt",
            "template": [],
            "topics": null,
            "visibility": "public",
            "vulnerability_alerts": false
          },
          "sensitive_attributes": [],
          "private": "eyJzY2hlbWFfdmVyc2lvbiI6IjEifQ=="
        }
      ]
    },
    {
      "mode": "managed",
      "type": "github_repository",
      "name": "PatOConnor43__asdf_dart",
      "provider": "provider[\"registry.terraform.io/integrations/github\"]",
      "instances": [
        {
          "schema_version": 1,
          "attributes": {
            "allow_auto_merge": false,
            "allow_merge_commit": true,
            "allow_rebase_merge": true,
            "allow_squash_merge": true,
            "allow_update_branch": false,
            "archive_on_destroy": null,
            "archived": false,
            "auto_init": false,
            "default_branch": "main",
            "delete_branch_on_merge": false,
            "description": "Not supported",
            "etag": "W/\"5aeafd1fe4010b1fd102319f860179bf22cca12b5f22ecb77c0520f0855fe96f\"",
            "full_name": "asdf-vm-hyperupcall/asdf-dart",
            "git_clone_url": "git://github.com/asdf-vm-hyperupcall/asdf-dart.git",
            "gitignore_template": null,
            "has_discussions": false,
            "has_downloads": false,
            "has_issues": false,
            "has_projects": false,
            "has_wiki": false,
            "homepage_url": "",
            "html_url": "https://github.com/asdf-vm-hyperupcall/asdf-dart",
            "http_clone_url": "https://github.com/asdf-vm-hyperupcall/asdf-dart.git",
            "id": "asdf-dart",
            "ignore_vulnerability_alerts_during_read": null,
            "is_template": false,
            "license_template": null,
            "merge_commit_message": "PR_TITLE",
            "merge_commit_title": "MERGE_MESSAGE",
            "name": "asdf-dart",
            "node_id": "R_kgDOJ7Q0rw",
            "pages": [],
            "private": false,
            "repo_id": 666121391,
            "security_and_analysis": [
              {
                "advanced_security": [],
                "secret_scanning": [
                  {
                    "status": "disabled"
                  }
                ],
                "secret_scanning_push_protection": [
                  {
                    "status": "disabled"
                  }
                ]
              }
            ],
            "squash_merge_commit_message": "COMMIT_MESSAGES",
            "squash_merge_commit_title": "COMMIT_OR_PR_TITLE",
            "ssh_clone_url": "git@github.com:asdf-vm-hyperupcall/asdf-dart.git",
            "svn_url": "https://github.com/asdf-vm-hyperupcall/asdf-dart",
            "template": [],
            "topics": null,
            "visibility": "public",
            "vulnerability_alerts": false
          },
          "sensitive_attributes": [],
          "private": "eyJzY2hlbWFfdmVyc2lvbiI6IjEifQ=="
        }
      ]
    },
    {
      "mode": "managed",
      "type": "github_repository",
      "name": "RobLoach__asdf_emsdk",
      "provider": "provider[\"registry.terraform.io/integrations/github\"]",
      "instances": []
    },
    {
      "mode": "managed",
      "type": "github_repository",
      "name": "Smana__asdf_timoni",
      "provider": "provider[\"registry.terraform.io/integrations/github\"]",
      "instances": [
        {
          "schema_version": 1,
          "attributes": {
            "allow_auto_merge": false,
            "allow_merge_commit": true,
            "allow_rebase_merge": true,
            "allow_squash_merge": true,
            "allow_update_branch": false,
            "archive_on_destroy": null,
            "archived": false,
            "auto_init": false,
            "default_branch": "main",
            "delete_branch_on_merge": false,
            "description": "Not supported",
            "etag": "W/\"959b37766bcc12c3e0462fbd4a03ec32820824f6159a48c9fe9bfe14293289fe\"",
            "full_name": "asdf-vm-hyperupcall/asdf-timoni",
            "git_clone_url": "git://github.com/asdf-vm-hyperupcall/asdf-timoni.git",
            "gitignore_template": null,
            "has_discussions": false,
            "has_downloads": false,
            "has_issues": false,
            "has_projects": false,
            "has_wiki": false,
            "homepage_url": "",
            "html_url": "https://github.com/asdf-vm-hyperupcall/asdf-timoni",
            "http_clone_url": "https://github.com/asdf-vm-hyperupcall/asdf-timoni.git",
            "id": "asdf-timoni",
            "ignore_vulnerability_alerts_during_read": null,
            "is_template": false,
            "license_template": null,
            "merge_commit_message": "PR_TITLE",
            "merge_commit_title": "MERGE_MESSAGE",
            "name": "asdf-timoni",
            "node_id": "R_kgDOJ7Q2xg",
            "pages": [],
            "private": false,
            "repo_id": 666121926,
            "security_and_analysis": [
              {
                "advanced_security": [],
                "secret_scanning": [
                  {
                    "status": "disabled"
                  }
                ],
                "secret_scanning_push_protection": [
                  {
                    "status": "disabled"
                  }
                ]
              }
            ],
            "squash_merge_commit_message": "COMMIT_MESSAGES",
            "squash_merge_commit_title": "COMMIT_OR_PR_TITLE",
            "ssh_clone_url": "git@github.com:asdf-vm-hyperupcall/asdf-timoni.git",
            "svn_url": "https://github.com/asdf-vm-hyperupcall/asdf-timoni",
            "template": [],
            "topics": null,
            "visibility": "public",
            "vulnerability_alerts": false
          },
          "sensitive_attributes": [],
          "private": "eyJzY2hlbWFfdmVyc2lvbiI6IjEifQ=="
        }
      ]
    },
    {
      "mode": "managed",
      "type": "github_repository",
      "name": "SoriUR__asdf_mutanus",
      "provider": "provider[\"registry.terraform.io/integrations/github\"]",
      "instances": []
    },
    {
      "mode": "managed",
      "type": "github_repository",
      "name": "Stratus3D__asdf_lua",
      "provider": "provider[\"registry.terraform.io/integrations/github\"]",
      "instances": [
        {
          "schema_version": 1,
          "attributes": {
            "allow_auto_merge": false,
            "allow_merge_commit": true,
            "allow_rebase_merge": true,
            "allow_squash_merge": true,
            "allow_update_branch": false,
            "archive_on_destroy": null,
            "archived": false,
            "auto_init": false,
            "default_branch": "main",
            "delete_branch_on_merge": false,
            "description": "Not supported",
            "etag": "W/\"7bcc723b0bcd4c153b2c6873b9675dac4c8b268cc91be440bd2af69cc411d26c\"",
            "full_name": "asdf-vm-hyperupcall/asdf-lua",
            "git_clone_url": "git://github.com/asdf-vm-hyperupcall/asdf-lua.git",
            "gitignore_template": null,
            "has_discussions": false,
            "has_downloads": false,
            "has_issues": false,
            "has_projects": false,
            "has_wiki": false,
            "homepage_url": "",
            "html_url": "https://github.com/asdf-vm-hyperupcall/asdf-lua",
            "http_clone_url": "https://github.com/asdf-vm-hyperupcall/asdf-lua.git",
            "id": "asdf-lua",
            "ignore_vulnerability_alerts_during_read": null,
            "is_template": false,
            "license_template": null,
            "merge_commit_message": "PR_TITLE",
            "merge_commit_title": "MERGE_MESSAGE",
            "name": "asdf-lua",
            "node_id": "R_kgDOJ7RyKQ",
            "pages": [],
            "private": false,
            "repo_id": 666137129,
            "security_and_analysis": [
              {
                "advanced_security": [],
                "secret_scanning": [
                  {
                    "status": "disabled"
                  }
                ],
                "secret_scanning_push_protection": [
                  {
                    "status": "disabled"
                  }
                ]
              }
            ],
            "squash_merge_commit_message": "COMMIT_MESSAGES",
            "squash_merge_commit_title": "COMMIT_OR_PR_TITLE",
            "ssh_clone_url": "git@github.com:asdf-vm-hyperupcall/asdf-lua.git",
            "svn_url": "https://github.com/asdf-vm-hyperupcall/asdf-lua",
            "template": [],
            "topics": null,
            "visibility": "public",
            "vulnerability_alerts": false
          },
          "sensitive_attributes": [],
          "private": "eyJzY2hlbWFfdmVyc2lvbiI6IjEifQ=="
        }
      ]
    },
    {
      "mode": "managed",
      "type": "github_repository",
      "name": "Stratus3D__asdf_rebar",
      "provider": "provider[\"registry.terraform.io/integrations/github\"]",
      "instances": [
        {
          "schema_version": 1,
          "attributes": {
            "allow_auto_merge": false,
            "allow_merge_commit": true,
            "allow_rebase_merge": true,
            "allow_squash_merge": true,
            "allow_update_branch": false,
            "archive_on_destroy": null,
            "archived": false,
            "auto_init": false,
            "default_branch": "main",
            "delete_branch_on_merge": false,
            "description": "Not supported",
            "etag": "W/\"8af5cd8a2ea675ff6df9b0e9f79914c20481ed48e4dfb1fdc5ba92e2826ecb45\"",
            "full_name": "asdf-vm-hyperupcall/asdf-rebar",
            "git_clone_url": "git://github.com/asdf-vm-hyperupcall/asdf-rebar.git",
            "gitignore_template": null,
            "has_discussions": false,
            "has_downloads": false,
            "has_issues": false,
            "has_projects": false,
            "has_wiki": false,
            "homepage_url": "",
            "html_url": "https://github.com/asdf-vm-hyperupcall/asdf-rebar",
            "http_clone_url": "https://github.com/asdf-vm-hyperupcall/asdf-rebar.git",
            "id": "asdf-rebar",
            "ignore_vulnerability_alerts_during_read": null,
            "is_template": false,
            "license_template": null,
            "merge_commit_message": "PR_TITLE",
            "merge_commit_title": "MERGE_MESSAGE",
            "name": "asdf-rebar",
            "node_id": "R_kgDOJ7R1LA",
            "pages": [],
            "private": false,
            "repo_id": 666137900,
            "security_and_analysis": [
              {
                "advanced_security": [],
                "secret_scanning": [
                  {
                    "status": "disabled"
                  }
                ],
                "secret_scanning_push_protection": [
                  {
                    "status": "disabled"
                  }
                ]
              }
            ],
            "squash_merge_commit_message": "COMMIT_MESSAGES",
            "squash_merge_commit_title": "COMMIT_OR_PR_TITLE",
            "ssh_clone_url": "git@github.com:asdf-vm-hyperupcall/asdf-rebar.git",
            "svn_url": "https://github.com/asdf-vm-hyperupcall/asdf-rebar",
            "template": [],
            "topics": null,
            "visibility": "public",
            "vulnerability_alerts": false
          },
          "sensitive_attributes": [],
          "private": "eyJzY2hlbWFfdmVyc2lvbiI6IjEifQ=="
        }
      ]
    },
    {
      "mode": "managed",
      "type": "github_repository",
      "name": "TheOpenDictionary__asdf_flatc",
      "provider": "provider[\"registry.terraform.io/integrations/github\"]",
      "instances": []
    },
    {
      "mode": "managed",
      "type": "github_repository",
      "name": "Traackr__asdf_binnacle",
      "provider": "provider[\"registry.terraform.io/integrations/github\"]",
      "instances": []
    },
    {
      "mode": "managed",
      "type": "github_repository",
      "name": "Xyven1__asdf_rust-analyzer",
      "provider": "provider[\"registry.terraform.io/integrations/github\"]",
      "instances": [
        {
          "schema_version": 1,
          "attributes": {
            "allow_auto_merge": false,
            "allow_merge_commit": true,
            "allow_rebase_merge": true,
            "allow_squash_merge": true,
            "allow_update_branch": false,
            "archive_on_destroy": null,
            "archived": false,
            "auto_init": false,
            "default_branch": "main",
            "delete_branch_on_merge": false,
            "description": "Not supported",
            "etag": "W/\"db8153b22ed6105a3eac8e1786c748692cf0d4acf1b7228198f1f3e858897197\"",
            "full_name": "asdf-vm-hyperupcall/asdf-rust-analyzer",
            "git_clone_url": "git://github.com/asdf-vm-hyperupcall/asdf-rust-analyzer.git",
            "gitignore_template": null,
            "has_discussions": false,
            "has_downloads": false,
            "has_issues": false,
            "has_projects": false,
            "has_wiki": false,
            "homepage_url": "",
            "html_url": "https://github.com/asdf-vm-hyperupcall/asdf-rust-analyzer",
            "http_clone_url": "https://github.com/asdf-vm-hyperupcall/asdf-rust-analyzer.git",
            "id": "asdf-rust-analyzer",
            "ignore_vulnerability_alerts_during_read": null,
            "is_template": false,
            "license_template": null,
            "merge_commit_message": "PR_TITLE",
            "merge_commit_title": "MERGE_MESSAGE",
            "name": "asdf-rust-analyzer",
            "node_id": "R_kgDOJ7Q_7g",
            "pages": [],
            "private": false,
            "repo_id": 666124270,
            "security_and_analysis": [
              {
                "advanced_security": [],
                "secret_scanning": [
                  {
                    "status": "disabled"
                  }
                ],
                "secret_scanning_push_protection": [
                  {
                    "status": "disabled"
                  }
                ]
              }
            ],
            "squash_merge_commit_message": "COMMIT_MESSAGES",
            "squash_merge_commit_title": "COMMIT_OR_PR_TITLE",
            "ssh_clone_url": "git@github.com:asdf-vm-hyperupcall/asdf-rust-analyzer.git",
            "svn_url": "https://github.com/asdf-vm-hyperupcall/asdf-rust-analyzer",
            "template": [],
            "topics": null,
            "visibility": "public",
            "vulnerability_alerts": false
          },
          "sensitive_attributes": [],
          "private": "eyJzY2hlbWFfdmVyc2lvbiI6IjEifQ=="
        }
      ]
    },
    {
      "mode": "managed",
      "type": "github_repository",
      "name": "_0ghny__asdf_gitconfig",
      "provider": "provider[\"registry.terraform.io/integrations/github\"]",
      "instances": [
        {
          "schema_version": 1,
          "attributes": {
            "allow_auto_merge": false,
            "allow_merge_commit": true,
            "allow_rebase_merge": true,
            "allow_squash_merge": true,
            "allow_update_branch": false,
            "archive_on_destroy": null,
            "archived": false,
            "auto_init": false,
            "default_branch": "main",
            "delete_branch_on_merge": false,
            "description": "Not supported",
            "etag": "W/\"1809d5e5da6f4d623f2ac86944bae87d028c99f2af70b503073ce10fe513535d\"",
            "full_name": "asdf-vm-hyperupcall/asdf-gitconfig",
            "git_clone_url": "git://github.com/asdf-vm-hyperupcall/asdf-gitconfig.git",
            "gitignore_template": null,
            "has_discussions": false,
            "has_downloads": false,
            "has_issues": false,
            "has_projects": false,
            "has_wiki": false,
            "homepage_url": "",
            "html_url": "https://github.com/asdf-vm-hyperupcall/asdf-gitconfig",
            "http_clone_url": "https://github.com/asdf-vm-hyperupcall/asdf-gitconfig.git",
            "id": "asdf-gitconfig",
            "ignore_vulnerability_alerts_during_read": null,
            "is_template": false,
            "license_template": null,
            "merge_commit_message": "PR_TITLE",
            "merge_commit_title": "MERGE_MESSAGE",
            "name": "asdf-gitconfig",
            "node_id": "R_kgDOJ7Rs0w",
            "pages": [],
            "private": false,
            "repo_id": 666135763,
            "security_and_analysis": [
              {
                "advanced_security": [],
                "secret_scanning": [
                  {
                    "status": "disabled"
                  }
                ],
                "secret_scanning_push_protection": [
                  {
                    "status": "disabled"
                  }
                ]
              }
            ],
            "squash_merge_commit_message": "COMMIT_MESSAGES",
            "squash_merge_commit_title": "COMMIT_OR_PR_TITLE",
            "ssh_clone_url": "git@github.com:asdf-vm-hyperupcall/asdf-gitconfig.git",
            "svn_url": "https://github.com/asdf-vm-hyperupcall/asdf-gitconfig",
            "template": [],
            "topics": null,
            "visibility": "public",
            "vulnerability_alerts": false
          },
          "sensitive_attributes": [],
          "private": "eyJzY2hlbWFfdmVyc2lvbiI6IjEifQ=="
        }
      ]
    },
    {
      "mode": "managed",
      "type": "github_repository",
      "name": "_0ghny__asdf_tlsgcli",
      "provider": "provider[\"registry.terraform.io/integrations/github\"]",
      "instances": []
    },
    {
      "mode": "managed",
      "type": "github_repository",
      "name": "_1oglop1__asdf_pdm",
      "provider": "provider[\"registry.terraform.io/integrations/github\"]",
      "instances": []
    },
    {
      "mode": "managed",
      "type": "github_repository",
      "name": "aaaaninja__asdf_dhall",
      "provider": "provider[\"registry.terraform.io/integrations/github\"]",
      "instances": [
        {
          "schema_version": 1,
          "attributes": {
            "allow_auto_merge": false,
            "allow_merge_commit": true,
            "allow_rebase_merge": true,
            "allow_squash_merge": true,
            "allow_update_branch": false,
            "archive_on_destroy": null,
            "archived": false,
            "auto_init": false,
            "default_branch": "main",
            "delete_branch_on_merge": false,
            "description": "Not supported",
            "etag": "W/\"eb5c15aa97175e9c89fc3c13095e0a7a9859d751b0b5312e00f22ecebd228485\"",
            "full_name": "asdf-vm-hyperupcall/asdf-dhall",
            "git_clone_url": "git://github.com/asdf-vm-hyperupcall/asdf-dhall.git",
            "gitignore_template": null,
            "has_discussions": false,
            "has_downloads": false,
            "has_issues": false,
            "has_projects": false,
            "has_wiki": false,
            "homepage_url": "",
            "html_url": "https://github.com/asdf-vm-hyperupcall/asdf-dhall",
            "http_clone_url": "https://github.com/asdf-vm-hyperupcall/asdf-dhall.git",
            "id": "asdf-dhall",
            "ignore_vulnerability_alerts_during_read": null,
            "is_template": false,
            "license_template": null,
            "merge_commit_message": "PR_TITLE",
            "merge_commit_title": "MERGE_MESSAGE",
            "name": "asdf-dhall",
            "node_id": "R_kgDOJ7R5XQ",
            "pages": [],
            "private": false,
            "repo_id": 666138973,
            "security_and_analysis": [
              {
                "advanced_security": [],
                "secret_scanning": [
                  {
                    "status": "disabled"
                  }
                ],
                "secret_scanning_push_protection": [
                  {
                    "status": "disabled"
                  }
                ]
              }
            ],
            "squash_merge_commit_message": "COMMIT_MESSAGES",
            "squash_merge_commit_title": "COMMIT_OR_PR_TITLE",
            "ssh_clone_url": "git@github.com:asdf-vm-hyperupcall/asdf-dhall.git",
            "svn_url": "https://github.com/asdf-vm-hyperupcall/asdf-dhall",
            "template": [],
            "topics": null,
            "visibility": "public",
            "vulnerability_alerts": false
          },
          "sensitive_attributes": [],
          "private": "eyJzY2hlbWFfdmVyc2lvbiI6IjEifQ=="
        }
      ]
    },
    {
      "mode": "managed",
      "type": "github_repository",
      "name": "aaaaninja__asdf_mask",
      "provider": "provider[\"registry.terraform.io/integrations/github\"]",
      "instances": []
    },
    {
      "mode": "managed",
      "type": "github_repository",
      "name": "aaaaninja__asdf_yay",
      "provider": "provider[\"registry.terraform.io/integrations/github\"]",
      "instances": [
        {
          "schema_version": 1,
          "attributes": {
            "allow_auto_merge": false,
            "allow_merge_commit": true,
            "allow_rebase_merge": true,
            "allow_squash_merge": true,
            "allow_update_branch": false,
            "archive_on_destroy": null,
            "archived": false,
            "auto_init": false,
            "default_branch": "main",
            "delete_branch_on_merge": false,
            "description": "Not supported",
            "etag": "W/\"affb94876e1606179f8cde5b5cb0ca667e8fbffccd82ef1de8f1ebc5d22d6aff\"",
            "full_name": "asdf-vm-hyperupcall/asdf-yay",
            "git_clone_url": "git://github.com/asdf-vm-hyperupcall/asdf-yay.git",
            "gitignore_template": null,
            "has_discussions": false,
            "has_downloads": false,
            "has_issues": false,
            "has_projects": false,
            "has_wiki": false,
            "homepage_url": "",
            "html_url": "https://github.com/asdf-vm-hyperupcall/asdf-yay",
            "http_clone_url": "https://github.com/asdf-vm-hyperupcall/asdf-yay.git",
            "id": "asdf-yay",
            "ignore_vulnerability_alerts_during_read": null,
            "is_template": false,
            "license_template": null,
            "merge_commit_message": "PR_TITLE",
            "merge_commit_title": "MERGE_MESSAGE",
            "name": "asdf-yay",
            "node_id": "R_kgDOJ7Q60A",
            "pages": [],
            "private": false,
            "repo_id": 666122960,
            "security_and_analysis": [
              {
                "advanced_security": [],
                "secret_scanning": [
                  {
                    "status": "disabled"
                  }
                ],
                "secret_scanning_push_protection": [
                  {
                    "status": "disabled"
                  }
                ]
              }
            ],
            "squash_merge_commit_message": "COMMIT_MESSAGES",
            "squash_merge_commit_title": "COMMIT_OR_PR_TITLE",
            "ssh_clone_url": "git@github.com:asdf-vm-hyperupcall/asdf-yay.git",
            "svn_url": "https://github.com/asdf-vm-hyperupcall/asdf-yay",
            "template": [],
            "topics": null,
            "visibility": "public",
            "vulnerability_alerts": false
          },
          "sensitive_attributes": [],
          "private": "eyJzY2hlbWFfdmVyc2lvbiI6IjEifQ=="
        }
      ]
    },
    {
      "mode": "managed",
      "type": "github_repository",
      "name": "aabouzaid__asdf_venom",
      "provider": "provider[\"registry.terraform.io/integrations/github\"]",
      "instances": [
        {
          "schema_version": 1,
          "attributes": {
            "allow_auto_merge": false,
            "allow_merge_commit": true,
            "allow_rebase_merge": true,
            "allow_squash_merge": true,
            "allow_update_branch": false,
            "archive_on_destroy": null,
            "archived": false,
            "auto_init": false,
            "default_branch": "main",
            "delete_branch_on_merge": false,
            "description": "Not supported",
            "etag": "W/\"ebb741ae441a201253d3ffa10dea5b94085679a5ea209ad40eae8407baab4b81\"",
            "full_name": "asdf-vm-hyperupcall/asdf-venom",
            "git_clone_url": "git://github.com/asdf-vm-hyperupcall/asdf-venom.git",
            "gitignore_template": null,
            "has_discussions": false,
            "has_downloads": false,
            "has_issues": false,
            "has_projects": false,
            "has_wiki": false,
            "homepage_url": "",
            "html_url": "https://github.com/asdf-vm-hyperupcall/asdf-venom",
            "http_clone_url": "https://github.com/asdf-vm-hyperupcall/asdf-venom.git",
            "id": "asdf-venom",
            "ignore_vulnerability_alerts_during_read": null,
            "is_template": false,
            "license_template": null,
            "merge_commit_message": "PR_TITLE",
            "merge_commit_title": "MERGE_MESSAGE",
            "name": "asdf-venom",
            "node_id": "R_kgDOJ7RDvQ",
            "pages": [],
            "private": false,
            "repo_id": 666125245,
            "security_and_analysis": [
              {
                "advanced_security": [],
                "secret_scanning": [
                  {
                    "status": "disabled"
                  }
                ],
                "secret_scanning_push_protection": [
                  {
                    "status": "disabled"
                  }
                ]
              }
            ],
            "squash_merge_commit_message": "COMMIT_MESSAGES",
            "squash_merge_commit_title": "COMMIT_OR_PR_TITLE",
            "ssh_clone_url": "git@github.com:asdf-vm-hyperupcall/asdf-venom.git",
            "svn_url": "https://github.com/asdf-vm-hyperupcall/asdf-venom",
            "template": [],
            "topics": null,
            "visibility": "public",
            "vulnerability_alerts": false
          },
          "sensitive_attributes": [],
          "private": "eyJzY2hlbWFfdmVyc2lvbiI6IjEifQ=="
        }
      ]
    },
    {
      "mode": "managed",
      "type": "github_repository",
      "name": "abatilo__asdf_argo-rollouts",
      "provider": "provider[\"registry.terraform.io/integrations/github\"]",
      "instances": [
        {
          "schema_version": 1,
          "attributes": {
            "allow_auto_merge": false,
            "allow_merge_commit": true,
            "allow_rebase_merge": true,
            "allow_squash_merge": true,
            "allow_update_branch": false,
            "archive_on_destroy": null,
            "archived": false,
            "auto_init": false,
            "default_branch": "main",
            "delete_branch_on_merge": false,
            "description": "Not supported",
            "etag": "W/\"212c8b6d8fd0725bfe5fc4bc86543a8b9dcdfff52144a14d1002a6d73ce01e1d\"",
            "full_name": "asdf-vm-hyperupcall/asdf-argo-rollouts",
            "git_clone_url": "git://github.com/asdf-vm-hyperupcall/asdf-argo-rollouts.git",
            "gitignore_template": null,
            "has_discussions": false,
            "has_downloads": false,
            "has_issues": false,
            "has_projects": false,
            "has_wiki": false,
            "homepage_url": "",
            "html_url": "https://github.com/asdf-vm-hyperupcall/asdf-argo-rollouts",
            "http_clone_url": "https://github.com/asdf-vm-hyperupcall/asdf-argo-rollouts.git",
            "id": "asdf-argo-rollouts",
            "ignore_vulnerability_alerts_during_read": null,
            "is_template": false,
            "license_template": null,
            "merge_commit_message": "PR_TITLE",
            "merge_commit_title": "MERGE_MESSAGE",
            "name": "asdf-argo-rollouts",
            "node_id": "R_kgDOJ7Ru5Q",
            "pages": [],
            "private": false,
            "repo_id": 666136293,
            "security_and_analysis": [
              {
                "advanced_security": [],
                "secret_scanning": [
                  {
                    "status": "disabled"
                  }
                ],
                "secret_scanning_push_protection": [
                  {
                    "status": "disabled"
                  }
                ]
              }
            ],
            "squash_merge_commit_message": "COMMIT_MESSAGES",
            "squash_merge_commit_title": "COMMIT_OR_PR_TITLE",
            "ssh_clone_url": "git@github.com:asdf-vm-hyperupcall/asdf-argo-rollouts.git",
            "svn_url": "https://github.com/asdf-vm-hyperupcall/asdf-argo-rollouts",
            "template": [],
            "topics": null,
            "visibility": "public",
            "vulnerability_alerts": false
          },
          "sensitive_attributes": [],
          "private": "eyJzY2hlbWFfdmVyc2lvbiI6IjEifQ=="
        }
      ]
    },
    {
      "mode": "managed",
      "type": "github_repository",
      "name": "abatilo__asdf_httpie-go",
      "provider": "provider[\"registry.terraform.io/integrations/github\"]",
      "instances": [
        {
          "schema_version": 1,
          "attributes": {
            "allow_auto_merge": false,
            "allow_merge_commit": true,
            "allow_rebase_merge": true,
            "allow_squash_merge": true,
            "allow_update_branch": false,
            "archive_on_destroy": null,
            "archived": false,
            "auto_init": false,
            "default_branch": "main",
            "delete_branch_on_merge": false,
            "description": "Not supported",
            "etag": "W/\"2cee3866f2ccc5e1b1fcbbcc6ca83f0b38887052bd5e623e4c1381cb7f7a2b18\"",
            "full_name": "asdf-vm-hyperupcall/asdf-httpie-go",
            "git_clone_url": "git://github.com/asdf-vm-hyperupcall/asdf-httpie-go.git",
            "gitignore_template": null,
            "has_discussions": false,
            "has_downloads": false,
            "has_issues": false,
            "has_projects": false,
            "has_wiki": false,
            "homepage_url": "",
            "html_url": "https://github.com/asdf-vm-hyperupcall/asdf-httpie-go",
            "http_clone_url": "https://github.com/asdf-vm-hyperupcall/asdf-httpie-go.git",
            "id": "asdf-httpie-go",
            "ignore_vulnerability_alerts_during_read": null,
            "is_template": false,
            "license_template": null,
            "merge_commit_message": "PR_TITLE",
            "merge_commit_title": "MERGE_MESSAGE",
            "name": "asdf-httpie-go",
            "node_id": "R_kgDOJ7RBDA",
            "pages": [],
            "private": false,
            "repo_id": 666124556,
            "security_and_analysis": [
              {
                "advanced_security": [],
                "secret_scanning": [
                  {
                    "status": "disabled"
                  }
                ],
                "secret_scanning_push_protection": [
                  {
                    "status": "disabled"
                  }
                ]
              }
            ],
            "squash_merge_commit_message": "COMMIT_MESSAGES",
            "squash_merge_commit_title": "COMMIT_OR_PR_TITLE",
            "ssh_clone_url": "git@github.com:asdf-vm-hyperupcall/asdf-httpie-go.git",
            "svn_url": "https://github.com/asdf-vm-hyperupcall/asdf-httpie-go",
            "template": [],
            "topics": null,
            "visibility": "public",
            "vulnerability_alerts": false
          },
          "sensitive_attributes": [],
          "private": "eyJzY2hlbWFfdmVyc2lvbiI6IjEifQ=="
        }
      ]
    },
    {
      "mode": "managed",
      "type": "github_repository",
      "name": "abatilo__asdf_pachctl",
      "provider": "provider[\"registry.terraform.io/integrations/github\"]",
      "instances": [
        {
          "schema_version": 1,
          "attributes": {
            "allow_auto_merge": false,
            "allow_merge_commit": true,
            "allow_rebase_merge": true,
            "allow_squash_merge": true,
            "allow_update_branch": false,
            "archive_on_destroy": null,
            "archived": false,
            "auto_init": false,
            "default_branch": "main",
            "delete_branch_on_merge": false,
            "description": "Not supported",
            "etag": "W/\"52c6df0ca25989175e86bb37c832069d9da2959a21f9845b90ca912a67f26e08\"",
            "full_name": "asdf-vm-hyperupcall/asdf-pachctl",
            "git_clone_url": "git://github.com/asdf-vm-hyperupcall/asdf-pachctl.git",
            "gitignore_template": null,
            "has_discussions": false,
            "has_downloads": false,
            "has_issues": false,
            "has_projects": false,
            "has_wiki": false,
            "homepage_url": "",
            "html_url": "https://github.com/asdf-vm-hyperupcall/asdf-pachctl",
            "http_clone_url": "https://github.com/asdf-vm-hyperupcall/asdf-pachctl.git",
            "id": "asdf-pachctl",
            "ignore_vulnerability_alerts_during_read": null,
            "is_template": false,
            "license_template": null,
            "merge_commit_message": "PR_TITLE",
            "merge_commit_title": "MERGE_MESSAGE",
            "name": "asdf-pachctl",
            "node_id": "R_kgDOJ7RtCQ",
            "pages": [],
            "private": false,
            "repo_id": 666135817,
            "security_and_analysis": [
              {
                "advanced_security": [],
                "secret_scanning": [
                  {
                    "status": "disabled"
                  }
                ],
                "secret_scanning_push_protection": [
                  {
                    "status": "disabled"
                  }
                ]
              }
            ],
            "squash_merge_commit_message": "COMMIT_MESSAGES",
            "squash_merge_commit_title": "COMMIT_OR_PR_TITLE",
            "ssh_clone_url": "git@github.com:asdf-vm-hyperupcall/asdf-pachctl.git",
            "svn_url": "https://github.com/asdf-vm-hyperupcall/asdf-pachctl",
            "template": [],
            "topics": null,
            "visibility": "public",
            "vulnerability_alerts": false
          },
          "sensitive_attributes": [],
          "private": "eyJzY2hlbWFfdmVyc2lvbiI6IjEifQ=="
        }
      ]
    },
    {
      "mode": "managed",
      "type": "github_repository",
      "name": "abinet__asdf_rancher",
      "provider": "provider[\"registry.terraform.io/integrations/github\"]",
      "instances": []
    },
    {
      "mode": "managed",
      "type": "github_repository",
      "name": "abinet__asdf_riff",
      "provider": "provider[\"registry.terraform.io/integrations/github\"]",
      "instances": []
    },
    {
      "mode": "managed",
      "type": "github_repository",
      "name": "acj__asdf_ffmpeg",
      "provider": "provider[\"registry.terraform.io/integrations/github\"]",
      "instances": [
        {
          "schema_version": 1,
          "attributes": {
            "allow_auto_merge": false,
            "allow_merge_commit": true,
            "allow_rebase_merge": true,
            "allow_squash_merge": true,
            "allow_update_branch": false,
            "archive_on_destroy": null,
            "archived": false,
            "auto_init": false,
            "default_branch": "main",
            "delete_branch_on_merge": false,
            "description": "Not supported",
            "etag": "W/\"a73e47950a33b9fa090521cdc7a534ef4715747ff5ec9fc2d19a6d5c8e57671a\"",
            "full_name": "asdf-vm-hyperupcall/asdf-ffmpeg",
            "git_clone_url": "git://github.com/asdf-vm-hyperupcall/asdf-ffmpeg.git",
            "gitignore_template": null,
            "has_discussions": false,
            "has_downloads": false,
            "has_issues": false,
            "has_projects": false,
            "has_wiki": false,
            "homepage_url": "",
            "html_url": "https://github.com/asdf-vm-hyperupcall/asdf-ffmpeg",
            "http_clone_url": "https://github.com/asdf-vm-hyperupcall/asdf-ffmpeg.git",
            "id": "asdf-ffmpeg",
            "ignore_vulnerability_alerts_during_read": null,
            "is_template": false,
            "license_template": null,
            "merge_commit_message": "PR_TITLE",
            "merge_commit_title": "MERGE_MESSAGE",
            "name": "asdf-ffmpeg",
            "node_id": "R_kgDOJ7R6mw",
            "pages": [],
            "private": false,
            "repo_id": 666139291,
            "security_and_analysis": [
              {
                "advanced_security": [],
                "secret_scanning": [
                  {
                    "status": "disabled"
                  }
                ],
                "secret_scanning_push_protection": [
                  {
                    "status": "disabled"
                  }
                ]
              }
            ],
            "squash_merge_commit_message": "COMMIT_MESSAGES",
            "squash_merge_commit_title": "COMMIT_OR_PR_TITLE",
            "ssh_clone_url": "git@github.com:asdf-vm-hyperupcall/asdf-ffmpeg.git",
            "svn_url": "https://github.com/asdf-vm-hyperupcall/asdf-ffmpeg",
            "template": [],
            "topics": null,
            "visibility": "public",
            "vulnerability_alerts": false
          },
          "sensitive_attributes": [],
          "private": "eyJzY2hlbWFfdmVyc2lvbiI6IjEifQ=="
        }
      ]
    },
    {
      "mode": "managed",
      "type": "github_repository",
      "name": "adamcrews__asdf_aws-sso-cli",
      "provider": "provider[\"registry.terraform.io/integrations/github\"]",
      "instances": [
        {
          "schema_version": 1,
          "attributes": {
            "allow_auto_merge": false,
            "allow_merge_commit": true,
            "allow_rebase_merge": true,
            "allow_squash_merge": true,
            "allow_update_branch": false,
            "archive_on_destroy": null,
            "archived": false,
            "auto_init": false,
            "default_branch": "main",
            "delete_branch_on_merge": false,
            "description": "Not supported",
            "etag": "W/\"6fc024a900a139c5b9e3f143f3316e622bf7d9e442303afef8e691e6d3c3a725\"",
            "full_name": "asdf-vm-hyperupcall/asdf-aws-sso-cli",
            "git_clone_url": "git://github.com/asdf-vm-hyperupcall/asdf-aws-sso-cli.git",
            "gitignore_template": null,
            "has_discussions": false,
            "has_downloads": false,
            "has_issues": false,
            "has_projects": false,
            "has_wiki": false,
            "homepage_url": "",
            "html_url": "https://github.com/asdf-vm-hyperupcall/asdf-aws-sso-cli",
            "http_clone_url": "https://github.com/asdf-vm-hyperupcall/asdf-aws-sso-cli.git",
            "id": "asdf-aws-sso-cli",
            "ignore_vulnerability_alerts_during_read": null,
            "is_template": false,
            "license_template": null,
            "merge_commit_message": "PR_TITLE",
            "merge_commit_title": "MERGE_MESSAGE",
            "name": "asdf-aws-sso-cli",
            "node_id": "R_kgDOJ7Q7wA",
            "pages": [],
            "private": false,
            "repo_id": 666123200,
            "security_and_analysis": [
              {
                "advanced_security": [],
                "secret_scanning": [
                  {
                    "status": "disabled"
                  }
                ],
                "secret_scanning_push_protection": [
                  {
                    "status": "disabled"
                  }
                ]
              }
            ],
            "squash_merge_commit_message": "COMMIT_MESSAGES",
            "squash_merge_commit_title": "COMMIT_OR_PR_TITLE",
            "ssh_clone_url": "git@github.com:asdf-vm-hyperupcall/asdf-aws-sso-cli.git",
            "svn_url": "https://github.com/asdf-vm-hyperupcall/asdf-aws-sso-cli",
            "template": [],
            "topics": null,
            "visibility": "public",
            "vulnerability_alerts": false
          },
          "sensitive_attributes": [],
          "private": "eyJzY2hlbWFfdmVyc2lvbiI6IjEifQ=="
        }
      ]
    },
    {
      "mode": "managed",
      "type": "github_repository",
      "name": "adamcrews__asdf_tf-summarize",
      "provider": "provider[\"registry.terraform.io/integrations/github\"]",
      "instances": []
    },
    {
      "mode": "managed",
      "type": "github_repository",
      "name": "aeons__asdf_minio",
      "provider": "provider[\"registry.terraform.io/integrations/github\"]",
      "instances": [
        {
          "schema_version": 1,
          "attributes": {
            "allow_auto_merge": false,
            "allow_merge_commit": true,
            "allow_rebase_merge": true,
            "allow_squash_merge": true,
            "allow_update_branch": false,
            "archive_on_destroy": null,
            "archived": false,
            "auto_init": false,
            "default_branch": "main",
            "delete_branch_on_merge": false,
            "description": "Not supported",
            "etag": "W/\"0504822f75e26ca9c23eac71212974b365737c409e465e7922d8e711ddca07f8\"",
            "full_name": "asdf-vm-hyperupcall/asdf-minio",
            "git_clone_url": "git://github.com/asdf-vm-hyperupcall/asdf-minio.git",
            "gitignore_template": null,
            "has_discussions": false,
            "has_downloads": false,
            "has_issues": false,
            "has_projects": false,
            "has_wiki": false,
            "homepage_url": "",
            "html_url": "https://github.com/asdf-vm-hyperupcall/asdf-minio",
            "http_clone_url": "https://github.com/asdf-vm-hyperupcall/asdf-minio.git",
            "id": "asdf-minio",
            "ignore_vulnerability_alerts_during_read": null,
            "is_template": false,
            "license_template": null,
            "merge_commit_message": "PR_TITLE",
            "merge_commit_title": "MERGE_MESSAGE",
            "name": "asdf-minio",
            "node_id": "R_kgDOJ7Rs_Q",
            "pages": [],
            "private": false,
            "repo_id": 666135805,
            "security_and_analysis": [
              {
                "advanced_security": [],
                "secret_scanning": [
                  {
                    "status": "disabled"
                  }
                ],
                "secret_scanning_push_protection": [
                  {
                    "status": "disabled"
                  }
                ]
              }
            ],
            "squash_merge_commit_message": "COMMIT_MESSAGES",
            "squash_merge_commit_title": "COMMIT_OR_PR_TITLE",
            "ssh_clone_url": "git@github.com:asdf-vm-hyperupcall/asdf-minio.git",
            "svn_url": "https://github.com/asdf-vm-hyperupcall/asdf-minio",
            "template": [],
            "topics": null,
            "visibility": "public",
            "vulnerability_alerts": false
          },
          "sensitive_attributes": [],
          "private": "eyJzY2hlbWFfdmVyc2lvbiI6IjEifQ=="
        }
      ]
    },
    {
      "mode": "managed",
      "type": "github_repository",
      "name": "airtonix__asdf_patat",
      "provider": "provider[\"registry.terraform.io/integrations/github\"]",
      "instances": []
    },
    {
      "mode": "managed",
      "type": "github_repository",
      "name": "airtonix__asdf_xc",
      "provider": "provider[\"registry.terraform.io/integrations/github\"]",
      "instances": []
    },
    {
      "mode": "managed",
      "type": "github_repository",
      "name": "albarralnunez__asdf_plugin-scaleway-cli",
      "provider": "provider[\"registry.terraform.io/integrations/github\"]",
      "instances": []
    },
    {
      "mode": "managed",
      "type": "github_repository",
      "name": "alisaifee__asdf_thrift",
      "provider": "provider[\"registry.terraform.io/integrations/github\"]",
      "instances": []
    },
    {
      "mode": "managed",
      "type": "github_repository",
      "name": "alvarobp__asdf_minikube",
      "provider": "provider[\"registry.terraform.io/integrations/github\"]",
      "instances": []
    },
    {
      "mode": "managed",
      "type": "github_repository",
      "name": "amrox__asdf_pyapp",
      "provider": "provider[\"registry.terraform.io/integrations/github\"]",
      "instances": []
    },
    {
      "mode": "managed",
      "type": "github_repository",
      "name": "andrewthauer__asdf_alias",
      "provider": "provider[\"registry.terraform.io/integrations/github\"]",
      "instances": []
    },
    {
      "mode": "managed",
      "type": "github_repository",
      "name": "andweeb__asdf_delta",
      "provider": "provider[\"registry.terraform.io/integrations/github\"]",
      "instances": [
        {
          "schema_version": 1,
          "attributes": {
            "allow_auto_merge": false,
            "allow_merge_commit": true,
            "allow_rebase_merge": true,
            "allow_squash_merge": true,
            "allow_update_branch": false,
            "archive_on_destroy": null,
            "archived": false,
            "auto_init": false,
            "default_branch": "main",
            "delete_branch_on_merge": false,
            "description": "Not supported",
            "etag": "W/\"954501d4a7b844a21f9b8abcea01d9dd49f9cd5c5f01a8edb68211f13af83d9b\"",
            "full_name": "asdf-vm-hyperupcall/asdf-delta",
            "git_clone_url": "git://github.com/asdf-vm-hyperupcall/asdf-delta.git",
            "gitignore_template": null,
            "has_discussions": false,
            "has_downloads": false,
            "has_issues": false,
            "has_projects": false,
            "has_wiki": false,
            "homepage_url": "",
            "html_url": "https://github.com/asdf-vm-hyperupcall/asdf-delta",
            "http_clone_url": "https://github.com/asdf-vm-hyperupcall/asdf-delta.git",
            "id": "asdf-delta",
            "ignore_vulnerability_alerts_during_read": null,
            "is_template": false,
            "license_template": null,
            "merge_commit_message": "PR_TITLE",
            "merge_commit_title": "MERGE_MESSAGE",
            "name": "asdf-delta",
            "node_id": "R_kgDOJ7REww",
            "pages": [],
            "private": false,
            "repo_id": 666125507,
            "security_and_analysis": [
              {
                "advanced_security": [],
                "secret_scanning": [
                  {
                    "status": "disabled"
                  }
                ],
                "secret_scanning_push_protection": [
                  {
                    "status": "disabled"
                  }
                ]
              }
            ],
            "squash_merge_commit_message": "COMMIT_MESSAGES",
            "squash_merge_commit_title": "COMMIT_OR_PR_TITLE",
            "ssh_clone_url": "git@github.com:asdf-vm-hyperupcall/asdf-delta.git",
            "svn_url": "https://github.com/asdf-vm-hyperupcall/asdf-delta",
            "template": [],
            "topics": null,
            "visibility": "public",
            "vulnerability_alerts": false
          },
          "sensitive_attributes": [],
          "private": "eyJzY2hlbWFfdmVyc2lvbiI6IjEifQ=="
        }
      ]
    },
    {
      "mode": "managed",
      "type": "github_repository",
      "name": "anweber__asdf_kafkactl",
      "provider": "provider[\"registry.terraform.io/integrations/github\"]",
      "instances": []
    },
    {
      "mode": "managed",
      "type": "github_repository",
      "name": "anweber__asdf_mani",
      "provider": "provider[\"registry.terraform.io/integrations/github\"]",
      "instances": []
    },
    {
      "mode": "managed",
      "type": "github_repository",
      "name": "aphecetche__asdf_tmux",
      "provider": "provider[\"registry.terraform.io/integrations/github\"]",
      "instances": []
    },
    {
      "mode": "managed",
      "type": "github_repository",
      "name": "asdf_community__asdf-alp",
      "provider": "provider[\"registry.terraform.io/integrations/github\"]",
      "instances": [
        {
          "schema_version": 1,
          "attributes": {
            "allow_auto_merge": false,
            "allow_merge_commit": true,
            "allow_rebase_merge": true,
            "allow_squash_merge": true,
            "allow_update_branch": false,
            "archive_on_destroy": null,
            "archived": false,
            "auto_init": false,
            "default_branch": "main",
            "delete_branch_on_merge": false,
            "description": "Not supported",
            "etag": "W/\"08c10597c9425d955fdfdb63e441aaf6df810b69495bd4e4ce0f2e7a4f2ce2ce\"",
            "full_name": "asdf-vm-hyperupcall/asdf-alp",
            "git_clone_url": "git://github.com/asdf-vm-hyperupcall/asdf-alp.git",
            "gitignore_template": null,
            "has_discussions": false,
            "has_downloads": false,
            "has_issues": false,
            "has_projects": false,
            "has_wiki": false,
            "homepage_url": "",
            "html_url": "https://github.com/asdf-vm-hyperupcall/asdf-alp",
            "http_clone_url": "https://github.com/asdf-vm-hyperupcall/asdf-alp.git",
            "id": "asdf-alp",
            "ignore_vulnerability_alerts_during_read": null,
            "is_template": false,
            "license_template": null,
            "merge_commit_message": "PR_TITLE",
            "merge_commit_title": "MERGE_MESSAGE",
            "name": "asdf-alp",
            "node_id": "R_kgDOJ7R1bw",
            "pages": [],
            "private": false,
            "repo_id": 666137967,
            "security_and_analysis": [
              {
                "advanced_security": [],
                "secret_scanning": [
                  {
                    "status": "disabled"
                  }
                ],
                "secret_scanning_push_protection": [
                  {
                    "status": "disabled"
                  }
                ]
              }
            ],
            "squash_merge_commit_message": "COMMIT_MESSAGES",
            "squash_merge_commit_title": "COMMIT_OR_PR_TITLE",
            "ssh_clone_url": "git@github.com:asdf-vm-hyperupcall/asdf-alp.git",
            "svn_url": "https://github.com/asdf-vm-hyperupcall/asdf-alp",
            "template": [],
            "topics": null,
            "visibility": "public",
            "vulnerability_alerts": false
          },
          "sensitive_attributes": [],
          "private": "eyJzY2hlbWFfdmVyc2lvbiI6IjEifQ=="
        }
      ]
    },
    {
      "mode": "managed",
      "type": "github_repository",
      "name": "asdf_community__asdf-aria2",
      "provider": "provider[\"registry.terraform.io/integrations/github\"]",
      "instances": []
    },
    {
      "mode": "managed",
      "type": "github_repository",
      "name": "asdf_community__asdf-ccache",
      "provider": "provider[\"registry.terraform.io/integrations/github\"]",
      "instances": []
    },
    {
      "mode": "managed",
      "type": "github_repository",
      "name": "asdf_community__asdf-chezscheme",
      "provider": "provider[\"registry.terraform.io/integrations/github\"]",
      "instances": []
    },
    {
      "mode": "managed",
      "type": "github_repository",
      "name": "asdf_community__asdf-clojure",
      "provider": "provider[\"registry.terraform.io/integrations/github\"]",
      "instances": [
        {
          "schema_version": 1,
          "attributes": {
            "allow_auto_merge": false,
            "allow_merge_commit": true,
            "allow_rebase_merge": true,
            "allow_squash_merge": true,
            "allow_update_branch": false,
            "archive_on_destroy": null,
            "archived": false,
            "auto_init": false,
            "default_branch": "main",
            "delete_branch_on_merge": false,
            "description": "Not supported",
            "etag": "W/\"dc76cbd8c48bd4cffe977b536785ed162c27142556b816a172a59311afcfbc28\"",
            "full_name": "asdf-vm-hyperupcall/asdf-clojure",
            "git_clone_url": "git://github.com/asdf-vm-hyperupcall/asdf-clojure.git",
            "gitignore_template": null,
            "has_discussions": false,
            "has_downloads": false,
            "has_issues": false,
            "has_projects": false,
            "has_wiki": false,
            "homepage_url": "",
            "html_url": "https://github.com/asdf-vm-hyperupcall/asdf-clojure",
            "http_clone_url": "https://github.com/asdf-vm-hyperupcall/asdf-clojure.git",
            "id": "asdf-clojure",
            "ignore_vulnerability_alerts_during_read": null,
            "is_template": false,
            "license_template": null,
            "merge_commit_message": "PR_TITLE",
            "merge_commit_title": "MERGE_MESSAGE",
            "name": "asdf-clojure",
            "node_id": "R_kgDOJ7REow",
            "pages": [],
            "private": false,
            "repo_id": 666125475,
            "security_and_analysis": [
              {
                "advanced_security": [],
                "secret_scanning": [
                  {
                    "status": "disabled"
                  }
                ],
                "secret_scanning_push_protection": [
                  {
                    "status": "disabled"
                  }
                ]
              }
            ],
            "squash_merge_commit_message": "COMMIT_MESSAGES",
            "squash_merge_commit_title": "COMMIT_OR_PR_TITLE",
            "ssh_clone_url": "git@github.com:asdf-vm-hyperupcall/asdf-clojure.git",
            "svn_url": "https://github.com/asdf-vm-hyperupcall/asdf-clojure",
            "template": [],
            "topics": null,
            "visibility": "public",
            "vulnerability_alerts": false
          },
          "sensitive_attributes": [],
          "private": "eyJzY2hlbWFfdmVyc2lvbiI6IjEifQ=="
        }
      ]
    },
    {
      "mode": "managed",
      "type": "github_repository",
      "name": "asdf_community__asdf-cmake",
      "provider": "provider[\"registry.terraform.io/integrations/github\"]",
      "instances": []
    },
    {
      "mode": "managed",
      "type": "github_repository",
      "name": "asdf_community__asdf-cmctl",
      "provider": "provider[\"registry.terraform.io/integrations/github\"]",
      "instances": [
        {
          "schema_version": 1,
          "attributes": {
            "allow_auto_merge": false,
            "allow_merge_commit": true,
            "allow_rebase_merge": true,
            "allow_squash_merge": true,
            "allow_update_branch": false,
            "archive_on_destroy": null,
            "archived": false,
            "auto_init": false,
            "default_branch": "main",
            "delete_branch_on_merge": false,
            "description": "Not supported",
            "etag": "W/\"5e19b2bc1736cc157abaf0b1e55b6ed4691d9ff942fad199c0680b189edf640f\"",
            "full_name": "asdf-vm-hyperupcall/asdf-cmctl",
            "git_clone_url": "git://github.com/asdf-vm-hyperupcall/asdf-cmctl.git",
            "gitignore_template": null,
            "has_discussions": false,
            "has_downloads": false,
            "has_issues": false,
            "has_projects": false,
            "has_wiki": false,
            "homepage_url": "",
            "html_url": "https://github.com/asdf-vm-hyperupcall/asdf-cmctl",
            "http_clone_url": "https://github.com/asdf-vm-hyperupcall/asdf-cmctl.git",
            "id": "asdf-cmctl",
            "ignore_vulnerability_alerts_during_read": null,
            "is_template": false,
            "license_template": null,
            "merge_commit_message": "PR_TITLE",
            "merge_commit_title": "MERGE_MESSAGE",
            "name": "asdf-cmctl",
            "node_id": "R_kgDOJ7RAUw",
            "pages": [],
            "private": false,
            "repo_id": 666124371,
            "security_and_analysis": [
              {
                "advanced_security": [],
                "secret_scanning": [
                  {
                    "status": "disabled"
                  }
                ],
                "secret_scanning_push_protection": [
                  {
                    "status": "disabled"
                  }
                ]
              }
            ],
            "squash_merge_commit_message": "COMMIT_MESSAGES",
            "squash_merge_commit_title": "COMMIT_OR_PR_TITLE",
            "ssh_clone_url": "git@github.com:asdf-vm-hyperupcall/asdf-cmctl.git",
            "svn_url": "https://github.com/asdf-vm-hyperupcall/asdf-cmctl",
            "template": [],
            "topics": null,
            "visibility": "public",
            "vulnerability_alerts": false
          },
          "sensitive_attributes": [],
          "private": "eyJzY2hlbWFfdmVyc2lvbiI6IjEifQ=="
        }
      ]
    },
    {
      "mode": "managed",
      "type": "github_repository",
      "name": "asdf_community__asdf-crystal",
      "provider": "provider[\"registry.terraform.io/integrations/github\"]",
      "instances": []
    },
    {
      "mode": "managed",
      "type": "github_repository",
      "name": "asdf_community__asdf-cue",
      "provider": "provider[\"registry.terraform.io/integrations/github\"]",
      "instances": []
    },
    {
      "mode": "managed",
      "type": "github_repository",
      "name": "asdf_community__asdf-dasel",
      "provider": "provider[\"registry.terraform.io/integrations/github\"]",
      "instances": []
    },
    {
      "mode": "managed",
      "type": "github_repository",
      "name": "asdf_community__asdf-deno",
      "provider": "provider[\"registry.terraform.io/integrations/github\"]",
      "instances": [
        {
          "schema_version": 1,
          "attributes": {
            "allow_auto_merge": false,
            "allow_merge_commit": true,
            "allow_rebase_merge": true,
            "allow_squash_merge": true,
            "allow_update_branch": false,
            "archive_on_destroy": null,
            "archived": false,
            "auto_init": false,
            "default_branch": "main",
            "delete_branch_on_merge": false,
            "description": "Not supported",
            "etag": "W/\"5847bc13d2152397ef3320a09f3f7e465af7644d2e148b70165e08e961d75c24\"",
            "full_name": "asdf-vm-hyperupcall/asdf-deno",
            "git_clone_url": "git://github.com/asdf-vm-hyperupcall/asdf-deno.git",
            "gitignore_template": null,
            "has_discussions": false,
            "has_downloads": false,
            "has_issues": false,
            "has_projects": false,
            "has_wiki": false,
            "homepage_url": "",
            "html_url": "https://github.com/asdf-vm-hyperupcall/asdf-deno",
            "http_clone_url": "https://github.com/asdf-vm-hyperupcall/asdf-deno.git",
            "id": "asdf-deno",
            "ignore_vulnerability_alerts_during_read": null,
            "is_template": false,
            "license_template": null,
            "merge_commit_message": "PR_TITLE",
            "merge_commit_title": "MERGE_MESSAGE",
            "name": "asdf-deno",
            "node_id": "R_kgDOJ7Q3IA",
            "pages": [],
            "private": false,
            "repo_id": 666122016,
            "security_and_analysis": [
              {
                "advanced_security": [],
                "secret_scanning": [
                  {
                    "status": "disabled"
                  }
                ],
                "secret_scanning_push_protection": [
                  {
                    "status": "disabled"
                  }
                ]
              }
            ],
            "squash_merge_commit_message": "COMMIT_MESSAGES",
            "squash_merge_commit_title": "COMMIT_OR_PR_TITLE",
            "ssh_clone_url": "git@github.com:asdf-vm-hyperupcall/asdf-deno.git",
            "svn_url": "https://github.com/asdf-vm-hyperupcall/asdf-deno",
            "template": [],
            "topics": null,
            "visibility": "public",
            "vulnerability_alerts": false
          },
          "sensitive_attributes": [],
          "private": "eyJzY2hlbWFfdmVyc2lvbiI6IjEifQ=="
        }
      ]
    },
    {
      "mode": "managed",
      "type": "github_repository",
      "name": "asdf_community__asdf-direnv",
      "provider": "provider[\"registry.terraform.io/integrations/github\"]",
      "instances": [
        {
          "schema_version": 1,
          "attributes": {
            "allow_auto_merge": false,
            "allow_merge_commit": true,
            "allow_rebase_merge": true,
            "allow_squash_merge": true,
            "allow_update_branch": false,
            "archive_on_destroy": null,
            "archived": false,
            "auto_init": false,
            "default_branch": "main",
            "delete_branch_on_merge": false,
            "description": "Not supported",
            "etag": "W/\"c60a1538a6c60b0211a65db36168de6d066483ec1720923153d8d972750ba8f4\"",
            "full_name": "asdf-vm-hyperupcall/asdf-direnv",
            "git_clone_url": "git://github.com/asdf-vm-hyperupcall/asdf-direnv.git",
            "gitignore_template": null,
            "has_discussions": false,
            "has_downloads": false,
            "has_issues": false,
            "has_projects": false,
            "has_wiki": false,
            "homepage_url": "",
            "html_url": "https://github.com/asdf-vm-hyperupcall/asdf-direnv",
            "http_clone_url": "https://github.com/asdf-vm-hyperupcall/asdf-direnv.git",
            "id": "asdf-direnv",
            "ignore_vulnerability_alerts_during_read": null,
            "is_template": false,
            "license_template": null,
            "merge_commit_message": "PR_TITLE",
            "merge_commit_title": "MERGE_MESSAGE",
            "name": "asdf-direnv",
            "node_id": "R_kgDOJ7Rrzw",
            "pages": [],
            "private": false,
            "repo_id": 666135503,
            "security_and_analysis": [
              {
                "advanced_security": [],
                "secret_scanning": [
                  {
                    "status": "disabled"
                  }
                ],
                "secret_scanning_push_protection": [
                  {
                    "status": "disabled"
                  }
                ]
              }
            ],
            "squash_merge_commit_message": "COMMIT_MESSAGES",
            "squash_merge_commit_title": "COMMIT_OR_PR_TITLE",
            "ssh_clone_url": "git@github.com:asdf-vm-hyperupcall/asdf-direnv.git",
            "svn_url": "https://github.com/asdf-vm-hyperupcall/asdf-direnv",
            "template": [],
            "topics": null,
            "visibility": "public",
            "vulnerability_alerts": false
          },
          "sensitive_attributes": [],
          "private": "eyJzY2hlbWFfdmVyc2lvbiI6IjEifQ=="
        }
      ]
    },
    {
      "mode": "managed",
      "type": "github_repository",
      "name": "asdf_community__asdf-dotty",
      "provider": "provider[\"registry.terraform.io/integrations/github\"]",
      "instances": [
        {
          "schema_version": 1,
          "attributes": {
            "allow_auto_merge": false,
            "allow_merge_commit": true,
            "allow_rebase_merge": true,
            "allow_squash_merge": true,
            "allow_update_branch": false,
            "archive_on_destroy": null,
            "archived": false,
            "auto_init": false,
            "default_branch": "main",
            "delete_branch_on_merge": false,
            "description": "Not supported",
            "etag": "W/\"8e1f3fa2edb1f15cb3f17aa3967a635bd8c5d5f038a5690976ebffade2fba9e1\"",
            "full_name": "asdf-vm-hyperupcall/asdf-dotty",
            "git_clone_url": "git://github.com/asdf-vm-hyperupcall/asdf-dotty.git",
            "gitignore_template": null,
            "has_discussions": false,
            "has_downloads": false,
            "has_issues": false,
            "has_projects": false,
            "has_wiki": false,
            "homepage_url": "",
            "html_url": "https://github.com/asdf-vm-hyperupcall/asdf-dotty",
            "http_clone_url": "https://github.com/asdf-vm-hyperupcall/asdf-dotty.git",
            "id": "asdf-dotty",
            "ignore_vulnerability_alerts_during_read": null,
            "is_template": false,
            "license_template": null,
            "merge_commit_message": "PR_TITLE",
            "merge_commit_title": "MERGE_MESSAGE",
            "name": "asdf-dotty",
            "node_id": "R_kgDOJ7R0IA",
            "pages": [],
            "private": false,
            "repo_id": 666137632,
            "security_and_analysis": [
              {
                "advanced_security": [],
                "secret_scanning": [
                  {
                    "status": "disabled"
                  }
                ],
                "secret_scanning_push_protection": [
                  {
                    "status": "disabled"
                  }
                ]
              }
            ],
            "squash_merge_commit_message": "COMMIT_MESSAGES",
            "squash_merge_commit_title": "COMMIT_OR_PR_TITLE",
            "ssh_clone_url": "git@github.com:asdf-vm-hyperupcall/asdf-dotty.git",
            "svn_url": "https://github.com/asdf-vm-hyperupcall/asdf-dotty",
            "template": [],
            "topics": null,
            "visibility": "public",
            "vulnerability_alerts": false
          },
          "sensitive_attributes": [],
          "private": "eyJzY2hlbWFfdmVyc2lvbiI6IjEifQ=="
        }
      ]
    },
    {
      "mode": "managed",
      "type": "github_repository",
      "name": "asdf_community__asdf-dprint",
      "provider": "provider[\"registry.terraform.io/integrations/github\"]",
      "instances": []
    },
    {
      "mode": "managed",
      "type": "github_repository",
      "name": "asdf_community__asdf-elasticsearch",
      "provider": "provider[\"registry.terraform.io/integrations/github\"]",
      "instances": [
        {
          "schema_version": 1,
          "attributes": {
            "allow_auto_merge": false,
            "allow_merge_commit": true,
            "allow_rebase_merge": true,
            "allow_squash_merge": true,
            "allow_update_branch": false,
            "archive_on_destroy": null,
            "archived": false,
            "auto_init": false,
            "default_branch": "main",
            "delete_branch_on_merge": false,
            "description": "Not supported",
            "etag": "W/\"f10a60d743659e4456c32620eda546bb4549dfc27363b5e0683b71d5a248e8d1\"",
            "full_name": "asdf-vm-hyperupcall/asdf-elasticsearch",
            "git_clone_url": "git://github.com/asdf-vm-hyperupcall/asdf-elasticsearch.git",
            "gitignore_template": null,
            "has_discussions": false,
            "has_downloads": false,
            "has_issues": false,
            "has_projects": false,
            "has_wiki": false,
            "homepage_url": "",
            "html_url": "https://github.com/asdf-vm-hyperupcall/asdf-elasticsearch",
            "http_clone_url": "https://github.com/asdf-vm-hyperupcall/asdf-elasticsearch.git",
            "id": "asdf-elasticsearch",
            "ignore_vulnerability_alerts_during_read": null,
            "is_template": false,
            "license_template": null,
            "merge_commit_message": "PR_TITLE",
            "merge_commit_title": "MERGE_MESSAGE",
            "name": "asdf-elasticsearch",
            "node_id": "R_kgDOJ7RxMQ",
            "pages": [],
            "private": false,
            "repo_id": 666136881,
            "security_and_analysis": [
              {
                "advanced_security": [],
                "secret_scanning": [
                  {
                    "status": "disabled"
                  }
                ],
                "secret_scanning_push_protection": [
                  {
                    "status": "disabled"
                  }
                ]
              }
            ],
            "squash_merge_commit_message": "COMMIT_MESSAGES",
            "squash_merge_commit_title": "COMMIT_OR_PR_TITLE",
            "ssh_clone_url": "git@github.com:asdf-vm-hyperupcall/asdf-elasticsearch.git",
            "svn_url": "https://github.com/asdf-vm-hyperupcall/asdf-elasticsearch",
            "template": [],
            "topics": null,
            "visibility": "public",
            "vulnerability_alerts": false
          },
          "sensitive_attributes": [],
          "private": "eyJzY2hlbWFfdmVyc2lvbiI6IjEifQ=="
        }
      ]
    },
    {
      "mode": "managed",
      "type": "github_repository",
      "name": "asdf_community__asdf-elm",
      "provider": "provider[\"registry.terraform.io/integrations/github\"]",
      "instances": []
    },
    {
      "mode": "managed",
      "type": "github_repository",
      "name": "asdf_community__asdf-esy",
      "provider": "provider[\"registry.terraform.io/integrations/github\"]",
      "instances": [
        {
          "schema_version": 1,
          "attributes": {
            "allow_auto_merge": false,
            "allow_merge_commit": true,
            "allow_rebase_merge": true,
            "allow_squash_merge": true,
            "allow_update_branch": false,
            "archive_on_destroy": null,
            "archived": false,
            "auto_init": false,
            "default_branch": "main",
            "delete_branch_on_merge": false,
            "description": "Not supported",
            "etag": "W/\"b629c97b3592b72c7d80ea39946f1fc66922e85133627bd82460683422e3c22b\"",
            "full_name": "asdf-vm-hyperupcall/asdf-esy",
            "git_clone_url": "git://github.com/asdf-vm-hyperupcall/asdf-esy.git",
            "gitignore_template": null,
            "has_discussions": false,
            "has_downloads": false,
            "has_issues": false,
            "has_projects": false,
            "has_wiki": false,
            "homepage_url": "",
            "html_url": "https://github.com/asdf-vm-hyperupcall/asdf-esy",
            "http_clone_url": "https://github.com/asdf-vm-hyperupcall/asdf-esy.git",
            "id": "asdf-esy",
            "ignore_vulnerability_alerts_during_read": null,
            "is_template": false,
            "license_template": null,
            "merge_commit_message": "PR_TITLE",
            "merge_commit_title": "MERGE_MESSAGE",
            "name": "asdf-esy",
            "node_id": "R_kgDOJ7RtMQ",
            "pages": [],
            "private": false,
            "repo_id": 666135857,
            "security_and_analysis": [
              {
                "advanced_security": [],
                "secret_scanning": [
                  {
                    "status": "disabled"
                  }
                ],
                "secret_scanning_push_protection": [
                  {
                    "status": "disabled"
                  }
                ]
              }
            ],
            "squash_merge_commit_message": "COMMIT_MESSAGES",
            "squash_merge_commit_title": "COMMIT_OR_PR_TITLE",
            "ssh_clone_url": "git@github.com:asdf-vm-hyperupcall/asdf-esy.git",
            "svn_url": "https://github.com/asdf-vm-hyperupcall/asdf-esy",
            "template": [],
            "topics": null,
            "visibility": "public",
            "vulnerability_alerts": false
          },
          "sensitive_attributes": [],
          "private": "eyJzY2hlbWFfdmVyc2lvbiI6IjEifQ=="
        }
      ]
    },
    {
      "mode": "managed",
      "type": "github_repository",
      "name": "asdf_community__asdf-getenvoy",
      "provider": "provider[\"registry.terraform.io/integrations/github\"]",
      "instances": [
        {
          "schema_version": 1,
          "attributes": {
            "allow_auto_merge": false,
            "allow_merge_commit": true,
            "allow_rebase_merge": true,
            "allow_squash_merge": true,
            "allow_update_branch": false,
            "archive_on_destroy": null,
            "archived": false,
            "auto_init": false,
            "default_branch": "main",
            "delete_branch_on_merge": false,
            "description": "Not supported",
            "etag": "W/\"bf70e174e777855e81aa00f37a793392ceaa1bfffaf5b205a9cb49af1cef9955\"",
            "full_name": "asdf-vm-hyperupcall/asdf-getenvoy",
            "git_clone_url": "git://github.com/asdf-vm-hyperupcall/asdf-getenvoy.git",
            "gitignore_template": null,
            "has_discussions": false,
            "has_downloads": false,
            "has_issues": false,
            "has_projects": false,
            "has_wiki": false,
            "homepage_url": "",
            "html_url": "https://github.com/asdf-vm-hyperupcall/asdf-getenvoy",
            "http_clone_url": "https://github.com/asdf-vm-hyperupcall/asdf-getenvoy.git",
            "id": "asdf-getenvoy",
            "ignore_vulnerability_alerts_during_read": null,
            "is_template": false,
            "license_template": null,
            "merge_commit_message": "PR_TITLE",
            "merge_commit_title": "MERGE_MESSAGE",
            "name": "asdf-getenvoy",
            "node_id": "R_kgDOJ7RBSQ",
            "pages": [],
            "private": false,
            "repo_id": 666124617,
            "security_and_analysis": [
              {
                "advanced_security": [],
                "secret_scanning": [
                  {
                    "status": "disabled"
                  }
                ],
                "secret_scanning_push_protection": [
                  {
                    "status": "disabled"
                  }
                ]
              }
            ],
            "squash_merge_commit_message": "COMMIT_MESSAGES",
            "squash_merge_commit_title": "COMMIT_OR_PR_TITLE",
            "ssh_clone_url": "git@github.com:asdf-vm-hyperupcall/asdf-getenvoy.git",
            "svn_url": "https://github.com/asdf-vm-hyperupcall/asdf-getenvoy",
            "template": [],
            "topics": null,
            "visibility": "public",
            "vulnerability_alerts": false
          },
          "sensitive_attributes": [],
          "private": "eyJzY2hlbWFfdmVyc2lvbiI6IjEifQ=="
        }
      ]
    },
    {
      "mode": "managed",
      "type": "github_repository",
      "name": "asdf_community__asdf-graalvm",
      "provider": "provider[\"registry.terraform.io/integrations/github\"]",
      "instances": []
    },
    {
      "mode": "managed",
      "type": "github_repository",
      "name": "asdf_community__asdf-grpcurl",
      "provider": "provider[\"registry.terraform.io/integrations/github\"]",
      "instances": [
        {
          "schema_version": 1,
          "attributes": {
            "allow_auto_merge": false,
            "allow_merge_commit": true,
            "allow_rebase_merge": true,
            "allow_squash_merge": true,
            "allow_update_branch": false,
            "archive_on_destroy": null,
            "archived": false,
            "auto_init": false,
            "default_branch": "main",
            "delete_branch_on_merge": false,
            "description": "Not supported",
            "etag": "W/\"e1dcfe807da131bb6920621f27c3a0dd25850256d6cfefbb50c6ceea6b14324e\"",
            "full_name": "asdf-vm-hyperupcall/asdf-grpcurl",
            "git_clone_url": "git://github.com/asdf-vm-hyperupcall/asdf-grpcurl.git",
            "gitignore_template": null,
            "has_discussions": false,
            "has_downloads": false,
            "has_issues": false,
            "has_projects": false,
            "has_wiki": false,
            "homepage_url": "",
            "html_url": "https://github.com/asdf-vm-hyperupcall/asdf-grpcurl",
            "http_clone_url": "https://github.com/asdf-vm-hyperupcall/asdf-grpcurl.git",
            "id": "asdf-grpcurl",
            "ignore_vulnerability_alerts_during_read": null,
            "is_template": false,
            "license_template": null,
            "merge_commit_message": "PR_TITLE",
            "merge_commit_title": "MERGE_MESSAGE",
            "name": "asdf-grpcurl",
            "node_id": "R_kgDOJ7Q2sw",
            "pages": [],
            "private": false,
            "repo_id": 666121907,
            "security_and_analysis": [
              {
                "advanced_security": [],
                "secret_scanning": [
                  {
                    "status": "disabled"
                  }
                ],
                "secret_scanning_push_protection": [
                  {
                    "status": "disabled"
                  }
                ]
              }
            ],
            "squash_merge_commit_message": "COMMIT_MESSAGES",
            "squash_merge_commit_title": "COMMIT_OR_PR_TITLE",
            "ssh_clone_url": "git@github.com:asdf-vm-hyperupcall/asdf-grpcurl.git",
            "svn_url": "https://github.com/asdf-vm-hyperupcall/asdf-grpcurl",
            "template": [],
            "topics": null,
            "visibility": "public",
            "vulnerability_alerts": false
          },
          "sensitive_attributes": [],
          "private": "eyJzY2hlbWFfdmVyc2lvbiI6IjEifQ=="
        }
      ]
    },
    {
      "mode": "managed",
      "type": "github_repository",
      "name": "asdf_community__asdf-hashicorp",
      "provider": "provider[\"registry.terraform.io/integrations/github\"]",
      "instances": []
    },
    {
      "mode": "managed",
      "type": "github_repository",
      "name": "asdf_community__asdf-haskell",
      "provider": "provider[\"registry.terraform.io/integrations/github\"]",
      "instances": []
    },
    {
      "mode": "managed",
      "type": "github_repository",
      "name": "asdf_community__asdf-haxe",
      "provider": "provider[\"registry.terraform.io/integrations/github\"]",
      "instances": []
    },
    {
      "mode": "managed",
      "type": "github_repository",
      "name": "asdf_community__asdf-idris",
      "provider": "provider[\"registry.terraform.io/integrations/github\"]",
      "instances": []
    },
    {
      "mode": "managed",
      "type": "github_repository",
      "name": "asdf_community__asdf-idris2",
      "provider": "provider[\"registry.terraform.io/integrations/github\"]",
      "instances": []
    },
    {
      "mode": "managed",
      "type": "github_repository",
      "name": "asdf_community__asdf-kotlin",
      "provider": "provider[\"registry.terraform.io/integrations/github\"]",
      "instances": []
    },
    {
      "mode": "managed",
      "type": "github_repository",
      "name": "asdf_community__asdf-kubectl",
      "provider": "provider[\"registry.terraform.io/integrations/github\"]",
      "instances": []
    },
    {
      "mode": "managed",
      "type": "github_repository",
      "name": "asdf_community__asdf-lean",
      "provider": "provider[\"registry.terraform.io/integrations/github\"]",
      "instances": []
    },
    {
      "mode": "managed",
      "type": "github_repository",
      "name": "asdf_community__asdf-lfe",
      "provider": "provider[\"registry.terraform.io/integrations/github\"]",
      "instances": []
    },
    {
      "mode": "managed",
      "type": "github_repository",
      "name": "asdf_community__asdf-link",
      "provider": "provider[\"registry.terraform.io/integrations/github\"]",
      "instances": []
    },
    {
      "mode": "managed",
      "type": "github_repository",
      "name": "asdf_community__asdf-meson",
      "provider": "provider[\"registry.terraform.io/integrations/github\"]",
      "instances": []
    },
    {
      "mode": "managed",
      "type": "github_repository",
      "name": "asdf_community__asdf-mill",
      "provider": "provider[\"registry.terraform.io/integrations/github\"]",
      "instances": []
    },
    {
      "mode": "managed",
      "type": "github_repository",
      "name": "asdf_community__asdf-mlton",
      "provider": "provider[\"registry.terraform.io/integrations/github\"]",
      "instances": []
    },
    {
      "mode": "managed",
      "type": "github_repository",
      "name": "asdf_community__asdf-neko",
      "provider": "provider[\"registry.terraform.io/integrations/github\"]",
      "instances": [
        {
          "schema_version": 1,
          "attributes": {
            "allow_auto_merge": false,
            "allow_merge_commit": true,
            "allow_rebase_merge": true,
            "allow_squash_merge": true,
            "allow_update_branch": false,
            "archive_on_destroy": null,
            "archived": false,
            "auto_init": false,
            "default_branch": "main",
            "delete_branch_on_merge": false,
            "description": "Not supported",
            "etag": "W/\"972ff48bde1915e9f6e5428e1e4d0de06a1ecc0ccb2af5be4736de6ac7b3cee2\"",
            "full_name": "asdf-vm-hyperupcall/asdf-neko",
            "git_clone_url": "git://github.com/asdf-vm-hyperupcall/asdf-neko.git",
            "gitignore_template": null,
            "has_discussions": false,
            "has_downloads": false,
            "has_issues": false,
            "has_projects": false,
            "has_wiki": false,
            "homepage_url": "",
            "html_url": "https://github.com/asdf-vm-hyperupcall/asdf-neko",
            "http_clone_url": "https://github.com/asdf-vm-hyperupcall/asdf-neko.git",
            "id": "asdf-neko",
            "ignore_vulnerability_alerts_during_read": null,
            "is_template": false,
            "license_template": null,
            "merge_commit_message": "PR_TITLE",
            "merge_commit_title": "MERGE_MESSAGE",
            "name": "asdf-neko",
            "node_id": "R_kgDOJ7R4gA",
            "pages": [],
            "private": false,
            "repo_id": 666138752,
            "security_and_analysis": [
              {
                "advanced_security": [],
                "secret_scanning": [
                  {
                    "status": "disabled"
                  }
                ],
                "secret_scanning_push_protection": [
                  {
                    "status": "disabled"
                  }
                ]
              }
            ],
            "squash_merge_commit_message": "COMMIT_MESSAGES",
            "squash_merge_commit_title": "COMMIT_OR_PR_TITLE",
            "ssh_clone_url": "git@github.com:asdf-vm-hyperupcall/asdf-neko.git",
            "svn_url": "https://github.com/asdf-vm-hyperupcall/asdf-neko",
            "template": [],
            "topics": null,
            "visibility": "public",
            "vulnerability_alerts": false
          },
          "sensitive_attributes": [],
          "private": "eyJzY2hlbWFfdmVyc2lvbiI6IjEifQ=="
        }
      ]
    },
    {
      "mode": "managed",
      "type": "github_repository",
      "name": "asdf_community__asdf-nim",
      "provider": "provider[\"registry.terraform.io/integrations/github\"]",
      "instances": [
        {
          "schema_version": 1,
          "attributes": {
            "allow_auto_merge": false,
            "allow_merge_commit": true,
            "allow_rebase_merge": true,
            "allow_squash_merge": true,
            "allow_update_branch": false,
            "archive_on_destroy": null,
            "archived": false,
            "auto_init": false,
            "default_branch": "main",
            "delete_branch_on_merge": false,
            "description": "Not supported",
            "etag": "W/\"5b877d68ccc06c69d40a71544e31cf781bedb91456aab8bcfa170f4c5b137ff1\"",
            "full_name": "asdf-vm-hyperupcall/asdf-nim",
            "git_clone_url": "git://github.com/asdf-vm-hyperupcall/asdf-nim.git",
            "gitignore_template": null,
            "has_discussions": false,
            "has_downloads": false,
            "has_issues": false,
            "has_projects": false,
            "has_wiki": false,
            "homepage_url": "",
            "html_url": "https://github.com/asdf-vm-hyperupcall/asdf-nim",
            "http_clone_url": "https://github.com/asdf-vm-hyperupcall/asdf-nim.git",
            "id": "asdf-nim",
            "ignore_vulnerability_alerts_during_read": null,
            "is_template": false,
            "license_template": null,
            "merge_commit_message": "PR_TITLE",
            "merge_commit_title": "MERGE_MESSAGE",
            "name": "asdf-nim",
            "node_id": "R_kgDOJ7RCqw",
            "pages": [],
            "private": false,
            "repo_id": 666124971,
            "security_and_analysis": [
              {
                "advanced_security": [],
                "secret_scanning": [
                  {
                    "status": "disabled"
                  }
                ],
                "secret_scanning_push_protection": [
                  {
                    "status": "disabled"
                  }
                ]
              }
            ],
            "squash_merge_commit_message": "COMMIT_MESSAGES",
            "squash_merge_commit_title": "COMMIT_OR_PR_TITLE",
            "ssh_clone_url": "git@github.com:asdf-vm-hyperupcall/asdf-nim.git",
            "svn_url": "https://github.com/asdf-vm-hyperupcall/asdf-nim",
            "template": [],
            "topics": null,
            "visibility": "public",
            "vulnerability_alerts": false
          },
          "sensitive_attributes": [],
          "private": "eyJzY2hlbWFfdmVyc2lvbiI6IjEifQ=="
        }
      ]
    },
    {
      "mode": "managed",
      "type": "github_repository",
      "name": "asdf_community__asdf-ninja",
      "provider": "provider[\"registry.terraform.io/integrations/github\"]",
      "instances": [
        {
          "schema_version": 1,
          "attributes": {
            "allow_auto_merge": false,
            "allow_merge_commit": true,
            "allow_rebase_merge": true,
            "allow_squash_merge": true,
            "allow_update_branch": false,
            "archive_on_destroy": null,
            "archived": false,
            "auto_init": false,
            "default_branch": "main",
            "delete_branch_on_merge": false,
            "description": "Not supported",
            "etag": "W/\"2668ef9a72affba8016ec73145ef410f1bb25ee053ecd7e34e4ac87fe8223c1a\"",
            "full_name": "asdf-vm-hyperupcall/asdf-ninja",
            "git_clone_url": "git://github.com/asdf-vm-hyperupcall/asdf-ninja.git",
            "gitignore_template": null,
            "has_discussions": false,
            "has_downloads": false,
            "has_issues": false,
            "has_projects": false,
            "has_wiki": false,
            "homepage_url": "",
            "html_url": "https://github.com/asdf-vm-hyperupcall/asdf-ninja",
            "http_clone_url": "https://github.com/asdf-vm-hyperupcall/asdf-ninja.git",
            "id": "asdf-ninja",
            "ignore_vulnerability_alerts_during_read": null,
            "is_template": false,
            "license_template": null,
            "merge_commit_message": "PR_TITLE",
            "merge_commit_title": "MERGE_MESSAGE",
            "name": "asdf-ninja",
            "node_id": "R_kgDOJ7Q0eQ",
            "pages": [],
            "private": false,
            "repo_id": 666121337,
            "security_and_analysis": [
              {
                "advanced_security": [],
                "secret_scanning": [
                  {
                    "status": "disabled"
                  }
                ],
                "secret_scanning_push_protection": [
                  {
                    "status": "disabled"
                  }
                ]
              }
            ],
            "squash_merge_commit_message": "COMMIT_MESSAGES",
            "squash_merge_commit_title": "COMMIT_OR_PR_TITLE",
            "ssh_clone_url": "git@github.com:asdf-vm-hyperupcall/asdf-ninja.git",
            "svn_url": "https://github.com/asdf-vm-hyperupcall/asdf-ninja",
            "template": [],
            "topics": null,
            "visibility": "public",
            "vulnerability_alerts": false
          },
          "sensitive_attributes": [],
          "private": "eyJzY2hlbWFfdmVyc2lvbiI6IjEifQ=="
        }
      ]
    },
    {
      "mode": "managed",
      "type": "github_repository",
      "name": "asdf_community__asdf-ocaml",
      "provider": "provider[\"registry.terraform.io/integrations/github\"]",
      "instances": [
        {
          "schema_version": 1,
          "attributes": {
            "allow_auto_merge": false,
            "allow_merge_commit": true,
            "allow_rebase_merge": true,
            "allow_squash_merge": true,
            "allow_update_branch": false,
            "archive_on_destroy": null,
            "archived": false,
            "auto_init": false,
            "default_branch": "main",
            "delete_branch_on_merge": false,
            "description": "Not supported",
            "etag": "W/\"e8dba94ffcbfda590f1305f09bc4a2db60a51e37b76681580a24f605f445871e\"",
            "full_name": "asdf-vm-hyperupcall/asdf-ocaml",
            "git_clone_url": "git://github.com/asdf-vm-hyperupcall/asdf-ocaml.git",
            "gitignore_template": null,
            "has_discussions": false,
            "has_downloads": false,
            "has_issues": false,
            "has_projects": false,
            "has_wiki": false,
            "homepage_url": "",
            "html_url": "https://github.com/asdf-vm-hyperupcall/asdf-ocaml",
            "http_clone_url": "https://github.com/asdf-vm-hyperupcall/asdf-ocaml.git",
            "id": "asdf-ocaml",
            "ignore_vulnerability_alerts_during_read": null,
            "is_template": false,
            "license_template": null,
            "merge_commit_message": "PR_TITLE",
            "merge_commit_title": "MERGE_MESSAGE",
            "name": "asdf-ocaml",
            "node_id": "R_kgDOJ7Q1ug",
            "pages": [],
            "private": false,
            "repo_id": 666121658,
            "security_and_analysis": [
              {
                "advanced_security": [],
                "secret_scanning": [
                  {
                    "status": "disabled"
                  }
                ],
                "secret_scanning_push_protection": [
                  {
                    "status": "disabled"
                  }
                ]
              }
            ],
            "squash_merge_commit_message": "COMMIT_MESSAGES",
            "squash_merge_commit_title": "COMMIT_OR_PR_TITLE",
            "ssh_clone_url": "git@github.com:asdf-vm-hyperupcall/asdf-ocaml.git",
            "svn_url": "https://github.com/asdf-vm-hyperupcall/asdf-ocaml",
            "template": [],
            "topics": null,
            "visibility": "public",
            "vulnerability_alerts": false
          },
          "sensitive_attributes": [],
          "private": "eyJzY2hlbWFfdmVyc2lvbiI6IjEifQ=="
        }
      ]
    },
    {
      "mode": "managed",
      "type": "github_repository",
      "name": "asdf_community__asdf-opam",
      "provider": "provider[\"registry.terraform.io/integrations/github\"]",
      "instances": [
        {
          "schema_version": 1,
          "attributes": {
            "allow_auto_merge": false,
            "allow_merge_commit": true,
            "allow_rebase_merge": true,
            "allow_squash_merge": true,
            "allow_update_branch": false,
            "archive_on_destroy": null,
            "archived": false,
            "auto_init": false,
            "default_branch": "main",
            "delete_branch_on_merge": false,
            "description": "Not supported",
            "etag": "W/\"8eabba3a34e4126692f51d2aee06454566a2352cbcb3503f18a6925e64e1b007\"",
            "full_name": "asdf-vm-hyperupcall/asdf-opam",
            "git_clone_url": "git://github.com/asdf-vm-hyperupcall/asdf-opam.git",
            "gitignore_template": null,
            "has_discussions": false,
            "has_downloads": false,
            "has_issues": false,
            "has_projects": false,
            "has_wiki": false,
            "homepage_url": "",
            "html_url": "https://github.com/asdf-vm-hyperupcall/asdf-opam",
            "http_clone_url": "https://github.com/asdf-vm-hyperupcall/asdf-opam.git",
            "id": "asdf-opam",
            "ignore_vulnerability_alerts_during_read": null,
            "is_template": false,
            "license_template": null,
            "merge_commit_message": "PR_TITLE",
            "merge_commit_title": "MERGE_MESSAGE",
            "name": "asdf-opam",
            "node_id": "R_kgDOJ7RCjw",
            "pages": [],
            "private": false,
            "repo_id": 666124943,
            "security_and_analysis": [
              {
                "advanced_security": [],
                "secret_scanning": [
                  {
                    "status": "disabled"
                  }
                ],
                "secret_scanning_push_protection": [
                  {
                    "status": "disabled"
                  }
                ]
              }
            ],
            "squash_merge_commit_message": "COMMIT_MESSAGES",
            "squash_merge_commit_title": "COMMIT_OR_PR_TITLE",
            "ssh_clone_url": "git@github.com:asdf-vm-hyperupcall/asdf-opam.git",
            "svn_url": "https://github.com/asdf-vm-hyperupcall/asdf-opam",
            "template": [],
            "topics": null,
            "visibility": "public",
            "vulnerability_alerts": false
          },
          "sensitive_attributes": [],
          "private": "eyJzY2hlbWFfdmVyc2lvbiI6IjEifQ=="
        }
      ]
    },
    {
      "mode": "managed",
      "type": "github_repository",
      "name": "asdf_community__asdf-peco",
      "provider": "provider[\"registry.terraform.io/integrations/github\"]",
      "instances": []
    },
    {
      "mode": "managed",
      "type": "github_repository",
      "name": "asdf_community__asdf-php",
      "provider": "provider[\"registry.terraform.io/integrations/github\"]",
      "instances": []
    },
    {
      "mode": "managed",
      "type": "github_repository",
      "name": "asdf_community__asdf-please",
      "provider": "provider[\"registry.terraform.io/integrations/github\"]",
      "instances": [
        {
          "schema_version": 1,
          "attributes": {
            "allow_auto_merge": false,
            "allow_merge_commit": true,
            "allow_rebase_merge": true,
            "allow_squash_merge": true,
            "allow_update_branch": false,
            "archive_on_destroy": null,
            "archived": false,
            "auto_init": false,
            "default_branch": "main",
            "delete_branch_on_merge": false,
            "description": "Not supported",
            "etag": "W/\"5925f20d7c0cdd59cc4b453102162c756c90d8764b96b85f90eece876d360f87\"",
            "full_name": "asdf-vm-hyperupcall/asdf-please",
            "git_clone_url": "git://github.com/asdf-vm-hyperupcall/asdf-please.git",
            "gitignore_template": null,
            "has_discussions": false,
            "has_downloads": false,
            "has_issues": false,
            "has_projects": false,
            "has_wiki": false,
            "homepage_url": "",
            "html_url": "https://github.com/asdf-vm-hyperupcall/asdf-please",
            "http_clone_url": "https://github.com/asdf-vm-hyperupcall/asdf-please.git",
            "id": "asdf-please",
            "ignore_vulnerability_alerts_during_read": null,
            "is_template": false,
            "license_template": null,
            "merge_commit_message": "PR_TITLE",
            "merge_commit_title": "MERGE_MESSAGE",
            "name": "asdf-please",
            "node_id": "R_kgDOJ7Q0pA",
            "pages": [],
            "private": false,
            "repo_id": 666121380,
            "security_and_analysis": [
              {
                "advanced_security": [],
                "secret_scanning": [
                  {
                    "status": "disabled"
                  }
                ],
                "secret_scanning_push_protection": [
                  {
                    "status": "disabled"
                  }
                ]
              }
            ],
            "squash_merge_commit_message": "COMMIT_MESSAGES",
            "squash_merge_commit_title": "COMMIT_OR_PR_TITLE",
            "ssh_clone_url": "git@github.com:asdf-vm-hyperupcall/asdf-please.git",
            "svn_url": "https://github.com/asdf-vm-hyperupcall/asdf-please",
            "template": [],
            "topics": null,
            "visibility": "public",
            "vulnerability_alerts": false
          },
          "sensitive_attributes": [],
          "private": "eyJzY2hlbWFfdmVyc2lvbiI6IjEifQ=="
        }
      ]
    },
    {
      "mode": "managed",
      "type": "github_repository",
      "name": "asdf_community__asdf-poetry",
      "provider": "provider[\"registry.terraform.io/integrations/github\"]",
      "instances": []
    },
    {
      "mode": "managed",
      "type": "github_repository",
      "name": "asdf_community__asdf-quarkus",
      "provider": "provider[\"registry.terraform.io/integrations/github\"]",
      "instances": []
    },
    {
      "mode": "managed",
      "type": "github_repository",
      "name": "asdf_community__asdf-r",
      "provider": "provider[\"registry.terraform.io/integrations/github\"]",
      "instances": [
        {
          "schema_version": 1,
          "attributes": {
            "allow_auto_merge": false,
            "allow_merge_commit": true,
            "allow_rebase_merge": true,
            "allow_squash_merge": true,
            "allow_update_branch": false,
            "archive_on_destroy": null,
            "archived": false,
            "auto_init": false,
            "default_branch": "main",
            "delete_branch_on_merge": false,
            "description": "Not supported",
            "etag": "W/\"964d8fcfe7959221a5e9913bdcae49415d7500af205d519b2f547d1a90d1d7c8\"",
            "full_name": "asdf-vm-hyperupcall/asdf-r",
            "git_clone_url": "git://github.com/asdf-vm-hyperupcall/asdf-r.git",
            "gitignore_template": null,
            "has_discussions": false,
            "has_downloads": false,
            "has_issues": false,
            "has_projects": false,
            "has_wiki": false,
            "homepage_url": "",
            "html_url": "https://github.com/asdf-vm-hyperupcall/asdf-r",
            "http_clone_url": "https://github.com/asdf-vm-hyperupcall/asdf-r.git",
            "id": "asdf-r",
            "ignore_vulnerability_alerts_during_read": null,
            "is_template": false,
            "license_template": null,
            "merge_commit_message": "PR_TITLE",
            "merge_commit_title": "MERGE_MESSAGE",
            "name": "asdf-r",
            "node_id": "R_kgDOJ7Rrsg",
            "pages": [],
            "private": false,
            "repo_id": 666135474,
            "security_and_analysis": [
              {
                "advanced_security": [],
                "secret_scanning": [
                  {
                    "status": "disabled"
                  }
                ],
                "secret_scanning_push_protection": [
                  {
                    "status": "disabled"
                  }
                ]
              }
            ],
            "squash_merge_commit_message": "COMMIT_MESSAGES",
            "squash_merge_commit_title": "COMMIT_OR_PR_TITLE",
            "ssh_clone_url": "git@github.com:asdf-vm-hyperupcall/asdf-r.git",
            "svn_url": "https://github.com/asdf-vm-hyperupcall/asdf-r",
            "template": [],
            "topics": null,
            "visibility": "public",
            "vulnerability_alerts": false
          },
          "sensitive_attributes": [],
          "private": "eyJzY2hlbWFfdmVyc2lvbiI6IjEifQ=="
        }
      ]
    },
    {
      "mode": "managed",
      "type": "github_repository",
      "name": "asdf_community__asdf-racket",
      "provider": "provider[\"registry.terraform.io/integrations/github\"]",
      "instances": [
        {
          "schema_version": 1,
          "attributes": {
            "allow_auto_merge": false,
            "allow_merge_commit": true,
            "allow_rebase_merge": true,
            "allow_squash_merge": true,
            "allow_update_branch": false,
            "archive_on_destroy": null,
            "archived": false,
            "auto_init": false,
            "default_branch": "main",
            "delete_branch_on_merge": false,
            "description": "Not supported",
            "etag": "W/\"0daf2a1e6dc236fcd9541c0b971de22253421fe7e5741553c8654167fc68fb7b\"",
            "full_name": "asdf-vm-hyperupcall/asdf-racket",
            "git_clone_url": "git://github.com/asdf-vm-hyperupcall/asdf-racket.git",
            "gitignore_template": null,
            "has_discussions": false,
            "has_downloads": false,
            "has_issues": false,
            "has_projects": false,
            "has_wiki": false,
            "homepage_url": "",
            "html_url": "https://github.com/asdf-vm-hyperupcall/asdf-racket",
            "http_clone_url": "https://github.com/asdf-vm-hyperupcall/asdf-racket.git",
            "id": "asdf-racket",
            "ignore_vulnerability_alerts_during_read": null,
            "is_template": false,
            "license_template": null,
            "merge_commit_message": "PR_TITLE",
            "merge_commit_title": "MERGE_MESSAGE",
            "name": "asdf-racket",
            "node_id": "R_kgDOJ7Q8AQ",
            "pages": [],
            "private": false,
            "repo_id": 666123265,
            "security_and_analysis": [
              {
                "advanced_security": [],
                "secret_scanning": [
                  {
                    "status": "disabled"
                  }
                ],
                "secret_scanning_push_protection": [
                  {
                    "status": "disabled"
                  }
                ]
              }
            ],
            "squash_merge_commit_message": "COMMIT_MESSAGES",
            "squash_merge_commit_title": "COMMIT_OR_PR_TITLE",
            "ssh_clone_url": "git@github.com:asdf-vm-hyperupcall/asdf-racket.git",
            "svn_url": "https://github.com/asdf-vm-hyperupcall/asdf-racket",
            "template": [],
            "topics": null,
            "visibility": "public",
            "vulnerability_alerts": false
          },
          "sensitive_attributes": [],
          "private": "eyJzY2hlbWFfdmVyc2lvbiI6IjEifQ=="
        }
      ]
    },
    {
      "mode": "managed",
      "type": "github_repository",
      "name": "asdf_community__asdf-rlwrap",
      "provider": "provider[\"registry.terraform.io/integrations/github\"]",
      "instances": []
    },
    {
      "mode": "managed",
      "type": "github_repository",
      "name": "asdf_community__asdf-scala",
      "provider": "provider[\"registry.terraform.io/integrations/github\"]",
      "instances": [
        {
          "schema_version": 1,
          "attributes": {
            "allow_auto_merge": false,
            "allow_merge_commit": true,
            "allow_rebase_merge": true,
            "allow_squash_merge": true,
            "allow_update_branch": false,
            "archive_on_destroy": null,
            "archived": false,
            "auto_init": false,
            "default_branch": "main",
            "delete_branch_on_merge": false,
            "description": "Not supported",
            "etag": "W/\"c550e962ccbb2d3441bed1bda8725d289f07a0574e1918392c8559d9713a52ec\"",
            "full_name": "asdf-vm-hyperupcall/asdf-scala",
            "git_clone_url": "git://github.com/asdf-vm-hyperupcall/asdf-scala.git",
            "gitignore_template": null,
            "has_discussions": false,
            "has_downloads": false,
            "has_issues": false,
            "has_projects": false,
            "has_wiki": false,
            "homepage_url": "",
            "html_url": "https://github.com/asdf-vm-hyperupcall/asdf-scala",
            "http_clone_url": "https://github.com/asdf-vm-hyperupcall/asdf-scala.git",
            "id": "asdf-scala",
            "ignore_vulnerability_alerts_during_read": null,
            "is_template": false,
            "license_template": null,
            "merge_commit_message": "PR_TITLE",
            "merge_commit_title": "MERGE_MESSAGE",
            "name": "asdf-scala",
            "node_id": "R_kgDOJ7RwJQ",
            "pages": [],
            "private": false,
            "repo_id": 666136613,
            "security_and_analysis": [
              {
                "advanced_security": [],
                "secret_scanning": [
                  {
                    "status": "disabled"
                  }
                ],
                "secret_scanning_push_protection": [
                  {
                    "status": "disabled"
                  }
                ]
              }
            ],
            "squash_merge_commit_message": "COMMIT_MESSAGES",
            "squash_merge_commit_title": "COMMIT_OR_PR_TITLE",
            "ssh_clone_url": "git@github.com:asdf-vm-hyperupcall/asdf-scala.git",
            "svn_url": "https://github.com/asdf-vm-hyperupcall/asdf-scala",
            "template": [],
            "topics": null,
            "visibility": "public",
            "vulnerability_alerts": false
          },
          "sensitive_attributes": [],
          "private": "eyJzY2hlbWFfdmVyc2lvbiI6IjEifQ=="
        }
      ]
    },
    {
      "mode": "managed",
      "type": "github_repository",
      "name": "asdf_community__asdf-svu",
      "provider": "provider[\"registry.terraform.io/integrations/github\"]",
      "instances": []
    },
    {
      "mode": "managed",
      "type": "github_repository",
      "name": "asdf_community__asdf-tridentctl",
      "provider": "provider[\"registry.terraform.io/integrations/github\"]",
      "instances": [
        {
          "schema_version": 1,
          "attributes": {
            "allow_auto_merge": false,
            "allow_merge_commit": true,
            "allow_rebase_merge": true,
            "allow_squash_merge": true,
            "allow_update_branch": false,
            "archive_on_destroy": null,
            "archived": false,
            "auto_init": false,
            "default_branch": "main",
            "delete_branch_on_merge": false,
            "description": "Not supported",
            "etag": "W/\"00341eb9bcef179ea5fb0566b1742121c49553ee097b32a240e128c4c5d2f8ed\"",
            "full_name": "asdf-vm-hyperupcall/asdf-tridentctl",
            "git_clone_url": "git://github.com/asdf-vm-hyperupcall/asdf-tridentctl.git",
            "gitignore_template": null,
            "has_discussions": false,
            "has_downloads": false,
            "has_issues": false,
            "has_projects": false,
            "has_wiki": false,
            "homepage_url": "",
            "html_url": "https://github.com/asdf-vm-hyperupcall/asdf-tridentctl",
            "http_clone_url": "https://github.com/asdf-vm-hyperupcall/asdf-tridentctl.git",
            "id": "asdf-tridentctl",
            "ignore_vulnerability_alerts_during_read": null,
            "is_template": false,
            "license_template": null,
            "merge_commit_message": "PR_TITLE",
            "merge_commit_title": "MERGE_MESSAGE",
            "name": "asdf-tridentctl",
            "node_id": "R_kgDOJ7R5sw",
            "pages": [],
            "private": false,
            "repo_id": 666139059,
            "security_and_analysis": [
              {
                "advanced_security": [],
                "secret_scanning": [
                  {
                    "status": "disabled"
                  }
                ],
                "secret_scanning_push_protection": [
                  {
                    "status": "disabled"
                  }
                ]
              }
            ],
            "squash_merge_commit_message": "COMMIT_MESSAGES",
            "squash_merge_commit_title": "COMMIT_OR_PR_TITLE",
            "ssh_clone_url": "git@github.com:asdf-vm-hyperupcall/asdf-tridentctl.git",
            "svn_url": "https://github.com/asdf-vm-hyperupcall/asdf-tridentctl",
            "template": [],
            "topics": null,
            "visibility": "public",
            "vulnerability_alerts": false
          },
          "sensitive_attributes": [],
          "private": "eyJzY2hlbWFfdmVyc2lvbiI6IjEifQ=="
        }
      ]
    },
    {
      "mode": "managed",
      "type": "github_repository",
      "name": "asdf_vm__asdf-elixir",
      "provider": "provider[\"registry.terraform.io/integrations/github\"]",
      "instances": [
        {
          "schema_version": 1,
          "attributes": {
            "allow_auto_merge": false,
            "allow_merge_commit": true,
            "allow_rebase_merge": true,
            "allow_squash_merge": true,
            "allow_update_branch": false,
            "archive_on_destroy": null,
            "archived": false,
            "auto_init": false,
            "default_branch": "main",
            "delete_branch_on_merge": false,
            "description": "Not supported",
            "etag": "W/\"e1d2459810fb5d18dbb7c4873a9e3e287dda36760a3a04368cf03985752c5ec0\"",
            "full_name": "asdf-vm-hyperupcall/asdf-elixir",
            "git_clone_url": "git://github.com/asdf-vm-hyperupcall/asdf-elixir.git",
            "gitignore_template": null,
            "has_discussions": false,
            "has_downloads": false,
            "has_issues": false,
            "has_projects": false,
            "has_wiki": false,
            "homepage_url": "",
            "html_url": "https://github.com/asdf-vm-hyperupcall/asdf-elixir",
            "http_clone_url": "https://github.com/asdf-vm-hyperupcall/asdf-elixir.git",
            "id": "asdf-elixir",
            "ignore_vulnerability_alerts_during_read": null,
            "is_template": false,
            "license_template": null,
            "merge_commit_message": "PR_TITLE",
            "merge_commit_title": "MERGE_MESSAGE",
            "name": "asdf-elixir",
            "node_id": "R_kgDOJ7RBaQ",
            "pages": [],
            "private": false,
            "repo_id": 666124649,
            "security_and_analysis": [
              {
                "advanced_security": [],
                "secret_scanning": [
                  {
                    "status": "disabled"
                  }
                ],
                "secret_scanning_push_protection": [
                  {
                    "status": "disabled"
                  }
                ]
              }
            ],
            "squash_merge_commit_message": "COMMIT_MESSAGES",
            "squash_merge_commit_title": "COMMIT_OR_PR_TITLE",
            "ssh_clone_url": "git@github.com:asdf-vm-hyperupcall/asdf-elixir.git",
            "svn_url": "https://github.com/asdf-vm-hyperupcall/asdf-elixir",
            "template": [],
            "topics": null,
            "visibility": "public",
            "vulnerability_alerts": false
          },
          "sensitive_attributes": [],
          "private": "eyJzY2hlbWFfdmVyc2lvbiI6IjEifQ=="
        }
      ]
    },
    {
      "mode": "managed",
      "type": "github_repository",
      "name": "asdf_vm__asdf-erlang",
      "provider": "provider[\"registry.terraform.io/integrations/github\"]",
      "instances": [
        {
          "schema_version": 1,
          "attributes": {
            "allow_auto_merge": false,
            "allow_merge_commit": true,
            "allow_rebase_merge": true,
            "allow_squash_merge": true,
            "allow_update_branch": false,
            "archive_on_destroy": null,
            "archived": false,
            "auto_init": false,
            "default_branch": "main",
            "delete_branch_on_merge": false,
            "description": "Not supported",
            "etag": "W/\"cf6096f61bf7ca766dccbf0d446ccb94fc1f84efe757c4699ce95623e180b522\"",
            "full_name": "asdf-vm-hyperupcall/asdf-erlang",
            "git_clone_url": "git://github.com/asdf-vm-hyperupcall/asdf-erlang.git",
            "gitignore_template": null,
            "has_discussions": false,
            "has_downloads": false,
            "has_issues": false,
            "has_projects": false,
            "has_wiki": false,
            "homepage_url": "",
            "html_url": "https://github.com/asdf-vm-hyperupcall/asdf-erlang",
            "http_clone_url": "https://github.com/asdf-vm-hyperupcall/asdf-erlang.git",
            "id": "asdf-erlang",
            "ignore_vulnerability_alerts_during_read": null,
            "is_template": false,
            "license_template": null,
            "merge_commit_message": "PR_TITLE",
            "merge_commit_title": "MERGE_MESSAGE",
            "name": "asdf-erlang",
            "node_id": "R_kgDOJ7RyAg",
            "pages": [],
            "private": false,
            "repo_id": 666137090,
            "security_and_analysis": [
              {
                "advanced_security": [],
                "secret_scanning": [
                  {
                    "status": "disabled"
                  }
                ],
                "secret_scanning_push_protection": [
                  {
                    "status": "disabled"
                  }
                ]
              }
            ],
            "squash_merge_commit_message": "COMMIT_MESSAGES",
            "squash_merge_commit_title": "COMMIT_OR_PR_TITLE",
            "ssh_clone_url": "git@github.com:asdf-vm-hyperupcall/asdf-erlang.git",
            "svn_url": "https://github.com/asdf-vm-hyperupcall/asdf-erlang",
            "template": [],
            "topics": null,
            "visibility": "public",
            "vulnerability_alerts": false
          },
          "sensitive_attributes": [],
          "private": "eyJzY2hlbWFfdmVyc2lvbiI6IjEifQ=="
        }
      ]
    },
    {
      "mode": "managed",
      "type": "github_repository",
      "name": "asdf_vm__asdf-nodejs",
      "provider": "provider[\"registry.terraform.io/integrations/github\"]",
      "instances": []
    },
    {
      "mode": "managed",
      "type": "github_repository",
      "name": "asdf_vm__asdf-ruby",
      "provider": "provider[\"registry.terraform.io/integrations/github\"]",
      "instances": [
        {
          "schema_version": 1,
          "attributes": {
            "allow_auto_merge": false,
            "allow_merge_commit": true,
            "allow_rebase_merge": true,
            "allow_squash_merge": true,
            "allow_update_branch": false,
            "archive_on_destroy": null,
            "archived": false,
            "auto_init": false,
            "default_branch": "main",
            "delete_branch_on_merge": false,
            "description": "Not supported",
            "etag": "W/\"cfe791b1d8f60daeff3b8b717c4e150da2dbb16456368b1eaa0401faf8697805\"",
            "full_name": "asdf-vm-hyperupcall/asdf-ruby",
            "git_clone_url": "git://github.com/asdf-vm-hyperupcall/asdf-ruby.git",
            "gitignore_template": null,
            "has_discussions": false,
            "has_downloads": false,
            "has_issues": false,
            "has_projects": false,
            "has_wiki": false,
            "homepage_url": "",
            "html_url": "https://github.com/asdf-vm-hyperupcall/asdf-ruby",
            "http_clone_url": "https://github.com/asdf-vm-hyperupcall/asdf-ruby.git",
            "id": "asdf-ruby",
            "ignore_vulnerability_alerts_during_read": null,
            "is_template": false,
            "license_template": null,
            "merge_commit_message": "PR_TITLE",
            "merge_commit_title": "MERGE_MESSAGE",
            "name": "asdf-ruby",
            "node_id": "R_kgDOJ7Q5Fg",
            "pages": [],
            "private": false,
            "repo_id": 666122518,
            "security_and_analysis": [
              {
                "advanced_security": [],
                "secret_scanning": [
                  {
                    "status": "disabled"
                  }
                ],
                "secret_scanning_push_protection": [
                  {
                    "status": "disabled"
                  }
                ]
              }
            ],
            "squash_merge_commit_message": "COMMIT_MESSAGES",
            "squash_merge_commit_title": "COMMIT_OR_PR_TITLE",
            "ssh_clone_url": "git@github.com:asdf-vm-hyperupcall/asdf-ruby.git",
            "svn_url": "https://github.com/asdf-vm-hyperupcall/asdf-ruby",
            "template": [],
            "topics": null,
            "visibility": "public",
            "vulnerability_alerts": false
          },
          "sensitive_attributes": [],
          "private": "eyJzY2hlbWFfdmVyc2lvbiI6IjEifQ=="
        }
      ]
    },
    {
      "mode": "managed",
      "type": "github_repository",
      "name": "augustobmoura__asdf_protonge",
      "provider": "provider[\"registry.terraform.io/integrations/github\"]",
      "instances": [
        {
          "schema_version": 1,
          "attributes": {
            "allow_auto_merge": false,
            "allow_merge_commit": true,
            "allow_rebase_merge": true,
            "allow_squash_merge": true,
            "allow_update_branch": false,
            "archive_on_destroy": null,
            "archived": false,
            "auto_init": false,
            "default_branch": "main",
            "delete_branch_on_merge": false,
            "description": "Not supported",
            "etag": "W/\"a513ea7754b4a2cf45a714724d330bd12e25edb577916bad7e15ff11e12687c8\"",
            "full_name": "asdf-vm-hyperupcall/asdf-protonge",
            "git_clone_url": "git://github.com/asdf-vm-hyperupcall/asdf-protonge.git",
            "gitignore_template": null,
            "has_discussions": false,
            "has_downloads": false,
            "has_issues": false,
            "has_projects": false,
            "has_wiki": false,
            "homepage_url": "",
            "html_url": "https://github.com/asdf-vm-hyperupcall/asdf-protonge",
            "http_clone_url": "https://github.com/asdf-vm-hyperupcall/asdf-protonge.git",
            "id": "asdf-protonge",
            "ignore_vulnerability_alerts_during_read": null,
            "is_template": false,
            "license_template": null,
            "merge_commit_message": "PR_TITLE",
            "merge_commit_title": "MERGE_MESSAGE",
            "name": "asdf-protonge",
            "node_id": "R_kgDOJ7Q4Sw",
            "pages": [],
            "private": false,
            "repo_id": 666122315,
            "security_and_analysis": [
              {
                "advanced_security": [],
                "secret_scanning": [
                  {
                    "status": "disabled"
                  }
                ],
                "secret_scanning_push_protection": [
                  {
                    "status": "disabled"
                  }
                ]
              }
            ],
            "squash_merge_commit_message": "COMMIT_MESSAGES",
            "squash_merge_commit_title": "COMMIT_OR_PR_TITLE",
            "ssh_clone_url": "git@github.com:asdf-vm-hyperupcall/asdf-protonge.git",
            "svn_url": "https://github.com/asdf-vm-hyperupcall/asdf-protonge",
            "template": [],
            "topics": null,
            "visibility": "public",
            "vulnerability_alerts": false
          },
          "sensitive_attributes": [],
          "private": "eyJzY2hlbWFfdmVyc2lvbiI6IjEifQ=="
        }
      ]
    },
    {
      "mode": "managed",
      "type": "github_repository",
      "name": "aws__asdf_smithy",
      "provider": "provider[\"registry.terraform.io/integrations/github\"]",
      "instances": []
    },
    {
      "mode": "managed",
      "type": "github_repository",
      "name": "bageljp__asdf_kube-score",
      "provider": "provider[\"registry.terraform.io/integrations/github\"]",
      "instances": []
    },
    {
      "mode": "managed",
      "type": "github_repository",
      "name": "barmac__asdf_camunda-modeler",
      "provider": "provider[\"registry.terraform.io/integrations/github\"]",
      "instances": []
    },
    {
      "mode": "managed",
      "type": "github_repository",
      "name": "bartlomiejdanek__asdf_github-cli",
      "provider": "provider[\"registry.terraform.io/integrations/github\"]",
      "instances": [
        {
          "schema_version": 1,
          "attributes": {
            "allow_auto_merge": false,
            "allow_merge_commit": true,
            "allow_rebase_merge": true,
            "allow_squash_merge": true,
            "allow_update_branch": false,
            "archive_on_destroy": null,
            "archived": false,
            "auto_init": false,
            "default_branch": "main",
            "delete_branch_on_merge": false,
            "description": "Not supported",
            "etag": "W/\"45d8a402be938e0c321e52b8a1288af8f18d47326836e7334787960ef62719a0\"",
            "full_name": "asdf-vm-hyperupcall/asdf-github-cli",
            "git_clone_url": "git://github.com/asdf-vm-hyperupcall/asdf-github-cli.git",
            "gitignore_template": null,
            "has_discussions": false,
            "has_downloads": false,
            "has_issues": false,
            "has_projects": false,
            "has_wiki": false,
            "homepage_url": "",
            "html_url": "https://github.com/asdf-vm-hyperupcall/asdf-github-cli",
            "http_clone_url": "https://github.com/asdf-vm-hyperupcall/asdf-github-cli.git",
            "id": "asdf-github-cli",
            "ignore_vulnerability_alerts_during_read": null,
            "is_template": false,
            "license_template": null,
            "merge_commit_message": "PR_TITLE",
            "merge_commit_title": "MERGE_MESSAGE",
            "name": "asdf-github-cli",
            "node_id": "R_kgDOJ7Ru7g",
            "pages": [],
            "private": false,
            "repo_id": 666136302,
            "security_and_analysis": [
              {
                "advanced_security": [],
                "secret_scanning": [
                  {
                    "status": "disabled"
                  }
                ],
                "secret_scanning_push_protection": [
                  {
                    "status": "disabled"
                  }
                ]
              }
            ],
            "squash_merge_commit_message": "COMMIT_MESSAGES",
            "squash_merge_commit_title": "COMMIT_OR_PR_TITLE",
            "ssh_clone_url": "git@github.com:asdf-vm-hyperupcall/asdf-github-cli.git",
            "svn_url": "https://github.com/asdf-vm-hyperupcall/asdf-github-cli",
            "template": [],
            "topics": null,
            "visibility": "public",
            "vulnerability_alerts": false
          },
          "sensitive_attributes": [],
          "private": "eyJzY2hlbWFfdmVyc2lvbiI6IjEifQ=="
        }
      ]
    },
    {
      "mode": "managed",
      "type": "github_repository",
      "name": "bartlomiejdanek__asdf_terraform-lsp",
      "provider": "provider[\"registry.terraform.io/integrations/github\"]",
      "instances": []
    },
    {
      "mode": "managed",
      "type": "github_repository",
      "name": "bdellegrazie__asdf_websocat",
      "provider": "provider[\"registry.terraform.io/integrations/github\"]",
      "instances": []
    },
    {
      "mode": "managed",
      "type": "github_repository",
      "name": "beardix__asdf_argocd",
      "provider": "provider[\"registry.terraform.io/integrations/github\"]",
      "instances": [
        {
          "schema_version": 1,
          "attributes": {
            "allow_auto_merge": false,
            "allow_merge_commit": true,
            "allow_rebase_merge": true,
            "allow_squash_merge": true,
            "allow_update_branch": false,
            "archive_on_destroy": null,
            "archived": false,
            "auto_init": false,
            "default_branch": "main",
            "delete_branch_on_merge": false,
            "description": "Not supported",
            "etag": "W/\"bb242664d8548061296f6f9399e3999ce520d7bbee3769aba5c09e8e5a96f4a7\"",
            "full_name": "asdf-vm-hyperupcall/asdf-argocd",
            "git_clone_url": "git://github.com/asdf-vm-hyperupcall/asdf-argocd.git",
            "gitignore_template": null,
            "has_discussions": false,
            "has_downloads": false,
            "has_issues": false,
            "has_projects": false,
            "has_wiki": false,
            "homepage_url": "",
            "html_url": "https://github.com/asdf-vm-hyperupcall/asdf-argocd",
            "http_clone_url": "https://github.com/asdf-vm-hyperupcall/asdf-argocd.git",
            "id": "asdf-argocd",
            "ignore_vulnerability_alerts_during_read": null,
            "is_template": false,
            "license_template": null,
            "merge_commit_message": "PR_TITLE",
            "merge_commit_title": "MERGE_MESSAGE",
            "name": "asdf-argocd",
            "node_id": "R_kgDOJ7Rt9w",
            "pages": [],
            "private": false,
            "repo_id": 666136055,
            "security_and_analysis": [
              {
                "advanced_security": [],
                "secret_scanning": [
                  {
                    "status": "disabled"
                  }
                ],
                "secret_scanning_push_protection": [
                  {
                    "status": "disabled"
                  }
                ]
              }
            ],
            "squash_merge_commit_message": "COMMIT_MESSAGES",
            "squash_merge_commit_title": "COMMIT_OR_PR_TITLE",
            "ssh_clone_url": "git@github.com:asdf-vm-hyperupcall/asdf-argocd.git",
            "svn_url": "https://github.com/asdf-vm-hyperupcall/asdf-argocd",
            "template": [],
            "topics": null,
            "visibility": "public",
            "vulnerability_alerts": false
          },
          "sensitive_attributes": [],
          "private": "eyJzY2hlbWFfdmVyc2lvbiI6IjEifQ=="
        }
      ]
    },
    {
      "mode": "managed",
      "type": "github_repository",
      "name": "beardix__asdf_jb",
      "provider": "provider[\"registry.terraform.io/integrations/github\"]",
      "instances": []
    },
    {
      "mode": "managed",
      "type": "github_repository",
      "name": "behoof4mind__asdf_swag",
      "provider": "provider[\"registry.terraform.io/integrations/github\"]",
      "instances": []
    },
    {
      "mode": "managed",
      "type": "github_repository",
      "name": "bellini666__asdf_lua-language-server",
      "provider": "provider[\"registry.terraform.io/integrations/github\"]",
      "instances": []
    },
    {
      "mode": "managed",
      "type": "github_repository",
      "name": "bennythejudge__asdf_plugin-okta-aws-cli",
      "provider": "provider[\"registry.terraform.io/integrations/github\"]",
      "instances": [
        {
          "schema_version": 1,
          "attributes": {
            "allow_auto_merge": false,
            "allow_merge_commit": true,
            "allow_rebase_merge": true,
            "allow_squash_merge": true,
            "allow_update_branch": false,
            "archive_on_destroy": null,
            "archived": false,
            "auto_init": false,
            "default_branch": "main",
            "delete_branch_on_merge": false,
            "description": "Not supported",
            "etag": "W/\"5a58cf795183105196978c15eb57427a8fa6558344ff79328c23206dc1f94dbb\"",
            "full_name": "asdf-vm-hyperupcall/asdf-plugin-okta-aws-cli",
            "git_clone_url": "git://github.com/asdf-vm-hyperupcall/asdf-plugin-okta-aws-cli.git",
            "gitignore_template": null,
            "has_discussions": false,
            "has_downloads": false,
            "has_issues": false,
            "has_projects": false,
            "has_wiki": false,
            "homepage_url": "",
            "html_url": "https://github.com/asdf-vm-hyperupcall/asdf-plugin-okta-aws-cli",
            "http_clone_url": "https://github.com/asdf-vm-hyperupcall/asdf-plugin-okta-aws-cli.git",
            "id": "asdf-plugin-okta-aws-cli",
            "ignore_vulnerability_alerts_during_read": null,
            "is_template": false,
            "license_template": null,
            "merge_commit_message": "PR_TITLE",
            "merge_commit_title": "MERGE_MESSAGE",
            "name": "asdf-plugin-okta-aws-cli",
            "node_id": "R_kgDOJ7Q34w",
            "pages": [],
            "private": false,
            "repo_id": 666122211,
            "security_and_analysis": [
              {
                "advanced_security": [],
                "secret_scanning": [
                  {
                    "status": "disabled"
                  }
                ],
                "secret_scanning_push_protection": [
                  {
                    "status": "disabled"
                  }
                ]
              }
            ],
            "squash_merge_commit_message": "COMMIT_MESSAGES",
            "squash_merge_commit_title": "COMMIT_OR_PR_TITLE",
            "ssh_clone_url": "git@github.com:asdf-vm-hyperupcall/asdf-plugin-okta-aws-cli.git",
            "svn_url": "https://github.com/asdf-vm-hyperupcall/asdf-plugin-okta-aws-cli",
            "template": [],
            "topics": null,
            "visibility": "public",
            "vulnerability_alerts": false
          },
          "sensitive_attributes": [],
          "private": "eyJzY2hlbWFfdmVyc2lvbiI6IjEifQ=="
        }
      ]
    },
    {
      "mode": "managed",
      "type": "github_repository",
      "name": "benthosdev__benthos_asdf",
      "provider": "provider[\"registry.terraform.io/integrations/github\"]",
      "instances": []
    },
    {
      "mode": "managed",
      "type": "github_repository",
      "name": "bersalazar__asdf_aws-nuke",
      "provider": "provider[\"registry.terraform.io/integrations/github\"]",
      "instances": [
        {
          "schema_version": 1,
          "attributes": {
            "allow_auto_merge": false,
            "allow_merge_commit": true,
            "allow_rebase_merge": true,
            "allow_squash_merge": true,
            "allow_update_branch": false,
            "archive_on_destroy": null,
            "archived": false,
            "auto_init": false,
            "default_branch": "main",
            "delete_branch_on_merge": false,
            "description": "Not supported",
            "etag": "W/\"3aca0252ed6e60aa3b036d383e3af1779c3b41a520fca1a31fe66afaf46e91d3\"",
            "full_name": "asdf-vm-hyperupcall/asdf-aws-nuke",
            "git_clone_url": "git://github.com/asdf-vm-hyperupcall/asdf-aws-nuke.git",
            "gitignore_template": null,
            "has_discussions": false,
            "has_downloads": false,
            "has_issues": false,
            "has_projects": false,
            "has_wiki": false,
            "homepage_url": "",
            "html_url": "https://github.com/asdf-vm-hyperupcall/asdf-aws-nuke",
            "http_clone_url": "https://github.com/asdf-vm-hyperupcall/asdf-aws-nuke.git",
            "id": "asdf-aws-nuke",
            "ignore_vulnerability_alerts_during_read": null,
            "is_template": false,
            "license_template": null,
            "merge_commit_message": "PR_TITLE",
            "merge_commit_title": "MERGE_MESSAGE",
            "name": "asdf-aws-nuke",
            "node_id": "R_kgDOJ7R6yg",
            "pages": [],
            "private": false,
            "repo_id": 666139338,
            "security_and_analysis": [
              {
                "advanced_security": [],
                "secret_scanning": [
                  {
                    "status": "disabled"
                  }
                ],
                "secret_scanning_push_protection": [
                  {
                    "status": "disabled"
                  }
                ]
              }
            ],
            "squash_merge_commit_message": "COMMIT_MESSAGES",
            "squash_merge_commit_title": "COMMIT_OR_PR_TITLE",
            "ssh_clone_url": "git@github.com:asdf-vm-hyperupcall/asdf-aws-nuke.git",
            "svn_url": "https://github.com/asdf-vm-hyperupcall/asdf-aws-nuke",
            "template": [],
            "topics": null,
            "visibility": "public",
            "vulnerability_alerts": false
          },
          "sensitive_attributes": [],
          "private": "eyJzY2hlbWFfdmVyc2lvbiI6IjEifQ=="
        }
      ]
    },
    {
      "mode": "managed",
      "type": "github_repository",
      "name": "bjw_s__asdf-krew",
      "provider": "provider[\"registry.terraform.io/integrations/github\"]",
      "instances": [
        {
          "schema_version": 1,
          "attributes": {
            "allow_auto_merge": false,
            "allow_merge_commit": true,
            "allow_rebase_merge": true,
            "allow_squash_merge": true,
            "allow_update_branch": false,
            "archive_on_destroy": null,
            "archived": false,
            "auto_init": false,
            "default_branch": "main",
            "delete_branch_on_merge": false,
            "description": "Not supported",
            "etag": "W/\"f3b55f1e157d4048150b6bf64bae23b32f8f598eb891b4c59a04244ac7e1bb89\"",
            "full_name": "asdf-vm-hyperupcall/asdf-krew",
            "git_clone_url": "git://github.com/asdf-vm-hyperupcall/asdf-krew.git",
            "gitignore_template": null,
            "has_discussions": false,
            "has_downloads": false,
            "has_issues": false,
            "has_projects": false,
            "has_wiki": false,
            "homepage_url": "",
            "html_url": "https://github.com/asdf-vm-hyperupcall/asdf-krew",
            "http_clone_url": "https://github.com/asdf-vm-hyperupcall/asdf-krew.git",
            "id": "asdf-krew",
            "ignore_vulnerability_alerts_during_read": null,
            "is_template": false,
            "license_template": null,
            "merge_commit_message": "PR_TITLE",
            "merge_commit_title": "MERGE_MESSAGE",
            "name": "asdf-krew",
            "node_id": "R_kgDOJ7RzBw",
            "pages": [],
            "private": false,
            "repo_id": 666137351,
            "security_and_analysis": [
              {
                "advanced_security": [],
                "secret_scanning": [
                  {
                    "status": "disabled"
                  }
                ],
                "secret_scanning_push_protection": [
                  {
                    "status": "disabled"
                  }
                ]
              }
            ],
            "squash_merge_commit_message": "COMMIT_MESSAGES",
            "squash_merge_commit_title": "COMMIT_OR_PR_TITLE",
            "ssh_clone_url": "git@github.com:asdf-vm-hyperupcall/asdf-krew.git",
            "svn_url": "https://github.com/asdf-vm-hyperupcall/asdf-krew",
            "template": [],
            "topics": null,
            "visibility": "public",
            "vulnerability_alerts": false
          },
          "sensitive_attributes": [],
          "private": "eyJzY2hlbWFfdmVyc2lvbiI6IjEifQ=="
        }
      ]
    },
    {
      "mode": "managed",
      "type": "github_repository",
      "name": "bjw_s__asdf-revive",
      "provider": "provider[\"registry.terraform.io/integrations/github\"]",
      "instances": []
    },
    {
      "mode": "managed",
      "type": "github_repository",
      "name": "bjw_s__asdf-talhelper",
      "provider": "provider[\"registry.terraform.io/integrations/github\"]",
      "instances": [
        {
          "schema_version": 1,
          "attributes": {
            "allow_auto_merge": false,
            "allow_merge_commit": true,
            "allow_rebase_merge": true,
            "allow_squash_merge": true,
            "allow_update_branch": false,
            "archive_on_destroy": null,
            "archived": false,
            "auto_init": false,
            "default_branch": "main",
            "delete_branch_on_merge": false,
            "description": "Not supported",
            "etag": "W/\"feee3aa7e21225a41b304b3d024096246b5f07f030f65a17d1d434b7acfae74f\"",
            "full_name": "asdf-vm-hyperupcall/asdf-talhelper",
            "git_clone_url": "git://github.com/asdf-vm-hyperupcall/asdf-talhelper.git",
            "gitignore_template": null,
            "has_discussions": false,
            "has_downloads": false,
            "has_issues": false,
            "has_projects": false,
            "has_wiki": false,
            "homepage_url": "",
            "html_url": "https://github.com/asdf-vm-hyperupcall/asdf-talhelper",
            "http_clone_url": "https://github.com/asdf-vm-hyperupcall/asdf-talhelper.git",
            "id": "asdf-talhelper",
            "ignore_vulnerability_alerts_during_read": null,
            "is_template": false,
            "license_template": null,
            "merge_commit_message": "PR_TITLE",
            "merge_commit_title": "MERGE_MESSAGE",
            "name": "asdf-talhelper",
            "node_id": "R_kgDOJ7Q96g",
            "pages": [],
            "private": false,
            "repo_id": 666123754,
            "security_and_analysis": [
              {
                "advanced_security": [],
                "secret_scanning": [
                  {
                    "status": "disabled"
                  }
                ],
                "secret_scanning_push_protection": [
                  {
                    "status": "disabled"
                  }
                ]
              }
            ],
            "squash_merge_commit_message": "COMMIT_MESSAGES",
            "squash_merge_commit_title": "COMMIT_OR_PR_TITLE",
            "ssh_clone_url": "git@github.com:asdf-vm-hyperupcall/asdf-talhelper.git",
            "svn_url": "https://github.com/asdf-vm-hyperupcall/asdf-talhelper",
            "template": [],
            "topics": null,
            "visibility": "public",
            "vulnerability_alerts": false
          },
          "sensitive_attributes": [],
          "private": "eyJzY2hlbWFfdmVyc2lvbiI6IjEifQ=="
        }
      ]
    },
    {
      "mode": "managed",
      "type": "github_repository",
      "name": "bjw_s__asdf-talosctl",
      "provider": "provider[\"registry.terraform.io/integrations/github\"]",
      "instances": [
        {
          "schema_version": 1,
          "attributes": {
            "allow_auto_merge": false,
            "allow_merge_commit": true,
            "allow_rebase_merge": true,
            "allow_squash_merge": true,
            "allow_update_branch": false,
            "archive_on_destroy": null,
            "archived": false,
            "auto_init": false,
            "default_branch": "main",
            "delete_branch_on_merge": false,
            "description": "Not supported",
            "etag": "W/\"d8acb297e4e1de8bbe53d833d37ff268510cfc82d1251e4568da8bf5e3dde70f\"",
            "full_name": "asdf-vm-hyperupcall/asdf-talosctl",
            "git_clone_url": "git://github.com/asdf-vm-hyperupcall/asdf-talosctl.git",
            "gitignore_template": null,
            "has_discussions": false,
            "has_downloads": false,
            "has_issues": false,
            "has_projects": false,
            "has_wiki": false,
            "homepage_url": "",
            "html_url": "https://github.com/asdf-vm-hyperupcall/asdf-talosctl",
            "http_clone_url": "https://github.com/asdf-vm-hyperupcall/asdf-talosctl.git",
            "id": "asdf-talosctl",
            "ignore_vulnerability_alerts_during_read": null,
            "is_template": false,
            "license_template": null,
            "merge_commit_message": "PR_TITLE",
            "merge_commit_title": "MERGE_MESSAGE",
            "name": "asdf-talosctl",
            "node_id": "R_kgDOJ7Q_Ew",
            "pages": [],
            "private": false,
            "repo_id": 666124051,
            "security_and_analysis": [
              {
                "advanced_security": [],
                "secret_scanning": [
                  {
                    "status": "disabled"
                  }
                ],
                "secret_scanning_push_protection": [
                  {
                    "status": "disabled"
                  }
                ]
              }
            ],
            "squash_merge_commit_message": "COMMIT_MESSAGES",
            "squash_merge_commit_title": "COMMIT_OR_PR_TITLE",
            "ssh_clone_url": "git@github.com:asdf-vm-hyperupcall/asdf-talosctl.git",
            "svn_url": "https://github.com/asdf-vm-hyperupcall/asdf-talosctl",
            "template": [],
            "topics": null,
            "visibility": "public",
            "vulnerability_alerts": false
          },
          "sensitive_attributes": [],
          "private": "eyJzY2hlbWFfdmVyc2lvbiI6IjEifQ=="
        }
      ]
    },
    {
      "mode": "managed",
      "type": "github_repository",
      "name": "boatkit_io__asdf-balena-cli",
      "provider": "provider[\"registry.terraform.io/integrations/github\"]",
      "instances": []
    },
    {
      "mode": "managed",
      "type": "github_repository",
      "name": "bodgit__asdf_spacectl",
      "provider": "provider[\"registry.terraform.io/integrations/github\"]",
      "instances": []
    },
    {
      "mode": "managed",
      "type": "github_repository",
      "name": "bored_engineer__asdf-codeql",
      "provider": "provider[\"registry.terraform.io/integrations/github\"]",
      "instances": [
        {
          "schema_version": 1,
          "attributes": {
            "allow_auto_merge": false,
            "allow_merge_commit": true,
            "allow_rebase_merge": true,
            "allow_squash_merge": true,
            "allow_update_branch": false,
            "archive_on_destroy": null,
            "archived": false,
            "auto_init": false,
            "default_branch": "main",
            "delete_branch_on_merge": false,
            "description": "Not supported",
            "etag": "W/\"2bd83386049882680fe3dd53ad54f99dbe6eafeb302a44477dfa1825557d6c25\"",
            "full_name": "asdf-vm-hyperupcall/asdf-codeql",
            "git_clone_url": "git://github.com/asdf-vm-hyperupcall/asdf-codeql.git",
            "gitignore_template": null,
            "has_discussions": false,
            "has_downloads": false,
            "has_issues": false,
            "has_projects": false,
            "has_wiki": false,
            "homepage_url": "",
            "html_url": "https://github.com/asdf-vm-hyperupcall/asdf-codeql",
            "http_clone_url": "https://github.com/asdf-vm-hyperupcall/asdf-codeql.git",
            "id": "asdf-codeql",
            "ignore_vulnerability_alerts_during_read": null,
            "is_template": false,
            "license_template": null,
            "merge_commit_message": "PR_TITLE",
            "merge_commit_title": "MERGE_MESSAGE",
            "name": "asdf-codeql",
            "node_id": "R_kgDOJ7RAFQ",
            "pages": [],
            "private": false,
            "repo_id": 666124309,
            "security_and_analysis": [
              {
                "advanced_security": [],
                "secret_scanning": [
                  {
                    "status": "disabled"
                  }
                ],
                "secret_scanning_push_protection": [
                  {
                    "status": "disabled"
                  }
                ]
              }
            ],
            "squash_merge_commit_message": "COMMIT_MESSAGES",
            "squash_merge_commit_title": "COMMIT_OR_PR_TITLE",
            "ssh_clone_url": "git@github.com:asdf-vm-hyperupcall/asdf-codeql.git",
            "svn_url": "https://github.com/asdf-vm-hyperupcall/asdf-codeql",
            "template": [],
            "topics": null,
            "visibility": "public",
            "vulnerability_alerts": false
          },
          "sensitive_attributes": [],
          "private": "eyJzY2hlbWFfdmVyc2lvbiI6IjEifQ=="
        }
      ]
    },
    {
      "mode": "managed",
      "type": "github_repository",
      "name": "bosmak__asdf_checkov",
      "provider": "provider[\"registry.terraform.io/integrations/github\"]",
      "instances": []
    },
    {
      "mode": "managed",
      "type": "github_repository",
      "name": "bpkg__asdf_bpkg",
      "provider": "provider[\"registry.terraform.io/integrations/github\"]",
      "instances": [
        {
          "schema_version": 1,
          "attributes": {
            "allow_auto_merge": false,
            "allow_merge_commit": true,
            "allow_rebase_merge": true,
            "allow_squash_merge": true,
            "allow_update_branch": false,
            "archive_on_destroy": null,
            "archived": false,
            "auto_init": false,
            "default_branch": "main",
            "delete_branch_on_merge": false,
            "description": "Not supported",
            "etag": "W/\"1d0ea53ccf8d26b74caf32f89e43c77b8535e2e9b58220145758b9f2df53935a\"",
            "full_name": "asdf-vm-hyperupcall/asdf-bpkg",
            "git_clone_url": "git://github.com/asdf-vm-hyperupcall/asdf-bpkg.git",
            "gitignore_template": null,
            "has_discussions": false,
            "has_downloads": false,
            "has_issues": false,
            "has_projects": false,
            "has_wiki": false,
            "homepage_url": "",
            "html_url": "https://github.com/asdf-vm-hyperupcall/asdf-bpkg",
            "http_clone_url": "https://github.com/asdf-vm-hyperupcall/asdf-bpkg.git",
            "id": "asdf-bpkg",
            "ignore_vulnerability_alerts_during_read": null,
            "is_template": false,
            "license_template": null,
            "merge_commit_message": "PR_TITLE",
            "merge_commit_title": "MERGE_MESSAGE",
            "name": "asdf-bpkg",
            "node_id": "R_kgDOJ7RE-g",
            "pages": [],
            "private": false,
            "repo_id": 666125562,
            "security_and_analysis": [
              {
                "advanced_security": [],
                "secret_scanning": [
                  {
                    "status": "disabled"
                  }
                ],
                "secret_scanning_push_protection": [
                  {
                    "status": "disabled"
                  }
                ]
              }
            ],
            "squash_merge_commit_message": "COMMIT_MESSAGES",
            "squash_merge_commit_title": "COMMIT_OR_PR_TITLE",
            "ssh_clone_url": "git@github.com:asdf-vm-hyperupcall/asdf-bpkg.git",
            "svn_url": "https://github.com/asdf-vm-hyperupcall/asdf-bpkg",
            "template": [],
            "topics": null,
            "visibility": "public",
            "vulnerability_alerts": false
          },
          "sensitive_attributes": [],
          "private": "eyJzY2hlbWFfdmVyc2lvbiI6IjEifQ=="
        }
      ]
    },
    {
      "mode": "managed",
      "type": "github_repository",
      "name": "bradym__asdf_docuum",
      "provider": "provider[\"registry.terraform.io/integrations/github\"]",
      "instances": [
        {
          "schema_version": 1,
          "attributes": {
            "allow_auto_merge": false,
            "allow_merge_commit": true,
            "allow_rebase_merge": true,
            "allow_squash_merge": true,
            "allow_update_branch": false,
            "archive_on_destroy": null,
            "archived": false,
            "auto_init": false,
            "default_branch": "main",
            "delete_branch_on_merge": false,
            "description": "Not supported",
            "etag": "W/\"e6de2ac59c7411de5133fecc2b5aef1f0eeba985c239df5aa9f83d1c188910d7\"",
            "full_name": "asdf-vm-hyperupcall/asdf-docuum",
            "git_clone_url": "git://github.com/asdf-vm-hyperupcall/asdf-docuum.git",
            "gitignore_template": null,
            "has_discussions": false,
            "has_downloads": false,
            "has_issues": false,
            "has_projects": false,
            "has_wiki": false,
            "homepage_url": "",
            "html_url": "https://github.com/asdf-vm-hyperupcall/asdf-docuum",
            "http_clone_url": "https://github.com/asdf-vm-hyperupcall/asdf-docuum.git",
            "id": "asdf-docuum",
            "ignore_vulnerability_alerts_during_read": null,
            "is_template": false,
            "license_template": null,
            "merge_commit_message": "PR_TITLE",
            "merge_commit_title": "MERGE_MESSAGE",
            "name": "asdf-docuum",
            "node_id": "R_kgDOJ7R3Kg",
            "pages": [],
            "private": false,
            "repo_id": 666138410,
            "security_and_analysis": [
              {
                "advanced_security": [],
                "secret_scanning": [
                  {
                    "status": "disabled"
                  }
                ],
                "secret_scanning_push_protection": [
                  {
                    "status": "disabled"
                  }
                ]
              }
            ],
            "squash_merge_commit_message": "COMMIT_MESSAGES",
            "squash_merge_commit_title": "COMMIT_OR_PR_TITLE",
            "ssh_clone_url": "git@github.com:asdf-vm-hyperupcall/asdf-docuum.git",
            "svn_url": "https://github.com/asdf-vm-hyperupcall/asdf-docuum",
            "template": [],
            "topics": null,
            "visibility": "public",
            "vulnerability_alerts": false
          },
          "sensitive_attributes": [],
          "private": "eyJzY2hlbWFfdmVyc2lvbiI6IjEifQ=="
        }
      ]
    },
    {
      "mode": "managed",
      "type": "github_repository",
      "name": "bradym__asdf_glen",
      "provider": "provider[\"registry.terraform.io/integrations/github\"]",
      "instances": []
    },
    {
      "mode": "managed",
      "type": "github_repository",
      "name": "bram2000__asdf_sbt",
      "provider": "provider[\"registry.terraform.io/integrations/github\"]",
      "instances": []
    },
    {
      "mode": "managed",
      "type": "github_repository",
      "name": "brandon_welsch__asdf-scalingo-cli",
      "provider": "provider[\"registry.terraform.io/integrations/github\"]",
      "instances": [
        {
          "schema_version": 1,
          "attributes": {
            "allow_auto_merge": false,
            "allow_merge_commit": true,
            "allow_rebase_merge": true,
            "allow_squash_merge": true,
            "allow_update_branch": false,
            "archive_on_destroy": null,
            "archived": false,
            "auto_init": false,
            "default_branch": "main",
            "delete_branch_on_merge": false,
            "description": "Not supported",
            "etag": "W/\"6d27f7aee8b481e32bc304983748e7d05ce6df30325c7cc69dff0a2a49810960\"",
            "full_name": "asdf-vm-hyperupcall/asdf-scalingo-cli",
            "git_clone_url": "git://github.com/asdf-vm-hyperupcall/asdf-scalingo-cli.git",
            "gitignore_template": null,
            "has_discussions": false,
            "has_downloads": false,
            "has_issues": false,
            "has_projects": false,
            "has_wiki": false,
            "homepage_url": "",
            "html_url": "https://github.com/asdf-vm-hyperupcall/asdf-scalingo-cli",
            "http_clone_url": "https://github.com/asdf-vm-hyperupcall/asdf-scalingo-cli.git",
            "id": "asdf-scalingo-cli",
            "ignore_vulnerability_alerts_during_read": null,
            "is_template": false,
            "license_template": null,
            "merge_commit_message": "PR_TITLE",
            "merge_commit_title": "MERGE_MESSAGE",
            "name": "asdf-scalingo-cli",
            "node_id": "R_kgDOJ7Q3AA",
            "pages": [],
            "private": false,
            "repo_id": 666121984,
            "security_and_analysis": [
              {
                "advanced_security": [],
                "secret_scanning": [
                  {
                    "status": "disabled"
                  }
                ],
                "secret_scanning_push_protection": [
                  {
                    "status": "disabled"
                  }
                ]
              }
            ],
            "squash_merge_commit_message": "COMMIT_MESSAGES",
            "squash_merge_commit_title": "COMMIT_OR_PR_TITLE",
            "ssh_clone_url": "git@github.com:asdf-vm-hyperupcall/asdf-scalingo-cli.git",
            "svn_url": "https://github.com/asdf-vm-hyperupcall/asdf-scalingo-cli",
            "template": [],
            "topics": null,
            "visibility": "public",
            "vulnerability_alerts": false
          },
          "sensitive_attributes": [],
          "private": "eyJzY2hlbWFfdmVyc2lvbiI6IjEifQ=="
        }
      ]
    },
    {
      "mode": "managed",
      "type": "github_repository",
      "name": "brentjanderson__asdf_hygen",
      "provider": "provider[\"registry.terraform.io/integrations/github\"]",
      "instances": []
    },
    {
      "mode": "managed",
      "type": "github_repository",
      "name": "brentjanderson__asdf_semgrep",
      "provider": "provider[\"registry.terraform.io/integrations/github\"]",
      "instances": []
    },
    {
      "mode": "managed",
      "type": "github_repository",
      "name": "cLupus__asdf_sqlite",
      "provider": "provider[\"registry.terraform.io/integrations/github\"]",
      "instances": []
    },
    {
      "mode": "managed",
      "type": "github_repository",
      "name": "cabify__asdf_mockery",
      "provider": "provider[\"registry.terraform.io/integrations/github\"]",
      "instances": [
        {
          "schema_version": 1,
          "attributes": {
            "allow_auto_merge": false,
            "allow_merge_commit": true,
            "allow_rebase_merge": true,
            "allow_squash_merge": true,
            "allow_update_branch": false,
            "archive_on_destroy": null,
            "archived": false,
            "auto_init": false,
            "default_branch": "main",
            "delete_branch_on_merge": false,
            "description": "Not supported",
            "etag": "W/\"af3590b590a461f57db9fdc297b6475af12874f8bd6a969648742899e9c3b4f9\"",
            "full_name": "asdf-vm-hyperupcall/asdf-mockery",
            "git_clone_url": "git://github.com/asdf-vm-hyperupcall/asdf-mockery.git",
            "gitignore_template": null,
            "has_discussions": false,
            "has_downloads": false,
            "has_issues": false,
            "has_projects": false,
            "has_wiki": false,
            "homepage_url": "",
            "html_url": "https://github.com/asdf-vm-hyperupcall/asdf-mockery",
            "http_clone_url": "https://github.com/asdf-vm-hyperupcall/asdf-mockery.git",
            "id": "asdf-mockery",
            "ignore_vulnerability_alerts_during_read": null,
            "is_template": false,
            "license_template": null,
            "merge_commit_message": "PR_TITLE",
            "merge_commit_title": "MERGE_MESSAGE",
            "name": "asdf-mockery",
            "node_id": "R_kgDOJ7Q77w",
            "pages": [],
            "private": false,
            "repo_id": 666123247,
            "security_and_analysis": [
              {
                "advanced_security": [],
                "secret_scanning": [
                  {
                    "status": "disabled"
                  }
                ],
                "secret_scanning_push_protection": [
                  {
                    "status": "disabled"
                  }
                ]
              }
            ],
            "squash_merge_commit_message": "COMMIT_MESSAGES",
            "squash_merge_commit_title": "COMMIT_OR_PR_TITLE",
            "ssh_clone_url": "git@github.com:asdf-vm-hyperupcall/asdf-mockery.git",
            "svn_url": "https://github.com/asdf-vm-hyperupcall/asdf-mockery",
            "template": [],
            "topics": null,
            "visibility": "public",
            "vulnerability_alerts": false
          },
          "sensitive_attributes": [],
          "private": "eyJzY2hlbWFfdmVyc2lvbiI6IjEifQ=="
        }
      ]
    },
    {
      "mode": "managed",
      "type": "github_repository",
      "name": "camunda_community-hub__asdf-zbctl",
      "provider": "provider[\"registry.terraform.io/integrations/github\"]",
      "instances": []
    },
    {
      "mode": "managed",
      "type": "github_repository",
      "name": "canha__asdf_pulumi",
      "provider": "provider[\"registry.terraform.io/integrations/github\"]",
      "instances": [
        {
          "schema_version": 1,
          "attributes": {
            "allow_auto_merge": false,
            "allow_merge_commit": true,
            "allow_rebase_merge": true,
            "allow_squash_merge": true,
            "allow_update_branch": false,
            "archive_on_destroy": null,
            "archived": false,
            "auto_init": false,
            "default_branch": "main",
            "delete_branch_on_merge": false,
            "description": "Not supported",
            "etag": "W/\"78b3d10fba67fbd60fcbd420d145a0a5ef9765da5971984847450a8e97d80fa3\"",
            "full_name": "asdf-vm-hyperupcall/asdf-pulumi",
            "git_clone_url": "git://github.com/asdf-vm-hyperupcall/asdf-pulumi.git",
            "gitignore_template": null,
            "has_discussions": false,
            "has_downloads": false,
            "has_issues": false,
            "has_projects": false,
            "has_wiki": false,
            "homepage_url": "",
            "html_url": "https://github.com/asdf-vm-hyperupcall/asdf-pulumi",
            "http_clone_url": "https://github.com/asdf-vm-hyperupcall/asdf-pulumi.git",
            "id": "asdf-pulumi",
            "ignore_vulnerability_alerts_during_read": null,
            "is_template": false,
            "license_template": null,
            "merge_commit_message": "PR_TITLE",
            "merge_commit_title": "MERGE_MESSAGE",
            "name": "asdf-pulumi",
            "node_id": "R_kgDOJ7Q6ag",
            "pages": [],
            "private": false,
            "repo_id": 666122858,
            "security_and_analysis": [
              {
                "advanced_security": [],
                "secret_scanning": [
                  {
                    "status": "disabled"
                  }
                ],
                "secret_scanning_push_protection": [
                  {
                    "status": "disabled"
                  }
                ]
              }
            ],
            "squash_merge_commit_message": "COMMIT_MESSAGES",
            "squash_merge_commit_title": "COMMIT_OR_PR_TITLE",
            "ssh_clone_url": "git@github.com:asdf-vm-hyperupcall/asdf-pulumi.git",
            "svn_url": "https://github.com/asdf-vm-hyperupcall/asdf-pulumi",
            "template": [],
            "topics": null,
            "visibility": "public",
            "vulnerability_alerts": false
          },
          "sensitive_attributes": [],
          "private": "eyJzY2hlbWFfdmVyc2lvbiI6IjEifQ=="
        }
      ]
    },
    {
      "mode": "managed",
      "type": "github_repository",
      "name": "carbonteq__asdf_btm",
      "provider": "provider[\"registry.terraform.io/integrations/github\"]",
      "instances": [
        {
          "schema_version": 1,
          "attributes": {
            "allow_auto_merge": false,
            "allow_merge_commit": true,
            "allow_rebase_merge": true,
            "allow_squash_merge": true,
            "allow_update_branch": false,
            "archive_on_destroy": null,
            "archived": false,
            "auto_init": false,
            "default_branch": "main",
            "delete_branch_on_merge": false,
            "description": "Not supported",
            "etag": "W/\"db94c1e172f12d75084bf3dd10362d00d05a2927e04cf4533f5c764772d65248\"",
            "full_name": "asdf-vm-hyperupcall/asdf-btm",
            "git_clone_url": "git://github.com/asdf-vm-hyperupcall/asdf-btm.git",
            "gitignore_template": null,
            "has_discussions": false,
            "has_downloads": false,
            "has_issues": false,
            "has_projects": false,
            "has_wiki": false,
            "homepage_url": "",
            "html_url": "https://github.com/asdf-vm-hyperupcall/asdf-btm",
            "http_clone_url": "https://github.com/asdf-vm-hyperupcall/asdf-btm.git",
            "id": "asdf-btm",
            "ignore_vulnerability_alerts_during_read": null,
            "is_template": false,
            "license_template": null,
            "merge_commit_message": "PR_TITLE",
            "merge_commit_title": "MERGE_MESSAGE",
            "name": "asdf-btm",
            "node_id": "R_kgDOJ7RuMA",
            "pages": [],
            "private": false,
            "repo_id": 666136112,
            "security_and_analysis": [
              {
                "advanced_security": [],
                "secret_scanning": [
                  {
                    "status": "disabled"
                  }
                ],
                "secret_scanning_push_protection": [
                  {
                    "status": "disabled"
                  }
                ]
              }
            ],
            "squash_merge_commit_message": "COMMIT_MESSAGES",
            "squash_merge_commit_title": "COMMIT_OR_PR_TITLE",
            "ssh_clone_url": "git@github.com:asdf-vm-hyperupcall/asdf-btm.git",
            "svn_url": "https://github.com/asdf-vm-hyperupcall/asdf-btm",
            "template": [],
            "topics": null,
            "visibility": "public",
            "vulnerability_alerts": false
          },
          "sensitive_attributes": [],
          "private": "eyJzY2hlbWFfdmVyc2lvbiI6IjEifQ=="
        }
      ]
    },
    {
      "mode": "managed",
      "type": "github_repository",
      "name": "carbonteq__asdf_choose",
      "provider": "provider[\"registry.terraform.io/integrations/github\"]",
      "instances": []
    },
    {
      "mode": "managed",
      "type": "github_repository",
      "name": "carlduevel__asdf_iam-policy-json-to-terraform",
      "provider": "provider[\"registry.terraform.io/integrations/github\"]",
      "instances": [
        {
          "schema_version": 1,
          "attributes": {
            "allow_auto_merge": false,
            "allow_merge_commit": true,
            "allow_rebase_merge": true,
            "allow_squash_merge": true,
            "allow_update_branch": false,
            "archive_on_destroy": null,
            "archived": false,
            "auto_init": false,
            "default_branch": "main",
            "delete_branch_on_merge": false,
            "description": "Not supported",
            "etag": "W/\"d18ff1449cf827efcd6de53d5803ab72d4d9d8f32477a3322baeb0ea55b5cb39\"",
            "full_name": "asdf-vm-hyperupcall/asdf-iam-policy-json-to-terraform",
            "git_clone_url": "git://github.com/asdf-vm-hyperupcall/asdf-iam-policy-json-to-terraform.git",
            "gitignore_template": null,
            "has_discussions": false,
            "has_downloads": false,
            "has_issues": false,
            "has_projects": false,
            "has_wiki": false,
            "homepage_url": "",
            "html_url": "https://github.com/asdf-vm-hyperupcall/asdf-iam-policy-json-to-terraform",
            "http_clone_url": "https://github.com/asdf-vm-hyperupcall/asdf-iam-policy-json-to-terraform.git",
            "id": "asdf-iam-policy-json-to-terraform",
            "ignore_vulnerability_alerts_during_read": null,
            "is_template": false,
            "license_template": null,
            "merge_commit_message": "PR_TITLE",
            "merge_commit_title": "MERGE_MESSAGE",
            "name": "asdf-iam-policy-json-to-terraform",
            "node_id": "R_kgDOJ7Q0ZQ",
            "pages": [],
            "private": false,
            "repo_id": 666121317,
            "security_and_analysis": [
              {
                "advanced_security": [],
                "secret_scanning": [
                  {
                    "status": "disabled"
                  }
                ],
                "secret_scanning_push_protection": [
                  {
                    "status": "disabled"
                  }
                ]
              }
            ],
            "squash_merge_commit_message": "COMMIT_MESSAGES",
            "squash_merge_commit_title": "COMMIT_OR_PR_TITLE",
            "ssh_clone_url": "git@github.com:asdf-vm-hyperupcall/asdf-iam-policy-json-to-terraform.git",
            "svn_url": "https://github.com/asdf-vm-hyperupcall/asdf-iam-policy-json-to-terraform",
            "template": [],
            "topics": null,
            "visibility": "public",
            "vulnerability_alerts": false
          },
          "sensitive_attributes": [],
          "private": "eyJzY2hlbWFfdmVyc2lvbiI6IjEifQ=="
        }
      ]
    },
    {
      "mode": "managed",
      "type": "github_repository",
      "name": "carlduevel__asdf_k2tf",
      "provider": "provider[\"registry.terraform.io/integrations/github\"]",
      "instances": []
    },
    {
      "mode": "managed",
      "type": "github_repository",
      "name": "carlduevel__asdf_rstash",
      "provider": "provider[\"registry.terraform.io/integrations/github\"]",
      "instances": []
    },
    {
      "mode": "managed",
      "type": "github_repository",
      "name": "carlduevel__asdf_tfenv",
      "provider": "provider[\"registry.terraform.io/integrations/github\"]",
      "instances": []
    },
    {
      "mode": "managed",
      "type": "github_repository",
      "name": "carlduevel__asdf_zprint",
      "provider": "provider[\"registry.terraform.io/integrations/github\"]",
      "instances": []
    },
    {
      "mode": "managed",
      "type": "github_repository",
      "name": "carnei_ro__asdf-certstrap",
      "provider": "provider[\"registry.terraform.io/integrations/github\"]",
      "instances": [
        {
          "schema_version": 1,
          "attributes": {
            "allow_auto_merge": false,
            "allow_merge_commit": true,
            "allow_rebase_merge": true,
            "allow_squash_merge": true,
            "allow_update_branch": false,
            "archive_on_destroy": null,
            "archived": false,
            "auto_init": false,
            "default_branch": "main",
            "delete_branch_on_merge": false,
            "description": "Not supported",
            "etag": "W/\"2f2371615ca5a1acc75f473fdc74c17f839f434670e30caaa4afdf6b9620e324\"",
            "full_name": "asdf-vm-hyperupcall/asdf-certstrap",
            "git_clone_url": "git://github.com/asdf-vm-hyperupcall/asdf-certstrap.git",
            "gitignore_template": null,
            "has_discussions": false,
            "has_downloads": false,
            "has_issues": false,
            "has_projects": false,
            "has_wiki": false,
            "homepage_url": "",
            "html_url": "https://github.com/asdf-vm-hyperupcall/asdf-certstrap",
            "http_clone_url": "https://github.com/asdf-vm-hyperupcall/asdf-certstrap.git",
            "id": "asdf-certstrap",
            "ignore_vulnerability_alerts_during_read": null,
            "is_template": false,
            "license_template": null,
            "merge_commit_message": "PR_TITLE",
            "merge_commit_title": "MERGE_MESSAGE",
            "name": "asdf-certstrap",
            "node_id": "R_kgDOJ7R0Og",
            "pages": [],
            "private": false,
            "repo_id": 666137658,
            "security_and_analysis": [
              {
                "advanced_security": [],
                "secret_scanning": [
                  {
                    "status": "disabled"
                  }
                ],
                "secret_scanning_push_protection": [
                  {
                    "status": "disabled"
                  }
                ]
              }
            ],
            "squash_merge_commit_message": "COMMIT_MESSAGES",
            "squash_merge_commit_title": "COMMIT_OR_PR_TITLE",
            "ssh_clone_url": "git@github.com:asdf-vm-hyperupcall/asdf-certstrap.git",
            "svn_url": "https://github.com/asdf-vm-hyperupcall/asdf-certstrap",
            "template": [],
            "topics": null,
            "visibility": "public",
            "vulnerability_alerts": false
          },
          "sensitive_attributes": [],
          "private": "eyJzY2hlbWFfdmVyc2lvbiI6IjEifQ=="
        }
      ]
    },
    {
      "mode": "managed",
      "type": "github_repository",
      "name": "carnei_ro__asdf-cilium-cli",
      "provider": "provider[\"registry.terraform.io/integrations/github\"]",
      "instances": []
    },
    {
      "mode": "managed",
      "type": "github_repository",
      "name": "carnei_ro__asdf-func-e",
      "provider": "provider[\"registry.terraform.io/integrations/github\"]",
      "instances": []
    },
    {
      "mode": "managed",
      "type": "github_repository",
      "name": "carnei_ro__asdf-kubeshark",
      "provider": "provider[\"registry.terraform.io/integrations/github\"]",
      "instances": [
        {
          "schema_version": 1,
          "attributes": {
            "allow_auto_merge": false,
            "allow_merge_commit": true,
            "allow_rebase_merge": true,
            "allow_squash_merge": true,
            "allow_update_branch": false,
            "archive_on_destroy": null,
            "archived": false,
            "auto_init": false,
            "default_branch": "main",
            "delete_branch_on_merge": false,
            "description": "Not supported",
            "etag": "W/\"ca21e5850350dd4f7036fc7b9dc3e63bb22d3ea08e15777cc9d1e6c037e1a3ec\"",
            "full_name": "asdf-vm-hyperupcall/asdf-kubeshark",
            "git_clone_url": "git://github.com/asdf-vm-hyperupcall/asdf-kubeshark.git",
            "gitignore_template": null,
            "has_discussions": false,
            "has_downloads": false,
            "has_issues": false,
            "has_projects": false,
            "has_wiki": false,
            "homepage_url": "",
            "html_url": "https://github.com/asdf-vm-hyperupcall/asdf-kubeshark",
            "http_clone_url": "https://github.com/asdf-vm-hyperupcall/asdf-kubeshark.git",
            "id": "asdf-kubeshark",
            "ignore_vulnerability_alerts_during_read": null,
            "is_template": false,
            "license_template": null,
            "merge_commit_message": "PR_TITLE",
            "merge_commit_title": "MERGE_MESSAGE",
            "name": "asdf-kubeshark",
            "node_id": "R_kgDOJ7Q0Vg",
            "pages": [],
            "private": false,
            "repo_id": 666121302,
            "security_and_analysis": [
              {
                "advanced_security": [],
                "secret_scanning": [
                  {
                    "status": "disabled"
                  }
                ],
                "secret_scanning_push_protection": [
                  {
                    "status": "disabled"
                  }
                ]
              }
            ],
            "squash_merge_commit_message": "COMMIT_MESSAGES",
            "squash_merge_commit_title": "COMMIT_OR_PR_TITLE",
            "ssh_clone_url": "git@github.com:asdf-vm-hyperupcall/asdf-kubeshark.git",
            "svn_url": "https://github.com/asdf-vm-hyperupcall/asdf-kubeshark",
            "template": [],
            "topics": null,
            "visibility": "public",
            "vulnerability_alerts": false
          },
          "sensitive_attributes": [],
          "private": "eyJzY2hlbWFfdmVyc2lvbiI6IjEifQ=="
        }
      ]
    },
    {
      "mode": "managed",
      "type": "github_repository",
      "name": "carnei_ro__asdf-steampipe",
      "provider": "provider[\"registry.terraform.io/integrations/github\"]",
      "instances": []
    },
    {
      "mode": "managed",
      "type": "github_repository",
      "name": "carnei_ro__asdf-tfstate-lookup",
      "provider": "provider[\"registry.terraform.io/integrations/github\"]",
      "instances": [
        {
          "schema_version": 1,
          "attributes": {
            "allow_auto_merge": false,
            "allow_merge_commit": true,
            "allow_rebase_merge": true,
            "allow_squash_merge": true,
            "allow_update_branch": false,
            "archive_on_destroy": null,
            "archived": false,
            "auto_init": false,
            "default_branch": "main",
            "delete_branch_on_merge": false,
            "description": "Not supported",
            "etag": "W/\"18cc2f7c74abd642dfaf80a4bb5de0c318548efeb4b2f9d5302750c12dfa074f\"",
            "full_name": "asdf-vm-hyperupcall/asdf-tfstate-lookup",
            "git_clone_url": "git://github.com/asdf-vm-hyperupcall/asdf-tfstate-lookup.git",
            "gitignore_template": null,
            "has_discussions": false,
            "has_downloads": false,
            "has_issues": false,
            "has_projects": false,
            "has_wiki": false,
            "homepage_url": "",
            "html_url": "https://github.com/asdf-vm-hyperupcall/asdf-tfstate-lookup",
            "http_clone_url": "https://github.com/asdf-vm-hyperupcall/asdf-tfstate-lookup.git",
            "id": "asdf-tfstate-lookup",
            "ignore_vulnerability_alerts_during_read": null,
            "is_template": false,
            "license_template": null,
            "merge_commit_message": "PR_TITLE",
            "merge_commit_title": "MERGE_MESSAGE",
            "name": "asdf-tfstate-lookup",
            "node_id": "R_kgDOJ7Ru_g",
            "pages": [],
            "private": false,
            "repo_id": 666136318,
            "security_and_analysis": [
              {
                "advanced_security": [],
                "secret_scanning": [
                  {
                    "status": "disabled"
                  }
                ],
                "secret_scanning_push_protection": [
                  {
                    "status": "disabled"
                  }
                ]
              }
            ],
            "squash_merge_commit_message": "COMMIT_MESSAGES",
            "squash_merge_commit_title": "COMMIT_OR_PR_TITLE",
            "ssh_clone_url": "git@github.com:asdf-vm-hyperupcall/asdf-tfstate-lookup.git",
            "svn_url": "https://github.com/asdf-vm-hyperupcall/asdf-tfstate-lookup",
            "template": [],
            "topics": null,
            "visibility": "public",
            "vulnerability_alerts": false
          },
          "sensitive_attributes": [],
          "private": "eyJzY2hlbWFfdmVyc2lvbiI6IjEifQ=="
        }
      ]
    },
    {
      "mode": "managed",
      "type": "github_repository",
      "name": "cgroschupp__asdf_container-diff",
      "provider": "provider[\"registry.terraform.io/integrations/github\"]",
      "instances": []
    },
    {
      "mode": "managed",
      "type": "github_repository",
      "name": "cgroschupp__asdf_k3sup",
      "provider": "provider[\"registry.terraform.io/integrations/github\"]",
      "instances": [
        {
          "schema_version": 1,
          "attributes": {
            "allow_auto_merge": false,
            "allow_merge_commit": true,
            "allow_rebase_merge": true,
            "allow_squash_merge": true,
            "allow_update_branch": false,
            "archive_on_destroy": null,
            "archived": false,
            "auto_init": false,
            "default_branch": "main",
            "delete_branch_on_merge": false,
            "description": "Not supported",
            "etag": "W/\"fda56f53e710539053acca9715ca828e1b4fee18bb6b2f3315feceda3a8ecc8c\"",
            "full_name": "asdf-vm-hyperupcall/asdf-k3sup",
            "git_clone_url": "git://github.com/asdf-vm-hyperupcall/asdf-k3sup.git",
            "gitignore_template": null,
            "has_discussions": false,
            "has_downloads": false,
            "has_issues": false,
            "has_projects": false,
            "has_wiki": false,
            "homepage_url": "",
            "html_url": "https://github.com/asdf-vm-hyperupcall/asdf-k3sup",
            "http_clone_url": "https://github.com/asdf-vm-hyperupcall/asdf-k3sup.git",
            "id": "asdf-k3sup",
            "ignore_vulnerability_alerts_during_read": null,
            "is_template": false,
            "license_template": null,
            "merge_commit_message": "PR_TITLE",
            "merge_commit_title": "MERGE_MESSAGE",
            "name": "asdf-k3sup",
            "node_id": "R_kgDOJ7R0Bw",
            "pages": [],
            "private": false,
            "repo_id": 666137607,
            "security_and_analysis": [
              {
                "advanced_security": [],
                "secret_scanning": [
                  {
                    "status": "disabled"
                  }
                ],
                "secret_scanning_push_protection": [
                  {
                    "status": "disabled"
                  }
                ]
              }
            ],
            "squash_merge_commit_message": "COMMIT_MESSAGES",
            "squash_merge_commit_title": "COMMIT_OR_PR_TITLE",
            "ssh_clone_url": "git@github.com:asdf-vm-hyperupcall/asdf-k3sup.git",
            "svn_url": "https://github.com/asdf-vm-hyperupcall/asdf-k3sup",
            "template": [],
            "topics": null,
            "visibility": "public",
            "vulnerability_alerts": false
          },
          "sensitive_attributes": [],
          "private": "eyJzY2hlbWFfdmVyc2lvbiI6IjEifQ=="
        }
      ]
    },
    {
      "mode": "managed",
      "type": "github_repository",
      "name": "cheetah__asdf_zig",
      "provider": "provider[\"registry.terraform.io/integrations/github\"]",
      "instances": [
        {
          "schema_version": 1,
          "attributes": {
            "allow_auto_merge": false,
            "allow_merge_commit": true,
            "allow_rebase_merge": true,
            "allow_squash_merge": true,
            "allow_update_branch": false,
            "archive_on_destroy": null,
            "archived": false,
            "auto_init": false,
            "default_branch": "main",
            "delete_branch_on_merge": false,
            "description": "Not supported",
            "etag": "W/\"4aea588a87115272bd723198e88cf92e1c7e0d63befb0f9f7502dc87040d435a\"",
            "full_name": "asdf-vm-hyperupcall/asdf-zig",
            "git_clone_url": "git://github.com/asdf-vm-hyperupcall/asdf-zig.git",
            "gitignore_template": null,
            "has_discussions": false,
            "has_downloads": false,
            "has_issues": false,
            "has_projects": false,
            "has_wiki": false,
            "homepage_url": "",
            "html_url": "https://github.com/asdf-vm-hyperupcall/asdf-zig",
            "http_clone_url": "https://github.com/asdf-vm-hyperupcall/asdf-zig.git",
            "id": "asdf-zig",
            "ignore_vulnerability_alerts_during_read": null,
            "is_template": false,
            "license_template": null,
            "merge_commit_message": "PR_TITLE",
            "merge_commit_title": "MERGE_MESSAGE",
            "name": "asdf-zig",
            "node_id": "R_kgDOJ7RBNA",
            "pages": [],
            "private": false,
            "repo_id": 666124596,
            "security_and_analysis": [
              {
                "advanced_security": [],
                "secret_scanning": [
                  {
                    "status": "disabled"
                  }
                ],
                "secret_scanning_push_protection": [
                  {
                    "status": "disabled"
                  }
                ]
              }
            ],
            "squash_merge_commit_message": "COMMIT_MESSAGES",
            "squash_merge_commit_title": "COMMIT_OR_PR_TITLE",
            "ssh_clone_url": "git@github.com:asdf-vm-hyperupcall/asdf-zig.git",
            "svn_url": "https://github.com/asdf-vm-hyperupcall/asdf-zig",
            "template": [],
            "topics": null,
            "visibility": "public",
            "vulnerability_alerts": false
          },
          "sensitive_attributes": [],
          "private": "eyJzY2hlbWFfdmVyc2lvbiI6IjEifQ=="
        }
      ]
    },
    {
      "mode": "managed",
      "type": "github_repository",
      "name": "chessmango__asdf_awsls",
      "provider": "provider[\"registry.terraform.io/integrations/github\"]",
      "instances": [
        {
          "schema_version": 1,
          "attributes": {
            "allow_auto_merge": false,
            "allow_merge_commit": true,
            "allow_rebase_merge": true,
            "allow_squash_merge": true,
            "allow_update_branch": false,
            "archive_on_destroy": null,
            "archived": false,
            "auto_init": false,
            "default_branch": "main",
            "delete_branch_on_merge": false,
            "description": "Not supported",
            "etag": "W/\"18d413878c6c364bb1e134483f7935ba7566b9b3c8420483a1104bbef8b77f22\"",
            "full_name": "asdf-vm-hyperupcall/asdf-awsls",
            "git_clone_url": "git://github.com/asdf-vm-hyperupcall/asdf-awsls.git",
            "gitignore_template": null,
            "has_discussions": false,
            "has_downloads": false,
            "has_issues": false,
            "has_projects": false,
            "has_wiki": false,
            "homepage_url": "",
            "html_url": "https://github.com/asdf-vm-hyperupcall/asdf-awsls",
            "http_clone_url": "https://github.com/asdf-vm-hyperupcall/asdf-awsls.git",
            "id": "asdf-awsls",
            "ignore_vulnerability_alerts_during_read": null,
            "is_template": false,
            "license_template": null,
            "merge_commit_message": "PR_TITLE",
            "merge_commit_title": "MERGE_MESSAGE",
            "name": "asdf-awsls",
            "node_id": "R_kgDOJ7RsCg",
            "pages": [],
            "private": false,
            "repo_id": 666135562,
            "security_and_analysis": [
              {
                "advanced_security": [],
                "secret_scanning": [
                  {
                    "status": "disabled"
                  }
                ],
                "secret_scanning_push_protection": [
                  {
                    "status": "disabled"
                  }
                ]
              }
            ],
            "squash_merge_commit_message": "COMMIT_MESSAGES",
            "squash_merge_commit_title": "COMMIT_OR_PR_TITLE",
            "ssh_clone_url": "git@github.com:asdf-vm-hyperupcall/asdf-awsls.git",
            "svn_url": "https://github.com/asdf-vm-hyperupcall/asdf-awsls",
            "template": [],
            "topics": null,
            "visibility": "public",
            "vulnerability_alerts": false
          },
          "sensitive_attributes": [],
          "private": "eyJzY2hlbWFfdmVyc2lvbiI6IjEifQ=="
        }
      ]
    },
    {
      "mode": "managed",
      "type": "github_repository",
      "name": "chessmango__asdf_awsrm",
      "provider": "provider[\"registry.terraform.io/integrations/github\"]",
      "instances": []
    },
    {
      "mode": "managed",
      "type": "github_repository",
      "name": "chessmango__asdf_awsweeper",
      "provider": "provider[\"registry.terraform.io/integrations/github\"]",
      "instances": []
    },
    {
      "mode": "managed",
      "type": "github_repository",
      "name": "chessmango__asdf_flyctl",
      "provider": "provider[\"registry.terraform.io/integrations/github\"]",
      "instances": []
    },
    {
      "mode": "managed",
      "type": "github_repository",
      "name": "chessmango__asdf_glow",
      "provider": "provider[\"registry.terraform.io/integrations/github\"]",
      "instances": [
        {
          "schema_version": 1,
          "attributes": {
            "allow_auto_merge": false,
            "allow_merge_commit": true,
            "allow_rebase_merge": true,
            "allow_squash_merge": true,
            "allow_update_branch": false,
            "archive_on_destroy": null,
            "archived": false,
            "auto_init": false,
            "default_branch": "main",
            "delete_branch_on_merge": false,
            "description": "Not supported",
            "etag": "W/\"d9aa4fdd1c545ef69b16f47372d7214d4eea0961af9f095da3924a4e14cd0b30\"",
            "full_name": "asdf-vm-hyperupcall/asdf-glow",
            "git_clone_url": "git://github.com/asdf-vm-hyperupcall/asdf-glow.git",
            "gitignore_template": null,
            "has_discussions": false,
            "has_downloads": false,
            "has_issues": false,
            "has_projects": false,
            "has_wiki": false,
            "homepage_url": "",
            "html_url": "https://github.com/asdf-vm-hyperupcall/asdf-glow",
            "http_clone_url": "https://github.com/asdf-vm-hyperupcall/asdf-glow.git",
            "id": "asdf-glow",
            "ignore_vulnerability_alerts_during_read": null,
            "is_template": false,
            "license_template": null,
            "merge_commit_message": "PR_TITLE",
            "merge_commit_title": "MERGE_MESSAGE",
            "name": "asdf-glow",
            "node_id": "R_kgDOJ7Rr_w",
            "pages": [],
            "private": false,
            "repo_id": 666135551,
            "security_and_analysis": [
              {
                "advanced_security": [],
                "secret_scanning": [
                  {
                    "status": "disabled"
                  }
                ],
                "secret_scanning_push_protection": [
                  {
                    "status": "disabled"
                  }
                ]
              }
            ],
            "squash_merge_commit_message": "COMMIT_MESSAGES",
            "squash_merge_commit_title": "COMMIT_OR_PR_TITLE",
            "ssh_clone_url": "git@github.com:asdf-vm-hyperupcall/asdf-glow.git",
            "svn_url": "https://github.com/asdf-vm-hyperupcall/asdf-glow",
            "template": [],
            "topics": null,
            "visibility": "public",
            "vulnerability_alerts": false
          },
          "sensitive_attributes": [],
          "private": "eyJzY2hlbWFfdmVyc2lvbiI6IjEifQ=="
        }
      ]
    },
    {
      "mode": "managed",
      "type": "github_repository",
      "name": "chessmango__asdf_hcloud",
      "provider": "provider[\"registry.terraform.io/integrations/github\"]",
      "instances": []
    },
    {
      "mode": "managed",
      "type": "github_repository",
      "name": "chessmango__asdf_hwatch",
      "provider": "provider[\"registry.terraform.io/integrations/github\"]",
      "instances": []
    },
    {
      "mode": "managed",
      "type": "github_repository",
      "name": "chessmango__asdf_iamlive",
      "provider": "provider[\"registry.terraform.io/integrations/github\"]",
      "instances": [
        {
          "schema_version": 1,
          "attributes": {
            "allow_auto_merge": false,
            "allow_merge_commit": true,
            "allow_rebase_merge": true,
            "allow_squash_merge": true,
            "allow_update_branch": false,
            "archive_on_destroy": null,
            "archived": false,
            "auto_init": false,
            "default_branch": "main",
            "delete_branch_on_merge": false,
            "description": "Not supported",
            "etag": "W/\"c781e1c83c8fbe852cca5f500a0ef8ed87583390a984282bf6257f561ba28260\"",
            "full_name": "asdf-vm-hyperupcall/asdf-iamlive",
            "git_clone_url": "git://github.com/asdf-vm-hyperupcall/asdf-iamlive.git",
            "gitignore_template": null,
            "has_discussions": false,
            "has_downloads": false,
            "has_issues": false,
            "has_projects": false,
            "has_wiki": false,
            "homepage_url": "",
            "html_url": "https://github.com/asdf-vm-hyperupcall/asdf-iamlive",
            "http_clone_url": "https://github.com/asdf-vm-hyperupcall/asdf-iamlive.git",
            "id": "asdf-iamlive",
            "ignore_vulnerability_alerts_during_read": null,
            "is_template": false,
            "license_template": null,
            "merge_commit_message": "PR_TITLE",
            "merge_commit_title": "MERGE_MESSAGE",
            "name": "asdf-iamlive",
            "node_id": "R_kgDOJ7Rw0g",
            "pages": [],
            "private": false,
            "repo_id": 666136786,
            "security_and_analysis": [
              {
                "advanced_security": [],
                "secret_scanning": [
                  {
                    "status": "disabled"
                  }
                ],
                "secret_scanning_push_protection": [
                  {
                    "status": "disabled"
                  }
                ]
              }
            ],
            "squash_merge_commit_message": "COMMIT_MESSAGES",
            "squash_merge_commit_title": "COMMIT_OR_PR_TITLE",
            "ssh_clone_url": "git@github.com:asdf-vm-hyperupcall/asdf-iamlive.git",
            "svn_url": "https://github.com/asdf-vm-hyperupcall/asdf-iamlive",
            "template": [],
            "topics": null,
            "visibility": "public",
            "vulnerability_alerts": false
          },
          "sensitive_attributes": [],
          "private": "eyJzY2hlbWFfdmVyc2lvbiI6IjEifQ=="
        }
      ]
    },
    {
      "mode": "managed",
      "type": "github_repository",
      "name": "chessmango__asdf_jiq",
      "provider": "provider[\"registry.terraform.io/integrations/github\"]",
      "instances": []
    },
    {
      "mode": "managed",
      "type": "github_repository",
      "name": "chessmango__asdf_melt",
      "provider": "provider[\"registry.terraform.io/integrations/github\"]",
      "instances": [
        {
          "schema_version": 1,
          "attributes": {
            "allow_auto_merge": false,
            "allow_merge_commit": true,
            "allow_rebase_merge": true,
            "allow_squash_merge": true,
            "allow_update_branch": false,
            "archive_on_destroy": null,
            "archived": false,
            "auto_init": false,
            "default_branch": "main",
            "delete_branch_on_merge": false,
            "description": "Not supported",
            "etag": "W/\"0af436421a4af633382cb6b69178efe24286c3f5dcfb6c87d1f4fc120e95a082\"",
            "full_name": "asdf-vm-hyperupcall/asdf-melt",
            "git_clone_url": "git://github.com/asdf-vm-hyperupcall/asdf-melt.git",
            "gitignore_template": null,
            "has_discussions": false,
            "has_downloads": false,
            "has_issues": false,
            "has_projects": false,
            "has_wiki": false,
            "homepage_url": "",
            "html_url": "https://github.com/asdf-vm-hyperupcall/asdf-melt",
            "http_clone_url": "https://github.com/asdf-vm-hyperupcall/asdf-melt.git",
            "id": "asdf-melt",
            "ignore_vulnerability_alerts_during_read": null,
            "is_template": false,
            "license_template": null,
            "merge_commit_message": "PR_TITLE",
            "merge_commit_title": "MERGE_MESSAGE",
            "name": "asdf-melt",
            "node_id": "R_kgDOJ7RwGw",
            "pages": [],
            "private": false,
            "repo_id": 666136603,
            "security_and_analysis": [
              {
                "advanced_security": [],
                "secret_scanning": [
                  {
                    "status": "disabled"
                  }
                ],
                "secret_scanning_push_protection": [
                  {
                    "status": "disabled"
                  }
                ]
              }
            ],
            "squash_merge_commit_message": "COMMIT_MESSAGES",
            "squash_merge_commit_title": "COMMIT_OR_PR_TITLE",
            "ssh_clone_url": "git@github.com:asdf-vm-hyperupcall/asdf-melt.git",
            "svn_url": "https://github.com/asdf-vm-hyperupcall/asdf-melt",
            "template": [],
            "topics": null,
            "visibility": "public",
            "vulnerability_alerts": false
          },
          "sensitive_attributes": [],
          "private": "eyJzY2hlbWFfdmVyc2lvbiI6IjEifQ=="
        }
      ]
    },
    {
      "mode": "managed",
      "type": "github_repository",
      "name": "chessmango__asdf_redo",
      "provider": "provider[\"registry.terraform.io/integrations/github\"]",
      "instances": []
    },
    {
      "mode": "managed",
      "type": "github_repository",
      "name": "chessmango__asdf_skate",
      "provider": "provider[\"registry.terraform.io/integrations/github\"]",
      "instances": [
        {
          "schema_version": 1,
          "attributes": {
            "allow_auto_merge": false,
            "allow_merge_commit": true,
            "allow_rebase_merge": true,
            "allow_squash_merge": true,
            "allow_update_branch": false,
            "archive_on_destroy": null,
            "archived": false,
            "auto_init": false,
            "default_branch": "main",
            "delete_branch_on_merge": false,
            "description": "Not supported",
            "etag": "W/\"9812d99d3a2764512ce4d9ea30c647a534dae151b8dc30ba2ec85731e31490dc\"",
            "full_name": "asdf-vm-hyperupcall/asdf-skate",
            "git_clone_url": "git://github.com/asdf-vm-hyperupcall/asdf-skate.git",
            "gitignore_template": null,
            "has_discussions": false,
            "has_downloads": false,
            "has_issues": false,
            "has_projects": false,
            "has_wiki": false,
            "homepage_url": "",
            "html_url": "https://github.com/asdf-vm-hyperupcall/asdf-skate",
            "http_clone_url": "https://github.com/asdf-vm-hyperupcall/asdf-skate.git",
            "id": "asdf-skate",
            "ignore_vulnerability_alerts_during_read": null,
            "is_template": false,
            "license_template": null,
            "merge_commit_message": "PR_TITLE",
            "merge_commit_title": "MERGE_MESSAGE",
            "name": "asdf-skate",
            "node_id": "R_kgDOJ7Q87g",
            "pages": [],
            "private": false,
            "repo_id": 666123502,
            "security_and_analysis": [
              {
                "advanced_security": [],
                "secret_scanning": [
                  {
                    "status": "disabled"
                  }
                ],
                "secret_scanning_push_protection": [
                  {
                    "status": "disabled"
                  }
                ]
              }
            ],
            "squash_merge_commit_message": "COMMIT_MESSAGES",
            "squash_merge_commit_title": "COMMIT_OR_PR_TITLE",
            "ssh_clone_url": "git@github.com:asdf-vm-hyperupcall/asdf-skate.git",
            "svn_url": "https://github.com/asdf-vm-hyperupcall/asdf-skate",
            "template": [],
            "topics": null,
            "visibility": "public",
            "vulnerability_alerts": false
          },
          "sensitive_attributes": [],
          "private": "eyJzY2hlbWFfdmVyc2lvbiI6IjEifQ=="
        }
      ]
    },
    {
      "mode": "managed",
      "type": "github_repository",
      "name": "chessmango__asdf_soft-serve",
      "provider": "provider[\"registry.terraform.io/integrations/github\"]",
      "instances": []
    },
    {
      "mode": "managed",
      "type": "github_repository",
      "name": "chessmango__asdf_terradozer",
      "provider": "provider[\"registry.terraform.io/integrations/github\"]",
      "instances": []
    },
    {
      "mode": "managed",
      "type": "github_repository",
      "name": "chessmango__asdf_vhs",
      "provider": "provider[\"registry.terraform.io/integrations/github\"]",
      "instances": [
        {
          "schema_version": 1,
          "attributes": {
            "allow_auto_merge": false,
            "allow_merge_commit": true,
            "allow_rebase_merge": true,
            "allow_squash_merge": true,
            "allow_update_branch": false,
            "archive_on_destroy": null,
            "archived": false,
            "auto_init": false,
            "default_branch": "main",
            "delete_branch_on_merge": false,
            "description": "Not supported",
            "etag": "W/\"b4d4f283fe15b8df557565a0056c5f17d98c550f8130b86eb59c219d84258880\"",
            "full_name": "asdf-vm-hyperupcall/asdf-vhs",
            "git_clone_url": "git://github.com/asdf-vm-hyperupcall/asdf-vhs.git",
            "gitignore_template": null,
            "has_discussions": false,
            "has_downloads": false,
            "has_issues": false,
            "has_projects": false,
            "has_wiki": false,
            "homepage_url": "",
            "html_url": "https://github.com/asdf-vm-hyperupcall/asdf-vhs",
            "http_clone_url": "https://github.com/asdf-vm-hyperupcall/asdf-vhs.git",
            "id": "asdf-vhs",
            "ignore_vulnerability_alerts_during_read": null,
            "is_template": false,
            "license_template": null,
            "merge_commit_message": "PR_TITLE",
            "merge_commit_title": "MERGE_MESSAGE",
            "name": "asdf-vhs",
            "node_id": "R_kgDOJ7R1dw",
            "pages": [],
            "private": false,
            "repo_id": 666137975,
            "security_and_analysis": [
              {
                "advanced_security": [],
                "secret_scanning": [
                  {
                    "status": "disabled"
                  }
                ],
                "secret_scanning_push_protection": [
                  {
                    "status": "disabled"
                  }
                ]
              }
            ],
            "squash_merge_commit_message": "COMMIT_MESSAGES",
            "squash_merge_commit_title": "COMMIT_OR_PR_TITLE",
            "ssh_clone_url": "git@github.com:asdf-vm-hyperupcall/asdf-vhs.git",
            "svn_url": "https://github.com/asdf-vm-hyperupcall/asdf-vhs",
            "template": [],
            "topics": null,
            "visibility": "public",
            "vulnerability_alerts": false
          },
          "sensitive_attributes": [],
          "private": "eyJzY2hlbWFfdmVyc2lvbiI6IjEifQ=="
        }
      ]
    },
    {
      "mode": "managed",
      "type": "github_repository",
      "name": "chessmango__asdf_zellij",
      "provider": "provider[\"registry.terraform.io/integrations/github\"]",
      "instances": []
    },
    {
      "mode": "managed",
      "type": "github_repository",
      "name": "cipherstash__asdf_ejson",
      "provider": "provider[\"registry.terraform.io/integrations/github\"]",
      "instances": []
    },
    {
      "mode": "managed",
      "type": "github_repository",
      "name": "cipherstash__asdf_mdbook",
      "provider": "provider[\"registry.terraform.io/integrations/github\"]",
      "instances": []
    },
    {
      "mode": "managed",
      "type": "github_repository",
      "name": "cipherstash__asdf_mdbook-linkcheck",
      "provider": "provider[\"registry.terraform.io/integrations/github\"]",
      "instances": []
    },
    {
      "mode": "managed",
      "type": "github_repository",
      "name": "code_lever__asdf-rust",
      "provider": "provider[\"registry.terraform.io/integrations/github\"]",
      "instances": []
    },
    {
      "mode": "managed",
      "type": "github_repository",
      "name": "comdotlinux__asdf_allure",
      "provider": "provider[\"registry.terraform.io/integrations/github\"]",
      "instances": []
    },
    {
      "mode": "managed",
      "type": "github_repository",
      "name": "comdotlinux__asdf_jmeter",
      "provider": "provider[\"registry.terraform.io/integrations/github\"]",
      "instances": [
        {
          "schema_version": 1,
          "attributes": {
            "allow_auto_merge": false,
            "allow_merge_commit": true,
            "allow_rebase_merge": true,
            "allow_squash_merge": true,
            "allow_update_branch": false,
            "archive_on_destroy": null,
            "archived": false,
            "auto_init": false,
            "default_branch": "main",
            "delete_branch_on_merge": false,
            "description": "Not supported",
            "etag": "W/\"448c03212083711dd72ed7edf4bd68f7d978ab07e46edfb81987b553213edda2\"",
            "full_name": "asdf-vm-hyperupcall/asdf-jmeter",
            "git_clone_url": "git://github.com/asdf-vm-hyperupcall/asdf-jmeter.git",
            "gitignore_template": null,
            "has_discussions": false,
            "has_downloads": false,
            "has_issues": false,
            "has_projects": false,
            "has_wiki": false,
            "homepage_url": "",
            "html_url": "https://github.com/asdf-vm-hyperupcall/asdf-jmeter",
            "http_clone_url": "https://github.com/asdf-vm-hyperupcall/asdf-jmeter.git",
            "id": "asdf-jmeter",
            "ignore_vulnerability_alerts_during_read": null,
            "is_template": false,
            "license_template": null,
            "merge_commit_message": "PR_TITLE",
            "merge_commit_title": "MERGE_MESSAGE",
            "name": "asdf-jmeter",
            "node_id": "R_kgDOJ7RwLg",
            "pages": [],
            "private": false,
            "repo_id": 666136622,
            "security_and_analysis": [
              {
                "advanced_security": [],
                "secret_scanning": [
                  {
                    "status": "disabled"
                  }
                ],
                "secret_scanning_push_protection": [
                  {
                    "status": "disabled"
                  }
                ]
              }
            ],
            "squash_merge_commit_message": "COMMIT_MESSAGES",
            "squash_merge_commit_title": "COMMIT_OR_PR_TITLE",
            "ssh_clone_url": "git@github.com:asdf-vm-hyperupcall/asdf-jmeter.git",
            "svn_url": "https://github.com/asdf-vm-hyperupcall/asdf-jmeter",
            "template": [],
            "topics": null,
            "visibility": "public",
            "vulnerability_alerts": false
          },
          "sensitive_attributes": [],
          "private": "eyJzY2hlbWFfdmVyc2lvbiI6IjEifQ=="
        }
      ]
    },
    {
      "mode": "managed",
      "type": "github_repository",
      "name": "comdotlinux__asdf_ki",
      "provider": "provider[\"registry.terraform.io/integrations/github\"]",
      "instances": [
        {
          "schema_version": 1,
          "attributes": {
            "allow_auto_merge": false,
            "allow_merge_commit": true,
            "allow_rebase_merge": true,
            "allow_squash_merge": true,
            "allow_update_branch": false,
            "archive_on_destroy": null,
            "archived": false,
            "auto_init": false,
            "default_branch": "main",
            "delete_branch_on_merge": false,
            "description": "Not supported",
            "etag": "W/\"9571204d915c2480e11eb4da2fb03325fa164b1b3072193283c7998303791d07\"",
            "full_name": "asdf-vm-hyperupcall/asdf-ki",
            "git_clone_url": "git://github.com/asdf-vm-hyperupcall/asdf-ki.git",
            "gitignore_template": null,
            "has_discussions": false,
            "has_downloads": false,
            "has_issues": false,
            "has_projects": false,
            "has_wiki": false,
            "homepage_url": "",
            "html_url": "https://github.com/asdf-vm-hyperupcall/asdf-ki",
            "http_clone_url": "https://github.com/asdf-vm-hyperupcall/asdf-ki.git",
            "id": "asdf-ki",
            "ignore_vulnerability_alerts_during_read": null,
            "is_template": false,
            "license_template": null,
            "merge_commit_message": "PR_TITLE",
            "merge_commit_title": "MERGE_MESSAGE",
            "name": "asdf-ki",
            "node_id": "R_kgDOJ7Q-sg",
            "pages": [],
            "private": false,
            "repo_id": 666123954,
            "security_and_analysis": [
              {
                "advanced_security": [],
                "secret_scanning": [
                  {
                    "status": "disabled"
                  }
                ],
                "secret_scanning_push_protection": [
                  {
                    "status": "disabled"
                  }
                ]
              }
            ],
            "squash_merge_commit_message": "COMMIT_MESSAGES",
            "squash_merge_commit_title": "COMMIT_OR_PR_TITLE",
            "ssh_clone_url": "git@github.com:asdf-vm-hyperupcall/asdf-ki.git",
            "svn_url": "https://github.com/asdf-vm-hyperupcall/asdf-ki",
            "template": [],
            "topics": null,
            "visibility": "public",
            "vulnerability_alerts": false
          },
          "sensitive_attributes": [],
          "private": "eyJzY2hlbWFfdmVyc2lvbiI6IjEifQ=="
        }
      ]
    },
    {
      "mode": "managed",
      "type": "github_repository",
      "name": "comdotlinux__asdf_loki-logcli",
      "provider": "provider[\"registry.terraform.io/integrations/github\"]",
      "instances": []
    },
    {
      "mode": "managed",
      "type": "github_repository",
      "name": "cometkim__asdf_bun",
      "provider": "provider[\"registry.terraform.io/integrations/github\"]",
      "instances": []
    },
    {
      "mode": "managed",
      "type": "github_repository",
      "name": "cometkim__asdf_grain",
      "provider": "provider[\"registry.terraform.io/integrations/github\"]",
      "instances": []
    },
    {
      "mode": "managed",
      "type": "github_repository",
      "name": "cometkim__asdf_lucy",
      "provider": "provider[\"registry.terraform.io/integrations/github\"]",
      "instances": []
    },
    {
      "mode": "managed",
      "type": "github_repository",
      "name": "cometkim__asdf_sqldef",
      "provider": "provider[\"registry.terraform.io/integrations/github\"]",
      "instances": [
        {
          "schema_version": 1,
          "attributes": {
            "allow_auto_merge": false,
            "allow_merge_commit": true,
            "allow_rebase_merge": true,
            "allow_squash_merge": true,
            "allow_update_branch": false,
            "archive_on_destroy": null,
            "archived": false,
            "auto_init": false,
            "default_branch": "main",
            "delete_branch_on_merge": false,
            "description": "Not supported",
            "etag": "W/\"e7d00559d5429f61b9c1991b0b6a4ad74da836284d11431d010b3b53d73ad043\"",
            "full_name": "asdf-vm-hyperupcall/asdf-sqldef",
            "git_clone_url": "git://github.com/asdf-vm-hyperupcall/asdf-sqldef.git",
            "gitignore_template": null,
            "has_discussions": false,
            "has_downloads": false,
            "has_issues": false,
            "has_projects": false,
            "has_wiki": false,
            "homepage_url": "",
            "html_url": "https://github.com/asdf-vm-hyperupcall/asdf-sqldef",
            "http_clone_url": "https://github.com/asdf-vm-hyperupcall/asdf-sqldef.git",
            "id": "asdf-sqldef",
            "ignore_vulnerability_alerts_during_read": null,
            "is_template": false,
            "license_template": null,
            "merge_commit_message": "PR_TITLE",
            "merge_commit_title": "MERGE_MESSAGE",
            "name": "asdf-sqldef",
            "node_id": "R_kgDOJ7Q16w",
            "pages": [],
            "private": false,
            "repo_id": 666121707,
            "security_and_analysis": [
              {
                "advanced_security": [],
                "secret_scanning": [
                  {
                    "status": "disabled"
                  }
                ],
                "secret_scanning_push_protection": [
                  {
                    "status": "disabled"
                  }
                ]
              }
            ],
            "squash_merge_commit_message": "COMMIT_MESSAGES",
            "squash_merge_commit_title": "COMMIT_OR_PR_TITLE",
            "ssh_clone_url": "git@github.com:asdf-vm-hyperupcall/asdf-sqldef.git",
            "svn_url": "https://github.com/asdf-vm-hyperupcall/asdf-sqldef",
            "template": [],
            "topics": null,
            "visibility": "public",
            "vulnerability_alerts": false
          },
          "sensitive_attributes": [],
          "private": "eyJzY2hlbWFfdmVyc2lvbiI6IjEifQ=="
        }
      ]
    },
    {
      "mode": "managed",
      "type": "github_repository",
      "name": "coolreader18__asdf_wasi-sdk",
      "provider": "provider[\"registry.terraform.io/integrations/github\"]",
      "instances": [
        {
          "schema_version": 1,
          "attributes": {
            "allow_auto_merge": false,
            "allow_merge_commit": true,
            "allow_rebase_merge": true,
            "allow_squash_merge": true,
            "allow_update_branch": false,
            "archive_on_destroy": null,
            "archived": false,
            "auto_init": false,
            "default_branch": "main",
            "delete_branch_on_merge": false,
            "description": "Not supported",
            "etag": "W/\"084c46843161ed79a29a82c605d80fdfe51e69b79dbe35ecdb6948f4bbf419cd\"",
            "full_name": "asdf-vm-hyperupcall/asdf-wasi-sdk",
            "git_clone_url": "git://github.com/asdf-vm-hyperupcall/asdf-wasi-sdk.git",
            "gitignore_template": null,
            "has_discussions": false,
            "has_downloads": false,
            "has_issues": false,
            "has_projects": false,
            "has_wiki": false,
            "homepage_url": "",
            "html_url": "https://github.com/asdf-vm-hyperupcall/asdf-wasi-sdk",
            "http_clone_url": "https://github.com/asdf-vm-hyperupcall/asdf-wasi-sdk.git",
            "id": "asdf-wasi-sdk",
            "ignore_vulnerability_alerts_during_read": null,
            "is_template": false,
            "license_template": null,
            "merge_commit_message": "PR_TITLE",
            "merge_commit_title": "MERGE_MESSAGE",
            "name": "asdf-wasi-sdk",
            "node_id": "R_kgDOJ7Q0Tg",
            "pages": [],
            "private": false,
            "repo_id": 666121294,
            "security_and_analysis": [
              {
                "advanced_security": [],
                "secret_scanning": [
                  {
                    "status": "disabled"
                  }
                ],
                "secret_scanning_push_protection": [
                  {
                    "status": "disabled"
                  }
                ]
              }
            ],
            "squash_merge_commit_message": "COMMIT_MESSAGES",
            "squash_merge_commit_title": "COMMIT_OR_PR_TITLE",
            "ssh_clone_url": "git@github.com:asdf-vm-hyperupcall/asdf-wasi-sdk.git",
            "svn_url": "https://github.com/asdf-vm-hyperupcall/asdf-wasi-sdk",
            "template": [],
            "topics": null,
            "visibility": "public",
            "vulnerability_alerts": false
          },
          "sensitive_attributes": [],
          "private": "eyJzY2hlbWFfdmVyc2lvbiI6IjEifQ=="
        }
      ]
    },
    {
      "mode": "managed",
      "type": "github_repository",
      "name": "cprecioso__asdf_tuist",
      "provider": "provider[\"registry.terraform.io/integrations/github\"]",
      "instances": [
        {
          "schema_version": 1,
          "attributes": {
            "allow_auto_merge": false,
            "allow_merge_commit": true,
            "allow_rebase_merge": true,
            "allow_squash_merge": true,
            "allow_update_branch": false,
            "archive_on_destroy": null,
            "archived": false,
            "auto_init": false,
            "default_branch": "main",
            "delete_branch_on_merge": false,
            "description": "Not supported",
            "etag": "W/\"ddd3c52cabef34eebd84ff52e976be1ab983615d68661e064b588e0c6a8fc081\"",
            "full_name": "asdf-vm-hyperupcall/asdf-tuist",
            "git_clone_url": "git://github.com/asdf-vm-hyperupcall/asdf-tuist.git",
            "gitignore_template": null,
            "has_discussions": false,
            "has_downloads": false,
            "has_issues": false,
            "has_projects": false,
            "has_wiki": false,
            "homepage_url": "",
            "html_url": "https://github.com/asdf-vm-hyperupcall/asdf-tuist",
            "http_clone_url": "https://github.com/asdf-vm-hyperupcall/asdf-tuist.git",
            "id": "asdf-tuist",
            "ignore_vulnerability_alerts_during_read": null,
            "is_template": false,
            "license_template": null,
            "merge_commit_message": "PR_TITLE",
            "merge_commit_title": "MERGE_MESSAGE",
            "name": "asdf-tuist",
            "node_id": "R_kgDOJ7R0GA",
            "pages": [],
            "private": false,
            "repo_id": 666137624,
            "security_and_analysis": [
              {
                "advanced_security": [],
                "secret_scanning": [
                  {
                    "status": "disabled"
                  }
                ],
                "secret_scanning_push_protection": [
                  {
                    "status": "disabled"
                  }
                ]
              }
            ],
            "squash_merge_commit_message": "COMMIT_MESSAGES",
            "squash_merge_commit_title": "COMMIT_OR_PR_TITLE",
            "ssh_clone_url": "git@github.com:asdf-vm-hyperupcall/asdf-tuist.git",
            "svn_url": "https://github.com/asdf-vm-hyperupcall/asdf-tuist",
            "template": [],
            "topics": null,
            "visibility": "public",
            "vulnerability_alerts": false
          },
          "sensitive_attributes": [],
          "private": "eyJzY2hlbWFfdmVyc2lvbiI6IjEifQ=="
        }
      ]
    },
    {
      "mode": "managed",
      "type": "github_repository",
      "name": "craigfurman__asdf_go-jsonnet",
      "provider": "provider[\"registry.terraform.io/integrations/github\"]",
      "instances": []
    },
    {
      "mode": "managed",
      "type": "github_repository",
      "name": "crazy_matt__asdf-actionlint",
      "provider": "provider[\"registry.terraform.io/integrations/github\"]",
      "instances": []
    },
    {
      "mode": "managed",
      "type": "github_repository",
      "name": "cross_language-cpp__asdf-djinni",
      "provider": "provider[\"registry.terraform.io/integrations/github\"]",
      "instances": [
        {
          "schema_version": 1,
          "attributes": {
            "allow_auto_merge": false,
            "allow_merge_commit": true,
            "allow_rebase_merge": true,
            "allow_squash_merge": true,
            "allow_update_branch": false,
            "archive_on_destroy": null,
            "archived": false,
            "auto_init": false,
            "default_branch": "main",
            "delete_branch_on_merge": false,
            "description": "Not supported",
            "etag": "W/\"1165b41a7411bde8e99243e6eae89f1e9222432e16e85964b5ec9c92f166fed7\"",
            "full_name": "asdf-vm-hyperupcall/asdf-djinni",
            "git_clone_url": "git://github.com/asdf-vm-hyperupcall/asdf-djinni.git",
            "gitignore_template": null,
            "has_discussions": false,
            "has_downloads": false,
            "has_issues": false,
            "has_projects": false,
            "has_wiki": false,
            "homepage_url": "",
            "html_url": "https://github.com/asdf-vm-hyperupcall/asdf-djinni",
            "http_clone_url": "https://github.com/asdf-vm-hyperupcall/asdf-djinni.git",
            "id": "asdf-djinni",
            "ignore_vulnerability_alerts_during_read": null,
            "is_template": false,
            "license_template": null,
            "merge_commit_message": "PR_TITLE",
            "merge_commit_title": "MERGE_MESSAGE",
            "name": "asdf-djinni",
            "node_id": "R_kgDOJ7R6sQ",
            "pages": [],
            "private": false,
            "repo_id": 666139313,
            "security_and_analysis": [
              {
                "advanced_security": [],
                "secret_scanning": [
                  {
                    "status": "disabled"
                  }
                ],
                "secret_scanning_push_protection": [
                  {
                    "status": "disabled"
                  }
                ]
              }
            ],
            "squash_merge_commit_message": "COMMIT_MESSAGES",
            "squash_merge_commit_title": "COMMIT_OR_PR_TITLE",
            "ssh_clone_url": "git@github.com:asdf-vm-hyperupcall/asdf-djinni.git",
            "svn_url": "https://github.com/asdf-vm-hyperupcall/asdf-djinni",
            "template": [],
            "topics": null,
            "visibility": "public",
            "vulnerability_alerts": false
          },
          "sensitive_attributes": [],
          "private": "eyJzY2hlbWFfdmVyc2lvbiI6IjEifQ=="
        }
      ]
    },
    {
      "mode": "managed",
      "type": "github_repository",
      "name": "danhper__asdf_python",
      "provider": "provider[\"registry.terraform.io/integrations/github\"]",
      "instances": []
    },
    {
      "mode": "managed",
      "type": "github_repository",
      "name": "daveneeley__asdf_azure-functions-core-tools",
      "provider": "provider[\"registry.terraform.io/integrations/github\"]",
      "instances": [
        {
          "schema_version": 1,
          "attributes": {
            "allow_auto_merge": false,
            "allow_merge_commit": true,
            "allow_rebase_merge": true,
            "allow_squash_merge": true,
            "allow_update_branch": false,
            "archive_on_destroy": null,
            "archived": false,
            "auto_init": false,
            "default_branch": "main",
            "delete_branch_on_merge": false,
            "description": "Not supported",
            "etag": "W/\"c2af3515148c046da6a600ee8e2afc86b0b890bec9ad7264009fbd5fd27543be\"",
            "full_name": "asdf-vm-hyperupcall/asdf-azure-functions-core-tools",
            "git_clone_url": "git://github.com/asdf-vm-hyperupcall/asdf-azure-functions-core-tools.git",
            "gitignore_template": null,
            "has_discussions": false,
            "has_downloads": false,
            "has_issues": false,
            "has_projects": false,
            "has_wiki": false,
            "homepage_url": "",
            "html_url": "https://github.com/asdf-vm-hyperupcall/asdf-azure-functions-core-tools",
            "http_clone_url": "https://github.com/asdf-vm-hyperupcall/asdf-azure-functions-core-tools.git",
            "id": "asdf-azure-functions-core-tools",
            "ignore_vulnerability_alerts_during_read": null,
            "is_template": false,
            "license_template": null,
            "merge_commit_message": "PR_TITLE",
            "merge_commit_title": "MERGE_MESSAGE",
            "name": "asdf-azure-functions-core-tools",
            "node_id": "R_kgDOJ7R3kQ",
            "pages": [],
            "private": false,
            "repo_id": 666138513,
            "security_and_analysis": [
              {
                "advanced_security": [],
                "secret_scanning": [
                  {
                    "status": "disabled"
                  }
                ],
                "secret_scanning_push_protection": [
                  {
                    "status": "disabled"
                  }
                ]
              }
            ],
            "squash_merge_commit_message": "COMMIT_MESSAGES",
            "squash_merge_commit_title": "COMMIT_OR_PR_TITLE",
            "ssh_clone_url": "git@github.com:asdf-vm-hyperupcall/asdf-azure-functions-core-tools.git",
            "svn_url": "https://github.com/asdf-vm-hyperupcall/asdf-azure-functions-core-tools",
            "template": [],
            "topics": null,
            "visibility": "public",
            "vulnerability_alerts": false
          },
          "sensitive_attributes": [],
          "private": "eyJzY2hlbWFfdmVyc2lvbiI6IjEifQ=="
        }
      ]
    },
    {
      "mode": "managed",
      "type": "github_repository",
      "name": "daveneeley__asdf_powershell-core",
      "provider": "provider[\"registry.terraform.io/integrations/github\"]",
      "instances": [
        {
          "schema_version": 1,
          "attributes": {
            "allow_auto_merge": false,
            "allow_merge_commit": true,
            "allow_rebase_merge": true,
            "allow_squash_merge": true,
            "allow_update_branch": false,
            "archive_on_destroy": null,
            "archived": false,
            "auto_init": false,
            "default_branch": "main",
            "delete_branch_on_merge": false,
            "description": "Not supported",
            "etag": "W/\"1b2ed310a991c4b5c52dbf5d0f2f249ff1d307409a8dbf56cbcb43375bdf2d48\"",
            "full_name": "asdf-vm-hyperupcall/asdf-powershell-core",
            "git_clone_url": "git://github.com/asdf-vm-hyperupcall/asdf-powershell-core.git",
            "gitignore_template": null,
            "has_discussions": false,
            "has_downloads": false,
            "has_issues": false,
            "has_projects": false,
            "has_wiki": false,
            "homepage_url": "",
            "html_url": "https://github.com/asdf-vm-hyperupcall/asdf-powershell-core",
            "http_clone_url": "https://github.com/asdf-vm-hyperupcall/asdf-powershell-core.git",
            "id": "asdf-powershell-core",
            "ignore_vulnerability_alerts_during_read": null,
            "is_template": false,
            "license_template": null,
            "merge_commit_message": "PR_TITLE",
            "merge_commit_title": "MERGE_MESSAGE",
            "name": "asdf-powershell-core",
            "node_id": "R_kgDOJ7R5wg",
            "pages": [],
            "private": false,
            "repo_id": 666139074,
            "security_and_analysis": [
              {
                "advanced_security": [],
                "secret_scanning": [
                  {
                    "status": "disabled"
                  }
                ],
                "secret_scanning_push_protection": [
                  {
                    "status": "disabled"
                  }
                ]
              }
            ],
            "squash_merge_commit_message": "COMMIT_MESSAGES",
            "squash_merge_commit_title": "COMMIT_OR_PR_TITLE",
            "ssh_clone_url": "git@github.com:asdf-vm-hyperupcall/asdf-powershell-core.git",
            "svn_url": "https://github.com/asdf-vm-hyperupcall/asdf-powershell-core",
            "template": [],
            "topics": null,
            "visibility": "public",
            "vulnerability_alerts": false
          },
          "sensitive_attributes": [],
          "private": "eyJzY2hlbWFfdmVyc2lvbiI6IjEifQ=="
        }
      ]
    },
    {
      "mode": "managed",
      "type": "github_repository",
      "name": "davidecavestro__asdf_osqueryi",
      "provider": "provider[\"registry.terraform.io/integrations/github\"]",
      "instances": []
    },
    {
      "mode": "managed",
      "type": "github_repository",
      "name": "davidecavestro__asdf_schemacrawler",
      "provider": "provider[\"registry.terraform.io/integrations/github\"]",
      "instances": []
    },
    {
      "mode": "managed",
      "type": "github_repository",
      "name": "davidgp1701__asdf_syft",
      "provider": "provider[\"registry.terraform.io/integrations/github\"]",
      "instances": [
        {
          "schema_version": 1,
          "attributes": {
            "allow_auto_merge": false,
            "allow_merge_commit": true,
            "allow_rebase_merge": true,
            "allow_squash_merge": true,
            "allow_update_branch": false,
            "archive_on_destroy": null,
            "archived": false,
            "auto_init": false,
            "default_branch": "main",
            "delete_branch_on_merge": false,
            "description": "Not supported",
            "etag": "W/\"c903078f42eeec2e4254176d4ac876820aa39457d07ff745fbb9f08853a73e74\"",
            "full_name": "asdf-vm-hyperupcall/asdf-syft",
            "git_clone_url": "git://github.com/asdf-vm-hyperupcall/asdf-syft.git",
            "gitignore_template": null,
            "has_discussions": false,
            "has_downloads": false,
            "has_issues": false,
            "has_projects": false,
            "has_wiki": false,
            "homepage_url": "",
            "html_url": "https://github.com/asdf-vm-hyperupcall/asdf-syft",
            "http_clone_url": "https://github.com/asdf-vm-hyperupcall/asdf-syft.git",
            "id": "asdf-syft",
            "ignore_vulnerability_alerts_during_read": null,
            "is_template": false,
            "license_template": null,
            "merge_commit_message": "PR_TITLE",
            "merge_commit_title": "MERGE_MESSAGE",
            "name": "asdf-syft",
            "node_id": "R_kgDOJ7Q0bg",
            "pages": [],
            "private": false,
            "repo_id": 666121326,
            "security_and_analysis": [
              {
                "advanced_security": [],
                "secret_scanning": [
                  {
                    "status": "disabled"
                  }
                ],
                "secret_scanning_push_protection": [
                  {
                    "status": "disabled"
                  }
                ]
              }
            ],
            "squash_merge_commit_message": "COMMIT_MESSAGES",
            "squash_merge_commit_title": "COMMIT_OR_PR_TITLE",
            "ssh_clone_url": "git@github.com:asdf-vm-hyperupcall/asdf-syft.git",
            "svn_url": "https://github.com/asdf-vm-hyperupcall/asdf-syft",
            "template": [],
            "topics": null,
            "visibility": "public",
            "vulnerability_alerts": false
          },
          "sensitive_attributes": [],
          "private": "eyJzY2hlbWFfdmVyc2lvbiI6IjEifQ=="
        }
      ]
    },
    {
      "mode": "managed",
      "type": "github_repository",
      "name": "deas__asdf_tfctl",
      "provider": "provider[\"registry.terraform.io/integrations/github\"]",
      "instances": []
    },
    {
      "mode": "managed",
      "type": "github_repository",
      "name": "deas__asdf_weave-gitops",
      "provider": "provider[\"registry.terraform.io/integrations/github\"]",
      "instances": [
        {
          "schema_version": 1,
          "attributes": {
            "allow_auto_merge": false,
            "allow_merge_commit": true,
            "allow_rebase_merge": true,
            "allow_squash_merge": true,
            "allow_update_branch": false,
            "archive_on_destroy": null,
            "archived": false,
            "auto_init": false,
            "default_branch": "main",
            "delete_branch_on_merge": false,
            "description": "Not supported",
            "etag": "W/\"c0ee0e6a34086405c55626e04a682fbedbf089bc1728f9e77cef8f71a3105ed6\"",
            "full_name": "asdf-vm-hyperupcall/asdf-weave-gitops",
            "git_clone_url": "git://github.com/asdf-vm-hyperupcall/asdf-weave-gitops.git",
            "gitignore_template": null,
            "has_discussions": false,
            "has_downloads": false,
            "has_issues": false,
            "has_projects": false,
            "has_wiki": false,
            "homepage_url": "",
            "html_url": "https://github.com/asdf-vm-hyperupcall/asdf-weave-gitops",
            "http_clone_url": "https://github.com/asdf-vm-hyperupcall/asdf-weave-gitops.git",
            "id": "asdf-weave-gitops",
            "ignore_vulnerability_alerts_during_read": null,
            "is_template": false,
            "license_template": null,
            "merge_commit_message": "PR_TITLE",
            "merge_commit_title": "MERGE_MESSAGE",
            "name": "asdf-weave-gitops",
            "node_id": "R_kgDOJ7R2ew",
            "pages": [],
            "private": false,
            "repo_id": 666138235,
            "security_and_analysis": [
              {
                "advanced_security": [],
                "secret_scanning": [
                  {
                    "status": "disabled"
                  }
                ],
                "secret_scanning_push_protection": [
                  {
                    "status": "disabled"
                  }
                ]
              }
            ],
            "squash_merge_commit_message": "COMMIT_MESSAGES",
            "squash_merge_commit_title": "COMMIT_OR_PR_TITLE",
            "ssh_clone_url": "git@github.com:asdf-vm-hyperupcall/asdf-weave-gitops.git",
            "svn_url": "https://github.com/asdf-vm-hyperupcall/asdf-weave-gitops",
            "template": [],
            "topics": null,
            "visibility": "public",
            "vulnerability_alerts": false
          },
          "sensitive_attributes": [],
          "private": "eyJzY2hlbWFfdmVyc2lvbiI6IjEifQ=="
        }
      ]
    },
    {
      "mode": "managed",
      "type": "github_repository",
      "name": "depot__asdf_depot",
      "provider": "provider[\"registry.terraform.io/integrations/github\"]",
      "instances": []
    },
    {
      "mode": "managed",
      "type": "github_repository",
      "name": "devlincashman__asdf_hadolint",
      "provider": "provider[\"registry.terraform.io/integrations/github\"]",
      "instances": [
        {
          "schema_version": 1,
          "attributes": {
            "allow_auto_merge": false,
            "allow_merge_commit": true,
            "allow_rebase_merge": true,
            "allow_squash_merge": true,
            "allow_update_branch": false,
            "archive_on_destroy": null,
            "archived": false,
            "auto_init": false,
            "default_branch": "main",
            "delete_branch_on_merge": false,
            "description": "Not supported",
            "etag": "W/\"3ff4f3db75bb80a2ef5468046f74f1e24d5467e61ab9d3da185ee023b05f6708\"",
            "full_name": "asdf-vm-hyperupcall/asdf-hadolint",
            "git_clone_url": "git://github.com/asdf-vm-hyperupcall/asdf-hadolint.git",
            "gitignore_template": null,
            "has_discussions": false,
            "has_downloads": false,
            "has_issues": false,
            "has_projects": false,
            "has_wiki": false,
            "homepage_url": "",
            "html_url": "https://github.com/asdf-vm-hyperupcall/asdf-hadolint",
            "http_clone_url": "https://github.com/asdf-vm-hyperupcall/asdf-hadolint.git",
            "id": "asdf-hadolint",
            "ignore_vulnerability_alerts_during_read": null,
            "is_template": false,
            "license_template": null,
            "merge_commit_message": "PR_TITLE",
            "merge_commit_title": "MERGE_MESSAGE",
            "name": "asdf-hadolint",
            "node_id": "R_kgDOJ7Q-9A",
            "pages": [],
            "private": false,
            "repo_id": 666124020,
            "security_and_analysis": [
              {
                "advanced_security": [],
                "secret_scanning": [
                  {
                    "status": "disabled"
                  }
                ],
                "secret_scanning_push_protection": [
                  {
                    "status": "disabled"
                  }
                ]
              }
            ],
            "squash_merge_commit_message": "COMMIT_MESSAGES",
            "squash_merge_commit_title": "COMMIT_OR_PR_TITLE",
            "ssh_clone_url": "git@github.com:asdf-vm-hyperupcall/asdf-hadolint.git",
            "svn_url": "https://github.com/asdf-vm-hyperupcall/asdf-hadolint",
            "template": [],
            "topics": null,
            "visibility": "public",
            "vulnerability_alerts": false
          },
          "sensitive_attributes": [],
          "private": "eyJzY2hlbWFfdmVyc2lvbiI6IjEifQ=="
        }
      ]
    },
    {
      "mode": "managed",
      "type": "github_repository",
      "name": "devlincashman__asdf_kube-linter",
      "provider": "provider[\"registry.terraform.io/integrations/github\"]",
      "instances": []
    },
    {
      "mode": "managed",
      "type": "github_repository",
      "name": "dex4er__asdf_amazon-ecr-credential-helper",
      "provider": "provider[\"registry.terraform.io/integrations/github\"]",
      "instances": []
    },
    {
      "mode": "managed",
      "type": "github_repository",
      "name": "dex4er__asdf_go-containerregistry",
      "provider": "provider[\"registry.terraform.io/integrations/github\"]",
      "instances": []
    },
    {
      "mode": "managed",
      "type": "github_repository",
      "name": "dex4er__asdf_granted",
      "provider": "provider[\"registry.terraform.io/integrations/github\"]",
      "instances": [
        {
          "schema_version": 1,
          "attributes": {
            "allow_auto_merge": false,
            "allow_merge_commit": true,
            "allow_rebase_merge": true,
            "allow_squash_merge": true,
            "allow_update_branch": false,
            "archive_on_destroy": null,
            "archived": false,
            "auto_init": false,
            "default_branch": "main",
            "delete_branch_on_merge": false,
            "description": "Not supported",
            "etag": "W/\"2bac64bc5feb73f2b54183105541d79476263cdeacb3875f2cc6395ae9cb55c8\"",
            "full_name": "asdf-vm-hyperupcall/asdf-granted",
            "git_clone_url": "git://github.com/asdf-vm-hyperupcall/asdf-granted.git",
            "gitignore_template": null,
            "has_discussions": false,
            "has_downloads": false,
            "has_issues": false,
            "has_projects": false,
            "has_wiki": false,
            "homepage_url": "",
            "html_url": "https://github.com/asdf-vm-hyperupcall/asdf-granted",
            "http_clone_url": "https://github.com/asdf-vm-hyperupcall/asdf-granted.git",
            "id": "asdf-granted",
            "ignore_vulnerability_alerts_during_read": null,
            "is_template": false,
            "license_template": null,
            "merge_commit_message": "PR_TITLE",
            "merge_commit_title": "MERGE_MESSAGE",
            "name": "asdf-granted",
            "node_id": "R_kgDOJ7RCQA",
            "pages": [],
            "private": false,
            "repo_id": 666124864,
            "security_and_analysis": [
              {
                "advanced_security": [],
                "secret_scanning": [
                  {
                    "status": "disabled"
                  }
                ],
                "secret_scanning_push_protection": [
                  {
                    "status": "disabled"
                  }
                ]
              }
            ],
            "squash_merge_commit_message": "COMMIT_MESSAGES",
            "squash_merge_commit_title": "COMMIT_OR_PR_TITLE",
            "ssh_clone_url": "git@github.com:asdf-vm-hyperupcall/asdf-granted.git",
            "svn_url": "https://github.com/asdf-vm-hyperupcall/asdf-granted",
            "template": [],
            "topics": null,
            "visibility": "public",
            "vulnerability_alerts": false
          },
          "sensitive_attributes": [],
          "private": "eyJzY2hlbWFfdmVyc2lvbiI6IjEifQ=="
        }
      ]
    },
    {
      "mode": "managed",
      "type": "github_repository",
      "name": "dex4er__asdf_hcl2json",
      "provider": "provider[\"registry.terraform.io/integrations/github\"]",
      "instances": []
    },
    {
      "mode": "managed",
      "type": "github_repository",
      "name": "dex4er__asdf_helm-diff",
      "provider": "provider[\"registry.terraform.io/integrations/github\"]",
      "instances": [
        {
          "schema_version": 1,
          "attributes": {
            "allow_auto_merge": false,
            "allow_merge_commit": true,
            "allow_rebase_merge": true,
            "allow_squash_merge": true,
            "allow_update_branch": false,
            "archive_on_destroy": null,
            "archived": false,
            "auto_init": false,
            "default_branch": "main",
            "delete_branch_on_merge": false,
            "description": "Not supported",
            "etag": "W/\"b4d3c3cb5e22ecd37d1539dd440499e1651ccb30c91a271a8f18aa365875f01a\"",
            "full_name": "asdf-vm-hyperupcall/asdf-helm-diff",
            "git_clone_url": "git://github.com/asdf-vm-hyperupcall/asdf-helm-diff.git",
            "gitignore_template": null,
            "has_discussions": false,
            "has_downloads": false,
            "has_issues": false,
            "has_projects": false,
            "has_wiki": false,
            "homepage_url": "",
            "html_url": "https://github.com/asdf-vm-hyperupcall/asdf-helm-diff",
            "http_clone_url": "https://github.com/asdf-vm-hyperupcall/asdf-helm-diff.git",
            "id": "asdf-helm-diff",
            "ignore_vulnerability_alerts_during_read": null,
            "is_template": false,
            "license_template": null,
            "merge_commit_message": "PR_TITLE",
            "merge_commit_title": "MERGE_MESSAGE",
            "name": "asdf-helm-diff",
            "node_id": "R_kgDOJ7RzKA",
            "pages": [],
            "private": false,
            "repo_id": 666137384,
            "security_and_analysis": [
              {
                "advanced_security": [],
                "secret_scanning": [
                  {
                    "status": "disabled"
                  }
                ],
                "secret_scanning_push_protection": [
                  {
                    "status": "disabled"
                  }
                ]
              }
            ],
            "squash_merge_commit_message": "COMMIT_MESSAGES",
            "squash_merge_commit_title": "COMMIT_OR_PR_TITLE",
            "ssh_clone_url": "git@github.com:asdf-vm-hyperupcall/asdf-helm-diff.git",
            "svn_url": "https://github.com/asdf-vm-hyperupcall/asdf-helm-diff",
            "template": [],
            "topics": null,
            "visibility": "public",
            "vulnerability_alerts": false
          },
          "sensitive_attributes": [],
          "private": "eyJzY2hlbWFfdmVyc2lvbiI6IjEifQ=="
        }
      ]
    },
    {
      "mode": "managed",
      "type": "github_repository",
      "name": "dex4er__asdf_infracost",
      "provider": "provider[\"registry.terraform.io/integrations/github\"]",
      "instances": [
        {
          "schema_version": 1,
          "attributes": {
            "allow_auto_merge": false,
            "allow_merge_commit": true,
            "allow_rebase_merge": true,
            "allow_squash_merge": true,
            "allow_update_branch": false,
            "archive_on_destroy": null,
            "archived": false,
            "auto_init": false,
            "default_branch": "main",
            "delete_branch_on_merge": false,
            "description": "Not supported",
            "etag": "W/\"6f1e922fa69ce0aceecde56ec0773d0a9dca12c5bc4eefcd0a58206ca9041577\"",
            "full_name": "asdf-vm-hyperupcall/asdf-infracost",
            "git_clone_url": "git://github.com/asdf-vm-hyperupcall/asdf-infracost.git",
            "gitignore_template": null,
            "has_discussions": false,
            "has_downloads": false,
            "has_issues": false,
            "has_projects": false,
            "has_wiki": false,
            "homepage_url": "",
            "html_url": "https://github.com/asdf-vm-hyperupcall/asdf-infracost",
            "http_clone_url": "https://github.com/asdf-vm-hyperupcall/asdf-infracost.git",
            "id": "asdf-infracost",
            "ignore_vulnerability_alerts_during_read": null,
            "is_template": false,
            "license_template": null,
            "merge_commit_message": "PR_TITLE",
            "merge_commit_title": "MERGE_MESSAGE",
            "name": "asdf-infracost",
            "node_id": "R_kgDOJ7RBbw",
            "pages": [],
            "private": false,
            "repo_id": 666124655,
            "security_and_analysis": [
              {
                "advanced_security": [],
                "secret_scanning": [
                  {
                    "status": "disabled"
                  }
                ],
                "secret_scanning_push_protection": [
                  {
                    "status": "disabled"
                  }
                ]
              }
            ],
            "squash_merge_commit_message": "COMMIT_MESSAGES",
            "squash_merge_commit_title": "COMMIT_OR_PR_TITLE",
            "ssh_clone_url": "git@github.com:asdf-vm-hyperupcall/asdf-infracost.git",
            "svn_url": "https://github.com/asdf-vm-hyperupcall/asdf-infracost",
            "template": [],
            "topics": null,
            "visibility": "public",
            "vulnerability_alerts": false
          },
          "sensitive_attributes": [],
          "private": "eyJzY2hlbWFfdmVyc2lvbiI6IjEifQ=="
        }
      ]
    },
    {
      "mode": "managed",
      "type": "github_repository",
      "name": "dex4er__asdf_kubecolor",
      "provider": "provider[\"registry.terraform.io/integrations/github\"]",
      "instances": []
    },
    {
      "mode": "managed",
      "type": "github_repository",
      "name": "dex4er__asdf_nsc",
      "provider": "provider[\"registry.terraform.io/integrations/github\"]",
      "instances": [
        {
          "schema_version": 1,
          "attributes": {
            "allow_auto_merge": false,
            "allow_merge_commit": true,
            "allow_rebase_merge": true,
            "allow_squash_merge": true,
            "allow_update_branch": false,
            "archive_on_destroy": null,
            "archived": false,
            "auto_init": false,
            "default_branch": "main",
            "delete_branch_on_merge": false,
            "description": "Not supported",
            "etag": "W/\"c9a41b536bb229b70c85b0b01df001caffb1a837da98281cc970e57628523c02\"",
            "full_name": "asdf-vm-hyperupcall/asdf-nsc",
            "git_clone_url": "git://github.com/asdf-vm-hyperupcall/asdf-nsc.git",
            "gitignore_template": null,
            "has_discussions": false,
            "has_downloads": false,
            "has_issues": false,
            "has_projects": false,
            "has_wiki": false,
            "homepage_url": "",
            "html_url": "https://github.com/asdf-vm-hyperupcall/asdf-nsc",
            "http_clone_url": "https://github.com/asdf-vm-hyperupcall/asdf-nsc.git",
            "id": "asdf-nsc",
            "ignore_vulnerability_alerts_during_read": null,
            "is_template": false,
            "license_template": null,
            "merge_commit_message": "PR_TITLE",
            "merge_commit_title": "MERGE_MESSAGE",
            "name": "asdf-nsc",
            "node_id": "R_kgDOJ7Q9pA",
            "pages": [],
            "private": false,
            "repo_id": 666123684,
            "security_and_analysis": [
              {
                "advanced_security": [],
                "secret_scanning": [
                  {
                    "status": "disabled"
                  }
                ],
                "secret_scanning_push_protection": [
                  {
                    "status": "disabled"
                  }
                ]
              }
            ],
            "squash_merge_commit_message": "COMMIT_MESSAGES",
            "squash_merge_commit_title": "COMMIT_OR_PR_TITLE",
            "ssh_clone_url": "git@github.com:asdf-vm-hyperupcall/asdf-nsc.git",
            "svn_url": "https://github.com/asdf-vm-hyperupcall/asdf-nsc",
            "template": [],
            "topics": null,
            "visibility": "public",
            "vulnerability_alerts": false
          },
          "sensitive_attributes": [],
          "private": "eyJzY2hlbWFfdmVyc2lvbiI6IjEifQ=="
        }
      ]
    },
    {
      "mode": "managed",
      "type": "github_repository",
      "name": "dex4er__asdf_powerline-go",
      "provider": "provider[\"registry.terraform.io/integrations/github\"]",
      "instances": [
        {
          "schema_version": 1,
          "attributes": {
            "allow_auto_merge": false,
            "allow_merge_commit": true,
            "allow_rebase_merge": true,
            "allow_squash_merge": true,
            "allow_update_branch": false,
            "archive_on_destroy": null,
            "archived": false,
            "auto_init": false,
            "default_branch": "main",
            "delete_branch_on_merge": false,
            "description": "Not supported",
            "etag": "W/\"42bc5e288e59cbd1f4f1a5ebf4111fe40fa2c05b43c1b820a8f0704556c25a4e\"",
            "full_name": "asdf-vm-hyperupcall/asdf-powerline-go",
            "git_clone_url": "git://github.com/asdf-vm-hyperupcall/asdf-powerline-go.git",
            "gitignore_template": null,
            "has_discussions": false,
            "has_downloads": false,
            "has_issues": false,
            "has_projects": false,
            "has_wiki": false,
            "homepage_url": "",
            "html_url": "https://github.com/asdf-vm-hyperupcall/asdf-powerline-go",
            "http_clone_url": "https://github.com/asdf-vm-hyperupcall/asdf-powerline-go.git",
            "id": "asdf-powerline-go",
            "ignore_vulnerability_alerts_during_read": null,
            "is_template": false,
            "license_template": null,
            "merge_commit_message": "PR_TITLE",
            "merge_commit_title": "MERGE_MESSAGE",
            "name": "asdf-powerline-go",
            "node_id": "R_kgDOJ7R3Sw",
            "pages": [],
            "private": false,
            "repo_id": 666138443,
            "security_and_analysis": [
              {
                "advanced_security": [],
                "secret_scanning": [
                  {
                    "status": "disabled"
                  }
                ],
                "secret_scanning_push_protection": [
                  {
                    "status": "disabled"
                  }
                ]
              }
            ],
            "squash_merge_commit_message": "COMMIT_MESSAGES",
            "squash_merge_commit_title": "COMMIT_OR_PR_TITLE",
            "ssh_clone_url": "git@github.com:asdf-vm-hyperupcall/asdf-powerline-go.git",
            "svn_url": "https://github.com/asdf-vm-hyperupcall/asdf-powerline-go",
            "template": [],
            "topics": null,
            "visibility": "public",
            "vulnerability_alerts": false
          },
          "sensitive_attributes": [],
          "private": "eyJzY2hlbWFfdmVyc2lvbiI6IjEifQ=="
        }
      ]
    },
    {
      "mode": "managed",
      "type": "github_repository",
      "name": "dex4er__asdf_tfmigrate",
      "provider": "provider[\"registry.terraform.io/integrations/github\"]",
      "instances": [
        {
          "schema_version": 1,
          "attributes": {
            "allow_auto_merge": false,
            "allow_merge_commit": true,
            "allow_rebase_merge": true,
            "allow_squash_merge": true,
            "allow_update_branch": false,
            "archive_on_destroy": null,
            "archived": false,
            "auto_init": false,
            "default_branch": "main",
            "delete_branch_on_merge": false,
            "description": "Not supported",
            "etag": "W/\"337c417de96787a35c1cc5a9b49ba05fdbc1daa7769589e277e838da5768c8ae\"",
            "full_name": "asdf-vm-hyperupcall/asdf-tfmigrate",
            "git_clone_url": "git://github.com/asdf-vm-hyperupcall/asdf-tfmigrate.git",
            "gitignore_template": null,
            "has_discussions": false,
            "has_downloads": false,
            "has_issues": false,
            "has_projects": false,
            "has_wiki": false,
            "homepage_url": "",
            "html_url": "https://github.com/asdf-vm-hyperupcall/asdf-tfmigrate",
            "http_clone_url": "https://github.com/asdf-vm-hyperupcall/asdf-tfmigrate.git",
            "id": "asdf-tfmigrate",
            "ignore_vulnerability_alerts_during_read": null,
            "is_template": false,
            "license_template": null,
            "merge_commit_message": "PR_TITLE",
            "merge_commit_title": "MERGE_MESSAGE",
            "name": "asdf-tfmigrate",
            "node_id": "R_kgDOJ7Rr2A",
            "pages": [],
            "private": false,
            "repo_id": 666135512,
            "security_and_analysis": [
              {
                "advanced_security": [],
                "secret_scanning": [
                  {
                    "status": "disabled"
                  }
                ],
                "secret_scanning_push_protection": [
                  {
                    "status": "disabled"
                  }
                ]
              }
            ],
            "squash_merge_commit_message": "COMMIT_MESSAGES",
            "squash_merge_commit_title": "COMMIT_OR_PR_TITLE",
            "ssh_clone_url": "git@github.com:asdf-vm-hyperupcall/asdf-tfmigrate.git",
            "svn_url": "https://github.com/asdf-vm-hyperupcall/asdf-tfmigrate",
            "template": [],
            "topics": null,
            "visibility": "public",
            "vulnerability_alerts": false
          },
          "sensitive_attributes": [],
          "private": "eyJzY2hlbWFfdmVyc2lvbiI6IjEifQ=="
        }
      ]
    },
    {
      "mode": "managed",
      "type": "github_repository",
      "name": "dex4er__asdf_vals",
      "provider": "provider[\"registry.terraform.io/integrations/github\"]",
      "instances": []
    },
    {
      "mode": "managed",
      "type": "github_repository",
      "name": "dguihal__asdf_go-jira",
      "provider": "provider[\"registry.terraform.io/integrations/github\"]",
      "instances": [
        {
          "schema_version": 1,
          "attributes": {
            "allow_auto_merge": false,
            "allow_merge_commit": true,
            "allow_rebase_merge": true,
            "allow_squash_merge": true,
            "allow_update_branch": false,
            "archive_on_destroy": null,
            "archived": false,
            "auto_init": false,
            "default_branch": "main",
            "delete_branch_on_merge": false,
            "description": "Not supported",
            "etag": "W/\"8c1623d355fad525f466ce410cc193bad9bee8a5fdd32aa5a78b9b936a8d6e97\"",
            "full_name": "asdf-vm-hyperupcall/asdf-go-jira",
            "git_clone_url": "git://github.com/asdf-vm-hyperupcall/asdf-go-jira.git",
            "gitignore_template": null,
            "has_discussions": false,
            "has_downloads": false,
            "has_issues": false,
            "has_projects": false,
            "has_wiki": false,
            "homepage_url": "",
            "html_url": "https://github.com/asdf-vm-hyperupcall/asdf-go-jira",
            "http_clone_url": "https://github.com/asdf-vm-hyperupcall/asdf-go-jira.git",
            "id": "asdf-go-jira",
            "ignore_vulnerability_alerts_during_read": null,
            "is_template": false,
            "license_template": null,
            "merge_commit_message": "PR_TITLE",
            "merge_commit_title": "MERGE_MESSAGE",
            "name": "asdf-go-jira",
            "node_id": "R_kgDOJ7Q1oQ",
            "pages": [],
            "private": false,
            "repo_id": 666121633,
            "security_and_analysis": [
              {
                "advanced_security": [],
                "secret_scanning": [
                  {
                    "status": "disabled"
                  }
                ],
                "secret_scanning_push_protection": [
                  {
                    "status": "disabled"
                  }
                ]
              }
            ],
            "squash_merge_commit_message": "COMMIT_MESSAGES",
            "squash_merge_commit_title": "COMMIT_OR_PR_TITLE",
            "ssh_clone_url": "git@github.com:asdf-vm-hyperupcall/asdf-go-jira.git",
            "svn_url": "https://github.com/asdf-vm-hyperupcall/asdf-go-jira",
            "template": [],
            "topics": null,
            "visibility": "public",
            "vulnerability_alerts": false
          },
          "sensitive_attributes": [],
          "private": "eyJzY2hlbWFfdmVyc2lvbiI6IjEifQ=="
        }
      ]
    },
    {
      "mode": "managed",
      "type": "github_repository",
      "name": "dhoeric__asdf_amass",
      "provider": "provider[\"registry.terraform.io/integrations/github\"]",
      "instances": []
    },
    {
      "mode": "managed",
      "type": "github_repository",
      "name": "diegodorado__asdf_solidity",
      "provider": "provider[\"registry.terraform.io/integrations/github\"]",
      "instances": [
        {
          "schema_version": 1,
          "attributes": {
            "allow_auto_merge": false,
            "allow_merge_commit": true,
            "allow_rebase_merge": true,
            "allow_squash_merge": true,
            "allow_update_branch": false,
            "archive_on_destroy": null,
            "archived": false,
            "auto_init": false,
            "default_branch": "main",
            "delete_branch_on_merge": false,
            "description": "Not supported",
            "etag": "W/\"98e67f0e5b43e6684c3db352797562381c0d32b384e7056ef07b1fdcaacfaa18\"",
            "full_name": "asdf-vm-hyperupcall/asdf-solidity",
            "git_clone_url": "git://github.com/asdf-vm-hyperupcall/asdf-solidity.git",
            "gitignore_template": null,
            "has_discussions": false,
            "has_downloads": false,
            "has_issues": false,
            "has_projects": false,
            "has_wiki": false,
            "homepage_url": "",
            "html_url": "https://github.com/asdf-vm-hyperupcall/asdf-solidity",
            "http_clone_url": "https://github.com/asdf-vm-hyperupcall/asdf-solidity.git",
            "id": "asdf-solidity",
            "ignore_vulnerability_alerts_during_read": null,
            "is_template": false,
            "license_template": null,
            "merge_commit_message": "PR_TITLE",
            "merge_commit_title": "MERGE_MESSAGE",
            "name": "asdf-solidity",
            "node_id": "R_kgDOJ7R4vA",
            "pages": [],
            "private": false,
            "repo_id": 666138812,
            "security_and_analysis": [
              {
                "advanced_security": [],
                "secret_scanning": [
                  {
                    "status": "disabled"
                  }
                ],
                "secret_scanning_push_protection": [
                  {
                    "status": "disabled"
                  }
                ]
              }
            ],
            "squash_merge_commit_message": "COMMIT_MESSAGES",
            "squash_merge_commit_title": "COMMIT_OR_PR_TITLE",
            "ssh_clone_url": "git@github.com:asdf-vm-hyperupcall/asdf-solidity.git",
            "svn_url": "https://github.com/asdf-vm-hyperupcall/asdf-solidity",
            "template": [],
            "topics": null,
            "visibility": "public",
            "vulnerability_alerts": false
          },
          "sensitive_attributes": [],
          "private": "eyJzY2hlbWFfdmVyc2lvbiI6IjEifQ=="
        }
      ]
    },
    {
      "mode": "managed",
      "type": "github_repository",
      "name": "dlech__asdf_gcc-arm-none-eabi",
      "provider": "provider[\"registry.terraform.io/integrations/github\"]",
      "instances": []
    },
    {
      "mode": "managed",
      "type": "github_repository",
      "name": "dmpe__asdf_crane",
      "provider": "provider[\"registry.terraform.io/integrations/github\"]",
      "instances": []
    },
    {
      "mode": "managed",
      "type": "github_repository",
      "name": "dmpe__asdf_nerdctl",
      "provider": "provider[\"registry.terraform.io/integrations/github\"]",
      "instances": []
    },
    {
      "mode": "managed",
      "type": "github_repository",
      "name": "dotanuki_labs__asdf-maestro",
      "provider": "provider[\"registry.terraform.io/integrations/github\"]",
      "instances": []
    },
    {
      "mode": "managed",
      "type": "github_repository",
      "name": "douglasdgoulart__asdf_kcat",
      "provider": "provider[\"registry.terraform.io/integrations/github\"]",
      "instances": [
        {
          "schema_version": 1,
          "attributes": {
            "allow_auto_merge": false,
            "allow_merge_commit": true,
            "allow_rebase_merge": true,
            "allow_squash_merge": true,
            "allow_update_branch": false,
            "archive_on_destroy": null,
            "archived": false,
            "auto_init": false,
            "default_branch": "main",
            "delete_branch_on_merge": false,
            "description": "Not supported",
            "etag": "W/\"11aa6eb3f72b1552b49225ffd7e27fb3510b6e8279569f0bf4df99993ef4fb9d\"",
            "full_name": "asdf-vm-hyperupcall/asdf-kcat",
            "git_clone_url": "git://github.com/asdf-vm-hyperupcall/asdf-kcat.git",
            "gitignore_template": null,
            "has_discussions": false,
            "has_downloads": false,
            "has_issues": false,
            "has_projects": false,
            "has_wiki": false,
            "homepage_url": "",
            "html_url": "https://github.com/asdf-vm-hyperupcall/asdf-kcat",
            "http_clone_url": "https://github.com/asdf-vm-hyperupcall/asdf-kcat.git",
            "id": "asdf-kcat",
            "ignore_vulnerability_alerts_during_read": null,
            "is_template": false,
            "license_template": null,
            "merge_commit_message": "PR_TITLE",
            "merge_commit_title": "MERGE_MESSAGE",
            "name": "asdf-kcat",
            "node_id": "R_kgDOJ7RvMQ",
            "pages": [],
            "private": false,
            "repo_id": 666136369,
            "security_and_analysis": [
              {
                "advanced_security": [],
                "secret_scanning": [
                  {
                    "status": "disabled"
                  }
                ],
                "secret_scanning_push_protection": [
                  {
                    "status": "disabled"
                  }
                ]
              }
            ],
            "squash_merge_commit_message": "COMMIT_MESSAGES",
            "squash_merge_commit_title": "COMMIT_OR_PR_TITLE",
            "ssh_clone_url": "git@github.com:asdf-vm-hyperupcall/asdf-kcat.git",
            "svn_url": "https://github.com/asdf-vm-hyperupcall/asdf-kcat",
            "template": [],
            "topics": null,
            "visibility": "public",
            "vulnerability_alerts": false
          },
          "sensitive_attributes": [],
          "private": "eyJzY2hlbWFfdmVyc2lvbiI6IjEifQ=="
        }
      ]
    },
    {
      "mode": "managed",
      "type": "github_repository",
      "name": "eaceaser__asdf_tilt",
      "provider": "provider[\"registry.terraform.io/integrations/github\"]",
      "instances": []
    },
    {
      "mode": "managed",
      "type": "github_repository",
      "name": "edgelevel__asdf_kscript",
      "provider": "provider[\"registry.terraform.io/integrations/github\"]",
      "instances": [
        {
          "schema_version": 1,
          "attributes": {
            "allow_auto_merge": false,
            "allow_merge_commit": true,
            "allow_rebase_merge": true,
            "allow_squash_merge": true,
            "allow_update_branch": false,
            "archive_on_destroy": null,
            "archived": false,
            "auto_init": false,
            "default_branch": "main",
            "delete_branch_on_merge": false,
            "description": "Not supported",
            "etag": "W/\"3837f17b427baffbb745f52d7f3738162e0ca1b00ce16d21f6c63aa2dd4af85e\"",
            "full_name": "asdf-vm-hyperupcall/asdf-kscript",
            "git_clone_url": "git://github.com/asdf-vm-hyperupcall/asdf-kscript.git",
            "gitignore_template": null,
            "has_discussions": false,
            "has_downloads": false,
            "has_issues": false,
            "has_projects": false,
            "has_wiki": false,
            "homepage_url": "",
            "html_url": "https://github.com/asdf-vm-hyperupcall/asdf-kscript",
            "http_clone_url": "https://github.com/asdf-vm-hyperupcall/asdf-kscript.git",
            "id": "asdf-kscript",
            "ignore_vulnerability_alerts_during_read": null,
            "is_template": false,
            "license_template": null,
            "merge_commit_message": "PR_TITLE",
            "merge_commit_title": "MERGE_MESSAGE",
            "name": "asdf-kscript",
            "node_id": "R_kgDOJ7R4mw",
            "pages": [],
            "private": false,
            "repo_id": 666138779,
            "security_and_analysis": [
              {
                "advanced_security": [],
                "secret_scanning": [
                  {
                    "status": "disabled"
                  }
                ],
                "secret_scanning_push_protection": [
                  {
                    "status": "disabled"
                  }
                ]
              }
            ],
            "squash_merge_commit_message": "COMMIT_MESSAGES",
            "squash_merge_commit_title": "COMMIT_OR_PR_TITLE",
            "ssh_clone_url": "git@github.com:asdf-vm-hyperupcall/asdf-kscript.git",
            "svn_url": "https://github.com/asdf-vm-hyperupcall/asdf-kscript",
            "template": [],
            "topics": null,
            "visibility": "public",
            "vulnerability_alerts": false
          },
          "sensitive_attributes": [],
          "private": "eyJzY2hlbWFfdmVyc2lvbiI6IjEifQ=="
        }
      ]
    },
    {
      "mode": "managed",
      "type": "github_repository",
      "name": "eko__asdf_tctl",
      "provider": "provider[\"registry.terraform.io/integrations/github\"]",
      "instances": []
    },
    {
      "mode": "managed",
      "type": "github_repository",
      "name": "eko__asdf_temporalite",
      "provider": "provider[\"registry.terraform.io/integrations/github\"]",
      "instances": [
        {
          "schema_version": 1,
          "attributes": {
            "allow_auto_merge": false,
            "allow_merge_commit": true,
            "allow_rebase_merge": true,
            "allow_squash_merge": true,
            "allow_update_branch": false,
            "archive_on_destroy": null,
            "archived": false,
            "auto_init": false,
            "default_branch": "main",
            "delete_branch_on_merge": false,
            "description": "Not supported",
            "etag": "W/\"3451d2bc5752274e7044194c85d57dbdef7053e1733fb15ef2f047006081ff3c\"",
            "full_name": "asdf-vm-hyperupcall/asdf-temporalite",
            "git_clone_url": "git://github.com/asdf-vm-hyperupcall/asdf-temporalite.git",
            "gitignore_template": null,
            "has_discussions": false,
            "has_downloads": false,
            "has_issues": false,
            "has_projects": false,
            "has_wiki": false,
            "homepage_url": "",
            "html_url": "https://github.com/asdf-vm-hyperupcall/asdf-temporalite",
            "http_clone_url": "https://github.com/asdf-vm-hyperupcall/asdf-temporalite.git",
            "id": "asdf-temporalite",
            "ignore_vulnerability_alerts_during_read": null,
            "is_template": false,
            "license_template": null,
            "merge_commit_message": "PR_TITLE",
            "merge_commit_title": "MERGE_MESSAGE",
            "name": "asdf-temporalite",
            "node_id": "R_kgDOJ7Q-_g",
            "pages": [],
            "private": false,
            "repo_id": 666124030,
            "security_and_analysis": [
              {
                "advanced_security": [],
                "secret_scanning": [
                  {
                    "status": "disabled"
                  }
                ],
                "secret_scanning_push_protection": [
                  {
                    "status": "disabled"
                  }
                ]
              }
            ],
            "squash_merge_commit_message": "COMMIT_MESSAGES",
            "squash_merge_commit_title": "COMMIT_OR_PR_TITLE",
            "ssh_clone_url": "git@github.com:asdf-vm-hyperupcall/asdf-temporalite.git",
            "svn_url": "https://github.com/asdf-vm-hyperupcall/asdf-temporalite",
            "template": [],
            "topics": null,
            "visibility": "public",
            "vulnerability_alerts": false
          },
          "sensitive_attributes": [],
          "private": "eyJzY2hlbWFfdmVyc2lvbiI6IjEifQ=="
        }
      ]
    },
    {
      "mode": "managed",
      "type": "github_repository",
      "name": "elementalvoid__asdf_eksctl",
      "provider": "provider[\"registry.terraform.io/integrations/github\"]",
      "instances": [
        {
          "schema_version": 1,
          "attributes": {
            "allow_auto_merge": false,
            "allow_merge_commit": true,
            "allow_rebase_merge": true,
            "allow_squash_merge": true,
            "allow_update_branch": false,
            "archive_on_destroy": null,
            "archived": false,
            "auto_init": false,
            "default_branch": "main",
            "delete_branch_on_merge": false,
            "description": "Not supported",
            "etag": "W/\"1839d517f28f4c33bf66b74b23d39b9fb16acdb4ac2516ad770f77d90df086de\"",
            "full_name": "asdf-vm-hyperupcall/asdf-eksctl",
            "git_clone_url": "git://github.com/asdf-vm-hyperupcall/asdf-eksctl.git",
            "gitignore_template": null,
            "has_discussions": false,
            "has_downloads": false,
            "has_issues": false,
            "has_projects": false,
            "has_wiki": false,
            "homepage_url": "",
            "html_url": "https://github.com/asdf-vm-hyperupcall/asdf-eksctl",
            "http_clone_url": "https://github.com/asdf-vm-hyperupcall/asdf-eksctl.git",
            "id": "asdf-eksctl",
            "ignore_vulnerability_alerts_during_read": null,
            "is_template": false,
            "license_template": null,
            "merge_commit_message": "PR_TITLE",
            "merge_commit_title": "MERGE_MESSAGE",
            "name": "asdf-eksctl",
            "node_id": "R_kgDOJ7RBjg",
            "pages": [],
            "private": false,
            "repo_id": 666124686,
            "security_and_analysis": [
              {
                "advanced_security": [],
                "secret_scanning": [
                  {
                    "status": "disabled"
                  }
                ],
                "secret_scanning_push_protection": [
                  {
                    "status": "disabled"
                  }
                ]
              }
            ],
            "squash_merge_commit_message": "COMMIT_MESSAGES",
            "squash_merge_commit_title": "COMMIT_OR_PR_TITLE",
            "ssh_clone_url": "git@github.com:asdf-vm-hyperupcall/asdf-eksctl.git",
            "svn_url": "https://github.com/asdf-vm-hyperupcall/asdf-eksctl",
            "template": [],
            "topics": null,
            "visibility": "public",
            "vulnerability_alerts": false
          },
          "sensitive_attributes": [],
          "private": "eyJzY2hlbWFfdmVyc2lvbiI6IjEifQ=="
        }
      ]
    },
    {
      "mode": "managed",
      "type": "github_repository",
      "name": "elementalvoid__asdf_nova",
      "provider": "provider[\"registry.terraform.io/integrations/github\"]",
      "instances": []
    },
    {
      "mode": "managed",
      "type": "github_repository",
      "name": "elementalvoid__asdf_saml2aws",
      "provider": "provider[\"registry.terraform.io/integrations/github\"]",
      "instances": [
        {
          "schema_version": 1,
          "attributes": {
            "allow_auto_merge": false,
            "allow_merge_commit": true,
            "allow_rebase_merge": true,
            "allow_squash_merge": true,
            "allow_update_branch": false,
            "archive_on_destroy": null,
            "archived": false,
            "auto_init": false,
            "default_branch": "main",
            "delete_branch_on_merge": false,
            "description": "Not supported",
            "etag": "W/\"71d416db02401fcce80c33b8165e4a31a82de40ca7f3c57a58de80d1a5455a94\"",
            "full_name": "asdf-vm-hyperupcall/asdf-saml2aws",
            "git_clone_url": "git://github.com/asdf-vm-hyperupcall/asdf-saml2aws.git",
            "gitignore_template": null,
            "has_discussions": false,
            "has_downloads": false,
            "has_issues": false,
            "has_projects": false,
            "has_wiki": false,
            "homepage_url": "",
            "html_url": "https://github.com/asdf-vm-hyperupcall/asdf-saml2aws",
            "http_clone_url": "https://github.com/asdf-vm-hyperupcall/asdf-saml2aws.git",
            "id": "asdf-saml2aws",
            "ignore_vulnerability_alerts_during_read": null,
            "is_template": false,
            "license_template": null,
            "merge_commit_message": "PR_TITLE",
            "merge_commit_title": "MERGE_MESSAGE",
            "name": "asdf-saml2aws",
            "node_id": "R_kgDOJ7Rv9A",
            "pages": [],
            "private": false,
            "repo_id": 666136564,
            "security_and_analysis": [
              {
                "advanced_security": [],
                "secret_scanning": [
                  {
                    "status": "disabled"
                  }
                ],
                "secret_scanning_push_protection": [
                  {
                    "status": "disabled"
                  }
                ]
              }
            ],
            "squash_merge_commit_message": "COMMIT_MESSAGES",
            "squash_merge_commit_title": "COMMIT_OR_PR_TITLE",
            "ssh_clone_url": "git@github.com:asdf-vm-hyperupcall/asdf-saml2aws.git",
            "svn_url": "https://github.com/asdf-vm-hyperupcall/asdf-saml2aws",
            "template": [],
            "topics": null,
            "visibility": "public",
            "vulnerability_alerts": false
          },
          "sensitive_attributes": [],
          "private": "eyJzY2hlbWFfdmVyc2lvbiI6IjEifQ=="
        }
      ]
    },
    {
      "mode": "managed",
      "type": "github_repository",
      "name": "elementalvoid__asdf_sinker",
      "provider": "provider[\"registry.terraform.io/integrations/github\"]",
      "instances": [
        {
          "schema_version": 1,
          "attributes": {
            "allow_auto_merge": false,
            "allow_merge_commit": true,
            "allow_rebase_merge": true,
            "allow_squash_merge": true,
            "allow_update_branch": false,
            "archive_on_destroy": null,
            "archived": false,
            "auto_init": false,
            "default_branch": "main",
            "delete_branch_on_merge": false,
            "description": "Not supported",
            "etag": "W/\"9325875a1304ed8729ec1827c0219944006a4aecfd5c8ee3e77b07ab4f1549e2\"",
            "full_name": "asdf-vm-hyperupcall/asdf-sinker",
            "git_clone_url": "git://github.com/asdf-vm-hyperupcall/asdf-sinker.git",
            "gitignore_template": null,
            "has_discussions": false,
            "has_downloads": false,
            "has_issues": false,
            "has_projects": false,
            "has_wiki": false,
            "homepage_url": "",
            "html_url": "https://github.com/asdf-vm-hyperupcall/asdf-sinker",
            "http_clone_url": "https://github.com/asdf-vm-hyperupcall/asdf-sinker.git",
            "id": "asdf-sinker",
            "ignore_vulnerability_alerts_during_read": null,
            "is_template": false,
            "license_template": null,
            "merge_commit_message": "PR_TITLE",
            "merge_commit_title": "MERGE_MESSAGE",
            "name": "asdf-sinker",
            "node_id": "R_kgDOJ7RCUw",
            "pages": [],
            "private": false,
            "repo_id": 666124883,
            "security_and_analysis": [
              {
                "advanced_security": [],
                "secret_scanning": [
                  {
                    "status": "disabled"
                  }
                ],
                "secret_scanning_push_protection": [
                  {
                    "status": "disabled"
                  }
                ]
              }
            ],
            "squash_merge_commit_message": "COMMIT_MESSAGES",
            "squash_merge_commit_title": "COMMIT_OR_PR_TITLE",
            "ssh_clone_url": "git@github.com:asdf-vm-hyperupcall/asdf-sinker.git",
            "svn_url": "https://github.com/asdf-vm-hyperupcall/asdf-sinker",
            "template": [],
            "topics": null,
            "visibility": "public",
            "vulnerability_alerts": false
          },
          "sensitive_attributes": [],
          "private": "eyJzY2hlbWFfdmVyc2lvbiI6IjEifQ=="
        }
      ]
    },
    {
      "mode": "managed",
      "type": "github_repository",
      "name": "elementalvoid__asdf_sopstool",
      "provider": "provider[\"registry.terraform.io/integrations/github\"]",
      "instances": [
        {
          "schema_version": 1,
          "attributes": {
            "allow_auto_merge": false,
            "allow_merge_commit": true,
            "allow_rebase_merge": true,
            "allow_squash_merge": true,
            "allow_update_branch": false,
            "archive_on_destroy": null,
            "archived": false,
            "auto_init": false,
            "default_branch": "main",
            "delete_branch_on_merge": false,
            "description": "Not supported",
            "etag": "W/\"43ea5573a96bb0e164aa3b5a681b2ca49aac91b66dbbc8517374e1f9e8864676\"",
            "full_name": "asdf-vm-hyperupcall/asdf-sopstool",
            "git_clone_url": "git://github.com/asdf-vm-hyperupcall/asdf-sopstool.git",
            "gitignore_template": null,
            "has_discussions": false,
            "has_downloads": false,
            "has_issues": false,
            "has_projects": false,
            "has_wiki": false,
            "homepage_url": "",
            "html_url": "https://github.com/asdf-vm-hyperupcall/asdf-sopstool",
            "http_clone_url": "https://github.com/asdf-vm-hyperupcall/asdf-sopstool.git",
            "id": "asdf-sopstool",
            "ignore_vulnerability_alerts_during_read": null,
            "is_template": false,
            "license_template": null,
            "merge_commit_message": "PR_TITLE",
            "merge_commit_title": "MERGE_MESSAGE",
            "name": "asdf-sopstool",
            "node_id": "R_kgDOJ7RARQ",
            "pages": [],
            "private": false,
            "repo_id": 666124357,
            "security_and_analysis": [
              {
                "advanced_security": [],
                "secret_scanning": [
                  {
                    "status": "disabled"
                  }
                ],
                "secret_scanning_push_protection": [
                  {
                    "status": "disabled"
                  }
                ]
              }
            ],
            "squash_merge_commit_message": "COMMIT_MESSAGES",
            "squash_merge_commit_title": "COMMIT_OR_PR_TITLE",
            "ssh_clone_url": "git@github.com:asdf-vm-hyperupcall/asdf-sopstool.git",
            "svn_url": "https://github.com/asdf-vm-hyperupcall/asdf-sopstool",
            "template": [],
            "topics": null,
            "visibility": "public",
            "vulnerability_alerts": false
          },
          "sensitive_attributes": [],
          "private": "eyJzY2hlbWFfdmVyc2lvbiI6IjEifQ=="
        }
      ]
    },
    {
      "mode": "managed",
      "type": "github_repository",
      "name": "elementalvoid__asdf_tonnage",
      "provider": "provider[\"registry.terraform.io/integrations/github\"]",
      "instances": []
    },
    {
      "mode": "managed",
      "type": "github_repository",
      "name": "emersonmx__asdf_sccache",
      "provider": "provider[\"registry.terraform.io/integrations/github\"]",
      "instances": []
    },
    {
      "mode": "managed",
      "type": "github_repository",
      "name": "emersonsoares__asdf_dotnet-core",
      "provider": "provider[\"registry.terraform.io/integrations/github\"]",
      "instances": []
    },
    {
      "mode": "managed",
      "type": "github_repository",
      "name": "endorama__asdf_desk",
      "provider": "provider[\"registry.terraform.io/integrations/github\"]",
      "instances": []
    },
    {
      "mode": "managed",
      "type": "github_repository",
      "name": "ericcornelissen__asdf_yamllint",
      "provider": "provider[\"registry.terraform.io/integrations/github\"]",
      "instances": []
    },
    {
      "mode": "managed",
      "type": "github_repository",
      "name": "esensar__asdf_ktlint",
      "provider": "provider[\"registry.terraform.io/integrations/github\"]",
      "instances": [
        {
          "schema_version": 1,
          "attributes": {
            "allow_auto_merge": false,
            "allow_merge_commit": true,
            "allow_rebase_merge": true,
            "allow_squash_merge": true,
            "allow_update_branch": false,
            "archive_on_destroy": null,
            "archived": false,
            "auto_init": false,
            "default_branch": "main",
            "delete_branch_on_merge": false,
            "description": "Not supported",
            "etag": "W/\"59aa4444de4c91c8136a1f8b5aea23195b93ca325b0a39257c151a934c2c6d39\"",
            "full_name": "asdf-vm-hyperupcall/asdf-ktlint",
            "git_clone_url": "git://github.com/asdf-vm-hyperupcall/asdf-ktlint.git",
            "gitignore_template": null,
            "has_discussions": false,
            "has_downloads": false,
            "has_issues": false,
            "has_projects": false,
            "has_wiki": false,
            "homepage_url": "",
            "html_url": "https://github.com/asdf-vm-hyperupcall/asdf-ktlint",
            "http_clone_url": "https://github.com/asdf-vm-hyperupcall/asdf-ktlint.git",
            "id": "asdf-ktlint",
            "ignore_vulnerability_alerts_during_read": null,
            "is_template": false,
            "license_template": null,
            "merge_commit_message": "PR_TITLE",
            "merge_commit_title": "MERGE_MESSAGE",
            "name": "asdf-ktlint",
            "node_id": "R_kgDOJ7RtIg",
            "pages": [],
            "private": false,
            "repo_id": 666135842,
            "security_and_analysis": [
              {
                "advanced_security": [],
                "secret_scanning": [
                  {
                    "status": "disabled"
                  }
                ],
                "secret_scanning_push_protection": [
                  {
                    "status": "disabled"
                  }
                ]
              }
            ],
            "squash_merge_commit_message": "COMMIT_MESSAGES",
            "squash_merge_commit_title": "COMMIT_OR_PR_TITLE",
            "ssh_clone_url": "git@github.com:asdf-vm-hyperupcall/asdf-ktlint.git",
            "svn_url": "https://github.com/asdf-vm-hyperupcall/asdf-ktlint",
            "template": [],
            "topics": null,
            "visibility": "public",
            "vulnerability_alerts": false
          },
          "sensitive_attributes": [],
          "private": "eyJzY2hlbWFfdmVyc2lvbiI6IjEifQ=="
        }
      ]
    },
    {
      "mode": "managed",
      "type": "github_repository",
      "name": "evhan__asdf_chicken",
      "provider": "provider[\"registry.terraform.io/integrations/github\"]",
      "instances": [
        {
          "schema_version": 1,
          "attributes": {
            "allow_auto_merge": false,
            "allow_merge_commit": true,
            "allow_rebase_merge": true,
            "allow_squash_merge": true,
            "allow_update_branch": false,
            "archive_on_destroy": null,
            "archived": false,
            "auto_init": false,
            "default_branch": "main",
            "delete_branch_on_merge": false,
            "description": "Not supported",
            "etag": "W/\"9c004f36f8ed57d69e7589e5bc0a9350567c92fd16e3591c86b3403075fb235f\"",
            "full_name": "asdf-vm-hyperupcall/asdf-chicken",
            "git_clone_url": "git://github.com/asdf-vm-hyperupcall/asdf-chicken.git",
            "gitignore_template": null,
            "has_discussions": false,
            "has_downloads": false,
            "has_issues": false,
            "has_projects": false,
            "has_wiki": false,
            "homepage_url": "",
            "html_url": "https://github.com/asdf-vm-hyperupcall/asdf-chicken",
            "http_clone_url": "https://github.com/asdf-vm-hyperupcall/asdf-chicken.git",
            "id": "asdf-chicken",
            "ignore_vulnerability_alerts_during_read": null,
            "is_template": false,
            "license_template": null,
            "merge_commit_message": "PR_TITLE",
            "merge_commit_title": "MERGE_MESSAGE",
            "name": "asdf-chicken",
            "node_id": "R_kgDOJ7R3Xg",
            "pages": [],
            "private": false,
            "repo_id": 666138462,
            "security_and_analysis": [
              {
                "advanced_security": [],
                "secret_scanning": [
                  {
                    "status": "disabled"
                  }
                ],
                "secret_scanning_push_protection": [
                  {
                    "status": "disabled"
                  }
                ]
              }
            ],
            "squash_merge_commit_message": "COMMIT_MESSAGES",
            "squash_merge_commit_title": "COMMIT_OR_PR_TITLE",
            "ssh_clone_url": "git@github.com:asdf-vm-hyperupcall/asdf-chicken.git",
            "svn_url": "https://github.com/asdf-vm-hyperupcall/asdf-chicken",
            "template": [],
            "topics": null,
            "visibility": "public",
            "vulnerability_alerts": false
          },
          "sensitive_attributes": [],
          "private": "eyJzY2hlbWFfdmVyc2lvbiI6IjEifQ=="
        }
      ]
    },
    {
      "mode": "managed",
      "type": "github_repository",
      "name": "ezcater__asdf_ctlptl",
      "provider": "provider[\"registry.terraform.io/integrations/github\"]",
      "instances": []
    },
    {
      "mode": "managed",
      "type": "github_repository",
      "name": "ezcater__asdf_kubectl-buildkit",
      "provider": "provider[\"registry.terraform.io/integrations/github\"]",
      "instances": [
        {
          "schema_version": 1,
          "attributes": {
            "allow_auto_merge": false,
            "allow_merge_commit": true,
            "allow_rebase_merge": true,
            "allow_squash_merge": true,
            "allow_update_branch": false,
            "archive_on_destroy": null,
            "archived": false,
            "auto_init": false,
            "default_branch": "main",
            "delete_branch_on_merge": false,
            "description": "Not supported",
            "etag": "W/\"a132a979839107f098c84c62fd631506f2e007709769f42b8ea3ef3ed6a7f3f5\"",
            "full_name": "asdf-vm-hyperupcall/asdf-kubectl-buildkit",
            "git_clone_url": "git://github.com/asdf-vm-hyperupcall/asdf-kubectl-buildkit.git",
            "gitignore_template": null,
            "has_discussions": false,
            "has_downloads": false,
            "has_issues": false,
            "has_projects": false,
            "has_wiki": false,
            "homepage_url": "",
            "html_url": "https://github.com/asdf-vm-hyperupcall/asdf-kubectl-buildkit",
            "http_clone_url": "https://github.com/asdf-vm-hyperupcall/asdf-kubectl-buildkit.git",
            "id": "asdf-kubectl-buildkit",
            "ignore_vulnerability_alerts_during_read": null,
            "is_template": false,
            "license_template": null,
            "merge_commit_message": "PR_TITLE",
            "merge_commit_title": "MERGE_MESSAGE",
            "name": "asdf-kubectl-buildkit",
            "node_id": "R_kgDOJ7Q-FQ",
            "pages": [],
            "private": false,
            "repo_id": 666123797,
            "security_and_analysis": [
              {
                "advanced_security": [],
                "secret_scanning": [
                  {
                    "status": "disabled"
                  }
                ],
                "secret_scanning_push_protection": [
                  {
                    "status": "disabled"
                  }
                ]
              }
            ],
            "squash_merge_commit_message": "COMMIT_MESSAGES",
            "squash_merge_commit_title": "COMMIT_OR_PR_TITLE",
            "ssh_clone_url": "git@github.com:asdf-vm-hyperupcall/asdf-kubectl-buildkit.git",
            "svn_url": "https://github.com/asdf-vm-hyperupcall/asdf-kubectl-buildkit",
            "template": [],
            "topics": null,
            "visibility": "public",
            "vulnerability_alerts": false
          },
          "sensitive_attributes": [],
          "private": "eyJzY2hlbWFfdmVyc2lvbiI6IjEifQ=="
        }
      ]
    },
    {
      "mode": "managed",
      "type": "github_repository",
      "name": "fcrespo82__asdf_swift",
      "provider": "provider[\"registry.terraform.io/integrations/github\"]",
      "instances": []
    },
    {
      "mode": "managed",
      "type": "github_repository",
      "name": "feniix__asdf_helmfile",
      "provider": "provider[\"registry.terraform.io/integrations/github\"]",
      "instances": []
    },
    {
      "mode": "managed",
      "type": "github_repository",
      "name": "feniix__asdf_sops",
      "provider": "provider[\"registry.terraform.io/integrations/github\"]",
      "instances": [
        {
          "schema_version": 1,
          "attributes": {
            "allow_auto_merge": false,
            "allow_merge_commit": true,
            "allow_rebase_merge": true,
            "allow_squash_merge": true,
            "allow_update_branch": false,
            "archive_on_destroy": null,
            "archived": false,
            "auto_init": false,
            "default_branch": "main",
            "delete_branch_on_merge": false,
            "description": "Not supported",
            "etag": "W/\"165fa5ea197b47b7bb5f4c6bfd11d94ab936127bf44e9e3aa193ddf8e971fab3\"",
            "full_name": "asdf-vm-hyperupcall/asdf-sops",
            "git_clone_url": "git://github.com/asdf-vm-hyperupcall/asdf-sops.git",
            "gitignore_template": null,
            "has_discussions": false,
            "has_downloads": false,
            "has_issues": false,
            "has_projects": false,
            "has_wiki": false,
            "homepage_url": "",
            "html_url": "https://github.com/asdf-vm-hyperupcall/asdf-sops",
            "http_clone_url": "https://github.com/asdf-vm-hyperupcall/asdf-sops.git",
            "id": "asdf-sops",
            "ignore_vulnerability_alerts_during_read": null,
            "is_template": false,
            "license_template": null,
            "merge_commit_message": "PR_TITLE",
            "merge_commit_title": "MERGE_MESSAGE",
            "name": "asdf-sops",
            "node_id": "R_kgDOJ7Q5lA",
            "pages": [],
            "private": false,
            "repo_id": 666122644,
            "security_and_analysis": [
              {
                "advanced_security": [],
                "secret_scanning": [
                  {
                    "status": "disabled"
                  }
                ],
                "secret_scanning_push_protection": [
                  {
                    "status": "disabled"
                  }
                ]
              }
            ],
            "squash_merge_commit_message": "COMMIT_MESSAGES",
            "squash_merge_commit_title": "COMMIT_OR_PR_TITLE",
            "ssh_clone_url": "git@github.com:asdf-vm-hyperupcall/asdf-sops.git",
            "svn_url": "https://github.com/asdf-vm-hyperupcall/asdf-sops",
            "template": [],
            "topics": null,
            "visibility": "public",
            "vulnerability_alerts": false
          },
          "sensitive_attributes": [],
          "private": "eyJzY2hlbWFfdmVyc2lvbiI6IjEifQ=="
        }
      ]
    },
    {
      "mode": "managed",
      "type": "github_repository",
      "name": "furkanural__asdf_memcached",
      "provider": "provider[\"registry.terraform.io/integrations/github\"]",
      "instances": [
        {
          "schema_version": 1,
          "attributes": {
            "allow_auto_merge": false,
            "allow_merge_commit": true,
            "allow_rebase_merge": true,
            "allow_squash_merge": true,
            "allow_update_branch": false,
            "archive_on_destroy": null,
            "archived": false,
            "auto_init": false,
            "default_branch": "main",
            "delete_branch_on_merge": false,
            "description": "Not supported",
            "etag": "W/\"81ab57512c55885c2f4a384bffefbd24aa487aeb04840ee0df93ca4dbf2bea99\"",
            "full_name": "asdf-vm-hyperupcall/asdf-memcached",
            "git_clone_url": "git://github.com/asdf-vm-hyperupcall/asdf-memcached.git",
            "gitignore_template": null,
            "has_discussions": false,
            "has_downloads": false,
            "has_issues": false,
            "has_projects": false,
            "has_wiki": false,
            "homepage_url": "",
            "html_url": "https://github.com/asdf-vm-hyperupcall/asdf-memcached",
            "http_clone_url": "https://github.com/asdf-vm-hyperupcall/asdf-memcached.git",
            "id": "asdf-memcached",
            "ignore_vulnerability_alerts_during_read": null,
            "is_template": false,
            "license_template": null,
            "merge_commit_message": "PR_TITLE",
            "merge_commit_title": "MERGE_MESSAGE",
            "name": "asdf-memcached",
            "node_id": "R_kgDOJ7Q6lg",
            "pages": [],
            "private": false,
            "repo_id": 666122902,
            "security_and_analysis": [
              {
                "advanced_security": [],
                "secret_scanning": [
                  {
                    "status": "disabled"
                  }
                ],
                "secret_scanning_push_protection": [
                  {
                    "status": "disabled"
                  }
                ]
              }
            ],
            "squash_merge_commit_message": "COMMIT_MESSAGES",
            "squash_merge_commit_title": "COMMIT_OR_PR_TITLE",
            "ssh_clone_url": "git@github.com:asdf-vm-hyperupcall/asdf-memcached.git",
            "svn_url": "https://github.com/asdf-vm-hyperupcall/asdf-memcached",
            "template": [],
            "topics": null,
            "visibility": "public",
            "vulnerability_alerts": false
          },
          "sensitive_attributes": [],
          "private": "eyJzY2hlbWFfdmVyc2lvbiI6IjEifQ=="
        }
      ]
    },
    {
      "mode": "managed",
      "type": "github_repository",
      "name": "fwfurtado__asdf_dvc",
      "provider": "provider[\"registry.terraform.io/integrations/github\"]",
      "instances": []
    },
    {
      "mode": "managed",
      "type": "github_repository",
      "name": "gabitchov__asdf_editorconfig-checker",
      "provider": "provider[\"registry.terraform.io/integrations/github\"]",
      "instances": [
        {
          "schema_version": 1,
          "attributes": {
            "allow_auto_merge": false,
            "allow_merge_commit": true,
            "allow_rebase_merge": true,
            "allow_squash_merge": true,
            "allow_update_branch": false,
            "archive_on_destroy": null,
            "archived": false,
            "auto_init": false,
            "default_branch": "main",
            "delete_branch_on_merge": false,
            "description": "Not supported",
            "etag": "W/\"b04b154ae688ff0be50bbfe10a30d78111013e629564153061da58bf9e37eff2\"",
            "full_name": "asdf-vm-hyperupcall/asdf-editorconfig-checker",
            "git_clone_url": "git://github.com/asdf-vm-hyperupcall/asdf-editorconfig-checker.git",
            "gitignore_template": null,
            "has_discussions": false,
            "has_downloads": false,
            "has_issues": false,
            "has_projects": false,
            "has_wiki": false,
            "homepage_url": "",
            "html_url": "https://github.com/asdf-vm-hyperupcall/asdf-editorconfig-checker",
            "http_clone_url": "https://github.com/asdf-vm-hyperupcall/asdf-editorconfig-checker.git",
            "id": "asdf-editorconfig-checker",
            "ignore_vulnerability_alerts_during_read": null,
            "is_template": false,
            "license_template": null,
            "merge_commit_message": "PR_TITLE",
            "merge_commit_title": "MERGE_MESSAGE",
            "name": "asdf-editorconfig-checker",
            "node_id": "R_kgDOJ7RCYg",
            "pages": [],
            "private": false,
            "repo_id": 666124898,
            "security_and_analysis": [
              {
                "advanced_security": [],
                "secret_scanning": [
                  {
                    "status": "disabled"
                  }
                ],
                "secret_scanning_push_protection": [
                  {
                    "status": "disabled"
                  }
                ]
              }
            ],
            "squash_merge_commit_message": "COMMIT_MESSAGES",
            "squash_merge_commit_title": "COMMIT_OR_PR_TITLE",
            "ssh_clone_url": "git@github.com:asdf-vm-hyperupcall/asdf-editorconfig-checker.git",
            "svn_url": "https://github.com/asdf-vm-hyperupcall/asdf-editorconfig-checker",
            "template": [],
            "topics": null,
            "visibility": "public",
            "vulnerability_alerts": false
          },
          "sensitive_attributes": [],
          "private": "eyJzY2hlbWFfdmVyc2lvbiI6IjEifQ=="
        }
      ]
    },
    {
      "mode": "managed",
      "type": "github_repository",
      "name": "gabitchov__asdf_titan",
      "provider": "provider[\"registry.terraform.io/integrations/github\"]",
      "instances": []
    },
    {
      "mode": "managed",
      "type": "github_repository",
      "name": "ganta__asdf_kubectl-kots",
      "provider": "provider[\"registry.terraform.io/integrations/github\"]",
      "instances": [
        {
          "schema_version": 1,
          "attributes": {
            "allow_auto_merge": false,
            "allow_merge_commit": true,
            "allow_rebase_merge": true,
            "allow_squash_merge": true,
            "allow_update_branch": false,
            "archive_on_destroy": null,
            "archived": false,
            "auto_init": false,
            "default_branch": "main",
            "delete_branch_on_merge": false,
            "description": "Not supported",
            "etag": "W/\"ad39c9052e477e25fc006ba413f689a3f106deabedbe7d04a514f7dda121f7b2\"",
            "full_name": "asdf-vm-hyperupcall/asdf-kubectl-kots",
            "git_clone_url": "git://github.com/asdf-vm-hyperupcall/asdf-kubectl-kots.git",
            "gitignore_template": null,
            "has_discussions": false,
            "has_downloads": false,
            "has_issues": false,
            "has_projects": false,
            "has_wiki": false,
            "homepage_url": "",
            "html_url": "https://github.com/asdf-vm-hyperupcall/asdf-kubectl-kots",
            "http_clone_url": "https://github.com/asdf-vm-hyperupcall/asdf-kubectl-kots.git",
            "id": "asdf-kubectl-kots",
            "ignore_vulnerability_alerts_during_read": null,
            "is_template": false,
            "license_template": null,
            "merge_commit_message": "PR_TITLE",
            "merge_commit_title": "MERGE_MESSAGE",
            "name": "asdf-kubectl-kots",
            "node_id": "R_kgDOJ7R1Rw",
            "pages": [],
            "private": false,
            "repo_id": 666137927,
            "security_and_analysis": [
              {
                "advanced_security": [],
                "secret_scanning": [
                  {
                    "status": "disabled"
                  }
                ],
                "secret_scanning_push_protection": [
                  {
                    "status": "disabled"
                  }
                ]
              }
            ],
            "squash_merge_commit_message": "COMMIT_MESSAGES",
            "squash_merge_commit_title": "COMMIT_OR_PR_TITLE",
            "ssh_clone_url": "git@github.com:asdf-vm-hyperupcall/asdf-kubectl-kots.git",
            "svn_url": "https://github.com/asdf-vm-hyperupcall/asdf-kubectl-kots",
            "template": [],
            "topics": null,
            "visibility": "public",
            "vulnerability_alerts": false
          },
          "sensitive_attributes": [],
          "private": "eyJzY2hlbWFfdmVyc2lvbiI6IjEifQ=="
        }
      ]
    },
    {
      "mode": "managed",
      "type": "github_repository",
      "name": "gasuketsu__asdf_tokei",
      "provider": "provider[\"registry.terraform.io/integrations/github\"]",
      "instances": [
        {
          "schema_version": 1,
          "attributes": {
            "allow_auto_merge": false,
            "allow_merge_commit": true,
            "allow_rebase_merge": true,
            "allow_squash_merge": true,
            "allow_update_branch": false,
            "archive_on_destroy": null,
            "archived": false,
            "auto_init": false,
            "default_branch": "main",
            "delete_branch_on_merge": false,
            "description": "Not supported",
            "etag": "W/\"7768c6a952a8f3d1e088a6c04a283d62f74c3230f4c8f394fb36321261e9249c\"",
            "full_name": "asdf-vm-hyperupcall/asdf-tokei",
            "git_clone_url": "git://github.com/asdf-vm-hyperupcall/asdf-tokei.git",
            "gitignore_template": null,
            "has_discussions": false,
            "has_downloads": false,
            "has_issues": false,
            "has_projects": false,
            "has_wiki": false,
            "homepage_url": "",
            "html_url": "https://github.com/asdf-vm-hyperupcall/asdf-tokei",
            "http_clone_url": "https://github.com/asdf-vm-hyperupcall/asdf-tokei.git",
            "id": "asdf-tokei",
            "ignore_vulnerability_alerts_during_read": null,
            "is_template": false,
            "license_template": null,
            "merge_commit_message": "PR_TITLE",
            "merge_commit_title": "MERGE_MESSAGE",
            "name": "asdf-tokei",
            "node_id": "R_kgDOJ7RvRQ",
            "pages": [],
            "private": false,
            "repo_id": 666136389,
            "security_and_analysis": [
              {
                "advanced_security": [],
                "secret_scanning": [
                  {
                    "status": "disabled"
                  }
                ],
                "secret_scanning_push_protection": [
                  {
                    "status": "disabled"
                  }
                ]
              }
            ],
            "squash_merge_commit_message": "COMMIT_MESSAGES",
            "squash_merge_commit_title": "COMMIT_OR_PR_TITLE",
            "ssh_clone_url": "git@github.com:asdf-vm-hyperupcall/asdf-tokei.git",
            "svn_url": "https://github.com/asdf-vm-hyperupcall/asdf-tokei",
            "template": [],
            "topics": null,
            "visibility": "public",
            "vulnerability_alerts": false
          },
          "sensitive_attributes": [],
          "private": "eyJzY2hlbWFfdmVyc2lvbiI6IjEifQ=="
        }
      ]
    },
    {
      "mode": "managed",
      "type": "github_repository",
      "name": "gbloquel__asdf_ghorg",
      "provider": "provider[\"registry.terraform.io/integrations/github\"]",
      "instances": []
    },
    {
      "mode": "managed",
      "type": "github_repository",
      "name": "gingerhot__asdf_coq",
      "provider": "provider[\"registry.terraform.io/integrations/github\"]",
      "instances": [
        {
          "schema_version": 1,
          "attributes": {
            "allow_auto_merge": false,
            "allow_merge_commit": true,
            "allow_rebase_merge": true,
            "allow_squash_merge": true,
            "allow_update_branch": false,
            "archive_on_destroy": null,
            "archived": false,
            "auto_init": false,
            "default_branch": "main",
            "delete_branch_on_merge": false,
            "description": "Not supported",
            "etag": "W/\"84db0b311e73cbdd34cdc11f4645fda1e3819577ae9eb6834e85f866cf135f3c\"",
            "full_name": "asdf-vm-hyperupcall/asdf-coq",
            "git_clone_url": "git://github.com/asdf-vm-hyperupcall/asdf-coq.git",
            "gitignore_template": null,
            "has_discussions": false,
            "has_downloads": false,
            "has_issues": false,
            "has_projects": false,
            "has_wiki": false,
            "homepage_url": "",
            "html_url": "https://github.com/asdf-vm-hyperupcall/asdf-coq",
            "http_clone_url": "https://github.com/asdf-vm-hyperupcall/asdf-coq.git",
            "id": "asdf-coq",
            "ignore_vulnerability_alerts_during_read": null,
            "is_template": false,
            "license_template": null,
            "merge_commit_message": "PR_TITLE",
            "merge_commit_title": "MERGE_MESSAGE",
            "name": "asdf-coq",
            "node_id": "R_kgDOJ7RwAw",
            "pages": [],
            "private": false,
            "repo_id": 666136579,
            "security_and_analysis": [
              {
                "advanced_security": [],
                "secret_scanning": [
                  {
                    "status": "disabled"
                  }
                ],
                "secret_scanning_push_protection": [
                  {
                    "status": "disabled"
                  }
                ]
              }
            ],
            "squash_merge_commit_message": "COMMIT_MESSAGES",
            "squash_merge_commit_title": "COMMIT_OR_PR_TITLE",
            "ssh_clone_url": "git@github.com:asdf-vm-hyperupcall/asdf-coq.git",
            "svn_url": "https://github.com/asdf-vm-hyperupcall/asdf-coq",
            "template": [],
            "topics": null,
            "visibility": "public",
            "vulnerability_alerts": false
          },
          "sensitive_attributes": [],
          "private": "eyJzY2hlbWFfdmVyc2lvbiI6IjEifQ=="
        }
      ]
    },
    {
      "mode": "managed",
      "type": "github_repository",
      "name": "gliwka__asdf_asciidoctorj",
      "provider": "provider[\"registry.terraform.io/integrations/github\"]",
      "instances": []
    },
    {
      "mode": "managed",
      "type": "github_repository",
      "name": "gmcabrita__asdf_conduit",
      "provider": "provider[\"registry.terraform.io/integrations/github\"]",
      "instances": []
    },
    {
      "mode": "managed",
      "type": "github_repository",
      "name": "goki90210__asdf_evans",
      "provider": "provider[\"registry.terraform.io/integrations/github\"]",
      "instances": [
        {
          "schema_version": 1,
          "attributes": {
            "allow_auto_merge": false,
            "allow_merge_commit": true,
            "allow_rebase_merge": true,
            "allow_squash_merge": true,
            "allow_update_branch": false,
            "archive_on_destroy": null,
            "archived": false,
            "auto_init": false,
            "default_branch": "main",
            "delete_branch_on_merge": false,
            "description": "Not supported",
            "etag": "W/\"707b4d58921d0320e225c943e26e1c7e7f6bec6fc623561435211e26966f6342\"",
            "full_name": "asdf-vm-hyperupcall/asdf-evans",
            "git_clone_url": "git://github.com/asdf-vm-hyperupcall/asdf-evans.git",
            "gitignore_template": null,
            "has_discussions": false,
            "has_downloads": false,
            "has_issues": false,
            "has_projects": false,
            "has_wiki": false,
            "homepage_url": "",
            "html_url": "https://github.com/asdf-vm-hyperupcall/asdf-evans",
            "http_clone_url": "https://github.com/asdf-vm-hyperupcall/asdf-evans.git",
            "id": "asdf-evans",
            "ignore_vulnerability_alerts_during_read": null,
            "is_template": false,
            "license_template": null,
            "merge_commit_message": "PR_TITLE",
            "merge_commit_title": "MERGE_MESSAGE",
            "name": "asdf-evans",
            "node_id": "R_kgDOJ7RAIw",
            "pages": [],
            "private": false,
            "repo_id": 666124323,
            "security_and_analysis": [
              {
                "advanced_security": [],
                "secret_scanning": [
                  {
                    "status": "disabled"
                  }
                ],
                "secret_scanning_push_protection": [
                  {
                    "status": "disabled"
                  }
                ]
              }
            ],
            "squash_merge_commit_message": "COMMIT_MESSAGES",
            "squash_merge_commit_title": "COMMIT_OR_PR_TITLE",
            "ssh_clone_url": "git@github.com:asdf-vm-hyperupcall/asdf-evans.git",
            "svn_url": "https://github.com/asdf-vm-hyperupcall/asdf-evans",
            "template": [],
            "topics": null,
            "visibility": "public",
            "vulnerability_alerts": false
          },
          "sensitive_attributes": [],
          "private": "eyJzY2hlbWFfdmVyc2lvbiI6IjEifQ=="
        }
      ]
    },
    {
      "mode": "managed",
      "type": "github_repository",
      "name": "grimoh__asdf_act",
      "provider": "provider[\"registry.terraform.io/integrations/github\"]",
      "instances": [
        {
          "schema_version": 1,
          "attributes": {
            "allow_auto_merge": false,
            "allow_merge_commit": true,
            "allow_rebase_merge": true,
            "allow_squash_merge": true,
            "allow_update_branch": false,
            "archive_on_destroy": null,
            "archived": false,
            "auto_init": false,
            "default_branch": "main",
            "delete_branch_on_merge": false,
            "description": "Not supported",
            "etag": "W/\"86c01cf7b832b9c9863db94fd1356c6b695388829638485629594d87d11bae76\"",
            "full_name": "asdf-vm-hyperupcall/asdf-act",
            "git_clone_url": "git://github.com/asdf-vm-hyperupcall/asdf-act.git",
            "gitignore_template": null,
            "has_discussions": false,
            "has_downloads": false,
            "has_issues": false,
            "has_projects": false,
            "has_wiki": false,
            "homepage_url": "",
            "html_url": "https://github.com/asdf-vm-hyperupcall/asdf-act",
            "http_clone_url": "https://github.com/asdf-vm-hyperupcall/asdf-act.git",
            "id": "asdf-act",
            "ignore_vulnerability_alerts_during_read": null,
            "is_template": false,
            "license_template": null,
            "merge_commit_message": "PR_TITLE",
            "merge_commit_title": "MERGE_MESSAGE",
            "name": "asdf-act",
            "node_id": "R_kgDOJ7R4iQ",
            "pages": [],
            "private": false,
            "repo_id": 666138761,
            "security_and_analysis": [
              {
                "advanced_security": [],
                "secret_scanning": [
                  {
                    "status": "disabled"
                  }
                ],
                "secret_scanning_push_protection": [
                  {
                    "status": "disabled"
                  }
                ]
              }
            ],
            "squash_merge_commit_message": "COMMIT_MESSAGES",
            "squash_merge_commit_title": "COMMIT_OR_PR_TITLE",
            "ssh_clone_url": "git@github.com:asdf-vm-hyperupcall/asdf-act.git",
            "svn_url": "https://github.com/asdf-vm-hyperupcall/asdf-act",
            "template": [],
            "topics": null,
            "visibility": "public",
            "vulnerability_alerts": false
          },
          "sensitive_attributes": [],
          "private": "eyJzY2hlbWFfdmVyc2lvbiI6IjEifQ=="
        }
      ]
    },
    {
      "mode": "managed",
      "type": "github_repository",
      "name": "grimoh__asdf_k6",
      "provider": "provider[\"registry.terraform.io/integrations/github\"]",
      "instances": []
    },
    {
      "mode": "managed",
      "type": "github_repository",
      "name": "grimoh__asdf_soracom",
      "provider": "provider[\"registry.terraform.io/integrations/github\"]",
      "instances": []
    },
    {
      "mode": "managed",
      "type": "github_repository",
      "name": "grimoh__asdf_starship",
      "provider": "provider[\"registry.terraform.io/integrations/github\"]",
      "instances": [
        {
          "schema_version": 1,
          "attributes": {
            "allow_auto_merge": false,
            "allow_merge_commit": true,
            "allow_rebase_merge": true,
            "allow_squash_merge": true,
            "allow_update_branch": false,
            "archive_on_destroy": null,
            "archived": false,
            "auto_init": false,
            "default_branch": "main",
            "delete_branch_on_merge": false,
            "description": "Not supported",
            "etag": "W/\"881a46c265e8feb8896ec69cb516c1d03edd05b4469cee49ee419c93a65ed047\"",
            "full_name": "asdf-vm-hyperupcall/asdf-starship",
            "git_clone_url": "git://github.com/asdf-vm-hyperupcall/asdf-starship.git",
            "gitignore_template": null,
            "has_discussions": false,
            "has_downloads": false,
            "has_issues": false,
            "has_projects": false,
            "has_wiki": false,
            "homepage_url": "",
            "html_url": "https://github.com/asdf-vm-hyperupcall/asdf-starship",
            "http_clone_url": "https://github.com/asdf-vm-hyperupcall/asdf-starship.git",
            "id": "asdf-starship",
            "ignore_vulnerability_alerts_during_read": null,
            "is_template": false,
            "license_template": null,
            "merge_commit_message": "PR_TITLE",
            "merge_commit_title": "MERGE_MESSAGE",
            "name": "asdf-starship",
            "node_id": "R_kgDOJ7REzg",
            "pages": [],
            "private": false,
            "repo_id": 666125518,
            "security_and_analysis": [
              {
                "advanced_security": [],
                "secret_scanning": [
                  {
                    "status": "disabled"
                  }
                ],
                "secret_scanning_push_protection": [
                  {
                    "status": "disabled"
                  }
                ]
              }
            ],
            "squash_merge_commit_message": "COMMIT_MESSAGES",
            "squash_merge_commit_title": "COMMIT_OR_PR_TITLE",
            "ssh_clone_url": "git@github.com:asdf-vm-hyperupcall/asdf-starship.git",
            "svn_url": "https://github.com/asdf-vm-hyperupcall/asdf-starship",
            "template": [],
            "topics": null,
            "visibility": "public",
            "vulnerability_alerts": false
          },
          "sensitive_attributes": [],
          "private": "eyJzY2hlbWFfdmVyc2lvbiI6IjEifQ=="
        }
      ]
    },
    {
      "mode": "managed",
      "type": "github_repository",
      "name": "grimoh__asdf_terraformer",
      "provider": "provider[\"registry.terraform.io/integrations/github\"]",
      "instances": [
        {
          "schema_version": 1,
          "attributes": {
            "allow_auto_merge": false,
            "allow_merge_commit": true,
            "allow_rebase_merge": true,
            "allow_squash_merge": true,
            "allow_update_branch": false,
            "archive_on_destroy": null,
            "archived": false,
            "auto_init": false,
            "default_branch": "main",
            "delete_branch_on_merge": false,
            "description": "Not supported",
            "etag": "W/\"f425c5bbb1ae48e2a518f91aeb402b2615d020b996a1d338fb8b000cbd6ff07f\"",
            "full_name": "asdf-vm-hyperupcall/asdf-terraformer",
            "git_clone_url": "git://github.com/asdf-vm-hyperupcall/asdf-terraformer.git",
            "gitignore_template": null,
            "has_discussions": false,
            "has_downloads": false,
            "has_issues": false,
            "has_projects": false,
            "has_wiki": false,
            "homepage_url": "",
            "html_url": "https://github.com/asdf-vm-hyperupcall/asdf-terraformer",
            "http_clone_url": "https://github.com/asdf-vm-hyperupcall/asdf-terraformer.git",
            "id": "asdf-terraformer",
            "ignore_vulnerability_alerts_during_read": null,
            "is_template": false,
            "license_template": null,
            "merge_commit_message": "PR_TITLE",
            "merge_commit_title": "MERGE_MESSAGE",
            "name": "asdf-terraformer",
            "node_id": "R_kgDOJ7RCoQ",
            "pages": [],
            "private": false,
            "repo_id": 666124961,
            "security_and_analysis": [
              {
                "advanced_security": [],
                "secret_scanning": [
                  {
                    "status": "disabled"
                  }
                ],
                "secret_scanning_push_protection": [
                  {
                    "status": "disabled"
                  }
                ]
              }
            ],
            "squash_merge_commit_message": "COMMIT_MESSAGES",
            "squash_merge_commit_title": "COMMIT_OR_PR_TITLE",
            "ssh_clone_url": "git@github.com:asdf-vm-hyperupcall/asdf-terraformer.git",
            "svn_url": "https://github.com/asdf-vm-hyperupcall/asdf-terraformer",
            "template": [],
            "topics": null,
            "visibility": "public",
            "vulnerability_alerts": false
          },
          "sensitive_attributes": [],
          "private": "eyJzY2hlbWFfdmVyc2lvbiI6IjEifQ=="
        }
      ]
    },
    {
      "mode": "managed",
      "type": "github_repository",
      "name": "gurukulkarni__asdf_codefresh",
      "provider": "provider[\"registry.terraform.io/integrations/github\"]",
      "instances": [
        {
          "schema_version": 1,
          "attributes": {
            "allow_auto_merge": false,
            "allow_merge_commit": true,
            "allow_rebase_merge": true,
            "allow_squash_merge": true,
            "allow_update_branch": false,
            "archive_on_destroy": null,
            "archived": false,
            "auto_init": false,
            "default_branch": "main",
            "delete_branch_on_merge": false,
            "description": "Not supported",
            "etag": "W/\"8a3b5dc06e84415402a0634d5bdb0c4f57362fac403093bb2ba55e68765715e8\"",
            "full_name": "asdf-vm-hyperupcall/asdf-codefresh",
            "git_clone_url": "git://github.com/asdf-vm-hyperupcall/asdf-codefresh.git",
            "gitignore_template": null,
            "has_discussions": false,
            "has_downloads": false,
            "has_issues": false,
            "has_projects": false,
            "has_wiki": false,
            "homepage_url": "",
            "html_url": "https://github.com/asdf-vm-hyperupcall/asdf-codefresh",
            "http_clone_url": "https://github.com/asdf-vm-hyperupcall/asdf-codefresh.git",
            "id": "asdf-codefresh",
            "ignore_vulnerability_alerts_during_read": null,
            "is_template": false,
            "license_template": null,
            "merge_commit_message": "PR_TITLE",
            "merge_commit_title": "MERGE_MESSAGE",
            "name": "asdf-codefresh",
            "node_id": "R_kgDOJ7Rsxg",
            "pages": [],
            "private": false,
            "repo_id": 666135750,
            "security_and_analysis": [
              {
                "advanced_security": [],
                "secret_scanning": [
                  {
                    "status": "disabled"
                  }
                ],
                "secret_scanning_push_protection": [
                  {
                    "status": "disabled"
                  }
                ]
              }
            ],
            "squash_merge_commit_message": "COMMIT_MESSAGES",
            "squash_merge_commit_title": "COMMIT_OR_PR_TITLE",
            "ssh_clone_url": "git@github.com:asdf-vm-hyperupcall/asdf-codefresh.git",
            "svn_url": "https://github.com/asdf-vm-hyperupcall/asdf-codefresh",
            "template": [],
            "topics": null,
            "visibility": "public",
            "vulnerability_alerts": false
          },
          "sensitive_attributes": [],
          "private": "eyJzY2hlbWFfdmVyc2lvbiI6IjEifQ=="
        }
      ]
    },
    {
      "mode": "managed",
      "type": "github_repository",
      "name": "gurukulkarni__asdf_hasura",
      "provider": "provider[\"registry.terraform.io/integrations/github\"]",
      "instances": [
        {
          "schema_version": 1,
          "attributes": {
            "allow_auto_merge": false,
            "allow_merge_commit": true,
            "allow_rebase_merge": true,
            "allow_squash_merge": true,
            "allow_update_branch": false,
            "archive_on_destroy": null,
            "archived": false,
            "auto_init": false,
            "default_branch": "main",
            "delete_branch_on_merge": false,
            "description": "Not supported",
            "etag": "W/\"650409a5b738cd357ebc80a6a0c697d24e78df5bb641e2ebeb2e17eeefb71ed7\"",
            "full_name": "asdf-vm-hyperupcall/asdf-hasura",
            "git_clone_url": "git://github.com/asdf-vm-hyperupcall/asdf-hasura.git",
            "gitignore_template": null,
            "has_discussions": false,
            "has_downloads": false,
            "has_issues": false,
            "has_projects": false,
            "has_wiki": false,
            "homepage_url": "",
            "html_url": "https://github.com/asdf-vm-hyperupcall/asdf-hasura",
            "http_clone_url": "https://github.com/asdf-vm-hyperupcall/asdf-hasura.git",
            "id": "asdf-hasura",
            "ignore_vulnerability_alerts_during_read": null,
            "is_template": false,
            "license_template": null,
            "merge_commit_message": "PR_TITLE",
            "merge_commit_title": "MERGE_MESSAGE",
            "name": "asdf-hasura",
            "node_id": "R_kgDOJ7R1Og",
            "pages": [],
            "private": false,
            "repo_id": 666137914,
            "security_and_analysis": [
              {
                "advanced_security": [],
                "secret_scanning": [
                  {
                    "status": "disabled"
                  }
                ],
                "secret_scanning_push_protection": [
                  {
                    "status": "disabled"
                  }
                ]
              }
            ],
            "squash_merge_commit_message": "COMMIT_MESSAGES",
            "squash_merge_commit_title": "COMMIT_OR_PR_TITLE",
            "ssh_clone_url": "git@github.com:asdf-vm-hyperupcall/asdf-hasura.git",
            "svn_url": "https://github.com/asdf-vm-hyperupcall/asdf-hasura",
            "template": [],
            "topics": null,
            "visibility": "public",
            "vulnerability_alerts": false
          },
          "sensitive_attributes": [],
          "private": "eyJzY2hlbWFfdmVyc2lvbiI6IjEifQ=="
        }
      ]
    },
    {
      "mode": "managed",
      "type": "github_repository",
      "name": "gustavclausen__asdf_kubevela",
      "provider": "provider[\"registry.terraform.io/integrations/github\"]",
      "instances": [
        {
          "schema_version": 1,
          "attributes": {
            "allow_auto_merge": false,
            "allow_merge_commit": true,
            "allow_rebase_merge": true,
            "allow_squash_merge": true,
            "allow_update_branch": false,
            "archive_on_destroy": null,
            "archived": false,
            "auto_init": false,
            "default_branch": "main",
            "delete_branch_on_merge": false,
            "description": "Not supported",
            "etag": "W/\"dda72b223be32a48f40a121dc9a705a1f68ff264efd27854b3d221046fe05a1b\"",
            "full_name": "asdf-vm-hyperupcall/asdf-kubevela",
            "git_clone_url": "git://github.com/asdf-vm-hyperupcall/asdf-kubevela.git",
            "gitignore_template": null,
            "has_discussions": false,
            "has_downloads": false,
            "has_issues": false,
            "has_projects": false,
            "has_wiki": false,
            "homepage_url": "",
            "html_url": "https://github.com/asdf-vm-hyperupcall/asdf-kubevela",
            "http_clone_url": "https://github.com/asdf-vm-hyperupcall/asdf-kubevela.git",
            "id": "asdf-kubevela",
            "ignore_vulnerability_alerts_during_read": null,
            "is_template": false,
            "license_template": null,
            "merge_commit_message": "PR_TITLE",
            "merge_commit_title": "MERGE_MESSAGE",
            "name": "asdf-kubevela",
            "node_id": "R_kgDOJ7Q5QA",
            "pages": [],
            "private": false,
            "repo_id": 666122560,
            "security_and_analysis": [
              {
                "advanced_security": [],
                "secret_scanning": [
                  {
                    "status": "disabled"
                  }
                ],
                "secret_scanning_push_protection": [
                  {
                    "status": "disabled"
                  }
                ]
              }
            ],
            "squash_merge_commit_message": "COMMIT_MESSAGES",
            "squash_merge_commit_title": "COMMIT_OR_PR_TITLE",
            "ssh_clone_url": "git@github.com:asdf-vm-hyperupcall/asdf-kubevela.git",
            "svn_url": "https://github.com/asdf-vm-hyperupcall/asdf-kubevela",
            "template": [],
            "topics": null,
            "visibility": "public",
            "vulnerability_alerts": false
          },
          "sensitive_attributes": [],
          "private": "eyJzY2hlbWFfdmVyc2lvbiI6IjEifQ=="
        }
      ]
    },
    {
      "mode": "managed",
      "type": "github_repository",
      "name": "halcyon__asdf_java",
      "provider": "provider[\"registry.terraform.io/integrations/github\"]",
      "instances": []
    },
    {
      "mode": "managed",
      "type": "github_repository",
      "name": "halcyon__asdf_maven",
      "provider": "provider[\"registry.terraform.io/integrations/github\"]",
      "instances": []
    },
    {
      "mode": "managed",
      "type": "github_repository",
      "name": "halilkaya__asdf_glooctl",
      "provider": "provider[\"registry.terraform.io/integrations/github\"]",
      "instances": []
    },
    {
      "mode": "managed",
      "type": "github_repository",
      "name": "hensou__asdf_dotnet",
      "provider": "provider[\"registry.terraform.io/integrations/github\"]",
      "instances": []
    },
    {
      "mode": "managed",
      "type": "github_repository",
      "name": "hhemied__asdf_openshift-install",
      "provider": "provider[\"registry.terraform.io/integrations/github\"]",
      "instances": [
        {
          "schema_version": 1,
          "attributes": {
            "allow_auto_merge": false,
            "allow_merge_commit": true,
            "allow_rebase_merge": true,
            "allow_squash_merge": true,
            "allow_update_branch": false,
            "archive_on_destroy": null,
            "archived": false,
            "auto_init": false,
            "default_branch": "main",
            "delete_branch_on_merge": false,
            "description": "Not supported",
            "etag": "W/\"5cd655a68681e36c363d339a046db3c75478a8b30cea4629cc7d6e1f7a43f38f\"",
            "full_name": "asdf-vm-hyperupcall/asdf-openshift-install",
            "git_clone_url": "git://github.com/asdf-vm-hyperupcall/asdf-openshift-install.git",
            "gitignore_template": null,
            "has_discussions": false,
            "has_downloads": false,
            "has_issues": false,
            "has_projects": false,
            "has_wiki": false,
            "homepage_url": "",
            "html_url": "https://github.com/asdf-vm-hyperupcall/asdf-openshift-install",
            "http_clone_url": "https://github.com/asdf-vm-hyperupcall/asdf-openshift-install.git",
            "id": "asdf-openshift-install",
            "ignore_vulnerability_alerts_during_read": null,
            "is_template": false,
            "license_template": null,
            "merge_commit_message": "PR_TITLE",
            "merge_commit_title": "MERGE_MESSAGE",
            "name": "asdf-openshift-install",
            "node_id": "R_kgDOJ7R5cA",
            "pages": [],
            "private": false,
            "repo_id": 666138992,
            "security_and_analysis": [
              {
                "advanced_security": [],
                "secret_scanning": [
                  {
                    "status": "disabled"
                  }
                ],
                "secret_scanning_push_protection": [
                  {
                    "status": "disabled"
                  }
                ]
              }
            ],
            "squash_merge_commit_message": "COMMIT_MESSAGES",
            "squash_merge_commit_title": "COMMIT_OR_PR_TITLE",
            "ssh_clone_url": "git@github.com:asdf-vm-hyperupcall/asdf-openshift-install.git",
            "svn_url": "https://github.com/asdf-vm-hyperupcall/asdf-openshift-install",
            "template": [],
            "topics": null,
            "visibility": "public",
            "vulnerability_alerts": false
          },
          "sensitive_attributes": [],
          "private": "eyJzY2hlbWFfdmVyc2lvbiI6IjEifQ=="
        }
      ]
    },
    {
      "mode": "managed",
      "type": "github_repository",
      "name": "highb__asdf_teleport-ent",
      "provider": "provider[\"registry.terraform.io/integrations/github\"]",
      "instances": []
    },
    {
      "mode": "managed",
      "type": "github_repository",
      "name": "hpdobrica__asdf_terrascan",
      "provider": "provider[\"registry.terraform.io/integrations/github\"]",
      "instances": [
        {
          "schema_version": 1,
          "attributes": {
            "allow_auto_merge": false,
            "allow_merge_commit": true,
            "allow_rebase_merge": true,
            "allow_squash_merge": true,
            "allow_update_branch": false,
            "archive_on_destroy": null,
            "archived": false,
            "auto_init": false,
            "default_branch": "main",
            "delete_branch_on_merge": false,
            "description": "Not supported",
            "etag": "W/\"0fe3779c2e4927c80764915045ce8e532455b562d319c7d5394792c879153403\"",
            "full_name": "asdf-vm-hyperupcall/asdf-terrascan",
            "git_clone_url": "git://github.com/asdf-vm-hyperupcall/asdf-terrascan.git",
            "gitignore_template": null,
            "has_discussions": false,
            "has_downloads": false,
            "has_issues": false,
            "has_projects": false,
            "has_wiki": false,
            "homepage_url": "",
            "html_url": "https://github.com/asdf-vm-hyperupcall/asdf-terrascan",
            "http_clone_url": "https://github.com/asdf-vm-hyperupcall/asdf-terrascan.git",
            "id": "asdf-terrascan",
            "ignore_vulnerability_alerts_during_read": null,
            "is_template": false,
            "license_template": null,
            "merge_commit_message": "PR_TITLE",
            "merge_commit_title": "MERGE_MESSAGE",
            "name": "asdf-terrascan",
            "node_id": "R_kgDOJ7Q5aw",
            "pages": [],
            "private": false,
            "repo_id": 666122603,
            "security_and_analysis": [
              {
                "advanced_security": [],
                "secret_scanning": [
                  {
                    "status": "disabled"
                  }
                ],
                "secret_scanning_push_protection": [
                  {
                    "status": "disabled"
                  }
                ]
              }
            ],
            "squash_merge_commit_message": "COMMIT_MESSAGES",
            "squash_merge_commit_title": "COMMIT_OR_PR_TITLE",
            "ssh_clone_url": "git@github.com:asdf-vm-hyperupcall/asdf-terrascan.git",
            "svn_url": "https://github.com/asdf-vm-hyperupcall/asdf-terrascan",
            "template": [],
            "topics": null,
            "visibility": "public",
            "vulnerability_alerts": false
          },
          "sensitive_attributes": [],
          "private": "eyJzY2hlbWFfdmVyc2lvbiI6IjEifQ=="
        }
      ]
    },
    {
      "mode": "managed",
      "type": "github_repository",
      "name": "hypnoglow__asdf_golangci-lint",
      "provider": "provider[\"registry.terraform.io/integrations/github\"]",
      "instances": []
    },
    {
      "mode": "managed",
      "type": "github_repository",
      "name": "iilyak__asdf_nancy",
      "provider": "provider[\"registry.terraform.io/integrations/github\"]",
      "instances": []
    },
    {
      "mode": "managed",
      "type": "github_repository",
      "name": "ikuradon__asdf_vultr-cli",
      "provider": "provider[\"registry.terraform.io/integrations/github\"]",
      "instances": []
    },
    {
      "mode": "managed",
      "type": "github_repository",
      "name": "indiebrain__asdf_guile",
      "provider": "provider[\"registry.terraform.io/integrations/github\"]",
      "instances": [
        {
          "schema_version": 1,
          "attributes": {
            "allow_auto_merge": false,
            "allow_merge_commit": true,
            "allow_rebase_merge": true,
            "allow_squash_merge": true,
            "allow_update_branch": false,
            "archive_on_destroy": null,
            "archived": false,
            "auto_init": false,
            "default_branch": "main",
            "delete_branch_on_merge": false,
            "description": "Not supported",
            "etag": "W/\"50e483ef8288383d81490a3a4f2033a9417dc00ca1542e44e54d69bd0d65936f\"",
            "full_name": "asdf-vm-hyperupcall/asdf-guile",
            "git_clone_url": "git://github.com/asdf-vm-hyperupcall/asdf-guile.git",
            "gitignore_template": null,
            "has_discussions": false,
            "has_downloads": false,
            "has_issues": false,
            "has_projects": false,
            "has_wiki": false,
            "homepage_url": "",
            "html_url": "https://github.com/asdf-vm-hyperupcall/asdf-guile",
            "http_clone_url": "https://github.com/asdf-vm-hyperupcall/asdf-guile.git",
            "id": "asdf-guile",
            "ignore_vulnerability_alerts_during_read": null,
            "is_template": false,
            "license_template": null,
            "merge_commit_message": "PR_TITLE",
            "merge_commit_title": "MERGE_MESSAGE",
            "name": "asdf-guile",
            "node_id": "R_kgDOJ7R3hQ",
            "pages": [],
            "private": false,
            "repo_id": 666138501,
            "security_and_analysis": [
              {
                "advanced_security": [],
                "secret_scanning": [
                  {
                    "status": "disabled"
                  }
                ],
                "secret_scanning_push_protection": [
                  {
                    "status": "disabled"
                  }
                ]
              }
            ],
            "squash_merge_commit_message": "COMMIT_MESSAGES",
            "squash_merge_commit_title": "COMMIT_OR_PR_TITLE",
            "ssh_clone_url": "git@github.com:asdf-vm-hyperupcall/asdf-guile.git",
            "svn_url": "https://github.com/asdf-vm-hyperupcall/asdf-guile",
            "template": [],
            "topics": null,
            "visibility": "public",
            "vulnerability_alerts": false
          },
          "sensitive_attributes": [],
          "private": "eyJzY2hlbWFfdmVyc2lvbiI6IjEifQ=="
        }
      ]
    },
    {
      "mode": "managed",
      "type": "github_repository",
      "name": "iroddis__asdf_mysql",
      "provider": "provider[\"registry.terraform.io/integrations/github\"]",
      "instances": []
    },
    {
      "mode": "managed",
      "type": "github_repository",
      "name": "itspngu__asdf_cloudsql-proxy",
      "provider": "provider[\"registry.terraform.io/integrations/github\"]",
      "instances": []
    },
    {
      "mode": "managed",
      "type": "github_repository",
      "name": "itspngu__asdf_mongo-tools",
      "provider": "provider[\"registry.terraform.io/integrations/github\"]",
      "instances": []
    },
    {
      "mode": "managed",
      "type": "github_repository",
      "name": "itspngu__asdf_mongosh",
      "provider": "provider[\"registry.terraform.io/integrations/github\"]",
      "instances": [
        {
          "schema_version": 1,
          "attributes": {
            "allow_auto_merge": false,
            "allow_merge_commit": true,
            "allow_rebase_merge": true,
            "allow_squash_merge": true,
            "allow_update_branch": false,
            "archive_on_destroy": null,
            "archived": false,
            "auto_init": false,
            "default_branch": "main",
            "delete_branch_on_merge": false,
            "description": "Not supported",
            "etag": "W/\"f790917c7e965995234e1685a05188ae99860b99cd45042b7d41febc9bb073eb\"",
            "full_name": "asdf-vm-hyperupcall/asdf-mongosh",
            "git_clone_url": "git://github.com/asdf-vm-hyperupcall/asdf-mongosh.git",
            "gitignore_template": null,
            "has_discussions": false,
            "has_downloads": false,
            "has_issues": false,
            "has_projects": false,
            "has_wiki": false,
            "homepage_url": "",
            "html_url": "https://github.com/asdf-vm-hyperupcall/asdf-mongosh",
            "http_clone_url": "https://github.com/asdf-vm-hyperupcall/asdf-mongosh.git",
            "id": "asdf-mongosh",
            "ignore_vulnerability_alerts_during_read": null,
            "is_template": false,
            "license_template": null,
            "merge_commit_message": "PR_TITLE",
            "merge_commit_title": "MERGE_MESSAGE",
            "name": "asdf-mongosh",
            "node_id": "R_kgDOJ7RzAA",
            "pages": [],
            "private": false,
            "repo_id": 666137344,
            "security_and_analysis": [
              {
                "advanced_security": [],
                "secret_scanning": [
                  {
                    "status": "disabled"
                  }
                ],
                "secret_scanning_push_protection": [
                  {
                    "status": "disabled"
                  }
                ]
              }
            ],
            "squash_merge_commit_message": "COMMIT_MESSAGES",
            "squash_merge_commit_title": "COMMIT_OR_PR_TITLE",
            "ssh_clone_url": "git@github.com:asdf-vm-hyperupcall/asdf-mongosh.git",
            "svn_url": "https://github.com/asdf-vm-hyperupcall/asdf-mongosh",
            "template": [],
            "topics": null,
            "visibility": "public",
            "vulnerability_alerts": false
          },
          "sensitive_attributes": [],
          "private": "eyJzY2hlbWFfdmVyc2lvbiI6IjEifQ=="
        }
      ]
    },
    {
      "mode": "managed",
      "type": "github_repository",
      "name": "itspngu__asdf_usql",
      "provider": "provider[\"registry.terraform.io/integrations/github\"]",
      "instances": []
    },
    {
      "mode": "managed",
      "type": "github_repository",
      "name": "iul1an__asdf_gallery-dl",
      "provider": "provider[\"registry.terraform.io/integrations/github\"]",
      "instances": [
        {
          "schema_version": 1,
          "attributes": {
            "allow_auto_merge": false,
            "allow_merge_commit": true,
            "allow_rebase_merge": true,
            "allow_squash_merge": true,
            "allow_update_branch": false,
            "archive_on_destroy": null,
            "archived": false,
            "auto_init": false,
            "default_branch": "main",
            "delete_branch_on_merge": false,
            "description": "Not supported",
            "etag": "W/\"ec8b4f7f835d61b51aadc1e0ee74c5e74a2644ab35b63de1c3645d56ed33e56e\"",
            "full_name": "asdf-vm-hyperupcall/asdf-gallery-dl",
            "git_clone_url": "git://github.com/asdf-vm-hyperupcall/asdf-gallery-dl.git",
            "gitignore_template": null,
            "has_discussions": false,
            "has_downloads": false,
            "has_issues": false,
            "has_projects": false,
            "has_wiki": false,
            "homepage_url": "",
            "html_url": "https://github.com/asdf-vm-hyperupcall/asdf-gallery-dl",
            "http_clone_url": "https://github.com/asdf-vm-hyperupcall/asdf-gallery-dl.git",
            "id": "asdf-gallery-dl",
            "ignore_vulnerability_alerts_during_read": null,
            "is_template": false,
            "license_template": null,
            "merge_commit_message": "PR_TITLE",
            "merge_commit_title": "MERGE_MESSAGE",
            "name": "asdf-gallery-dl",
            "node_id": "R_kgDOJ7Q0jg",
            "pages": [],
            "private": false,
            "repo_id": 666121358,
            "security_and_analysis": [
              {
                "advanced_security": [],
                "secret_scanning": [
                  {
                    "status": "disabled"
                  }
                ],
                "secret_scanning_push_protection": [
                  {
                    "status": "disabled"
                  }
                ]
              }
            ],
            "squash_merge_commit_message": "COMMIT_MESSAGES",
            "squash_merge_commit_title": "COMMIT_OR_PR_TITLE",
            "ssh_clone_url": "git@github.com:asdf-vm-hyperupcall/asdf-gallery-dl.git",
            "svn_url": "https://github.com/asdf-vm-hyperupcall/asdf-gallery-dl",
            "template": [],
            "topics": null,
            "visibility": "public",
            "vulnerability_alerts": false
          },
          "sensitive_attributes": [],
          "private": "eyJzY2hlbWFfdmVyc2lvbiI6IjEifQ=="
        }
      ]
    },
    {
      "mode": "managed",
      "type": "github_repository",
      "name": "iul1an__asdf_kubectl-convert",
      "provider": "provider[\"registry.terraform.io/integrations/github\"]",
      "instances": []
    },
    {
      "mode": "managed",
      "type": "github_repository",
      "name": "iul1an__asdf_opensearch-cli",
      "provider": "provider[\"registry.terraform.io/integrations/github\"]",
      "instances": [
        {
          "schema_version": 1,
          "attributes": {
            "allow_auto_merge": false,
            "allow_merge_commit": true,
            "allow_rebase_merge": true,
            "allow_squash_merge": true,
            "allow_update_branch": false,
            "archive_on_destroy": null,
            "archived": false,
            "auto_init": false,
            "default_branch": "main",
            "delete_branch_on_merge": false,
            "description": "Not supported",
            "etag": "W/\"7255c3da7254cfa616de8fc5697e70808260f73115d49e0edb3fd91cc5e23328\"",
            "full_name": "asdf-vm-hyperupcall/asdf-opensearch-cli",
            "git_clone_url": "git://github.com/asdf-vm-hyperupcall/asdf-opensearch-cli.git",
            "gitignore_template": null,
            "has_discussions": false,
            "has_downloads": false,
            "has_issues": false,
            "has_projects": false,
            "has_wiki": false,
            "homepage_url": "",
            "html_url": "https://github.com/asdf-vm-hyperupcall/asdf-opensearch-cli",
            "http_clone_url": "https://github.com/asdf-vm-hyperupcall/asdf-opensearch-cli.git",
            "id": "asdf-opensearch-cli",
            "ignore_vulnerability_alerts_during_read": null,
            "is_template": false,
            "license_template": null,
            "merge_commit_message": "PR_TITLE",
            "merge_commit_title": "MERGE_MESSAGE",
            "name": "asdf-opensearch-cli",
            "node_id": "R_kgDOJ7RzTw",
            "pages": [],
            "private": false,
            "repo_id": 666137423,
            "security_and_analysis": [
              {
                "advanced_security": [],
                "secret_scanning": [
                  {
                    "status": "disabled"
                  }
                ],
                "secret_scanning_push_protection": [
                  {
                    "status": "disabled"
                  }
                ]
              }
            ],
            "squash_merge_commit_message": "COMMIT_MESSAGES",
            "squash_merge_commit_title": "COMMIT_OR_PR_TITLE",
            "ssh_clone_url": "git@github.com:asdf-vm-hyperupcall/asdf-opensearch-cli.git",
            "svn_url": "https://github.com/asdf-vm-hyperupcall/asdf-opensearch-cli",
            "template": [],
            "topics": null,
            "visibility": "public",
            "vulnerability_alerts": false
          },
          "sensitive_attributes": [],
          "private": "eyJzY2hlbWFfdmVyc2lvbiI6IjEifQ=="
        }
      ]
    },
    {
      "mode": "managed",
      "type": "github_repository",
      "name": "iul1an__asdf_tfswitch",
      "provider": "provider[\"registry.terraform.io/integrations/github\"]",
      "instances": []
    },
    {
      "mode": "managed",
      "type": "github_repository",
      "name": "iul1an__asdf_youtube-dl",
      "provider": "provider[\"registry.terraform.io/integrations/github\"]",
      "instances": []
    },
    {
      "mode": "managed",
      "type": "github_repository",
      "name": "ivanvc__asdf_tree-sitter",
      "provider": "provider[\"registry.terraform.io/integrations/github\"]",
      "instances": []
    },
    {
      "mode": "managed",
      "type": "github_repository",
      "name": "ivanvc__asdf_ttyd",
      "provider": "provider[\"registry.terraform.io/integrations/github\"]",
      "instances": []
    },
    {
      "mode": "managed",
      "type": "github_repository",
      "name": "ivanvc__asdf_wrk",
      "provider": "provider[\"registry.terraform.io/integrations/github\"]",
      "instances": []
    },
    {
      "mode": "managed",
      "type": "github_repository",
      "name": "jackboespflug__asdf_ant",
      "provider": "provider[\"registry.terraform.io/integrations/github\"]",
      "instances": []
    },
    {
      "mode": "managed",
      "type": "github_repository",
      "name": "jc00ke__asdf_jless",
      "provider": "provider[\"registry.terraform.io/integrations/github\"]",
      "instances": []
    },
    {
      "mode": "managed",
      "type": "github_repository",
      "name": "jc00ke__asdf_stylua",
      "provider": "provider[\"registry.terraform.io/integrations/github\"]",
      "instances": []
    },
    {
      "mode": "managed",
      "type": "github_repository",
      "name": "jcaigitlab__asdf_git",
      "provider": "provider[\"registry.terraform.io/integrations/github\"]",
      "instances": []
    },
    {
      "mode": "managed",
      "type": "github_repository",
      "name": "jfreeland__asdf_go-swagger",
      "provider": "provider[\"registry.terraform.io/integrations/github\"]",
      "instances": [
        {
          "schema_version": 1,
          "attributes": {
            "allow_auto_merge": false,
            "allow_merge_commit": true,
            "allow_rebase_merge": true,
            "allow_squash_merge": true,
            "allow_update_branch": false,
            "archive_on_destroy": null,
            "archived": false,
            "auto_init": false,
            "default_branch": "main",
            "delete_branch_on_merge": false,
            "description": "Not supported",
            "etag": "W/\"c0a16558c83b1611cbd5c471f0281302307a4e26086753fbbf6d4212125b0662\"",
            "full_name": "asdf-vm-hyperupcall/asdf-go-swagger",
            "git_clone_url": "git://github.com/asdf-vm-hyperupcall/asdf-go-swagger.git",
            "gitignore_template": null,
            "has_discussions": false,
            "has_downloads": false,
            "has_issues": false,
            "has_projects": false,
            "has_wiki": false,
            "homepage_url": "",
            "html_url": "https://github.com/asdf-vm-hyperupcall/asdf-go-swagger",
            "http_clone_url": "https://github.com/asdf-vm-hyperupcall/asdf-go-swagger.git",
            "id": "asdf-go-swagger",
            "ignore_vulnerability_alerts_during_read": null,
            "is_template": false,
            "license_template": null,
            "merge_commit_message": "PR_TITLE",
            "merge_commit_title": "MERGE_MESSAGE",
            "name": "asdf-go-swagger",
            "node_id": "R_kgDOJ7R4rg",
            "pages": [],
            "private": false,
            "repo_id": 666138798,
            "security_and_analysis": [
              {
                "advanced_security": [],
                "secret_scanning": [
                  {
                    "status": "disabled"
                  }
                ],
                "secret_scanning_push_protection": [
                  {
                    "status": "disabled"
                  }
                ]
              }
            ],
            "squash_merge_commit_message": "COMMIT_MESSAGES",
            "squash_merge_commit_title": "COMMIT_OR_PR_TITLE",
            "ssh_clone_url": "git@github.com:asdf-vm-hyperupcall/asdf-go-swagger.git",
            "svn_url": "https://github.com/asdf-vm-hyperupcall/asdf-go-swagger",
            "template": [],
            "topics": null,
            "visibility": "public",
            "vulnerability_alerts": false
          },
          "sensitive_attributes": [],
          "private": "eyJzY2hlbWFfdmVyc2lvbiI6IjEifQ=="
        }
      ]
    },
    {
      "mode": "managed",
      "type": "github_repository",
      "name": "jfreeland__asdf_kubespy",
      "provider": "provider[\"registry.terraform.io/integrations/github\"]",
      "instances": []
    },
    {
      "mode": "managed",
      "type": "github_repository",
      "name": "jfreeland__asdf_mark",
      "provider": "provider[\"registry.terraform.io/integrations/github\"]",
      "instances": []
    },
    {
      "mode": "managed",
      "type": "github_repository",
      "name": "jiahuili430__asdf_coursier",
      "provider": "provider[\"registry.terraform.io/integrations/github\"]",
      "instances": []
    },
    {
      "mode": "managed",
      "type": "github_repository",
      "name": "jimmidyson__asdf_ginkgo",
      "provider": "provider[\"registry.terraform.io/integrations/github\"]",
      "instances": [
        {
          "schema_version": 1,
          "attributes": {
            "allow_auto_merge": false,
            "allow_merge_commit": true,
            "allow_rebase_merge": true,
            "allow_squash_merge": true,
            "allow_update_branch": false,
            "archive_on_destroy": null,
            "archived": false,
            "auto_init": false,
            "default_branch": "main",
            "delete_branch_on_merge": false,
            "description": "Not supported",
            "etag": "W/\"c35d2ea0f0138cb17959b3398ce8e94284bee5a587da2dde81783bdba710dd27\"",
            "full_name": "asdf-vm-hyperupcall/asdf-ginkgo",
            "git_clone_url": "git://github.com/asdf-vm-hyperupcall/asdf-ginkgo.git",
            "gitignore_template": null,
            "has_discussions": false,
            "has_downloads": false,
            "has_issues": false,
            "has_projects": false,
            "has_wiki": false,
            "homepage_url": "",
            "html_url": "https://github.com/asdf-vm-hyperupcall/asdf-ginkgo",
            "http_clone_url": "https://github.com/asdf-vm-hyperupcall/asdf-ginkgo.git",
            "id": "asdf-ginkgo",
            "ignore_vulnerability_alerts_during_read": null,
            "is_template": false,
            "license_template": null,
            "merge_commit_message": "PR_TITLE",
            "merge_commit_title": "MERGE_MESSAGE",
            "name": "asdf-ginkgo",
            "node_id": "R_kgDOJ7RDWw",
            "pages": [],
            "private": false,
            "repo_id": 666125147,
            "security_and_analysis": [
              {
                "advanced_security": [],
                "secret_scanning": [
                  {
                    "status": "disabled"
                  }
                ],
                "secret_scanning_push_protection": [
                  {
                    "status": "disabled"
                  }
                ]
              }
            ],
            "squash_merge_commit_message": "COMMIT_MESSAGES",
            "squash_merge_commit_title": "COMMIT_OR_PR_TITLE",
            "ssh_clone_url": "git@github.com:asdf-vm-hyperupcall/asdf-ginkgo.git",
            "svn_url": "https://github.com/asdf-vm-hyperupcall/asdf-ginkgo",
            "template": [],
            "topics": null,
            "visibility": "public",
            "vulnerability_alerts": false
          },
          "sensitive_attributes": [],
          "private": "eyJzY2hlbWFfdmVyc2lvbiI6IjEifQ=="
        }
      ]
    },
    {
      "mode": "managed",
      "type": "github_repository",
      "name": "jimmidyson__asdf_gojq",
      "provider": "provider[\"registry.terraform.io/integrations/github\"]",
      "instances": []
    },
    {
      "mode": "managed",
      "type": "github_repository",
      "name": "jimmidyson__asdf_kube-code-generator",
      "provider": "provider[\"registry.terraform.io/integrations/github\"]",
      "instances": []
    },
    {
      "mode": "managed",
      "type": "github_repository",
      "name": "jimmidyson__asdf_kube-controller-tools",
      "provider": "provider[\"registry.terraform.io/integrations/github\"]",
      "instances": []
    },
    {
      "mode": "managed",
      "type": "github_repository",
      "name": "jimmidyson__asdf_kuttl",
      "provider": "provider[\"registry.terraform.io/integrations/github\"]",
      "instances": [
        {
          "schema_version": 1,
          "attributes": {
            "allow_auto_merge": false,
            "allow_merge_commit": true,
            "allow_rebase_merge": true,
            "allow_squash_merge": true,
            "allow_update_branch": false,
            "archive_on_destroy": null,
            "archived": false,
            "auto_init": false,
            "default_branch": "main",
            "delete_branch_on_merge": false,
            "description": "Not supported",
            "etag": "W/\"1458c969f9310caee2853566ddf36f0dcac1b61a9928dfa31f746af7cbce1f52\"",
            "full_name": "asdf-vm-hyperupcall/asdf-kuttl",
            "git_clone_url": "git://github.com/asdf-vm-hyperupcall/asdf-kuttl.git",
            "gitignore_template": null,
            "has_discussions": false,
            "has_downloads": false,
            "has_issues": false,
            "has_projects": false,
            "has_wiki": false,
            "homepage_url": "",
            "html_url": "https://github.com/asdf-vm-hyperupcall/asdf-kuttl",
            "http_clone_url": "https://github.com/asdf-vm-hyperupcall/asdf-kuttl.git",
            "id": "asdf-kuttl",
            "ignore_vulnerability_alerts_during_read": null,
            "is_template": false,
            "license_template": null,
            "merge_commit_message": "PR_TITLE",
            "merge_commit_title": "MERGE_MESSAGE",
            "name": "asdf-kuttl",
            "node_id": "R_kgDOJ7R0Lw",
            "pages": [],
            "private": false,
            "repo_id": 666137647,
            "security_and_analysis": [
              {
                "advanced_security": [],
                "secret_scanning": [
                  {
                    "status": "disabled"
                  }
                ],
                "secret_scanning_push_protection": [
                  {
                    "status": "disabled"
                  }
                ]
              }
            ],
            "squash_merge_commit_message": "COMMIT_MESSAGES",
            "squash_merge_commit_title": "COMMIT_OR_PR_TITLE",
            "ssh_clone_url": "git@github.com:asdf-vm-hyperupcall/asdf-kuttl.git",
            "svn_url": "https://github.com/asdf-vm-hyperupcall/asdf-kuttl",
            "template": [],
            "topics": null,
            "visibility": "public",
            "vulnerability_alerts": false
          },
          "sensitive_attributes": [],
          "private": "eyJzY2hlbWFfdmVyc2lvbiI6IjEifQ=="
        }
      ]
    },
    {
      "mode": "managed",
      "type": "github_repository",
      "name": "jimmidyson__asdf_upx",
      "provider": "provider[\"registry.terraform.io/integrations/github\"]",
      "instances": [
        {
          "schema_version": 1,
          "attributes": {
            "allow_auto_merge": false,
            "allow_merge_commit": true,
            "allow_rebase_merge": true,
            "allow_squash_merge": true,
            "allow_update_branch": false,
            "archive_on_destroy": null,
            "archived": false,
            "auto_init": false,
            "default_branch": "main",
            "delete_branch_on_merge": false,
            "description": "Not supported",
            "etag": "W/\"b750a097c058f30cc248e5061037e88c5630703dd5592286aee748fa000ebd87\"",
            "full_name": "asdf-vm-hyperupcall/asdf-upx",
            "git_clone_url": "git://github.com/asdf-vm-hyperupcall/asdf-upx.git",
            "gitignore_template": null,
            "has_discussions": false,
            "has_downloads": false,
            "has_issues": false,
            "has_projects": false,
            "has_wiki": false,
            "homepage_url": "",
            "html_url": "https://github.com/asdf-vm-hyperupcall/asdf-upx",
            "http_clone_url": "https://github.com/asdf-vm-hyperupcall/asdf-upx.git",
            "id": "asdf-upx",
            "ignore_vulnerability_alerts_during_read": null,
            "is_template": false,
            "license_template": null,
            "merge_commit_message": "PR_TITLE",
            "merge_commit_title": "MERGE_MESSAGE",
            "name": "asdf-upx",
            "node_id": "R_kgDOJ7R3bA",
            "pages": [],
            "private": false,
            "repo_id": 666138476,
            "security_and_analysis": [
              {
                "advanced_security": [],
                "secret_scanning": [
                  {
                    "status": "disabled"
                  }
                ],
                "secret_scanning_push_protection": [
                  {
                    "status": "disabled"
                  }
                ]
              }
            ],
            "squash_merge_commit_message": "COMMIT_MESSAGES",
            "squash_merge_commit_title": "COMMIT_OR_PR_TITLE",
            "ssh_clone_url": "git@github.com:asdf-vm-hyperupcall/asdf-upx.git",
            "svn_url": "https://github.com/asdf-vm-hyperupcall/asdf-upx",
            "template": [],
            "topics": null,
            "visibility": "public",
            "vulnerability_alerts": false
          },
          "sensitive_attributes": [],
          "private": "eyJzY2hlbWFfdmVyc2lvbiI6IjEifQ=="
        }
      ]
    },
    {
      "mode": "managed",
      "type": "github_repository",
      "name": "jmcvetta__asdf_gitleaks",
      "provider": "provider[\"registry.terraform.io/integrations/github\"]",
      "instances": []
    },
    {
      "mode": "managed",
      "type": "github_repository",
      "name": "jmoratilla__asdf_cheat-plugin",
      "provider": "provider[\"registry.terraform.io/integrations/github\"]",
      "instances": []
    },
    {
      "mode": "managed",
      "type": "github_repository",
      "name": "jnavarrof__asdf_tfnotify",
      "provider": "provider[\"registry.terraform.io/integrations/github\"]",
      "instances": []
    },
    {
      "mode": "managed",
      "type": "github_repository",
      "name": "joe733__asdf_bin",
      "provider": "provider[\"registry.terraform.io/integrations/github\"]",
      "instances": [
        {
          "schema_version": 1,
          "attributes": {
            "allow_auto_merge": false,
            "allow_merge_commit": true,
            "allow_rebase_merge": true,
            "allow_squash_merge": true,
            "allow_update_branch": false,
            "archive_on_destroy": null,
            "archived": false,
            "auto_init": false,
            "default_branch": "main",
            "delete_branch_on_merge": false,
            "description": "Not supported",
            "etag": "W/\"a5086621160c5b2ffb1a582f023e2bdb5bad27511f74d069df5d749123927408\"",
            "full_name": "asdf-vm-hyperupcall/asdf-bin",
            "git_clone_url": "git://github.com/asdf-vm-hyperupcall/asdf-bin.git",
            "gitignore_template": null,
            "has_discussions": false,
            "has_downloads": false,
            "has_issues": false,
            "has_projects": false,
            "has_wiki": false,
            "homepage_url": "",
            "html_url": "https://github.com/asdf-vm-hyperupcall/asdf-bin",
            "http_clone_url": "https://github.com/asdf-vm-hyperupcall/asdf-bin.git",
            "id": "asdf-bin",
            "ignore_vulnerability_alerts_during_read": null,
            "is_template": false,
            "license_template": null,
            "merge_commit_message": "PR_TITLE",
            "merge_commit_title": "MERGE_MESSAGE",
            "name": "asdf-bin",
            "node_id": "R_kgDOJ7R6vg",
            "pages": [],
            "private": false,
            "repo_id": 666139326,
            "security_and_analysis": [
              {
                "advanced_security": [],
                "secret_scanning": [
                  {
                    "status": "disabled"
                  }
                ],
                "secret_scanning_push_protection": [
                  {
                    "status": "disabled"
                  }
                ]
              }
            ],
            "squash_merge_commit_message": "COMMIT_MESSAGES",
            "squash_merge_commit_title": "COMMIT_OR_PR_TITLE",
            "ssh_clone_url": "git@github.com:asdf-vm-hyperupcall/asdf-bin.git",
            "svn_url": "https://github.com/asdf-vm-hyperupcall/asdf-bin",
            "template": [],
            "topics": null,
            "visibility": "public",
            "vulnerability_alerts": false
          },
          "sensitive_attributes": [],
          "private": "eyJzY2hlbWFfdmVyc2lvbiI6IjEifQ=="
        }
      ]
    },
    {
      "mode": "managed",
      "type": "github_repository",
      "name": "joe733__asdf_pipx",
      "provider": "provider[\"registry.terraform.io/integrations/github\"]",
      "instances": [
        {
          "schema_version": 1,
          "attributes": {
            "allow_auto_merge": false,
            "allow_merge_commit": true,
            "allow_rebase_merge": true,
            "allow_squash_merge": true,
            "allow_update_branch": false,
            "archive_on_destroy": null,
            "archived": false,
            "auto_init": false,
            "default_branch": "main",
            "delete_branch_on_merge": false,
            "description": "Not supported",
            "etag": "W/\"7e06aca7525dcec3067385ec0757a1266e271243ac194f82382c8af627415469\"",
            "full_name": "asdf-vm-hyperupcall/asdf-pipx",
            "git_clone_url": "git://github.com/asdf-vm-hyperupcall/asdf-pipx.git",
            "gitignore_template": null,
            "has_discussions": false,
            "has_downloads": false,
            "has_issues": false,
            "has_projects": false,
            "has_wiki": false,
            "homepage_url": "",
            "html_url": "https://github.com/asdf-vm-hyperupcall/asdf-pipx",
            "http_clone_url": "https://github.com/asdf-vm-hyperupcall/asdf-pipx.git",
            "id": "asdf-pipx",
            "ignore_vulnerability_alerts_during_read": null,
            "is_template": false,
            "license_template": null,
            "merge_commit_message": "PR_TITLE",
            "merge_commit_title": "MERGE_MESSAGE",
            "name": "asdf-pipx",
            "node_id": "R_kgDOJ7Q0mQ",
            "pages": [],
            "private": false,
            "repo_id": 666121369,
            "security_and_analysis": [
              {
                "advanced_security": [],
                "secret_scanning": [
                  {
                    "status": "disabled"
                  }
                ],
                "secret_scanning_push_protection": [
                  {
                    "status": "disabled"
                  }
                ]
              }
            ],
            "squash_merge_commit_message": "COMMIT_MESSAGES",
            "squash_merge_commit_title": "COMMIT_OR_PR_TITLE",
            "ssh_clone_url": "git@github.com:asdf-vm-hyperupcall/asdf-pipx.git",
            "svn_url": "https://github.com/asdf-vm-hyperupcall/asdf-pipx",
            "template": [],
            "topics": null,
            "visibility": "public",
            "vulnerability_alerts": false
          },
          "sensitive_attributes": [],
          "private": "eyJzY2hlbWFfdmVyc2lvbiI6IjEifQ=="
        }
      ]
    },
    {
      "mode": "managed",
      "type": "github_repository",
      "name": "johnhamelink__asdf_kubie",
      "provider": "provider[\"registry.terraform.io/integrations/github\"]",
      "instances": [
        {
          "schema_version": 1,
          "attributes": {
            "allow_auto_merge": false,
            "allow_merge_commit": true,
            "allow_rebase_merge": true,
            "allow_squash_merge": true,
            "allow_update_branch": false,
            "archive_on_destroy": null,
            "archived": false,
            "auto_init": false,
            "default_branch": "main",
            "delete_branch_on_merge": false,
            "description": "Not supported",
            "etag": "W/\"0d122b82bc3780d4d80e2c900944ea70876ba6c1e04b9a97996ca602799cef60\"",
            "full_name": "asdf-vm-hyperupcall/asdf-kubie",
            "git_clone_url": "git://github.com/asdf-vm-hyperupcall/asdf-kubie.git",
            "gitignore_template": null,
            "has_discussions": false,
            "has_downloads": false,
            "has_issues": false,
            "has_projects": false,
            "has_wiki": false,
            "homepage_url": "",
            "html_url": "https://github.com/asdf-vm-hyperupcall/asdf-kubie",
            "http_clone_url": "https://github.com/asdf-vm-hyperupcall/asdf-kubie.git",
            "id": "asdf-kubie",
            "ignore_vulnerability_alerts_during_read": null,
            "is_template": false,
            "license_template": null,
            "merge_commit_message": "PR_TITLE",
            "merge_commit_title": "MERGE_MESSAGE",
            "name": "asdf-kubie",
            "node_id": "R_kgDOJ7R2Ng",
            "pages": [],
            "private": false,
            "repo_id": 666138166,
            "security_and_analysis": [
              {
                "advanced_security": [],
                "secret_scanning": [
                  {
                    "status": "disabled"
                  }
                ],
                "secret_scanning_push_protection": [
                  {
                    "status": "disabled"
                  }
                ]
              }
            ],
            "squash_merge_commit_message": "COMMIT_MESSAGES",
            "squash_merge_commit_title": "COMMIT_OR_PR_TITLE",
            "ssh_clone_url": "git@github.com:asdf-vm-hyperupcall/asdf-kubie.git",
            "svn_url": "https://github.com/asdf-vm-hyperupcall/asdf-kubie",
            "template": [],
            "topics": null,
            "visibility": "public",
            "vulnerability_alerts": false
          },
          "sensitive_attributes": [],
          "private": "eyJzY2hlbWFfdmVyc2lvbiI6IjEifQ=="
        }
      ]
    },
    {
      "mode": "managed",
      "type": "github_repository",
      "name": "johnhamelink__asdf_tekton-cli",
      "provider": "provider[\"registry.terraform.io/integrations/github\"]",
      "instances": [
        {
          "schema_version": 1,
          "attributes": {
            "allow_auto_merge": false,
            "allow_merge_commit": true,
            "allow_rebase_merge": true,
            "allow_squash_merge": true,
            "allow_update_branch": false,
            "archive_on_destroy": null,
            "archived": false,
            "auto_init": false,
            "default_branch": "main",
            "delete_branch_on_merge": false,
            "description": "Not supported",
            "etag": "W/\"8d15b075c9b58fa71a0a39d75c61af3e59287f441cd439813f1b280ec63b70a2\"",
            "full_name": "asdf-vm-hyperupcall/asdf-tekton-cli",
            "git_clone_url": "git://github.com/asdf-vm-hyperupcall/asdf-tekton-cli.git",
            "gitignore_template": null,
            "has_discussions": false,
            "has_downloads": false,
            "has_issues": false,
            "has_projects": false,
            "has_wiki": false,
            "homepage_url": "",
            "html_url": "https://github.com/asdf-vm-hyperupcall/asdf-tekton-cli",
            "http_clone_url": "https://github.com/asdf-vm-hyperupcall/asdf-tekton-cli.git",
            "id": "asdf-tekton-cli",
            "ignore_vulnerability_alerts_during_read": null,
            "is_template": false,
            "license_template": null,
            "merge_commit_message": "PR_TITLE",
            "merge_commit_title": "MERGE_MESSAGE",
            "name": "asdf-tekton-cli",
            "node_id": "R_kgDOJ7RAOg",
            "pages": [],
            "private": false,
            "repo_id": 666124346,
            "security_and_analysis": [
              {
                "advanced_security": [],
                "secret_scanning": [
                  {
                    "status": "disabled"
                  }
                ],
                "secret_scanning_push_protection": [
                  {
                    "status": "disabled"
                  }
                ]
              }
            ],
            "squash_merge_commit_message": "COMMIT_MESSAGES",
            "squash_merge_commit_title": "COMMIT_OR_PR_TITLE",
            "ssh_clone_url": "git@github.com:asdf-vm-hyperupcall/asdf-tekton-cli.git",
            "svn_url": "https://github.com/asdf-vm-hyperupcall/asdf-tekton-cli",
            "template": [],
            "topics": null,
            "visibility": "public",
            "vulnerability_alerts": false
          },
          "sensitive_attributes": [],
          "private": "eyJzY2hlbWFfdmVyc2lvbiI6IjEifQ=="
        }
      ]
    },
    {
      "mode": "managed",
      "type": "github_repository",
      "name": "johnlayton__asdf_batect",
      "provider": "provider[\"registry.terraform.io/integrations/github\"]",
      "instances": [
        {
          "schema_version": 1,
          "attributes": {
            "allow_auto_merge": false,
            "allow_merge_commit": true,
            "allow_rebase_merge": true,
            "allow_squash_merge": true,
            "allow_update_branch": false,
            "archive_on_destroy": null,
            "archived": false,
            "auto_init": false,
            "default_branch": "main",
            "delete_branch_on_merge": false,
            "description": "Not supported",
            "etag": "W/\"3ce4118956a67f5f46d16d5e8a2b93817b707809cc36c34ecd54b02efed19891\"",
            "full_name": "asdf-vm-hyperupcall/asdf-batect",
            "git_clone_url": "git://github.com/asdf-vm-hyperupcall/asdf-batect.git",
            "gitignore_template": null,
            "has_discussions": false,
            "has_downloads": false,
            "has_issues": false,
            "has_projects": false,
            "has_wiki": false,
            "homepage_url": "",
            "html_url": "https://github.com/asdf-vm-hyperupcall/asdf-batect",
            "http_clone_url": "https://github.com/asdf-vm-hyperupcall/asdf-batect.git",
            "id": "asdf-batect",
            "ignore_vulnerability_alerts_during_read": null,
            "is_template": false,
            "license_template": null,
            "merge_commit_message": "PR_TITLE",
            "merge_commit_title": "MERGE_MESSAGE",
            "name": "asdf-batect",
            "node_id": "R_kgDOJ7Q19g",
            "pages": [],
            "private": false,
            "repo_id": 666121718,
            "security_and_analysis": [
              {
                "advanced_security": [],
                "secret_scanning": [
                  {
                    "status": "disabled"
                  }
                ],
                "secret_scanning_push_protection": [
                  {
                    "status": "disabled"
                  }
                ]
              }
            ],
            "squash_merge_commit_message": "COMMIT_MESSAGES",
            "squash_merge_commit_title": "COMMIT_OR_PR_TITLE",
            "ssh_clone_url": "git@github.com:asdf-vm-hyperupcall/asdf-batect.git",
            "svn_url": "https://github.com/asdf-vm-hyperupcall/asdf-batect",
            "template": [],
            "topics": null,
            "visibility": "public",
            "vulnerability_alerts": false
          },
          "sensitive_attributes": [],
          "private": "eyJzY2hlbWFfdmVyc2lvbiI6IjEifQ=="
        }
      ]
    },
    {
      "mode": "managed",
      "type": "github_repository",
      "name": "johnlayton__asdf_buildpack",
      "provider": "provider[\"registry.terraform.io/integrations/github\"]",
      "instances": [
        {
          "schema_version": 1,
          "attributes": {
            "allow_auto_merge": false,
            "allow_merge_commit": true,
            "allow_rebase_merge": true,
            "allow_squash_merge": true,
            "allow_update_branch": false,
            "archive_on_destroy": null,
            "archived": false,
            "auto_init": false,
            "default_branch": "main",
            "delete_branch_on_merge": false,
            "description": "Not supported",
            "etag": "W/\"5538286566ef64b34d738b26507faaa26cb1a003ded0edbfcaf88f0c0fe4661c\"",
            "full_name": "asdf-vm-hyperupcall/asdf-buildpack",
            "git_clone_url": "git://github.com/asdf-vm-hyperupcall/asdf-buildpack.git",
            "gitignore_template": null,
            "has_discussions": false,
            "has_downloads": false,
            "has_issues": false,
            "has_projects": false,
            "has_wiki": false,
            "homepage_url": "",
            "html_url": "https://github.com/asdf-vm-hyperupcall/asdf-buildpack",
            "http_clone_url": "https://github.com/asdf-vm-hyperupcall/asdf-buildpack.git",
            "id": "asdf-buildpack",
            "ignore_vulnerability_alerts_during_read": null,
            "is_template": false,
            "license_template": null,
            "merge_commit_message": "PR_TITLE",
            "merge_commit_title": "MERGE_MESSAGE",
            "name": "asdf-buildpack",
            "node_id": "R_kgDOJ7Q82A",
            "pages": [],
            "private": false,
            "repo_id": 666123480,
            "security_and_analysis": [
              {
                "advanced_security": [],
                "secret_scanning": [
                  {
                    "status": "disabled"
                  }
                ],
                "secret_scanning_push_protection": [
                  {
                    "status": "disabled"
                  }
                ]
              }
            ],
            "squash_merge_commit_message": "COMMIT_MESSAGES",
            "squash_merge_commit_title": "COMMIT_OR_PR_TITLE",
            "ssh_clone_url": "git@github.com:asdf-vm-hyperupcall/asdf-buildpack.git",
            "svn_url": "https://github.com/asdf-vm-hyperupcall/asdf-buildpack",
            "template": [],
            "topics": null,
            "visibility": "public",
            "vulnerability_alerts": false
          },
          "sensitive_attributes": [],
          "private": "eyJzY2hlbWFfdmVyc2lvbiI6IjEifQ=="
        }
      ]
    },
    {
      "mode": "managed",
      "type": "github_repository",
      "name": "johnlayton__asdf_kind",
      "provider": "provider[\"registry.terraform.io/integrations/github\"]",
      "instances": []
    },
    {
      "mode": "managed",
      "type": "github_repository",
      "name": "johnlayton__asdf_kubemqctl",
      "provider": "provider[\"registry.terraform.io/integrations/github\"]",
      "instances": [
        {
          "schema_version": 1,
          "attributes": {
            "allow_auto_merge": false,
            "allow_merge_commit": true,
            "allow_rebase_merge": true,
            "allow_squash_merge": true,
            "allow_update_branch": false,
            "archive_on_destroy": null,
            "archived": false,
            "auto_init": false,
            "default_branch": "main",
            "delete_branch_on_merge": false,
            "description": "Not supported",
            "etag": "W/\"50bacc338e46cdc1dfce73c0a87e6253b96fe19bb8ce318b95c2438c2e491128\"",
            "full_name": "asdf-vm-hyperupcall/asdf-kubemqctl",
            "git_clone_url": "git://github.com/asdf-vm-hyperupcall/asdf-kubemqctl.git",
            "gitignore_template": null,
            "has_discussions": false,
            "has_downloads": false,
            "has_issues": false,
            "has_projects": false,
            "has_wiki": false,
            "homepage_url": "",
            "html_url": "https://github.com/asdf-vm-hyperupcall/asdf-kubemqctl",
            "http_clone_url": "https://github.com/asdf-vm-hyperupcall/asdf-kubemqctl.git",
            "id": "asdf-kubemqctl",
            "ignore_vulnerability_alerts_during_read": null,
            "is_template": false,
            "license_template": null,
            "merge_commit_message": "PR_TITLE",
            "merge_commit_title": "MERGE_MESSAGE",
            "name": "asdf-kubemqctl",
            "node_id": "R_kgDOJ7RtEQ",
            "pages": [],
            "private": false,
            "repo_id": 666135825,
            "security_and_analysis": [
              {
                "advanced_security": [],
                "secret_scanning": [
                  {
                    "status": "disabled"
                  }
                ],
                "secret_scanning_push_protection": [
                  {
                    "status": "disabled"
                  }
                ]
              }
            ],
            "squash_merge_commit_message": "COMMIT_MESSAGES",
            "squash_merge_commit_title": "COMMIT_OR_PR_TITLE",
            "ssh_clone_url": "git@github.com:asdf-vm-hyperupcall/asdf-kubemqctl.git",
            "svn_url": "https://github.com/asdf-vm-hyperupcall/asdf-kubemqctl",
            "template": [],
            "topics": null,
            "visibility": "public",
            "vulnerability_alerts": false
          },
          "sensitive_attributes": [],
          "private": "eyJzY2hlbWFfdmVyc2lvbiI6IjEifQ=="
        }
      ]
    },
    {
      "mode": "managed",
      "type": "github_repository",
      "name": "johnlayton__asdf_rclone",
      "provider": "provider[\"registry.terraform.io/integrations/github\"]",
      "instances": []
    },
    {
      "mode": "managed",
      "type": "github_repository",
      "name": "johnlayton__asdf_trdsql",
      "provider": "provider[\"registry.terraform.io/integrations/github\"]",
      "instances": []
    },
    {
      "mode": "managed",
      "type": "github_repository",
      "name": "joke__asdf_chezmoi",
      "provider": "provider[\"registry.terraform.io/integrations/github\"]",
      "instances": [
        {
          "schema_version": 1,
          "attributes": {
            "allow_auto_merge": false,
            "allow_merge_commit": true,
            "allow_rebase_merge": true,
            "allow_squash_merge": true,
            "allow_update_branch": false,
            "archive_on_destroy": null,
            "archived": false,
            "auto_init": false,
            "default_branch": "main",
            "delete_branch_on_merge": false,
            "description": "Not supported",
            "etag": "W/\"333b0fcb3228bcad6c9571c9e277006be02729c0d7651d5d1f26faa90c018d7c\"",
            "full_name": "asdf-vm-hyperupcall/asdf-chezmoi",
            "git_clone_url": "git://github.com/asdf-vm-hyperupcall/asdf-chezmoi.git",
            "gitignore_template": null,
            "has_discussions": false,
            "has_downloads": false,
            "has_issues": false,
            "has_projects": false,
            "has_wiki": false,
            "homepage_url": "",
            "html_url": "https://github.com/asdf-vm-hyperupcall/asdf-chezmoi",
            "http_clone_url": "https://github.com/asdf-vm-hyperupcall/asdf-chezmoi.git",
            "id": "asdf-chezmoi",
            "ignore_vulnerability_alerts_during_read": null,
            "is_template": false,
            "license_template": null,
            "merge_commit_message": "PR_TITLE",
            "merge_commit_title": "MERGE_MESSAGE",
            "name": "asdf-chezmoi",
            "node_id": "R_kgDOJ7Q8yw",
            "pages": [],
            "private": false,
            "repo_id": 666123467,
            "security_and_analysis": [
              {
                "advanced_security": [],
                "secret_scanning": [
                  {
                    "status": "disabled"
                  }
                ],
                "secret_scanning_push_protection": [
                  {
                    "status": "disabled"
                  }
                ]
              }
            ],
            "squash_merge_commit_message": "COMMIT_MESSAGES",
            "squash_merge_commit_title": "COMMIT_OR_PR_TITLE",
            "ssh_clone_url": "git@github.com:asdf-vm-hyperupcall/asdf-chezmoi.git",
            "svn_url": "https://github.com/asdf-vm-hyperupcall/asdf-chezmoi",
            "template": [],
            "topics": null,
            "visibility": "public",
            "vulnerability_alerts": false
          },
          "sensitive_attributes": [],
          "private": "eyJzY2hlbWFfdmVyc2lvbiI6IjEifQ=="
        }
      ]
    },
    {
      "mode": "managed",
      "type": "github_repository",
      "name": "joke__asdf_crossplane-cli",
      "provider": "provider[\"registry.terraform.io/integrations/github\"]",
      "instances": []
    },
    {
      "mode": "managed",
      "type": "github_repository",
      "name": "joke__asdf_kn",
      "provider": "provider[\"registry.terraform.io/integrations/github\"]",
      "instances": [
        {
          "schema_version": 1,
          "attributes": {
            "allow_auto_merge": false,
            "allow_merge_commit": true,
            "allow_rebase_merge": true,
            "allow_squash_merge": true,
            "allow_update_branch": false,
            "archive_on_destroy": null,
            "archived": false,
            "auto_init": false,
            "default_branch": "main",
            "delete_branch_on_merge": false,
            "description": "Not supported",
            "etag": "W/\"a50ef394b0ac62b21660556ae72961fb03e5a94fb7f24a00f82fb654885ca66c\"",
            "full_name": "asdf-vm-hyperupcall/asdf-kn",
            "git_clone_url": "git://github.com/asdf-vm-hyperupcall/asdf-kn.git",
            "gitignore_template": null,
            "has_discussions": false,
            "has_downloads": false,
            "has_issues": false,
            "has_projects": false,
            "has_wiki": false,
            "homepage_url": "",
            "html_url": "https://github.com/asdf-vm-hyperupcall/asdf-kn",
            "http_clone_url": "https://github.com/asdf-vm-hyperupcall/asdf-kn.git",
            "id": "asdf-kn",
            "ignore_vulnerability_alerts_during_read": null,
            "is_template": false,
            "license_template": null,
            "merge_commit_message": "PR_TITLE",
            "merge_commit_title": "MERGE_MESSAGE",
            "name": "asdf-kn",
            "node_id": "R_kgDOJ7RDaw",
            "pages": [],
            "private": false,
            "repo_id": 666125163,
            "security_and_analysis": [
              {
                "advanced_security": [],
                "secret_scanning": [
                  {
                    "status": "disabled"
                  }
                ],
                "secret_scanning_push_protection": [
                  {
                    "status": "disabled"
                  }
                ]
              }
            ],
            "squash_merge_commit_message": "COMMIT_MESSAGES",
            "squash_merge_commit_title": "COMMIT_OR_PR_TITLE",
            "ssh_clone_url": "git@github.com:asdf-vm-hyperupcall/asdf-kn.git",
            "svn_url": "https://github.com/asdf-vm-hyperupcall/asdf-kn",
            "template": [],
            "topics": null,
            "visibility": "public",
            "vulnerability_alerts": false
          },
          "sensitive_attributes": [],
          "private": "eyJzY2hlbWFfdmVyc2lvbiI6IjEifQ=="
        }
      ]
    },
    {
      "mode": "managed",
      "type": "github_repository",
      "name": "jonathanmorley__asdf_bundler",
      "provider": "provider[\"registry.terraform.io/integrations/github\"]",
      "instances": []
    },
    {
      "mode": "managed",
      "type": "github_repository",
      "name": "jonathanmorley__asdf_container-structure-test",
      "provider": "provider[\"registry.terraform.io/integrations/github\"]",
      "instances": [
        {
          "schema_version": 1,
          "attributes": {
            "allow_auto_merge": false,
            "allow_merge_commit": true,
            "allow_rebase_merge": true,
            "allow_squash_merge": true,
            "allow_update_branch": false,
            "archive_on_destroy": null,
            "archived": false,
            "auto_init": false,
            "default_branch": "main",
            "delete_branch_on_merge": false,
            "description": "Not supported",
            "etag": "W/\"034e09282390f41ef0fd9f10ce028121743d4545e0d0f5164a10fbeac6316af7\"",
            "full_name": "asdf-vm-hyperupcall/asdf-container-structure-test",
            "git_clone_url": "git://github.com/asdf-vm-hyperupcall/asdf-container-structure-test.git",
            "gitignore_template": null,
            "has_discussions": false,
            "has_downloads": false,
            "has_issues": false,
            "has_projects": false,
            "has_wiki": false,
            "homepage_url": "",
            "html_url": "https://github.com/asdf-vm-hyperupcall/asdf-container-structure-test",
            "http_clone_url": "https://github.com/asdf-vm-hyperupcall/asdf-container-structure-test.git",
            "id": "asdf-container-structure-test",
            "ignore_vulnerability_alerts_during_read": null,
            "is_template": false,
            "license_template": null,
            "merge_commit_message": "PR_TITLE",
            "merge_commit_title": "MERGE_MESSAGE",
            "name": "asdf-container-structure-test",
            "node_id": "R_kgDOJ7RALA",
            "pages": [],
            "private": false,
            "repo_id": 666124332,
            "security_and_analysis": [
              {
                "advanced_security": [],
                "secret_scanning": [
                  {
                    "status": "disabled"
                  }
                ],
                "secret_scanning_push_protection": [
                  {
                    "status": "disabled"
                  }
                ]
              }
            ],
            "squash_merge_commit_message": "COMMIT_MESSAGES",
            "squash_merge_commit_title": "COMMIT_OR_PR_TITLE",
            "ssh_clone_url": "git@github.com:asdf-vm-hyperupcall/asdf-container-structure-test.git",
            "svn_url": "https://github.com/asdf-vm-hyperupcall/asdf-container-structure-test",
            "template": [],
            "topics": null,
            "visibility": "public",
            "vulnerability_alerts": false
          },
          "sensitive_attributes": [],
          "private": "eyJzY2hlbWFfdmVyc2lvbiI6IjEifQ=="
        }
      ]
    },
    {
      "mode": "managed",
      "type": "github_repository",
      "name": "jonathanmorley__asdf_pnpm",
      "provider": "provider[\"registry.terraform.io/integrations/github\"]",
      "instances": [
        {
          "schema_version": 1,
          "attributes": {
            "allow_auto_merge": false,
            "allow_merge_commit": true,
            "allow_rebase_merge": true,
            "allow_squash_merge": true,
            "allow_update_branch": false,
            "archive_on_destroy": null,
            "archived": false,
            "auto_init": false,
            "default_branch": "main",
            "delete_branch_on_merge": false,
            "description": "Not supported",
            "etag": "W/\"3e3b1ef8125a7cdc40a1ddc953869270316c91a149bae1cd030a563f9b5afe5d\"",
            "full_name": "asdf-vm-hyperupcall/asdf-pnpm",
            "git_clone_url": "git://github.com/asdf-vm-hyperupcall/asdf-pnpm.git",
            "gitignore_template": null,
            "has_discussions": false,
            "has_downloads": false,
            "has_issues": false,
            "has_projects": false,
            "has_wiki": false,
            "homepage_url": "",
            "html_url": "https://github.com/asdf-vm-hyperupcall/asdf-pnpm",
            "http_clone_url": "https://github.com/asdf-vm-hyperupcall/asdf-pnpm.git",
            "id": "asdf-pnpm",
            "ignore_vulnerability_alerts_during_read": null,
            "is_template": false,
            "license_template": null,
            "merge_commit_message": "PR_TITLE",
            "merge_commit_title": "MERGE_MESSAGE",
            "name": "asdf-pnpm",
            "node_id": "R_kgDOJ7Q9Fg",
            "pages": [],
            "private": false,
            "repo_id": 666123542,
            "security_and_analysis": [
              {
                "advanced_security": [],
                "secret_scanning": [
                  {
                    "status": "disabled"
                  }
                ],
                "secret_scanning_push_protection": [
                  {
                    "status": "disabled"
                  }
                ]
              }
            ],
            "squash_merge_commit_message": "COMMIT_MESSAGES",
            "squash_merge_commit_title": "COMMIT_OR_PR_TITLE",
            "ssh_clone_url": "git@github.com:asdf-vm-hyperupcall/asdf-pnpm.git",
            "svn_url": "https://github.com/asdf-vm-hyperupcall/asdf-pnpm",
            "template": [],
            "topics": null,
            "visibility": "public",
            "vulnerability_alerts": false
          },
          "sensitive_attributes": [],
          "private": "eyJzY2hlbWFfdmVyc2lvbiI6IjEifQ=="
        }
      ]
    },
    {
      "mode": "managed",
      "type": "github_repository",
      "name": "jonathanmorley__asdf_pre-commit",
      "provider": "provider[\"registry.terraform.io/integrations/github\"]",
      "instances": [
        {
          "schema_version": 1,
          "attributes": {
            "allow_auto_merge": false,
            "allow_merge_commit": true,
            "allow_rebase_merge": true,
            "allow_squash_merge": true,
            "allow_update_branch": false,
            "archive_on_destroy": null,
            "archived": false,
            "auto_init": false,
            "default_branch": "main",
            "delete_branch_on_merge": false,
            "description": "Not supported",
            "etag": "W/\"629d1d36654c52a473168c1319db46bd7506c0d50e93820a1fcc526647d1c6bb\"",
            "full_name": "asdf-vm-hyperupcall/asdf-pre-commit",
            "git_clone_url": "git://github.com/asdf-vm-hyperupcall/asdf-pre-commit.git",
            "gitignore_template": null,
            "has_discussions": false,
            "has_downloads": false,
            "has_issues": false,
            "has_projects": false,
            "has_wiki": false,
            "homepage_url": "",
            "html_url": "https://github.com/asdf-vm-hyperupcall/asdf-pre-commit",
            "http_clone_url": "https://github.com/asdf-vm-hyperupcall/asdf-pre-commit.git",
            "id": "asdf-pre-commit",
            "ignore_vulnerability_alerts_during_read": null,
            "is_template": false,
            "license_template": null,
            "merge_commit_message": "PR_TITLE",
            "merge_commit_title": "MERGE_MESSAGE",
            "name": "asdf-pre-commit",
            "node_id": "R_kgDOJ7RDkA",
            "pages": [],
            "private": false,
            "repo_id": 666125200,
            "security_and_analysis": [
              {
                "advanced_security": [],
                "secret_scanning": [
                  {
                    "status": "disabled"
                  }
                ],
                "secret_scanning_push_protection": [
                  {
                    "status": "disabled"
                  }
                ]
              }
            ],
            "squash_merge_commit_message": "COMMIT_MESSAGES",
            "squash_merge_commit_title": "COMMIT_OR_PR_TITLE",
            "ssh_clone_url": "git@github.com:asdf-vm-hyperupcall/asdf-pre-commit.git",
            "svn_url": "https://github.com/asdf-vm-hyperupcall/asdf-pre-commit",
            "template": [],
            "topics": null,
            "visibility": "public",
            "vulnerability_alerts": false
          },
          "sensitive_attributes": [],
          "private": "eyJzY2hlbWFfdmVyc2lvbiI6IjEifQ=="
        }
      ]
    },
    {
      "mode": "managed",
      "type": "github_repository",
      "name": "joschi__asdf_btrace",
      "provider": "provider[\"registry.terraform.io/integrations/github\"]",
      "instances": []
    },
    {
      "mode": "managed",
      "type": "github_repository",
      "name": "joschi__asdf_doctoolchain",
      "provider": "provider[\"registry.terraform.io/integrations/github\"]",
      "instances": []
    },
    {
      "mode": "managed",
      "type": "github_repository",
      "name": "joschi__asdf_gomigrate",
      "provider": "provider[\"registry.terraform.io/integrations/github\"]",
      "instances": [
        {
          "schema_version": 1,
          "attributes": {
            "allow_auto_merge": false,
            "allow_merge_commit": true,
            "allow_rebase_merge": true,
            "allow_squash_merge": true,
            "allow_update_branch": false,
            "archive_on_destroy": null,
            "archived": false,
            "auto_init": false,
            "default_branch": "main",
            "delete_branch_on_merge": false,
            "description": "Not supported",
            "etag": "W/\"53439dfe062d3e3932d80b137ed7c2f031f3b46adafd33bf6719c2194fdef3d7\"",
            "full_name": "asdf-vm-hyperupcall/asdf-gomigrate",
            "git_clone_url": "git://github.com/asdf-vm-hyperupcall/asdf-gomigrate.git",
            "gitignore_template": null,
            "has_discussions": false,
            "has_downloads": false,
            "has_issues": false,
            "has_projects": false,
            "has_wiki": false,
            "homepage_url": "",
            "html_url": "https://github.com/asdf-vm-hyperupcall/asdf-gomigrate",
            "http_clone_url": "https://github.com/asdf-vm-hyperupcall/asdf-gomigrate.git",
            "id": "asdf-gomigrate",
            "ignore_vulnerability_alerts_during_read": null,
            "is_template": false,
            "license_template": null,
            "merge_commit_message": "PR_TITLE",
            "merge_commit_title": "MERGE_MESSAGE",
            "name": "asdf-gomigrate",
            "node_id": "R_kgDOJ7Ru1A",
            "pages": [],
            "private": false,
            "repo_id": 666136276,
            "security_and_analysis": [
              {
                "advanced_security": [],
                "secret_scanning": [
                  {
                    "status": "disabled"
                  }
                ],
                "secret_scanning_push_protection": [
                  {
                    "status": "disabled"
                  }
                ]
              }
            ],
            "squash_merge_commit_message": "COMMIT_MESSAGES",
            "squash_merge_commit_title": "COMMIT_OR_PR_TITLE",
            "ssh_clone_url": "git@github.com:asdf-vm-hyperupcall/asdf-gomigrate.git",
            "svn_url": "https://github.com/asdf-vm-hyperupcall/asdf-gomigrate",
            "template": [],
            "topics": null,
            "visibility": "public",
            "vulnerability_alerts": false
          },
          "sensitive_attributes": [],
          "private": "eyJzY2hlbWFfdmVyc2lvbiI6IjEifQ=="
        }
      ]
    },
    {
      "mode": "managed",
      "type": "github_repository",
      "name": "joschi__asdf_gradle-profiler",
      "provider": "provider[\"registry.terraform.io/integrations/github\"]",
      "instances": [
        {
          "schema_version": 1,
          "attributes": {
            "allow_auto_merge": false,
            "allow_merge_commit": true,
            "allow_rebase_merge": true,
            "allow_squash_merge": true,
            "allow_update_branch": false,
            "archive_on_destroy": null,
            "archived": false,
            "auto_init": false,
            "default_branch": "main",
            "delete_branch_on_merge": false,
            "description": "Not supported",
            "etag": "W/\"b7398d0c2f4b18d041684697b344f289a53b46bd30f9622e1adf18b5cf2c6e53\"",
            "full_name": "asdf-vm-hyperupcall/asdf-gradle-profiler",
            "git_clone_url": "git://github.com/asdf-vm-hyperupcall/asdf-gradle-profiler.git",
            "gitignore_template": null,
            "has_discussions": false,
            "has_downloads": false,
            "has_issues": false,
            "has_projects": false,
            "has_wiki": false,
            "homepage_url": "",
            "html_url": "https://github.com/asdf-vm-hyperupcall/asdf-gradle-profiler",
            "http_clone_url": "https://github.com/asdf-vm-hyperupcall/asdf-gradle-profiler.git",
            "id": "asdf-gradle-profiler",
            "ignore_vulnerability_alerts_during_read": null,
            "is_template": false,
            "license_template": null,
            "merge_commit_message": "PR_TITLE",
            "merge_commit_title": "MERGE_MESSAGE",
            "name": "asdf-gradle-profiler",
            "node_id": "R_kgDOJ7Rrtw",
            "pages": [],
            "private": false,
            "repo_id": 666135479,
            "security_and_analysis": [
              {
                "advanced_security": [],
                "secret_scanning": [
                  {
                    "status": "disabled"
                  }
                ],
                "secret_scanning_push_protection": [
                  {
                    "status": "disabled"
                  }
                ]
              }
            ],
            "squash_merge_commit_message": "COMMIT_MESSAGES",
            "squash_merge_commit_title": "COMMIT_OR_PR_TITLE",
            "ssh_clone_url": "git@github.com:asdf-vm-hyperupcall/asdf-gradle-profiler.git",
            "svn_url": "https://github.com/asdf-vm-hyperupcall/asdf-gradle-profiler",
            "template": [],
            "topics": null,
            "visibility": "public",
            "vulnerability_alerts": false
          },
          "sensitive_attributes": [],
          "private": "eyJzY2hlbWFfdmVyc2lvbiI6IjEifQ=="
        }
      ]
    },
    {
      "mode": "managed",
      "type": "github_repository",
      "name": "joschi__asdf_jbang",
      "provider": "provider[\"registry.terraform.io/integrations/github\"]",
      "instances": [
        {
          "schema_version": 1,
          "attributes": {
            "allow_auto_merge": false,
            "allow_merge_commit": true,
            "allow_rebase_merge": true,
            "allow_squash_merge": true,
            "allow_update_branch": false,
            "archive_on_destroy": null,
            "archived": false,
            "auto_init": false,
            "default_branch": "main",
            "delete_branch_on_merge": false,
            "description": "Not supported",
            "etag": "W/\"757038b4f60861ff14a226d4d2c4dd5b5b92ad8d9e915f5a2d341f54e28bc4f6\"",
            "full_name": "asdf-vm-hyperupcall/asdf-jbang",
            "git_clone_url": "git://github.com/asdf-vm-hyperupcall/asdf-jbang.git",
            "gitignore_template": null,
            "has_discussions": false,
            "has_downloads": false,
            "has_issues": false,
            "has_projects": false,
            "has_wiki": false,
            "homepage_url": "",
            "html_url": "https://github.com/asdf-vm-hyperupcall/asdf-jbang",
            "http_clone_url": "https://github.com/asdf-vm-hyperupcall/asdf-jbang.git",
            "id": "asdf-jbang",
            "ignore_vulnerability_alerts_during_read": null,
            "is_template": false,
            "license_template": null,
            "merge_commit_message": "PR_TITLE",
            "merge_commit_title": "MERGE_MESSAGE",
            "name": "asdf-jbang",
            "node_id": "R_kgDOJ7R6ag",
            "pages": [],
            "private": false,
            "repo_id": 666139242,
            "security_and_analysis": [
              {
                "advanced_security": [],
                "secret_scanning": [
                  {
                    "status": "disabled"
                  }
                ],
                "secret_scanning_push_protection": [
                  {
                    "status": "disabled"
                  }
                ]
              }
            ],
            "squash_merge_commit_message": "COMMIT_MESSAGES",
            "squash_merge_commit_title": "COMMIT_OR_PR_TITLE",
            "ssh_clone_url": "git@github.com:asdf-vm-hyperupcall/asdf-jbang.git",
            "svn_url": "https://github.com/asdf-vm-hyperupcall/asdf-jbang",
            "template": [],
            "topics": null,
            "visibility": "public",
            "vulnerability_alerts": false
          },
          "sensitive_attributes": [],
          "private": "eyJzY2hlbWFfdmVyc2lvbiI6IjEifQ=="
        }
      ]
    },
    {
      "mode": "managed",
      "type": "github_repository",
      "name": "joschi__asdf_jib",
      "provider": "provider[\"registry.terraform.io/integrations/github\"]",
      "instances": []
    },
    {
      "mode": "managed",
      "type": "github_repository",
      "name": "joschi__asdf_jreleaser",
      "provider": "provider[\"registry.terraform.io/integrations/github\"]",
      "instances": [
        {
          "schema_version": 1,
          "attributes": {
            "allow_auto_merge": false,
            "allow_merge_commit": true,
            "allow_rebase_merge": true,
            "allow_squash_merge": true,
            "allow_update_branch": false,
            "archive_on_destroy": null,
            "archived": false,
            "auto_init": false,
            "default_branch": "main",
            "delete_branch_on_merge": false,
            "description": "Not supported",
            "etag": "W/\"1eddc34637635b9669b37d7835728eef23bfad437d6fb9f096a17d1b085c14aa\"",
            "full_name": "asdf-vm-hyperupcall/asdf-jreleaser",
            "git_clone_url": "git://github.com/asdf-vm-hyperupcall/asdf-jreleaser.git",
            "gitignore_template": null,
            "has_discussions": false,
            "has_downloads": false,
            "has_issues": false,
            "has_projects": false,
            "has_wiki": false,
            "homepage_url": "",
            "html_url": "https://github.com/asdf-vm-hyperupcall/asdf-jreleaser",
            "http_clone_url": "https://github.com/asdf-vm-hyperupcall/asdf-jreleaser.git",
            "id": "asdf-jreleaser",
            "ignore_vulnerability_alerts_during_read": null,
            "is_template": false,
            "license_template": null,
            "merge_commit_message": "PR_TITLE",
            "merge_commit_title": "MERGE_MESSAGE",
            "name": "asdf-jreleaser",
            "node_id": "R_kgDOJ7Q4Ew",
            "pages": [],
            "private": false,
            "repo_id": 666122259,
            "security_and_analysis": [
              {
                "advanced_security": [],
                "secret_scanning": [
                  {
                    "status": "disabled"
                  }
                ],
                "secret_scanning_push_protection": [
                  {
                    "status": "disabled"
                  }
                ]
              }
            ],
            "squash_merge_commit_message": "COMMIT_MESSAGES",
            "squash_merge_commit_title": "COMMIT_OR_PR_TITLE",
            "ssh_clone_url": "git@github.com:asdf-vm-hyperupcall/asdf-jreleaser.git",
            "svn_url": "https://github.com/asdf-vm-hyperupcall/asdf-jreleaser",
            "template": [],
            "topics": null,
            "visibility": "public",
            "vulnerability_alerts": false
          },
          "sensitive_attributes": [],
          "private": "eyJzY2hlbWFfdmVyc2lvbiI6IjEifQ=="
        }
      ]
    },
    {
      "mode": "managed",
      "type": "github_repository",
      "name": "joschi__asdf_kcctl",
      "provider": "provider[\"registry.terraform.io/integrations/github\"]",
      "instances": [
        {
          "schema_version": 1,
          "attributes": {
            "allow_auto_merge": false,
            "allow_merge_commit": true,
            "allow_rebase_merge": true,
            "allow_squash_merge": true,
            "allow_update_branch": false,
            "archive_on_destroy": null,
            "archived": false,
            "auto_init": false,
            "default_branch": "main",
            "delete_branch_on_merge": false,
            "description": "Not supported",
            "etag": "W/\"8718bf17d10bf71311c37b8a0666f0f8445f55c72136a07e267e6a40a455cc8b\"",
            "full_name": "asdf-vm-hyperupcall/asdf-kcctl",
            "git_clone_url": "git://github.com/asdf-vm-hyperupcall/asdf-kcctl.git",
            "gitignore_template": null,
            "has_discussions": false,
            "has_downloads": false,
            "has_issues": false,
            "has_projects": false,
            "has_wiki": false,
            "homepage_url": "",
            "html_url": "https://github.com/asdf-vm-hyperupcall/asdf-kcctl",
            "http_clone_url": "https://github.com/asdf-vm-hyperupcall/asdf-kcctl.git",
            "id": "asdf-kcctl",
            "ignore_vulnerability_alerts_during_read": null,
            "is_template": false,
            "license_template": null,
            "merge_commit_message": "PR_TITLE",
            "merge_commit_title": "MERGE_MESSAGE",
            "name": "asdf-kcctl",
            "node_id": "R_kgDOJ7Q21w",
            "pages": [],
            "private": false,
            "repo_id": 666121943,
            "security_and_analysis": [
              {
                "advanced_security": [],
                "secret_scanning": [
                  {
                    "status": "disabled"
                  }
                ],
                "secret_scanning_push_protection": [
                  {
                    "status": "disabled"
                  }
                ]
              }
            ],
            "squash_merge_commit_message": "COMMIT_MESSAGES",
            "squash_merge_commit_title": "COMMIT_OR_PR_TITLE",
            "ssh_clone_url": "git@github.com:asdf-vm-hyperupcall/asdf-kcctl.git",
            "svn_url": "https://github.com/asdf-vm-hyperupcall/asdf-kcctl",
            "template": [],
            "topics": null,
            "visibility": "public",
            "vulnerability_alerts": false
          },
          "sensitive_attributes": [],
          "private": "eyJzY2hlbWFfdmVyc2lvbiI6IjEifQ=="
        }
      ]
    },
    {
      "mode": "managed",
      "type": "github_repository",
      "name": "joschi__asdf_mvnd",
      "provider": "provider[\"registry.terraform.io/integrations/github\"]",
      "instances": [
        {
          "schema_version": 1,
          "attributes": {
            "allow_auto_merge": false,
            "allow_merge_commit": true,
            "allow_rebase_merge": true,
            "allow_squash_merge": true,
            "allow_update_branch": false,
            "archive_on_destroy": null,
            "archived": false,
            "auto_init": false,
            "default_branch": "main",
            "delete_branch_on_merge": false,
            "description": "Not supported",
            "etag": "W/\"01aa1d481320214f6b5e4be7efd4cc14f922eec4b5b9141f23eed6f62c355a28\"",
            "full_name": "asdf-vm-hyperupcall/asdf-mvnd",
            "git_clone_url": "git://github.com/asdf-vm-hyperupcall/asdf-mvnd.git",
            "gitignore_template": null,
            "has_discussions": false,
            "has_downloads": false,
            "has_issues": false,
            "has_projects": false,
            "has_wiki": false,
            "homepage_url": "",
            "html_url": "https://github.com/asdf-vm-hyperupcall/asdf-mvnd",
            "http_clone_url": "https://github.com/asdf-vm-hyperupcall/asdf-mvnd.git",
            "id": "asdf-mvnd",
            "ignore_vulnerability_alerts_during_read": null,
            "is_template": false,
            "license_template": null,
            "merge_commit_message": "PR_TITLE",
            "merge_commit_title": "MERGE_MESSAGE",
            "name": "asdf-mvnd",
            "node_id": "R_kgDOJ7RCeg",
            "pages": [],
            "private": false,
            "repo_id": 666124922,
            "security_and_analysis": [
              {
                "advanced_security": [],
                "secret_scanning": [
                  {
                    "status": "disabled"
                  }
                ],
                "secret_scanning_push_protection": [
                  {
                    "status": "disabled"
                  }
                ]
              }
            ],
            "squash_merge_commit_message": "COMMIT_MESSAGES",
            "squash_merge_commit_title": "COMMIT_OR_PR_TITLE",
            "ssh_clone_url": "git@github.com:asdf-vm-hyperupcall/asdf-mvnd.git",
            "svn_url": "https://github.com/asdf-vm-hyperupcall/asdf-mvnd",
            "template": [],
            "topics": null,
            "visibility": "public",
            "vulnerability_alerts": false
          },
          "sensitive_attributes": [],
          "private": "eyJzY2hlbWFfdmVyc2lvbiI6IjEifQ=="
        }
      ]
    },
    {
      "mode": "managed",
      "type": "github_repository",
      "name": "joschi__asdf_spring-boot",
      "provider": "provider[\"registry.terraform.io/integrations/github\"]",
      "instances": [
        {
          "schema_version": 1,
          "attributes": {
            "allow_auto_merge": false,
            "allow_merge_commit": true,
            "allow_rebase_merge": true,
            "allow_squash_merge": true,
            "allow_update_branch": false,
            "archive_on_destroy": null,
            "archived": false,
            "auto_init": false,
            "default_branch": "main",
            "delete_branch_on_merge": false,
            "description": "Not supported",
            "etag": "W/\"e753cbfcd3d9c75fbfc6a8ae686e3237ee5874d5619f519d9fa8fec4913402c5\"",
            "full_name": "asdf-vm-hyperupcall/asdf-spring-boot",
            "git_clone_url": "git://github.com/asdf-vm-hyperupcall/asdf-spring-boot.git",
            "gitignore_template": null,
            "has_discussions": false,
            "has_downloads": false,
            "has_issues": false,
            "has_projects": false,
            "has_wiki": false,
            "homepage_url": "",
            "html_url": "https://github.com/asdf-vm-hyperupcall/asdf-spring-boot",
            "http_clone_url": "https://github.com/asdf-vm-hyperupcall/asdf-spring-boot.git",
            "id": "asdf-spring-boot",
            "ignore_vulnerability_alerts_during_read": null,
            "is_template": false,
            "license_template": null,
            "merge_commit_message": "PR_TITLE",
            "merge_commit_title": "MERGE_MESSAGE",
            "name": "asdf-spring-boot",
            "node_id": "R_kgDOJ7Q6xg",
            "pages": [],
            "private": false,
            "repo_id": 666122950,
            "security_and_analysis": [
              {
                "advanced_security": [],
                "secret_scanning": [
                  {
                    "status": "disabled"
                  }
                ],
                "secret_scanning_push_protection": [
                  {
                    "status": "disabled"
                  }
                ]
              }
            ],
            "squash_merge_commit_message": "COMMIT_MESSAGES",
            "squash_merge_commit_title": "COMMIT_OR_PR_TITLE",
            "ssh_clone_url": "git@github.com:asdf-vm-hyperupcall/asdf-spring-boot.git",
            "svn_url": "https://github.com/asdf-vm-hyperupcall/asdf-spring-boot",
            "template": [],
            "topics": null,
            "visibility": "public",
            "vulnerability_alerts": false
          },
          "sensitive_attributes": [],
          "private": "eyJzY2hlbWFfdmVyc2lvbiI6IjEifQ=="
        }
      ]
    },
    {
      "mode": "managed",
      "type": "github_repository",
      "name": "joshuaballoch__asdf_spark",
      "provider": "provider[\"registry.terraform.io/integrations/github\"]",
      "instances": [
        {
          "schema_version": 1,
          "attributes": {
            "allow_auto_merge": false,
            "allow_merge_commit": true,
            "allow_rebase_merge": true,
            "allow_squash_merge": true,
            "allow_update_branch": false,
            "archive_on_destroy": null,
            "archived": false,
            "auto_init": false,
            "default_branch": "main",
            "delete_branch_on_merge": false,
            "description": "Not supported",
            "etag": "W/\"457b92263bcd808b2be1127d199b9ef36ee6b9b698174a5f22975895b4f0245f\"",
            "full_name": "asdf-vm-hyperupcall/asdf-spark",
            "git_clone_url": "git://github.com/asdf-vm-hyperupcall/asdf-spark.git",
            "gitignore_template": null,
            "has_discussions": false,
            "has_downloads": false,
            "has_issues": false,
            "has_projects": false,
            "has_wiki": false,
            "homepage_url": "",
            "html_url": "https://github.com/asdf-vm-hyperupcall/asdf-spark",
            "http_clone_url": "https://github.com/asdf-vm-hyperupcall/asdf-spark.git",
            "id": "asdf-spark",
            "ignore_vulnerability_alerts_during_read": null,
            "is_template": false,
            "license_template": null,
            "merge_commit_message": "PR_TITLE",
            "merge_commit_title": "MERGE_MESSAGE",
            "name": "asdf-spark",
            "node_id": "R_kgDOJ7Rv5Q",
            "pages": [],
            "private": false,
            "repo_id": 666136549,
            "security_and_analysis": [
              {
                "advanced_security": [],
                "secret_scanning": [
                  {
                    "status": "disabled"
                  }
                ],
                "secret_scanning_push_protection": [
                  {
                    "status": "disabled"
                  }
                ]
              }
            ],
            "squash_merge_commit_message": "COMMIT_MESSAGES",
            "squash_merge_commit_title": "COMMIT_OR_PR_TITLE",
            "ssh_clone_url": "git@github.com:asdf-vm-hyperupcall/asdf-spark.git",
            "svn_url": "https://github.com/asdf-vm-hyperupcall/asdf-spark",
            "template": [],
            "topics": null,
            "visibility": "public",
            "vulnerability_alerts": false
          },
          "sensitive_attributes": [],
          "private": "eyJzY2hlbWFfdmVyc2lvbiI6IjEifQ=="
        }
      ]
    },
    {
      "mode": "managed",
      "type": "github_repository",
      "name": "jtakakura__asdf_ambient",
      "provider": "provider[\"registry.terraform.io/integrations/github\"]",
      "instances": [
        {
          "schema_version": 1,
          "attributes": {
            "allow_auto_merge": false,
            "allow_merge_commit": true,
            "allow_rebase_merge": true,
            "allow_squash_merge": true,
            "allow_update_branch": false,
            "archive_on_destroy": null,
            "archived": false,
            "auto_init": false,
            "default_branch": "main",
            "delete_branch_on_merge": false,
            "description": "Not supported",
            "etag": "W/\"cd10a798116a548945f83d17b984f2db8272e44d7c6788fd25361e1ae7bada85\"",
            "full_name": "asdf-vm-hyperupcall/asdf-ambient",
            "git_clone_url": "git://github.com/asdf-vm-hyperupcall/asdf-ambient.git",
            "gitignore_template": null,
            "has_discussions": false,
            "has_downloads": false,
            "has_issues": false,
            "has_projects": false,
            "has_wiki": false,
            "homepage_url": "",
            "html_url": "https://github.com/asdf-vm-hyperupcall/asdf-ambient",
            "http_clone_url": "https://github.com/asdf-vm-hyperupcall/asdf-ambient.git",
            "id": "asdf-ambient",
            "ignore_vulnerability_alerts_during_read": null,
            "is_template": false,
            "license_template": null,
            "merge_commit_message": "PR_TITLE",
            "merge_commit_title": "MERGE_MESSAGE",
            "name": "asdf-ambient",
            "node_id": "R_kgDOJ7Q8vQ",
            "pages": [],
            "private": false,
            "repo_id": 666123453,
            "security_and_analysis": [
              {
                "advanced_security": [],
                "secret_scanning": [
                  {
                    "status": "disabled"
                  }
                ],
                "secret_scanning_push_protection": [
                  {
                    "status": "disabled"
                  }
                ]
              }
            ],
            "squash_merge_commit_message": "COMMIT_MESSAGES",
            "squash_merge_commit_title": "COMMIT_OR_PR_TITLE",
            "ssh_clone_url": "git@github.com:asdf-vm-hyperupcall/asdf-ambient.git",
            "svn_url": "https://github.com/asdf-vm-hyperupcall/asdf-ambient",
            "template": [],
            "topics": null,
            "visibility": "public",
            "vulnerability_alerts": false
          },
          "sensitive_attributes": [],
          "private": "eyJzY2hlbWFfdmVyc2lvbiI6IjEifQ=="
        }
      ]
    },
    {
      "mode": "managed",
      "type": "github_repository",
      "name": "jtakakura__asdf_digdag",
      "provider": "provider[\"registry.terraform.io/integrations/github\"]",
      "instances": []
    },
    {
      "mode": "managed",
      "type": "github_repository",
      "name": "jtakakura__asdf_dome",
      "provider": "provider[\"registry.terraform.io/integrations/github\"]",
      "instances": []
    },
    {
      "mode": "managed",
      "type": "github_repository",
      "name": "jtakakura__asdf_odin",
      "provider": "provider[\"registry.terraform.io/integrations/github\"]",
      "instances": []
    },
    {
      "mode": "managed",
      "type": "github_repository",
      "name": "jtakakura__asdf_wasm4",
      "provider": "provider[\"registry.terraform.io/integrations/github\"]",
      "instances": [
        {
          "schema_version": 1,
          "attributes": {
            "allow_auto_merge": false,
            "allow_merge_commit": true,
            "allow_rebase_merge": true,
            "allow_squash_merge": true,
            "allow_update_branch": false,
            "archive_on_destroy": null,
            "archived": false,
            "auto_init": false,
            "default_branch": "main",
            "delete_branch_on_merge": false,
            "description": "Not supported",
            "etag": "W/\"c9d99602cdd0558d8b1d8bef5fd14b9240d4c49103d311c214064546b1186106\"",
            "full_name": "asdf-vm-hyperupcall/asdf-wasm4",
            "git_clone_url": "git://github.com/asdf-vm-hyperupcall/asdf-wasm4.git",
            "gitignore_template": null,
            "has_discussions": false,
            "has_downloads": false,
            "has_issues": false,
            "has_projects": false,
            "has_wiki": false,
            "homepage_url": "",
            "html_url": "https://github.com/asdf-vm-hyperupcall/asdf-wasm4",
            "http_clone_url": "https://github.com/asdf-vm-hyperupcall/asdf-wasm4.git",
            "id": "asdf-wasm4",
            "ignore_vulnerability_alerts_during_read": null,
            "is_template": false,
            "license_template": null,
            "merge_commit_message": "PR_TITLE",
            "merge_commit_title": "MERGE_MESSAGE",
            "name": "asdf-wasm4",
            "node_id": "R_kgDOJ7RxJw",
            "pages": [],
            "private": false,
            "repo_id": 666136871,
            "security_and_analysis": [
              {
                "advanced_security": [],
                "secret_scanning": [
                  {
                    "status": "disabled"
                  }
                ],
                "secret_scanning_push_protection": [
                  {
                    "status": "disabled"
                  }
                ]
              }
            ],
            "squash_merge_commit_message": "COMMIT_MESSAGES",
            "squash_merge_commit_title": "COMMIT_OR_PR_TITLE",
            "ssh_clone_url": "git@github.com:asdf-vm-hyperupcall/asdf-wasm4.git",
            "svn_url": "https://github.com/asdf-vm-hyperupcall/asdf-wasm4",
            "template": [],
            "topics": null,
            "visibility": "public",
            "vulnerability_alerts": false
          },
          "sensitive_attributes": [],
          "private": "eyJzY2hlbWFfdmVyc2lvbiI6IjEifQ=="
        }
      ]
    },
    {
      "mode": "managed",
      "type": "github_repository",
      "name": "jtakakura__asdf_wren-cli",
      "provider": "provider[\"registry.terraform.io/integrations/github\"]",
      "instances": []
    },
    {
      "mode": "managed",
      "type": "github_repository",
      "name": "jthegedus__asdf_firebase",
      "provider": "provider[\"registry.terraform.io/integrations/github\"]",
      "instances": [
        {
          "schema_version": 1,
          "attributes": {
            "allow_auto_merge": false,
            "allow_merge_commit": true,
            "allow_rebase_merge": true,
            "allow_squash_merge": true,
            "allow_update_branch": false,
            "archive_on_destroy": null,
            "archived": false,
            "auto_init": false,
            "default_branch": "main",
            "delete_branch_on_merge": false,
            "description": "Not supported",
            "etag": "W/\"868c36e4892d96fc2d3e64455502b52ea71b6f49c9c5cfa6eab3e53d763b50a7\"",
            "full_name": "asdf-vm-hyperupcall/asdf-firebase",
            "git_clone_url": "git://github.com/asdf-vm-hyperupcall/asdf-firebase.git",
            "gitignore_template": null,
            "has_discussions": false,
            "has_downloads": false,
            "has_issues": false,
            "has_projects": false,
            "has_wiki": false,
            "homepage_url": "",
            "html_url": "https://github.com/asdf-vm-hyperupcall/asdf-firebase",
            "http_clone_url": "https://github.com/asdf-vm-hyperupcall/asdf-firebase.git",
            "id": "asdf-firebase",
            "ignore_vulnerability_alerts_during_read": null,
            "is_template": false,
            "license_template": null,
            "merge_commit_message": "PR_TITLE",
            "merge_commit_title": "MERGE_MESSAGE",
            "name": "asdf-firebase",
            "node_id": "R_kgDOJ7RzFQ",
            "pages": [],
            "private": false,
            "repo_id": 666137365,
            "security_and_analysis": [
              {
                "advanced_security": [],
                "secret_scanning": [
                  {
                    "status": "disabled"
                  }
                ],
                "secret_scanning_push_protection": [
                  {
                    "status": "disabled"
                  }
                ]
              }
            ],
            "squash_merge_commit_message": "COMMIT_MESSAGES",
            "squash_merge_commit_title": "COMMIT_OR_PR_TITLE",
            "ssh_clone_url": "git@github.com:asdf-vm-hyperupcall/asdf-firebase.git",
            "svn_url": "https://github.com/asdf-vm-hyperupcall/asdf-firebase",
            "template": [],
            "topics": null,
            "visibility": "public",
            "vulnerability_alerts": false
          },
          "sensitive_attributes": [],
          "private": "eyJzY2hlbWFfdmVyc2lvbiI6IjEifQ=="
        }
      ]
    },
    {
      "mode": "managed",
      "type": "github_repository",
      "name": "jthegedus__asdf_gcloud",
      "provider": "provider[\"registry.terraform.io/integrations/github\"]",
      "instances": [
        {
          "schema_version": 1,
          "attributes": {
            "allow_auto_merge": false,
            "allow_merge_commit": true,
            "allow_rebase_merge": true,
            "allow_squash_merge": true,
            "allow_update_branch": false,
            "archive_on_destroy": null,
            "archived": false,
            "auto_init": false,
            "default_branch": "main",
            "delete_branch_on_merge": false,
            "description": "Not supported",
            "etag": "W/\"db0fc8dfa003c3d3344ade7e1cf9a3fe3bbc2a802961eb1cddcd619be087fd88\"",
            "full_name": "asdf-vm-hyperupcall/asdf-gcloud",
            "git_clone_url": "git://github.com/asdf-vm-hyperupcall/asdf-gcloud.git",
            "gitignore_template": null,
            "has_discussions": false,
            "has_downloads": false,
            "has_issues": false,
            "has_projects": false,
            "has_wiki": false,
            "homepage_url": "",
            "html_url": "https://github.com/asdf-vm-hyperupcall/asdf-gcloud",
            "http_clone_url": "https://github.com/asdf-vm-hyperupcall/asdf-gcloud.git",
            "id": "asdf-gcloud",
            "ignore_vulnerability_alerts_during_read": null,
            "is_template": false,
            "license_template": null,
            "merge_commit_message": "PR_TITLE",
            "merge_commit_title": "MERGE_MESSAGE",
            "name": "asdf-gcloud",
            "node_id": "R_kgDOJ7Q8qg",
            "pages": [],
            "private": false,
            "repo_id": 666123434,
            "security_and_analysis": [
              {
                "advanced_security": [],
                "secret_scanning": [
                  {
                    "status": "disabled"
                  }
                ],
                "secret_scanning_push_protection": [
                  {
                    "status": "disabled"
                  }
                ]
              }
            ],
            "squash_merge_commit_message": "COMMIT_MESSAGES",
            "squash_merge_commit_title": "COMMIT_OR_PR_TITLE",
            "ssh_clone_url": "git@github.com:asdf-vm-hyperupcall/asdf-gcloud.git",
            "svn_url": "https://github.com/asdf-vm-hyperupcall/asdf-gcloud",
            "template": [],
            "topics": null,
            "visibility": "public",
            "vulnerability_alerts": false
          },
          "sensitive_attributes": [],
          "private": "eyJzY2hlbWFfdmVyc2lvbiI6IjEifQ=="
        }
      ]
    },
    {
      "mode": "managed",
      "type": "github_repository",
      "name": "jthegedus__asdf_v",
      "provider": "provider[\"registry.terraform.io/integrations/github\"]",
      "instances": [
        {
          "schema_version": 1,
          "attributes": {
            "allow_auto_merge": false,
            "allow_merge_commit": true,
            "allow_rebase_merge": true,
            "allow_squash_merge": true,
            "allow_update_branch": false,
            "archive_on_destroy": null,
            "archived": false,
            "auto_init": false,
            "default_branch": "main",
            "delete_branch_on_merge": false,
            "description": "Not supported",
            "etag": "W/\"d3fd38316a96d17ccfd3b9ea0303586bbafc5083a81572493e3f3f0eaf90a14a\"",
            "full_name": "asdf-vm-hyperupcall/asdf-v",
            "git_clone_url": "git://github.com/asdf-vm-hyperupcall/asdf-v.git",
            "gitignore_template": null,
            "has_discussions": false,
            "has_downloads": false,
            "has_issues": false,
            "has_projects": false,
            "has_wiki": false,
            "homepage_url": "",
            "html_url": "https://github.com/asdf-vm-hyperupcall/asdf-v",
            "http_clone_url": "https://github.com/asdf-vm-hyperupcall/asdf-v.git",
            "id": "asdf-v",
            "ignore_vulnerability_alerts_during_read": null,
            "is_template": false,
            "license_template": null,
            "merge_commit_message": "PR_TITLE",
            "merge_commit_title": "MERGE_MESSAGE",
            "name": "asdf-v",
            "node_id": "R_kgDOJ7Rv-A",
            "pages": [],
            "private": false,
            "repo_id": 666136568,
            "security_and_analysis": [
              {
                "advanced_security": [],
                "secret_scanning": [
                  {
                    "status": "disabled"
                  }
                ],
                "secret_scanning_push_protection": [
                  {
                    "status": "disabled"
                  }
                ]
              }
            ],
            "squash_merge_commit_message": "COMMIT_MESSAGES",
            "squash_merge_commit_title": "COMMIT_OR_PR_TITLE",
            "ssh_clone_url": "git@github.com:asdf-vm-hyperupcall/asdf-v.git",
            "svn_url": "https://github.com/asdf-vm-hyperupcall/asdf-v",
            "template": [],
            "topics": null,
            "visibility": "public",
            "vulnerability_alerts": false
          },
          "sensitive_attributes": [],
          "private": "eyJzY2hlbWFfdmVyc2lvbiI6IjEifQ=="
        }
      ]
    },
    {
      "mode": "managed",
      "type": "github_repository",
      "name": "jtzero__asdf_lefthook",
      "provider": "provider[\"registry.terraform.io/integrations/github\"]",
      "instances": [
        {
          "schema_version": 1,
          "attributes": {
            "allow_auto_merge": false,
            "allow_merge_commit": true,
            "allow_rebase_merge": true,
            "allow_squash_merge": true,
            "allow_update_branch": false,
            "archive_on_destroy": null,
            "archived": false,
            "auto_init": false,
            "default_branch": "main",
            "delete_branch_on_merge": false,
            "description": "Not supported",
            "etag": "W/\"66f9244ef10b3965a97b64309341b17332014aa814935d61d63c2ae99b994ed7\"",
            "full_name": "asdf-vm-hyperupcall/asdf-lefthook",
            "git_clone_url": "git://github.com/asdf-vm-hyperupcall/asdf-lefthook.git",
            "gitignore_template": null,
            "has_discussions": false,
            "has_downloads": false,
            "has_issues": false,
            "has_projects": false,
            "has_wiki": false,
            "homepage_url": "",
            "html_url": "https://github.com/asdf-vm-hyperupcall/asdf-lefthook",
            "http_clone_url": "https://github.com/asdf-vm-hyperupcall/asdf-lefthook.git",
            "id": "asdf-lefthook",
            "ignore_vulnerability_alerts_during_read": null,
            "is_template": false,
            "license_template": null,
            "merge_commit_message": "PR_TITLE",
            "merge_commit_title": "MERGE_MESSAGE",
            "name": "asdf-lefthook",
            "node_id": "R_kgDOJ7Q4Pw",
            "pages": [],
            "private": false,
            "repo_id": 666122303,
            "security_and_analysis": [
              {
                "advanced_security": [],
                "secret_scanning": [
                  {
                    "status": "disabled"
                  }
                ],
                "secret_scanning_push_protection": [
                  {
                    "status": "disabled"
                  }
                ]
              }
            ],
            "squash_merge_commit_message": "COMMIT_MESSAGES",
            "squash_merge_commit_title": "COMMIT_OR_PR_TITLE",
            "ssh_clone_url": "git@github.com:asdf-vm-hyperupcall/asdf-lefthook.git",
            "svn_url": "https://github.com/asdf-vm-hyperupcall/asdf-lefthook",
            "template": [],
            "topics": null,
            "visibility": "public",
            "vulnerability_alerts": false
          },
          "sensitive_attributes": [],
          "private": "eyJzY2hlbWFfdmVyc2lvbiI6IjEifQ=="
        }
      ]
    },
    {
      "mode": "managed",
      "type": "github_repository",
      "name": "junminahn__asdf_flyway",
      "provider": "provider[\"registry.terraform.io/integrations/github\"]",
      "instances": [
        {
          "schema_version": 1,
          "attributes": {
            "allow_auto_merge": false,
            "allow_merge_commit": true,
            "allow_rebase_merge": true,
            "allow_squash_merge": true,
            "allow_update_branch": false,
            "archive_on_destroy": null,
            "archived": false,
            "auto_init": false,
            "default_branch": "main",
            "delete_branch_on_merge": false,
            "description": "Not supported",
            "etag": "W/\"59bed1a2843f2d05673e1d56d27d0e6d8c77d897be6485634352d396e4b2b907\"",
            "full_name": "asdf-vm-hyperupcall/asdf-flyway",
            "git_clone_url": "git://github.com/asdf-vm-hyperupcall/asdf-flyway.git",
            "gitignore_template": null,
            "has_discussions": false,
            "has_downloads": false,
            "has_issues": false,
            "has_projects": false,
            "has_wiki": false,
            "homepage_url": "",
            "html_url": "https://github.com/asdf-vm-hyperupcall/asdf-flyway",
            "http_clone_url": "https://github.com/asdf-vm-hyperupcall/asdf-flyway.git",
            "id": "asdf-flyway",
            "ignore_vulnerability_alerts_during_read": null,
            "is_template": false,
            "license_template": null,
            "merge_commit_message": "PR_TITLE",
            "merge_commit_title": "MERGE_MESSAGE",
            "name": "asdf-flyway",
            "node_id": "R_kgDOJ7RyQQ",
            "pages": [],
            "private": false,
            "repo_id": 666137153,
            "security_and_analysis": [
              {
                "advanced_security": [],
                "secret_scanning": [
                  {
                    "status": "disabled"
                  }
                ],
                "secret_scanning_push_protection": [
                  {
                    "status": "disabled"
                  }
                ]
              }
            ],
            "squash_merge_commit_message": "COMMIT_MESSAGES",
            "squash_merge_commit_title": "COMMIT_OR_PR_TITLE",
            "ssh_clone_url": "git@github.com:asdf-vm-hyperupcall/asdf-flyway.git",
            "svn_url": "https://github.com/asdf-vm-hyperupcall/asdf-flyway",
            "template": [],
            "topics": null,
            "visibility": "public",
            "vulnerability_alerts": false
          },
          "sensitive_attributes": [],
          "private": "eyJzY2hlbWFfdmVyc2lvbiI6IjEifQ=="
        }
      ]
    },
    {
      "mode": "managed",
      "type": "github_repository",
      "name": "junminahn__asdf_semtag",
      "provider": "provider[\"registry.terraform.io/integrations/github\"]",
      "instances": [
        {
          "schema_version": 1,
          "attributes": {
            "allow_auto_merge": false,
            "allow_merge_commit": true,
            "allow_rebase_merge": true,
            "allow_squash_merge": true,
            "allow_update_branch": false,
            "archive_on_destroy": null,
            "archived": false,
            "auto_init": false,
            "default_branch": "main",
            "delete_branch_on_merge": false,
            "description": "Not supported",
            "etag": "W/\"2adaff0cfe922d37283f1b12acb5cbbb4e78f00124c36d0eab6b1fdeb4acfdc4\"",
            "full_name": "asdf-vm-hyperupcall/asdf-semtag",
            "git_clone_url": "git://github.com/asdf-vm-hyperupcall/asdf-semtag.git",
            "gitignore_template": null,
            "has_discussions": false,
            "has_downloads": false,
            "has_issues": false,
            "has_projects": false,
            "has_wiki": false,
            "homepage_url": "",
            "html_url": "https://github.com/asdf-vm-hyperupcall/asdf-semtag",
            "http_clone_url": "https://github.com/asdf-vm-hyperupcall/asdf-semtag.git",
            "id": "asdf-semtag",
            "ignore_vulnerability_alerts_during_read": null,
            "is_template": false,
            "license_template": null,
            "merge_commit_message": "PR_TITLE",
            "merge_commit_title": "MERGE_MESSAGE",
            "name": "asdf-semtag",
            "node_id": "R_kgDOJ7RySQ",
            "pages": [],
            "private": false,
            "repo_id": 666137161,
            "security_and_analysis": [
              {
                "advanced_security": [],
                "secret_scanning": [
                  {
                    "status": "disabled"
                  }
                ],
                "secret_scanning_push_protection": [
                  {
                    "status": "disabled"
                  }
                ]
              }
            ],
            "squash_merge_commit_message": "COMMIT_MESSAGES",
            "squash_merge_commit_title": "COMMIT_OR_PR_TITLE",
            "ssh_clone_url": "git@github.com:asdf-vm-hyperupcall/asdf-semtag.git",
            "svn_url": "https://github.com/asdf-vm-hyperupcall/asdf-semtag",
            "template": [],
            "topics": null,
            "visibility": "public",
            "vulnerability_alerts": false
          },
          "sensitive_attributes": [],
          "private": "eyJzY2hlbWFfdmVyc2lvbiI6IjEifQ=="
        }
      ]
    },
    {
      "mode": "managed",
      "type": "github_repository",
      "name": "juusujanar__asdf_dbmate",
      "provider": "provider[\"registry.terraform.io/integrations/github\"]",
      "instances": []
    },
    {
      "mode": "managed",
      "type": "github_repository",
      "name": "jwillker__asdf_go-junit-report",
      "provider": "provider[\"registry.terraform.io/integrations/github\"]",
      "instances": [
        {
          "schema_version": 1,
          "attributes": {
            "allow_auto_merge": false,
            "allow_merge_commit": true,
            "allow_rebase_merge": true,
            "allow_squash_merge": true,
            "allow_update_branch": false,
            "archive_on_destroy": null,
            "archived": false,
            "auto_init": false,
            "default_branch": "main",
            "delete_branch_on_merge": false,
            "description": "Not supported",
            "etag": "W/\"4e66dafa85e3f662f661c3f2e6bf98177e8ba250f46efedd32990ddebda65233\"",
            "full_name": "asdf-vm-hyperupcall/asdf-go-junit-report",
            "git_clone_url": "git://github.com/asdf-vm-hyperupcall/asdf-go-junit-report.git",
            "gitignore_template": null,
            "has_discussions": false,
            "has_downloads": false,
            "has_issues": false,
            "has_projects": false,
            "has_wiki": false,
            "homepage_url": "",
            "html_url": "https://github.com/asdf-vm-hyperupcall/asdf-go-junit-report",
            "http_clone_url": "https://github.com/asdf-vm-hyperupcall/asdf-go-junit-report.git",
            "id": "asdf-go-junit-report",
            "ignore_vulnerability_alerts_during_read": null,
            "is_template": false,
            "license_template": null,
            "merge_commit_message": "PR_TITLE",
            "merge_commit_title": "MERGE_MESSAGE",
            "name": "asdf-go-junit-report",
            "node_id": "R_kgDOJ7Q6nw",
            "pages": [],
            "private": false,
            "repo_id": 666122911,
            "security_and_analysis": [
              {
                "advanced_security": [],
                "secret_scanning": [
                  {
                    "status": "disabled"
                  }
                ],
                "secret_scanning_push_protection": [
                  {
                    "status": "disabled"
                  }
                ]
              }
            ],
            "squash_merge_commit_message": "COMMIT_MESSAGES",
            "squash_merge_commit_title": "COMMIT_OR_PR_TITLE",
            "ssh_clone_url": "git@github.com:asdf-vm-hyperupcall/asdf-go-junit-report.git",
            "svn_url": "https://github.com/asdf-vm-hyperupcall/asdf-go-junit-report",
            "template": [],
            "topics": null,
            "visibility": "public",
            "vulnerability_alerts": false
          },
          "sensitive_attributes": [],
          "private": "eyJzY2hlbWFfdmVyc2lvbiI6IjEifQ=="
        }
      ]
    },
    {
      "mode": "managed",
      "type": "github_repository",
      "name": "k14s__asdf_k14s",
      "provider": "provider[\"registry.terraform.io/integrations/github\"]",
      "instances": [
        {
          "schema_version": 1,
          "attributes": {
            "allow_auto_merge": false,
            "allow_merge_commit": true,
            "allow_rebase_merge": true,
            "allow_squash_merge": true,
            "allow_update_branch": false,
            "archive_on_destroy": null,
            "archived": false,
            "auto_init": false,
            "default_branch": "main",
            "delete_branch_on_merge": false,
            "description": "Not supported",
            "etag": "W/\"04881ca092a78c2ecb03745b4ff432f954cdb164a1c6b45ffefda4b1722ef198\"",
            "full_name": "asdf-vm-hyperupcall/asdf-k14s",
            "git_clone_url": "git://github.com/asdf-vm-hyperupcall/asdf-k14s.git",
            "gitignore_template": null,
            "has_discussions": false,
            "has_downloads": false,
            "has_issues": false,
            "has_projects": false,
            "has_wiki": false,
            "homepage_url": "",
            "html_url": "https://github.com/asdf-vm-hyperupcall/asdf-k14s",
            "http_clone_url": "https://github.com/asdf-vm-hyperupcall/asdf-k14s.git",
            "id": "asdf-k14s",
            "ignore_vulnerability_alerts_during_read": null,
            "is_template": false,
            "license_template": null,
            "merge_commit_message": "PR_TITLE",
            "merge_commit_title": "MERGE_MESSAGE",
            "name": "asdf-k14s",
            "node_id": "R_kgDOJ7RuHg",
            "pages": [],
            "private": false,
            "repo_id": 666136094,
            "security_and_analysis": [
              {
                "advanced_security": [],
                "secret_scanning": [
                  {
                    "status": "disabled"
                  }
                ],
                "secret_scanning_push_protection": [
                  {
                    "status": "disabled"
                  }
                ]
              }
            ],
            "squash_merge_commit_message": "COMMIT_MESSAGES",
            "squash_merge_commit_title": "COMMIT_OR_PR_TITLE",
            "ssh_clone_url": "git@github.com:asdf-vm-hyperupcall/asdf-k14s.git",
            "svn_url": "https://github.com/asdf-vm-hyperupcall/asdf-k14s",
            "template": [],
            "topics": null,
            "visibility": "public",
            "vulnerability_alerts": false
          },
          "sensitive_attributes": [],
          "private": "eyJzY2hlbWFfdmVyc2lvbiI6IjEifQ=="
        }
      ]
    },
    {
      "mode": "managed",
      "type": "github_repository",
      "name": "kachick__asdf_cargo-make",
      "provider": "provider[\"registry.terraform.io/integrations/github\"]",
      "instances": [
        {
          "schema_version": 1,
          "attributes": {
            "allow_auto_merge": false,
            "allow_merge_commit": true,
            "allow_rebase_merge": true,
            "allow_squash_merge": true,
            "allow_update_branch": false,
            "archive_on_destroy": null,
            "archived": false,
            "auto_init": false,
            "default_branch": "main",
            "delete_branch_on_merge": false,
            "description": "Not supported",
            "etag": "W/\"5c787c31588baeed3efd60d2ff9117dbd2b3be1eb1a03fe9b15229422d8f9bb0\"",
            "full_name": "asdf-vm-hyperupcall/asdf-cargo-make",
            "git_clone_url": "git://github.com/asdf-vm-hyperupcall/asdf-cargo-make.git",
            "gitignore_template": null,
            "has_discussions": false,
            "has_downloads": false,
            "has_issues": false,
            "has_projects": false,
            "has_wiki": false,
            "homepage_url": "",
            "html_url": "https://github.com/asdf-vm-hyperupcall/asdf-cargo-make",
            "http_clone_url": "https://github.com/asdf-vm-hyperupcall/asdf-cargo-make.git",
            "id": "asdf-cargo-make",
            "ignore_vulnerability_alerts_during_read": null,
            "is_template": false,
            "license_template": null,
            "merge_commit_message": "PR_TITLE",
            "merge_commit_title": "MERGE_MESSAGE",
            "name": "asdf-cargo-make",
            "node_id": "R_kgDOJ7Q1XQ",
            "pages": [],
            "private": false,
            "repo_id": 666121565,
            "security_and_analysis": [
              {
                "advanced_security": [],
                "secret_scanning": [
                  {
                    "status": "disabled"
                  }
                ],
                "secret_scanning_push_protection": [
                  {
                    "status": "disabled"
                  }
                ]
              }
            ],
            "squash_merge_commit_message": "COMMIT_MESSAGES",
            "squash_merge_commit_title": "COMMIT_OR_PR_TITLE",
            "ssh_clone_url": "git@github.com:asdf-vm-hyperupcall/asdf-cargo-make.git",
            "svn_url": "https://github.com/asdf-vm-hyperupcall/asdf-cargo-make",
            "template": [],
            "topics": null,
            "visibility": "public",
            "vulnerability_alerts": false
          },
          "sensitive_attributes": [],
          "private": "eyJzY2hlbWFfdmVyc2lvbiI6IjEifQ=="
        }
      ]
    },
    {
      "mode": "managed",
      "type": "github_repository",
      "name": "kachick__asdf_yamlfmt",
      "provider": "provider[\"registry.terraform.io/integrations/github\"]",
      "instances": [
        {
          "schema_version": 1,
          "attributes": {
            "allow_auto_merge": false,
            "allow_merge_commit": true,
            "allow_rebase_merge": true,
            "allow_squash_merge": true,
            "allow_update_branch": false,
            "archive_on_destroy": null,
            "archived": false,
            "auto_init": false,
            "default_branch": "main",
            "delete_branch_on_merge": false,
            "description": "Not supported",
            "etag": "W/\"99d84c4114f11aeec8e95f7f22abdf3f8c81956937811167fd95c44f4ce21660\"",
            "full_name": "asdf-vm-hyperupcall/asdf-yamlfmt",
            "git_clone_url": "git://github.com/asdf-vm-hyperupcall/asdf-yamlfmt.git",
            "gitignore_template": null,
            "has_discussions": false,
            "has_downloads": false,
            "has_issues": false,
            "has_projects": false,
            "has_wiki": false,
            "homepage_url": "",
            "html_url": "https://github.com/asdf-vm-hyperupcall/asdf-yamlfmt",
            "http_clone_url": "https://github.com/asdf-vm-hyperupcall/asdf-yamlfmt.git",
            "id": "asdf-yamlfmt",
            "ignore_vulnerability_alerts_during_read": null,
            "is_template": false,
            "license_template": null,
            "merge_commit_message": "PR_TITLE",
            "merge_commit_title": "MERGE_MESSAGE",
            "name": "asdf-yamlfmt",
            "node_id": "R_kgDOJ7R0Ug",
            "pages": [],
            "private": false,
            "repo_id": 666137682,
            "security_and_analysis": [
              {
                "advanced_security": [],
                "secret_scanning": [
                  {
                    "status": "disabled"
                  }
                ],
                "secret_scanning_push_protection": [
                  {
                    "status": "disabled"
                  }
                ]
              }
            ],
            "squash_merge_commit_message": "COMMIT_MESSAGES",
            "squash_merge_commit_title": "COMMIT_OR_PR_TITLE",
            "ssh_clone_url": "git@github.com:asdf-vm-hyperupcall/asdf-yamlfmt.git",
            "svn_url": "https://github.com/asdf-vm-hyperupcall/asdf-yamlfmt",
            "template": [],
            "topics": null,
            "visibility": "public",
            "vulnerability_alerts": false
          },
          "sensitive_attributes": [],
          "private": "eyJzY2hlbWFfdmVyc2lvbiI6IjEifQ=="
        }
      ]
    },
    {
      "mode": "managed",
      "type": "github_repository",
      "name": "kachick__asdf_zigmod",
      "provider": "provider[\"registry.terraform.io/integrations/github\"]",
      "instances": []
    },
    {
      "mode": "managed",
      "type": "github_repository",
      "name": "kahun__asdf_clusterawsadm",
      "provider": "provider[\"registry.terraform.io/integrations/github\"]",
      "instances": [
        {
          "schema_version": 1,
          "attributes": {
            "allow_auto_merge": false,
            "allow_merge_commit": true,
            "allow_rebase_merge": true,
            "allow_squash_merge": true,
            "allow_update_branch": false,
            "archive_on_destroy": null,
            "archived": false,
            "auto_init": false,
            "default_branch": "main",
            "delete_branch_on_merge": false,
            "description": "Not supported",
            "etag": "W/\"0922c895d154b84310e7530c1fea5d21da88a7782b06a4ca84e3eb2ebdbdec81\"",
            "full_name": "asdf-vm-hyperupcall/asdf-clusterawsadm",
            "git_clone_url": "git://github.com/asdf-vm-hyperupcall/asdf-clusterawsadm.git",
            "gitignore_template": null,
            "has_discussions": false,
            "has_downloads": false,
            "has_issues": false,
            "has_projects": false,
            "has_wiki": false,
            "homepage_url": "",
            "html_url": "https://github.com/asdf-vm-hyperupcall/asdf-clusterawsadm",
            "http_clone_url": "https://github.com/asdf-vm-hyperupcall/asdf-clusterawsadm.git",
            "id": "asdf-clusterawsadm",
            "ignore_vulnerability_alerts_during_read": null,
            "is_template": false,
            "license_template": null,
            "merge_commit_message": "PR_TITLE",
            "merge_commit_title": "MERGE_MESSAGE",
            "name": "asdf-clusterawsadm",
            "node_id": "R_kgDOJ7R5ew",
            "pages": [],
            "private": false,
            "repo_id": 666139003,
            "security_and_analysis": [
              {
                "advanced_security": [],
                "secret_scanning": [
                  {
                    "status": "disabled"
                  }
                ],
                "secret_scanning_push_protection": [
                  {
                    "status": "disabled"
                  }
                ]
              }
            ],
            "squash_merge_commit_message": "COMMIT_MESSAGES",
            "squash_merge_commit_title": "COMMIT_OR_PR_TITLE",
            "ssh_clone_url": "git@github.com:asdf-vm-hyperupcall/asdf-clusterawsadm.git",
            "svn_url": "https://github.com/asdf-vm-hyperupcall/asdf-clusterawsadm",
            "template": [],
            "topics": null,
            "visibility": "public",
            "vulnerability_alerts": false
          },
          "sensitive_attributes": [],
          "private": "eyJzY2hlbWFfdmVyc2lvbiI6IjEifQ=="
        }
      ]
    },
    {
      "mode": "managed",
      "type": "github_repository",
      "name": "kajisha__asdf_ghq",
      "provider": "provider[\"registry.terraform.io/integrations/github\"]",
      "instances": [
        {
          "schema_version": 1,
          "attributes": {
            "allow_auto_merge": false,
            "allow_merge_commit": true,
            "allow_rebase_merge": true,
            "allow_squash_merge": true,
            "allow_update_branch": false,
            "archive_on_destroy": null,
            "archived": false,
            "auto_init": false,
            "default_branch": "main",
            "delete_branch_on_merge": false,
            "description": "Not supported",
            "etag": "W/\"0c2d76916be7da37b809517201bcd41c2b644c4cae31dbf44a759ef3c6ff9fa9\"",
            "full_name": "asdf-vm-hyperupcall/asdf-ghq",
            "git_clone_url": "git://github.com/asdf-vm-hyperupcall/asdf-ghq.git",
            "gitignore_template": null,
            "has_discussions": false,
            "has_downloads": false,
            "has_issues": false,
            "has_projects": false,
            "has_wiki": false,
            "homepage_url": "",
            "html_url": "https://github.com/asdf-vm-hyperupcall/asdf-ghq",
            "http_clone_url": "https://github.com/asdf-vm-hyperupcall/asdf-ghq.git",
            "id": "asdf-ghq",
            "ignore_vulnerability_alerts_during_read": null,
            "is_template": false,
            "license_template": null,
            "merge_commit_message": "PR_TITLE",
            "merge_commit_title": "MERGE_MESSAGE",
            "name": "asdf-ghq",
            "node_id": "R_kgDOJ7Q5hg",
            "pages": [],
            "private": false,
            "repo_id": 666122630,
            "security_and_analysis": [
              {
                "advanced_security": [],
                "secret_scanning": [
                  {
                    "status": "disabled"
                  }
                ],
                "secret_scanning_push_protection": [
                  {
                    "status": "disabled"
                  }
                ]
              }
            ],
            "squash_merge_commit_message": "COMMIT_MESSAGES",
            "squash_merge_commit_title": "COMMIT_OR_PR_TITLE",
            "ssh_clone_url": "git@github.com:asdf-vm-hyperupcall/asdf-ghq.git",
            "svn_url": "https://github.com/asdf-vm-hyperupcall/asdf-ghq",
            "template": [],
            "topics": null,
            "visibility": "public",
            "vulnerability_alerts": false
          },
          "sensitive_attributes": [],
          "private": "eyJzY2hlbWFfdmVyc2lvbiI6IjEifQ=="
        }
      ]
    },
    {
      "mode": "managed",
      "type": "github_repository",
      "name": "karancode__asdf_aws-vault",
      "provider": "provider[\"registry.terraform.io/integrations/github\"]",
      "instances": []
    },
    {
      "mode": "managed",
      "type": "github_repository",
      "name": "kayac__asdf_ecspresso",
      "provider": "provider[\"registry.terraform.io/integrations/github\"]",
      "instances": []
    },
    {
      "mode": "managed",
      "type": "github_repository",
      "name": "kennyp__asdf_golang",
      "provider": "provider[\"registry.terraform.io/integrations/github\"]",
      "instances": []
    },
    {
      "mode": "managed",
      "type": "github_repository",
      "name": "kforsthoevel__asdf_goreleaser",
      "provider": "provider[\"registry.terraform.io/integrations/github\"]",
      "instances": []
    },
    {
      "mode": "managed",
      "type": "github_repository",
      "name": "kforsthoevel__asdf_linkerd",
      "provider": "provider[\"registry.terraform.io/integrations/github\"]",
      "instances": []
    },
    {
      "mode": "managed",
      "type": "github_repository",
      "name": "kichiemon__asdf_rome",
      "provider": "provider[\"registry.terraform.io/integrations/github\"]",
      "instances": [
        {
          "schema_version": 1,
          "attributes": {
            "allow_auto_merge": false,
            "allow_merge_commit": true,
            "allow_rebase_merge": true,
            "allow_squash_merge": true,
            "allow_update_branch": false,
            "archive_on_destroy": null,
            "archived": false,
            "auto_init": false,
            "default_branch": "main",
            "delete_branch_on_merge": false,
            "description": "Not supported",
            "etag": "W/\"314015215c3acb26cfa0a8a04111148ae3dbf37fcc6645b111c82b12e473fe57\"",
            "full_name": "asdf-vm-hyperupcall/asdf-rome",
            "git_clone_url": "git://github.com/asdf-vm-hyperupcall/asdf-rome.git",
            "gitignore_template": null,
            "has_discussions": false,
            "has_downloads": false,
            "has_issues": false,
            "has_projects": false,
            "has_wiki": false,
            "homepage_url": "",
            "html_url": "https://github.com/asdf-vm-hyperupcall/asdf-rome",
            "http_clone_url": "https://github.com/asdf-vm-hyperupcall/asdf-rome.git",
            "id": "asdf-rome",
            "ignore_vulnerability_alerts_during_read": null,
            "is_template": false,
            "license_template": null,
            "merge_commit_message": "PR_TITLE",
            "merge_commit_title": "MERGE_MESSAGE",
            "name": "asdf-rome",
            "node_id": "R_kgDOJ7RuEw",
            "pages": [],
            "private": false,
            "repo_id": 666136083,
            "security_and_analysis": [
              {
                "advanced_security": [],
                "secret_scanning": [
                  {
                    "status": "disabled"
                  }
                ],
                "secret_scanning_push_protection": [
                  {
                    "status": "disabled"
                  }
                ]
              }
            ],
            "squash_merge_commit_message": "COMMIT_MESSAGES",
            "squash_merge_commit_title": "COMMIT_OR_PR_TITLE",
            "ssh_clone_url": "git@github.com:asdf-vm-hyperupcall/asdf-rome.git",
            "svn_url": "https://github.com/asdf-vm-hyperupcall/asdf-rome",
            "template": [],
            "topics": null,
            "visibility": "public",
            "vulnerability_alerts": false
          },
          "sensitive_attributes": [],
          "private": "eyJzY2hlbWFfdmVyc2lvbiI6IjEifQ=="
        }
      ]
    },
    {
      "mode": "managed",
      "type": "github_repository",
      "name": "klundberg__asdf_swiftlint",
      "provider": "provider[\"registry.terraform.io/integrations/github\"]",
      "instances": []
    },
    {
      "mode": "managed",
      "type": "github_repository",
      "name": "koketani__asdf_ag",
      "provider": "provider[\"registry.terraform.io/integrations/github\"]",
      "instances": [
        {
          "schema_version": 1,
          "attributes": {
            "allow_auto_merge": false,
            "allow_merge_commit": true,
            "allow_rebase_merge": true,
            "allow_squash_merge": true,
            "allow_update_branch": false,
            "archive_on_destroy": null,
            "archived": false,
            "auto_init": false,
            "default_branch": "main",
            "delete_branch_on_merge": false,
            "description": "Not supported",
            "etag": "W/\"4836ffc0f5c9157e10595c588521d2d612528263c0846b178d668041577a9f48\"",
            "full_name": "asdf-vm-hyperupcall/asdf-ag",
            "git_clone_url": "git://github.com/asdf-vm-hyperupcall/asdf-ag.git",
            "gitignore_template": null,
            "has_discussions": false,
            "has_downloads": false,
            "has_issues": false,
            "has_projects": false,
            "has_wiki": false,
            "homepage_url": "",
            "html_url": "https://github.com/asdf-vm-hyperupcall/asdf-ag",
            "http_clone_url": "https://github.com/asdf-vm-hyperupcall/asdf-ag.git",
            "id": "asdf-ag",
            "ignore_vulnerability_alerts_during_read": null,
            "is_template": false,
            "license_template": null,
            "merge_commit_message": "PR_TITLE",
            "merge_commit_title": "MERGE_MESSAGE",
            "name": "asdf-ag",
            "node_id": "R_kgDOJ7Q89g",
            "pages": [],
            "private": false,
            "repo_id": 666123510,
            "security_and_analysis": [
              {
                "advanced_security": [],
                "secret_scanning": [
                  {
                    "status": "disabled"
                  }
                ],
                "secret_scanning_push_protection": [
                  {
                    "status": "disabled"
                  }
                ]
              }
            ],
            "squash_merge_commit_message": "COMMIT_MESSAGES",
            "squash_merge_commit_title": "COMMIT_OR_PR_TITLE",
            "ssh_clone_url": "git@github.com:asdf-vm-hyperupcall/asdf-ag.git",
            "svn_url": "https://github.com/asdf-vm-hyperupcall/asdf-ag",
            "template": [],
            "topics": null,
            "visibility": "public",
            "vulnerability_alerts": false
          },
          "sensitive_attributes": [],
          "private": "eyJzY2hlbWFfdmVyc2lvbiI6IjEifQ=="
        }
      ]
    },
    {
      "mode": "managed",
      "type": "github_repository",
      "name": "kompiro__asdf_fzf",
      "provider": "provider[\"registry.terraform.io/integrations/github\"]",
      "instances": [
        {
          "schema_version": 1,
          "attributes": {
            "allow_auto_merge": false,
            "allow_merge_commit": true,
            "allow_rebase_merge": true,
            "allow_squash_merge": true,
            "allow_update_branch": false,
            "archive_on_destroy": null,
            "archived": false,
            "auto_init": false,
            "default_branch": "main",
            "delete_branch_on_merge": false,
            "description": "Not supported",
            "etag": "W/\"9217a85adba21e55926c61c62ac0d8194f6c38dc41031939b2668a815ed045ce\"",
            "full_name": "asdf-vm-hyperupcall/asdf-fzf",
            "git_clone_url": "git://github.com/asdf-vm-hyperupcall/asdf-fzf.git",
            "gitignore_template": null,
            "has_discussions": false,
            "has_downloads": false,
            "has_issues": false,
            "has_projects": false,
            "has_wiki": false,
            "homepage_url": "",
            "html_url": "https://github.com/asdf-vm-hyperupcall/asdf-fzf",
            "http_clone_url": "https://github.com/asdf-vm-hyperupcall/asdf-fzf.git",
            "id": "asdf-fzf",
            "ignore_vulnerability_alerts_during_read": null,
            "is_template": false,
            "license_template": null,
            "merge_commit_message": "PR_TITLE",
            "merge_commit_title": "MERGE_MESSAGE",
            "name": "asdf-fzf",
            "node_id": "R_kgDOJ7Rrww",
            "pages": [],
            "private": false,
            "repo_id": 666135491,
            "security_and_analysis": [
              {
                "advanced_security": [],
                "secret_scanning": [
                  {
                    "status": "disabled"
                  }
                ],
                "secret_scanning_push_protection": [
                  {
                    "status": "disabled"
                  }
                ]
              }
            ],
            "squash_merge_commit_message": "COMMIT_MESSAGES",
            "squash_merge_commit_title": "COMMIT_OR_PR_TITLE",
            "ssh_clone_url": "git@github.com:asdf-vm-hyperupcall/asdf-fzf.git",
            "svn_url": "https://github.com/asdf-vm-hyperupcall/asdf-fzf",
            "template": [],
            "topics": null,
            "visibility": "public",
            "vulnerability_alerts": false
          },
          "sensitive_attributes": [],
          "private": "eyJzY2hlbWFfdmVyc2lvbiI6IjEifQ=="
        }
      ]
    },
    {
      "mode": "managed",
      "type": "github_repository",
      "name": "kristoflemmens__asdf_draft",
      "provider": "provider[\"registry.terraform.io/integrations/github\"]",
      "instances": [
        {
          "schema_version": 1,
          "attributes": {
            "allow_auto_merge": false,
            "allow_merge_commit": true,
            "allow_rebase_merge": true,
            "allow_squash_merge": true,
            "allow_update_branch": false,
            "archive_on_destroy": null,
            "archived": false,
            "auto_init": false,
            "default_branch": "main",
            "delete_branch_on_merge": false,
            "description": "Not supported",
            "etag": "W/\"50f8397b00be3cfa19676587689b534f9c4a9e259220da9bdb8fce8880af7446\"",
            "full_name": "asdf-vm-hyperupcall/asdf-draft",
            "git_clone_url": "git://github.com/asdf-vm-hyperupcall/asdf-draft.git",
            "gitignore_template": null,
            "has_discussions": false,
            "has_downloads": false,
            "has_issues": false,
            "has_projects": false,
            "has_wiki": false,
            "homepage_url": "",
            "html_url": "https://github.com/asdf-vm-hyperupcall/asdf-draft",
            "http_clone_url": "https://github.com/asdf-vm-hyperupcall/asdf-draft.git",
            "id": "asdf-draft",
            "ignore_vulnerability_alerts_during_read": null,
            "is_template": false,
            "license_template": null,
            "merge_commit_message": "PR_TITLE",
            "merge_commit_title": "MERGE_MESSAGE",
            "name": "asdf-draft",
            "node_id": "R_kgDOJ7Q91g",
            "pages": [],
            "private": false,
            "repo_id": 666123734,
            "security_and_analysis": [
              {
                "advanced_security": [],
                "secret_scanning": [
                  {
                    "status": "disabled"
                  }
                ],
                "secret_scanning_push_protection": [
                  {
                    "status": "disabled"
                  }
                ]
              }
            ],
            "squash_merge_commit_message": "COMMIT_MESSAGES",
            "squash_merge_commit_title": "COMMIT_OR_PR_TITLE",
            "ssh_clone_url": "git@github.com:asdf-vm-hyperupcall/asdf-draft.git",
            "svn_url": "https://github.com/asdf-vm-hyperupcall/asdf-draft",
            "template": [],
            "topics": null,
            "visibility": "public",
            "vulnerability_alerts": false
          },
          "sensitive_attributes": [],
          "private": "eyJzY2hlbWFfdmVyc2lvbiI6IjEifQ=="
        }
      ]
    },
    {
      "mode": "managed",
      "type": "github_repository",
      "name": "kvokka__asdf_kubefedctl",
      "provider": "provider[\"registry.terraform.io/integrations/github\"]",
      "instances": []
    },
    {
      "mode": "managed",
      "type": "github_repository",
      "name": "lirlia__asdf_kubeconform",
      "provider": "provider[\"registry.terraform.io/integrations/github\"]",
      "instances": []
    },
    {
      "mode": "managed",
      "type": "github_repository",
      "name": "log2__asdf_step",
      "provider": "provider[\"registry.terraform.io/integrations/github\"]",
      "instances": []
    },
    {
      "mode": "managed",
      "type": "github_repository",
      "name": "looztra__asdf_conftest",
      "provider": "provider[\"registry.terraform.io/integrations/github\"]",
      "instances": []
    },
    {
      "mode": "managed",
      "type": "github_repository",
      "name": "looztra__asdf_dive",
      "provider": "provider[\"registry.terraform.io/integrations/github\"]",
      "instances": []
    },
    {
      "mode": "managed",
      "type": "github_repository",
      "name": "looztra__asdf_dust",
      "provider": "provider[\"registry.terraform.io/integrations/github\"]",
      "instances": [
        {
          "schema_version": 1,
          "attributes": {
            "allow_auto_merge": false,
            "allow_merge_commit": true,
            "allow_rebase_merge": true,
            "allow_squash_merge": true,
            "allow_update_branch": false,
            "archive_on_destroy": null,
            "archived": false,
            "auto_init": false,
            "default_branch": "main",
            "delete_branch_on_merge": false,
            "description": "Not supported",
            "etag": "W/\"9b683ceb1377c73e4b30ade0a594c9f9aeb9c76c76331a3a426b1a11837f4030\"",
            "full_name": "asdf-vm-hyperupcall/asdf-dust",
            "git_clone_url": "git://github.com/asdf-vm-hyperupcall/asdf-dust.git",
            "gitignore_template": null,
            "has_discussions": false,
            "has_downloads": false,
            "has_issues": false,
            "has_projects": false,
            "has_wiki": false,
            "homepage_url": "",
            "html_url": "https://github.com/asdf-vm-hyperupcall/asdf-dust",
            "http_clone_url": "https://github.com/asdf-vm-hyperupcall/asdf-dust.git",
            "id": "asdf-dust",
            "ignore_vulnerability_alerts_during_read": null,
            "is_template": false,
            "license_template": null,
            "merge_commit_message": "PR_TITLE",
            "merge_commit_title": "MERGE_MESSAGE",
            "name": "asdf-dust",
            "node_id": "R_kgDOJ7Q1rg",
            "pages": [],
            "private": false,
            "repo_id": 666121646,
            "security_and_analysis": [
              {
                "advanced_security": [],
                "secret_scanning": [
                  {
                    "status": "disabled"
                  }
                ],
                "secret_scanning_push_protection": [
                  {
                    "status": "disabled"
                  }
                ]
              }
            ],
            "squash_merge_commit_message": "COMMIT_MESSAGES",
            "squash_merge_commit_title": "COMMIT_OR_PR_TITLE",
            "ssh_clone_url": "git@github.com:asdf-vm-hyperupcall/asdf-dust.git",
            "svn_url": "https://github.com/asdf-vm-hyperupcall/asdf-dust",
            "template": [],
            "topics": null,
            "visibility": "public",
            "vulnerability_alerts": false
          },
          "sensitive_attributes": [],
          "private": "eyJzY2hlbWFfdmVyc2lvbiI6IjEifQ=="
        }
      ]
    },
    {
      "mode": "managed",
      "type": "github_repository",
      "name": "looztra__asdf_gitui",
      "provider": "provider[\"registry.terraform.io/integrations/github\"]",
      "instances": [
        {
          "schema_version": 1,
          "attributes": {
            "allow_auto_merge": false,
            "allow_merge_commit": true,
            "allow_rebase_merge": true,
            "allow_squash_merge": true,
            "allow_update_branch": false,
            "archive_on_destroy": null,
            "archived": false,
            "auto_init": false,
            "default_branch": "main",
            "delete_branch_on_merge": false,
            "description": "Not supported",
            "etag": "W/\"435b17b8b47986a38dc00e7c73066be7df1a2c38bdefff628f9b077936b83ef7\"",
            "full_name": "asdf-vm-hyperupcall/asdf-gitui",
            "git_clone_url": "git://github.com/asdf-vm-hyperupcall/asdf-gitui.git",
            "gitignore_template": null,
            "has_discussions": false,
            "has_downloads": false,
            "has_issues": false,
            "has_projects": false,
            "has_wiki": false,
            "homepage_url": "",
            "html_url": "https://github.com/asdf-vm-hyperupcall/asdf-gitui",
            "http_clone_url": "https://github.com/asdf-vm-hyperupcall/asdf-gitui.git",
            "id": "asdf-gitui",
            "ignore_vulnerability_alerts_during_read": null,
            "is_template": false,
            "license_template": null,
            "merge_commit_message": "PR_TITLE",
            "merge_commit_title": "MERGE_MESSAGE",
            "name": "asdf-gitui",
            "node_id": "R_kgDOJ7RxBw",
            "pages": [],
            "private": false,
            "repo_id": 666136839,
            "security_and_analysis": [
              {
                "advanced_security": [],
                "secret_scanning": [
                  {
                    "status": "disabled"
                  }
                ],
                "secret_scanning_push_protection": [
                  {
                    "status": "disabled"
                  }
                ]
              }
            ],
            "squash_merge_commit_message": "COMMIT_MESSAGES",
            "squash_merge_commit_title": "COMMIT_OR_PR_TITLE",
            "ssh_clone_url": "git@github.com:asdf-vm-hyperupcall/asdf-gitui.git",
            "svn_url": "https://github.com/asdf-vm-hyperupcall/asdf-gitui",
            "template": [],
            "topics": null,
            "visibility": "public",
            "vulnerability_alerts": false
          },
          "sensitive_attributes": [],
          "private": "eyJzY2hlbWFfdmVyc2lvbiI6IjEifQ=="
        }
      ]
    },
    {
      "mode": "managed",
      "type": "github_repository",
      "name": "looztra__asdf_k9s",
      "provider": "provider[\"registry.terraform.io/integrations/github\"]",
      "instances": []
    },
    {
      "mode": "managed",
      "type": "github_repository",
      "name": "looztra__asdf_kube-capacity",
      "provider": "provider[\"registry.terraform.io/integrations/github\"]",
      "instances": [
        {
          "schema_version": 1,
          "attributes": {
            "allow_auto_merge": false,
            "allow_merge_commit": true,
            "allow_rebase_merge": true,
            "allow_squash_merge": true,
            "allow_update_branch": false,
            "archive_on_destroy": null,
            "archived": false,
            "auto_init": false,
            "default_branch": "main",
            "delete_branch_on_merge": false,
            "description": "Not supported",
            "etag": "W/\"990db287d69c6743d6bd82b8ec3ca656eb4c2fa67a3768d44b0341527a138a4d\"",
            "full_name": "asdf-vm-hyperupcall/asdf-kube-capacity",
            "git_clone_url": "git://github.com/asdf-vm-hyperupcall/asdf-kube-capacity.git",
            "gitignore_template": null,
            "has_discussions": false,
            "has_downloads": false,
            "has_issues": false,
            "has_projects": false,
            "has_wiki": false,
            "homepage_url": "",
            "html_url": "https://github.com/asdf-vm-hyperupcall/asdf-kube-capacity",
            "http_clone_url": "https://github.com/asdf-vm-hyperupcall/asdf-kube-capacity.git",
            "id": "asdf-kube-capacity",
            "ignore_vulnerability_alerts_during_read": null,
            "is_template": false,
            "license_template": null,
            "merge_commit_message": "PR_TITLE",
            "merge_commit_title": "MERGE_MESSAGE",
            "name": "asdf-kube-capacity",
            "node_id": "R_kgDOJ7R4kg",
            "pages": [],
            "private": false,
            "repo_id": 666138770,
            "security_and_analysis": [
              {
                "advanced_security": [],
                "secret_scanning": [
                  {
                    "status": "disabled"
                  }
                ],
                "secret_scanning_push_protection": [
                  {
                    "status": "disabled"
                  }
                ]
              }
            ],
            "squash_merge_commit_message": "COMMIT_MESSAGES",
            "squash_merge_commit_title": "COMMIT_OR_PR_TITLE",
            "ssh_clone_url": "git@github.com:asdf-vm-hyperupcall/asdf-kube-capacity.git",
            "svn_url": "https://github.com/asdf-vm-hyperupcall/asdf-kube-capacity",
            "template": [],
            "topics": null,
            "visibility": "public",
            "vulnerability_alerts": false
          },
          "sensitive_attributes": [],
          "private": "eyJzY2hlbWFfdmVyc2lvbiI6IjEifQ=="
        }
      ]
    },
    {
      "mode": "managed",
      "type": "github_repository",
      "name": "looztra__asdf_kubectl-bindrole",
      "provider": "provider[\"registry.terraform.io/integrations/github\"]",
      "instances": []
    },
    {
      "mode": "managed",
      "type": "github_repository",
      "name": "looztra__asdf_rbac-lookup",
      "provider": "provider[\"registry.terraform.io/integrations/github\"]",
      "instances": []
    },
    {
      "mode": "managed",
      "type": "github_repository",
      "name": "looztra__asdf_reg",
      "provider": "provider[\"registry.terraform.io/integrations/github\"]",
      "instances": [
        {
          "schema_version": 1,
          "attributes": {
            "allow_auto_merge": false,
            "allow_merge_commit": true,
            "allow_rebase_merge": true,
            "allow_squash_merge": true,
            "allow_update_branch": false,
            "archive_on_destroy": null,
            "archived": false,
            "auto_init": false,
            "default_branch": "main",
            "delete_branch_on_merge": false,
            "description": "Not supported",
            "etag": "W/\"8a3a2e4f744259d013b055ea1262e168d18051be56915af20c3918194a20885e\"",
            "full_name": "asdf-vm-hyperupcall/asdf-reg",
            "git_clone_url": "git://github.com/asdf-vm-hyperupcall/asdf-reg.git",
            "gitignore_template": null,
            "has_discussions": false,
            "has_downloads": false,
            "has_issues": false,
            "has_projects": false,
            "has_wiki": false,
            "homepage_url": "",
            "html_url": "https://github.com/asdf-vm-hyperupcall/asdf-reg",
            "http_clone_url": "https://github.com/asdf-vm-hyperupcall/asdf-reg.git",
            "id": "asdf-reg",
            "ignore_vulnerability_alerts_during_read": null,
            "is_template": false,
            "license_template": null,
            "merge_commit_message": "PR_TITLE",
            "merge_commit_title": "MERGE_MESSAGE",
            "name": "asdf-reg",
            "node_id": "R_kgDOJ7Rt6g",
            "pages": [],
            "private": false,
            "repo_id": 666136042,
            "security_and_analysis": [
              {
                "advanced_security": [],
                "secret_scanning": [
                  {
                    "status": "disabled"
                  }
                ],
                "secret_scanning_push_protection": [
                  {
                    "status": "disabled"
                  }
                ]
              }
            ],
            "squash_merge_commit_message": "COMMIT_MESSAGES",
            "squash_merge_commit_title": "COMMIT_OR_PR_TITLE",
            "ssh_clone_url": "git@github.com:asdf-vm-hyperupcall/asdf-reg.git",
            "svn_url": "https://github.com/asdf-vm-hyperupcall/asdf-reg",
            "template": [],
            "topics": null,
            "visibility": "public",
            "vulnerability_alerts": false
          },
          "sensitive_attributes": [],
          "private": "eyJzY2hlbWFfdmVyc2lvbiI6IjEifQ=="
        }
      ]
    },
    {
      "mode": "managed",
      "type": "github_repository",
      "name": "looztra__asdf_stern",
      "provider": "provider[\"registry.terraform.io/integrations/github\"]",
      "instances": []
    },
    {
      "mode": "managed",
      "type": "github_repository",
      "name": "looztra__asdf_terraform-docs",
      "provider": "provider[\"registry.terraform.io/integrations/github\"]",
      "instances": []
    },
    {
      "mode": "managed",
      "type": "github_repository",
      "name": "looztra__asdf_terraform-validator",
      "provider": "provider[\"registry.terraform.io/integrations/github\"]",
      "instances": []
    },
    {
      "mode": "managed",
      "type": "github_repository",
      "name": "looztra__asdf_velero",
      "provider": "provider[\"registry.terraform.io/integrations/github\"]",
      "instances": [
        {
          "schema_version": 1,
          "attributes": {
            "allow_auto_merge": false,
            "allow_merge_commit": true,
            "allow_rebase_merge": true,
            "allow_squash_merge": true,
            "allow_update_branch": false,
            "archive_on_destroy": null,
            "archived": false,
            "auto_init": false,
            "default_branch": "main",
            "delete_branch_on_merge": false,
            "description": "Not supported",
            "etag": "W/\"a8cc5fe6d87dc7c4092eb418f199e1c3cc6966e6a0b4b8648c1df7df6db7fcf1\"",
            "full_name": "asdf-vm-hyperupcall/asdf-velero",
            "git_clone_url": "git://github.com/asdf-vm-hyperupcall/asdf-velero.git",
            "gitignore_template": null,
            "has_discussions": false,
            "has_downloads": false,
            "has_issues": false,
            "has_projects": false,
            "has_wiki": false,
            "homepage_url": "",
            "html_url": "https://github.com/asdf-vm-hyperupcall/asdf-velero",
            "http_clone_url": "https://github.com/asdf-vm-hyperupcall/asdf-velero.git",
            "id": "asdf-velero",
            "ignore_vulnerability_alerts_during_read": null,
            "is_template": false,
            "license_template": null,
            "merge_commit_message": "PR_TITLE",
            "merge_commit_title": "MERGE_MESSAGE",
            "name": "asdf-velero",
            "node_id": "R_kgDOJ7Q_CA",
            "pages": [],
            "private": false,
            "repo_id": 666124040,
            "security_and_analysis": [
              {
                "advanced_security": [],
                "secret_scanning": [
                  {
                    "status": "disabled"
                  }
                ],
                "secret_scanning_push_protection": [
                  {
                    "status": "disabled"
                  }
                ]
              }
            ],
            "squash_merge_commit_message": "COMMIT_MESSAGES",
            "squash_merge_commit_title": "COMMIT_OR_PR_TITLE",
            "ssh_clone_url": "git@github.com:asdf-vm-hyperupcall/asdf-velero.git",
            "svn_url": "https://github.com/asdf-vm-hyperupcall/asdf-velero",
            "template": [],
            "topics": null,
            "visibility": "public",
            "vulnerability_alerts": false
          },
          "sensitive_attributes": [],
          "private": "eyJzY2hlbWFfdmVyc2lvbiI6IjEifQ=="
        }
      ]
    },
    {
      "mode": "managed",
      "type": "github_repository",
      "name": "lsanwick__asdf_jq",
      "provider": "provider[\"registry.terraform.io/integrations/github\"]",
      "instances": []
    },
    {
      "mode": "managed",
      "type": "github_repository",
      "name": "luisdavim__asdf_helmsman",
      "provider": "provider[\"registry.terraform.io/integrations/github\"]",
      "instances": []
    },
    {
      "mode": "managed",
      "type": "github_repository",
      "name": "luizm__asdf_shellcheck",
      "provider": "provider[\"registry.terraform.io/integrations/github\"]",
      "instances": []
    },
    {
      "mode": "managed",
      "type": "github_repository",
      "name": "luizm__asdf_shfmt",
      "provider": "provider[\"registry.terraform.io/integrations/github\"]",
      "instances": []
    },
    {
      "mode": "managed",
      "type": "github_repository",
      "name": "lukeab__asdf_datree",
      "provider": "provider[\"registry.terraform.io/integrations/github\"]",
      "instances": []
    },
    {
      "mode": "managed",
      "type": "github_repository",
      "name": "lwiechec__asdf_borg",
      "provider": "provider[\"registry.terraform.io/integrations/github\"]",
      "instances": [
        {
          "schema_version": 1,
          "attributes": {
            "allow_auto_merge": false,
            "allow_merge_commit": true,
            "allow_rebase_merge": true,
            "allow_squash_merge": true,
            "allow_update_branch": false,
            "archive_on_destroy": null,
            "archived": false,
            "auto_init": false,
            "default_branch": "main",
            "delete_branch_on_merge": false,
            "description": "Not supported",
            "etag": "W/\"1fc122cffff679a19e2e3f06a0360b09c27e1004ef57ff4252174bef6ef163cc\"",
            "full_name": "asdf-vm-hyperupcall/asdf-borg",
            "git_clone_url": "git://github.com/asdf-vm-hyperupcall/asdf-borg.git",
            "gitignore_template": null,
            "has_discussions": false,
            "has_downloads": false,
            "has_issues": false,
            "has_projects": false,
            "has_wiki": false,
            "homepage_url": "",
            "html_url": "https://github.com/asdf-vm-hyperupcall/asdf-borg",
            "http_clone_url": "https://github.com/asdf-vm-hyperupcall/asdf-borg.git",
            "id": "asdf-borg",
            "ignore_vulnerability_alerts_during_read": null,
            "is_template": false,
            "license_template": null,
            "merge_commit_message": "PR_TITLE",
            "merge_commit_title": "MERGE_MESSAGE",
            "name": "asdf-borg",
            "node_id": "R_kgDOJ7Q-Bw",
            "pages": [],
            "private": false,
            "repo_id": 666123783,
            "security_and_analysis": [
              {
                "advanced_security": [],
                "secret_scanning": [
                  {
                    "status": "disabled"
                  }
                ],
                "secret_scanning_push_protection": [
                  {
                    "status": "disabled"
                  }
                ]
              }
            ],
            "squash_merge_commit_message": "COMMIT_MESSAGES",
            "squash_merge_commit_title": "COMMIT_OR_PR_TITLE",
            "ssh_clone_url": "git@github.com:asdf-vm-hyperupcall/asdf-borg.git",
            "svn_url": "https://github.com/asdf-vm-hyperupcall/asdf-borg",
            "template": [],
            "topics": null,
            "visibility": "public",
            "vulnerability_alerts": false
          },
          "sensitive_attributes": [],
          "private": "eyJzY2hlbWFfdmVyc2lvbiI6IjEifQ=="
        }
      ]
    },
    {
      "mode": "managed",
      "type": "github_repository",
      "name": "lwiechec__asdf_gum",
      "provider": "provider[\"registry.terraform.io/integrations/github\"]",
      "instances": [
        {
          "schema_version": 1,
          "attributes": {
            "allow_auto_merge": false,
            "allow_merge_commit": true,
            "allow_rebase_merge": true,
            "allow_squash_merge": true,
            "allow_update_branch": false,
            "archive_on_destroy": null,
            "archived": false,
            "auto_init": false,
            "default_branch": "main",
            "delete_branch_on_merge": false,
            "description": "Not supported",
            "etag": "W/\"d688004d243ef8444b2728e3ccc541a98fe9e4f230d26d3326d1c85b603fa6ca\"",
            "full_name": "asdf-vm-hyperupcall/asdf-gum",
            "git_clone_url": "git://github.com/asdf-vm-hyperupcall/asdf-gum.git",
            "gitignore_template": null,
            "has_discussions": false,
            "has_downloads": false,
            "has_issues": false,
            "has_projects": false,
            "has_wiki": false,
            "homepage_url": "",
            "html_url": "https://github.com/asdf-vm-hyperupcall/asdf-gum",
            "http_clone_url": "https://github.com/asdf-vm-hyperupcall/asdf-gum.git",
            "id": "asdf-gum",
            "ignore_vulnerability_alerts_during_read": null,
            "is_template": false,
            "license_template": null,
            "merge_commit_message": "PR_TITLE",
            "merge_commit_title": "MERGE_MESSAGE",
            "name": "asdf-gum",
            "node_id": "R_kgDOJ7RvIg",
            "pages": [],
            "private": false,
            "repo_id": 666136354,
            "security_and_analysis": [
              {
                "advanced_security": [],
                "secret_scanning": [
                  {
                    "status": "disabled"
                  }
                ],
                "secret_scanning_push_protection": [
                  {
                    "status": "disabled"
                  }
                ]
              }
            ],
            "squash_merge_commit_message": "COMMIT_MESSAGES",
            "squash_merge_commit_title": "COMMIT_OR_PR_TITLE",
            "ssh_clone_url": "git@github.com:asdf-vm-hyperupcall/asdf-gum.git",
            "svn_url": "https://github.com/asdf-vm-hyperupcall/asdf-gum",
            "template": [],
            "topics": null,
            "visibility": "public",
            "vulnerability_alerts": false
          },
          "sensitive_attributes": [],
          "private": "eyJzY2hlbWFfdmVyc2lvbiI6IjEifQ=="
        }
      ]
    },
    {
      "mode": "managed",
      "type": "github_repository",
      "name": "m_dango__asdf-raku",
      "provider": "provider[\"registry.terraform.io/integrations/github\"]",
      "instances": [
        {
          "schema_version": 1,
          "attributes": {
            "allow_auto_merge": false,
            "allow_merge_commit": true,
            "allow_rebase_merge": true,
            "allow_squash_merge": true,
            "allow_update_branch": false,
            "archive_on_destroy": null,
            "archived": false,
            "auto_init": false,
            "default_branch": "main",
            "delete_branch_on_merge": false,
            "description": "Not supported",
            "etag": "W/\"33f4c5736508903ede1a090a42897e7fc3c5f41a8127ee04501533d0e6e44495\"",
            "full_name": "asdf-vm-hyperupcall/asdf-raku",
            "git_clone_url": "git://github.com/asdf-vm-hyperupcall/asdf-raku.git",
            "gitignore_template": null,
            "has_discussions": false,
            "has_downloads": false,
            "has_issues": false,
            "has_projects": false,
            "has_wiki": false,
            "homepage_url": "",
            "html_url": "https://github.com/asdf-vm-hyperupcall/asdf-raku",
            "http_clone_url": "https://github.com/asdf-vm-hyperupcall/asdf-raku.git",
            "id": "asdf-raku",
            "ignore_vulnerability_alerts_during_read": null,
            "is_template": false,
            "license_template": null,
            "merge_commit_message": "PR_TITLE",
            "merge_commit_title": "MERGE_MESSAGE",
            "name": "asdf-raku",
            "node_id": "R_kgDOJ7R6pw",
            "pages": [],
            "private": false,
            "repo_id": 666139303,
            "security_and_analysis": [
              {
                "advanced_security": [],
                "secret_scanning": [
                  {
                    "status": "disabled"
                  }
                ],
                "secret_scanning_push_protection": [
                  {
                    "status": "disabled"
                  }
                ]
              }
            ],
            "squash_merge_commit_message": "COMMIT_MESSAGES",
            "squash_merge_commit_title": "COMMIT_OR_PR_TITLE",
            "ssh_clone_url": "git@github.com:asdf-vm-hyperupcall/asdf-raku.git",
            "svn_url": "https://github.com/asdf-vm-hyperupcall/asdf-raku",
            "template": [],
            "topics": null,
            "visibility": "public",
            "vulnerability_alerts": false
          },
          "sensitive_attributes": [],
          "private": "eyJzY2hlbWFfdmVyc2lvbiI6IjEifQ=="
        }
      ]
    },
    {
      "mode": "managed",
      "type": "github_repository",
      "name": "mangalakader__asdf_imagemagick",
      "provider": "provider[\"registry.terraform.io/integrations/github\"]",
      "instances": []
    },
    {
      "mode": "managed",
      "type": "github_repository",
      "name": "maristgeek__asdf_doctl",
      "provider": "provider[\"registry.terraform.io/integrations/github\"]",
      "instances": []
    },
    {
      "mode": "managed",
      "type": "github_repository",
      "name": "martinlindner__asdf_terramate",
      "provider": "provider[\"registry.terraform.io/integrations/github\"]",
      "instances": [
        {
          "schema_version": 1,
          "attributes": {
            "allow_auto_merge": false,
            "allow_merge_commit": true,
            "allow_rebase_merge": true,
            "allow_squash_merge": true,
            "allow_update_branch": false,
            "archive_on_destroy": null,
            "archived": false,
            "auto_init": false,
            "default_branch": "main",
            "delete_branch_on_merge": false,
            "description": "Not supported",
            "etag": "W/\"81db6b649e3c0db82f918718a93b990471442e7b0d3958d8976a58a6ab5d81c0\"",
            "full_name": "asdf-vm-hyperupcall/asdf-terramate",
            "git_clone_url": "git://github.com/asdf-vm-hyperupcall/asdf-terramate.git",
            "gitignore_template": null,
            "has_discussions": false,
            "has_downloads": false,
            "has_issues": false,
            "has_projects": false,
            "has_wiki": false,
            "homepage_url": "",
            "html_url": "https://github.com/asdf-vm-hyperupcall/asdf-terramate",
            "http_clone_url": "https://github.com/asdf-vm-hyperupcall/asdf-terramate.git",
            "id": "asdf-terramate",
            "ignore_vulnerability_alerts_during_read": null,
            "is_template": false,
            "license_template": null,
            "merge_commit_message": "PR_TITLE",
            "merge_commit_title": "MERGE_MESSAGE",
            "name": "asdf-terramate",
            "node_id": "R_kgDOJ7R2XA",
            "pages": [],
            "private": false,
            "repo_id": 666138204,
            "security_and_analysis": [
              {
                "advanced_security": [],
                "secret_scanning": [
                  {
                    "status": "disabled"
                  }
                ],
                "secret_scanning_push_protection": [
                  {
                    "status": "disabled"
                  }
                ]
              }
            ],
            "squash_merge_commit_message": "COMMIT_MESSAGES",
            "squash_merge_commit_title": "COMMIT_OR_PR_TITLE",
            "ssh_clone_url": "git@github.com:asdf-vm-hyperupcall/asdf-terramate.git",
            "svn_url": "https://github.com/asdf-vm-hyperupcall/asdf-terramate",
            "template": [],
            "topics": null,
            "visibility": "public",
            "vulnerability_alerts": false
          },
          "sensitive_attributes": [],
          "private": "eyJzY2hlbWFfdmVyc2lvbiI6IjEifQ=="
        }
      ]
    },
    {
      "mode": "managed",
      "type": "github_repository",
      "name": "mathew_fleisch__asdf-bashbot",
      "provider": "provider[\"registry.terraform.io/integrations/github\"]",
      "instances": []
    },
    {
      "mode": "managed",
      "type": "github_repository",
      "name": "mathew_fleisch__asdf-cfssl",
      "provider": "provider[\"registry.terraform.io/integrations/github\"]",
      "instances": []
    },
    {
      "mode": "managed",
      "type": "github_repository",
      "name": "mathew_fleisch__asdf-dockle",
      "provider": "provider[\"registry.terraform.io/integrations/github\"]",
      "instances": []
    },
    {
      "mode": "managed",
      "type": "github_repository",
      "name": "mathew_fleisch__asdf-mage",
      "provider": "provider[\"registry.terraform.io/integrations/github\"]",
      "instances": [
        {
          "schema_version": 1,
          "attributes": {
            "allow_auto_merge": false,
            "allow_merge_commit": true,
            "allow_rebase_merge": true,
            "allow_squash_merge": true,
            "allow_update_branch": false,
            "archive_on_destroy": null,
            "archived": false,
            "auto_init": false,
            "default_branch": "main",
            "delete_branch_on_merge": false,
            "description": "Not supported",
            "etag": "W/\"65165d52e4d90dab40e8fea987ed8de847fa631b7ed167f1656b90a92f485256\"",
            "full_name": "asdf-vm-hyperupcall/asdf-mage",
            "git_clone_url": "git://github.com/asdf-vm-hyperupcall/asdf-mage.git",
            "gitignore_template": null,
            "has_discussions": false,
            "has_downloads": false,
            "has_issues": false,
            "has_projects": false,
            "has_wiki": false,
            "homepage_url": "",
            "html_url": "https://github.com/asdf-vm-hyperupcall/asdf-mage",
            "http_clone_url": "https://github.com/asdf-vm-hyperupcall/asdf-mage.git",
            "id": "asdf-mage",
            "ignore_vulnerability_alerts_during_read": null,
            "is_template": false,
            "license_template": null,
            "merge_commit_message": "PR_TITLE",
            "merge_commit_title": "MERGE_MESSAGE",
            "name": "asdf-mage",
            "node_id": "R_kgDOJ7RABw",
            "pages": [],
            "private": false,
            "repo_id": 666124295,
            "security_and_analysis": [
              {
                "advanced_security": [],
                "secret_scanning": [
                  {
                    "status": "disabled"
                  }
                ],
                "secret_scanning_push_protection": [
                  {
                    "status": "disabled"
                  }
                ]
              }
            ],
            "squash_merge_commit_message": "COMMIT_MESSAGES",
            "squash_merge_commit_title": "COMMIT_OR_PR_TITLE",
            "ssh_clone_url": "git@github.com:asdf-vm-hyperupcall/asdf-mage.git",
            "svn_url": "https://github.com/asdf-vm-hyperupcall/asdf-mage",
            "template": [],
            "topics": null,
            "visibility": "public",
            "vulnerability_alerts": false
          },
          "sensitive_attributes": [],
          "private": "eyJzY2hlbWFfdmVyc2lvbiI6IjEifQ=="
        }
      ]
    },
    {
      "mode": "managed",
      "type": "github_repository",
      "name": "mathew_fleisch__asdf-semver",
      "provider": "provider[\"registry.terraform.io/integrations/github\"]",
      "instances": []
    },
    {
      "mode": "managed",
      "type": "github_repository",
      "name": "mattysweeps__asdf_cf",
      "provider": "provider[\"registry.terraform.io/integrations/github\"]",
      "instances": [
        {
          "schema_version": 1,
          "attributes": {
            "allow_auto_merge": false,
            "allow_merge_commit": true,
            "allow_rebase_merge": true,
            "allow_squash_merge": true,
            "allow_update_branch": false,
            "archive_on_destroy": null,
            "archived": false,
            "auto_init": false,
            "default_branch": "main",
            "delete_branch_on_merge": false,
            "description": "Not supported",
            "etag": "W/\"aa96d3489ff91a0f2107b2576e890edbf020466f657f3416c93599129c9c1076\"",
            "full_name": "asdf-vm-hyperupcall/asdf-cf",
            "git_clone_url": "git://github.com/asdf-vm-hyperupcall/asdf-cf.git",
            "gitignore_template": null,
            "has_discussions": false,
            "has_downloads": false,
            "has_issues": false,
            "has_projects": false,
            "has_wiki": false,
            "homepage_url": "",
            "html_url": "https://github.com/asdf-vm-hyperupcall/asdf-cf",
            "http_clone_url": "https://github.com/asdf-vm-hyperupcall/asdf-cf.git",
            "id": "asdf-cf",
            "ignore_vulnerability_alerts_during_read": null,
            "is_template": false,
            "license_template": null,
            "merge_commit_message": "PR_TITLE",
            "merge_commit_title": "MERGE_MESSAGE",
            "name": "asdf-cf",
            "node_id": "R_kgDOJ7RzHg",
            "pages": [],
            "private": false,
            "repo_id": 666137374,
            "security_and_analysis": [
              {
                "advanced_security": [],
                "secret_scanning": [
                  {
                    "status": "disabled"
                  }
                ],
                "secret_scanning_push_protection": [
                  {
                    "status": "disabled"
                  }
                ]
              }
            ],
            "squash_merge_commit_message": "COMMIT_MESSAGES",
            "squash_merge_commit_title": "COMMIT_OR_PR_TITLE",
            "ssh_clone_url": "git@github.com:asdf-vm-hyperupcall/asdf-cf.git",
            "svn_url": "https://github.com/asdf-vm-hyperupcall/asdf-cf",
            "template": [],
            "topics": null,
            "visibility": "public",
            "vulnerability_alerts": false
          },
          "sensitive_attributes": [],
          "private": "eyJzY2hlbWFfdmVyc2lvbiI6IjEifQ=="
        }
      ]
    },
    {
      "mode": "managed",
      "type": "github_repository",
      "name": "mattysweeps__asdf_concourse",
      "provider": "provider[\"registry.terraform.io/integrations/github\"]",
      "instances": []
    },
    {
      "mode": "managed",
      "type": "github_repository",
      "name": "mbutov__asdf_tomcat",
      "provider": "provider[\"registry.terraform.io/integrations/github\"]",
      "instances": [
        {
          "schema_version": 1,
          "attributes": {
            "allow_auto_merge": false,
            "allow_merge_commit": true,
            "allow_rebase_merge": true,
            "allow_squash_merge": true,
            "allow_update_branch": false,
            "archive_on_destroy": null,
            "archived": false,
            "auto_init": false,
            "default_branch": "main",
            "delete_branch_on_merge": false,
            "description": "Not supported",
            "etag": "W/\"4237d262b2d79331d15dce2e397a39a09890ea974b36efcdd48634bf350f48e6\"",
            "full_name": "asdf-vm-hyperupcall/asdf-tomcat",
            "git_clone_url": "git://github.com/asdf-vm-hyperupcall/asdf-tomcat.git",
            "gitignore_template": null,
            "has_discussions": false,
            "has_downloads": false,
            "has_issues": false,
            "has_projects": false,
            "has_wiki": false,
            "homepage_url": "",
            "html_url": "https://github.com/asdf-vm-hyperupcall/asdf-tomcat",
            "http_clone_url": "https://github.com/asdf-vm-hyperupcall/asdf-tomcat.git",
            "id": "asdf-tomcat",
            "ignore_vulnerability_alerts_during_read": null,
            "is_template": false,
            "license_template": null,
            "merge_commit_message": "PR_TITLE",
            "merge_commit_title": "MERGE_MESSAGE",
            "name": "asdf-tomcat",
            "node_id": "R_kgDOJ7R1VQ",
            "pages": [],
            "private": false,
            "repo_id": 666137941,
            "security_and_analysis": [
              {
                "advanced_security": [],
                "secret_scanning": [
                  {
                    "status": "disabled"
                  }
                ],
                "secret_scanning_push_protection": [
                  {
                    "status": "disabled"
                  }
                ]
              }
            ],
            "squash_merge_commit_message": "COMMIT_MESSAGES",
            "squash_merge_commit_title": "COMMIT_OR_PR_TITLE",
            "ssh_clone_url": "git@github.com:asdf-vm-hyperupcall/asdf-tomcat.git",
            "svn_url": "https://github.com/asdf-vm-hyperupcall/asdf-tomcat",
            "template": [],
            "topics": null,
            "visibility": "public",
            "vulnerability_alerts": false
          },
          "sensitive_attributes": [],
          "private": "eyJzY2hlbWFfdmVyc2lvbiI6IjEifQ=="
        }
      ]
    },
    {
      "mode": "managed",
      "type": "github_repository",
      "name": "mfakane__asdf_nano",
      "provider": "provider[\"registry.terraform.io/integrations/github\"]",
      "instances": [
        {
          "schema_version": 1,
          "attributes": {
            "allow_auto_merge": false,
            "allow_merge_commit": true,
            "allow_rebase_merge": true,
            "allow_squash_merge": true,
            "allow_update_branch": false,
            "archive_on_destroy": null,
            "archived": false,
            "auto_init": false,
            "default_branch": "main",
            "delete_branch_on_merge": false,
            "description": "Not supported",
            "etag": "W/\"0cdd406300ffaf46fa1784b9990657c68ecd2eb4454f9b2fc098c3b2f366a04f\"",
            "full_name": "asdf-vm-hyperupcall/asdf-nano",
            "git_clone_url": "git://github.com/asdf-vm-hyperupcall/asdf-nano.git",
            "gitignore_template": null,
            "has_discussions": false,
            "has_downloads": false,
            "has_issues": false,
            "has_projects": false,
            "has_wiki": false,
            "homepage_url": "",
            "html_url": "https://github.com/asdf-vm-hyperupcall/asdf-nano",
            "http_clone_url": "https://github.com/asdf-vm-hyperupcall/asdf-nano.git",
            "id": "asdf-nano",
            "ignore_vulnerability_alerts_during_read": null,
            "is_template": false,
            "license_template": null,
            "merge_commit_message": "PR_TITLE",
            "merge_commit_title": "MERGE_MESSAGE",
            "name": "asdf-nano",
            "node_id": "R_kgDOJ7RuAw",
            "pages": [],
            "private": false,
            "repo_id": 666136067,
            "security_and_analysis": [
              {
                "advanced_security": [],
                "secret_scanning": [
                  {
                    "status": "disabled"
                  }
                ],
                "secret_scanning_push_protection": [
                  {
                    "status": "disabled"
                  }
                ]
              }
            ],
            "squash_merge_commit_message": "COMMIT_MESSAGES",
            "squash_merge_commit_title": "COMMIT_OR_PR_TITLE",
            "ssh_clone_url": "git@github.com:asdf-vm-hyperupcall/asdf-nano.git",
            "svn_url": "https://github.com/asdf-vm-hyperupcall/asdf-nano",
            "template": [],
            "topics": null,
            "visibility": "public",
            "vulnerability_alerts": false
          },
          "sensitive_attributes": [],
          "private": "eyJzY2hlbWFfdmVyc2lvbiI6IjEifQ=="
        }
      ]
    },
    {
      "mode": "managed",
      "type": "github_repository",
      "name": "mint_lang__asdf-mint",
      "provider": "provider[\"registry.terraform.io/integrations/github\"]",
      "instances": []
    },
    {
      "mode": "managed",
      "type": "github_repository",
      "name": "mintel__asdf_chamber",
      "provider": "provider[\"registry.terraform.io/integrations/github\"]",
      "instances": [
        {
          "schema_version": 1,
          "attributes": {
            "allow_auto_merge": false,
            "allow_merge_commit": true,
            "allow_rebase_merge": true,
            "allow_squash_merge": true,
            "allow_update_branch": false,
            "archive_on_destroy": null,
            "archived": false,
            "auto_init": false,
            "default_branch": "main",
            "delete_branch_on_merge": false,
            "description": "Not supported",
            "etag": "W/\"c75328d27d8e13f688292c3840326751be28c4c78ccff2861733bb468206d3e9\"",
            "full_name": "asdf-vm-hyperupcall/asdf-chamber",
            "git_clone_url": "git://github.com/asdf-vm-hyperupcall/asdf-chamber.git",
            "gitignore_template": null,
            "has_discussions": false,
            "has_downloads": false,
            "has_issues": false,
            "has_projects": false,
            "has_wiki": false,
            "homepage_url": "",
            "html_url": "https://github.com/asdf-vm-hyperupcall/asdf-chamber",
            "http_clone_url": "https://github.com/asdf-vm-hyperupcall/asdf-chamber.git",
            "id": "asdf-chamber",
            "ignore_vulnerability_alerts_during_read": null,
            "is_template": false,
            "license_template": null,
            "merge_commit_message": "PR_TITLE",
            "merge_commit_title": "MERGE_MESSAGE",
            "name": "asdf-chamber",
            "node_id": "R_kgDOJ7RE3w",
            "pages": [],
            "private": false,
            "repo_id": 666125535,
            "security_and_analysis": [
              {
                "advanced_security": [],
                "secret_scanning": [
                  {
                    "status": "disabled"
                  }
                ],
                "secret_scanning_push_protection": [
                  {
                    "status": "disabled"
                  }
                ]
              }
            ],
            "squash_merge_commit_message": "COMMIT_MESSAGES",
            "squash_merge_commit_title": "COMMIT_OR_PR_TITLE",
            "ssh_clone_url": "git@github.com:asdf-vm-hyperupcall/asdf-chamber.git",
            "svn_url": "https://github.com/asdf-vm-hyperupcall/asdf-chamber",
            "template": [],
            "topics": null,
            "visibility": "public",
            "vulnerability_alerts": false
          },
          "sensitive_attributes": [],
          "private": "eyJzY2hlbWFfdmVyc2lvbiI6IjEifQ=="
        }
      ]
    },
    {
      "mode": "managed",
      "type": "github_repository",
      "name": "miorimmax__asdf_lein",
      "provider": "provider[\"registry.terraform.io/integrations/github\"]",
      "instances": []
    },
    {
      "mode": "managed",
      "type": "github_repository",
      "name": "moritz_makandra__asdf-plugin-qdns",
      "provider": "provider[\"registry.terraform.io/integrations/github\"]",
      "instances": []
    },
    {
      "mode": "managed",
      "type": "github_repository",
      "name": "mpalmer__action_validator",
      "provider": "provider[\"registry.terraform.io/integrations/github\"]",
      "instances": [
        {
          "schema_version": 1,
          "attributes": {
            "allow_auto_merge": false,
            "allow_merge_commit": true,
            "allow_rebase_merge": true,
            "allow_squash_merge": true,
            "allow_update_branch": false,
            "archive_on_destroy": null,
            "archived": false,
            "auto_init": false,
            "default_branch": "main",
            "delete_branch_on_merge": false,
            "description": "Not supported",
            "etag": "W/\"bc3c855a471b312c65bc0aa8c62b23170cdedb14e707d14d457a9966c67c659f\"",
            "full_name": "asdf-vm-hyperupcall/asdf-action-validator",
            "git_clone_url": "git://github.com/asdf-vm-hyperupcall/asdf-action-validator.git",
            "gitignore_template": null,
            "has_discussions": false,
            "has_downloads": false,
            "has_issues": false,
            "has_projects": false,
            "has_wiki": false,
            "homepage_url": "",
            "html_url": "https://github.com/asdf-vm-hyperupcall/asdf-action-validator",
            "http_clone_url": "https://github.com/asdf-vm-hyperupcall/asdf-action-validator.git",
            "id": "asdf-action-validator",
            "ignore_vulnerability_alerts_during_read": null,
            "is_template": false,
            "license_template": null,
            "merge_commit_message": "PR_TITLE",
            "merge_commit_title": "MERGE_MESSAGE",
            "name": "asdf-action-validator",
            "node_id": "R_kgDOJ7RDfQ",
            "pages": [],
            "private": false,
            "repo_id": 666125181,
            "security_and_analysis": [
              {
                "advanced_security": [],
                "secret_scanning": [
                  {
                    "status": "disabled"
                  }
                ],
                "secret_scanning_push_protection": [
                  {
                    "status": "disabled"
                  }
                ]
              }
            ],
            "squash_merge_commit_message": "COMMIT_MESSAGES",
            "squash_merge_commit_title": "COMMIT_OR_PR_TITLE",
            "ssh_clone_url": "git@github.com:asdf-vm-hyperupcall/asdf-action-validator.git",
            "svn_url": "https://github.com/asdf-vm-hyperupcall/asdf-action-validator",
            "template": [],
            "topics": null,
            "visibility": "public",
            "vulnerability_alerts": false
          },
          "sensitive_attributes": [],
          "private": "eyJzY2hlbWFfdmVyc2lvbiI6IjEifQ=="
        }
      ]
    },
    {
      "mode": "managed",
      "type": "github_repository",
      "name": "mracos__asdf_io",
      "provider": "provider[\"registry.terraform.io/integrations/github\"]",
      "instances": []
    },
    {
      "mode": "managed",
      "type": "github_repository",
      "name": "mracos__asdf_swiprolog",
      "provider": "provider[\"registry.terraform.io/integrations/github\"]",
      "instances": [
        {
          "schema_version": 1,
          "attributes": {
            "allow_auto_merge": false,
            "allow_merge_commit": true,
            "allow_rebase_merge": true,
            "allow_squash_merge": true,
            "allow_update_branch": false,
            "archive_on_destroy": null,
            "archived": false,
            "auto_init": false,
            "default_branch": "main",
            "delete_branch_on_merge": false,
            "description": "Not supported",
            "etag": "W/\"ef34074b75c409074377d930f09fe227425249338ba1670a2deb2423cb296d15\"",
            "full_name": "asdf-vm-hyperupcall/asdf-swiprolog",
            "git_clone_url": "git://github.com/asdf-vm-hyperupcall/asdf-swiprolog.git",
            "gitignore_template": null,
            "has_discussions": false,
            "has_downloads": false,
            "has_issues": false,
            "has_projects": false,
            "has_wiki": false,
            "homepage_url": "",
            "html_url": "https://github.com/asdf-vm-hyperupcall/asdf-swiprolog",
            "http_clone_url": "https://github.com/asdf-vm-hyperupcall/asdf-swiprolog.git",
            "id": "asdf-swiprolog",
            "ignore_vulnerability_alerts_during_read": null,
            "is_template": false,
            "license_template": null,
            "merge_commit_message": "PR_TITLE",
            "merge_commit_title": "MERGE_MESSAGE",
            "name": "asdf-swiprolog",
            "node_id": "R_kgDOJ7R1YQ",
            "pages": [],
            "private": false,
            "repo_id": 666137953,
            "security_and_analysis": [
              {
                "advanced_security": [],
                "secret_scanning": [
                  {
                    "status": "disabled"
                  }
                ],
                "secret_scanning_push_protection": [
                  {
                    "status": "disabled"
                  }
                ]
              }
            ],
            "squash_merge_commit_message": "COMMIT_MESSAGES",
            "squash_merge_commit_title": "COMMIT_OR_PR_TITLE",
            "ssh_clone_url": "git@github.com:asdf-vm-hyperupcall/asdf-swiprolog.git",
            "svn_url": "https://github.com/asdf-vm-hyperupcall/asdf-swiprolog",
            "template": [],
            "topics": null,
            "visibility": "public",
            "vulnerability_alerts": false
          },
          "sensitive_attributes": [],
          "private": "eyJzY2hlbWFfdmVyc2lvbiI6IjEifQ=="
        }
      ]
    },
    {
      "mode": "managed",
      "type": "github_repository",
      "name": "nikever__asdf_starport",
      "provider": "provider[\"registry.terraform.io/integrations/github\"]",
      "instances": []
    },
    {
      "mode": "managed",
      "type": "github_repository",
      "name": "nirfuchs__asdf_snyk",
      "provider": "provider[\"registry.terraform.io/integrations/github\"]",
      "instances": []
    },
    {
      "mode": "managed",
      "type": "github_repository",
      "name": "nklmilojevic__asdf_hugo",
      "provider": "provider[\"registry.terraform.io/integrations/github\"]",
      "instances": [
        {
          "schema_version": 1,
          "attributes": {
            "allow_auto_merge": false,
            "allow_merge_commit": true,
            "allow_rebase_merge": true,
            "allow_squash_merge": true,
            "allow_update_branch": false,
            "archive_on_destroy": null,
            "archived": false,
            "auto_init": false,
            "default_branch": "main",
            "delete_branch_on_merge": false,
            "description": "Not supported",
            "etag": "W/\"8f97c7ec4296406ea275acd0944e503d879eb2e185a06cf7a47582bde45cff10\"",
            "full_name": "asdf-vm-hyperupcall/asdf-hugo",
            "git_clone_url": "git://github.com/asdf-vm-hyperupcall/asdf-hugo.git",
            "gitignore_template": null,
            "has_discussions": false,
            "has_downloads": false,
            "has_issues": false,
            "has_projects": false,
            "has_wiki": false,
            "homepage_url": "",
            "html_url": "https://github.com/asdf-vm-hyperupcall/asdf-hugo",
            "http_clone_url": "https://github.com/asdf-vm-hyperupcall/asdf-hugo.git",
            "id": "asdf-hugo",
            "ignore_vulnerability_alerts_during_read": null,
            "is_template": false,
            "license_template": null,
            "merge_commit_message": "PR_TITLE",
            "merge_commit_title": "MERGE_MESSAGE",
            "name": "asdf-hugo",
            "node_id": "R_kgDOJ7RAWw",
            "pages": [],
            "private": false,
            "repo_id": 666124379,
            "security_and_analysis": [
              {
                "advanced_security": [],
                "secret_scanning": [
                  {
                    "status": "disabled"
                  }
                ],
                "secret_scanning_push_protection": [
                  {
                    "status": "disabled"
                  }
                ]
              }
            ],
            "squash_merge_commit_message": "COMMIT_MESSAGES",
            "squash_merge_commit_title": "COMMIT_OR_PR_TITLE",
            "ssh_clone_url": "git@github.com:asdf-vm-hyperupcall/asdf-hugo.git",
            "svn_url": "https://github.com/asdf-vm-hyperupcall/asdf-hugo",
            "template": [],
            "topics": null,
            "visibility": "public",
            "vulnerability_alerts": false
          },
          "sensitive_attributes": [],
          "private": "eyJzY2hlbWFfdmVyc2lvbiI6IjEifQ=="
        }
      ]
    },
    {
      "mode": "managed",
      "type": "github_repository",
      "name": "nklmilojevic__asdf_lazygit",
      "provider": "provider[\"registry.terraform.io/integrations/github\"]",
      "instances": []
    },
    {
      "mode": "managed",
      "type": "github_repository",
      "name": "nklmilojevic__asdf_skaffold",
      "provider": "provider[\"registry.terraform.io/integrations/github\"]",
      "instances": []
    },
    {
      "mode": "managed",
      "type": "github_repository",
      "name": "nlamirault__asdf_driftctl",
      "provider": "provider[\"registry.terraform.io/integrations/github\"]",
      "instances": [
        {
          "schema_version": 1,
          "attributes": {
            "allow_auto_merge": false,
            "allow_merge_commit": true,
            "allow_rebase_merge": true,
            "allow_squash_merge": true,
            "allow_update_branch": false,
            "archive_on_destroy": null,
            "archived": false,
            "auto_init": false,
            "default_branch": "main",
            "delete_branch_on_merge": false,
            "description": "Not supported",
            "etag": "W/\"5ddf70d913b5b488975c39bbd37bd0e63bf7856a7e0882444b4a2c529ca1bdc4\"",
            "full_name": "asdf-vm-hyperupcall/asdf-driftctl",
            "git_clone_url": "git://github.com/asdf-vm-hyperupcall/asdf-driftctl.git",
            "gitignore_template": null,
            "has_discussions": false,
            "has_downloads": false,
            "has_issues": false,
            "has_projects": false,
            "has_wiki": false,
            "homepage_url": "",
            "html_url": "https://github.com/asdf-vm-hyperupcall/asdf-driftctl",
            "http_clone_url": "https://github.com/asdf-vm-hyperupcall/asdf-driftctl.git",
            "id": "asdf-driftctl",
            "ignore_vulnerability_alerts_during_read": null,
            "is_template": false,
            "license_template": null,
            "merge_commit_message": "PR_TITLE",
            "merge_commit_title": "MERGE_MESSAGE",
            "name": "asdf-driftctl",
            "node_id": "R_kgDOJ7RBfA",
            "pages": [],
            "private": false,
            "repo_id": 666124668,
            "security_and_analysis": [
              {
                "advanced_security": [],
                "secret_scanning": [
                  {
                    "status": "disabled"
                  }
                ],
                "secret_scanning_push_protection": [
                  {
                    "status": "disabled"
                  }
                ]
              }
            ],
            "squash_merge_commit_message": "COMMIT_MESSAGES",
            "squash_merge_commit_title": "COMMIT_OR_PR_TITLE",
            "ssh_clone_url": "git@github.com:asdf-vm-hyperupcall/asdf-driftctl.git",
            "svn_url": "https://github.com/asdf-vm-hyperupcall/asdf-driftctl",
            "template": [],
            "topics": null,
            "visibility": "public",
            "vulnerability_alerts": false
          },
          "sensitive_attributes": [],
          "private": "eyJzY2hlbWFfdmVyc2lvbiI6IjEifQ=="
        }
      ]
    },
    {
      "mode": "managed",
      "type": "github_repository",
      "name": "nlamirault__asdf_inlets",
      "provider": "provider[\"registry.terraform.io/integrations/github\"]",
      "instances": []
    },
    {
      "mode": "managed",
      "type": "github_repository",
      "name": "nlamirault__asdf_kpt",
      "provider": "provider[\"registry.terraform.io/integrations/github\"]",
      "instances": []
    },
    {
      "mode": "managed",
      "type": "github_repository",
      "name": "nlamirault__asdf_osm",
      "provider": "provider[\"registry.terraform.io/integrations/github\"]",
      "instances": [
        {
          "schema_version": 1,
          "attributes": {
            "allow_auto_merge": false,
            "allow_merge_commit": true,
            "allow_rebase_merge": true,
            "allow_squash_merge": true,
            "allow_update_branch": false,
            "archive_on_destroy": null,
            "archived": false,
            "auto_init": false,
            "default_branch": "main",
            "delete_branch_on_merge": false,
            "description": "Not supported",
            "etag": "W/\"d415da7e476a64a3e3f85a68be50566a497616ca8a92b47604cc16d26ce1ea1f\"",
            "full_name": "asdf-vm-hyperupcall/asdf-osm",
            "git_clone_url": "git://github.com/asdf-vm-hyperupcall/asdf-osm.git",
            "gitignore_template": null,
            "has_discussions": false,
            "has_downloads": false,
            "has_issues": false,
            "has_projects": false,
            "has_wiki": false,
            "homepage_url": "",
            "html_url": "https://github.com/asdf-vm-hyperupcall/asdf-osm",
            "http_clone_url": "https://github.com/asdf-vm-hyperupcall/asdf-osm.git",
            "id": "asdf-osm",
            "ignore_vulnerability_alerts_during_read": null,
            "is_template": false,
            "license_template": null,
            "merge_commit_message": "PR_TITLE",
            "merge_commit_title": "MERGE_MESSAGE",
            "name": "asdf-osm",
            "node_id": "R_kgDOJ7Q6QA",
            "pages": [],
            "private": false,
            "repo_id": 666122816,
            "security_and_analysis": [
              {
                "advanced_security": [],
                "secret_scanning": [
                  {
                    "status": "disabled"
                  }
                ],
                "secret_scanning_push_protection": [
                  {
                    "status": "disabled"
                  }
                ]
              }
            ],
            "squash_merge_commit_message": "COMMIT_MESSAGES",
            "squash_merge_commit_title": "COMMIT_OR_PR_TITLE",
            "ssh_clone_url": "git@github.com:asdf-vm-hyperupcall/asdf-osm.git",
            "svn_url": "https://github.com/asdf-vm-hyperupcall/asdf-osm",
            "template": [],
            "topics": null,
            "visibility": "public",
            "vulnerability_alerts": false
          },
          "sensitive_attributes": [],
          "private": "eyJzY2hlbWFfdmVyc2lvbiI6IjEifQ=="
        }
      ]
    },
    {
      "mode": "managed",
      "type": "github_repository",
      "name": "nlamirault__asdf_popeye",
      "provider": "provider[\"registry.terraform.io/integrations/github\"]",
      "instances": [
        {
          "schema_version": 1,
          "attributes": {
            "allow_auto_merge": false,
            "allow_merge_commit": true,
            "allow_rebase_merge": true,
            "allow_squash_merge": true,
            "allow_update_branch": false,
            "archive_on_destroy": null,
            "archived": false,
            "auto_init": false,
            "default_branch": "main",
            "delete_branch_on_merge": false,
            "description": "Not supported",
            "etag": "W/\"8e5937234206cef4e7e05f088e3752403900717f5f78920d5ca3f73480db115c\"",
            "full_name": "asdf-vm-hyperupcall/asdf-popeye",
            "git_clone_url": "git://github.com/asdf-vm-hyperupcall/asdf-popeye.git",
            "gitignore_template": null,
            "has_discussions": false,
            "has_downloads": false,
            "has_issues": false,
            "has_projects": false,
            "has_wiki": false,
            "homepage_url": "",
            "html_url": "https://github.com/asdf-vm-hyperupcall/asdf-popeye",
            "http_clone_url": "https://github.com/asdf-vm-hyperupcall/asdf-popeye.git",
            "id": "asdf-popeye",
            "ignore_vulnerability_alerts_during_read": null,
            "is_template": false,
            "license_template": null,
            "merge_commit_message": "PR_TITLE",
            "merge_commit_title": "MERGE_MESSAGE",
            "name": "asdf-popeye",
            "node_id": "R_kgDOJ7Q4MA",
            "pages": [],
            "private": false,
            "repo_id": 666122288,
            "security_and_analysis": [
              {
                "advanced_security": [],
                "secret_scanning": [
                  {
                    "status": "disabled"
                  }
                ],
                "secret_scanning_push_protection": [
                  {
                    "status": "disabled"
                  }
                ]
              }
            ],
            "squash_merge_commit_message": "COMMIT_MESSAGES",
            "squash_merge_commit_title": "COMMIT_OR_PR_TITLE",
            "ssh_clone_url": "git@github.com:asdf-vm-hyperupcall/asdf-popeye.git",
            "svn_url": "https://github.com/asdf-vm-hyperupcall/asdf-popeye",
            "template": [],
            "topics": null,
            "visibility": "public",
            "vulnerability_alerts": false
          },
          "sensitive_attributes": [],
          "private": "eyJzY2hlbWFfdmVyc2lvbiI6IjEifQ=="
        }
      ]
    },
    {
      "mode": "managed",
      "type": "github_repository",
      "name": "nsaunders__asdf_psc-package",
      "provider": "provider[\"registry.terraform.io/integrations/github\"]",
      "instances": [
        {
          "schema_version": 1,
          "attributes": {
            "allow_auto_merge": false,
            "allow_merge_commit": true,
            "allow_rebase_merge": true,
            "allow_squash_merge": true,
            "allow_update_branch": false,
            "archive_on_destroy": null,
            "archived": false,
            "auto_init": false,
            "default_branch": "main",
            "delete_branch_on_merge": false,
            "description": "Not supported",
            "etag": "W/\"a58dd52fe95a6d6fc3fb15ca67c0b608b9ac3b2da8846d2a3d48ed00191d814f\"",
            "full_name": "asdf-vm-hyperupcall/asdf-psc-package",
            "git_clone_url": "git://github.com/asdf-vm-hyperupcall/asdf-psc-package.git",
            "gitignore_template": null,
            "has_discussions": false,
            "has_downloads": false,
            "has_issues": false,
            "has_projects": false,
            "has_wiki": false,
            "homepage_url": "",
            "html_url": "https://github.com/asdf-vm-hyperupcall/asdf-psc-package",
            "http_clone_url": "https://github.com/asdf-vm-hyperupcall/asdf-psc-package.git",
            "id": "asdf-psc-package",
            "ignore_vulnerability_alerts_during_read": null,
            "is_template": false,
            "license_template": null,
            "merge_commit_message": "PR_TITLE",
            "merge_commit_title": "MERGE_MESSAGE",
            "name": "asdf-psc-package",
            "node_id": "R_kgDOJ7Q9uw",
            "pages": [],
            "private": false,
            "repo_id": 666123707,
            "security_and_analysis": [
              {
                "advanced_security": [],
                "secret_scanning": [
                  {
                    "status": "disabled"
                  }
                ],
                "secret_scanning_push_protection": [
                  {
                    "status": "disabled"
                  }
                ]
              }
            ],
            "squash_merge_commit_message": "COMMIT_MESSAGES",
            "squash_merge_commit_title": "COMMIT_OR_PR_TITLE",
            "ssh_clone_url": "git@github.com:asdf-vm-hyperupcall/asdf-psc-package.git",
            "svn_url": "https://github.com/asdf-vm-hyperupcall/asdf-psc-package",
            "template": [],
            "topics": null,
            "visibility": "public",
            "vulnerability_alerts": false
          },
          "sensitive_attributes": [],
          "private": "eyJzY2hlbWFfdmVyc2lvbiI6IjEifQ=="
        }
      ]
    },
    {
      "mode": "managed",
      "type": "github_repository",
      "name": "nsaunders__asdf_purescript",
      "provider": "provider[\"registry.terraform.io/integrations/github\"]",
      "instances": []
    },
    {
      "mode": "managed",
      "type": "github_repository",
      "name": "nsaunders__asdf_purty",
      "provider": "provider[\"registry.terraform.io/integrations/github\"]",
      "instances": []
    },
    {
      "mode": "managed",
      "type": "github_repository",
      "name": "nsaunders__asdf_spago",
      "provider": "provider[\"registry.terraform.io/integrations/github\"]",
      "instances": [
        {
          "schema_version": 1,
          "attributes": {
            "allow_auto_merge": false,
            "allow_merge_commit": true,
            "allow_rebase_merge": true,
            "allow_squash_merge": true,
            "allow_update_branch": false,
            "archive_on_destroy": null,
            "archived": false,
            "auto_init": false,
            "default_branch": "main",
            "delete_branch_on_merge": false,
            "description": "Not supported",
            "etag": "W/\"2178ed53c8d709105d5075371a875e1d56c1bf29084f9754ddecb80d63a1a220\"",
            "full_name": "asdf-vm-hyperupcall/asdf-spago",
            "git_clone_url": "git://github.com/asdf-vm-hyperupcall/asdf-spago.git",
            "gitignore_template": null,
            "has_discussions": false,
            "has_downloads": false,
            "has_issues": false,
            "has_projects": false,
            "has_wiki": false,
            "homepage_url": "",
            "html_url": "https://github.com/asdf-vm-hyperupcall/asdf-spago",
            "http_clone_url": "https://github.com/asdf-vm-hyperupcall/asdf-spago.git",
            "id": "asdf-spago",
            "ignore_vulnerability_alerts_during_read": null,
            "is_template": false,
            "license_template": null,
            "merge_commit_message": "PR_TITLE",
            "merge_commit_title": "MERGE_MESSAGE",
            "name": "asdf-spago",
            "node_id": "R_kgDOJ7Q9AA",
            "pages": [],
            "private": false,
            "repo_id": 666123520,
            "security_and_analysis": [
              {
                "advanced_security": [],
                "secret_scanning": [
                  {
                    "status": "disabled"
                  }
                ],
                "secret_scanning_push_protection": [
                  {
                    "status": "disabled"
                  }
                ]
              }
            ],
            "squash_merge_commit_message": "COMMIT_MESSAGES",
            "squash_merge_commit_title": "COMMIT_OR_PR_TITLE",
            "ssh_clone_url": "git@github.com:asdf-vm-hyperupcall/asdf-spago.git",
            "svn_url": "https://github.com/asdf-vm-hyperupcall/asdf-spago",
            "template": [],
            "topics": null,
            "visibility": "public",
            "vulnerability_alerts": false
          },
          "sensitive_attributes": [],
          "private": "eyJzY2hlbWFfdmVyc2lvbiI6IjEifQ=="
        }
      ]
    },
    {
      "mode": "managed",
      "type": "github_repository",
      "name": "nsaunders__asdf_zephyr",
      "provider": "provider[\"registry.terraform.io/integrations/github\"]",
      "instances": []
    },
    {
      "mode": "managed",
      "type": "github_repository",
      "name": "nutellinoit__asdf_deck",
      "provider": "provider[\"registry.terraform.io/integrations/github\"]",
      "instances": [
        {
          "schema_version": 1,
          "attributes": {
            "allow_auto_merge": false,
            "allow_merge_commit": true,
            "allow_rebase_merge": true,
            "allow_squash_merge": true,
            "allow_update_branch": false,
            "archive_on_destroy": null,
            "archived": false,
            "auto_init": false,
            "default_branch": "main",
            "delete_branch_on_merge": false,
            "description": "Not supported",
            "etag": "W/\"551f67e008517d4c2a34af0e3eef918f6449098c43ef4d30616f0e35c25df05c\"",
            "full_name": "asdf-vm-hyperupcall/asdf-deck",
            "git_clone_url": "git://github.com/asdf-vm-hyperupcall/asdf-deck.git",
            "gitignore_template": null,
            "has_discussions": false,
            "has_downloads": false,
            "has_issues": false,
            "has_projects": false,
            "has_wiki": false,
            "homepage_url": "",
            "html_url": "https://github.com/asdf-vm-hyperupcall/asdf-deck",
            "http_clone_url": "https://github.com/asdf-vm-hyperupcall/asdf-deck.git",
            "id": "asdf-deck",
            "ignore_vulnerability_alerts_during_read": null,
            "is_template": false,
            "license_template": null,
            "merge_commit_message": "PR_TITLE",
            "merge_commit_title": "MERGE_MESSAGE",
            "name": "asdf-deck",
            "node_id": "R_kgDOJ7Q6eg",
            "pages": [],
            "private": false,
            "repo_id": 666122874,
            "security_and_analysis": [
              {
                "advanced_security": [],
                "secret_scanning": [
                  {
                    "status": "disabled"
                  }
                ],
                "secret_scanning_push_protection": [
                  {
                    "status": "disabled"
                  }
                ]
              }
            ],
            "squash_merge_commit_message": "COMMIT_MESSAGES",
            "squash_merge_commit_title": "COMMIT_OR_PR_TITLE",
            "ssh_clone_url": "git@github.com:asdf-vm-hyperupcall/asdf-deck.git",
            "svn_url": "https://github.com/asdf-vm-hyperupcall/asdf-deck",
            "template": [],
            "topics": null,
            "visibility": "public",
            "vulnerability_alerts": false
          },
          "sensitive_attributes": [],
          "private": "eyJzY2hlbWFfdmVyc2lvbiI6IjEifQ=="
        }
      ]
    },
    {
      "mode": "managed",
      "type": "github_repository",
      "name": "nwillc__syncher",
      "provider": "provider[\"registry.terraform.io/integrations/github\"]",
      "instances": [
        {
          "schema_version": 1,
          "attributes": {
            "allow_auto_merge": false,
            "allow_merge_commit": true,
            "allow_rebase_merge": true,
            "allow_squash_merge": true,
            "allow_update_branch": false,
            "archive_on_destroy": null,
            "archived": false,
            "auto_init": false,
            "default_branch": "main",
            "delete_branch_on_merge": false,
            "description": "Not supported",
            "etag": "W/\"0bac7c71672c9b1480c0b3c15f42d4e2e81a1fa815254b57099008c7df15f8cc\"",
            "full_name": "asdf-vm-hyperupcall/asdf-syncher",
            "git_clone_url": "git://github.com/asdf-vm-hyperupcall/asdf-syncher.git",
            "gitignore_template": null,
            "has_discussions": false,
            "has_downloads": false,
            "has_issues": false,
            "has_projects": false,
            "has_wiki": false,
            "homepage_url": "",
            "html_url": "https://github.com/asdf-vm-hyperupcall/asdf-syncher",
            "http_clone_url": "https://github.com/asdf-vm-hyperupcall/asdf-syncher.git",
            "id": "asdf-syncher",
            "ignore_vulnerability_alerts_during_read": null,
            "is_template": false,
            "license_template": null,
            "merge_commit_message": "PR_TITLE",
            "merge_commit_title": "MERGE_MESSAGE",
            "name": "asdf-syncher",
            "node_id": "R_kgDOJ7Rw-A",
            "pages": [],
            "private": false,
            "repo_id": 666136824,
            "security_and_analysis": [
              {
                "advanced_security": [],
                "secret_scanning": [
                  {
                    "status": "disabled"
                  }
                ],
                "secret_scanning_push_protection": [
                  {
                    "status": "disabled"
                  }
                ]
              }
            ],
            "squash_merge_commit_message": "COMMIT_MESSAGES",
            "squash_merge_commit_title": "COMMIT_OR_PR_TITLE",
            "ssh_clone_url": "git@github.com:asdf-vm-hyperupcall/asdf-syncher.git",
            "svn_url": "https://github.com/asdf-vm-hyperupcall/asdf-syncher",
            "template": [],
            "topics": null,
            "visibility": "public",
            "vulnerability_alerts": false
          },
          "sensitive_attributes": [],
          "private": "eyJzY2hlbWFfdmVyc2lvbiI6IjEifQ=="
        }
      ]
    },
    {
      "mode": "managed",
      "type": "github_repository",
      "name": "nyrst__asdf_exa",
      "provider": "provider[\"registry.terraform.io/integrations/github\"]",
      "instances": []
    },
    {
      "mode": "managed",
      "type": "github_repository",
      "name": "nyrst__asdf_watchexec",
      "provider": "provider[\"registry.terraform.io/integrations/github\"]",
      "instances": []
    },
    {
      "mode": "managed",
      "type": "github_repository",
      "name": "nyrst__asdf_zoxide",
      "provider": "provider[\"registry.terraform.io/integrations/github\"]",
      "instances": [
        {
          "schema_version": 1,
          "attributes": {
            "allow_auto_merge": false,
            "allow_merge_commit": true,
            "allow_rebase_merge": true,
            "allow_squash_merge": true,
            "allow_update_branch": false,
            "archive_on_destroy": null,
            "archived": false,
            "auto_init": false,
            "default_branch": "main",
            "delete_branch_on_merge": false,
            "description": "Not supported",
            "etag": "W/\"75c4bf904de66bb72044899fcba05211195e08a5ed6803df0286c34ac926ac2b\"",
            "full_name": "asdf-vm-hyperupcall/asdf-zoxide",
            "git_clone_url": "git://github.com/asdf-vm-hyperupcall/asdf-zoxide.git",
            "gitignore_template": null,
            "has_discussions": false,
            "has_downloads": false,
            "has_issues": false,
            "has_projects": false,
            "has_wiki": false,
            "homepage_url": "",
            "html_url": "https://github.com/asdf-vm-hyperupcall/asdf-zoxide",
            "http_clone_url": "https://github.com/asdf-vm-hyperupcall/asdf-zoxide.git",
            "id": "asdf-zoxide",
            "ignore_vulnerability_alerts_during_read": null,
            "is_template": false,
            "license_template": null,
            "merge_commit_message": "PR_TITLE",
            "merge_commit_title": "MERGE_MESSAGE",
            "name": "asdf-zoxide",
            "node_id": "R_kgDOJ7RyDQ",
            "pages": [],
            "private": false,
            "repo_id": 666137101,
            "security_and_analysis": [
              {
                "advanced_security": [],
                "secret_scanning": [
                  {
                    "status": "disabled"
                  }
                ],
                "secret_scanning_push_protection": [
                  {
                    "status": "disabled"
                  }
                ]
              }
            ],
            "squash_merge_commit_message": "COMMIT_MESSAGES",
            "squash_merge_commit_title": "COMMIT_OR_PR_TITLE",
            "ssh_clone_url": "git@github.com:asdf-vm-hyperupcall/asdf-zoxide.git",
            "svn_url": "https://github.com/asdf-vm-hyperupcall/asdf-zoxide",
            "template": [],
            "topics": null,
            "visibility": "public",
            "vulnerability_alerts": false
          },
          "sensitive_attributes": [],
          "private": "eyJzY2hlbWFfdmVyc2lvbiI6IjEifQ=="
        }
      ]
    },
    {
      "mode": "managed",
      "type": "github_repository",
      "name": "oae__asdf_flutter",
      "provider": "provider[\"registry.terraform.io/integrations/github\"]",
      "instances": []
    },
    {
      "mode": "managed",
      "type": "github_repository",
      "name": "offbyone__asdf_gam",
      "provider": "provider[\"registry.terraform.io/integrations/github\"]",
      "instances": []
    },
    {
      "mode": "managed",
      "type": "github_repository",
      "name": "offbyone__asdf_stripe",
      "provider": "provider[\"registry.terraform.io/integrations/github\"]",
      "instances": [
        {
          "schema_version": 1,
          "attributes": {
            "allow_auto_merge": false,
            "allow_merge_commit": true,
            "allow_rebase_merge": true,
            "allow_squash_merge": true,
            "allow_update_branch": false,
            "archive_on_destroy": null,
            "archived": false,
            "auto_init": false,
            "default_branch": "main",
            "delete_branch_on_merge": false,
            "description": "Not supported",
            "etag": "W/\"ddf64fa2fe38ae84658370413e9e9b858e97c5468c63c59a714f8eb070d381ae\"",
            "full_name": "asdf-vm-hyperupcall/asdf-stripe",
            "git_clone_url": "git://github.com/asdf-vm-hyperupcall/asdf-stripe.git",
            "gitignore_template": null,
            "has_discussions": false,
            "has_downloads": false,
            "has_issues": false,
            "has_projects": false,
            "has_wiki": false,
            "homepage_url": "",
            "html_url": "https://github.com/asdf-vm-hyperupcall/asdf-stripe",
            "http_clone_url": "https://github.com/asdf-vm-hyperupcall/asdf-stripe.git",
            "id": "asdf-stripe",
            "ignore_vulnerability_alerts_during_read": null,
            "is_template": false,
            "license_template": null,
            "merge_commit_message": "PR_TITLE",
            "merge_commit_title": "MERGE_MESSAGE",
            "name": "asdf-stripe",
            "node_id": "R_kgDOJ7RBWA",
            "pages": [],
            "private": false,
            "repo_id": 666124632,
            "security_and_analysis": [
              {
                "advanced_security": [],
                "secret_scanning": [
                  {
                    "status": "disabled"
                  }
                ],
                "secret_scanning_push_protection": [
                  {
                    "status": "disabled"
                  }
                ]
              }
            ],
            "squash_merge_commit_message": "COMMIT_MESSAGES",
            "squash_merge_commit_title": "COMMIT_OR_PR_TITLE",
            "ssh_clone_url": "git@github.com:asdf-vm-hyperupcall/asdf-stripe.git",
            "svn_url": "https://github.com/asdf-vm-hyperupcall/asdf-stripe",
            "template": [],
            "topics": null,
            "visibility": "public",
            "vulnerability_alerts": false
          },
          "sensitive_attributes": [],
          "private": "eyJzY2hlbWFfdmVyc2lvbiI6IjEifQ=="
        }
      ]
    },
    {
      "mode": "managed",
      "type": "github_repository",
      "name": "ohkrab__asdf_krab",
      "provider": "provider[\"registry.terraform.io/integrations/github\"]",
      "instances": [
        {
          "schema_version": 1,
          "attributes": {
            "allow_auto_merge": false,
            "allow_merge_commit": true,
            "allow_rebase_merge": true,
            "allow_squash_merge": true,
            "allow_update_branch": false,
            "archive_on_destroy": null,
            "archived": false,
            "auto_init": false,
            "default_branch": "main",
            "delete_branch_on_merge": false,
            "description": "Not supported",
            "etag": "W/\"6bd731038009c48799b4fde3aed6f5823e9e53dc75f57bff5acb626fd745fc30\"",
            "full_name": "asdf-vm-hyperupcall/asdf-krab",
            "git_clone_url": "git://github.com/asdf-vm-hyperupcall/asdf-krab.git",
            "gitignore_template": null,
            "has_discussions": false,
            "has_downloads": false,
            "has_issues": false,
            "has_projects": false,
            "has_wiki": false,
            "homepage_url": "",
            "html_url": "https://github.com/asdf-vm-hyperupcall/asdf-krab",
            "http_clone_url": "https://github.com/asdf-vm-hyperupcall/asdf-krab.git",
            "id": "asdf-krab",
            "ignore_vulnerability_alerts_during_read": null,
            "is_template": false,
            "license_template": null,
            "merge_commit_message": "PR_TITLE",
            "merge_commit_title": "MERGE_MESSAGE",
            "name": "asdf-krab",
            "node_id": "R_kgDOJ7Q39A",
            "pages": [],
            "private": false,
            "repo_id": 666122228,
            "security_and_analysis": [
              {
                "advanced_security": [],
                "secret_scanning": [
                  {
                    "status": "disabled"
                  }
                ],
                "secret_scanning_push_protection": [
                  {
                    "status": "disabled"
                  }
                ]
              }
            ],
            "squash_merge_commit_message": "COMMIT_MESSAGES",
            "squash_merge_commit_title": "COMMIT_OR_PR_TITLE",
            "ssh_clone_url": "git@github.com:asdf-vm-hyperupcall/asdf-krab.git",
            "svn_url": "https://github.com/asdf-vm-hyperupcall/asdf-krab",
            "template": [],
            "topics": null,
            "visibility": "public",
            "vulnerability_alerts": false
          },
          "sensitive_attributes": [],
          "private": "eyJzY2hlbWFfdmVyc2lvbiI6IjEifQ=="
        }
      ]
    },
    {
      "mode": "managed",
      "type": "github_repository",
      "name": "ohmer__asdf_terragrunt",
      "provider": "provider[\"registry.terraform.io/integrations/github\"]",
      "instances": [
        {
          "schema_version": 1,
          "attributes": {
            "allow_auto_merge": false,
            "allow_merge_commit": true,
            "allow_rebase_merge": true,
            "allow_squash_merge": true,
            "allow_update_branch": false,
            "archive_on_destroy": null,
            "archived": false,
            "auto_init": false,
            "default_branch": "main",
            "delete_branch_on_merge": false,
            "description": "Not supported",
            "etag": "W/\"95a1a4fd63e949abb87768c0ae65e11b492bcc0df3c21a4d64cd4aa17ab189be\"",
            "full_name": "asdf-vm-hyperupcall/asdf-terragrunt",
            "git_clone_url": "git://github.com/asdf-vm-hyperupcall/asdf-terragrunt.git",
            "gitignore_template": null,
            "has_discussions": false,
            "has_downloads": false,
            "has_issues": false,
            "has_projects": false,
            "has_wiki": false,
            "homepage_url": "",
            "html_url": "https://github.com/asdf-vm-hyperupcall/asdf-terragrunt",
            "http_clone_url": "https://github.com/asdf-vm-hyperupcall/asdf-terragrunt.git",
            "id": "asdf-terragrunt",
            "ignore_vulnerability_alerts_during_read": null,
            "is_template": false,
            "license_template": null,
            "merge_commit_message": "PR_TITLE",
            "merge_commit_title": "MERGE_MESSAGE",
            "name": "asdf-terragrunt",
            "node_id": "R_kgDOJ7Q3Ew",
            "pages": [],
            "private": false,
            "repo_id": 666122003,
            "security_and_analysis": [
              {
                "advanced_security": [],
                "secret_scanning": [
                  {
                    "status": "disabled"
                  }
                ],
                "secret_scanning_push_protection": [
                  {
                    "status": "disabled"
                  }
                ]
              }
            ],
            "squash_merge_commit_message": "COMMIT_MESSAGES",
            "squash_merge_commit_title": "COMMIT_OR_PR_TITLE",
            "ssh_clone_url": "git@github.com:asdf-vm-hyperupcall/asdf-terragrunt.git",
            "svn_url": "https://github.com/asdf-vm-hyperupcall/asdf-terragrunt",
            "template": [],
            "topics": null,
            "visibility": "public",
            "vulnerability_alerts": false
          },
          "sensitive_attributes": [],
          "private": "eyJzY2hlbWFfdmVyc2lvbiI6IjEifQ=="
        }
      ]
    },
    {
      "mode": "managed",
      "type": "github_repository",
      "name": "olofvndrhr__asdf_just",
      "provider": "provider[\"registry.terraform.io/integrations/github\"]",
      "instances": []
    },
    {
      "mode": "managed",
      "type": "github_repository",
      "name": "ordinaryexperts__asdf_yor",
      "provider": "provider[\"registry.terraform.io/integrations/github\"]",
      "instances": []
    },
    {
      "mode": "managed",
      "type": "github_repository",
      "name": "ouest__asdf_fillin",
      "provider": "provider[\"registry.terraform.io/integrations/github\"]",
      "instances": [
        {
          "schema_version": 1,
          "attributes": {
            "allow_auto_merge": false,
            "allow_merge_commit": true,
            "allow_rebase_merge": true,
            "allow_squash_merge": true,
            "allow_update_branch": false,
            "archive_on_destroy": null,
            "archived": false,
            "auto_init": false,
            "default_branch": "main",
            "delete_branch_on_merge": false,
            "description": "Not supported",
            "etag": "W/\"ef51f7c0bdb113d4f9f35bcfc61701f6f387dd0ec4e87529effdb498f893ea15\"",
            "full_name": "asdf-vm-hyperupcall/asdf-fillin",
            "git_clone_url": "git://github.com/asdf-vm-hyperupcall/asdf-fillin.git",
            "gitignore_template": null,
            "has_discussions": false,
            "has_downloads": false,
            "has_issues": false,
            "has_projects": false,
            "has_wiki": false,
            "homepage_url": "",
            "html_url": "https://github.com/asdf-vm-hyperupcall/asdf-fillin",
            "http_clone_url": "https://github.com/asdf-vm-hyperupcall/asdf-fillin.git",
            "id": "asdf-fillin",
            "ignore_vulnerability_alerts_during_read": null,
            "is_template": false,
            "license_template": null,
            "merge_commit_message": "PR_TITLE",
            "merge_commit_title": "MERGE_MESSAGE",
            "name": "asdf-fillin",
            "node_id": "R_kgDOJ7Q7pg",
            "pages": [],
            "private": false,
            "repo_id": 666123174,
            "security_and_analysis": [
              {
                "advanced_security": [],
                "secret_scanning": [
                  {
                    "status": "disabled"
                  }
                ],
                "secret_scanning_push_protection": [
                  {
                    "status": "disabled"
                  }
                ]
              }
            ],
            "squash_merge_commit_message": "COMMIT_MESSAGES",
            "squash_merge_commit_title": "COMMIT_OR_PR_TITLE",
            "ssh_clone_url": "git@github.com:asdf-vm-hyperupcall/asdf-fillin.git",
            "svn_url": "https://github.com/asdf-vm-hyperupcall/asdf-fillin",
            "template": [],
            "topics": null,
            "visibility": "public",
            "vulnerability_alerts": false
          },
          "sensitive_attributes": [],
          "private": "eyJzY2hlbWFfdmVyc2lvbiI6IjEifQ=="
        }
      ]
    },
    {
      "mode": "managed",
      "type": "github_repository",
      "name": "ouest__asdf_grex",
      "provider": "provider[\"registry.terraform.io/integrations/github\"]",
      "instances": [
        {
          "schema_version": 1,
          "attributes": {
            "allow_auto_merge": false,
            "allow_merge_commit": true,
            "allow_rebase_merge": true,
            "allow_squash_merge": true,
            "allow_update_branch": false,
            "archive_on_destroy": null,
            "archived": false,
            "auto_init": false,
            "default_branch": "main",
            "delete_branch_on_merge": false,
            "description": "Not supported",
            "etag": "W/\"840a462fd6cffd15d8c8c412a9a8795d25d9b3f329c8fdfa23d3b1594c850dac\"",
            "full_name": "asdf-vm-hyperupcall/asdf-grex",
            "git_clone_url": "git://github.com/asdf-vm-hyperupcall/asdf-grex.git",
            "gitignore_template": null,
            "has_discussions": false,
            "has_downloads": false,
            "has_issues": false,
            "has_projects": false,
            "has_wiki": false,
            "homepage_url": "",
            "html_url": "https://github.com/asdf-vm-hyperupcall/asdf-grex",
            "http_clone_url": "https://github.com/asdf-vm-hyperupcall/asdf-grex.git",
            "id": "asdf-grex",
            "ignore_vulnerability_alerts_during_read": null,
            "is_template": false,
            "license_template": null,
            "merge_commit_message": "PR_TITLE",
            "merge_commit_title": "MERGE_MESSAGE",
            "name": "asdf-grex",
            "node_id": "R_kgDOJ7Rv3w",
            "pages": [],
            "private": false,
            "repo_id": 666136543,
            "security_and_analysis": [
              {
                "advanced_security": [],
                "secret_scanning": [
                  {
                    "status": "disabled"
                  }
                ],
                "secret_scanning_push_protection": [
                  {
                    "status": "disabled"
                  }
                ]
              }
            ],
            "squash_merge_commit_message": "COMMIT_MESSAGES",
            "squash_merge_commit_title": "COMMIT_OR_PR_TITLE",
            "ssh_clone_url": "git@github.com:asdf-vm-hyperupcall/asdf-grex.git",
            "svn_url": "https://github.com/asdf-vm-hyperupcall/asdf-grex",
            "template": [],
            "topics": null,
            "visibility": "public",
            "vulnerability_alerts": false
          },
          "sensitive_attributes": [],
          "private": "eyJzY2hlbWFfdmVyc2lvbiI6IjEifQ=="
        }
      ]
    },
    {
      "mode": "managed",
      "type": "github_repository",
      "name": "ouest__asdf_perl",
      "provider": "provider[\"registry.terraform.io/integrations/github\"]",
      "instances": []
    },
    {
      "mode": "managed",
      "type": "github_repository",
      "name": "particledecay__asdf_etcd",
      "provider": "provider[\"registry.terraform.io/integrations/github\"]",
      "instances": [
        {
          "schema_version": 1,
          "attributes": {
            "allow_auto_merge": false,
            "allow_merge_commit": true,
            "allow_rebase_merge": true,
            "allow_squash_merge": true,
            "allow_update_branch": false,
            "archive_on_destroy": null,
            "archived": false,
            "auto_init": false,
            "default_branch": "main",
            "delete_branch_on_merge": false,
            "description": "Not supported",
            "etag": "W/\"8d8b0cf263cfbdba4b8f8fdbbf4d99d47b98bb9aabd7dc70cc192ceaafec48da\"",
            "full_name": "asdf-vm-hyperupcall/asdf-etcd",
            "git_clone_url": "git://github.com/asdf-vm-hyperupcall/asdf-etcd.git",
            "gitignore_template": null,
            "has_discussions": false,
            "has_downloads": false,
            "has_issues": false,
            "has_projects": false,
            "has_wiki": false,
            "homepage_url": "",
            "html_url": "https://github.com/asdf-vm-hyperupcall/asdf-etcd",
            "http_clone_url": "https://github.com/asdf-vm-hyperupcall/asdf-etcd.git",
            "id": "asdf-etcd",
            "ignore_vulnerability_alerts_during_read": null,
            "is_template": false,
            "license_template": null,
            "merge_commit_message": "PR_TITLE",
            "merge_commit_title": "MERGE_MESSAGE",
            "name": "asdf-etcd",
            "node_id": "R_kgDOJ7REig",
            "pages": [],
            "private": false,
            "repo_id": 666125450,
            "security_and_analysis": [
              {
                "advanced_security": [],
                "secret_scanning": [
                  {
                    "status": "disabled"
                  }
                ],
                "secret_scanning_push_protection": [
                  {
                    "status": "disabled"
                  }
                ]
              }
            ],
            "squash_merge_commit_message": "COMMIT_MESSAGES",
            "squash_merge_commit_title": "COMMIT_OR_PR_TITLE",
            "ssh_clone_url": "git@github.com:asdf-vm-hyperupcall/asdf-etcd.git",
            "svn_url": "https://github.com/asdf-vm-hyperupcall/asdf-etcd",
            "template": [],
            "topics": null,
            "visibility": "public",
            "vulnerability_alerts": false
          },
          "sensitive_attributes": [],
          "private": "eyJzY2hlbWFfdmVyc2lvbiI6IjEifQ=="
        }
      ]
    },
    {
      "mode": "managed",
      "type": "github_repository",
      "name": "particledecay__asdf_glab",
      "provider": "provider[\"registry.terraform.io/integrations/github\"]",
      "instances": [
        {
          "schema_version": 1,
          "attributes": {
            "allow_auto_merge": false,
            "allow_merge_commit": true,
            "allow_rebase_merge": true,
            "allow_squash_merge": true,
            "allow_update_branch": false,
            "archive_on_destroy": null,
            "archived": false,
            "auto_init": false,
            "default_branch": "main",
            "delete_branch_on_merge": false,
            "description": "Not supported",
            "etag": "W/\"24c84626f419ee40f6f577410d76cfb63f56994b6a1a8780cab78e9a0e0ea572\"",
            "full_name": "asdf-vm-hyperupcall/asdf-glab",
            "git_clone_url": "git://github.com/asdf-vm-hyperupcall/asdf-glab.git",
            "gitignore_template": null,
            "has_discussions": false,
            "has_downloads": false,
            "has_issues": false,
            "has_projects": false,
            "has_wiki": false,
            "homepage_url": "",
            "html_url": "https://github.com/asdf-vm-hyperupcall/asdf-glab",
            "http_clone_url": "https://github.com/asdf-vm-hyperupcall/asdf-glab.git",
            "id": "asdf-glab",
            "ignore_vulnerability_alerts_during_read": null,
            "is_template": false,
            "license_template": null,
            "merge_commit_message": "PR_TITLE",
            "merge_commit_title": "MERGE_MESSAGE",
            "name": "asdf-glab",
            "node_id": "R_kgDOJ7RCbA",
            "pages": [],
            "private": false,
            "repo_id": 666124908,
            "security_and_analysis": [
              {
                "advanced_security": [],
                "secret_scanning": [
                  {
                    "status": "disabled"
                  }
                ],
                "secret_scanning_push_protection": [
                  {
                    "status": "disabled"
                  }
                ]
              }
            ],
            "squash_merge_commit_message": "COMMIT_MESSAGES",
            "squash_merge_commit_title": "COMMIT_OR_PR_TITLE",
            "ssh_clone_url": "git@github.com:asdf-vm-hyperupcall/asdf-glab.git",
            "svn_url": "https://github.com/asdf-vm-hyperupcall/asdf-glab",
            "template": [],
            "topics": null,
            "visibility": "public",
            "vulnerability_alerts": false
          },
          "sensitive_attributes": [],
          "private": "eyJzY2hlbWFfdmVyc2lvbiI6IjEifQ=="
        }
      ]
    },
    {
      "mode": "managed",
      "type": "github_repository",
      "name": "particledecay__asdf_kconf",
      "provider": "provider[\"registry.terraform.io/integrations/github\"]",
      "instances": [
        {
          "schema_version": 1,
          "attributes": {
            "allow_auto_merge": false,
            "allow_merge_commit": true,
            "allow_rebase_merge": true,
            "allow_squash_merge": true,
            "allow_update_branch": false,
            "archive_on_destroy": null,
            "archived": false,
            "auto_init": false,
            "default_branch": "main",
            "delete_branch_on_merge": false,
            "description": "Not supported",
            "etag": "W/\"d30dcd76ca17fb68fae5fdc27029f325c47ed436d7aab4ce8e1174bff5512f1d\"",
            "full_name": "asdf-vm-hyperupcall/asdf-kconf",
            "git_clone_url": "git://github.com/asdf-vm-hyperupcall/asdf-kconf.git",
            "gitignore_template": null,
            "has_discussions": false,
            "has_downloads": false,
            "has_issues": false,
            "has_projects": false,
            "has_wiki": false,
            "homepage_url": "",
            "html_url": "https://github.com/asdf-vm-hyperupcall/asdf-kconf",
            "http_clone_url": "https://github.com/asdf-vm-hyperupcall/asdf-kconf.git",
            "id": "asdf-kconf",
            "ignore_vulnerability_alerts_during_read": null,
            "is_template": false,
            "license_template": null,
            "merge_commit_message": "PR_TITLE",
            "merge_commit_title": "MERGE_MESSAGE",
            "name": "asdf-kconf",
            "node_id": "R_kgDOJ7RxPg",
            "pages": [],
            "private": false,
            "repo_id": 666136894,
            "security_and_analysis": [
              {
                "advanced_security": [],
                "secret_scanning": [
                  {
                    "status": "disabled"
                  }
                ],
                "secret_scanning_push_protection": [
                  {
                    "status": "disabled"
                  }
                ]
              }
            ],
            "squash_merge_commit_message": "COMMIT_MESSAGES",
            "squash_merge_commit_title": "COMMIT_OR_PR_TITLE",
            "ssh_clone_url": "git@github.com:asdf-vm-hyperupcall/asdf-kconf.git",
            "svn_url": "https://github.com/asdf-vm-hyperupcall/asdf-kconf",
            "template": [],
            "topics": null,
            "visibility": "public",
            "vulnerability_alerts": false
          },
          "sensitive_attributes": [],
          "private": "eyJzY2hlbWFfdmVyc2lvbiI6IjEifQ=="
        }
      ]
    },
    {
      "mode": "managed",
      "type": "github_repository",
      "name": "particledecay__asdf_lab",
      "provider": "provider[\"registry.terraform.io/integrations/github\"]",
      "instances": []
    },
    {
      "mode": "managed",
      "type": "github_repository",
      "name": "particledecay__asdf_polaris",
      "provider": "provider[\"registry.terraform.io/integrations/github\"]",
      "instances": []
    },
    {
      "mode": "managed",
      "type": "github_repository",
      "name": "particledecay__asdf_rke",
      "provider": "provider[\"registry.terraform.io/integrations/github\"]",
      "instances": []
    },
    {
      "mode": "managed",
      "type": "github_repository",
      "name": "particledecay__asdf_talos",
      "provider": "provider[\"registry.terraform.io/integrations/github\"]",
      "instances": [
        {
          "schema_version": 1,
          "attributes": {
            "allow_auto_merge": false,
            "allow_merge_commit": true,
            "allow_rebase_merge": true,
            "allow_squash_merge": true,
            "allow_update_branch": false,
            "archive_on_destroy": null,
            "archived": false,
            "auto_init": false,
            "default_branch": "main",
            "delete_branch_on_merge": false,
            "description": "Not supported",
            "etag": "W/\"9da845cca756d9b23e112a84514094b843a99dde472804ac3ec05e7e13189c25\"",
            "full_name": "asdf-vm-hyperupcall/asdf-talos",
            "git_clone_url": "git://github.com/asdf-vm-hyperupcall/asdf-talos.git",
            "gitignore_template": null,
            "has_discussions": false,
            "has_downloads": false,
            "has_issues": false,
            "has_projects": false,
            "has_wiki": false,
            "homepage_url": "",
            "html_url": "https://github.com/asdf-vm-hyperupcall/asdf-talos",
            "http_clone_url": "https://github.com/asdf-vm-hyperupcall/asdf-talos.git",
            "id": "asdf-talos",
            "ignore_vulnerability_alerts_during_read": null,
            "is_template": false,
            "license_template": null,
            "merge_commit_message": "PR_TITLE",
            "merge_commit_title": "MERGE_MESSAGE",
            "name": "asdf-talos",
            "node_id": "R_kgDOJ7R0Ww",
            "pages": [],
            "private": false,
            "repo_id": 666137691,
            "security_and_analysis": [
              {
                "advanced_security": [],
                "secret_scanning": [
                  {
                    "status": "disabled"
                  }
                ],
                "secret_scanning_push_protection": [
                  {
                    "status": "disabled"
                  }
                ]
              }
            ],
            "squash_merge_commit_message": "COMMIT_MESSAGES",
            "squash_merge_commit_title": "COMMIT_OR_PR_TITLE",
            "ssh_clone_url": "git@github.com:asdf-vm-hyperupcall/asdf-talos.git",
            "svn_url": "https://github.com/asdf-vm-hyperupcall/asdf-talos",
            "template": [],
            "topics": null,
            "visibility": "public",
            "vulnerability_alerts": false
          },
          "sensitive_attributes": [],
          "private": "eyJzY2hlbWFfdmVyc2lvbiI6IjEifQ=="
        }
      ]
    },
    {
      "mode": "managed",
      "type": "github_repository",
      "name": "particledecay__asdf_task",
      "provider": "provider[\"registry.terraform.io/integrations/github\"]",
      "instances": []
    },
    {
      "mode": "managed",
      "type": "github_repository",
      "name": "particledecay__asdf_yadm",
      "provider": "provider[\"registry.terraform.io/integrations/github\"]",
      "instances": []
    },
    {
      "mode": "managed",
      "type": "github_repository",
      "name": "paulo_ferraz-oliveira__asdf-awscli-local",
      "provider": "provider[\"registry.terraform.io/integrations/github\"]",
      "instances": [
        {
          "schema_version": 1,
          "attributes": {
            "allow_auto_merge": false,
            "allow_merge_commit": true,
            "allow_rebase_merge": true,
            "allow_squash_merge": true,
            "allow_update_branch": false,
            "archive_on_destroy": null,
            "archived": false,
            "auto_init": false,
            "default_branch": "main",
            "delete_branch_on_merge": false,
            "description": "Not supported",
            "etag": "W/\"dde804f1dd500400ab804b3c260c03988460c5ee56e90ba04bd5ac272b591793\"",
            "full_name": "asdf-vm-hyperupcall/asdf-awscli-local",
            "git_clone_url": "git://github.com/asdf-vm-hyperupcall/asdf-awscli-local.git",
            "gitignore_template": null,
            "has_discussions": false,
            "has_downloads": false,
            "has_issues": false,
            "has_projects": false,
            "has_wiki": false,
            "homepage_url": "",
            "html_url": "https://github.com/asdf-vm-hyperupcall/asdf-awscli-local",
            "http_clone_url": "https://github.com/asdf-vm-hyperupcall/asdf-awscli-local.git",
            "id": "asdf-awscli-local",
            "ignore_vulnerability_alerts_during_read": null,
            "is_template": false,
            "license_template": null,
            "merge_commit_message": "PR_TITLE",
            "merge_commit_title": "MERGE_MESSAGE",
            "name": "asdf-awscli-local",
            "node_id": "R_kgDOJ7Q5Vg",
            "pages": [],
            "private": false,
            "repo_id": 666122582,
            "security_and_analysis": [
              {
                "advanced_security": [],
                "secret_scanning": [
                  {
                    "status": "disabled"
                  }
                ],
                "secret_scanning_push_protection": [
                  {
                    "status": "disabled"
                  }
                ]
              }
            ],
            "squash_merge_commit_message": "COMMIT_MESSAGES",
            "squash_merge_commit_title": "COMMIT_OR_PR_TITLE",
            "ssh_clone_url": "git@github.com:asdf-vm-hyperupcall/asdf-awscli-local.git",
            "svn_url": "https://github.com/asdf-vm-hyperupcall/asdf-awscli-local",
            "template": [],
            "topics": null,
            "visibility": "public",
            "vulnerability_alerts": false
          },
          "sensitive_attributes": [],
          "private": "eyJzY2hlbWFfdmVyc2lvbiI6IjEifQ=="
        }
      ]
    },
    {
      "mode": "managed",
      "type": "github_repository",
      "name": "paulo_ferraz-oliveira__asdf-markdownlint-cli2",
      "provider": "provider[\"registry.terraform.io/integrations/github\"]",
      "instances": []
    },
    {
      "mode": "managed",
      "type": "github_repository",
      "name": "pavloos__asdf_spin",
      "provider": "provider[\"registry.terraform.io/integrations/github\"]",
      "instances": [
        {
          "schema_version": 1,
          "attributes": {
            "allow_auto_merge": false,
            "allow_merge_commit": true,
            "allow_rebase_merge": true,
            "allow_squash_merge": true,
            "allow_update_branch": false,
            "archive_on_destroy": null,
            "archived": false,
            "auto_init": false,
            "default_branch": "main",
            "delete_branch_on_merge": false,
            "description": "Not supported",
            "etag": "W/\"1fa3b62148a33366cdbf018765125321bff81749c03c2b7a26dbc9fafe0fcfc7\"",
            "full_name": "asdf-vm-hyperupcall/asdf-spin",
            "git_clone_url": "git://github.com/asdf-vm-hyperupcall/asdf-spin.git",
            "gitignore_template": null,
            "has_discussions": false,
            "has_downloads": false,
            "has_issues": false,
            "has_projects": false,
            "has_wiki": false,
            "homepage_url": "",
            "html_url": "https://github.com/asdf-vm-hyperupcall/asdf-spin",
            "http_clone_url": "https://github.com/asdf-vm-hyperupcall/asdf-spin.git",
            "id": "asdf-spin",
            "ignore_vulnerability_alerts_during_read": null,
            "is_template": false,
            "license_template": null,
            "merge_commit_message": "PR_TITLE",
            "merge_commit_title": "MERGE_MESSAGE",
            "name": "asdf-spin",
            "node_id": "R_kgDOJ7R3OQ",
            "pages": [],
            "private": false,
            "repo_id": 666138425,
            "security_and_analysis": [
              {
                "advanced_security": [],
                "secret_scanning": [
                  {
                    "status": "disabled"
                  }
                ],
                "secret_scanning_push_protection": [
                  {
                    "status": "disabled"
                  }
                ]
              }
            ],
            "squash_merge_commit_message": "COMMIT_MESSAGES",
            "squash_merge_commit_title": "COMMIT_OR_PR_TITLE",
            "ssh_clone_url": "git@github.com:asdf-vm-hyperupcall/asdf-spin.git",
            "svn_url": "https://github.com/asdf-vm-hyperupcall/asdf-spin",
            "template": [],
            "topics": null,
            "visibility": "public",
            "vulnerability_alerts": false
          },
          "sensitive_attributes": [],
          "private": "eyJzY2hlbWFfdmVyc2lvbiI6IjEifQ=="
        }
      ]
    },
    {
      "mode": "managed",
      "type": "github_repository",
      "name": "paxosglobal__asdf_dep",
      "provider": "provider[\"registry.terraform.io/integrations/github\"]",
      "instances": [
        {
          "schema_version": 1,
          "attributes": {
            "allow_auto_merge": false,
            "allow_merge_commit": true,
            "allow_rebase_merge": true,
            "allow_squash_merge": true,
            "allow_update_branch": false,
            "archive_on_destroy": null,
            "archived": false,
            "auto_init": false,
            "default_branch": "main",
            "delete_branch_on_merge": false,
            "description": "Not supported",
            "etag": "W/\"5961f39a48749e191c55866630269ca0af5464f971fb280b6e23ab23d9018159\"",
            "full_name": "asdf-vm-hyperupcall/asdf-dep",
            "git_clone_url": "git://github.com/asdf-vm-hyperupcall/asdf-dep.git",
            "gitignore_template": null,
            "has_discussions": false,
            "has_downloads": false,
            "has_issues": false,
            "has_projects": false,
            "has_wiki": false,
            "homepage_url": "",
            "html_url": "https://github.com/asdf-vm-hyperupcall/asdf-dep",
            "http_clone_url": "https://github.com/asdf-vm-hyperupcall/asdf-dep.git",
            "id": "asdf-dep",
            "ignore_vulnerability_alerts_during_read": null,
            "is_template": false,
            "license_template": null,
            "merge_commit_message": "PR_TITLE",
            "merge_commit_title": "MERGE_MESSAGE",
            "name": "asdf-dep",
            "node_id": "R_kgDOJ7Q12w",
            "pages": [],
            "private": false,
            "repo_id": 666121691,
            "security_and_analysis": [
              {
                "advanced_security": [],
                "secret_scanning": [
                  {
                    "status": "disabled"
                  }
                ],
                "secret_scanning_push_protection": [
                  {
                    "status": "disabled"
                  }
                ]
              }
            ],
            "squash_merge_commit_message": "COMMIT_MESSAGES",
            "squash_merge_commit_title": "COMMIT_OR_PR_TITLE",
            "ssh_clone_url": "git@github.com:asdf-vm-hyperupcall/asdf-dep.git",
            "svn_url": "https://github.com/asdf-vm-hyperupcall/asdf-dep",
            "template": [],
            "topics": null,
            "visibility": "public",
            "vulnerability_alerts": false
          },
          "sensitive_attributes": [],
          "private": "eyJzY2hlbWFfdmVyc2lvbiI6IjEifQ=="
        }
      ]
    },
    {
      "mode": "managed",
      "type": "github_repository",
      "name": "paxosglobal__asdf_protoc",
      "provider": "provider[\"registry.terraform.io/integrations/github\"]",
      "instances": [
        {
          "schema_version": 1,
          "attributes": {
            "allow_auto_merge": false,
            "allow_merge_commit": true,
            "allow_rebase_merge": true,
            "allow_squash_merge": true,
            "allow_update_branch": false,
            "archive_on_destroy": null,
            "archived": false,
            "auto_init": false,
            "default_branch": "main",
            "delete_branch_on_merge": false,
            "description": "Not supported",
            "etag": "W/\"1cbdadf9dc5f942b99df7ef21c4d700810aae1e78ca15fc2d77e06a6a88da43a\"",
            "full_name": "asdf-vm-hyperupcall/asdf-protoc",
            "git_clone_url": "git://github.com/asdf-vm-hyperupcall/asdf-protoc.git",
            "gitignore_template": null,
            "has_discussions": false,
            "has_downloads": false,
            "has_issues": false,
            "has_projects": false,
            "has_wiki": false,
            "homepage_url": "",
            "html_url": "https://github.com/asdf-vm-hyperupcall/asdf-protoc",
            "http_clone_url": "https://github.com/asdf-vm-hyperupcall/asdf-protoc.git",
            "id": "asdf-protoc",
            "ignore_vulnerability_alerts_during_read": null,
            "is_template": false,
            "license_template": null,
            "merge_commit_message": "PR_TITLE",
            "merge_commit_title": "MERGE_MESSAGE",
            "name": "asdf-protoc",
            "node_id": "R_kgDOJ7RvOw",
            "pages": [],
            "private": false,
            "repo_id": 666136379,
            "security_and_analysis": [
              {
                "advanced_security": [],
                "secret_scanning": [
                  {
                    "status": "disabled"
                  }
                ],
                "secret_scanning_push_protection": [
                  {
                    "status": "disabled"
                  }
                ]
              }
            ],
            "squash_merge_commit_message": "COMMIT_MESSAGES",
            "squash_merge_commit_title": "COMMIT_OR_PR_TITLE",
            "ssh_clone_url": "git@github.com:asdf-vm-hyperupcall/asdf-protoc.git",
            "svn_url": "https://github.com/asdf-vm-hyperupcall/asdf-protoc",
            "template": [],
            "topics": null,
            "visibility": "public",
            "vulnerability_alerts": false
          },
          "sensitive_attributes": [],
          "private": "eyJzY2hlbWFfdmVyc2lvbiI6IjEifQ=="
        }
      ]
    },
    {
      "mode": "managed",
      "type": "github_repository",
      "name": "paxosglobal__asdf_richgo",
      "provider": "provider[\"registry.terraform.io/integrations/github\"]",
      "instances": [
        {
          "schema_version": 1,
          "attributes": {
            "allow_auto_merge": false,
            "allow_merge_commit": true,
            "allow_rebase_merge": true,
            "allow_squash_merge": true,
            "allow_update_branch": false,
            "archive_on_destroy": null,
            "archived": false,
            "auto_init": false,
            "default_branch": "main",
            "delete_branch_on_merge": false,
            "description": "Not supported",
            "etag": "W/\"d20d0117dc53313914b778ff25db461914b2d1060f6c7c5ce7389600606562f7\"",
            "full_name": "asdf-vm-hyperupcall/asdf-richgo",
            "git_clone_url": "git://github.com/asdf-vm-hyperupcall/asdf-richgo.git",
            "gitignore_template": null,
            "has_discussions": false,
            "has_downloads": false,
            "has_issues": false,
            "has_projects": false,
            "has_wiki": false,
            "homepage_url": "",
            "html_url": "https://github.com/asdf-vm-hyperupcall/asdf-richgo",
            "http_clone_url": "https://github.com/asdf-vm-hyperupcall/asdf-richgo.git",
            "id": "asdf-richgo",
            "ignore_vulnerability_alerts_during_read": null,
            "is_template": false,
            "license_template": null,
            "merge_commit_message": "PR_TITLE",
            "merge_commit_title": "MERGE_MESSAGE",
            "name": "asdf-richgo",
            "node_id": "R_kgDOJ7R41Q",
            "pages": [],
            "private": false,
            "repo_id": 666138837,
            "security_and_analysis": [
              {
                "advanced_security": [],
                "secret_scanning": [
                  {
                    "status": "disabled"
                  }
                ],
                "secret_scanning_push_protection": [
                  {
                    "status": "disabled"
                  }
                ]
              }
            ],
            "squash_merge_commit_message": "COMMIT_MESSAGES",
            "squash_merge_commit_title": "COMMIT_OR_PR_TITLE",
            "ssh_clone_url": "git@github.com:asdf-vm-hyperupcall/asdf-richgo.git",
            "svn_url": "https://github.com/asdf-vm-hyperupcall/asdf-richgo",
            "template": [],
            "topics": null,
            "visibility": "public",
            "vulnerability_alerts": false
          },
          "sensitive_attributes": [],
          "private": "eyJzY2hlbWFfdmVyc2lvbiI6IjEifQ=="
        }
      ]
    },
    {
      "mode": "managed",
      "type": "github_repository",
      "name": "pbr0ck3r__asdf_protoc-gen-go",
      "provider": "provider[\"registry.terraform.io/integrations/github\"]",
      "instances": []
    },
    {
      "mode": "managed",
      "type": "github_repository",
      "name": "pbr0ck3r__asdf_protoc-gen-go-grpc",
      "provider": "provider[\"registry.terraform.io/integrations/github\"]",
      "instances": []
    },
    {
      "mode": "managed",
      "type": "github_repository",
      "name": "pbr0ck3r__asdf_protoc-gen-grpc-web",
      "provider": "provider[\"registry.terraform.io/integrations/github\"]",
      "instances": [
        {
          "schema_version": 1,
          "attributes": {
            "allow_auto_merge": false,
            "allow_merge_commit": true,
            "allow_rebase_merge": true,
            "allow_squash_merge": true,
            "allow_update_branch": false,
            "archive_on_destroy": null,
            "archived": false,
            "auto_init": false,
            "default_branch": "main",
            "delete_branch_on_merge": false,
            "description": "Not supported",
            "etag": "W/\"78ab4392ee50c526d5c069411226d112157aea4dc79b3e8d48a8d1db55a2e5a3\"",
            "full_name": "asdf-vm-hyperupcall/asdf-protoc-gen-grpc-web",
            "git_clone_url": "git://github.com/asdf-vm-hyperupcall/asdf-protoc-gen-grpc-web.git",
            "gitignore_template": null,
            "has_discussions": false,
            "has_downloads": false,
            "has_issues": false,
            "has_projects": false,
            "has_wiki": false,
            "homepage_url": "",
            "html_url": "https://github.com/asdf-vm-hyperupcall/asdf-protoc-gen-grpc-web",
            "http_clone_url": "https://github.com/asdf-vm-hyperupcall/asdf-protoc-gen-grpc-web.git",
            "id": "asdf-protoc-gen-grpc-web",
            "ignore_vulnerability_alerts_during_read": null,
            "is_template": false,
            "license_template": null,
            "merge_commit_message": "PR_TITLE",
            "merge_commit_title": "MERGE_MESSAGE",
            "name": "asdf-protoc-gen-grpc-web",
            "node_id": "R_kgDOJ7RyIw",
            "pages": [],
            "private": false,
            "repo_id": 666137123,
            "security_and_analysis": [
              {
                "advanced_security": [],
                "secret_scanning": [
                  {
                    "status": "disabled"
                  }
                ],
                "secret_scanning_push_protection": [
                  {
                    "status": "disabled"
                  }
                ]
              }
            ],
            "squash_merge_commit_message": "COMMIT_MESSAGES",
            "squash_merge_commit_title": "COMMIT_OR_PR_TITLE",
            "ssh_clone_url": "git@github.com:asdf-vm-hyperupcall/asdf-protoc-gen-grpc-web.git",
            "svn_url": "https://github.com/asdf-vm-hyperupcall/asdf-protoc-gen-grpc-web",
            "template": [],
            "topics": null,
            "visibility": "public",
            "vulnerability_alerts": false
          },
          "sensitive_attributes": [],
          "private": "eyJzY2hlbWFfdmVyc2lvbiI6IjEifQ=="
        }
      ]
    },
    {
      "mode": "managed",
      "type": "github_repository",
      "name": "pbr0ck3r__asdf_protoc-gen-js",
      "provider": "provider[\"registry.terraform.io/integrations/github\"]",
      "instances": []
    },
    {
      "mode": "managed",
      "type": "github_repository",
      "name": "pdemagny__asdf_air",
      "provider": "provider[\"registry.terraform.io/integrations/github\"]",
      "instances": [
        {
          "schema_version": 1,
          "attributes": {
            "allow_auto_merge": false,
            "allow_merge_commit": true,
            "allow_rebase_merge": true,
            "allow_squash_merge": true,
            "allow_update_branch": false,
            "archive_on_destroy": null,
            "archived": false,
            "auto_init": false,
            "default_branch": "main",
            "delete_branch_on_merge": false,
            "description": "Not supported",
            "etag": "W/\"4671f6ac88c40a3d223e1fec755ba937eeda4706f624792d902dffce0762cb32\"",
            "full_name": "asdf-vm-hyperupcall/asdf-air",
            "git_clone_url": "git://github.com/asdf-vm-hyperupcall/asdf-air.git",
            "gitignore_template": null,
            "has_discussions": false,
            "has_downloads": false,
            "has_issues": false,
            "has_projects": false,
            "has_wiki": false,
            "homepage_url": "",
            "html_url": "https://github.com/asdf-vm-hyperupcall/asdf-air",
            "http_clone_url": "https://github.com/asdf-vm-hyperupcall/asdf-air.git",
            "id": "asdf-air",
            "ignore_vulnerability_alerts_during_read": null,
            "is_template": false,
            "license_template": null,
            "merge_commit_message": "PR_TITLE",
            "merge_commit_title": "MERGE_MESSAGE",
            "name": "asdf-air",
            "node_id": "R_kgDOJ7RChQ",
            "pages": [],
            "private": false,
            "repo_id": 666124933,
            "security_and_analysis": [
              {
                "advanced_security": [],
                "secret_scanning": [
                  {
                    "status": "disabled"
                  }
                ],
                "secret_scanning_push_protection": [
                  {
                    "status": "disabled"
                  }
                ]
              }
            ],
            "squash_merge_commit_message": "COMMIT_MESSAGES",
            "squash_merge_commit_title": "COMMIT_OR_PR_TITLE",
            "ssh_clone_url": "git@github.com:asdf-vm-hyperupcall/asdf-air.git",
            "svn_url": "https://github.com/asdf-vm-hyperupcall/asdf-air",
            "template": [],
            "topics": null,
            "visibility": "public",
            "vulnerability_alerts": false
          },
          "sensitive_attributes": [],
          "private": "eyJzY2hlbWFfdmVyc2lvbiI6IjEifQ=="
        }
      ]
    },
    {
      "mode": "managed",
      "type": "github_repository",
      "name": "pdemagny__asdf_liqoctl",
      "provider": "provider[\"registry.terraform.io/integrations/github\"]",
      "instances": [
        {
          "schema_version": 1,
          "attributes": {
            "allow_auto_merge": false,
            "allow_merge_commit": true,
            "allow_rebase_merge": true,
            "allow_squash_merge": true,
            "allow_update_branch": false,
            "archive_on_destroy": null,
            "archived": false,
            "auto_init": false,
            "default_branch": "main",
            "delete_branch_on_merge": false,
            "description": "Not supported",
            "etag": "W/\"cd90cb4cc5f1599fa851693fadef9f879b00db815c4cb18be256a2003e1f960f\"",
            "full_name": "asdf-vm-hyperupcall/asdf-liqoctl",
            "git_clone_url": "git://github.com/asdf-vm-hyperupcall/asdf-liqoctl.git",
            "gitignore_template": null,
            "has_discussions": false,
            "has_downloads": false,
            "has_issues": false,
            "has_projects": false,
            "has_wiki": false,
            "homepage_url": "",
            "html_url": "https://github.com/asdf-vm-hyperupcall/asdf-liqoctl",
            "http_clone_url": "https://github.com/asdf-vm-hyperupcall/asdf-liqoctl.git",
            "id": "asdf-liqoctl",
            "ignore_vulnerability_alerts_during_read": null,
            "is_template": false,
            "license_template": null,
            "merge_commit_message": "PR_TITLE",
            "merge_commit_title": "MERGE_MESSAGE",
            "name": "asdf-liqoctl",
            "node_id": "R_kgDOJ7Q3zQ",
            "pages": [],
            "private": false,
            "repo_id": 666122189,
            "security_and_analysis": [
              {
                "advanced_security": [],
                "secret_scanning": [
                  {
                    "status": "disabled"
                  }
                ],
                "secret_scanning_push_protection": [
                  {
                    "status": "disabled"
                  }
                ]
              }
            ],
            "squash_merge_commit_message": "COMMIT_MESSAGES",
            "squash_merge_commit_title": "COMMIT_OR_PR_TITLE",
            "ssh_clone_url": "git@github.com:asdf-vm-hyperupcall/asdf-liqoctl.git",
            "svn_url": "https://github.com/asdf-vm-hyperupcall/asdf-liqoctl",
            "template": [],
            "topics": null,
            "visibility": "public",
            "vulnerability_alerts": false
          },
          "sensitive_attributes": [],
          "private": "eyJzY2hlbWFfdmVyc2lvbiI6IjEifQ=="
        }
      ]
    },
    {
      "mode": "managed",
      "type": "github_repository",
      "name": "pdemagny__asdf_serverless",
      "provider": "provider[\"registry.terraform.io/integrations/github\"]",
      "instances": []
    },
    {
      "mode": "managed",
      "type": "github_repository",
      "name": "pdemagny__asdf_teller",
      "provider": "provider[\"registry.terraform.io/integrations/github\"]",
      "instances": []
    },
    {
      "mode": "managed",
      "type": "github_repository",
      "name": "pdemagny__asdf_vale",
      "provider": "provider[\"registry.terraform.io/integrations/github\"]",
      "instances": [
        {
          "schema_version": 1,
          "attributes": {
            "allow_auto_merge": false,
            "allow_merge_commit": true,
            "allow_rebase_merge": true,
            "allow_squash_merge": true,
            "allow_update_branch": false,
            "archive_on_destroy": null,
            "archived": false,
            "auto_init": false,
            "default_branch": "main",
            "delete_branch_on_merge": false,
            "description": "Not supported",
            "etag": "W/\"13a68b234efa8eea86061c8a3f45ac261308c34d6ed5f11db49518c711a95973\"",
            "full_name": "asdf-vm-hyperupcall/asdf-vale",
            "git_clone_url": "git://github.com/asdf-vm-hyperupcall/asdf-vale.git",
            "gitignore_template": null,
            "has_discussions": false,
            "has_downloads": false,
            "has_issues": false,
            "has_projects": false,
            "has_wiki": false,
            "homepage_url": "",
            "html_url": "https://github.com/asdf-vm-hyperupcall/asdf-vale",
            "http_clone_url": "https://github.com/asdf-vm-hyperupcall/asdf-vale.git",
            "id": "asdf-vale",
            "ignore_vulnerability_alerts_during_read": null,
            "is_template": false,
            "license_template": null,
            "merge_commit_message": "PR_TITLE",
            "merge_commit_title": "MERGE_MESSAGE",
            "name": "asdf-vale",
            "node_id": "R_kgDOJ7RvDQ",
            "pages": [],
            "private": false,
            "repo_id": 666136333,
            "security_and_analysis": [
              {
                "advanced_security": [],
                "secret_scanning": [
                  {
                    "status": "disabled"
                  }
                ],
                "secret_scanning_push_protection": [
                  {
                    "status": "disabled"
                  }
                ]
              }
            ],
            "squash_merge_commit_message": "COMMIT_MESSAGES",
            "squash_merge_commit_title": "COMMIT_OR_PR_TITLE",
            "ssh_clone_url": "git@github.com:asdf-vm-hyperupcall/asdf-vale.git",
            "svn_url": "https://github.com/asdf-vm-hyperupcall/asdf-vale",
            "template": [],
            "topics": null,
            "visibility": "public",
            "vulnerability_alerts": false
          },
          "sensitive_attributes": [],
          "private": "eyJzY2hlbWFfdmVyc2lvbiI6IjEifQ=="
        }
      ]
    },
    {
      "mode": "managed",
      "type": "github_repository",
      "name": "pdemagny__asdf_vela",
      "provider": "provider[\"registry.terraform.io/integrations/github\"]",
      "instances": []
    },
    {
      "mode": "managed",
      "type": "github_repository",
      "name": "pdemagny__asdf_velad",
      "provider": "provider[\"registry.terraform.io/integrations/github\"]",
      "instances": []
    },
    {
      "mode": "managed",
      "type": "github_repository",
      "name": "penpyt__asdf_mc",
      "provider": "provider[\"registry.terraform.io/integrations/github\"]",
      "instances": [
        {
          "schema_version": 1,
          "attributes": {
            "allow_auto_merge": false,
            "allow_merge_commit": true,
            "allow_rebase_merge": true,
            "allow_squash_merge": true,
            "allow_update_branch": false,
            "archive_on_destroy": null,
            "archived": false,
            "auto_init": false,
            "default_branch": "main",
            "delete_branch_on_merge": false,
            "description": "Not supported",
            "etag": "W/\"4f08e8ccbc23cf33e6f989ca5e99479bc2a163ec5d401742827a1a242383a09b\"",
            "full_name": "asdf-vm-hyperupcall/asdf-mc",
            "git_clone_url": "git://github.com/asdf-vm-hyperupcall/asdf-mc.git",
            "gitignore_template": null,
            "has_discussions": false,
            "has_downloads": false,
            "has_issues": false,
            "has_projects": false,
            "has_wiki": false,
            "homepage_url": "",
            "html_url": "https://github.com/asdf-vm-hyperupcall/asdf-mc",
            "http_clone_url": "https://github.com/asdf-vm-hyperupcall/asdf-mc.git",
            "id": "asdf-mc",
            "ignore_vulnerability_alerts_during_read": null,
            "is_template": false,
            "license_template": null,
            "merge_commit_message": "PR_TITLE",
            "merge_commit_title": "MERGE_MESSAGE",
            "name": "asdf-mc",
            "node_id": "R_kgDOJ7REcg",
            "pages": [],
            "private": false,
            "repo_id": 666125426,
            "security_and_analysis": [
              {
                "advanced_security": [],
                "secret_scanning": [
                  {
                    "status": "disabled"
                  }
                ],
                "secret_scanning_push_protection": [
                  {
                    "status": "disabled"
                  }
                ]
              }
            ],
            "squash_merge_commit_message": "COMMIT_MESSAGES",
            "squash_merge_commit_title": "COMMIT_OR_PR_TITLE",
            "ssh_clone_url": "git@github.com:asdf-vm-hyperupcall/asdf-mc.git",
            "svn_url": "https://github.com/asdf-vm-hyperupcall/asdf-mc",
            "template": [],
            "topics": null,
            "visibility": "public",
            "vulnerability_alerts": false
          },
          "sensitive_attributes": [],
          "private": "eyJzY2hlbWFfdmVyc2lvbiI6IjEifQ=="
        }
      ]
    },
    {
      "mode": "managed",
      "type": "github_repository",
      "name": "pfnet_research__asdf-clusterctl",
      "provider": "provider[\"registry.terraform.io/integrations/github\"]",
      "instances": []
    },
    {
      "mode": "managed",
      "type": "github_repository",
      "name": "pipe_cd__asdf-pipectl",
      "provider": "provider[\"registry.terraform.io/integrations/github\"]",
      "instances": [
        {
          "schema_version": 1,
          "attributes": {
            "allow_auto_merge": false,
            "allow_merge_commit": true,
            "allow_rebase_merge": true,
            "allow_squash_merge": true,
            "allow_update_branch": false,
            "archive_on_destroy": null,
            "archived": false,
            "auto_init": false,
            "default_branch": "main",
            "delete_branch_on_merge": false,
            "description": "Not supported",
            "etag": "W/\"24039e1c5885a5a0e9afb338a23fb7e2c34c92085103c1b5ee8dfc259f150888\"",
            "full_name": "asdf-vm-hyperupcall/asdf-pipectl",
            "git_clone_url": "git://github.com/asdf-vm-hyperupcall/asdf-pipectl.git",
            "gitignore_template": null,
            "has_discussions": false,
            "has_downloads": false,
            "has_issues": false,
            "has_projects": false,
            "has_wiki": false,
            "homepage_url": "",
            "html_url": "https://github.com/asdf-vm-hyperupcall/asdf-pipectl",
            "http_clone_url": "https://github.com/asdf-vm-hyperupcall/asdf-pipectl.git",
            "id": "asdf-pipectl",
            "ignore_vulnerability_alerts_during_read": null,
            "is_template": false,
            "license_template": null,
            "merge_commit_message": "PR_TITLE",
            "merge_commit_title": "MERGE_MESSAGE",
            "name": "asdf-pipectl",
            "node_id": "R_kgDOJ7RD0w",
            "pages": [],
            "private": false,
            "repo_id": 666125267,
            "security_and_analysis": [
              {
                "advanced_security": [],
                "secret_scanning": [
                  {
                    "status": "disabled"
                  }
                ],
                "secret_scanning_push_protection": [
                  {
                    "status": "disabled"
                  }
                ]
              }
            ],
            "squash_merge_commit_message": "COMMIT_MESSAGES",
            "squash_merge_commit_title": "COMMIT_OR_PR_TITLE",
            "ssh_clone_url": "git@github.com:asdf-vm-hyperupcall/asdf-pipectl.git",
            "svn_url": "https://github.com/asdf-vm-hyperupcall/asdf-pipectl",
            "template": [],
            "topics": null,
            "visibility": "public",
            "vulnerability_alerts": false
          },
          "sensitive_attributes": [],
          "private": "eyJzY2hlbWFfdmVyc2lvbiI6IjEifQ=="
        }
      ]
    },
    {
      "mode": "managed",
      "type": "github_repository",
      "name": "pirackr__asdf_telepresence",
      "provider": "provider[\"registry.terraform.io/integrations/github\"]",
      "instances": [
        {
          "schema_version": 1,
          "attributes": {
            "allow_auto_merge": false,
            "allow_merge_commit": true,
            "allow_rebase_merge": true,
            "allow_squash_merge": true,
            "allow_update_branch": false,
            "archive_on_destroy": null,
            "archived": false,
            "auto_init": false,
            "default_branch": "main",
            "delete_branch_on_merge": false,
            "description": "Not supported",
            "etag": "W/\"364e188ebfcfe5a2f50ffa60573f428e7b0928eec9f85f903b97df3f2aa2b613\"",
            "full_name": "asdf-vm-hyperupcall/asdf-telepresence",
            "git_clone_url": "git://github.com/asdf-vm-hyperupcall/asdf-telepresence.git",
            "gitignore_template": null,
            "has_discussions": false,
            "has_downloads": false,
            "has_issues": false,
            "has_projects": false,
            "has_wiki": false,
            "homepage_url": "",
            "html_url": "https://github.com/asdf-vm-hyperupcall/asdf-telepresence",
            "http_clone_url": "https://github.com/asdf-vm-hyperupcall/asdf-telepresence.git",
            "id": "asdf-telepresence",
            "ignore_vulnerability_alerts_during_read": null,
            "is_template": false,
            "license_template": null,
            "merge_commit_message": "PR_TITLE",
            "merge_commit_title": "MERGE_MESSAGE",
            "name": "asdf-telepresence",
            "node_id": "R_kgDOJ7Q9CQ",
            "pages": [],
            "private": false,
            "repo_id": 666123529,
            "security_and_analysis": [
              {
                "advanced_security": [],
                "secret_scanning": [
                  {
                    "status": "disabled"
                  }
                ],
                "secret_scanning_push_protection": [
                  {
                    "status": "disabled"
                  }
                ]
              }
            ],
            "squash_merge_commit_message": "COMMIT_MESSAGES",
            "squash_merge_commit_title": "COMMIT_OR_PR_TITLE",
            "ssh_clone_url": "git@github.com:asdf-vm-hyperupcall/asdf-telepresence.git",
            "svn_url": "https://github.com/asdf-vm-hyperupcall/asdf-telepresence",
            "template": [],
            "topics": null,
            "visibility": "public",
            "vulnerability_alerts": false
          },
          "sensitive_attributes": [],
          "private": "eyJzY2hlbWFfdmVyc2lvbiI6IjEifQ=="
        }
      ]
    },
    {
      "mode": "managed",
      "type": "github_repository",
      "name": "pitch_io__asdf-babashka",
      "provider": "provider[\"registry.terraform.io/integrations/github\"]",
      "instances": [
        {
          "schema_version": 1,
          "attributes": {
            "allow_auto_merge": false,
            "allow_merge_commit": true,
            "allow_rebase_merge": true,
            "allow_squash_merge": true,
            "allow_update_branch": false,
            "archive_on_destroy": null,
            "archived": false,
            "auto_init": false,
            "default_branch": "main",
            "delete_branch_on_merge": false,
            "description": "Not supported",
            "etag": "W/\"9c0c0227355b9782f43e7b1302b4b95247d514d0804852f1f7e67767b9037631\"",
            "full_name": "asdf-vm-hyperupcall/asdf-babashka",
            "git_clone_url": "git://github.com/asdf-vm-hyperupcall/asdf-babashka.git",
            "gitignore_template": null,
            "has_discussions": false,
            "has_downloads": false,
            "has_issues": false,
            "has_projects": false,
            "has_wiki": false,
            "homepage_url": "",
            "html_url": "https://github.com/asdf-vm-hyperupcall/asdf-babashka",
            "http_clone_url": "https://github.com/asdf-vm-hyperupcall/asdf-babashka.git",
            "id": "asdf-babashka",
            "ignore_vulnerability_alerts_during_read": null,
            "is_template": false,
            "license_template": null,
            "merge_commit_message": "PR_TITLE",
            "merge_commit_title": "MERGE_MESSAGE",
            "name": "asdf-babashka",
            "node_id": "R_kgDOJ7Q5eg",
            "pages": [],
            "private": false,
            "repo_id": 666122618,
            "security_and_analysis": [
              {
                "advanced_security": [],
                "secret_scanning": [
                  {
                    "status": "disabled"
                  }
                ],
                "secret_scanning_push_protection": [
                  {
                    "status": "disabled"
                  }
                ]
              }
            ],
            "squash_merge_commit_message": "COMMIT_MESSAGES",
            "squash_merge_commit_title": "COMMIT_OR_PR_TITLE",
            "ssh_clone_url": "git@github.com:asdf-vm-hyperupcall/asdf-babashka.git",
            "svn_url": "https://github.com/asdf-vm-hyperupcall/asdf-babashka",
            "template": [],
            "topics": null,
            "visibility": "public",
            "vulnerability_alerts": false
          },
          "sensitive_attributes": [],
          "private": "eyJzY2hlbWFfdmVyc2lvbiI6IjEifQ=="
        }
      ]
    },
    {
      "mode": "managed",
      "type": "github_repository",
      "name": "poikilotherm__asdf_grype",
      "provider": "provider[\"registry.terraform.io/integrations/github\"]",
      "instances": []
    },
    {
      "mode": "managed",
      "type": "github_repository",
      "name": "poikilotherm__asdf_shellspec",
      "provider": "provider[\"registry.terraform.io/integrations/github\"]",
      "instances": [
        {
          "schema_version": 1,
          "attributes": {
            "allow_auto_merge": false,
            "allow_merge_commit": true,
            "allow_rebase_merge": true,
            "allow_squash_merge": true,
            "allow_update_branch": false,
            "archive_on_destroy": null,
            "archived": false,
            "auto_init": false,
            "default_branch": "main",
            "delete_branch_on_merge": false,
            "description": "Not supported",
            "etag": "W/\"3e81d760832cd50bcda665f84e5f258817b83d0319f31ec0d93dd2b8753c07e0\"",
            "full_name": "asdf-vm-hyperupcall/asdf-shellspec",
            "git_clone_url": "git://github.com/asdf-vm-hyperupcall/asdf-shellspec.git",
            "gitignore_template": null,
            "has_discussions": false,
            "has_downloads": false,
            "has_issues": false,
            "has_projects": false,
            "has_wiki": false,
            "homepage_url": "",
            "html_url": "https://github.com/asdf-vm-hyperupcall/asdf-shellspec",
            "http_clone_url": "https://github.com/asdf-vm-hyperupcall/asdf-shellspec.git",
            "id": "asdf-shellspec",
            "ignore_vulnerability_alerts_during_read": null,
            "is_template": false,
            "license_template": null,
            "merge_commit_message": "PR_TITLE",
            "merge_commit_title": "MERGE_MESSAGE",
            "name": "asdf-shellspec",
            "node_id": "R_kgDOJ7R0aA",
            "pages": [],
            "private": false,
            "repo_id": 666137704,
            "security_and_analysis": [
              {
                "advanced_security": [],
                "secret_scanning": [
                  {
                    "status": "disabled"
                  }
                ],
                "secret_scanning_push_protection": [
                  {
                    "status": "disabled"
                  }
                ]
              }
            ],
            "squash_merge_commit_message": "COMMIT_MESSAGES",
            "squash_merge_commit_title": "COMMIT_OR_PR_TITLE",
            "ssh_clone_url": "git@github.com:asdf-vm-hyperupcall/asdf-shellspec.git",
            "svn_url": "https://github.com/asdf-vm-hyperupcall/asdf-shellspec",
            "template": [],
            "topics": null,
            "visibility": "public",
            "vulnerability_alerts": false
          },
          "sensitive_attributes": [],
          "private": "eyJzY2hlbWFfdmVyc2lvbiI6IjEifQ=="
        }
      ]
    },
    {
      "mode": "managed",
      "type": "github_repository",
      "name": "raimon49__asdf_goss",
      "provider": "provider[\"registry.terraform.io/integrations/github\"]",
      "instances": [
        {
          "schema_version": 1,
          "attributes": {
            "allow_auto_merge": false,
            "allow_merge_commit": true,
            "allow_rebase_merge": true,
            "allow_squash_merge": true,
            "allow_update_branch": false,
            "archive_on_destroy": null,
            "archived": false,
            "auto_init": false,
            "default_branch": "main",
            "delete_branch_on_merge": false,
            "description": "Not supported",
            "etag": "W/\"dc8c014f0789324f8e3e46065fca4c26a614aa5a6a22a4ecc8eca6f1089c5090\"",
            "full_name": "asdf-vm-hyperupcall/asdf-goss",
            "git_clone_url": "git://github.com/asdf-vm-hyperupcall/asdf-goss.git",
            "gitignore_template": null,
            "has_discussions": false,
            "has_downloads": false,
            "has_issues": false,
            "has_projects": false,
            "has_wiki": false,
            "homepage_url": "",
            "html_url": "https://github.com/asdf-vm-hyperupcall/asdf-goss",
            "http_clone_url": "https://github.com/asdf-vm-hyperupcall/asdf-goss.git",
            "id": "asdf-goss",
            "ignore_vulnerability_alerts_during_read": null,
            "is_template": false,
            "license_template": null,
            "merge_commit_message": "PR_TITLE",
            "merge_commit_title": "MERGE_MESSAGE",
            "name": "asdf-goss",
            "node_id": "R_kgDOJ7Rw3A",
            "pages": [],
            "private": false,
            "repo_id": 666136796,
            "security_and_analysis": [
              {
                "advanced_security": [],
                "secret_scanning": [
                  {
                    "status": "disabled"
                  }
                ],
                "secret_scanning_push_protection": [
                  {
                    "status": "disabled"
                  }
                ]
              }
            ],
            "squash_merge_commit_message": "COMMIT_MESSAGES",
            "squash_merge_commit_title": "COMMIT_OR_PR_TITLE",
            "ssh_clone_url": "git@github.com:asdf-vm-hyperupcall/asdf-goss.git",
            "svn_url": "https://github.com/asdf-vm-hyperupcall/asdf-goss",
            "template": [],
            "topics": null,
            "visibility": "public",
            "vulnerability_alerts": false
          },
          "sensitive_attributes": [],
          "private": "eyJzY2hlbWFfdmVyc2lvbiI6IjEifQ=="
        }
      ]
    },
    {
      "mode": "managed",
      "type": "github_repository",
      "name": "raimon49__asdf_hey",
      "provider": "provider[\"registry.terraform.io/integrations/github\"]",
      "instances": []
    },
    {
      "mode": "managed",
      "type": "github_repository",
      "name": "raimon49__asdf_hurl",
      "provider": "provider[\"registry.terraform.io/integrations/github\"]",
      "instances": [
        {
          "schema_version": 1,
          "attributes": {
            "allow_auto_merge": false,
            "allow_merge_commit": true,
            "allow_rebase_merge": true,
            "allow_squash_merge": true,
            "allow_update_branch": false,
            "archive_on_destroy": null,
            "archived": false,
            "auto_init": false,
            "default_branch": "main",
            "delete_branch_on_merge": false,
            "description": "Not supported",
            "etag": "W/\"9daa65fc1fb7ab8e10404e90a5d758981a7769cd732d8b2626e92ac7ffa2bb7c\"",
            "full_name": "asdf-vm-hyperupcall/asdf-hurl",
            "git_clone_url": "git://github.com/asdf-vm-hyperupcall/asdf-hurl.git",
            "gitignore_template": null,
            "has_discussions": false,
            "has_downloads": false,
            "has_issues": false,
            "has_projects": false,
            "has_wiki": false,
            "homepage_url": "",
            "html_url": "https://github.com/asdf-vm-hyperupcall/asdf-hurl",
            "http_clone_url": "https://github.com/asdf-vm-hyperupcall/asdf-hurl.git",
            "id": "asdf-hurl",
            "ignore_vulnerability_alerts_during_read": null,
            "is_template": false,
            "license_template": null,
            "merge_commit_message": "PR_TITLE",
            "merge_commit_title": "MERGE_MESSAGE",
            "name": "asdf-hurl",
            "node_id": "R_kgDOJ7R6dQ",
            "pages": [],
            "private": false,
            "repo_id": 666139253,
            "security_and_analysis": [
              {
                "advanced_security": [],
                "secret_scanning": [
                  {
                    "status": "disabled"
                  }
                ],
                "secret_scanning_push_protection": [
                  {
                    "status": "disabled"
                  }
                ]
              }
            ],
            "squash_merge_commit_message": "COMMIT_MESSAGES",
            "squash_merge_commit_title": "COMMIT_OR_PR_TITLE",
            "ssh_clone_url": "git@github.com:asdf-vm-hyperupcall/asdf-hurl.git",
            "svn_url": "https://github.com/asdf-vm-hyperupcall/asdf-hurl",
            "template": [],
            "topics": null,
            "visibility": "public",
            "vulnerability_alerts": false
          },
          "sensitive_attributes": [],
          "private": "eyJzY2hlbWFfdmVyc2lvbiI6IjEifQ=="
        }
      ]
    },
    {
      "mode": "managed",
      "type": "github_repository",
      "name": "rajatvig__asdf_bazel",
      "provider": "provider[\"registry.terraform.io/integrations/github\"]",
      "instances": []
    },
    {
      "mode": "managed",
      "type": "github_repository",
      "name": "randikabanura__asdf_opensearch",
      "provider": "provider[\"registry.terraform.io/integrations/github\"]",
      "instances": [
        {
          "schema_version": 1,
          "attributes": {
            "allow_auto_merge": false,
            "allow_merge_commit": true,
            "allow_rebase_merge": true,
            "allow_squash_merge": true,
            "allow_update_branch": false,
            "archive_on_destroy": null,
            "archived": false,
            "auto_init": false,
            "default_branch": "main",
            "delete_branch_on_merge": false,
            "description": "Not supported",
            "etag": "W/\"f522cd6aa7c001cf264d7f93b421c2a33b99b23c43570f5ea2ec13bc4e184379\"",
            "full_name": "asdf-vm-hyperupcall/asdf-opensearch",
            "git_clone_url": "git://github.com/asdf-vm-hyperupcall/asdf-opensearch.git",
            "gitignore_template": null,
            "has_discussions": false,
            "has_downloads": false,
            "has_issues": false,
            "has_projects": false,
            "has_wiki": false,
            "homepage_url": "",
            "html_url": "https://github.com/asdf-vm-hyperupcall/asdf-opensearch",
            "http_clone_url": "https://github.com/asdf-vm-hyperupcall/asdf-opensearch.git",
            "id": "asdf-opensearch",
            "ignore_vulnerability_alerts_during_read": null,
            "is_template": false,
            "license_template": null,
            "merge_commit_message": "PR_TITLE",
            "merge_commit_title": "MERGE_MESSAGE",
            "name": "asdf-opensearch",
            "node_id": "R_kgDOJ7Q5XA",
            "pages": [],
            "private": false,
            "repo_id": 666122588,
            "security_and_analysis": [
              {
                "advanced_security": [],
                "secret_scanning": [
                  {
                    "status": "disabled"
                  }
                ],
                "secret_scanning_push_protection": [
                  {
                    "status": "disabled"
                  }
                ]
              }
            ],
            "squash_merge_commit_message": "COMMIT_MESSAGES",
            "squash_merge_commit_title": "COMMIT_OR_PR_TITLE",
            "ssh_clone_url": "git@github.com:asdf-vm-hyperupcall/asdf-opensearch.git",
            "svn_url": "https://github.com/asdf-vm-hyperupcall/asdf-opensearch",
            "template": [],
            "topics": null,
            "visibility": "public",
            "vulnerability_alerts": false
          },
          "sensitive_attributes": [],
          "private": "eyJzY2hlbWFfdmVyc2lvbiI6IjEifQ=="
        }
      ]
    },
    {
      "mode": "managed",
      "type": "github_repository",
      "name": "rfrancis__asdf_gradle",
      "provider": "provider[\"registry.terraform.io/integrations/github\"]",
      "instances": [
        {
          "schema_version": 1,
          "attributes": {
            "allow_auto_merge": false,
            "allow_merge_commit": true,
            "allow_rebase_merge": true,
            "allow_squash_merge": true,
            "allow_update_branch": false,
            "archive_on_destroy": null,
            "archived": false,
            "auto_init": false,
            "default_branch": "main",
            "delete_branch_on_merge": false,
            "description": "Not supported",
            "etag": "W/\"a9a9a56e11dc4ceabd155d34b26c479ab017e4926e12f9600c261cecc91c7706\"",
            "full_name": "asdf-vm-hyperupcall/asdf-gradle",
            "git_clone_url": "git://github.com/asdf-vm-hyperupcall/asdf-gradle.git",
            "gitignore_template": null,
            "has_discussions": false,
            "has_downloads": false,
            "has_issues": false,
            "has_projects": false,
            "has_wiki": false,
            "homepage_url": "",
            "html_url": "https://github.com/asdf-vm-hyperupcall/asdf-gradle",
            "http_clone_url": "https://github.com/asdf-vm-hyperupcall/asdf-gradle.git",
            "id": "asdf-gradle",
            "ignore_vulnerability_alerts_during_read": null,
            "is_template": false,
            "license_template": null,
            "merge_commit_message": "PR_TITLE",
            "merge_commit_title": "MERGE_MESSAGE",
            "name": "asdf-gradle",
            "node_id": "R_kgDOJ7RxEQ",
            "pages": [],
            "private": false,
            "repo_id": 666136849,
            "security_and_analysis": [
              {
                "advanced_security": [],
                "secret_scanning": [
                  {
                    "status": "disabled"
                  }
                ],
                "secret_scanning_push_protection": [
                  {
                    "status": "disabled"
                  }
                ]
              }
            ],
            "squash_merge_commit_message": "COMMIT_MESSAGES",
            "squash_merge_commit_title": "COMMIT_OR_PR_TITLE",
            "ssh_clone_url": "git@github.com:asdf-vm-hyperupcall/asdf-gradle.git",
            "svn_url": "https://github.com/asdf-vm-hyperupcall/asdf-gradle",
            "template": [],
            "topics": null,
            "visibility": "public",
            "vulnerability_alerts": false
          },
          "sensitive_attributes": [],
          "private": "eyJzY2hlbWFfdmVyc2lvbiI6IjEifQ=="
        }
      ]
    },
    {
      "mode": "managed",
      "type": "github_repository",
      "name": "richin13__asdf_neovim",
      "provider": "provider[\"registry.terraform.io/integrations/github\"]",
      "instances": []
    },
    {
      "mode": "managed",
      "type": "github_repository",
      "name": "rkyleg__asdf_julia",
      "provider": "provider[\"registry.terraform.io/integrations/github\"]",
      "instances": [
        {
          "schema_version": 1,
          "attributes": {
            "allow_auto_merge": false,
            "allow_merge_commit": true,
            "allow_rebase_merge": true,
            "allow_squash_merge": true,
            "allow_update_branch": false,
            "archive_on_destroy": null,
            "archived": false,
            "auto_init": false,
            "default_branch": "main",
            "delete_branch_on_merge": false,
            "description": "Not supported",
            "etag": "W/\"23c1eb21333ca636dbe257efa5f9ae56ab48b683548bbd84ff543798df4dd424\"",
            "full_name": "asdf-vm-hyperupcall/asdf-julia",
            "git_clone_url": "git://github.com/asdf-vm-hyperupcall/asdf-julia.git",
            "gitignore_template": null,
            "has_discussions": false,
            "has_downloads": false,
            "has_issues": false,
            "has_projects": false,
            "has_wiki": false,
            "homepage_url": "",
            "html_url": "https://github.com/asdf-vm-hyperupcall/asdf-julia",
            "http_clone_url": "https://github.com/asdf-vm-hyperupcall/asdf-julia.git",
            "id": "asdf-julia",
            "ignore_vulnerability_alerts_during_read": null,
            "is_template": false,
            "license_template": null,
            "merge_commit_message": "PR_TITLE",
            "merge_commit_title": "MERGE_MESSAGE",
            "name": "asdf-julia",
            "node_id": "R_kgDOJ7R2PA",
            "pages": [],
            "private": false,
            "repo_id": 666138172,
            "security_and_analysis": [
              {
                "advanced_security": [],
                "secret_scanning": [
                  {
                    "status": "disabled"
                  }
                ],
                "secret_scanning_push_protection": [
                  {
                    "status": "disabled"
                  }
                ]
              }
            ],
            "squash_merge_commit_message": "COMMIT_MESSAGES",
            "squash_merge_commit_title": "COMMIT_OR_PR_TITLE",
            "ssh_clone_url": "git@github.com:asdf-vm-hyperupcall/asdf-julia.git",
            "svn_url": "https://github.com/asdf-vm-hyperupcall/asdf-julia",
            "template": [],
            "topics": null,
            "visibility": "public",
            "vulnerability_alerts": false
          },
          "sensitive_attributes": [],
          "private": "eyJzY2hlbWFfdmVyc2lvbiI6IjEifQ=="
        }
      ]
    },
    {
      "mode": "managed",
      "type": "github_repository",
      "name": "rm3l__asdf_odo",
      "provider": "provider[\"registry.terraform.io/integrations/github\"]",
      "instances": []
    },
    {
      "mode": "managed",
      "type": "github_repository",
      "name": "robsonpeixoto__asdf_aks-engine",
      "provider": "provider[\"registry.terraform.io/integrations/github\"]",
      "instances": []
    },
    {
      "mode": "managed",
      "type": "github_repository",
      "name": "ronnnnn__asdf_cocoapods",
      "provider": "provider[\"registry.terraform.io/integrations/github\"]",
      "instances": [
        {
          "schema_version": 1,
          "attributes": {
            "allow_auto_merge": false,
            "allow_merge_commit": true,
            "allow_rebase_merge": true,
            "allow_squash_merge": true,
            "allow_update_branch": false,
            "archive_on_destroy": null,
            "archived": false,
            "auto_init": false,
            "default_branch": "main",
            "delete_branch_on_merge": false,
            "description": "Not supported",
            "etag": "W/\"0ea23fd3cbba624644085791360dcd6cfed5be593b0ea5851e50b74e24b66713\"",
            "full_name": "asdf-vm-hyperupcall/asdf-cocoapods",
            "git_clone_url": "git://github.com/asdf-vm-hyperupcall/asdf-cocoapods.git",
            "gitignore_template": null,
            "has_discussions": false,
            "has_downloads": false,
            "has_issues": false,
            "has_projects": false,
            "has_wiki": false,
            "homepage_url": "",
            "html_url": "https://github.com/asdf-vm-hyperupcall/asdf-cocoapods",
            "http_clone_url": "https://github.com/asdf-vm-hyperupcall/asdf-cocoapods.git",
            "id": "asdf-cocoapods",
            "ignore_vulnerability_alerts_during_read": null,
            "is_template": false,
            "license_template": null,
            "merge_commit_message": "PR_TITLE",
            "merge_commit_title": "MERGE_MESSAGE",
            "name": "asdf-cocoapods",
            "node_id": "R_kgDOJ7R2cA",
            "pages": [],
            "private": false,
            "repo_id": 666138224,
            "security_and_analysis": [
              {
                "advanced_security": [],
                "secret_scanning": [
                  {
                    "status": "disabled"
                  }
                ],
                "secret_scanning_push_protection": [
                  {
                    "status": "disabled"
                  }
                ]
              }
            ],
            "squash_merge_commit_message": "COMMIT_MESSAGES",
            "squash_merge_commit_title": "COMMIT_OR_PR_TITLE",
            "ssh_clone_url": "git@github.com:asdf-vm-hyperupcall/asdf-cocoapods.git",
            "svn_url": "https://github.com/asdf-vm-hyperupcall/asdf-cocoapods",
            "template": [],
            "topics": null,
            "visibility": "public",
            "vulnerability_alerts": false
          },
          "sensitive_attributes": [],
          "private": "eyJzY2hlbWFfdmVyc2lvbiI6IjEifQ=="
        }
      ]
    },
    {
      "mode": "managed",
      "type": "github_repository",
      "name": "ryodocx__asdf_go-getter",
      "provider": "provider[\"registry.terraform.io/integrations/github\"]",
      "instances": []
    },
    {
      "mode": "managed",
      "type": "github_repository",
      "name": "ryodocx__asdf_viddy",
      "provider": "provider[\"registry.terraform.io/integrations/github\"]",
      "instances": [
        {
          "schema_version": 1,
          "attributes": {
            "allow_auto_merge": false,
            "allow_merge_commit": true,
            "allow_rebase_merge": true,
            "allow_squash_merge": true,
            "allow_update_branch": false,
            "archive_on_destroy": null,
            "archived": false,
            "auto_init": false,
            "default_branch": "main",
            "delete_branch_on_merge": false,
            "description": "Not supported",
            "etag": "W/\"e7d72e94d125a46318f62db84da80f0b6dc650dbcd47a165a7595a17b075d37b\"",
            "full_name": "asdf-vm-hyperupcall/asdf-viddy",
            "git_clone_url": "git://github.com/asdf-vm-hyperupcall/asdf-viddy.git",
            "gitignore_template": null,
            "has_discussions": false,
            "has_downloads": false,
            "has_issues": false,
            "has_projects": false,
            "has_wiki": false,
            "homepage_url": "",
            "html_url": "https://github.com/asdf-vm-hyperupcall/asdf-viddy",
            "http_clone_url": "https://github.com/asdf-vm-hyperupcall/asdf-viddy.git",
            "id": "asdf-viddy",
            "ignore_vulnerability_alerts_during_read": null,
            "is_template": false,
            "license_template": null,
            "merge_commit_message": "PR_TITLE",
            "merge_commit_title": "MERGE_MESSAGE",
            "name": "asdf-viddy",
            "node_id": "R_kgDOJ7Q6iA",
            "pages": [],
            "private": false,
            "repo_id": 666122888,
            "security_and_analysis": [
              {
                "advanced_security": [],
                "secret_scanning": [
                  {
                    "status": "disabled"
                  }
                ],
                "secret_scanning_push_protection": [
                  {
                    "status": "disabled"
                  }
                ]
              }
            ],
            "squash_merge_commit_message": "COMMIT_MESSAGES",
            "squash_merge_commit_title": "COMMIT_OR_PR_TITLE",
            "ssh_clone_url": "git@github.com:asdf-vm-hyperupcall/asdf-viddy.git",
            "svn_url": "https://github.com/asdf-vm-hyperupcall/asdf-viddy",
            "template": [],
            "topics": null,
            "visibility": "public",
            "vulnerability_alerts": false
          },
          "sensitive_attributes": [],
          "private": "eyJzY2hlbWFfdmVyc2lvbiI6IjEifQ=="
        }
      ]
    },
    {
      "mode": "managed",
      "type": "github_repository",
      "name": "ryodocx__asdf_yj",
      "provider": "provider[\"registry.terraform.io/integrations/github\"]",
      "instances": []
    },
    {
      "mode": "managed",
      "type": "github_repository",
      "name": "ryodocx__kube_credential-cache",
      "provider": "provider[\"registry.terraform.io/integrations/github\"]",
      "instances": [
        {
          "schema_version": 1,
          "attributes": {
            "allow_auto_merge": false,
            "allow_merge_commit": true,
            "allow_rebase_merge": true,
            "allow_squash_merge": true,
            "allow_update_branch": false,
            "archive_on_destroy": null,
            "archived": false,
            "auto_init": false,
            "default_branch": "main",
            "delete_branch_on_merge": false,
            "description": "Not supported",
            "etag": "W/\"651a96869f2adcb0edc79f0f96417fbf288419c51cd879a18c1f4b4e8006596c\"",
            "full_name": "asdf-vm-hyperupcall/asdf-kube-credential-cache",
            "git_clone_url": "git://github.com/asdf-vm-hyperupcall/asdf-kube-credential-cache.git",
            "gitignore_template": null,
            "has_discussions": false,
            "has_downloads": false,
            "has_issues": false,
            "has_projects": false,
            "has_wiki": false,
            "homepage_url": "",
            "html_url": "https://github.com/asdf-vm-hyperupcall/asdf-kube-credential-cache",
            "http_clone_url": "https://github.com/asdf-vm-hyperupcall/asdf-kube-credential-cache.git",
            "id": "asdf-kube-credential-cache",
            "ignore_vulnerability_alerts_during_read": null,
            "is_template": false,
            "license_template": null,
            "merge_commit_message": "PR_TITLE",
            "merge_commit_title": "MERGE_MESSAGE",
            "name": "asdf-kube-credential-cache",
            "node_id": "R_kgDOJ7Q70A",
            "pages": [],
            "private": false,
            "repo_id": 666123216,
            "security_and_analysis": [
              {
                "advanced_security": [],
                "secret_scanning": [
                  {
                    "status": "disabled"
                  }
                ],
                "secret_scanning_push_protection": [
                  {
                    "status": "disabled"
                  }
                ]
              }
            ],
            "squash_merge_commit_message": "COMMIT_MESSAGES",
            "squash_merge_commit_title": "COMMIT_OR_PR_TITLE",
            "ssh_clone_url": "git@github.com:asdf-vm-hyperupcall/asdf-kube-credential-cache.git",
            "svn_url": "https://github.com/asdf-vm-hyperupcall/asdf-kube-credential-cache",
            "template": [],
            "topics": null,
            "visibility": "public",
            "vulnerability_alerts": false
          },
          "sensitive_attributes": [],
          "private": "eyJzY2hlbWFfdmVyc2lvbiI6IjEifQ=="
        }
      ]
    },
    {
      "mode": "managed",
      "type": "github_repository",
      "name": "safx__asdf_apollo-router",
      "provider": "provider[\"registry.terraform.io/integrations/github\"]",
      "instances": [
        {
          "schema_version": 1,
          "attributes": {
            "allow_auto_merge": false,
            "allow_merge_commit": true,
            "allow_rebase_merge": true,
            "allow_squash_merge": true,
            "allow_update_branch": false,
            "archive_on_destroy": null,
            "archived": false,
            "auto_init": false,
            "default_branch": "main",
            "delete_branch_on_merge": false,
            "description": "Not supported",
            "etag": "W/\"b7133f12bf668bbaaca92dda8a6fc9ccabedc509e4aeaa00888a0594a1a887da\"",
            "full_name": "asdf-vm-hyperupcall/asdf-apollo-router",
            "git_clone_url": "git://github.com/asdf-vm-hyperupcall/asdf-apollo-router.git",
            "gitignore_template": null,
            "has_discussions": false,
            "has_downloads": false,
            "has_issues": false,
            "has_projects": false,
            "has_wiki": false,
            "homepage_url": "",
            "html_url": "https://github.com/asdf-vm-hyperupcall/asdf-apollo-router",
            "http_clone_url": "https://github.com/asdf-vm-hyperupcall/asdf-apollo-router.git",
            "id": "asdf-apollo-router",
            "ignore_vulnerability_alerts_during_read": null,
            "is_template": false,
            "license_template": null,
            "merge_commit_message": "PR_TITLE",
            "merge_commit_title": "MERGE_MESSAGE",
            "name": "asdf-apollo-router",
            "node_id": "R_kgDOJ7Q-5w",
            "pages": [],
            "private": false,
            "repo_id": 666124007,
            "security_and_analysis": [
              {
                "advanced_security": [],
                "secret_scanning": [
                  {
                    "status": "disabled"
                  }
                ],
                "secret_scanning_push_protection": [
                  {
                    "status": "disabled"
                  }
                ]
              }
            ],
            "squash_merge_commit_message": "COMMIT_MESSAGES",
            "squash_merge_commit_title": "COMMIT_OR_PR_TITLE",
            "ssh_clone_url": "git@github.com:asdf-vm-hyperupcall/asdf-apollo-router.git",
            "svn_url": "https://github.com/asdf-vm-hyperupcall/asdf-apollo-router",
            "template": [],
            "topics": null,
            "visibility": "public",
            "vulnerability_alerts": false
          },
          "sensitive_attributes": [],
          "private": "eyJzY2hlbWFfdmVyc2lvbiI6IjEifQ=="
        }
      ]
    },
    {
      "mode": "managed",
      "type": "github_repository",
      "name": "sakuro__asdf_gauche",
      "provider": "provider[\"registry.terraform.io/integrations/github\"]",
      "instances": []
    },
    {
      "mode": "managed",
      "type": "github_repository",
      "name": "salasrod__asdf_caddy",
      "provider": "provider[\"registry.terraform.io/integrations/github\"]",
      "instances": []
    },
    {
      "mode": "managed",
      "type": "github_repository",
      "name": "salasrod__asdf_cockroach",
      "provider": "provider[\"registry.terraform.io/integrations/github\"]",
      "instances": []
    },
    {
      "mode": "managed",
      "type": "github_repository",
      "name": "salasrod__asdf_mkcert",
      "provider": "provider[\"registry.terraform.io/integrations/github\"]",
      "instances": [
        {
          "schema_version": 1,
          "attributes": {
            "allow_auto_merge": false,
            "allow_merge_commit": true,
            "allow_rebase_merge": true,
            "allow_squash_merge": true,
            "allow_update_branch": false,
            "archive_on_destroy": null,
            "archived": false,
            "auto_init": false,
            "default_branch": "main",
            "delete_branch_on_merge": false,
            "description": "Not supported",
            "etag": "W/\"d5a633bea35aa3cb2adfdad5b4a4302cb8ed150ea389ee854d55844adfdbf76b\"",
            "full_name": "asdf-vm-hyperupcall/asdf-mkcert",
            "git_clone_url": "git://github.com/asdf-vm-hyperupcall/asdf-mkcert.git",
            "gitignore_template": null,
            "has_discussions": false,
            "has_downloads": false,
            "has_issues": false,
            "has_projects": false,
            "has_wiki": false,
            "homepage_url": "",
            "html_url": "https://github.com/asdf-vm-hyperupcall/asdf-mkcert",
            "http_clone_url": "https://github.com/asdf-vm-hyperupcall/asdf-mkcert.git",
            "id": "asdf-mkcert",
            "ignore_vulnerability_alerts_during_read": null,
            "is_template": false,
            "license_template": null,
            "merge_commit_message": "PR_TITLE",
            "merge_commit_title": "MERGE_MESSAGE",
            "name": "asdf-mkcert",
            "node_id": "R_kgDOJ7RFBg",
            "pages": [],
            "private": false,
            "repo_id": 666125574,
            "security_and_analysis": [
              {
                "advanced_security": [],
                "secret_scanning": [
                  {
                    "status": "disabled"
                  }
                ],
                "secret_scanning_push_protection": [
                  {
                    "status": "disabled"
                  }
                ]
              }
            ],
            "squash_merge_commit_message": "COMMIT_MESSAGES",
            "squash_merge_commit_title": "COMMIT_OR_PR_TITLE",
            "ssh_clone_url": "git@github.com:asdf-vm-hyperupcall/asdf-mkcert.git",
            "svn_url": "https://github.com/asdf-vm-hyperupcall/asdf-mkcert",
            "template": [],
            "topics": null,
            "visibility": "public",
            "vulnerability_alerts": false
          },
          "sensitive_attributes": [],
          "private": "eyJzY2hlbWFfdmVyc2lvbiI6IjEifQ=="
        }
      ]
    },
    {
      "mode": "managed",
      "type": "github_repository",
      "name": "salasrod__asdf_zola",
      "provider": "provider[\"registry.terraform.io/integrations/github\"]",
      "instances": [
        {
          "schema_version": 1,
          "attributes": {
            "allow_auto_merge": false,
            "allow_merge_commit": true,
            "allow_rebase_merge": true,
            "allow_squash_merge": true,
            "allow_update_branch": false,
            "archive_on_destroy": null,
            "archived": false,
            "auto_init": false,
            "default_branch": "main",
            "delete_branch_on_merge": false,
            "description": "Not supported",
            "etag": "W/\"591c80f462b28e4b50ce3c9b938cddcc24d088d47d7c1bc66a25f97ab386abc9\"",
            "full_name": "asdf-vm-hyperupcall/asdf-zola",
            "git_clone_url": "git://github.com/asdf-vm-hyperupcall/asdf-zola.git",
            "gitignore_template": null,
            "has_discussions": false,
            "has_downloads": false,
            "has_issues": false,
            "has_projects": false,
            "has_wiki": false,
            "homepage_url": "",
            "html_url": "https://github.com/asdf-vm-hyperupcall/asdf-zola",
            "http_clone_url": "https://github.com/asdf-vm-hyperupcall/asdf-zola.git",
            "id": "asdf-zola",
            "ignore_vulnerability_alerts_during_read": null,
            "is_template": false,
            "license_template": null,
            "merge_commit_message": "PR_TITLE",
            "merge_commit_title": "MERGE_MESSAGE",
            "name": "asdf-zola",
            "node_id": "R_kgDOJ7RDhw",
            "pages": [],
            "private": false,
            "repo_id": 666125191,
            "security_and_analysis": [
              {
                "advanced_security": [],
                "secret_scanning": [
                  {
                    "status": "disabled"
                  }
                ],
                "secret_scanning_push_protection": [
                  {
                    "status": "disabled"
                  }
                ]
              }
            ],
            "squash_merge_commit_message": "COMMIT_MESSAGES",
            "squash_merge_commit_title": "COMMIT_OR_PR_TITLE",
            "ssh_clone_url": "git@github.com:asdf-vm-hyperupcall/asdf-zola.git",
            "svn_url": "https://github.com/asdf-vm-hyperupcall/asdf-zola",
            "template": [],
            "topics": null,
            "visibility": "public",
            "vulnerability_alerts": false
          },
          "sensitive_attributes": [],
          "private": "eyJzY2hlbWFfdmVyc2lvbiI6IjEifQ=="
        }
      ]
    },
    {
      "mode": "managed",
      "type": "github_repository",
      "name": "sam_burrell__asdf-pint",
      "provider": "provider[\"registry.terraform.io/integrations/github\"]",
      "instances": []
    },
    {
      "mode": "managed",
      "type": "github_repository",
      "name": "samhvw8__asdf_kubecm",
      "provider": "provider[\"registry.terraform.io/integrations/github\"]",
      "instances": []
    },
    {
      "mode": "managed",
      "type": "github_repository",
      "name": "samontea__asdf_smlnj",
      "provider": "provider[\"registry.terraform.io/integrations/github\"]",
      "instances": [
        {
          "schema_version": 1,
          "attributes": {
            "allow_auto_merge": false,
            "allow_merge_commit": true,
            "allow_rebase_merge": true,
            "allow_squash_merge": true,
            "allow_update_branch": false,
            "archive_on_destroy": null,
            "archived": false,
            "auto_init": false,
            "default_branch": "main",
            "delete_branch_on_merge": false,
            "description": "Not supported",
            "etag": "W/\"7afd57f259cf0e3a042347149da3d6867e3c4959ab0ef7b43018bd83b79a3688\"",
            "full_name": "asdf-vm-hyperupcall/asdf-smlnj",
            "git_clone_url": "git://github.com/asdf-vm-hyperupcall/asdf-smlnj.git",
            "gitignore_template": null,
            "has_discussions": false,
            "has_downloads": false,
            "has_issues": false,
            "has_projects": false,
            "has_wiki": false,
            "homepage_url": "",
            "html_url": "https://github.com/asdf-vm-hyperupcall/asdf-smlnj",
            "http_clone_url": "https://github.com/asdf-vm-hyperupcall/asdf-smlnj.git",
            "id": "asdf-smlnj",
            "ignore_vulnerability_alerts_during_read": null,
            "is_template": false,
            "license_template": null,
            "merge_commit_message": "PR_TITLE",
            "merge_commit_title": "MERGE_MESSAGE",
            "name": "asdf-smlnj",
            "node_id": "R_kgDOJ7REsQ",
            "pages": [],
            "private": false,
            "repo_id": 666125489,
            "security_and_analysis": [
              {
                "advanced_security": [],
                "secret_scanning": [
                  {
                    "status": "disabled"
                  }
                ],
                "secret_scanning_push_protection": [
                  {
                    "status": "disabled"
                  }
                ]
              }
            ],
            "squash_merge_commit_message": "COMMIT_MESSAGES",
            "squash_merge_commit_title": "COMMIT_OR_PR_TITLE",
            "ssh_clone_url": "git@github.com:asdf-vm-hyperupcall/asdf-smlnj.git",
            "svn_url": "https://github.com/asdf-vm-hyperupcall/asdf-smlnj",
            "template": [],
            "topics": null,
            "visibility": "public",
            "vulnerability_alerts": false
          },
          "sensitive_attributes": [],
          "private": "eyJzY2hlbWFfdmVyc2lvbiI6IjEifQ=="
        }
      ]
    },
    {
      "mode": "managed",
      "type": "github_repository",
      "name": "schinckel__asdf_chromedriver",
      "provider": "provider[\"registry.terraform.io/integrations/github\"]",
      "instances": []
    },
    {
      "mode": "managed",
      "type": "github_repository",
      "name": "scudelletti__asdf_hamler",
      "provider": "provider[\"registry.terraform.io/integrations/github\"]",
      "instances": []
    },
    {
      "mode": "managed",
      "type": "github_repository",
      "name": "sechmann__asdf_kubelogin",
      "provider": "provider[\"registry.terraform.io/integrations/github\"]",
      "instances": []
    },
    {
      "mode": "managed",
      "type": "github_repository",
      "name": "sestrella__asdf_ghcup",
      "provider": "provider[\"registry.terraform.io/integrations/github\"]",
      "instances": []
    },
    {
      "mode": "managed",
      "type": "github_repository",
      "name": "shawon_crosen__asdf-cookiecutter",
      "provider": "provider[\"registry.terraform.io/integrations/github\"]",
      "instances": []
    },
    {
      "mode": "managed",
      "type": "github_repository",
      "name": "sighupio__asdf_furyctl",
      "provider": "provider[\"registry.terraform.io/integrations/github\"]",
      "instances": []
    },
    {
      "mode": "managed",
      "type": "github_repository",
      "name": "skyzyx__asdf_conform",
      "provider": "provider[\"registry.terraform.io/integrations/github\"]",
      "instances": [
        {
          "schema_version": 1,
          "attributes": {
            "allow_auto_merge": false,
            "allow_merge_commit": true,
            "allow_rebase_merge": true,
            "allow_squash_merge": true,
            "allow_update_branch": false,
            "archive_on_destroy": null,
            "archived": false,
            "auto_init": false,
            "default_branch": "main",
            "delete_branch_on_merge": false,
            "description": "Not supported",
            "etag": "W/\"f867fee66b89db5fb44481b991b97d77824decfc2a8a0615210eee6a6d8226e4\"",
            "full_name": "asdf-vm-hyperupcall/asdf-conform",
            "git_clone_url": "git://github.com/asdf-vm-hyperupcall/asdf-conform.git",
            "gitignore_template": null,
            "has_discussions": false,
            "has_downloads": false,
            "has_issues": false,
            "has_projects": false,
            "has_wiki": false,
            "homepage_url": "",
            "html_url": "https://github.com/asdf-vm-hyperupcall/asdf-conform",
            "http_clone_url": "https://github.com/asdf-vm-hyperupcall/asdf-conform.git",
            "id": "asdf-conform",
            "ignore_vulnerability_alerts_during_read": null,
            "is_template": false,
            "license_template": null,
            "merge_commit_message": "PR_TITLE",
            "merge_commit_title": "MERGE_MESSAGE",
            "name": "asdf-conform",
            "node_id": "R_kgDOJ7Q1lA",
            "pages": [],
            "private": false,
            "repo_id": 666121620,
            "security_and_analysis": [
              {
                "advanced_security": [],
                "secret_scanning": [
                  {
                    "status": "disabled"
                  }
                ],
                "secret_scanning_push_protection": [
                  {
                    "status": "disabled"
                  }
                ]
              }
            ],
            "squash_merge_commit_message": "COMMIT_MESSAGES",
            "squash_merge_commit_title": "COMMIT_OR_PR_TITLE",
            "ssh_clone_url": "git@github.com:asdf-vm-hyperupcall/asdf-conform.git",
            "svn_url": "https://github.com/asdf-vm-hyperupcall/asdf-conform",
            "template": [],
            "topics": null,
            "visibility": "public",
            "vulnerability_alerts": false
          },
          "sensitive_attributes": [],
          "private": "eyJzY2hlbWFfdmVyc2lvbiI6IjEifQ=="
        }
      ]
    },
    {
      "mode": "managed",
      "type": "github_repository",
      "name": "skyzyx__asdf_github-markdown-toc",
      "provider": "provider[\"registry.terraform.io/integrations/github\"]",
      "instances": [
        {
          "schema_version": 1,
          "attributes": {
            "allow_auto_merge": false,
            "allow_merge_commit": true,
            "allow_rebase_merge": true,
            "allow_squash_merge": true,
            "allow_update_branch": false,
            "archive_on_destroy": null,
            "archived": false,
            "auto_init": false,
            "default_branch": "main",
            "delete_branch_on_merge": false,
            "description": "Not supported",
            "etag": "W/\"9c6e8b53c1d633dbd25abf923655d61bb59a7e1bd8f99bd250cdd21613492b97\"",
            "full_name": "asdf-vm-hyperupcall/asdf-github-markdown-toc",
            "git_clone_url": "git://github.com/asdf-vm-hyperupcall/asdf-github-markdown-toc.git",
            "gitignore_template": null,
            "has_discussions": false,
            "has_downloads": false,
            "has_issues": false,
            "has_projects": false,
            "has_wiki": false,
            "homepage_url": "",
            "html_url": "https://github.com/asdf-vm-hyperupcall/asdf-github-markdown-toc",
            "http_clone_url": "https://github.com/asdf-vm-hyperupcall/asdf-github-markdown-toc.git",
            "id": "asdf-github-markdown-toc",
            "ignore_vulnerability_alerts_during_read": null,
            "is_template": false,
            "license_template": null,
            "merge_commit_message": "PR_TITLE",
            "merge_commit_title": "MERGE_MESSAGE",
            "name": "asdf-github-markdown-toc",
            "node_id": "R_kgDOJ7Q_Lg",
            "pages": [],
            "private": false,
            "repo_id": 666124078,
            "security_and_analysis": [
              {
                "advanced_security": [],
                "secret_scanning": [
                  {
                    "status": "disabled"
                  }
                ],
                "secret_scanning_push_protection": [
                  {
                    "status": "disabled"
                  }
                ]
              }
            ],
            "squash_merge_commit_message": "COMMIT_MESSAGES",
            "squash_merge_commit_title": "COMMIT_OR_PR_TITLE",
            "ssh_clone_url": "git@github.com:asdf-vm-hyperupcall/asdf-github-markdown-toc.git",
            "svn_url": "https://github.com/asdf-vm-hyperupcall/asdf-github-markdown-toc",
            "template": [],
            "topics": null,
            "visibility": "public",
            "vulnerability_alerts": false
          },
          "sensitive_attributes": [],
          "private": "eyJzY2hlbWFfdmVyc2lvbiI6IjEifQ=="
        }
      ]
    },
    {
      "mode": "managed",
      "type": "github_repository",
      "name": "skyzyx__asdf_jmespath",
      "provider": "provider[\"registry.terraform.io/integrations/github\"]",
      "instances": []
    },
    {
      "mode": "managed",
      "type": "github_repository",
      "name": "skyzyx__asdf_scenery",
      "provider": "provider[\"registry.terraform.io/integrations/github\"]",
      "instances": []
    },
    {
      "mode": "managed",
      "type": "github_repository",
      "name": "skyzyx__asdf_tflint",
      "provider": "provider[\"registry.terraform.io/integrations/github\"]",
      "instances": []
    },
    {
      "mode": "managed",
      "type": "github_repository",
      "name": "slok__asdf_agebox",
      "provider": "provider[\"registry.terraform.io/integrations/github\"]",
      "instances": []
    },
    {
      "mode": "managed",
      "type": "github_repository",
      "name": "slok__asdf_sloth",
      "provider": "provider[\"registry.terraform.io/integrations/github\"]",
      "instances": []
    },
    {
      "mode": "managed",
      "type": "github_repository",
      "name": "smartcontractkit__tool_versions-to-env-action",
      "provider": "provider[\"registry.terraform.io/integrations/github\"]",
      "instances": []
    },
    {
      "mode": "managed",
      "type": "github_repository",
      "name": "smashedtoatoms__asdf_ephemeral-postgres",
      "provider": "provider[\"registry.terraform.io/integrations/github\"]",
      "instances": []
    },
    {
      "mode": "managed",
      "type": "github_repository",
      "name": "smashedtoatoms__asdf_luaJIT",
      "provider": "provider[\"registry.terraform.io/integrations/github\"]",
      "instances": [
        {
          "schema_version": 1,
          "attributes": {
            "allow_auto_merge": false,
            "allow_merge_commit": true,
            "allow_rebase_merge": true,
            "allow_squash_merge": true,
            "allow_update_branch": false,
            "archive_on_destroy": null,
            "archived": false,
            "auto_init": false,
            "default_branch": "main",
            "delete_branch_on_merge": false,
            "description": "Not supported",
            "etag": "W/\"6a17de43f3d7fa0bc49c745a09f2a550cdc69f27a227d32c9a4cc51b6f49d207\"",
            "full_name": "asdf-vm-hyperupcall/asdf-luaJIT",
            "git_clone_url": "git://github.com/asdf-vm-hyperupcall/asdf-luaJIT.git",
            "gitignore_template": null,
            "has_discussions": false,
            "has_downloads": false,
            "has_issues": false,
            "has_projects": false,
            "has_wiki": false,
            "homepage_url": "",
            "html_url": "https://github.com/asdf-vm-hyperupcall/asdf-luaJIT",
            "http_clone_url": "https://github.com/asdf-vm-hyperupcall/asdf-luaJIT.git",
            "id": "asdf-luaJIT",
            "ignore_vulnerability_alerts_during_read": null,
            "is_template": false,
            "license_template": null,
            "merge_commit_message": "PR_TITLE",
            "merge_commit_title": "MERGE_MESSAGE",
            "name": "asdf-luaJIT",
            "node_id": "R_kgDOJ7Q0hQ",
            "pages": [],
            "private": false,
            "repo_id": 666121349,
            "security_and_analysis": [
              {
                "advanced_security": [],
                "secret_scanning": [
                  {
                    "status": "disabled"
                  }
                ],
                "secret_scanning_push_protection": [
                  {
                    "status": "disabled"
                  }
                ]
              }
            ],
            "squash_merge_commit_message": "COMMIT_MESSAGES",
            "squash_merge_commit_title": "COMMIT_OR_PR_TITLE",
            "ssh_clone_url": "git@github.com:asdf-vm-hyperupcall/asdf-luaJIT.git",
            "svn_url": "https://github.com/asdf-vm-hyperupcall/asdf-luaJIT",
            "template": [],
            "topics": null,
            "visibility": "public",
            "vulnerability_alerts": false
          },
          "sensitive_attributes": [],
          "private": "eyJzY2hlbWFfdmVyc2lvbiI6IjEifQ=="
        }
      ]
    },
    {
      "mode": "managed",
      "type": "github_repository",
      "name": "smashedtoatoms__asdf_openresty",
      "provider": "provider[\"registry.terraform.io/integrations/github\"]",
      "instances": [
        {
          "schema_version": 1,
          "attributes": {
            "allow_auto_merge": false,
            "allow_merge_commit": true,
            "allow_rebase_merge": true,
            "allow_squash_merge": true,
            "allow_update_branch": false,
            "archive_on_destroy": null,
            "archived": false,
            "auto_init": false,
            "default_branch": "main",
            "delete_branch_on_merge": false,
            "description": "Not supported",
            "etag": "W/\"42f3a94d2983cb69e7075bbf6469b4e6e0cb826fb4a5654e4e2346c4f07b2ae8\"",
            "full_name": "asdf-vm-hyperupcall/asdf-openresty",
            "git_clone_url": "git://github.com/asdf-vm-hyperupcall/asdf-openresty.git",
            "gitignore_template": null,
            "has_discussions": false,
            "has_downloads": false,
            "has_issues": false,
            "has_projects": false,
            "has_wiki": false,
            "homepage_url": "",
            "html_url": "https://github.com/asdf-vm-hyperupcall/asdf-openresty",
            "http_clone_url": "https://github.com/asdf-vm-hyperupcall/asdf-openresty.git",
            "id": "asdf-openresty",
            "ignore_vulnerability_alerts_during_read": null,
            "is_template": false,
            "license_template": null,
            "merge_commit_message": "PR_TITLE",
            "merge_commit_title": "MERGE_MESSAGE",
            "name": "asdf-openresty",
            "node_id": "R_kgDOJ7RzPw",
            "pages": [],
            "private": false,
            "repo_id": 666137407,
            "security_and_analysis": [
              {
                "advanced_security": [],
                "secret_scanning": [
                  {
                    "status": "disabled"
                  }
                ],
                "secret_scanning_push_protection": [
                  {
                    "status": "disabled"
                  }
                ]
              }
            ],
            "squash_merge_commit_message": "COMMIT_MESSAGES",
            "squash_merge_commit_title": "COMMIT_OR_PR_TITLE",
            "ssh_clone_url": "git@github.com:asdf-vm-hyperupcall/asdf-openresty.git",
            "svn_url": "https://github.com/asdf-vm-hyperupcall/asdf-openresty",
            "template": [],
            "topics": null,
            "visibility": "public",
            "vulnerability_alerts": false
          },
          "sensitive_attributes": [],
          "private": "eyJzY2hlbWFfdmVyc2lvbiI6IjEifQ=="
        }
      ]
    },
    {
      "mode": "managed",
      "type": "github_repository",
      "name": "smashedtoatoms__asdf_postgres",
      "provider": "provider[\"registry.terraform.io/integrations/github\"]",
      "instances": []
    },
    {
      "mode": "managed",
      "type": "github_repository",
      "name": "smashedtoatoms__asdf_redis",
      "provider": "provider[\"registry.terraform.io/integrations/github\"]",
      "instances": [
        {
          "schema_version": 1,
          "attributes": {
            "allow_auto_merge": false,
            "allow_merge_commit": true,
            "allow_rebase_merge": true,
            "allow_squash_merge": true,
            "allow_update_branch": false,
            "archive_on_destroy": null,
            "archived": false,
            "auto_init": false,
            "default_branch": "main",
            "delete_branch_on_merge": false,
            "description": "Not supported",
            "etag": "W/\"dd0d5f1a007927d61556e79682b6d2148863d3e7275766c644092c456cb8dfa2\"",
            "full_name": "asdf-vm-hyperupcall/asdf-redis",
            "git_clone_url": "git://github.com/asdf-vm-hyperupcall/asdf-redis.git",
            "gitignore_template": null,
            "has_discussions": false,
            "has_downloads": false,
            "has_issues": false,
            "has_projects": false,
            "has_wiki": false,
            "homepage_url": "",
            "html_url": "https://github.com/asdf-vm-hyperupcall/asdf-redis",
            "http_clone_url": "https://github.com/asdf-vm-hyperupcall/asdf-redis.git",
            "id": "asdf-redis",
            "ignore_vulnerability_alerts_during_read": null,
            "is_template": false,
            "license_template": null,
            "merge_commit_message": "PR_TITLE",
            "merge_commit_title": "MERGE_MESSAGE",
            "name": "asdf-redis",
            "node_id": "R_kgDOJ7R6gg",
            "pages": [],
            "private": false,
            "repo_id": 666139266,
            "security_and_analysis": [
              {
                "advanced_security": [],
                "secret_scanning": [
                  {
                    "status": "disabled"
                  }
                ],
                "secret_scanning_push_protection": [
                  {
                    "status": "disabled"
                  }
                ]
              }
            ],
            "squash_merge_commit_message": "COMMIT_MESSAGES",
            "squash_merge_commit_title": "COMMIT_OR_PR_TITLE",
            "ssh_clone_url": "git@github.com:asdf-vm-hyperupcall/asdf-redis.git",
            "svn_url": "https://github.com/asdf-vm-hyperupcall/asdf-redis",
            "template": [],
            "topics": null,
            "visibility": "public",
            "vulnerability_alerts": false
          },
          "sensitive_attributes": [],
          "private": "eyJzY2hlbWFfdmVyc2lvbiI6IjEifQ=="
        }
      ]
    },
    {
      "mode": "managed",
      "type": "github_repository",
      "name": "smashedtoatoms__asdf_sbcl",
      "provider": "provider[\"registry.terraform.io/integrations/github\"]",
      "instances": [
        {
          "schema_version": 1,
          "attributes": {
            "allow_auto_merge": false,
            "allow_merge_commit": true,
            "allow_rebase_merge": true,
            "allow_squash_merge": true,
            "allow_update_branch": false,
            "archive_on_destroy": null,
            "archived": false,
            "auto_init": false,
            "default_branch": "main",
            "delete_branch_on_merge": false,
            "description": "Not supported",
            "etag": "W/\"de749c9f6255f58bc410df2df143adebd6588ce42f31d5789548ac7a2b8a9cd0\"",
            "full_name": "asdf-vm-hyperupcall/asdf-sbcl",
            "git_clone_url": "git://github.com/asdf-vm-hyperupcall/asdf-sbcl.git",
            "gitignore_template": null,
            "has_discussions": false,
            "has_downloads": false,
            "has_issues": false,
            "has_projects": false,
            "has_wiki": false,
            "homepage_url": "",
            "html_url": "https://github.com/asdf-vm-hyperupcall/asdf-sbcl",
            "http_clone_url": "https://github.com/asdf-vm-hyperupcall/asdf-sbcl.git",
            "id": "asdf-sbcl",
            "ignore_vulnerability_alerts_during_read": null,
            "is_template": false,
            "license_template": null,
            "merge_commit_message": "PR_TITLE",
            "merge_commit_title": "MERGE_MESSAGE",
            "name": "asdf-sbcl",
            "node_id": "R_kgDOJ7RzMw",
            "pages": [],
            "private": false,
            "repo_id": 666137395,
            "security_and_analysis": [
              {
                "advanced_security": [],
                "secret_scanning": [
                  {
                    "status": "disabled"
                  }
                ],
                "secret_scanning_push_protection": [
                  {
                    "status": "disabled"
                  }
                ]
              }
            ],
            "squash_merge_commit_message": "COMMIT_MESSAGES",
            "squash_merge_commit_title": "COMMIT_OR_PR_TITLE",
            "ssh_clone_url": "git@github.com:asdf-vm-hyperupcall/asdf-sbcl.git",
            "svn_url": "https://github.com/asdf-vm-hyperupcall/asdf-sbcl",
            "template": [],
            "topics": null,
            "visibility": "public",
            "vulnerability_alerts": false
          },
          "sensitive_attributes": [],
          "private": "eyJzY2hlbWFfdmVyc2lvbiI6IjEifQ=="
        }
      ]
    },
    {
      "mode": "managed",
      "type": "github_repository",
      "name": "sneakybeaky__asdf_gomplate",
      "provider": "provider[\"registry.terraform.io/integrations/github\"]",
      "instances": []
    },
    {
      "mode": "managed",
      "type": "github_repository",
      "name": "spencergilbert__asdf_gitsign",
      "provider": "provider[\"registry.terraform.io/integrations/github\"]",
      "instances": [
        {
          "schema_version": 1,
          "attributes": {
            "allow_auto_merge": false,
            "allow_merge_commit": true,
            "allow_rebase_merge": true,
            "allow_squash_merge": true,
            "allow_update_branch": false,
            "archive_on_destroy": null,
            "archived": false,
            "auto_init": false,
            "default_branch": "main",
            "delete_branch_on_merge": false,
            "description": "Not supported",
            "etag": "W/\"ed02b497a6d3a0a3ea2ed1b0cbeba7ac8140fd4c25d22690fce82e6e3455eacb\"",
            "full_name": "asdf-vm-hyperupcall/asdf-gitsign",
            "git_clone_url": "git://github.com/asdf-vm-hyperupcall/asdf-gitsign.git",
            "gitignore_template": null,
            "has_discussions": false,
            "has_downloads": false,
            "has_issues": false,
            "has_projects": false,
            "has_wiki": false,
            "homepage_url": "",
            "html_url": "https://github.com/asdf-vm-hyperupcall/asdf-gitsign",
            "http_clone_url": "https://github.com/asdf-vm-hyperupcall/asdf-gitsign.git",
            "id": "asdf-gitsign",
            "ignore_vulnerability_alerts_during_read": null,
            "is_template": false,
            "license_template": null,
            "merge_commit_message": "PR_TITLE",
            "merge_commit_title": "MERGE_MESSAGE",
            "name": "asdf-gitsign",
            "node_id": "R_kgDOJ7Rw7g",
            "pages": [],
            "private": false,
            "repo_id": 666136814,
            "security_and_analysis": [
              {
                "advanced_security": [],
                "secret_scanning": [
                  {
                    "status": "disabled"
                  }
                ],
                "secret_scanning_push_protection": [
                  {
                    "status": "disabled"
                  }
                ]
              }
            ],
            "squash_merge_commit_message": "COMMIT_MESSAGES",
            "squash_merge_commit_title": "COMMIT_OR_PR_TITLE",
            "ssh_clone_url": "git@github.com:asdf-vm-hyperupcall/asdf-gitsign.git",
            "svn_url": "https://github.com/asdf-vm-hyperupcall/asdf-gitsign",
            "template": [],
            "topics": null,
            "visibility": "public",
            "vulnerability_alerts": false
          },
          "sensitive_attributes": [],
          "private": "eyJzY2hlbWFfdmVyc2lvbiI6IjEifQ=="
        }
      ]
    },
    {
      "mode": "managed",
      "type": "github_repository",
      "name": "spencergilbert__asdf_k3d",
      "provider": "provider[\"registry.terraform.io/integrations/github\"]",
      "instances": []
    },
    {
      "mode": "managed",
      "type": "github_repository",
      "name": "spencergilbert__asdf_protolint",
      "provider": "provider[\"registry.terraform.io/integrations/github\"]",
      "instances": [
        {
          "schema_version": 1,
          "attributes": {
            "allow_auto_merge": false,
            "allow_merge_commit": true,
            "allow_rebase_merge": true,
            "allow_squash_merge": true,
            "allow_update_branch": false,
            "archive_on_destroy": null,
            "archived": false,
            "auto_init": false,
            "default_branch": "main",
            "delete_branch_on_merge": false,
            "description": "Not supported",
            "etag": "W/\"00ad453bc3807b61e225609229b38380c4bd4d7b1a5d63b5161235e456524394\"",
            "full_name": "asdf-vm-hyperupcall/asdf-protolint",
            "git_clone_url": "git://github.com/asdf-vm-hyperupcall/asdf-protolint.git",
            "gitignore_template": null,
            "has_discussions": false,
            "has_downloads": false,
            "has_issues": false,
            "has_projects": false,
            "has_wiki": false,
            "homepage_url": "",
            "html_url": "https://github.com/asdf-vm-hyperupcall/asdf-protolint",
            "http_clone_url": "https://github.com/asdf-vm-hyperupcall/asdf-protolint.git",
            "id": "asdf-protolint",
            "ignore_vulnerability_alerts_during_read": null,
            "is_template": false,
            "license_template": null,
            "merge_commit_message": "PR_TITLE",
            "merge_commit_title": "MERGE_MESSAGE",
            "name": "asdf-protolint",
            "node_id": "R_kgDOJ7Q1zA",
            "pages": [],
            "private": false,
            "repo_id": 666121676,
            "security_and_analysis": [
              {
                "advanced_security": [],
                "secret_scanning": [
                  {
                    "status": "disabled"
                  }
                ],
                "secret_scanning_push_protection": [
                  {
                    "status": "disabled"
                  }
                ]
              }
            ],
            "squash_merge_commit_message": "COMMIT_MESSAGES",
            "squash_merge_commit_title": "COMMIT_OR_PR_TITLE",
            "ssh_clone_url": "git@github.com:asdf-vm-hyperupcall/asdf-protolint.git",
            "svn_url": "https://github.com/asdf-vm-hyperupcall/asdf-protolint",
            "template": [],
            "topics": null,
            "visibility": "public",
            "vulnerability_alerts": false
          },
          "sensitive_attributes": [],
          "private": "eyJzY2hlbWFfdmVyc2lvbiI6IjEifQ=="
        }
      ]
    },
    {
      "mode": "managed",
      "type": "github_repository",
      "name": "sqtran__asdf_crc",
      "provider": "provider[\"registry.terraform.io/integrations/github\"]",
      "instances": []
    },
    {
      "mode": "managed",
      "type": "github_repository",
      "name": "sqtran__asdf_minishift",
      "provider": "provider[\"registry.terraform.io/integrations/github\"]",
      "instances": []
    },
    {
      "mode": "managed",
      "type": "github_repository",
      "name": "sqtran__asdf_oc",
      "provider": "provider[\"registry.terraform.io/integrations/github\"]",
      "instances": []
    },
    {
      "mode": "managed",
      "type": "github_repository",
      "name": "stefansedich__asdf_fluxctl",
      "provider": "provider[\"registry.terraform.io/integrations/github\"]",
      "instances": [
        {
          "schema_version": 1,
          "attributes": {
            "allow_auto_merge": false,
            "allow_merge_commit": true,
            "allow_rebase_merge": true,
            "allow_squash_merge": true,
            "allow_update_branch": false,
            "archive_on_destroy": null,
            "archived": false,
            "auto_init": false,
            "default_branch": "main",
            "delete_branch_on_merge": false,
            "description": "Not supported",
            "etag": "W/\"c546f5f6353e47d014d0c8a5371d84e2cd58e50090a18c14f52ae97bfc6764f6\"",
            "full_name": "asdf-vm-hyperupcall/asdf-fluxctl",
            "git_clone_url": "git://github.com/asdf-vm-hyperupcall/asdf-fluxctl.git",
            "gitignore_template": null,
            "has_discussions": false,
            "has_downloads": false,
            "has_issues": false,
            "has_projects": false,
            "has_wiki": false,
            "homepage_url": "",
            "html_url": "https://github.com/asdf-vm-hyperupcall/asdf-fluxctl",
            "http_clone_url": "https://github.com/asdf-vm-hyperupcall/asdf-fluxctl.git",
            "id": "asdf-fluxctl",
            "ignore_vulnerability_alerts_during_read": null,
            "is_template": false,
            "license_template": null,
            "merge_commit_message": "PR_TITLE",
            "merge_commit_title": "MERGE_MESSAGE",
            "name": "asdf-fluxctl",
            "node_id": "R_kgDOJ7Q27g",
            "pages": [],
            "private": false,
            "repo_id": 666121966,
            "security_and_analysis": [
              {
                "advanced_security": [],
                "secret_scanning": [
                  {
                    "status": "disabled"
                  }
                ],
                "secret_scanning_push_protection": [
                  {
                    "status": "disabled"
                  }
                ]
              }
            ],
            "squash_merge_commit_message": "COMMIT_MESSAGES",
            "squash_merge_commit_title": "COMMIT_OR_PR_TITLE",
            "ssh_clone_url": "git@github.com:asdf-vm-hyperupcall/asdf-fluxctl.git",
            "svn_url": "https://github.com/asdf-vm-hyperupcall/asdf-fluxctl",
            "template": [],
            "topics": null,
            "visibility": "public",
            "vulnerability_alerts": false
          },
          "sensitive_attributes": [],
          "private": "eyJzY2hlbWFfdmVyc2lvbiI6IjEifQ=="
        }
      ]
    },
    {
      "mode": "managed",
      "type": "github_repository",
      "name": "stefansedich__asdf_kubeseal",
      "provider": "provider[\"registry.terraform.io/integrations/github\"]",
      "instances": []
    },
    {
      "mode": "managed",
      "type": "github_repository",
      "name": "stefansedich__asdf_kubeval",
      "provider": "provider[\"registry.terraform.io/integrations/github\"]",
      "instances": []
    },
    {
      "mode": "managed",
      "type": "github_repository",
      "name": "sudermanjr__asdf_argo",
      "provider": "provider[\"registry.terraform.io/integrations/github\"]",
      "instances": []
    },
    {
      "mode": "managed",
      "type": "github_repository",
      "name": "sudermanjr__asdf_helm-docs",
      "provider": "provider[\"registry.terraform.io/integrations/github\"]",
      "instances": []
    },
    {
      "mode": "managed",
      "type": "github_repository",
      "name": "sudermanjr__asdf_redskyctl",
      "provider": "provider[\"registry.terraform.io/integrations/github\"]",
      "instances": [
        {
          "schema_version": 1,
          "attributes": {
            "allow_auto_merge": false,
            "allow_merge_commit": true,
            "allow_rebase_merge": true,
            "allow_squash_merge": true,
            "allow_update_branch": false,
            "archive_on_destroy": null,
            "archived": false,
            "auto_init": false,
            "default_branch": "main",
            "delete_branch_on_merge": false,
            "description": "Not supported",
            "etag": "W/\"1505d63278cb38c9c28c7ba544fa464b99c5f2193ae060892abfdced295a94ae\"",
            "full_name": "asdf-vm-hyperupcall/asdf-redskyctl",
            "git_clone_url": "git://github.com/asdf-vm-hyperupcall/asdf-redskyctl.git",
            "gitignore_template": null,
            "has_discussions": false,
            "has_downloads": false,
            "has_issues": false,
            "has_projects": false,
            "has_wiki": false,
            "homepage_url": "",
            "html_url": "https://github.com/asdf-vm-hyperupcall/asdf-redskyctl",
            "http_clone_url": "https://github.com/asdf-vm-hyperupcall/asdf-redskyctl.git",
            "id": "asdf-redskyctl",
            "ignore_vulnerability_alerts_during_read": null,
            "is_template": false,
            "license_template": null,
            "merge_commit_message": "PR_TITLE",
            "merge_commit_title": "MERGE_MESSAGE",
            "name": "asdf-redskyctl",
            "node_id": "R_kgDOJ7Q3_g",
            "pages": [],
            "private": false,
            "repo_id": 666122238,
            "security_and_analysis": [
              {
                "advanced_security": [],
                "secret_scanning": [
                  {
                    "status": "disabled"
                  }
                ],
                "secret_scanning_push_protection": [
                  {
                    "status": "disabled"
                  }
                ]
              }
            ],
            "squash_merge_commit_message": "COMMIT_MESSAGES",
            "squash_merge_commit_title": "COMMIT_OR_PR_TITLE",
            "ssh_clone_url": "git@github.com:asdf-vm-hyperupcall/asdf-redskyctl.git",
            "svn_url": "https://github.com/asdf-vm-hyperupcall/asdf-redskyctl",
            "template": [],
            "topics": null,
            "visibility": "public",
            "vulnerability_alerts": false
          },
          "sensitive_attributes": [],
          "private": "eyJzY2hlbWFfdmVyc2lvbiI6IjEifQ=="
        }
      ]
    },
    {
      "mode": "managed",
      "type": "github_repository",
      "name": "sudermanjr__asdf_yq",
      "provider": "provider[\"registry.terraform.io/integrations/github\"]",
      "instances": []
    },
    {
      "mode": "managed",
      "type": "github_repository",
      "name": "susurri__asdf_carp",
      "provider": "provider[\"registry.terraform.io/integrations/github\"]",
      "instances": []
    },
    {
      "mode": "managed",
      "type": "github_repository",
      "name": "susurri__asdf_koka",
      "provider": "provider[\"registry.terraform.io/integrations/github\"]",
      "instances": []
    },
    {
      "mode": "managed",
      "type": "github_repository",
      "name": "susurri__asdf_mercury",
      "provider": "provider[\"registry.terraform.io/integrations/github\"]",
      "instances": [
        {
          "schema_version": 1,
          "attributes": {
            "allow_auto_merge": false,
            "allow_merge_commit": true,
            "allow_rebase_merge": true,
            "allow_squash_merge": true,
            "allow_update_branch": false,
            "archive_on_destroy": null,
            "archived": false,
            "auto_init": false,
            "default_branch": "main",
            "delete_branch_on_merge": false,
            "description": "Not supported",
            "etag": "W/\"c8388bb134fd59656de624aff68487fe6d376e4f1124a619464417fb748403c0\"",
            "full_name": "asdf-vm-hyperupcall/asdf-mercury",
            "git_clone_url": "git://github.com/asdf-vm-hyperupcall/asdf-mercury.git",
            "gitignore_template": null,
            "has_discussions": false,
            "has_downloads": false,
            "has_issues": false,
            "has_projects": false,
            "has_wiki": false,
            "homepage_url": "",
            "html_url": "https://github.com/asdf-vm-hyperupcall/asdf-mercury",
            "http_clone_url": "https://github.com/asdf-vm-hyperupcall/asdf-mercury.git",
            "id": "asdf-mercury",
            "ignore_vulnerability_alerts_during_read": null,
            "is_template": false,
            "license_template": null,
            "merge_commit_message": "PR_TITLE",
            "merge_commit_title": "MERGE_MESSAGE",
            "name": "asdf-mercury",
            "node_id": "R_kgDOJ7Q6Ug",
            "pages": [],
            "private": false,
            "repo_id": 666122834,
            "security_and_analysis": [
              {
                "advanced_security": [],
                "secret_scanning": [
                  {
                    "status": "disabled"
                  }
                ],
                "secret_scanning_push_protection": [
                  {
                    "status": "disabled"
                  }
                ]
              }
            ],
            "squash_merge_commit_message": "COMMIT_MESSAGES",
            "squash_merge_commit_title": "COMMIT_OR_PR_TITLE",
            "ssh_clone_url": "git@github.com:asdf-vm-hyperupcall/asdf-mercury.git",
            "svn_url": "https://github.com/asdf-vm-hyperupcall/asdf-mercury",
            "template": [],
            "topics": null,
            "visibility": "public",
            "vulnerability_alerts": false
          },
          "sensitive_attributes": [],
          "private": "eyJzY2hlbWFfdmVyc2lvbiI6IjEifQ=="
        }
      ]
    },
    {
      "mode": "managed",
      "type": "github_repository",
      "name": "susurri__asdf_seed7",
      "provider": "provider[\"registry.terraform.io/integrations/github\"]",
      "instances": []
    },
    {
      "mode": "managed",
      "type": "github_repository",
      "name": "susurri__asdf_unison",
      "provider": "provider[\"registry.terraform.io/integrations/github\"]",
      "instances": []
    },
    {
      "mode": "managed",
      "type": "github_repository",
      "name": "sylph01__asdf_dmd",
      "provider": "provider[\"registry.terraform.io/integrations/github\"]",
      "instances": []
    },
    {
      "mode": "managed",
      "type": "github_repository",
      "name": "sylph01__asdf_mongodb",
      "provider": "provider[\"registry.terraform.io/integrations/github\"]",
      "instances": [
        {
          "schema_version": 1,
          "attributes": {
            "allow_auto_merge": false,
            "allow_merge_commit": true,
            "allow_rebase_merge": true,
            "allow_squash_merge": true,
            "allow_update_branch": false,
            "archive_on_destroy": null,
            "archived": false,
            "auto_init": false,
            "default_branch": "main",
            "delete_branch_on_merge": false,
            "description": "Not supported",
            "etag": "W/\"7cc3fa269e51335c8d48e04076d111d78b9c161efb23c9c087f5c94a1e9c7a56\"",
            "full_name": "asdf-vm-hyperupcall/asdf-mongodb",
            "git_clone_url": "git://github.com/asdf-vm-hyperupcall/asdf-mongodb.git",
            "gitignore_template": null,
            "has_discussions": false,
            "has_downloads": false,
            "has_issues": false,
            "has_projects": false,
            "has_wiki": false,
            "homepage_url": "",
            "html_url": "https://github.com/asdf-vm-hyperupcall/asdf-mongodb",
            "http_clone_url": "https://github.com/asdf-vm-hyperupcall/asdf-mongodb.git",
            "id": "asdf-mongodb",
            "ignore_vulnerability_alerts_during_read": null,
            "is_template": false,
            "license_template": null,
            "merge_commit_message": "PR_TITLE",
            "merge_commit_title": "MERGE_MESSAGE",
            "name": "asdf-mongodb",
            "node_id": "R_kgDOJ7Q6sQ",
            "pages": [],
            "private": false,
            "repo_id": 666122929,
            "security_and_analysis": [
              {
                "advanced_security": [],
                "secret_scanning": [
                  {
                    "status": "disabled"
                  }
                ],
                "secret_scanning_push_protection": [
                  {
                    "status": "disabled"
                  }
                ]
              }
            ],
            "squash_merge_commit_message": "COMMIT_MESSAGES",
            "squash_merge_commit_title": "COMMIT_OR_PR_TITLE",
            "ssh_clone_url": "git@github.com:asdf-vm-hyperupcall/asdf-mongodb.git",
            "svn_url": "https://github.com/asdf-vm-hyperupcall/asdf-mongodb",
            "template": [],
            "topics": null,
            "visibility": "public",
            "vulnerability_alerts": false
          },
          "sensitive_attributes": [],
          "private": "eyJzY2hlbWFfdmVyc2lvbiI6IjEifQ=="
        }
      ]
    },
    {
      "mode": "managed",
      "type": "github_repository",
      "name": "sylvainmetayer__asdf_has",
      "provider": "provider[\"registry.terraform.io/integrations/github\"]",
      "instances": []
    },
    {
      "mode": "managed",
      "type": "github_repository",
      "name": "tablexi__asdf_flux2",
      "provider": "provider[\"registry.terraform.io/integrations/github\"]",
      "instances": []
    },
    {
      "mode": "managed",
      "type": "github_repository",
      "name": "tablexi__asdf_helm-ct",
      "provider": "provider[\"registry.terraform.io/integrations/github\"]",
      "instances": [
        {
          "schema_version": 1,
          "attributes": {
            "allow_auto_merge": false,
            "allow_merge_commit": true,
            "allow_rebase_merge": true,
            "allow_squash_merge": true,
            "allow_update_branch": false,
            "archive_on_destroy": null,
            "archived": false,
            "auto_init": false,
            "default_branch": "main",
            "delete_branch_on_merge": false,
            "description": "Not supported",
            "etag": "W/\"7b191bcc2f562011c919913029bc2ed6a57b633555abc3410d5b5c7e18e346c4\"",
            "full_name": "asdf-vm-hyperupcall/asdf-helm-ct",
            "git_clone_url": "git://github.com/asdf-vm-hyperupcall/asdf-helm-ct.git",
            "gitignore_template": null,
            "has_discussions": false,
            "has_downloads": false,
            "has_issues": false,
            "has_projects": false,
            "has_wiki": false,
            "homepage_url": "",
            "html_url": "https://github.com/asdf-vm-hyperupcall/asdf-helm-ct",
            "http_clone_url": "https://github.com/asdf-vm-hyperupcall/asdf-helm-ct.git",
            "id": "asdf-helm-ct",
            "ignore_vulnerability_alerts_during_read": null,
            "is_template": false,
            "license_template": null,
            "merge_commit_message": "PR_TITLE",
            "merge_commit_title": "MERGE_MESSAGE",
            "name": "asdf-helm-ct",
            "node_id": "R_kgDOJ7Q7tg",
            "pages": [],
            "private": false,
            "repo_id": 666123190,
            "security_and_analysis": [
              {
                "advanced_security": [],
                "secret_scanning": [
                  {
                    "status": "disabled"
                  }
                ],
                "secret_scanning_push_protection": [
                  {
                    "status": "disabled"
                  }
                ]
              }
            ],
            "squash_merge_commit_message": "COMMIT_MESSAGES",
            "squash_merge_commit_title": "COMMIT_OR_PR_TITLE",
            "ssh_clone_url": "git@github.com:asdf-vm-hyperupcall/asdf-helm-ct.git",
            "svn_url": "https://github.com/asdf-vm-hyperupcall/asdf-helm-ct",
            "template": [],
            "topics": null,
            "visibility": "public",
            "vulnerability_alerts": false
          },
          "sensitive_attributes": [],
          "private": "eyJzY2hlbWFfdmVyc2lvbiI6IjEifQ=="
        }
      ]
    },
    {
      "mode": "managed",
      "type": "github_repository",
      "name": "tachyonicbytes__asdf_wasm3",
      "provider": "provider[\"registry.terraform.io/integrations/github\"]",
      "instances": [
        {
          "schema_version": 1,
          "attributes": {
            "allow_auto_merge": false,
            "allow_merge_commit": true,
            "allow_rebase_merge": true,
            "allow_squash_merge": true,
            "allow_update_branch": false,
            "archive_on_destroy": null,
            "archived": false,
            "auto_init": false,
            "default_branch": "main",
            "delete_branch_on_merge": false,
            "description": "Not supported",
            "etag": "W/\"6ec8dc17dd7c7fa2cd53547f346bb43cd6325182b62c616e864c2a0fd2f98834\"",
            "full_name": "asdf-vm-hyperupcall/asdf-wasm3",
            "git_clone_url": "git://github.com/asdf-vm-hyperupcall/asdf-wasm3.git",
            "gitignore_template": null,
            "has_discussions": false,
            "has_downloads": false,
            "has_issues": false,
            "has_projects": false,
            "has_wiki": false,
            "homepage_url": "",
            "html_url": "https://github.com/asdf-vm-hyperupcall/asdf-wasm3",
            "http_clone_url": "https://github.com/asdf-vm-hyperupcall/asdf-wasm3.git",
            "id": "asdf-wasm3",
            "ignore_vulnerability_alerts_during_read": null,
            "is_template": false,
            "license_template": null,
            "merge_commit_message": "PR_TITLE",
            "merge_commit_title": "MERGE_MESSAGE",
            "name": "asdf-wasm3",
            "node_id": "R_kgDOJ7Rr7g",
            "pages": [],
            "private": false,
            "repo_id": 666135534,
            "security_and_analysis": [
              {
                "advanced_security": [],
                "secret_scanning": [
                  {
                    "status": "disabled"
                  }
                ],
                "secret_scanning_push_protection": [
                  {
                    "status": "disabled"
                  }
                ]
              }
            ],
            "squash_merge_commit_message": "COMMIT_MESSAGES",
            "squash_merge_commit_title": "COMMIT_OR_PR_TITLE",
            "ssh_clone_url": "git@github.com:asdf-vm-hyperupcall/asdf-wasm3.git",
            "svn_url": "https://github.com/asdf-vm-hyperupcall/asdf-wasm3",
            "template": [],
            "topics": null,
            "visibility": "public",
            "vulnerability_alerts": false
          },
          "sensitive_attributes": [],
          "private": "eyJzY2hlbWFfdmVyc2lvbiI6IjEifQ=="
        }
      ]
    },
    {
      "mode": "managed",
      "type": "github_repository",
      "name": "tachyonicbytes__asdf_wasmer",
      "provider": "provider[\"registry.terraform.io/integrations/github\"]",
      "instances": [
        {
          "schema_version": 1,
          "attributes": {
            "allow_auto_merge": false,
            "allow_merge_commit": true,
            "allow_rebase_merge": true,
            "allow_squash_merge": true,
            "allow_update_branch": false,
            "archive_on_destroy": null,
            "archived": false,
            "auto_init": false,
            "default_branch": "main",
            "delete_branch_on_merge": false,
            "description": "Not supported",
            "etag": "W/\"5c6769584e97225044d67cce2d64bde9566e642fd9203c2abfe6b9782d515c16\"",
            "full_name": "asdf-vm-hyperupcall/asdf-wasmer",
            "git_clone_url": "git://github.com/asdf-vm-hyperupcall/asdf-wasmer.git",
            "gitignore_template": null,
            "has_discussions": false,
            "has_downloads": false,
            "has_issues": false,
            "has_projects": false,
            "has_wiki": false,
            "homepage_url": "",
            "html_url": "https://github.com/asdf-vm-hyperupcall/asdf-wasmer",
            "http_clone_url": "https://github.com/asdf-vm-hyperupcall/asdf-wasmer.git",
            "id": "asdf-wasmer",
            "ignore_vulnerability_alerts_during_read": null,
            "is_template": false,
            "license_template": null,
            "merge_commit_message": "PR_TITLE",
            "merge_commit_title": "MERGE_MESSAGE",
            "name": "asdf-wasmer",
            "node_id": "R_kgDOJ7Q5LA",
            "pages": [],
            "private": false,
            "repo_id": 666122540,
            "security_and_analysis": [
              {
                "advanced_security": [],
                "secret_scanning": [
                  {
                    "status": "disabled"
                  }
                ],
                "secret_scanning_push_protection": [
                  {
                    "status": "disabled"
                  }
                ]
              }
            ],
            "squash_merge_commit_message": "COMMIT_MESSAGES",
            "squash_merge_commit_title": "COMMIT_OR_PR_TITLE",
            "ssh_clone_url": "git@github.com:asdf-vm-hyperupcall/asdf-wasmer.git",
            "svn_url": "https://github.com/asdf-vm-hyperupcall/asdf-wasmer",
            "template": [],
            "topics": null,
            "visibility": "public",
            "vulnerability_alerts": false
          },
          "sensitive_attributes": [],
          "private": "eyJzY2hlbWFfdmVyc2lvbiI6IjEifQ=="
        }
      ]
    },
    {
      "mode": "managed",
      "type": "github_repository",
      "name": "tachyonicbytes__asdf_wasmtime",
      "provider": "provider[\"registry.terraform.io/integrations/github\"]",
      "instances": []
    },
    {
      "mode": "managed",
      "type": "github_repository",
      "name": "takutakahashi__asdf_doppler",
      "provider": "provider[\"registry.terraform.io/integrations/github\"]",
      "instances": []
    },
    {
      "mode": "managed",
      "type": "github_repository",
      "name": "td7x__asdf",
      "provider": "provider[\"registry.terraform.io/integrations/github\"]",
      "instances": [
        {
          "schema_version": 1,
          "attributes": {
            "allow_auto_merge": false,
            "allow_merge_commit": true,
            "allow_rebase_merge": true,
            "allow_squash_merge": true,
            "allow_update_branch": false,
            "archive_on_destroy": null,
            "archived": false,
            "auto_init": false,
            "default_branch": "main",
            "delete_branch_on_merge": false,
            "description": "Not supported",
            "etag": "W/\"d888542d7d161065b55b8d93070cf02e6370731027954dff9c62631252d80dc8\"",
            "full_name": "asdf-vm-hyperupcall/asdf-asdf",
            "git_clone_url": "git://github.com/asdf-vm-hyperupcall/asdf-asdf.git",
            "gitignore_template": null,
            "has_discussions": false,
            "has_downloads": false,
            "has_issues": false,
            "has_projects": false,
            "has_wiki": false,
            "homepage_url": "",
            "html_url": "https://github.com/asdf-vm-hyperupcall/asdf-asdf",
            "http_clone_url": "https://github.com/asdf-vm-hyperupcall/asdf-asdf.git",
            "id": "asdf-asdf",
            "ignore_vulnerability_alerts_during_read": null,
            "is_template": false,
            "license_template": null,
            "merge_commit_message": "PR_TITLE",
            "merge_commit_title": "MERGE_MESSAGE",
            "name": "asdf-asdf",
            "node_id": "R_kgDOJ7R3VQ",
            "pages": [],
            "private": false,
            "repo_id": 666138453,
            "security_and_analysis": [
              {
                "advanced_security": [],
                "secret_scanning": [
                  {
                    "status": "disabled"
                  }
                ],
                "secret_scanning_push_protection": [
                  {
                    "status": "disabled"
                  }
                ]
              }
            ],
            "squash_merge_commit_message": "COMMIT_MESSAGES",
            "squash_merge_commit_title": "COMMIT_OR_PR_TITLE",
            "ssh_clone_url": "git@github.com:asdf-vm-hyperupcall/asdf-asdf.git",
            "svn_url": "https://github.com/asdf-vm-hyperupcall/asdf-asdf",
            "template": [],
            "topics": null,
            "visibility": "public",
            "vulnerability_alerts": false
          },
          "sensitive_attributes": [],
          "private": "eyJzY2hlbWFfdmVyc2lvbiI6IjEifQ=="
        }
      ]
    },
    {
      "mode": "managed",
      "type": "github_repository",
      "name": "technikhil314__asdf_kompose",
      "provider": "provider[\"registry.terraform.io/integrations/github\"]",
      "instances": []
    },
    {
      "mode": "managed",
      "type": "github_repository",
      "name": "therounds_contrib__asdf-goconvey",
      "provider": "provider[\"registry.terraform.io/integrations/github\"]",
      "instances": []
    },
    {
      "mode": "managed",
      "type": "github_repository",
      "name": "threkk__asdf_age",
      "provider": "provider[\"registry.terraform.io/integrations/github\"]",
      "instances": [
        {
          "schema_version": 1,
          "attributes": {
            "allow_auto_merge": false,
            "allow_merge_commit": true,
            "allow_rebase_merge": true,
            "allow_squash_merge": true,
            "allow_update_branch": false,
            "archive_on_destroy": null,
            "archived": false,
            "auto_init": false,
            "default_branch": "main",
            "delete_branch_on_merge": false,
            "description": "Not supported",
            "etag": "W/\"ea08ca3cc33f69a1260cde580deb96d24ac4d9544a41d29e013fd17112482126\"",
            "full_name": "asdf-vm-hyperupcall/asdf-age",
            "git_clone_url": "git://github.com/asdf-vm-hyperupcall/asdf-age.git",
            "gitignore_template": null,
            "has_discussions": false,
            "has_downloads": false,
            "has_issues": false,
            "has_projects": false,
            "has_wiki": false,
            "homepage_url": "",
            "html_url": "https://github.com/asdf-vm-hyperupcall/asdf-age",
            "http_clone_url": "https://github.com/asdf-vm-hyperupcall/asdf-age.git",
            "id": "asdf-age",
            "ignore_vulnerability_alerts_during_read": null,
            "is_template": false,
            "license_template": null,
            "merge_commit_message": "PR_TITLE",
            "merge_commit_title": "MERGE_MESSAGE",
            "name": "asdf-age",
            "node_id": "R_kgDOJ7R5hg",
            "pages": [],
            "private": false,
            "repo_id": 666139014,
            "security_and_analysis": [
              {
                "advanced_security": [],
                "secret_scanning": [
                  {
                    "status": "disabled"
                  }
                ],
                "secret_scanning_push_protection": [
                  {
                    "status": "disabled"
                  }
                ]
              }
            ],
            "squash_merge_commit_message": "COMMIT_MESSAGES",
            "squash_merge_commit_title": "COMMIT_OR_PR_TITLE",
            "ssh_clone_url": "git@github.com:asdf-vm-hyperupcall/asdf-age.git",
            "svn_url": "https://github.com/asdf-vm-hyperupcall/asdf-age",
            "template": [],
            "topics": null,
            "visibility": "public",
            "vulnerability_alerts": false
          },
          "sensitive_attributes": [],
          "private": "eyJzY2hlbWFfdmVyc2lvbiI6IjEifQ=="
        }
      ]
    },
    {
      "mode": "managed",
      "type": "github_repository",
      "name": "threkk__asdf_cloudflared",
      "provider": "provider[\"registry.terraform.io/integrations/github\"]",
      "instances": [
        {
          "schema_version": 1,
          "attributes": {
            "allow_auto_merge": false,
            "allow_merge_commit": true,
            "allow_rebase_merge": true,
            "allow_squash_merge": true,
            "allow_update_branch": false,
            "archive_on_destroy": null,
            "archived": false,
            "auto_init": false,
            "default_branch": "main",
            "delete_branch_on_merge": false,
            "description": "Not supported",
            "etag": "W/\"f6ac9678e7fd5a3fae19c205f6f023c73173cdf033c1d8bc27fbeeb38e4857cf\"",
            "full_name": "asdf-vm-hyperupcall/asdf-cloudflared",
            "git_clone_url": "git://github.com/asdf-vm-hyperupcall/asdf-cloudflared.git",
            "gitignore_template": null,
            "has_discussions": false,
            "has_downloads": false,
            "has_issues": false,
            "has_projects": false,
            "has_wiki": false,
            "homepage_url": "",
            "html_url": "https://github.com/asdf-vm-hyperupcall/asdf-cloudflared",
            "http_clone_url": "https://github.com/asdf-vm-hyperupcall/asdf-cloudflared.git",
            "id": "asdf-cloudflared",
            "ignore_vulnerability_alerts_during_read": null,
            "is_template": false,
            "license_template": null,
            "merge_commit_message": "PR_TITLE",
            "merge_commit_title": "MERGE_MESSAGE",
            "name": "asdf-cloudflared",
            "node_id": "R_kgDOJ7R4cg",
            "pages": [],
            "private": false,
            "repo_id": 666138738,
            "security_and_analysis": [
              {
                "advanced_security": [],
                "secret_scanning": [
                  {
                    "status": "disabled"
                  }
                ],
                "secret_scanning_push_protection": [
                  {
                    "status": "disabled"
                  }
                ]
              }
            ],
            "squash_merge_commit_message": "COMMIT_MESSAGES",
            "squash_merge_commit_title": "COMMIT_OR_PR_TITLE",
            "ssh_clone_url": "git@github.com:asdf-vm-hyperupcall/asdf-cloudflared.git",
            "svn_url": "https://github.com/asdf-vm-hyperupcall/asdf-cloudflared",
            "template": [],
            "topics": null,
            "visibility": "public",
            "vulnerability_alerts": false
          },
          "sensitive_attributes": [],
          "private": "eyJzY2hlbWFfdmVyc2lvbiI6IjEifQ=="
        }
      ]
    },
    {
      "mode": "managed",
      "type": "github_repository",
      "name": "threkk__asdf_litestream",
      "provider": "provider[\"registry.terraform.io/integrations/github\"]",
      "instances": [
        {
          "schema_version": 1,
          "attributes": {
            "allow_auto_merge": false,
            "allow_merge_commit": true,
            "allow_rebase_merge": true,
            "allow_squash_merge": true,
            "allow_update_branch": false,
            "archive_on_destroy": null,
            "archived": false,
            "auto_init": false,
            "default_branch": "main",
            "delete_branch_on_merge": false,
            "description": "Not supported",
            "etag": "W/\"7e97d96ea8882cc22e1f44e5eec8012bfecf08aa0ac202eedc11f3f7f18eea42\"",
            "full_name": "asdf-vm-hyperupcall/asdf-litestream",
            "git_clone_url": "git://github.com/asdf-vm-hyperupcall/asdf-litestream.git",
            "gitignore_template": null,
            "has_discussions": false,
            "has_downloads": false,
            "has_issues": false,
            "has_projects": false,
            "has_wiki": false,
            "homepage_url": "",
            "html_url": "https://github.com/asdf-vm-hyperupcall/asdf-litestream",
            "http_clone_url": "https://github.com/asdf-vm-hyperupcall/asdf-litestream.git",
            "id": "asdf-litestream",
            "ignore_vulnerability_alerts_during_read": null,
            "is_template": false,
            "license_template": null,
            "merge_commit_message": "PR_TITLE",
            "merge_commit_title": "MERGE_MESSAGE",
            "name": "asdf-litestream",
            "node_id": "R_kgDOJ7R0EQ",
            "pages": [],
            "private": false,
            "repo_id": 666137617,
            "security_and_analysis": [
              {
                "advanced_security": [],
                "secret_scanning": [
                  {
                    "status": "disabled"
                  }
                ],
                "secret_scanning_push_protection": [
                  {
                    "status": "disabled"
                  }
                ]
              }
            ],
            "squash_merge_commit_message": "COMMIT_MESSAGES",
            "squash_merge_commit_title": "COMMIT_OR_PR_TITLE",
            "ssh_clone_url": "git@github.com:asdf-vm-hyperupcall/asdf-litestream.git",
            "svn_url": "https://github.com/asdf-vm-hyperupcall/asdf-litestream",
            "template": [],
            "topics": null,
            "visibility": "public",
            "vulnerability_alerts": false
          },
          "sensitive_attributes": [],
          "private": "eyJzY2hlbWFfdmVyc2lvbiI6IjEifQ=="
        }
      ]
    },
    {
      "mode": "managed",
      "type": "github_repository",
      "name": "timgluz__asdf_bats",
      "provider": "provider[\"registry.terraform.io/integrations/github\"]",
      "instances": [
        {
          "schema_version": 1,
          "attributes": {
            "allow_auto_merge": false,
            "allow_merge_commit": true,
            "allow_rebase_merge": true,
            "allow_squash_merge": true,
            "allow_update_branch": false,
            "archive_on_destroy": null,
            "archived": false,
            "auto_init": false,
            "default_branch": "main",
            "delete_branch_on_merge": false,
            "description": "Not supported",
            "etag": "W/\"7e1d8f0273c7251a1f52e3bcaf5eca41bc4029c32543e1c117341193d5a4c954\"",
            "full_name": "asdf-vm-hyperupcall/asdf-bats",
            "git_clone_url": "git://github.com/asdf-vm-hyperupcall/asdf-bats.git",
            "gitignore_template": null,
            "has_discussions": false,
            "has_downloads": false,
            "has_issues": false,
            "has_projects": false,
            "has_wiki": false,
            "homepage_url": "",
            "html_url": "https://github.com/asdf-vm-hyperupcall/asdf-bats",
            "http_clone_url": "https://github.com/asdf-vm-hyperupcall/asdf-bats.git",
            "id": "asdf-bats",
            "ignore_vulnerability_alerts_during_read": null,
            "is_template": false,
            "license_template": null,
            "merge_commit_message": "PR_TITLE",
            "merge_commit_title": "MERGE_MESSAGE",
            "name": "asdf-bats",
            "node_id": "R_kgDOJ7R2VA",
            "pages": [],
            "private": false,
            "repo_id": 666138196,
            "security_and_analysis": [
              {
                "advanced_security": [],
                "secret_scanning": [
                  {
                    "status": "disabled"
                  }
                ],
                "secret_scanning_push_protection": [
                  {
                    "status": "disabled"
                  }
                ]
              }
            ],
            "squash_merge_commit_message": "COMMIT_MESSAGES",
            "squash_merge_commit_title": "COMMIT_OR_PR_TITLE",
            "ssh_clone_url": "git@github.com:asdf-vm-hyperupcall/asdf-bats.git",
            "svn_url": "https://github.com/asdf-vm-hyperupcall/asdf-bats",
            "template": [],
            "topics": null,
            "visibility": "public",
            "vulnerability_alerts": false
          },
          "sensitive_attributes": [],
          "private": "eyJzY2hlbWFfdmVyc2lvbiI6IjEifQ=="
        }
      ]
    },
    {
      "mode": "managed",
      "type": "github_repository",
      "name": "tochukwuvictor__asdf_opa",
      "provider": "provider[\"registry.terraform.io/integrations/github\"]",
      "instances": []
    },
    {
      "mode": "managed",
      "type": "github_repository",
      "name": "trallnag__asdf_gopass",
      "provider": "provider[\"registry.terraform.io/integrations/github\"]",
      "instances": [
        {
          "schema_version": 1,
          "attributes": {
            "allow_auto_merge": false,
            "allow_merge_commit": true,
            "allow_rebase_merge": true,
            "allow_squash_merge": true,
            "allow_update_branch": false,
            "archive_on_destroy": null,
            "archived": false,
            "auto_init": false,
            "default_branch": "main",
            "delete_branch_on_merge": false,
            "description": "Not supported",
            "etag": "W/\"97b503125e6a0f152b03f45fa2958fdc2723f87bb07dd1e9410960446a3188c8\"",
            "full_name": "asdf-vm-hyperupcall/asdf-gopass",
            "git_clone_url": "git://github.com/asdf-vm-hyperupcall/asdf-gopass.git",
            "gitignore_template": null,
            "has_discussions": false,
            "has_downloads": false,
            "has_issues": false,
            "has_projects": false,
            "has_wiki": false,
            "homepage_url": "",
            "html_url": "https://github.com/asdf-vm-hyperupcall/asdf-gopass",
            "http_clone_url": "https://github.com/asdf-vm-hyperupcall/asdf-gopass.git",
            "id": "asdf-gopass",
            "ignore_vulnerability_alerts_during_read": null,
            "is_template": false,
            "license_template": null,
            "merge_commit_message": "PR_TITLE",
            "merge_commit_title": "MERGE_MESSAGE",
            "name": "asdf-gopass",
            "node_id": "R_kgDOJ7Q1dQ",
            "pages": [],
            "private": false,
            "repo_id": 666121589,
            "security_and_analysis": [
              {
                "advanced_security": [],
                "secret_scanning": [
                  {
                    "status": "disabled"
                  }
                ],
                "secret_scanning_push_protection": [
                  {
                    "status": "disabled"
                  }
                ]
              }
            ],
            "squash_merge_commit_message": "COMMIT_MESSAGES",
            "squash_merge_commit_title": "COMMIT_OR_PR_TITLE",
            "ssh_clone_url": "git@github.com:asdf-vm-hyperupcall/asdf-gopass.git",
            "svn_url": "https://github.com/asdf-vm-hyperupcall/asdf-gopass",
            "template": [],
            "topics": null,
            "visibility": "public",
            "vulnerability_alerts": false
          },
          "sensitive_attributes": [],
          "private": "eyJzY2hlbWFfdmVyc2lvbiI6IjEifQ=="
        }
      ]
    },
    {
      "mode": "managed",
      "type": "github_repository",
      "name": "treilly94__asdf_heroku-cli",
      "provider": "provider[\"registry.terraform.io/integrations/github\"]",
      "instances": []
    },
    {
      "mode": "managed",
      "type": "github_repository",
      "name": "triangletodd__asdf_ibmcloud",
      "provider": "provider[\"registry.terraform.io/integrations/github\"]",
      "instances": []
    },
    {
      "mode": "managed",
      "type": "github_repository",
      "name": "trotttrotttrott__asdf_tanka",
      "provider": "provider[\"registry.terraform.io/integrations/github\"]",
      "instances": [
        {
          "schema_version": 1,
          "attributes": {
            "allow_auto_merge": false,
            "allow_merge_commit": true,
            "allow_rebase_merge": true,
            "allow_squash_merge": true,
            "allow_update_branch": false,
            "archive_on_destroy": null,
            "archived": false,
            "auto_init": false,
            "default_branch": "main",
            "delete_branch_on_merge": false,
            "description": "Not supported",
            "etag": "W/\"445d2fb0d9c4224fdb4bd256e64d98f5bcbd22fac9f96045e0f055851d4152b9\"",
            "full_name": "asdf-vm-hyperupcall/asdf-tanka",
            "git_clone_url": "git://github.com/asdf-vm-hyperupcall/asdf-tanka.git",
            "gitignore_template": null,
            "has_discussions": false,
            "has_downloads": false,
            "has_issues": false,
            "has_projects": false,
            "has_wiki": false,
            "homepage_url": "",
            "html_url": "https://github.com/asdf-vm-hyperupcall/asdf-tanka",
            "http_clone_url": "https://github.com/asdf-vm-hyperupcall/asdf-tanka.git",
            "id": "asdf-tanka",
            "ignore_vulnerability_alerts_during_read": null,
            "is_template": false,
            "license_template": null,
            "merge_commit_message": "PR_TITLE",
            "merge_commit_title": "MERGE_MESSAGE",
            "name": "asdf-tanka",
            "node_id": "R_kgDOJ7Q_PQ",
            "pages": [],
            "private": false,
            "repo_id": 666124093,
            "security_and_analysis": [
              {
                "advanced_security": [],
                "secret_scanning": [
                  {
                    "status": "disabled"
                  }
                ],
                "secret_scanning_push_protection": [
                  {
                    "status": "disabled"
                  }
                ]
              }
            ],
            "squash_merge_commit_message": "COMMIT_MESSAGES",
            "squash_merge_commit_title": "COMMIT_OR_PR_TITLE",
            "ssh_clone_url": "git@github.com:asdf-vm-hyperupcall/asdf-tanka.git",
            "svn_url": "https://github.com/asdf-vm-hyperupcall/asdf-tanka",
            "template": [],
            "topics": null,
            "visibility": "public",
            "vulnerability_alerts": false
          },
          "sensitive_attributes": [],
          "private": "eyJzY2hlbWFfdmVyc2lvbiI6IjEifQ=="
        }
      ]
    },
    {
      "mode": "managed",
      "type": "github_repository",
      "name": "truepay__asdf_buf",
      "provider": "provider[\"registry.terraform.io/integrations/github\"]",
      "instances": [
        {
          "schema_version": 1,
          "attributes": {
            "allow_auto_merge": false,
            "allow_merge_commit": true,
            "allow_rebase_merge": true,
            "allow_squash_merge": true,
            "allow_update_branch": false,
            "archive_on_destroy": null,
            "archived": false,
            "auto_init": false,
            "default_branch": "main",
            "delete_branch_on_merge": false,
            "description": "Not supported",
            "etag": "W/\"ea1bfb95c40019d1798f7c647e23c7560078d46779b1d7b88d4bd462ba0415b3\"",
            "full_name": "asdf-vm-hyperupcall/asdf-buf",
            "git_clone_url": "git://github.com/asdf-vm-hyperupcall/asdf-buf.git",
            "gitignore_template": null,
            "has_discussions": false,
            "has_downloads": false,
            "has_issues": false,
            "has_projects": false,
            "has_wiki": false,
            "homepage_url": "",
            "html_url": "https://github.com/asdf-vm-hyperupcall/asdf-buf",
            "http_clone_url": "https://github.com/asdf-vm-hyperupcall/asdf-buf.git",
            "id": "asdf-buf",
            "ignore_vulnerability_alerts_during_read": null,
            "is_template": false,
            "license_template": null,
            "merge_commit_message": "PR_TITLE",
            "merge_commit_title": "MERGE_MESSAGE",
            "name": "asdf-buf",
            "node_id": "R_kgDOJ7Q4Iw",
            "pages": [],
            "private": false,
            "repo_id": 666122275,
            "security_and_analysis": [
              {
                "advanced_security": [],
                "secret_scanning": [
                  {
                    "status": "disabled"
                  }
                ],
                "secret_scanning_push_protection": [
                  {
                    "status": "disabled"
                  }
                ]
              }
            ],
            "squash_merge_commit_message": "COMMIT_MESSAGES",
            "squash_merge_commit_title": "COMMIT_OR_PR_TITLE",
            "ssh_clone_url": "git@github.com:asdf-vm-hyperupcall/asdf-buf.git",
            "svn_url": "https://github.com/asdf-vm-hyperupcall/asdf-buf",
            "template": [],
            "topics": null,
            "visibility": "public",
            "vulnerability_alerts": false
          },
          "sensitive_attributes": [],
          "private": "eyJzY2hlbWFfdmVyc2lvbiI6IjEifQ=="
        }
      ]
    },
    {
      "mode": "managed",
      "type": "github_repository",
      "name": "tsuyoshicho__asdf_vim",
      "provider": "provider[\"registry.terraform.io/integrations/github\"]",
      "instances": []
    },
    {
      "mode": "managed",
      "type": "github_repository",
      "name": "twuni__asdf_yarn",
      "provider": "provider[\"registry.terraform.io/integrations/github\"]",
      "instances": []
    },
    {
      "mode": "managed",
      "type": "github_repository",
      "name": "ucpr__asdf_circleci-cli",
      "provider": "provider[\"registry.terraform.io/integrations/github\"]",
      "instances": [
        {
          "schema_version": 1,
          "attributes": {
            "allow_auto_merge": false,
            "allow_merge_commit": true,
            "allow_rebase_merge": true,
            "allow_squash_merge": true,
            "allow_update_branch": false,
            "archive_on_destroy": null,
            "archived": false,
            "auto_init": false,
            "default_branch": "main",
            "delete_branch_on_merge": false,
            "description": "Not supported",
            "etag": "W/\"f52590d282f75e1edb39e89b1e9ef9b0f60f7dbe2c930122d5f83a7e4bd54462\"",
            "full_name": "asdf-vm-hyperupcall/asdf-circleci-cli",
            "git_clone_url": "git://github.com/asdf-vm-hyperupcall/asdf-circleci-cli.git",
            "gitignore_template": null,
            "has_discussions": false,
            "has_downloads": false,
            "has_issues": false,
            "has_projects": false,
            "has_wiki": false,
            "homepage_url": "",
            "html_url": "https://github.com/asdf-vm-hyperupcall/asdf-circleci-cli",
            "http_clone_url": "https://github.com/asdf-vm-hyperupcall/asdf-circleci-cli.git",
            "id": "asdf-circleci-cli",
            "ignore_vulnerability_alerts_during_read": null,
            "is_template": false,
            "license_template": null,
            "merge_commit_message": "PR_TITLE",
            "merge_commit_title": "MERGE_MESSAGE",
            "name": "asdf-circleci-cli",
            "node_id": "R_kgDOJ7Q7jg",
            "pages": [],
            "private": false,
            "repo_id": 666123150,
            "security_and_analysis": [
              {
                "advanced_security": [],
                "secret_scanning": [
                  {
                    "status": "disabled"
                  }
                ],
                "secret_scanning_push_protection": [
                  {
                    "status": "disabled"
                  }
                ]
              }
            ],
            "squash_merge_commit_message": "COMMIT_MESSAGES",
            "squash_merge_commit_title": "COMMIT_OR_PR_TITLE",
            "ssh_clone_url": "git@github.com:asdf-vm-hyperupcall/asdf-circleci-cli.git",
            "svn_url": "https://github.com/asdf-vm-hyperupcall/asdf-circleci-cli",
            "template": [],
            "topics": null,
            "visibility": "public",
            "vulnerability_alerts": false
          },
          "sensitive_attributes": [],
          "private": "eyJzY2hlbWFfdmVyc2lvbiI6IjEifQ=="
        }
      ]
    },
    {
      "mode": "managed",
      "type": "github_repository",
      "name": "ueisele__asdf_kafka",
      "provider": "provider[\"registry.terraform.io/integrations/github\"]",
      "instances": [
        {
          "schema_version": 1,
          "attributes": {
            "allow_auto_merge": false,
            "allow_merge_commit": true,
            "allow_rebase_merge": true,
            "allow_squash_merge": true,
            "allow_update_branch": false,
            "archive_on_destroy": null,
            "archived": false,
            "auto_init": false,
            "default_branch": "main",
            "delete_branch_on_merge": false,
            "description": "Not supported",
            "etag": "W/\"77765ca42656ae41c338e85c591805d6839efd57ad0314bcb20688078b788c07\"",
            "full_name": "asdf-vm-hyperupcall/asdf-kafka",
            "git_clone_url": "git://github.com/asdf-vm-hyperupcall/asdf-kafka.git",
            "gitignore_template": null,
            "has_discussions": false,
            "has_downloads": false,
            "has_issues": false,
            "has_projects": false,
            "has_wiki": false,
            "homepage_url": "",
            "html_url": "https://github.com/asdf-vm-hyperupcall/asdf-kafka",
            "http_clone_url": "https://github.com/asdf-vm-hyperupcall/asdf-kafka.git",
            "id": "asdf-kafka",
            "ignore_vulnerability_alerts_during_read": null,
            "is_template": false,
            "license_template": null,
            "merge_commit_message": "PR_TITLE",
            "merge_commit_title": "MERGE_MESSAGE",
            "name": "asdf-kafka",
            "node_id": "R_kgDOJ7R61Q",
            "pages": [],
            "private": false,
            "repo_id": 666139349,
            "security_and_analysis": [
              {
                "advanced_security": [],
                "secret_scanning": [
                  {
                    "status": "disabled"
                  }
                ],
                "secret_scanning_push_protection": [
                  {
                    "status": "disabled"
                  }
                ]
              }
            ],
            "squash_merge_commit_message": "COMMIT_MESSAGES",
            "squash_merge_commit_title": "COMMIT_OR_PR_TITLE",
            "ssh_clone_url": "git@github.com:asdf-vm-hyperupcall/asdf-kafka.git",
            "svn_url": "https://github.com/asdf-vm-hyperupcall/asdf-kafka",
            "template": [],
            "topics": null,
            "visibility": "public",
            "vulnerability_alerts": false
          },
          "sensitive_attributes": [],
          "private": "eyJzY2hlbWFfdmVyc2lvbiI6IjEifQ=="
        }
      ]
    },
    {
      "mode": "managed",
      "type": "github_repository",
      "name": "vbehar__asdf_jx",
      "provider": "provider[\"registry.terraform.io/integrations/github\"]",
      "instances": []
    },
    {
      "mode": "managed",
      "type": "github_repository",
      "name": "vbyrd__asdf_spectral",
      "provider": "provider[\"registry.terraform.io/integrations/github\"]",
      "instances": [
        {
          "schema_version": 1,
          "attributes": {
            "allow_auto_merge": false,
            "allow_merge_commit": true,
            "allow_rebase_merge": true,
            "allow_squash_merge": true,
            "allow_update_branch": false,
            "archive_on_destroy": null,
            "archived": false,
            "auto_init": false,
            "default_branch": "main",
            "delete_branch_on_merge": false,
            "description": "Not supported",
            "etag": "W/\"95f645dce089f4739913164872aa1f24dd95c74618870cec51d7ce25fb506fd0\"",
            "full_name": "asdf-vm-hyperupcall/asdf-spectral",
            "git_clone_url": "git://github.com/asdf-vm-hyperupcall/asdf-spectral.git",
            "gitignore_template": null,
            "has_discussions": false,
            "has_downloads": false,
            "has_issues": false,
            "has_projects": false,
            "has_wiki": false,
            "homepage_url": "",
            "html_url": "https://github.com/asdf-vm-hyperupcall/asdf-spectral",
            "http_clone_url": "https://github.com/asdf-vm-hyperupcall/asdf-spectral.git",
            "id": "asdf-spectral",
            "ignore_vulnerability_alerts_during_read": null,
            "is_template": false,
            "license_template": null,
            "merge_commit_message": "PR_TITLE",
            "merge_commit_title": "MERGE_MESSAGE",
            "name": "asdf-spectral",
            "node_id": "R_kgDOJ7RCtA",
            "pages": [],
            "private": false,
            "repo_id": 666124980,
            "security_and_analysis": [
              {
                "advanced_security": [],
                "secret_scanning": [
                  {
                    "status": "disabled"
                  }
                ],
                "secret_scanning_push_protection": [
                  {
                    "status": "disabled"
                  }
                ]
              }
            ],
            "squash_merge_commit_message": "COMMIT_MESSAGES",
            "squash_merge_commit_title": "COMMIT_OR_PR_TITLE",
            "ssh_clone_url": "git@github.com:asdf-vm-hyperupcall/asdf-spectral.git",
            "svn_url": "https://github.com/asdf-vm-hyperupcall/asdf-spectral",
            "template": [],
            "topics": null,
            "visibility": "public",
            "vulnerability_alerts": false
          },
          "sensitive_attributes": [],
          "private": "eyJzY2hlbWFfdmVyc2lvbiI6IjEifQ=="
        }
      ]
    },
    {
      "mode": "managed",
      "type": "github_repository",
      "name": "vic__asdf_gleam",
      "provider": "provider[\"registry.terraform.io/integrations/github\"]",
      "instances": [
        {
          "schema_version": 1,
          "attributes": {
            "allow_auto_merge": false,
            "allow_merge_commit": true,
            "allow_rebase_merge": true,
            "allow_squash_merge": true,
            "allow_update_branch": false,
            "archive_on_destroy": null,
            "archived": false,
            "auto_init": false,
            "default_branch": "main",
            "delete_branch_on_merge": false,
            "description": "Not supported",
            "etag": "W/\"811754d1e599c73494e49d72fd25d3665b382211225e869800915d406bf7cd01\"",
            "full_name": "asdf-vm-hyperupcall/asdf-gleam",
            "git_clone_url": "git://github.com/asdf-vm-hyperupcall/asdf-gleam.git",
            "gitignore_template": null,
            "has_discussions": false,
            "has_downloads": false,
            "has_issues": false,
            "has_projects": false,
            "has_wiki": false,
            "homepage_url": "",
            "html_url": "https://github.com/asdf-vm-hyperupcall/asdf-gleam",
            "http_clone_url": "https://github.com/asdf-vm-hyperupcall/asdf-gleam.git",
            "id": "asdf-gleam",
            "ignore_vulnerability_alerts_during_read": null,
            "is_template": false,
            "license_template": null,
            "merge_commit_message": "PR_TITLE",
            "merge_commit_title": "MERGE_MESSAGE",
            "name": "asdf-gleam",
            "node_id": "R_kgDOJ7R6jA",
            "pages": [],
            "private": false,
            "repo_id": 666139276,
            "security_and_analysis": [
              {
                "advanced_security": [],
                "secret_scanning": [
                  {
                    "status": "disabled"
                  }
                ],
                "secret_scanning_push_protection": [
                  {
                    "status": "disabled"
                  }
                ]
              }
            ],
            "squash_merge_commit_message": "COMMIT_MESSAGES",
            "squash_merge_commit_title": "COMMIT_OR_PR_TITLE",
            "ssh_clone_url": "git@github.com:asdf-vm-hyperupcall/asdf-gleam.git",
            "svn_url": "https://github.com/asdf-vm-hyperupcall/asdf-gleam",
            "template": [],
            "topics": null,
            "visibility": "public",
            "vulnerability_alerts": false
          },
          "sensitive_attributes": [],
          "private": "eyJzY2hlbWFfdmVyc2lvbiI6IjEifQ=="
        }
      ]
    },
    {
      "mode": "managed",
      "type": "github_repository",
      "name": "virtualstaticvoid__asdf_dagger",
      "provider": "provider[\"registry.terraform.io/integrations/github\"]",
      "instances": [
        {
          "schema_version": 1,
          "attributes": {
            "allow_auto_merge": false,
            "allow_merge_commit": true,
            "allow_rebase_merge": true,
            "allow_squash_merge": true,
            "allow_update_branch": false,
            "archive_on_destroy": null,
            "archived": false,
            "auto_init": false,
            "default_branch": "main",
            "delete_branch_on_merge": false,
            "description": "Not supported",
            "etag": "W/\"6aa8c6e42b8f1f87834b414b659d952fbb9564dcd7fa1f585e5e2e3a94d7fbc1\"",
            "full_name": "asdf-vm-hyperupcall/asdf-dagger",
            "git_clone_url": "git://github.com/asdf-vm-hyperupcall/asdf-dagger.git",
            "gitignore_template": null,
            "has_discussions": false,
            "has_downloads": false,
            "has_issues": false,
            "has_projects": false,
            "has_wiki": false,
            "homepage_url": "",
            "html_url": "https://github.com/asdf-vm-hyperupcall/asdf-dagger",
            "http_clone_url": "https://github.com/asdf-vm-hyperupcall/asdf-dagger.git",
            "id": "asdf-dagger",
            "ignore_vulnerability_alerts_during_read": null,
            "is_template": false,
            "license_template": null,
            "merge_commit_message": "PR_TITLE",
            "merge_commit_title": "MERGE_MESSAGE",
            "name": "asdf-dagger",
            "node_id": "R_kgDOJ7RyGQ",
            "pages": [],
            "private": false,
            "repo_id": 666137113,
            "security_and_analysis": [
              {
                "advanced_security": [],
                "secret_scanning": [
                  {
                    "status": "disabled"
                  }
                ],
                "secret_scanning_push_protection": [
                  {
                    "status": "disabled"
                  }
                ]
              }
            ],
            "squash_merge_commit_message": "COMMIT_MESSAGES",
            "squash_merge_commit_title": "COMMIT_OR_PR_TITLE",
            "ssh_clone_url": "git@github.com:asdf-vm-hyperupcall/asdf-dagger.git",
            "svn_url": "https://github.com/asdf-vm-hyperupcall/asdf-dagger",
            "template": [],
            "topics": null,
            "visibility": "public",
            "vulnerability_alerts": false
          },
          "sensitive_attributes": [],
          "private": "eyJzY2hlbWFfdmVyc2lvbiI6IjEifQ=="
        }
      ]
    },
    {
      "mode": "managed",
      "type": "github_repository",
      "name": "virtualstaticvoid__asdf_drone",
      "provider": "provider[\"registry.terraform.io/integrations/github\"]",
      "instances": []
    },
    {
      "mode": "managed",
      "type": "github_repository",
      "name": "virtualstaticvoid__asdf_fission",
      "provider": "provider[\"registry.terraform.io/integrations/github\"]",
      "instances": []
    },
    {
      "mode": "managed",
      "type": "github_repository",
      "name": "virtualstaticvoid__asdf_istioctl",
      "provider": "provider[\"registry.terraform.io/integrations/github\"]",
      "instances": []
    },
    {
      "mode": "managed",
      "type": "github_repository",
      "name": "virtualstaticvoid__asdf_kubebuilder",
      "provider": "provider[\"registry.terraform.io/integrations/github\"]",
      "instances": []
    },
    {
      "mode": "managed",
      "type": "github_repository",
      "name": "virtualstaticvoid__asdf_kubent",
      "provider": "provider[\"registry.terraform.io/integrations/github\"]",
      "instances": [
        {
          "schema_version": 1,
          "attributes": {
            "allow_auto_merge": false,
            "allow_merge_commit": true,
            "allow_rebase_merge": true,
            "allow_squash_merge": true,
            "allow_update_branch": false,
            "archive_on_destroy": null,
            "archived": false,
            "auto_init": false,
            "default_branch": "main",
            "delete_branch_on_merge": false,
            "description": "Not supported",
            "etag": "W/\"8bce03cae8e93fd10648e205b0606ccd1c8927a994fa2a6e7a1545d1df252270\"",
            "full_name": "asdf-vm-hyperupcall/asdf-kubent",
            "git_clone_url": "git://github.com/asdf-vm-hyperupcall/asdf-kubent.git",
            "gitignore_template": null,
            "has_discussions": false,
            "has_downloads": false,
            "has_issues": false,
            "has_projects": false,
            "has_wiki": false,
            "homepage_url": "",
            "html_url": "https://github.com/asdf-vm-hyperupcall/asdf-kubent",
            "http_clone_url": "https://github.com/asdf-vm-hyperupcall/asdf-kubent.git",
            "id": "asdf-kubent",
            "ignore_vulnerability_alerts_during_read": null,
            "is_template": false,
            "license_template": null,
            "merge_commit_message": "PR_TITLE",
            "merge_commit_title": "MERGE_MESSAGE",
            "name": "asdf-kubent",
            "node_id": "R_kgDOJ7R5jg",
            "pages": [],
            "private": false,
            "repo_id": 666139022,
            "security_and_analysis": [
              {
                "advanced_security": [],
                "secret_scanning": [
                  {
                    "status": "disabled"
                  }
                ],
                "secret_scanning_push_protection": [
                  {
                    "status": "disabled"
                  }
                ]
              }
            ],
            "squash_merge_commit_message": "COMMIT_MESSAGES",
            "squash_merge_commit_title": "COMMIT_OR_PR_TITLE",
            "ssh_clone_url": "git@github.com:asdf-vm-hyperupcall/asdf-kubent.git",
            "svn_url": "https://github.com/asdf-vm-hyperupcall/asdf-kubent",
            "template": [],
            "topics": null,
            "visibility": "public",
            "vulnerability_alerts": false
          },
          "sensitive_attributes": [],
          "private": "eyJzY2hlbWFfdmVyc2lvbiI6IjEifQ=="
        }
      ]
    },
    {
      "mode": "managed",
      "type": "github_repository",
      "name": "virtualstaticvoid__asdf_tsuru",
      "provider": "provider[\"registry.terraform.io/integrations/github\"]",
      "instances": [
        {
          "schema_version": 1,
          "attributes": {
            "allow_auto_merge": false,
            "allow_merge_commit": true,
            "allow_rebase_merge": true,
            "allow_squash_merge": true,
            "allow_update_branch": false,
            "archive_on_destroy": null,
            "archived": false,
            "auto_init": false,
            "default_branch": "main",
            "delete_branch_on_merge": false,
            "description": "Not supported",
            "etag": "W/\"71ca7861d7542a1aa26509c7c2204734a9befee9f78e7bee61eb1a622e89d13a\"",
            "full_name": "asdf-vm-hyperupcall/asdf-tsuru",
            "git_clone_url": "git://github.com/asdf-vm-hyperupcall/asdf-tsuru.git",
            "gitignore_template": null,
            "has_discussions": false,
            "has_downloads": false,
            "has_issues": false,
            "has_projects": false,
            "has_wiki": false,
            "homepage_url": "",
            "html_url": "https://github.com/asdf-vm-hyperupcall/asdf-tsuru",
            "http_clone_url": "https://github.com/asdf-vm-hyperupcall/asdf-tsuru.git",
            "id": "asdf-tsuru",
            "ignore_vulnerability_alerts_during_read": null,
            "is_template": false,
            "license_template": null,
            "merge_commit_message": "PR_TITLE",
            "merge_commit_title": "MERGE_MESSAGE",
            "name": "asdf-tsuru",
            "node_id": "R_kgDOJ7RDtQ",
            "pages": [],
            "private": false,
            "repo_id": 666125237,
            "security_and_analysis": [
              {
                "advanced_security": [],
                "secret_scanning": [
                  {
                    "status": "disabled"
                  }
                ],
                "secret_scanning_push_protection": [
                  {
                    "status": "disabled"
                  }
                ]
              }
            ],
            "squash_merge_commit_message": "COMMIT_MESSAGES",
            "squash_merge_commit_title": "COMMIT_OR_PR_TITLE",
            "ssh_clone_url": "git@github.com:asdf-vm-hyperupcall/asdf-tsuru.git",
            "svn_url": "https://github.com/asdf-vm-hyperupcall/asdf-tsuru",
            "template": [],
            "topics": null,
            "visibility": "public",
            "vulnerability_alerts": false
          },
          "sensitive_attributes": [],
          "private": "eyJzY2hlbWFfdmVyc2lvbiI6IjEifQ=="
        }
      ]
    },
    {
      "mode": "managed",
      "type": "github_repository",
      "name": "vitalis__asdf_kubesec",
      "provider": "provider[\"registry.terraform.io/integrations/github\"]",
      "instances": []
    },
    {
      "mode": "managed",
      "type": "github_repository",
      "name": "vixus0__asdf_bitwarden",
      "provider": "provider[\"registry.terraform.io/integrations/github\"]",
      "instances": [
        {
          "schema_version": 1,
          "attributes": {
            "allow_auto_merge": false,
            "allow_merge_commit": true,
            "allow_rebase_merge": true,
            "allow_squash_merge": true,
            "allow_update_branch": false,
            "archive_on_destroy": null,
            "archived": false,
            "auto_init": false,
            "default_branch": "main",
            "delete_branch_on_merge": false,
            "description": "Not supported",
            "etag": "W/\"e29ff6d7fa8b6a2c9e6d94070bdd18f290cc906002ce5d4a2e01d7bbcf7cae84\"",
            "full_name": "asdf-vm-hyperupcall/asdf-bitwarden",
            "git_clone_url": "git://github.com/asdf-vm-hyperupcall/asdf-bitwarden.git",
            "gitignore_template": null,
            "has_discussions": false,
            "has_downloads": false,
            "has_issues": false,
            "has_projects": false,
            "has_wiki": false,
            "homepage_url": "",
            "html_url": "https://github.com/asdf-vm-hyperupcall/asdf-bitwarden",
            "http_clone_url": "https://github.com/asdf-vm-hyperupcall/asdf-bitwarden.git",
            "id": "asdf-bitwarden",
            "ignore_vulnerability_alerts_during_read": null,
            "is_template": false,
            "license_template": null,
            "merge_commit_message": "PR_TITLE",
            "merge_commit_title": "MERGE_MESSAGE",
            "name": "asdf-bitwarden",
            "node_id": "R_kgDOJ7Q99Q",
            "pages": [],
            "private": false,
            "repo_id": 666123765,
            "security_and_analysis": [
              {
                "advanced_security": [],
                "secret_scanning": [
                  {
                    "status": "disabled"
                  }
                ],
                "secret_scanning_push_protection": [
                  {
                    "status": "disabled"
                  }
                ]
              }
            ],
            "squash_merge_commit_message": "COMMIT_MESSAGES",
            "squash_merge_commit_title": "COMMIT_OR_PR_TITLE",
            "ssh_clone_url": "git@github.com:asdf-vm-hyperupcall/asdf-bitwarden.git",
            "svn_url": "https://github.com/asdf-vm-hyperupcall/asdf-bitwarden",
            "template": [],
            "topics": null,
            "visibility": "public",
            "vulnerability_alerts": false
          },
          "sensitive_attributes": [],
          "private": "eyJzY2hlbWFfdmVyc2lvbiI6IjEifQ=="
        }
      ]
    },
    {
      "mode": "managed",
      "type": "github_repository",
      "name": "vixus0__asdf_hub",
      "provider": "provider[\"registry.terraform.io/integrations/github\"]",
      "instances": [
        {
          "schema_version": 1,
          "attributes": {
            "allow_auto_merge": false,
            "allow_merge_commit": true,
            "allow_rebase_merge": true,
            "allow_squash_merge": true,
            "allow_update_branch": false,
            "archive_on_destroy": null,
            "archived": false,
            "auto_init": false,
            "default_branch": "main",
            "delete_branch_on_merge": false,
            "description": "Not supported",
            "etag": "W/\"edb1aa5e11a45a6ee2edea53758027f31d8ff245bd82bb6a8452d1f47cab4524\"",
            "full_name": "asdf-vm-hyperupcall/asdf-hub",
            "git_clone_url": "git://github.com/asdf-vm-hyperupcall/asdf-hub.git",
            "gitignore_template": null,
            "has_discussions": false,
            "has_downloads": false,
            "has_issues": false,
            "has_projects": false,
            "has_wiki": false,
            "homepage_url": "",
            "html_url": "https://github.com/asdf-vm-hyperupcall/asdf-hub",
            "http_clone_url": "https://github.com/asdf-vm-hyperupcall/asdf-hub.git",
            "id": "asdf-hub",
            "ignore_vulnerability_alerts_during_read": null,
            "is_template": false,
            "license_template": null,
            "merge_commit_message": "PR_TITLE",
            "merge_commit_title": "MERGE_MESSAGE",
            "name": "asdf-hub",
            "node_id": "R_kgDOJ7Q72Q",
            "pages": [],
            "private": false,
            "repo_id": 666123225,
            "security_and_analysis": [
              {
                "advanced_security": [],
                "secret_scanning": [
                  {
                    "status": "disabled"
                  }
                ],
                "secret_scanning_push_protection": [
                  {
                    "status": "disabled"
                  }
                ]
              }
            ],
            "squash_merge_commit_message": "COMMIT_MESSAGES",
            "squash_merge_commit_title": "COMMIT_OR_PR_TITLE",
            "ssh_clone_url": "git@github.com:asdf-vm-hyperupcall/asdf-hub.git",
            "svn_url": "https://github.com/asdf-vm-hyperupcall/asdf-hub",
            "template": [],
            "topics": null,
            "visibility": "public",
            "vulnerability_alerts": false
          },
          "sensitive_attributes": [],
          "private": "eyJzY2hlbWFfdmVyc2lvbiI6IjEifQ=="
        }
      ]
    },
    {
      "mode": "managed",
      "type": "github_repository",
      "name": "vladlosev__asdf_copper",
      "provider": "provider[\"registry.terraform.io/integrations/github\"]",
      "instances": []
    },
    {
      "mode": "managed",
      "type": "github_repository",
      "name": "vmware_tanzu__asdf-carvel",
      "provider": "provider[\"registry.terraform.io/integrations/github\"]",
      "instances": []
    },
    {
      "mode": "managed",
      "type": "github_repository",
      "name": "vmware_tanzu__tanzu-plug-in-for-asdf",
      "provider": "provider[\"registry.terraform.io/integrations/github\"]",
      "instances": [
        {
          "schema_version": 1,
          "attributes": {
            "allow_auto_merge": false,
            "allow_merge_commit": true,
            "allow_rebase_merge": true,
            "allow_squash_merge": true,
            "allow_update_branch": false,
            "archive_on_destroy": null,
            "archived": false,
            "auto_init": false,
            "default_branch": "main",
            "delete_branch_on_merge": false,
            "description": "Not supported",
            "etag": "W/\"183130ce57676fffe287558441d913bbf3a055ad553bc301dbb156bb4d54b576\"",
            "full_name": "asdf-vm-hyperupcall/asdf-tanzu-plug-in-for-asdf",
            "git_clone_url": "git://github.com/asdf-vm-hyperupcall/asdf-tanzu-plug-in-for-asdf.git",
            "gitignore_template": null,
            "has_discussions": false,
            "has_downloads": false,
            "has_issues": false,
            "has_projects": false,
            "has_wiki": false,
            "homepage_url": "",
            "html_url": "https://github.com/asdf-vm-hyperupcall/asdf-tanzu-plug-in-for-asdf",
            "http_clone_url": "https://github.com/asdf-vm-hyperupcall/asdf-tanzu-plug-in-for-asdf.git",
            "id": "asdf-tanzu-plug-in-for-asdf",
            "ignore_vulnerability_alerts_during_read": null,
            "is_template": false,
            "license_template": null,
            "merge_commit_message": "PR_TITLE",
            "merge_commit_title": "MERGE_MESSAGE",
            "name": "asdf-tanzu-plug-in-for-asdf",
            "node_id": "R_kgDOJ7Q20Q",
            "pages": [],
            "private": false,
            "repo_id": 666121937,
            "security_and_analysis": [
              {
                "advanced_security": [],
                "secret_scanning": [
                  {
                    "status": "disabled"
                  }
                ],
                "secret_scanning_push_protection": [
                  {
                    "status": "disabled"
                  }
                ]
              }
            ],
            "squash_merge_commit_message": "COMMIT_MESSAGES",
            "squash_merge_commit_title": "COMMIT_OR_PR_TITLE",
            "ssh_clone_url": "git@github.com:asdf-vm-hyperupcall/asdf-tanzu-plug-in-for-asdf.git",
            "svn_url": "https://github.com/asdf-vm-hyperupcall/asdf-tanzu-plug-in-for-asdf",
            "template": [],
            "topics": null,
            "visibility": "public",
            "vulnerability_alerts": false
          },
          "sensitive_attributes": [],
          "private": "eyJzY2hlbWFfdmVyc2lvbiI6IjEifQ=="
        }
      ]
    },
    {
      "mode": "managed",
      "type": "github_repository",
      "name": "volf52__asdf_difftastic",
      "provider": "provider[\"registry.terraform.io/integrations/github\"]",
      "instances": []
    },
    {
      "mode": "managed",
      "type": "github_repository",
      "name": "volf52__asdf_hyperfine",
      "provider": "provider[\"registry.terraform.io/integrations/github\"]",
      "instances": []
    },
    {
      "mode": "managed",
      "type": "github_repository",
      "name": "w_sanches__asdf-rabbitmq",
      "provider": "provider[\"registry.terraform.io/integrations/github\"]",
      "instances": []
    },
    {
      "mode": "managed",
      "type": "github_repository",
      "name": "weibemoura__asdf_grails",
      "provider": "provider[\"registry.terraform.io/integrations/github\"]",
      "instances": []
    },
    {
      "mode": "managed",
      "type": "github_repository",
      "name": "weibemoura__asdf_groovy",
      "provider": "provider[\"registry.terraform.io/integrations/github\"]",
      "instances": [
        {
          "schema_version": 1,
          "attributes": {
            "allow_auto_merge": false,
            "allow_merge_commit": true,
            "allow_rebase_merge": true,
            "allow_squash_merge": true,
            "allow_update_branch": false,
            "archive_on_destroy": null,
            "archived": false,
            "auto_init": false,
            "default_branch": "main",
            "delete_branch_on_merge": false,
            "description": "Not supported",
            "etag": "W/\"9fc2fbbefd5b2802e287e5fcd7ca97bc06747404b607595fbf197b131a0bc1cb\"",
            "full_name": "asdf-vm-hyperupcall/asdf-groovy",
            "git_clone_url": "git://github.com/asdf-vm-hyperupcall/asdf-groovy.git",
            "gitignore_template": null,
            "has_discussions": false,
            "has_downloads": false,
            "has_issues": false,
            "has_projects": false,
            "has_wiki": false,
            "homepage_url": "",
            "html_url": "https://github.com/asdf-vm-hyperupcall/asdf-groovy",
            "http_clone_url": "https://github.com/asdf-vm-hyperupcall/asdf-groovy.git",
            "id": "asdf-groovy",
            "ignore_vulnerability_alerts_during_read": null,
            "is_template": false,
            "license_template": null,
            "merge_commit_message": "PR_TITLE",
            "merge_commit_title": "MERGE_MESSAGE",
            "name": "asdf-groovy",
            "node_id": "R_kgDOJ7R1Iw",
            "pages": [],
            "private": false,
            "repo_id": 666137891,
            "security_and_analysis": [
              {
                "advanced_security": [],
                "secret_scanning": [
                  {
                    "status": "disabled"
                  }
                ],
                "secret_scanning_push_protection": [
                  {
                    "status": "disabled"
                  }
                ]
              }
            ],
            "squash_merge_commit_message": "COMMIT_MESSAGES",
            "squash_merge_commit_title": "COMMIT_OR_PR_TITLE",
            "ssh_clone_url": "git@github.com:asdf-vm-hyperupcall/asdf-groovy.git",
            "svn_url": "https://github.com/asdf-vm-hyperupcall/asdf-groovy",
            "template": [],
            "topics": null,
            "visibility": "public",
            "vulnerability_alerts": false
          },
          "sensitive_attributes": [],
          "private": "eyJzY2hlbWFfdmVyc2lvbiI6IjEifQ=="
        }
      ]
    },
    {
      "mode": "managed",
      "type": "github_repository",
      "name": "weibemoura__asdf_micronaut",
      "provider": "provider[\"registry.terraform.io/integrations/github\"]",
      "instances": []
    },
    {
      "mode": "managed",
      "type": "github_repository",
      "name": "wesleimp__asdf_dotenv-linter",
      "provider": "provider[\"registry.terraform.io/integrations/github\"]",
      "instances": []
    },
    {
      "mode": "managed",
      "type": "github_repository",
      "name": "woneill__asdf_spruce",
      "provider": "provider[\"registry.terraform.io/integrations/github\"]",
      "instances": [
        {
          "schema_version": 1,
          "attributes": {
            "allow_auto_merge": false,
            "allow_merge_commit": true,
            "allow_rebase_merge": true,
            "allow_squash_merge": true,
            "allow_update_branch": false,
            "archive_on_destroy": null,
            "archived": false,
            "auto_init": false,
            "default_branch": "main",
            "delete_branch_on_merge": false,
            "description": "Not supported",
            "etag": "W/\"fc45274f7ce0046dac49621ae2c097f26be17e7d1c30d03b6ed727d97c223435\"",
            "full_name": "asdf-vm-hyperupcall/asdf-spruce",
            "git_clone_url": "git://github.com/asdf-vm-hyperupcall/asdf-spruce.git",
            "gitignore_template": null,
            "has_discussions": false,
            "has_downloads": false,
            "has_issues": false,
            "has_projects": false,
            "has_wiki": false,
            "homepage_url": "",
            "html_url": "https://github.com/asdf-vm-hyperupcall/asdf-spruce",
            "http_clone_url": "https://github.com/asdf-vm-hyperupcall/asdf-spruce.git",
            "id": "asdf-spruce",
            "ignore_vulnerability_alerts_during_read": null,
            "is_template": false,
            "license_template": null,
            "merge_commit_message": "PR_TITLE",
            "merge_commit_title": "MERGE_MESSAGE",
            "name": "asdf-spruce",
            "node_id": "R_kgDOJ7R2Hw",
            "pages": [],
            "private": false,
            "repo_id": 666138143,
            "security_and_analysis": [
              {
                "advanced_security": [],
                "secret_scanning": [
                  {
                    "status": "disabled"
                  }
                ],
                "secret_scanning_push_protection": [
                  {
                    "status": "disabled"
                  }
                ]
              }
            ],
            "squash_merge_commit_message": "COMMIT_MESSAGES",
            "squash_merge_commit_title": "COMMIT_OR_PR_TITLE",
            "ssh_clone_url": "git@github.com:asdf-vm-hyperupcall/asdf-spruce.git",
            "svn_url": "https://github.com/asdf-vm-hyperupcall/asdf-spruce",
            "template": [],
            "topics": null,
            "visibility": "public",
            "vulnerability_alerts": false
          },
          "sensitive_attributes": [],
          "private": "eyJzY2hlbWFfdmVyc2lvbiI6IjEifQ=="
        }
      ]
    },
    {
      "mode": "managed",
      "type": "github_repository",
      "name": "woneill__asdf_tfsec",
      "provider": "provider[\"registry.terraform.io/integrations/github\"]",
      "instances": []
    },
    {
      "mode": "managed",
      "type": "github_repository",
      "name": "wt0f__asdf_bat",
      "provider": "provider[\"registry.terraform.io/integrations/github\"]",
      "instances": [
        {
          "schema_version": 1,
          "attributes": {
            "allow_auto_merge": false,
            "allow_merge_commit": true,
            "allow_rebase_merge": true,
            "allow_squash_merge": true,
            "allow_update_branch": false,
            "archive_on_destroy": null,
            "archived": false,
            "auto_init": false,
            "default_branch": "main",
            "delete_branch_on_merge": false,
            "description": "Not supported",
            "etag": "W/\"7a9014f6e03a7b8b14676b623e117ebf7328f87ed695c4e8718128798a027ddd\"",
            "full_name": "asdf-vm-hyperupcall/asdf-bat",
            "git_clone_url": "git://github.com/asdf-vm-hyperupcall/asdf-bat.git",
            "gitignore_template": null,
            "has_discussions": false,
            "has_downloads": false,
            "has_issues": false,
            "has_projects": false,
            "has_wiki": false,
            "homepage_url": "",
            "html_url": "https://github.com/asdf-vm-hyperupcall/asdf-bat",
            "http_clone_url": "https://github.com/asdf-vm-hyperupcall/asdf-bat.git",
            "id": "asdf-bat",
            "ignore_vulnerability_alerts_during_read": null,
            "is_template": false,
            "license_template": null,
            "merge_commit_message": "PR_TITLE",
            "merge_commit_title": "MERGE_MESSAGE",
            "name": "asdf-bat",
            "node_id": "R_kgDOJ7Q4WQ",
            "pages": [],
            "private": false,
            "repo_id": 666122329,
            "security_and_analysis": [
              {
                "advanced_security": [],
                "secret_scanning": [
                  {
                    "status": "disabled"
                  }
                ],
                "secret_scanning_push_protection": [
                  {
                    "status": "disabled"
                  }
                ]
              }
            ],
            "squash_merge_commit_message": "COMMIT_MESSAGES",
            "squash_merge_commit_title": "COMMIT_OR_PR_TITLE",
            "ssh_clone_url": "git@github.com:asdf-vm-hyperupcall/asdf-bat.git",
            "svn_url": "https://github.com/asdf-vm-hyperupcall/asdf-bat",
            "template": [],
            "topics": null,
            "visibility": "public",
            "vulnerability_alerts": false
          },
          "sensitive_attributes": [],
          "private": "eyJzY2hlbWFfdmVyc2lvbiI6IjEifQ=="
        }
      ]
    },
    {
      "mode": "managed",
      "type": "github_repository",
      "name": "wt0f__asdf_cosign",
      "provider": "provider[\"registry.terraform.io/integrations/github\"]",
      "instances": []
    },
    {
      "mode": "managed",
      "type": "github_repository",
      "name": "wt0f__asdf_dyff",
      "provider": "provider[\"registry.terraform.io/integrations/github\"]",
      "instances": [
        {
          "schema_version": 1,
          "attributes": {
            "allow_auto_merge": false,
            "allow_merge_commit": true,
            "allow_rebase_merge": true,
            "allow_squash_merge": true,
            "allow_update_branch": false,
            "archive_on_destroy": null,
            "archived": false,
            "auto_init": false,
            "default_branch": "main",
            "delete_branch_on_merge": false,
            "description": "Not supported",
            "etag": "W/\"c4da2636c7f63639cd47515a15bf9ddf8dfb77b10e1dd0133ecdd39749ac6b14\"",
            "full_name": "asdf-vm-hyperupcall/asdf-dyff",
            "git_clone_url": "git://github.com/asdf-vm-hyperupcall/asdf-dyff.git",
            "gitignore_template": null,
            "has_discussions": false,
            "has_downloads": false,
            "has_issues": false,
            "has_projects": false,
            "has_wiki": false,
            "homepage_url": "",
            "html_url": "https://github.com/asdf-vm-hyperupcall/asdf-dyff",
            "http_clone_url": "https://github.com/asdf-vm-hyperupcall/asdf-dyff.git",
            "id": "asdf-dyff",
            "ignore_vulnerability_alerts_during_read": null,
            "is_template": false,
            "license_template": null,
            "merge_commit_message": "PR_TITLE",
            "merge_commit_title": "MERGE_MESSAGE",
            "name": "asdf-dyff",
            "node_id": "R_kgDOJ7RzDQ",
            "pages": [],
            "private": false,
            "repo_id": 666137357,
            "security_and_analysis": [
              {
                "advanced_security": [],
                "secret_scanning": [
                  {
                    "status": "disabled"
                  }
                ],
                "secret_scanning_push_protection": [
                  {
                    "status": "disabled"
                  }
                ]
              }
            ],
            "squash_merge_commit_message": "COMMIT_MESSAGES",
            "squash_merge_commit_title": "COMMIT_OR_PR_TITLE",
            "ssh_clone_url": "git@github.com:asdf-vm-hyperupcall/asdf-dyff.git",
            "svn_url": "https://github.com/asdf-vm-hyperupcall/asdf-dyff",
            "template": [],
            "topics": null,
            "visibility": "public",
            "vulnerability_alerts": false
          },
          "sensitive_attributes": [],
          "private": "eyJzY2hlbWFfdmVyc2lvbiI6IjEifQ=="
        }
      ]
    },
    {
      "mode": "managed",
      "type": "github_repository",
      "name": "wt0f__asdf_fd",
      "provider": "provider[\"registry.terraform.io/integrations/github\"]",
      "instances": [
        {
          "schema_version": 1,
          "attributes": {
            "allow_auto_merge": false,
            "allow_merge_commit": true,
            "allow_rebase_merge": true,
            "allow_squash_merge": true,
            "allow_update_branch": false,
            "archive_on_destroy": null,
            "archived": false,
            "auto_init": false,
            "default_branch": "main",
            "delete_branch_on_merge": false,
            "description": "Not supported",
            "etag": "W/\"21a7e41cab462805391305c514f42193642ee1d029457a0a6cf7740e4a6fd282\"",
            "full_name": "asdf-vm-hyperupcall/asdf-fd",
            "git_clone_url": "git://github.com/asdf-vm-hyperupcall/asdf-fd.git",
            "gitignore_template": null,
            "has_discussions": false,
            "has_downloads": false,
            "has_issues": false,
            "has_projects": false,
            "has_wiki": false,
            "homepage_url": "",
            "html_url": "https://github.com/asdf-vm-hyperupcall/asdf-fd",
            "http_clone_url": "https://github.com/asdf-vm-hyperupcall/asdf-fd.git",
            "id": "asdf-fd",
            "ignore_vulnerability_alerts_during_read": null,
            "is_template": false,
            "license_template": null,
            "merge_commit_message": "PR_TITLE",
            "merge_commit_title": "MERGE_MESSAGE",
            "name": "asdf-fd",
            "node_id": "R_kgDOJ7Q9yw",
            "pages": [],
            "private": false,
            "repo_id": 666123723,
            "security_and_analysis": [
              {
                "advanced_security": [],
                "secret_scanning": [
                  {
                    "status": "disabled"
                  }
                ],
                "secret_scanning_push_protection": [
                  {
                    "status": "disabled"
                  }
                ]
              }
            ],
            "squash_merge_commit_message": "COMMIT_MESSAGES",
            "squash_merge_commit_title": "COMMIT_OR_PR_TITLE",
            "ssh_clone_url": "git@github.com:asdf-vm-hyperupcall/asdf-fd.git",
            "svn_url": "https://github.com/asdf-vm-hyperupcall/asdf-fd",
            "template": [],
            "topics": null,
            "visibility": "public",
            "vulnerability_alerts": false
          },
          "sensitive_attributes": [],
          "private": "eyJzY2hlbWFfdmVyc2lvbiI6IjEifQ=="
        }
      ]
    },
    {
      "mode": "managed",
      "type": "github_repository",
      "name": "wt0f__asdf_fx",
      "provider": "provider[\"registry.terraform.io/integrations/github\"]",
      "instances": [
        {
          "schema_version": 1,
          "attributes": {
            "allow_auto_merge": false,
            "allow_merge_commit": true,
            "allow_rebase_merge": true,
            "allow_squash_merge": true,
            "allow_update_branch": false,
            "archive_on_destroy": null,
            "archived": false,
            "auto_init": false,
            "default_branch": "main",
            "delete_branch_on_merge": false,
            "description": "Not supported",
            "etag": "W/\"c39f128b75359a3dd595c60e265a57405b3f90b8ce133d1eea780774e615fda3\"",
            "full_name": "asdf-vm-hyperupcall/asdf-fx",
            "git_clone_url": "git://github.com/asdf-vm-hyperupcall/asdf-fx.git",
            "gitignore_template": null,
            "has_discussions": false,
            "has_downloads": false,
            "has_issues": false,
            "has_projects": false,
            "has_wiki": false,
            "homepage_url": "",
            "html_url": "https://github.com/asdf-vm-hyperupcall/asdf-fx",
            "http_clone_url": "https://github.com/asdf-vm-hyperupcall/asdf-fx.git",
            "id": "asdf-fx",
            "ignore_vulnerability_alerts_during_read": null,
            "is_template": false,
            "license_template": null,
            "merge_commit_message": "PR_TITLE",
            "merge_commit_title": "MERGE_MESSAGE",
            "name": "asdf-fx",
            "node_id": "R_kgDOJ7RuPA",
            "pages": [],
            "private": false,
            "repo_id": 666136124,
            "security_and_analysis": [
              {
                "advanced_security": [],
                "secret_scanning": [
                  {
                    "status": "disabled"
                  }
                ],
                "secret_scanning_push_protection": [
                  {
                    "status": "disabled"
                  }
                ]
              }
            ],
            "squash_merge_commit_message": "COMMIT_MESSAGES",
            "squash_merge_commit_title": "COMMIT_OR_PR_TITLE",
            "ssh_clone_url": "git@github.com:asdf-vm-hyperupcall/asdf-fx.git",
            "svn_url": "https://github.com/asdf-vm-hyperupcall/asdf-fx",
            "template": [],
            "topics": null,
            "visibility": "public",
            "vulnerability_alerts": false
          },
          "sensitive_attributes": [],
          "private": "eyJzY2hlbWFfdmVyc2lvbiI6IjEifQ=="
        }
      ]
    },
    {
      "mode": "managed",
      "type": "github_repository",
      "name": "wt0f__asdf_jqp",
      "provider": "provider[\"registry.terraform.io/integrations/github\"]",
      "instances": []
    },
    {
      "mode": "managed",
      "type": "github_repository",
      "name": "wt0f__asdf_kubectx",
      "provider": "provider[\"registry.terraform.io/integrations/github\"]",
      "instances": []
    },
    {
      "mode": "managed",
      "type": "github_repository",
      "name": "wt0f__asdf_ripgrep",
      "provider": "provider[\"registry.terraform.io/integrations/github\"]",
      "instances": []
    },
    {
      "mode": "managed",
      "type": "github_repository",
      "name": "wt0f__asdf_vcluster",
      "provider": "provider[\"registry.terraform.io/integrations/github\"]",
      "instances": []
    },
    {
      "mode": "managed",
      "type": "github_repository",
      "name": "xanmanning__asdf_sshuttle",
      "provider": "provider[\"registry.terraform.io/integrations/github\"]",
      "instances": [
        {
          "schema_version": 1,
          "attributes": {
            "allow_auto_merge": false,
            "allow_merge_commit": true,
            "allow_rebase_merge": true,
            "allow_squash_merge": true,
            "allow_update_branch": false,
            "archive_on_destroy": null,
            "archived": false,
            "auto_init": false,
            "default_branch": "main",
            "delete_branch_on_merge": false,
            "description": "Not supported",
            "etag": "W/\"ae74fdb2bfbd07d2b5134b031b4019ae9bcc28a9f8d408f0dd6cf2cdac640459\"",
            "full_name": "asdf-vm-hyperupcall/asdf-sshuttle",
            "git_clone_url": "git://github.com/asdf-vm-hyperupcall/asdf-sshuttle.git",
            "gitignore_template": null,
            "has_discussions": false,
            "has_downloads": false,
            "has_issues": false,
            "has_projects": false,
            "has_wiki": false,
            "homepage_url": "",
            "html_url": "https://github.com/asdf-vm-hyperupcall/asdf-sshuttle",
            "http_clone_url": "https://github.com/asdf-vm-hyperupcall/asdf-sshuttle.git",
            "id": "asdf-sshuttle",
            "ignore_vulnerability_alerts_during_read": null,
            "is_template": false,
            "license_template": null,
            "merge_commit_message": "PR_TITLE",
            "merge_commit_title": "MERGE_MESSAGE",
            "name": "asdf-sshuttle",
            "node_id": "R_kgDOJ7RwNw",
            "pages": [],
            "private": false,
            "repo_id": 666136631,
            "security_and_analysis": [
              {
                "advanced_security": [],
                "secret_scanning": [
                  {
                    "status": "disabled"
                  }
                ],
                "secret_scanning_push_protection": [
                  {
                    "status": "disabled"
                  }
                ]
              }
            ],
            "squash_merge_commit_message": "COMMIT_MESSAGES",
            "squash_merge_commit_title": "COMMIT_OR_PR_TITLE",
            "ssh_clone_url": "git@github.com:asdf-vm-hyperupcall/asdf-sshuttle.git",
            "svn_url": "https://github.com/asdf-vm-hyperupcall/asdf-sshuttle",
            "template": [],
            "topics": null,
            "visibility": "public",
            "vulnerability_alerts": false
          },
          "sensitive_attributes": [],
          "private": "eyJzY2hlbWFfdmVyc2lvbiI6IjEifQ=="
        }
      ]
    },
    {
      "mode": "managed",
      "type": "github_repository",
      "name": "xataz__asdf_docker-slim",
      "provider": "provider[\"registry.terraform.io/integrations/github\"]",
      "instances": [
        {
          "schema_version": 1,
          "attributes": {
            "allow_auto_merge": false,
            "allow_merge_commit": true,
            "allow_rebase_merge": true,
            "allow_squash_merge": true,
            "allow_update_branch": false,
            "archive_on_destroy": null,
            "archived": false,
            "auto_init": false,
            "default_branch": "main",
            "delete_branch_on_merge": false,
            "description": "Not supported",
            "etag": "W/\"c608ac1e59e412d1f314e631e934d030d25bcce98b34f03ed122d1302664b600\"",
            "full_name": "asdf-vm-hyperupcall/asdf-docker-slim",
            "git_clone_url": "git://github.com/asdf-vm-hyperupcall/asdf-docker-slim.git",
            "gitignore_template": null,
            "has_discussions": false,
            "has_downloads": false,
            "has_issues": false,
            "has_projects": false,
            "has_wiki": false,
            "homepage_url": "",
            "html_url": "https://github.com/asdf-vm-hyperupcall/asdf-docker-slim",
            "http_clone_url": "https://github.com/asdf-vm-hyperupcall/asdf-docker-slim.git",
            "id": "asdf-docker-slim",
            "ignore_vulnerability_alerts_during_read": null,
            "is_template": false,
            "license_template": null,
            "merge_commit_message": "PR_TITLE",
            "merge_commit_title": "MERGE_MESSAGE",
            "name": "asdf-docker-slim",
            "node_id": "R_kgDOJ7RE7Q",
            "pages": [],
            "private": false,
            "repo_id": 666125549,
            "security_and_analysis": [
              {
                "advanced_security": [],
                "secret_scanning": [
                  {
                    "status": "disabled"
                  }
                ],
                "secret_scanning_push_protection": [
                  {
                    "status": "disabled"
                  }
                ]
              }
            ],
            "squash_merge_commit_message": "COMMIT_MESSAGES",
            "squash_merge_commit_title": "COMMIT_OR_PR_TITLE",
            "ssh_clone_url": "git@github.com:asdf-vm-hyperupcall/asdf-docker-slim.git",
            "svn_url": "https://github.com/asdf-vm-hyperupcall/asdf-docker-slim",
            "template": [],
            "topics": null,
            "visibility": "public",
            "vulnerability_alerts": false
          },
          "sensitive_attributes": [],
          "private": "eyJzY2hlbWFfdmVyc2lvbiI6IjEifQ=="
        }
      ]
    },
    {
      "mode": "managed",
      "type": "github_repository",
      "name": "xataz__asdf_marp-cli",
      "provider": "provider[\"registry.terraform.io/integrations/github\"]",
      "instances": [
        {
          "schema_version": 1,
          "attributes": {
            "allow_auto_merge": false,
            "allow_merge_commit": true,
            "allow_rebase_merge": true,
            "allow_squash_merge": true,
            "allow_update_branch": false,
            "archive_on_destroy": null,
            "archived": false,
            "auto_init": false,
            "default_branch": "main",
            "delete_branch_on_merge": false,
            "description": "Not supported",
            "etag": "W/\"3b02556dff3673b59a56e8099650c32b546742ef07d496f369f4cc4a1c13d3cc\"",
            "full_name": "asdf-vm-hyperupcall/asdf-marp-cli",
            "git_clone_url": "git://github.com/asdf-vm-hyperupcall/asdf-marp-cli.git",
            "gitignore_template": null,
            "has_discussions": false,
            "has_downloads": false,
            "has_issues": false,
            "has_projects": false,
            "has_wiki": false,
            "homepage_url": "",
            "html_url": "https://github.com/asdf-vm-hyperupcall/asdf-marp-cli",
            "http_clone_url": "https://github.com/asdf-vm-hyperupcall/asdf-marp-cli.git",
            "id": "asdf-marp-cli",
            "ignore_vulnerability_alerts_during_read": null,
            "is_template": false,
            "license_template": null,
            "merge_commit_message": "PR_TITLE",
            "merge_commit_title": "MERGE_MESSAGE",
            "name": "asdf-marp-cli",
            "node_id": "R_kgDOJ7RyMg",
            "pages": [],
            "private": false,
            "repo_id": 666137138,
            "security_and_analysis": [
              {
                "advanced_security": [],
                "secret_scanning": [
                  {
                    "status": "disabled"
                  }
                ],
                "secret_scanning_push_protection": [
                  {
                    "status": "disabled"
                  }
                ]
              }
            ],
            "squash_merge_commit_message": "COMMIT_MESSAGES",
            "squash_merge_commit_title": "COMMIT_OR_PR_TITLE",
            "ssh_clone_url": "git@github.com:asdf-vm-hyperupcall/asdf-marp-cli.git",
            "svn_url": "https://github.com/asdf-vm-hyperupcall/asdf-marp-cli",
            "template": [],
            "topics": null,
            "visibility": "public",
            "vulnerability_alerts": false
          },
          "sensitive_attributes": [],
          "private": "eyJzY2hlbWFfdmVyc2lvbiI6IjEifQ=="
        }
      ]
    },
    {
      "mode": "managed",
      "type": "github_repository",
      "name": "xataz__asdf_restic",
      "provider": "provider[\"registry.terraform.io/integrations/github\"]",
      "instances": [
        {
          "schema_version": 1,
          "attributes": {
            "allow_auto_merge": false,
            "allow_merge_commit": true,
            "allow_rebase_merge": true,
            "allow_squash_merge": true,
            "allow_update_branch": false,
            "archive_on_destroy": null,
            "archived": false,
            "auto_init": false,
            "default_branch": "main",
            "delete_branch_on_merge": false,
            "description": "Not supported",
            "etag": "W/\"79a0c6595df8c682440fb5d5ca7f09b4fce8830c0ee8044f1d725f39e947d358\"",
            "full_name": "asdf-vm-hyperupcall/asdf-restic",
            "git_clone_url": "git://github.com/asdf-vm-hyperupcall/asdf-restic.git",
            "gitignore_template": null,
            "has_discussions": false,
            "has_downloads": false,
            "has_issues": false,
            "has_projects": false,
            "has_wiki": false,
            "homepage_url": "",
            "html_url": "https://github.com/asdf-vm-hyperupcall/asdf-restic",
            "http_clone_url": "https://github.com/asdf-vm-hyperupcall/asdf-restic.git",
            "id": "asdf-restic",
            "ignore_vulnerability_alerts_during_read": null,
            "is_template": false,
            "license_template": null,
            "merge_commit_message": "PR_TITLE",
            "merge_commit_title": "MERGE_MESSAGE",
            "name": "asdf-restic",
            "node_id": "R_kgDOJ7RBHA",
            "pages": [],
            "private": false,
            "repo_id": 666124572,
            "security_and_analysis": [
              {
                "advanced_security": [],
                "secret_scanning": [
                  {
                    "status": "disabled"
                  }
                ],
                "secret_scanning_push_protection": [
                  {
                    "status": "disabled"
                  }
                ]
              }
            ],
            "squash_merge_commit_message": "COMMIT_MESSAGES",
            "squash_merge_commit_title": "COMMIT_OR_PR_TITLE",
            "ssh_clone_url": "git@github.com:asdf-vm-hyperupcall/asdf-restic.git",
            "svn_url": "https://github.com/asdf-vm-hyperupcall/asdf-restic",
            "template": [],
            "topics": null,
            "visibility": "public",
            "vulnerability_alerts": false
          },
          "sensitive_attributes": [],
          "private": "eyJzY2hlbWFfdmVyc2lvbiI6IjEifQ=="
        }
      ]
    },
    {
      "mode": "managed",
      "type": "github_repository",
      "name": "xeedio__asdf_cyclonedx",
      "provider": "provider[\"registry.terraform.io/integrations/github\"]",
      "instances": []
    },
    {
      "mode": "managed",
      "type": "github_repository",
      "name": "yacchi__asdf_go-sdk",
      "provider": "provider[\"registry.terraform.io/integrations/github\"]",
      "instances": []
    },
    {
      "mode": "managed",
      "type": "github_repository",
      "name": "yacchi__asdf_make",
      "provider": "provider[\"registry.terraform.io/integrations/github\"]",
      "instances": [
        {
          "schema_version": 1,
          "attributes": {
            "allow_auto_merge": false,
            "allow_merge_commit": true,
            "allow_rebase_merge": true,
            "allow_squash_merge": true,
            "allow_update_branch": false,
            "archive_on_destroy": null,
            "archived": false,
            "auto_init": false,
            "default_branch": "main",
            "delete_branch_on_merge": false,
            "description": "Not supported",
            "etag": "W/\"30a7d2ea33b08bb1d582f71145ac48a3924a50be4c0188c08c6298a196aa2eca\"",
            "full_name": "asdf-vm-hyperupcall/asdf-make",
            "git_clone_url": "git://github.com/asdf-vm-hyperupcall/asdf-make.git",
            "gitignore_template": null,
            "has_discussions": false,
            "has_downloads": false,
            "has_issues": false,
            "has_projects": false,
            "has_wiki": false,
            "homepage_url": "",
            "html_url": "https://github.com/asdf-vm-hyperupcall/asdf-make",
            "http_clone_url": "https://github.com/asdf-vm-hyperupcall/asdf-make.git",
            "id": "asdf-make",
            "ignore_vulnerability_alerts_during_read": null,
            "is_template": false,
            "license_template": null,
            "merge_commit_message": "PR_TITLE",
            "merge_commit_title": "MERGE_MESSAGE",
            "name": "asdf-make",
            "node_id": "R_kgDOJ7R4yg",
            "pages": [],
            "private": false,
            "repo_id": 666138826,
            "security_and_analysis": [
              {
                "advanced_security": [],
                "secret_scanning": [
                  {
                    "status": "disabled"
                  }
                ],
                "secret_scanning_push_protection": [
                  {
                    "status": "disabled"
                  }
                ]
              }
            ],
            "squash_merge_commit_message": "COMMIT_MESSAGES",
            "squash_merge_commit_title": "COMMIT_OR_PR_TITLE",
            "ssh_clone_url": "git@github.com:asdf-vm-hyperupcall/asdf-make.git",
            "svn_url": "https://github.com/asdf-vm-hyperupcall/asdf-make",
            "template": [],
            "topics": null,
            "visibility": "public",
            "vulnerability_alerts": false
          },
          "sensitive_attributes": [],
          "private": "eyJzY2hlbWFfdmVyc2lvbiI6IjEifQ=="
        }
      ]
    },
    {
      "mode": "managed",
      "type": "github_repository",
      "name": "yasn77__asdf_oci",
      "provider": "provider[\"registry.terraform.io/integrations/github\"]",
      "instances": []
    },
    {
      "mode": "managed",
      "type": "github_repository",
      "name": "yilas__asdf_docker-compose-v1",
      "provider": "provider[\"registry.terraform.io/integrations/github\"]",
      "instances": []
    },
    {
      "mode": "managed",
      "type": "github_repository",
      "name": "younke__asdf_carthage",
      "provider": "provider[\"registry.terraform.io/integrations/github\"]",
      "instances": [
        {
          "schema_version": 1,
          "attributes": {
            "allow_auto_merge": false,
            "allow_merge_commit": true,
            "allow_rebase_merge": true,
            "allow_squash_merge": true,
            "allow_update_branch": false,
            "archive_on_destroy": null,
            "archived": false,
            "auto_init": false,
            "default_branch": "main",
            "delete_branch_on_merge": false,
            "description": "Not supported",
            "etag": "W/\"0addeb3d2c154775acc170380c6ffc18c7e60ab00b2cc913a400d6f62079be6e\"",
            "full_name": "asdf-vm-hyperupcall/asdf-carthage",
            "git_clone_url": "git://github.com/asdf-vm-hyperupcall/asdf-carthage.git",
            "gitignore_template": null,
            "has_discussions": false,
            "has_downloads": false,
            "has_issues": false,
            "has_projects": false,
            "has_wiki": false,
            "homepage_url": "",
            "html_url": "https://github.com/asdf-vm-hyperupcall/asdf-carthage",
            "http_clone_url": "https://github.com/asdf-vm-hyperupcall/asdf-carthage.git",
            "id": "asdf-carthage",
            "ignore_vulnerability_alerts_during_read": null,
            "is_template": false,
            "license_template": null,
            "merge_commit_message": "PR_TITLE",
            "merge_commit_title": "MERGE_MESSAGE",
            "name": "asdf-carthage",
            "node_id": "R_kgDOJ7Q24w",
            "pages": [],
            "private": false,
            "repo_id": 666121955,
            "security_and_analysis": [
              {
                "advanced_security": [],
                "secret_scanning": [
                  {
                    "status": "disabled"
                  }
                ],
                "secret_scanning_push_protection": [
                  {
                    "status": "disabled"
                  }
                ]
              }
            ],
            "squash_merge_commit_message": "COMMIT_MESSAGES",
            "squash_merge_commit_title": "COMMIT_OR_PR_TITLE",
            "ssh_clone_url": "git@github.com:asdf-vm-hyperupcall/asdf-carthage.git",
            "svn_url": "https://github.com/asdf-vm-hyperupcall/asdf-carthage",
            "template": [],
            "topics": null,
            "visibility": "public",
            "vulnerability_alerts": false
          },
          "sensitive_attributes": [],
          "private": "eyJzY2hlbWFfdmVyc2lvbiI6IjEifQ=="
        }
      ]
    },
    {
      "mode": "managed",
      "type": "github_repository",
      "name": "younke__asdf_figma-export",
      "provider": "provider[\"registry.terraform.io/integrations/github\"]",
      "instances": []
    },
    {
      "mode": "managed",
      "type": "github_repository",
      "name": "younke__asdf_sourcery",
      "provider": "provider[\"registry.terraform.io/integrations/github\"]",
      "instances": [
        {
          "schema_version": 1,
          "attributes": {
            "allow_auto_merge": false,
            "allow_merge_commit": true,
            "allow_rebase_merge": true,
            "allow_squash_merge": true,
            "allow_update_branch": false,
            "archive_on_destroy": null,
            "archived": false,
            "auto_init": false,
            "default_branch": "main",
            "delete_branch_on_merge": false,
            "description": "Not supported",
            "etag": "W/\"4c723785a6c79d79d26a7f2f29967a71e20afafb8e0321a149369e5c71d2edb0\"",
            "full_name": "asdf-vm-hyperupcall/asdf-sourcery",
            "git_clone_url": "git://github.com/asdf-vm-hyperupcall/asdf-sourcery.git",
            "gitignore_template": null,
            "has_discussions": false,
            "has_downloads": false,
            "has_issues": false,
            "has_projects": false,
            "has_wiki": false,
            "homepage_url": "",
            "html_url": "https://github.com/asdf-vm-hyperupcall/asdf-sourcery",
            "http_clone_url": "https://github.com/asdf-vm-hyperupcall/asdf-sourcery.git",
            "id": "asdf-sourcery",
            "ignore_vulnerability_alerts_during_read": null,
            "is_template": false,
            "license_template": null,
            "merge_commit_message": "PR_TITLE",
            "merge_commit_title": "MERGE_MESSAGE",
            "name": "asdf-sourcery",
            "node_id": "R_kgDOJ7Rt3Q",
            "pages": [],
            "private": false,
            "repo_id": 666136029,
            "security_and_analysis": [
              {
                "advanced_security": [],
                "secret_scanning": [
                  {
                    "status": "disabled"
                  }
                ],
                "secret_scanning_push_protection": [
                  {
                    "status": "disabled"
                  }
                ]
              }
            ],
            "squash_merge_commit_message": "COMMIT_MESSAGES",
            "squash_merge_commit_title": "COMMIT_OR_PR_TITLE",
            "ssh_clone_url": "git@github.com:asdf-vm-hyperupcall/asdf-sourcery.git",
            "svn_url": "https://github.com/asdf-vm-hyperupcall/asdf-sourcery",
            "template": [],
            "topics": null,
            "visibility": "public",
            "vulnerability_alerts": false
          },
          "sensitive_attributes": [],
          "private": "eyJzY2hlbWFfdmVyc2lvbiI6IjEifQ=="
        }
      ]
    },
    {
      "mode": "managed",
      "type": "github_repository",
      "name": "younke__asdf_swiftformat",
      "provider": "provider[\"registry.terraform.io/integrations/github\"]",
      "instances": []
    },
    {
      "mode": "managed",
      "type": "github_repository",
      "name": "younke__asdf_swiftgen",
      "provider": "provider[\"registry.terraform.io/integrations/github\"]",
      "instances": []
    },
    {
      "mode": "managed",
      "type": "github_repository",
      "name": "younke__asdf_xchtmlreport",
      "provider": "provider[\"registry.terraform.io/integrations/github\"]",
      "instances": [
        {
          "schema_version": 1,
          "attributes": {
            "allow_auto_merge": false,
            "allow_merge_commit": true,
            "allow_rebase_merge": true,
            "allow_squash_merge": true,
            "allow_update_branch": false,
            "archive_on_destroy": null,
            "archived": false,
            "auto_init": false,
            "default_branch": "main",
            "delete_branch_on_merge": false,
            "description": "Not supported",
            "etag": "W/\"61202a3f4a6e55b8c3f9d1ebac60912ea2999e9588fbdfb7c2d78833069c09eb\"",
            "full_name": "asdf-vm-hyperupcall/asdf-xchtmlreport",
            "git_clone_url": "git://github.com/asdf-vm-hyperupcall/asdf-xchtmlreport.git",
            "gitignore_template": null,
            "has_discussions": false,
            "has_downloads": false,
            "has_issues": false,
            "has_projects": false,
            "has_wiki": false,
            "homepage_url": "",
            "html_url": "https://github.com/asdf-vm-hyperupcall/asdf-xchtmlreport",
            "http_clone_url": "https://github.com/asdf-vm-hyperupcall/asdf-xchtmlreport.git",
            "id": "asdf-xchtmlreport",
            "ignore_vulnerability_alerts_during_read": null,
            "is_template": false,
            "license_template": null,
            "merge_commit_message": "PR_TITLE",
            "merge_commit_title": "MERGE_MESSAGE",
            "name": "asdf-xchtmlreport",
            "node_id": "R_kgDOJ7RwDQ",
            "pages": [],
            "private": false,
            "repo_id": 666136589,
            "security_and_analysis": [
              {
                "advanced_security": [],
                "secret_scanning": [
                  {
                    "status": "disabled"
                  }
                ],
                "secret_scanning_push_protection": [
                  {
                    "status": "disabled"
                  }
                ]
              }
            ],
            "squash_merge_commit_message": "COMMIT_MESSAGES",
            "squash_merge_commit_title": "COMMIT_OR_PR_TITLE",
            "ssh_clone_url": "git@github.com:asdf-vm-hyperupcall/asdf-xchtmlreport.git",
            "svn_url": "https://github.com/asdf-vm-hyperupcall/asdf-xchtmlreport",
            "template": [],
            "topics": null,
            "visibility": "public",
            "vulnerability_alerts": false
          },
          "sensitive_attributes": [],
          "private": "eyJzY2hlbWFfdmVyc2lvbiI6IjEifQ=="
        }
      ]
    },
    {
      "mode": "managed",
      "type": "github_repository",
      "name": "younke__asdf_xcodegen",
      "provider": "provider[\"registry.terraform.io/integrations/github\"]",
      "instances": []
    },
    {
      "mode": "managed",
      "type": "github_repository",
      "name": "younke__asdf_xcodes",
      "provider": "provider[\"registry.terraform.io/integrations/github\"]",
      "instances": []
    },
    {
      "mode": "managed",
      "type": "github_repository",
      "name": "yuokada__asdf_embulk",
      "provider": "provider[\"registry.terraform.io/integrations/github\"]",
      "instances": [
        {
          "schema_version": 1,
          "attributes": {
            "allow_auto_merge": false,
            "allow_merge_commit": true,
            "allow_rebase_merge": true,
            "allow_squash_merge": true,
            "allow_update_branch": false,
            "archive_on_destroy": null,
            "archived": false,
            "auto_init": false,
            "default_branch": "main",
            "delete_branch_on_merge": false,
            "description": "Not supported",
            "etag": "W/\"84b9e3e40748431534afb0263df5f2a133407daf64543a75ca170260ae5f06df\"",
            "full_name": "asdf-vm-hyperupcall/asdf-embulk",
            "git_clone_url": "git://github.com/asdf-vm-hyperupcall/asdf-embulk.git",
            "gitignore_template": null,
            "has_discussions": false,
            "has_downloads": false,
            "has_issues": false,
            "has_projects": false,
            "has_wiki": false,
            "homepage_url": "",
            "html_url": "https://github.com/asdf-vm-hyperupcall/asdf-embulk",
            "http_clone_url": "https://github.com/asdf-vm-hyperupcall/asdf-embulk.git",
            "id": "asdf-embulk",
            "ignore_vulnerability_alerts_during_read": null,
            "is_template": false,
            "license_template": null,
            "merge_commit_message": "PR_TITLE",
            "merge_commit_title": "MERGE_MESSAGE",
            "name": "asdf-embulk",
            "node_id": "R_kgDOJ7R2SQ",
            "pages": [],
            "private": false,
            "repo_id": 666138185,
            "security_and_analysis": [
              {
                "advanced_security": [],
                "secret_scanning": [
                  {
                    "status": "disabled"
                  }
                ],
                "secret_scanning_push_protection": [
                  {
                    "status": "disabled"
                  }
                ]
              }
            ],
            "squash_merge_commit_message": "COMMIT_MESSAGES",
            "squash_merge_commit_title": "COMMIT_OR_PR_TITLE",
            "ssh_clone_url": "git@github.com:asdf-vm-hyperupcall/asdf-embulk.git",
            "svn_url": "https://github.com/asdf-vm-hyperupcall/asdf-embulk",
            "template": [],
            "topics": null,
            "visibility": "public",
            "vulnerability_alerts": false
          },
          "sensitive_attributes": [],
          "private": "eyJzY2hlbWFfdmVyc2lvbiI6IjEifQ=="
        }
      ]
    },
    {
      "mode": "managed",
      "type": "github_repository",
      "name": "yuokada__asdf_tfupdate",
      "provider": "provider[\"registry.terraform.io/integrations/github\"]",
      "instances": [
        {
          "schema_version": 1,
          "attributes": {
            "allow_auto_merge": false,
            "allow_merge_commit": true,
            "allow_rebase_merge": true,
            "allow_squash_merge": true,
            "allow_update_branch": false,
            "archive_on_destroy": null,
            "archived": false,
            "auto_init": false,
            "default_branch": "main",
            "delete_branch_on_merge": false,
            "description": "Not supported",
            "etag": "W/\"aa6f6e6c506401c273ff38f5aab87479d292d7364b32d8a2d016762a0347b5d6\"",
            "full_name": "asdf-vm-hyperupcall/asdf-tfupdate",
            "git_clone_url": "git://github.com/asdf-vm-hyperupcall/asdf-tfupdate.git",
            "gitignore_template": null,
            "has_discussions": false,
            "has_downloads": false,
            "has_issues": false,
            "has_projects": false,
            "has_wiki": false,
            "homepage_url": "",
            "html_url": "https://github.com/asdf-vm-hyperupcall/asdf-tfupdate",
            "http_clone_url": "https://github.com/asdf-vm-hyperupcall/asdf-tfupdate.git",
            "id": "asdf-tfupdate",
            "ignore_vulnerability_alerts_during_read": null,
            "is_template": false,
            "license_template": null,
            "merge_commit_message": "PR_TITLE",
            "merge_commit_title": "MERGE_MESSAGE",
            "name": "asdf-tfupdate",
            "node_id": "R_kgDOJ7Q_IA",
            "pages": [],
            "private": false,
            "repo_id": 666124064,
            "security_and_analysis": [
              {
                "advanced_security": [],
                "secret_scanning": [
                  {
                    "status": "disabled"
                  }
                ],
                "secret_scanning_push_protection": [
                  {
                    "status": "disabled"
                  }
                ]
              }
            ],
            "squash_merge_commit_message": "COMMIT_MESSAGES",
            "squash_merge_commit_title": "COMMIT_OR_PR_TITLE",
            "ssh_clone_url": "git@github.com:asdf-vm-hyperupcall/asdf-tfupdate.git",
            "svn_url": "https://github.com/asdf-vm-hyperupcall/asdf-tfupdate",
            "template": [],
            "topics": null,
            "visibility": "public",
            "vulnerability_alerts": false
          },
          "sensitive_attributes": [],
          "private": "eyJzY2hlbWFfdmVyc2lvbiI6IjEifQ=="
        }
      ]
    },
    {
      "mode": "managed",
      "type": "github_repository",
      "name": "zasdaym__asdf_ko",
      "provider": "provider[\"registry.terraform.io/integrations/github\"]",
      "instances": [
        {
          "schema_version": 1,
          "attributes": {
            "allow_auto_merge": false,
            "allow_merge_commit": true,
            "allow_rebase_merge": true,
            "allow_squash_merge": true,
            "allow_update_branch": false,
            "archive_on_destroy": null,
            "archived": false,
            "auto_init": false,
            "default_branch": "main",
            "delete_branch_on_merge": false,
            "description": "Not supported",
            "etag": "W/\"5515c2bb4b183c1a7b308ea40c3d4a61e5b92ea27f7c09529a635ed6d1a247fb\"",
            "full_name": "asdf-vm-hyperupcall/asdf-ko",
            "git_clone_url": "git://github.com/asdf-vm-hyperupcall/asdf-ko.git",
            "gitignore_template": null,
            "has_discussions": false,
            "has_downloads": false,
            "has_issues": false,
            "has_projects": false,
            "has_wiki": false,
            "homepage_url": "",
            "html_url": "https://github.com/asdf-vm-hyperupcall/asdf-ko",
            "http_clone_url": "https://github.com/asdf-vm-hyperupcall/asdf-ko.git",
            "id": "asdf-ko",
            "ignore_vulnerability_alerts_during_read": null,
            "is_template": false,
            "license_template": null,
            "merge_commit_message": "PR_TITLE",
            "merge_commit_title": "MERGE_MESSAGE",
            "name": "asdf-ko",
            "node_id": "R_kgDOJ7Q94Q",
            "pages": [],
            "private": false,
            "repo_id": 666123745,
            "security_and_analysis": [
              {
                "advanced_security": [],
                "secret_scanning": [
                  {
                    "status": "disabled"
                  }
                ],
                "secret_scanning_push_protection": [
                  {
                    "status": "disabled"
                  }
                ]
              }
            ],
            "squash_merge_commit_message": "COMMIT_MESSAGES",
            "squash_merge_commit_title": "COMMIT_OR_PR_TITLE",
            "ssh_clone_url": "git@github.com:asdf-vm-hyperupcall/asdf-ko.git",
            "svn_url": "https://github.com/asdf-vm-hyperupcall/asdf-ko",
            "template": [],
            "topics": null,
            "visibility": "public",
            "vulnerability_alerts": false
          },
          "sensitive_attributes": [],
          "private": "eyJzY2hlbWFfdmVyc2lvbiI6IjEifQ=="
        }
      ]
    },
    {
      "mode": "managed",
      "type": "github_repository",
      "name": "zekker6__asdf_assh",
      "provider": "provider[\"registry.terraform.io/integrations/github\"]",
      "instances": []
    },
    {
      "mode": "managed",
      "type": "github_repository",
      "name": "zekker6__asdf_aws-iam-authenticator",
      "provider": "provider[\"registry.terraform.io/integrations/github\"]",
      "instances": [
        {
          "schema_version": 1,
          "attributes": {
            "allow_auto_merge": false,
            "allow_merge_commit": true,
            "allow_rebase_merge": true,
            "allow_squash_merge": true,
            "allow_update_branch": false,
            "archive_on_destroy": null,
            "archived": false,
            "auto_init": false,
            "default_branch": "main",
            "delete_branch_on_merge": false,
            "description": "Not supported",
            "etag": "W/\"ef7a7e8ca0ea25f10c835700a33d278e7dfbe751d16176b65786ed6c255df929\"",
            "full_name": "asdf-vm-hyperupcall/asdf-aws-iam-authenticator",
            "git_clone_url": "git://github.com/asdf-vm-hyperupcall/asdf-aws-iam-authenticator.git",
            "gitignore_template": null,
            "has_discussions": false,
            "has_downloads": false,
            "has_issues": false,
            "has_projects": false,
            "has_wiki": false,
            "homepage_url": "",
            "html_url": "https://github.com/asdf-vm-hyperupcall/asdf-aws-iam-authenticator",
            "http_clone_url": "https://github.com/asdf-vm-hyperupcall/asdf-aws-iam-authenticator.git",
            "id": "asdf-aws-iam-authenticator",
            "ignore_vulnerability_alerts_during_read": null,
            "is_template": false,
            "license_template": null,
            "merge_commit_message": "PR_TITLE",
            "merge_commit_title": "MERGE_MESSAGE",
            "name": "asdf-aws-iam-authenticator",
            "node_id": "R_kgDOJ7Q5SQ",
            "pages": [],
            "private": false,
            "repo_id": 666122569,
            "security_and_analysis": [
              {
                "advanced_security": [],
                "secret_scanning": [
                  {
                    "status": "disabled"
                  }
                ],
                "secret_scanning_push_protection": [
                  {
                    "status": "disabled"
                  }
                ]
              }
            ],
            "squash_merge_commit_message": "COMMIT_MESSAGES",
            "squash_merge_commit_title": "COMMIT_OR_PR_TITLE",
            "ssh_clone_url": "git@github.com:asdf-vm-hyperupcall/asdf-aws-iam-authenticator.git",
            "svn_url": "https://github.com/asdf-vm-hyperupcall/asdf-aws-iam-authenticator",
            "template": [],
            "topics": null,
            "visibility": "public",
            "vulnerability_alerts": false
          },
          "sensitive_attributes": [],
          "private": "eyJzY2hlbWFfdmVyc2lvbiI6IjEifQ=="
        }
      ]
    },
    {
      "mode": "managed",
      "type": "github_repository",
      "name": "zekker6__asdf_envcli",
      "provider": "provider[\"registry.terraform.io/integrations/github\"]",
      "instances": [
        {
          "schema_version": 1,
          "attributes": {
            "allow_auto_merge": false,
            "allow_merge_commit": true,
            "allow_rebase_merge": true,
            "allow_squash_merge": true,
            "allow_update_branch": false,
            "archive_on_destroy": null,
            "archived": false,
            "auto_init": false,
            "default_branch": "main",
            "delete_branch_on_merge": false,
            "description": "Not supported",
            "etag": "W/\"c0d7933404209575393762475626c1f6efad3929ee94e3893fedcc4c8d01f383\"",
            "full_name": "asdf-vm-hyperupcall/asdf-envcli",
            "git_clone_url": "git://github.com/asdf-vm-hyperupcall/asdf-envcli.git",
            "gitignore_template": null,
            "has_discussions": false,
            "has_downloads": false,
            "has_issues": false,
            "has_projects": false,
            "has_wiki": false,
            "homepage_url": "",
            "html_url": "https://github.com/asdf-vm-hyperupcall/asdf-envcli",
            "http_clone_url": "https://github.com/asdf-vm-hyperupcall/asdf-envcli.git",
            "id": "asdf-envcli",
            "ignore_vulnerability_alerts_during_read": null,
            "is_template": false,
            "license_template": null,
            "merge_commit_message": "PR_TITLE",
            "merge_commit_title": "MERGE_MESSAGE",
            "name": "asdf-envcli",
            "node_id": "R_kgDOJ7RuCw",
            "pages": [],
            "private": false,
            "repo_id": 666136075,
            "security_and_analysis": [
              {
                "advanced_security": [],
                "secret_scanning": [
                  {
                    "status": "disabled"
                  }
                ],
                "secret_scanning_push_protection": [
                  {
                    "status": "disabled"
                  }
                ]
              }
            ],
            "squash_merge_commit_message": "COMMIT_MESSAGES",
            "squash_merge_commit_title": "COMMIT_OR_PR_TITLE",
            "ssh_clone_url": "git@github.com:asdf-vm-hyperupcall/asdf-envcli.git",
            "svn_url": "https://github.com/asdf-vm-hyperupcall/asdf-envcli",
            "template": [],
            "topics": null,
            "visibility": "public",
            "vulnerability_alerts": false
          },
          "sensitive_attributes": [],
          "private": "eyJzY2hlbWFfdmVyc2lvbiI6IjEifQ=="
        }
      ]
    },
    {
      "mode": "managed",
      "type": "github_repository",
      "name": "zekker6__asdf_faas-cli",
      "provider": "provider[\"registry.terraform.io/integrations/github\"]",
      "instances": []
    },
    {
      "mode": "managed",
      "type": "github_repository",
      "name": "zhenyuanlau__asdf_dtm",
      "provider": "provider[\"registry.terraform.io/integrations/github\"]",
      "instances": []
    },
    {
      "mode": "managed",
      "type": "github_repository",
      "name": "zufardhiyaulhaq__asdf_grpc-health-probe",
      "provider": "provider[\"registry.terraform.io/integrations/github\"]",
      "instances": [
        {
          "schema_version": 1,
          "attributes": {
            "allow_auto_merge": false,
            "allow_merge_commit": true,
            "allow_rebase_merge": true,
            "allow_squash_merge": true,
            "allow_update_branch": false,
            "archive_on_destroy": null,
            "archived": false,
            "auto_init": false,
            "default_branch": "main",
            "delete_branch_on_merge": false,
            "description": "Not supported",
            "etag": "W/\"5e2d9cddce2ddf3d717ba05de94f16f67d9f736ba0031b31dafb180076fcb3cd\"",
            "full_name": "asdf-vm-hyperupcall/asdf-grpc-health-probe",
            "git_clone_url": "git://github.com/asdf-vm-hyperupcall/asdf-grpc-health-probe.git",
            "gitignore_template": null,
            "has_discussions": false,
            "has_downloads": false,
            "has_issues": false,
            "has_projects": false,
            "has_wiki": false,
            "homepage_url": "",
            "html_url": "https://github.com/asdf-vm-hyperupcall/asdf-grpc-health-probe",
            "http_clone_url": "https://github.com/asdf-vm-hyperupcall/asdf-grpc-health-probe.git",
            "id": "asdf-grpc-health-probe",
            "ignore_vulnerability_alerts_during_read": null,
            "is_template": false,
            "license_template": null,
            "merge_commit_message": "PR_TITLE",
            "merge_commit_title": "MERGE_MESSAGE",
            "name": "asdf-grpc-health-probe",
            "node_id": "R_kgDOJ7RAZQ",
            "pages": [],
            "private": false,
            "repo_id": 666124389,
            "security_and_analysis": [
              {
                "advanced_security": [],
                "secret_scanning": [
                  {
                    "status": "disabled"
                  }
                ],
                "secret_scanning_push_protection": [
                  {
                    "status": "disabled"
                  }
                ]
              }
            ],
            "squash_merge_commit_message": "COMMIT_MESSAGES",
            "squash_merge_commit_title": "COMMIT_OR_PR_TITLE",
            "ssh_clone_url": "git@github.com:asdf-vm-hyperupcall/asdf-grpc-health-probe.git",
            "svn_url": "https://github.com/asdf-vm-hyperupcall/asdf-grpc-health-probe",
            "template": [],
            "topics": null,
            "visibility": "public",
            "vulnerability_alerts": false
          },
          "sensitive_attributes": [],
          "private": "eyJzY2hlbWFfdmVyc2lvbiI6IjEifQ=="
        }
      ]
    },
    {
      "mode": "managed",
      "type": "github_repository",
      "name": "zufardhiyaulhaq__asdf_starboard",
      "provider": "provider[\"registry.terraform.io/integrations/github\"]",
      "instances": []
    },
    {
      "mode": "managed",
      "type": "github_repository",
      "name": "zufardhiyaulhaq__asdf_trivy",
      "provider": "provider[\"registry.terraform.io/integrations/github\"]",
      "instances": [
        {
          "schema_version": 1,
          "attributes": {
            "allow_auto_merge": false,
            "allow_merge_commit": true,
            "allow_rebase_merge": true,
            "allow_squash_merge": true,
            "allow_update_branch": false,
            "archive_on_destroy": null,
            "archived": false,
            "auto_init": false,
            "default_branch": "main",
            "delete_branch_on_merge": false,
            "description": "Not supported",
            "etag": "W/\"9baa4c87c1636128d9eecb0df140c4236dfc1868173c88124c6f16c00487bb87\"",
            "full_name": "asdf-vm-hyperupcall/asdf-trivy",
            "git_clone_url": "git://github.com/asdf-vm-hyperupcall/asdf-trivy.git",
            "gitignore_template": null,
            "has_discussions": false,
            "has_downloads": false,
            "has_issues": false,
            "has_projects": false,
            "has_wiki": false,
            "homepage_url": "",
            "html_url": "https://github.com/asdf-vm-hyperupcall/asdf-trivy",
            "http_clone_url": "https://github.com/asdf-vm-hyperupcall/asdf-trivy.git",
            "id": "asdf-trivy",
            "ignore_vulnerability_alerts_during_read": null,
            "is_template": false,
            "license_template": null,
            "merge_commit_message": "PR_TITLE",
            "merge_commit_title": "MERGE_MESSAGE",
            "name": "asdf-trivy",
            "node_id": "R_kgDOJ7Rx5w",
            "pages": [],
            "private": false,
            "repo_id": 666137063,
            "security_and_analysis": [
              {
                "advanced_security": [],
                "secret_scanning": [
                  {
                    "status": "disabled"
                  }
                ],
                "secret_scanning_push_protection": [
                  {
                    "status": "disabled"
                  }
                ]
              }
            ],
            "squash_merge_commit_message": "COMMIT_MESSAGES",
            "squash_merge_commit_title": "COMMIT_OR_PR_TITLE",
            "ssh_clone_url": "git@github.com:asdf-vm-hyperupcall/asdf-trivy.git",
            "svn_url": "https://github.com/asdf-vm-hyperupcall/asdf-trivy",
            "template": [],
            "topics": null,
            "visibility": "public",
            "vulnerability_alerts": false
          },
          "sensitive_attributes": [],
          "private": "eyJzY2hlbWFfdmVyc2lvbiI6IjEifQ=="
        }
      ]
    }
  ],
  "check_results": null
}
